{
  "version": 4,
  "terraform_version": "1.13.3",
  "serial": 202,
  "lineage": "0e9a7e6b-0fb3-a728-8fba-9a0515c8b00b",
  "outputs": {
    "alb_dns_name": {
      "value": "spirulina-dev-alb-120107372.us-east-1.elb.amazonaws.com",
      "type": "string"
    },
    "api_stage_arn": {
      "value": null,
      "type": "string"
    },
    "app_asg_name": {
      "value": "spirulina-dev-asg",
      "type": "string"
    },
    "bastion_public_dns": {
      "value": "ec2-34-207-193-57.compute-1.amazonaws.com",
      "type": "string"
    },
    "bastion_public_ip": {
      "value": "34.207.193.57",
      "type": "string"
    },
    "cloudfront_domain_name": {
      "value": null,
      "type": "string"
    },
    "cognito_client_id": {
      "value": "oh2vf9imle1l56nkk6fmkte0i",
      "type": "string"
    },
    "cognito_issuer": {
      "value": "https://cognito-idp.us-east-1.amazonaws.com/us-east-1_8waOkdoUR",
      "type": "string"
    },
    "cognito_login_url": {
      "value": "https://spirulina-dev-auth.auth.us-east-1.amazoncognito.com/login?client_id=oh2vf9imle1l56nkk6fmkte0i\u0026response_type=token\u0026scope=openid+email+phone\u0026redirect_uri=https%3A%2F%2Fd84l1y8p4kdic.cloudfront.net%2F",
      "type": "string"
    },
    "db_secret_arn": {
      "value": "arn:aws:secretsmanager:us-east-1:063331379930:secret:spirulina/db-FPuMQT",
      "type": "string"
    },
    "http_api_base_url": {
      "value": "https://sa0cp2a3r8.execute-api.us-east-1.amazonaws.com",
      "type": "string"
    },
    "rds_endpoint": {
      "value": "spirulina-mysql.cuvaky8ia00r.us-east-1.rds.amazonaws.com",
      "type": "string"
    },
    "regional_waf_arn": {
      "value": "arn:aws:wafv2:us-east-1:063331379930:regional/webacl/spirulina-dev-regional-waf/7e8874b1-76fc-499b-97a6-bf03b419d281",
      "type": "string"
    },
    "scraper_secret_arn": {
      "value": "arn:aws:secretsmanager:us-east-1:063331379930:secret:spirulina/scraper-A6sSO1",
      "type": "string"
    },
    "sqs_queue_url": {
      "value": "https://sqs.us-east-1.amazonaws.com/063331379930/spirulina-snapshot-queue",
      "type": "string"
    },
    "subnets_private": {
      "value": [
        "subnet-0f4c643307c8f2687",
        "subnet-0af43a4539acfddcb"
      ],
      "type": [
        "tuple",
        [
          "string",
          "string"
        ]
      ]
    },
    "subnets_public": {
      "value": [
        "subnet-07b147239129a03aa",
        "subnet-073fa6598db34af72"
      ],
      "type": [
        "tuple",
        [
          "string",
          "string"
        ]
      ]
    },
    "vpc_id": {
      "value": "vpc-001c13fe47f9e6141",
      "type": "string"
    },
    "ws_wss_url": {
      "value": "wss://sdzrplzis6.execute-api.us-east-1.amazonaws.com/production",
      "type": "string"
    }
  },
  "resources": [
    {
      "mode": "data",
      "type": "archive_file",
      "name": "connect_zip",
      "provider": "provider[\"registry.terraform.io/hashicorp/archive\"]",
      "instances": [
        {
          "schema_version": 0,
          "attributes": {
            "exclude_symlink_directories": null,
            "excludes": null,
            "id": "683542fc103bc708d269355e159763797226ef05",
            "output_base64sha256": "l4ycXUdfu8Hf5K/ndtWs5i2heRWrjkSbPZrzAfyy0I8=",
            "output_base64sha512": "IvwwiRzPx7NfM7onlDdxyuvMSx437BgNvyoKEtYEa0kwtjT5Bs7CDVrsRS6Sd137BgAEloHPxqjEJNFsFoRgtw==",
            "output_file_mode": null,
            "output_md5": "51fc6352a832aac7052a699997ffce23",
            "output_path": "./dist/connect.zip",
            "output_sha": "683542fc103bc708d269355e159763797226ef05",
            "output_sha256": "978c9c5d475fbbc1dfe4afe776d5ace62da17915ab8e449b3d9af301fcb2d08f",
            "output_sha512": "22fc30891ccfc7b35f33ba27943771caebcc4b1e37ec180dbf2a0a12d6046b4930b634f906cec20d5aec452e92775dfb0600049681cfc6a8c424d16c168460b7",
            "output_size": 828,
            "source": [],
            "source_content": null,
            "source_content_filename": null,
            "source_dir": "./connect",
            "source_file": null,
            "type": "zip"
          },
          "sensitive_attributes": [],
          "identity_schema_version": 0
        }
      ]
    },
    {
      "mode": "data",
      "type": "archive_file",
      "name": "delete_watchlist_zip",
      "provider": "provider[\"registry.terraform.io/hashicorp/archive\"]",
      "instances": [
        {
          "schema_version": 0,
          "attributes": {
            "exclude_symlink_directories": null,
            "excludes": null,
            "id": "10fcdc89e328a9f49d9fb102c6e647fda5c821d1",
            "output_base64sha256": "iLHBv9khuuEyFwdfKz7oXx8d/pAVGyl53/DR9/hKyig=",
            "output_base64sha512": "Nkl2oAM5ioOJyI4+fslC8FxcAFMMruzv/lNmm06b11NmrnVEhusVutS9eXIh1ibxyN5GXItxqH0elIa5dnGHbA==",
            "output_file_mode": null,
            "output_md5": "565fe0ef34fd9d71b58c4162ab7781bf",
            "output_path": "./delete_watchlist.zip",
            "output_sha": "10fcdc89e328a9f49d9fb102c6e647fda5c821d1",
            "output_sha256": "88b1c1bfd921bae13217075f2b3ee85f1f1dfe90151b2979dff0d1f7f84aca28",
            "output_sha512": "364976a003398a8389c88e3e7ec942f05c5c00530caeeceffe53669b4e9bd75366ae754486eb15bad4bd797221d626f1c8de465c8b71a87d1e9486b97671876c",
            "output_size": 2026,
            "source": [],
            "source_content": null,
            "source_content_filename": null,
            "source_dir": "./delete_watchlist",
            "source_file": null,
            "type": "zip"
          },
          "sensitive_attributes": [],
          "identity_schema_version": 0
        }
      ]
    },
    {
      "mode": "data",
      "type": "archive_file",
      "name": "disconnect_zip",
      "provider": "provider[\"registry.terraform.io/hashicorp/archive\"]",
      "instances": [
        {
          "schema_version": 0,
          "attributes": {
            "exclude_symlink_directories": null,
            "excludes": null,
            "id": "5eb8fd78df509f720ece3ba3a3d80d8fa142b381",
            "output_base64sha256": "ltjxFestk/FlFz6DU30JGZakrNRogtnKUyThfCI/+Us=",
            "output_base64sha512": "4GTkTLar6NxyeztNAx7QDVP62i2i+uix0ypsuWTnDd3Gcg4GnYZbe92RSzJWVL3dSuwmHsMPvyXdwoFrlv0eKg==",
            "output_file_mode": null,
            "output_md5": "9288dbd3505eb8edc620ce4d8021eaef",
            "output_path": "./dist/disconnect.zip",
            "output_sha": "5eb8fd78df509f720ece3ba3a3d80d8fa142b381",
            "output_sha256": "96d8f115eb2d93f165173e83537d091996a4acd46882d9ca5324e17c223ff94b",
            "output_sha512": "e064e44cb6abe8dc727b3b4d031ed00d53fada2da2fae8b1d32a6cb964e70dddc6720e069d865b7bdd914b325654bddd4aec261ec30fbf25ddc2816b96fd1e2a",
            "output_size": 1190,
            "source": [],
            "source_content": null,
            "source_content_filename": null,
            "source_dir": "./disconnect",
            "source_file": null,
            "type": "zip"
          },
          "sensitive_attributes": [],
          "identity_schema_version": 0
        }
      ]
    },
    {
      "mode": "data",
      "type": "archive_file",
      "name": "enqueue_zip",
      "provider": "provider[\"registry.terraform.io/hashicorp/archive\"]",
      "instances": [
        {
          "schema_version": 0,
          "attributes": {
            "exclude_symlink_directories": null,
            "excludes": null,
            "id": "10b54e266882acd12c82513586133ef0fb56b849",
            "output_base64sha256": "/Buhlb18JdlsAoOSjX0MmFadeOivFoqhEtkWiebyyzA=",
            "output_base64sha512": "cw4oe0TjYlYvWsOj5CV0AjmbYoRc4dpQNWapzn8ZwE4206Tz1T6LeISxh2jq7+/v5ll+dAppLIV8lPwKnuWQBg==",
            "output_file_mode": null,
            "output_md5": "a222c5258dfaefdcfc18076a95eca9d7",
            "output_path": "./dist/enqueue.zip",
            "output_sha": "10b54e266882acd12c82513586133ef0fb56b849",
            "output_sha256": "fc1ba195bd7c25d96c0283928d7d0c98569d78e8af168aa112d91689e6f2cb30",
            "output_sha512": "730e287b44e362562f5ac3a3e4257402399b62845ce1da503566a9ce7f19c04e36d3a4f3d53e8b7884b18768eaefefefe6597e740a692c857c94fc0a9ee59006",
            "output_size": 1330,
            "source": [],
            "source_content": null,
            "source_content_filename": null,
            "source_dir": "./enqueue",
            "source_file": null,
            "type": "zip"
          },
          "sensitive_attributes": [],
          "identity_schema_version": 0
        }
      ]
    },
    {
      "mode": "data",
      "type": "archive_file",
      "name": "mysql_layer_zip",
      "provider": "provider[\"registry.terraform.io/hashicorp/archive\"]",
      "instances": [
        {
          "schema_version": 0,
          "attributes": {
            "exclude_symlink_directories": null,
            "excludes": null,
            "id": "082d79701466a98cafb4468a6438c07fdb3e1a0b",
            "output_base64sha256": "3exoJMVz0lyl+BTc0TE+OBQ3585HlogGN4eHQ1b0cLM=",
            "output_base64sha512": "42liS6c/QnLN3Y/PbUoXobP702PlctE2HDWwx1oEBfeoiMNzjIXZ1LGTN96HRD2L+18O3jhm+Qt7nKun771+Hw==",
            "output_file_mode": null,
            "output_md5": "336b3a2503b5f4822265dae444987357",
            "output_path": "./mysql_layer.zip",
            "output_sha": "082d79701466a98cafb4468a6438c07fdb3e1a0b",
            "output_sha256": "ddec6824c573d25ca5f814dcd1313e381437e7ce479688063787874356f470b3",
            "output_sha512": "e369624ba73f4272cddd8fcf6d4a17a1b3fbd363e572d1361c35b0c75a0405f7a888c3738c85d9d4b19337de87443d8bfb5f0ede3866f90b7b9caba7efbd7e1f",
            "output_size": 137731,
            "source": [],
            "source_content": null,
            "source_content_filename": null,
            "source_dir": "./layers/mysql_layer",
            "source_file": null,
            "type": "zip"
          },
          "sensitive_attributes": [],
          "identity_schema_version": 0
        }
      ]
    },
    {
      "mode": "data",
      "type": "archive_file",
      "name": "requests_layer_zip",
      "provider": "provider[\"registry.terraform.io/hashicorp/archive\"]",
      "instances": [
        {
          "schema_version": 0,
          "attributes": {
            "exclude_symlink_directories": null,
            "excludes": null,
            "id": "f94a166e1ef62c9ebcecedfc1e8d7275fedc6766",
            "output_base64sha256": "SA/8hGLywJcT/m/D2QuCXIiWGYsdVjZabWLFox1M6EI=",
            "output_base64sha512": "BjuiYJgbslRQ1tfNdS9uBF7RBVpCQFMZoCbzLEt517YFZ2I8EkaNN3qw37HWehISoHPfJIjPC7FVZdMUcMMspQ==",
            "output_file_mode": null,
            "output_md5": "0301fc0b77a5885f38cc8c2f4c157d64",
            "output_path": "./requests_layer.zip",
            "output_sha": "f94a166e1ef62c9ebcecedfc1e8d7275fedc6766",
            "output_sha256": "480ffc8462f2c09713fe6fc3d90b825c8896198b1d56365a6d62c5a31d4ce842",
            "output_sha512": "063ba260981bb25450d6d7cd752f6e045ed1055a42405319a026f32c4b79d7b60567623c12468d377ab0dfb1d67a1212a073df2488cf0bb15565d31470c32ca5",
            "output_size": 1077941,
            "source": [],
            "source_content": null,
            "source_content_filename": null,
            "source_dir": "./layers/requests_layer",
            "source_file": null,
            "type": "zip"
          },
          "sensitive_attributes": [],
          "identity_schema_version": 0
        }
      ]
    },
    {
      "mode": "data",
      "type": "archive_file",
      "name": "schedule_enqueue_zip",
      "provider": "provider[\"registry.terraform.io/hashicorp/archive\"]",
      "instances": [
        {
          "schema_version": 0,
          "attributes": {
            "exclude_symlink_directories": null,
            "excludes": null,
            "id": "d69680b93465daa9db88da0a1aad57470827981e",
            "output_base64sha256": "9D7LhfZaV5CT44KIJOn2RBkji+KjS0NIZ3X4JMy5ZAA=",
            "output_base64sha512": "BpaoO8RWxxFgwOR+t6MVoCw4Mb94Obkvouq20azgeljyxaLVx2Ozb6+fd3cWSt93RW5U+IwkH8Q2PYu5+gZjjw==",
            "output_file_mode": null,
            "output_md5": "c0d3a60ad61d795dd168353154caa7fb",
            "output_path": "./dist/schedule_enqueue.zip",
            "output_sha": "d69680b93465daa9db88da0a1aad57470827981e",
            "output_sha256": "f43ecb85f65a579093e3828824e9f64419238be2a34b43486775f824ccb96400",
            "output_sha512": "0696a83bc456c71160c0e47eb7a315a02c3831bf7839b92fa2eab6d1ace07a58f2c5a2d5c763b36faf9f7777164adf77456e54f88c241fc4363d8bb9fa06638f",
            "output_size": 2565,
            "source": [],
            "source_content": null,
            "source_content_filename": null,
            "source_dir": "./schedule_enqueue",
            "source_file": null,
            "type": "zip"
          },
          "sensitive_attributes": [],
          "identity_schema_version": 0
        }
      ]
    },
    {
      "mode": "data",
      "type": "archive_file",
      "name": "watchlist_series_zip",
      "provider": "provider[\"registry.terraform.io/hashicorp/archive\"]",
      "instances": [
        {
          "schema_version": 0,
          "attributes": {
            "exclude_symlink_directories": null,
            "excludes": null,
            "id": "598d62a9ec23425bb3ae3611b6db97e1b4644de4",
            "output_base64sha256": "S1jyFPO2L24+iJn50xuRneL9YWn0FRHJAvXnwjMBo1Y=",
            "output_base64sha512": "tppo6sON9KauW6aHI03eNXRUtBVKs9FrvGGh8VzSPuRYWHZowIVJkMG30yM5NQd3lYZWg8yw7GhZlOGrxi2BEg==",
            "output_file_mode": null,
            "output_md5": "351be6dcf7fec0e645f8989fd83bac9a",
            "output_path": "./dist/watchlist_series.zip",
            "output_sha": "598d62a9ec23425bb3ae3611b6db97e1b4644de4",
            "output_sha256": "4b58f214f3b62f6e3e8899f9d31b919de2fd6169f41511c902f5e7c23301a356",
            "output_sha512": "b69a68eac38df4a6ae5ba687234dde357454b4154ab3d16bbc61a1f15cd23ee458587668c0854990c1b7d3233935077795865683ccb0ec685994e1abc62d8112",
            "output_size": 1504,
            "source": [],
            "source_content": null,
            "source_content_filename": null,
            "source_dir": "./watchlist_series",
            "source_file": null,
            "type": "zip"
          },
          "sensitive_attributes": [],
          "identity_schema_version": 0
        }
      ]
    },
    {
      "mode": "data",
      "type": "archive_file",
      "name": "watchlist_zip",
      "provider": "provider[\"registry.terraform.io/hashicorp/archive\"]",
      "instances": [
        {
          "schema_version": 0,
          "attributes": {
            "exclude_symlink_directories": null,
            "excludes": null,
            "id": "2fb9d8b9772d0ff7aeaa7b4f862f6b8b969bf2f7",
            "output_base64sha256": "79gbqwgC6ZQMO5KxLdZWV1cp7aTN6Jz5U2c2+cuycP8=",
            "output_base64sha512": "/6d3XqrjxQ1xCi/q/sDuu/KVdgcFVXzd5WXO7bq+kH5VF69ghQFxq2NF55IbI/uOBlr01nHQNLXtC51JW73haA==",
            "output_file_mode": null,
            "output_md5": "8e32f6e6a29bf4dc0f86feb35194ed5f",
            "output_path": "./dist/watchlist.zip",
            "output_sha": "2fb9d8b9772d0ff7aeaa7b4f862f6b8b969bf2f7",
            "output_sha256": "efd81bab0802e9940c3b92b12dd656575729eda4cde89cf9536736f9cbb270ff",
            "output_sha512": "ffa7775eaae3c50d710a2feafec0eebbf295760705557cdde565ceedbabe907e5517af60850171ab6345e7921b23fb8e065af4d671d034b5ed0b9d495bbde168",
            "output_size": 1062,
            "source": [],
            "source_content": null,
            "source_content_filename": null,
            "source_dir": "./watchlist",
            "source_file": null,
            "type": "zip"
          },
          "sensitive_attributes": [],
          "identity_schema_version": 0
        }
      ]
    },
    {
      "mode": "data",
      "type": "archive_file",
      "name": "worker_zip",
      "provider": "provider[\"registry.terraform.io/hashicorp/archive\"]",
      "instances": [
        {
          "schema_version": 0,
          "attributes": {
            "exclude_symlink_directories": null,
            "excludes": null,
            "id": "05f2132e5aa189e10e9b15a6608aeb12a3739eb2",
            "output_base64sha256": "kYv50VAgkwmfZATNHdHqyOFfP9VDfMZVYJ97v3uc9r4=",
            "output_base64sha512": "PjGTeq20exue/NA3ZhmijuJ15k3jaARGdDaW2vzAQ9/TEKlg8ORxASUBj/OeHawA68G95pWBI2sA7eSCq8dIUQ==",
            "output_file_mode": null,
            "output_md5": "a17f24ec7975ddacdf14f43a96b070fb",
            "output_path": "./dist/worker.zip",
            "output_sha": "05f2132e5aa189e10e9b15a6608aeb12a3739eb2",
            "output_sha256": "918bf9d1502093099f6404cd1dd1eac8e15f3fd5437cc655609f7bbf7b9cf6be",
            "output_sha512": "3e31937aadb47b1b9efcd0376619a28ee275e64de3680446743696dafcc043dfd310a960f0e4710125018ff39e1dac00ebc1bde69581236b00ede482abc74851",
            "output_size": 6914,
            "source": [],
            "source_content": null,
            "source_content_filename": null,
            "source_dir": "./worker",
            "source_file": null,
            "type": "zip"
          },
          "sensitive_attributes": [],
          "identity_schema_version": 0
        }
      ]
    },
    {
      "mode": "data",
      "type": "aws_ami",
      "name": "al2023",
      "provider": "provider[\"registry.terraform.io/hashicorp/aws\"]",
      "instances": [
        {
          "schema_version": 0,
          "attributes": {
            "architecture": "x86_64",
            "arn": "arn:aws:ec2:us-east-1::image/ami-0b9755dd9758b73ce",
            "block_device_mappings": [
              {
                "device_name": "/dev/xvda",
                "ebs": {
                  "delete_on_termination": "true",
                  "encrypted": "false",
                  "iops": "3000",
                  "snapshot_id": "snap-0a973e41a50cf1b1e",
                  "throughput": "125",
                  "volume_initialization_rate": "0",
                  "volume_size": "30",
                  "volume_type": "gp3"
                },
                "no_device": "",
                "virtual_name": ""
              }
            ],
            "boot_mode": "uefi-preferred",
            "creation_date": "2025-09-23T23:37:56.000Z",
            "deprecation_time": "2027-09-23T23:37:56.000Z",
            "description": "Amazon Linux AMI 2023.0.20250923 x86_64 ECS HVM EBS",
            "ena_support": true,
            "executable_users": null,
            "filter": [
              {
                "name": "architecture",
                "values": [
                  "x86_64"
                ]
              },
              {
                "name": "name",
                "values": [
                  "al2023-ami-*-kernel-6.1-*"
                ]
              }
            ],
            "hypervisor": "xen",
            "id": "ami-0b9755dd9758b73ce",
            "image_id": "ami-0b9755dd9758b73ce",
            "image_location": "amazon/al2023-ami-ecs-neuron-hvm-2023.0.20250923-kernel-6.1-x86_64",
            "image_owner_alias": "amazon",
            "image_type": "machine",
            "imds_support": "v2.0",
            "include_deprecated": false,
            "kernel_id": "",
            "last_launched_time": "",
            "most_recent": true,
            "name": "al2023-ami-ecs-neuron-hvm-2023.0.20250923-kernel-6.1-x86_64",
            "name_regex": null,
            "owner_id": "591542846629",
            "owners": [
              "amazon"
            ],
            "platform": "",
            "platform_details": "Linux/UNIX",
            "product_codes": [],
            "public": true,
            "ramdisk_id": "",
            "root_device_name": "/dev/xvda",
            "root_device_type": "ebs",
            "root_snapshot_id": "snap-0a973e41a50cf1b1e",
            "sriov_net_support": "simple",
            "state": "available",
            "state_reason": {
              "code": "UNSET",
              "message": "UNSET"
            },
            "tags": {},
            "timeouts": null,
            "tpm_support": "",
            "uefi_data": null,
            "usage_operation": "RunInstances",
            "virtualization_type": "hvm"
          },
          "sensitive_attributes": [],
          "identity_schema_version": 0
        }
      ]
    },
    {
      "mode": "data",
      "type": "aws_iam_role",
      "name": "labrole",
      "provider": "provider[\"registry.terraform.io/hashicorp/aws\"]",
      "instances": [
        {
          "schema_version": 0,
          "attributes": {
            "arn": "arn:aws:iam::063331379930:role/LabRole",
            "assume_role_policy": "{\"Version\":\"2012-10-17\",\"Statement\":[{\"Sid\":\"AllowLambdaAssume\",\"Effect\":\"Allow\",\"Principal\":{\"Service\":\"lambda.amazonaws.com\"},\"Action\":\"sts:AssumeRole\"},{\"Sid\":\"AllowUserAssumeWithMFA\",\"Effect\":\"Allow\",\"Principal\":{\"AWS\":\"arn:aws:iam::063331379930:user/Elton-admin\"},\"Action\":\"sts:AssumeRole\",\"Condition\":{\"Bool\":{\"aws:MultiFactorAuthPresent\":\"true\"}}}]}",
            "create_date": "2025-09-30T04:09:07Z",
            "description": "",
            "id": "LabRole",
            "max_session_duration": 14400,
            "name": "LabRole",
            "path": "/",
            "permissions_boundary": "",
            "role_last_used": [
              {
                "last_used_date": "2025-10-01T04:56:33Z",
                "region": "us-east-1"
              }
            ],
            "tags": {},
            "unique_id": "AROAQ5PWYFLNKVPPZUTZZ"
          },
          "sensitive_attributes": [],
          "identity_schema_version": 0
        }
      ]
    },
    {
      "mode": "data",
      "type": "aws_region",
      "name": "current",
      "provider": "provider[\"registry.terraform.io/hashicorp/aws\"]",
      "instances": [
        {
          "schema_version": 0,
          "attributes": {
            "description": "US East (N. Virginia)",
            "endpoint": "ec2.us-east-1.amazonaws.com",
            "id": "us-east-1",
            "name": "us-east-1"
          },
          "sensitive_attributes": [],
          "identity_schema_version": 0
        }
      ]
    },
    {
      "mode": "managed",
      "type": "aws_apigatewayv2_api",
      "name": "http",
      "provider": "provider[\"registry.terraform.io/hashicorp/aws\"]",
      "instances": [
        {
          "schema_version": 0,
          "attributes": {
            "api_endpoint": "https://sa0cp2a3r8.execute-api.us-east-1.amazonaws.com",
            "api_key_selection_expression": "$request.header.x-api-key",
            "arn": "arn:aws:apigateway:us-east-1::/apis/sa0cp2a3r8",
            "body": null,
            "cors_configuration": [
              {
                "allow_credentials": false,
                "allow_headers": [
                  "authorization",
                  "content-type"
                ],
                "allow_methods": [
                  "DELETE",
                  "GET",
                  "OPTIONS",
                  "PATCH",
                  "POST",
                  "PUT"
                ],
                "allow_origins": [
                  "*",
                  "http://localhost:5173",
                  "https://d84l1y8p4kdic.cloudfront.net/"
                ],
                "expose_headers": [],
                "max_age": 86400
              }
            ],
            "credentials_arn": null,
            "description": "",
            "disable_execute_api_endpoint": false,
            "execution_arn": "arn:aws:execute-api:us-east-1:063331379930:sa0cp2a3r8",
            "fail_on_warnings": null,
            "id": "sa0cp2a3r8",
            "ip_address_type": "ipv4",
            "name": "spirulina-dev-http",
            "protocol_type": "HTTP",
            "route_key": null,
            "route_selection_expression": "$request.method $request.path",
            "tags": {},
            "tags_all": {},
            "target": null,
            "version": ""
          },
          "sensitive_attributes": [],
          "identity_schema_version": 0,
          "private": "bnVsbA=="
        }
      ]
    },
    {
      "mode": "managed",
      "type": "aws_apigatewayv2_api",
      "name": "ws",
      "provider": "provider[\"registry.terraform.io/hashicorp/aws\"]",
      "instances": [
        {
          "schema_version": 0,
          "attributes": {
            "api_endpoint": "wss://sdzrplzis6.execute-api.us-east-1.amazonaws.com",
            "api_key_selection_expression": "$request.header.x-api-key",
            "arn": "arn:aws:apigateway:us-east-1::/apis/sdzrplzis6",
            "body": null,
            "cors_configuration": [],
            "credentials_arn": null,
            "description": "",
            "disable_execute_api_endpoint": false,
            "execution_arn": "arn:aws:execute-api:us-east-1:063331379930:sdzrplzis6",
            "fail_on_warnings": null,
            "id": "sdzrplzis6",
            "ip_address_type": "ipv4",
            "name": "spirulina-dev-ws",
            "protocol_type": "WEBSOCKET",
            "route_key": null,
            "route_selection_expression": "$request.body.action",
            "tags": {},
            "tags_all": {},
            "target": null,
            "version": ""
          },
          "sensitive_attributes": [],
          "identity_schema_version": 0,
          "private": "bnVsbA=="
        }
      ]
    },
    {
      "mode": "managed",
      "type": "aws_apigatewayv2_authorizer",
      "name": "jwt",
      "provider": "provider[\"registry.terraform.io/hashicorp/aws\"]",
      "instances": [
        {
          "schema_version": 0,
          "attributes": {
            "api_id": "sa0cp2a3r8",
            "authorizer_credentials_arn": "",
            "authorizer_payload_format_version": "",
            "authorizer_result_ttl_in_seconds": 0,
            "authorizer_type": "JWT",
            "authorizer_uri": "",
            "enable_simple_responses": false,
            "id": "0wm6xv",
            "identity_sources": [
              "$request.header.Authorization"
            ],
            "jwt_configuration": [
              {
                "audience": [
                  "oh2vf9imle1l56nkk6fmkte0i"
                ],
                "issuer": "https://cognito-idp.us-east-1.amazonaws.com/us-east-1_8waOkdoUR"
              }
            ],
            "name": "cognito-jwt",
            "timeouts": null
          },
          "sensitive_attributes": [],
          "identity_schema_version": 0,
          "private": "eyJlMmJmYjczMC1lY2FhLTExZTYtOGY4OC0zNDM2M2JjN2M0YzAiOnsiZGVsZXRlIjoxODAwMDAwMDAwMDAwfX0=",
          "dependencies": [
            "aws_apigatewayv2_api.http",
            "aws_cognito_user_pool.main",
            "aws_cognito_user_pool_client.spa"
          ]
        }
      ]
    },
    {
      "mode": "managed",
      "type": "aws_apigatewayv2_integration",
      "name": "delete_watchlist",
      "provider": "provider[\"registry.terraform.io/hashicorp/aws\"]",
      "instances": [
        {
          "schema_version": 0,
          "attributes": {
            "api_id": "sa0cp2a3r8",
            "connection_id": "",
            "connection_type": "INTERNET",
            "content_handling_strategy": "",
            "credentials_arn": "",
            "description": "",
            "id": "u2w9eo4",
            "integration_method": "POST",
            "integration_response_selection_expression": "",
            "integration_subtype": "",
            "integration_type": "AWS_PROXY",
            "integration_uri": "arn:aws:apigateway:us-east-1:lambda:path/2015-03-31/functions/arn:aws:lambda:us-east-1:063331379930:function:spirulina-dev-delete-watchlist/invocations",
            "passthrough_behavior": "",
            "payload_format_version": "2.0",
            "request_parameters": {},
            "request_templates": {},
            "response_parameters": [],
            "template_selection_expression": "",
            "timeout_milliseconds": 29000,
            "tls_config": []
          },
          "sensitive_attributes": [],
          "identity_schema_version": 0,
          "private": "bnVsbA==",
          "dependencies": [
            "aws_apigatewayv2_api.http",
            "aws_dynamodb_table.conns",
            "aws_lambda_function.delete_watchlist",
            "aws_lambda_layer_version.mysql_layer",
            "aws_lambda_layer_version.requests_layer",
            "aws_secretsmanager_secret.db",
            "aws_secretsmanager_secret.scraper",
            "aws_security_group.lambda",
            "aws_sqs_queue.dlq",
            "aws_sqs_queue.main",
            "aws_subnet.private_a",
            "aws_subnet.private_b",
            "aws_vpc.main",
            "data.archive_file.delete_watchlist_zip",
            "data.archive_file.mysql_layer_zip",
            "data.archive_file.requests_layer_zip",
            "data.aws_iam_role.labrole"
          ]
        }
      ]
    },
    {
      "mode": "managed",
      "type": "aws_apigatewayv2_integration",
      "name": "enqueue",
      "provider": "provider[\"registry.terraform.io/hashicorp/aws\"]",
      "instances": [
        {
          "schema_version": 0,
          "attributes": {
            "api_id": "sa0cp2a3r8",
            "connection_id": "",
            "connection_type": "INTERNET",
            "content_handling_strategy": "",
            "credentials_arn": "",
            "description": "",
            "id": "dx7gzag",
            "integration_method": "POST",
            "integration_response_selection_expression": "",
            "integration_subtype": "",
            "integration_type": "AWS_PROXY",
            "integration_uri": "arn:aws:apigateway:us-east-1:lambda:path/2015-03-31/functions/arn:aws:lambda:us-east-1:063331379930:function:spirulina-dev-enqueue/invocations",
            "passthrough_behavior": "",
            "payload_format_version": "2.0",
            "request_parameters": {},
            "request_templates": {},
            "response_parameters": [],
            "template_selection_expression": "",
            "timeout_milliseconds": 29000,
            "tls_config": []
          },
          "sensitive_attributes": [],
          "identity_schema_version": 0,
          "private": "bnVsbA==",
          "dependencies": [
            "aws_apigatewayv2_api.http",
            "aws_dynamodb_table.conns",
            "aws_lambda_function.enqueue",
            "aws_secretsmanager_secret.db",
            "aws_secretsmanager_secret.scraper",
            "aws_security_group.lambda",
            "aws_sqs_queue.dlq",
            "aws_sqs_queue.main",
            "aws_subnet.private_a",
            "aws_subnet.private_b",
            "aws_vpc.main",
            "data.archive_file.enqueue_zip",
            "data.aws_iam_role.labrole"
          ]
        }
      ]
    },
    {
      "mode": "managed",
      "type": "aws_apigatewayv2_integration",
      "name": "watchlist",
      "provider": "provider[\"registry.terraform.io/hashicorp/aws\"]",
      "instances": [
        {
          "schema_version": 0,
          "attributes": {
            "api_id": "sa0cp2a3r8",
            "connection_id": "",
            "connection_type": "INTERNET",
            "content_handling_strategy": "",
            "credentials_arn": "",
            "description": "",
            "id": "akgvtl9",
            "integration_method": "POST",
            "integration_response_selection_expression": "",
            "integration_subtype": "",
            "integration_type": "AWS_PROXY",
            "integration_uri": "arn:aws:apigateway:us-east-1:lambda:path/2015-03-31/functions/arn:aws:lambda:us-east-1:063331379930:function:spirulina-dev-watchlist-read/invocations",
            "passthrough_behavior": "",
            "payload_format_version": "2.0",
            "request_parameters": {},
            "request_templates": {},
            "response_parameters": [],
            "template_selection_expression": "",
            "timeout_milliseconds": 29000,
            "tls_config": []
          },
          "sensitive_attributes": [],
          "identity_schema_version": 0,
          "private": "bnVsbA==",
          "dependencies": [
            "aws_apigatewayv2_api.http",
            "aws_dynamodb_table.conns",
            "aws_lambda_function.watchlist_read",
            "aws_lambda_layer_version.mysql_layer",
            "aws_secretsmanager_secret.db",
            "aws_secretsmanager_secret.scraper",
            "aws_security_group.lambda",
            "aws_sqs_queue.dlq",
            "aws_sqs_queue.main",
            "aws_subnet.private_a",
            "aws_subnet.private_b",
            "aws_vpc.main",
            "data.archive_file.mysql_layer_zip",
            "data.archive_file.watchlist_zip",
            "data.aws_iam_role.labrole"
          ]
        }
      ]
    },
    {
      "mode": "managed",
      "type": "aws_apigatewayv2_integration",
      "name": "watchlist_series",
      "provider": "provider[\"registry.terraform.io/hashicorp/aws\"]",
      "instances": [
        {
          "schema_version": 0,
          "attributes": {
            "api_id": "sa0cp2a3r8",
            "connection_id": "",
            "connection_type": "INTERNET",
            "content_handling_strategy": "",
            "credentials_arn": "",
            "description": "",
            "id": "4d4iss5",
            "integration_method": "POST",
            "integration_response_selection_expression": "",
            "integration_subtype": "",
            "integration_type": "AWS_PROXY",
            "integration_uri": "arn:aws:apigateway:us-east-1:lambda:path/2015-03-31/functions/arn:aws:lambda:us-east-1:063331379930:function:spirulina-dev-watchlist-series/invocations",
            "passthrough_behavior": "",
            "payload_format_version": "2.0",
            "request_parameters": {},
            "request_templates": {},
            "response_parameters": [],
            "template_selection_expression": "",
            "timeout_milliseconds": 29000,
            "tls_config": []
          },
          "sensitive_attributes": [],
          "identity_schema_version": 0,
          "private": "bnVsbA==",
          "dependencies": [
            "aws_apigatewayv2_api.http",
            "aws_dynamodb_table.conns",
            "aws_lambda_function.watchlist_series",
            "aws_lambda_layer_version.mysql_layer",
            "aws_secretsmanager_secret.db",
            "aws_secretsmanager_secret.scraper",
            "aws_security_group.lambda",
            "aws_sqs_queue.dlq",
            "aws_sqs_queue.main",
            "aws_subnet.private_a",
            "aws_subnet.private_b",
            "aws_vpc.main",
            "data.archive_file.mysql_layer_zip",
            "data.archive_file.watchlist_series_zip",
            "data.aws_iam_role.labrole"
          ]
        }
      ]
    },
    {
      "mode": "managed",
      "type": "aws_apigatewayv2_integration",
      "name": "ws_connect",
      "provider": "provider[\"registry.terraform.io/hashicorp/aws\"]",
      "instances": [
        {
          "schema_version": 0,
          "attributes": {
            "api_id": "sdzrplzis6",
            "connection_id": "",
            "connection_type": "INTERNET",
            "content_handling_strategy": "",
            "credentials_arn": "",
            "description": "",
            "id": "yt4apei",
            "integration_method": "POST",
            "integration_response_selection_expression": "",
            "integration_subtype": "",
            "integration_type": "AWS_PROXY",
            "integration_uri": "arn:aws:apigateway:us-east-1:lambda:path/2015-03-31/functions/arn:aws:lambda:us-east-1:063331379930:function:spirulina-dev-connect/invocations",
            "passthrough_behavior": "WHEN_NO_MATCH",
            "payload_format_version": "1.0",
            "request_parameters": {},
            "request_templates": {},
            "response_parameters": [],
            "template_selection_expression": "",
            "timeout_milliseconds": 29000,
            "tls_config": []
          },
          "sensitive_attributes": [],
          "identity_schema_version": 0,
          "private": "bnVsbA==",
          "dependencies": [
            "aws_apigatewayv2_api.ws",
            "aws_dynamodb_table.conns",
            "aws_lambda_function.connect",
            "aws_secretsmanager_secret.db",
            "aws_secretsmanager_secret.scraper",
            "aws_security_group.lambda",
            "aws_sqs_queue.dlq",
            "aws_sqs_queue.main",
            "aws_subnet.private_a",
            "aws_subnet.private_b",
            "aws_vpc.main",
            "data.archive_file.connect_zip",
            "data.aws_iam_role.labrole"
          ]
        }
      ]
    },
    {
      "mode": "managed",
      "type": "aws_apigatewayv2_integration",
      "name": "ws_disconnect",
      "provider": "provider[\"registry.terraform.io/hashicorp/aws\"]",
      "instances": [
        {
          "schema_version": 0,
          "attributes": {
            "api_id": "sdzrplzis6",
            "connection_id": "",
            "connection_type": "INTERNET",
            "content_handling_strategy": "",
            "credentials_arn": "",
            "description": "",
            "id": "528p4p2",
            "integration_method": "POST",
            "integration_response_selection_expression": "",
            "integration_subtype": "",
            "integration_type": "AWS_PROXY",
            "integration_uri": "arn:aws:apigateway:us-east-1:lambda:path/2015-03-31/functions/arn:aws:lambda:us-east-1:063331379930:function:spirulina-dev-disconnect/invocations",
            "passthrough_behavior": "WHEN_NO_MATCH",
            "payload_format_version": "1.0",
            "request_parameters": {},
            "request_templates": {},
            "response_parameters": [],
            "template_selection_expression": "",
            "timeout_milliseconds": 29000,
            "tls_config": []
          },
          "sensitive_attributes": [],
          "identity_schema_version": 0,
          "private": "bnVsbA==",
          "dependencies": [
            "aws_apigatewayv2_api.ws",
            "aws_dynamodb_table.conns",
            "aws_lambda_function.disconnect",
            "aws_secretsmanager_secret.db",
            "aws_secretsmanager_secret.scraper",
            "aws_security_group.lambda",
            "aws_sqs_queue.dlq",
            "aws_sqs_queue.main",
            "aws_subnet.private_a",
            "aws_subnet.private_b",
            "aws_vpc.main",
            "data.archive_file.disconnect_zip",
            "data.aws_iam_role.labrole"
          ]
        }
      ]
    },
    {
      "mode": "managed",
      "type": "aws_apigatewayv2_route",
      "name": "protected",
      "provider": "provider[\"registry.terraform.io/hashicorp/aws\"]",
      "instances": [
        {
          "index_key": "DELETE /watchlist",
          "schema_version": 0,
          "attributes": {
            "api_id": "sa0cp2a3r8",
            "api_key_required": false,
            "authorization_scopes": [],
            "authorization_type": "JWT",
            "authorizer_id": "0wm6xv",
            "id": "t588dt7",
            "model_selection_expression": "",
            "operation_name": "",
            "request_models": {},
            "request_parameter": [],
            "route_key": "DELETE /watchlist",
            "route_response_selection_expression": "",
            "target": "integrations/u2w9eo4"
          },
          "sensitive_attributes": [],
          "identity_schema_version": 0,
          "private": "bnVsbA==",
          "dependencies": [
            "aws_apigatewayv2_api.http",
            "aws_apigatewayv2_authorizer.jwt",
            "aws_apigatewayv2_integration.delete_watchlist",
            "aws_apigatewayv2_integration.enqueue",
            "aws_apigatewayv2_integration.watchlist",
            "aws_apigatewayv2_integration.watchlist_series",
            "aws_cognito_user_pool.main",
            "aws_cognito_user_pool_client.spa",
            "aws_dynamodb_table.conns",
            "aws_lambda_function.delete_watchlist",
            "aws_lambda_function.enqueue",
            "aws_lambda_function.watchlist_read",
            "aws_lambda_function.watchlist_series",
            "aws_lambda_layer_version.mysql_layer",
            "aws_lambda_layer_version.requests_layer",
            "aws_secretsmanager_secret.db",
            "aws_secretsmanager_secret.scraper",
            "aws_security_group.lambda",
            "aws_sqs_queue.dlq",
            "aws_sqs_queue.main",
            "aws_subnet.private_a",
            "aws_subnet.private_b",
            "aws_vpc.main",
            "data.archive_file.delete_watchlist_zip",
            "data.archive_file.enqueue_zip",
            "data.archive_file.mysql_layer_zip",
            "data.archive_file.requests_layer_zip",
            "data.archive_file.watchlist_series_zip",
            "data.archive_file.watchlist_zip",
            "data.aws_iam_role.labrole"
          ]
        },
        {
          "index_key": "GET /watchlist",
          "schema_version": 0,
          "attributes": {
            "api_id": "sa0cp2a3r8",
            "api_key_required": false,
            "authorization_scopes": [],
            "authorization_type": "JWT",
            "authorizer_id": "0wm6xv",
            "id": "govuvy9",
            "model_selection_expression": "",
            "operation_name": "",
            "request_models": {},
            "request_parameter": [],
            "route_key": "GET /watchlist",
            "route_response_selection_expression": "",
            "target": "integrations/akgvtl9"
          },
          "sensitive_attributes": [],
          "identity_schema_version": 0,
          "private": "bnVsbA==",
          "dependencies": [
            "aws_apigatewayv2_api.http",
            "aws_apigatewayv2_authorizer.jwt",
            "aws_apigatewayv2_integration.delete_watchlist",
            "aws_apigatewayv2_integration.enqueue",
            "aws_apigatewayv2_integration.watchlist",
            "aws_apigatewayv2_integration.watchlist_series",
            "aws_cognito_user_pool.main",
            "aws_cognito_user_pool_client.spa",
            "aws_dynamodb_table.conns",
            "aws_lambda_function.delete_watchlist",
            "aws_lambda_function.enqueue",
            "aws_lambda_function.watchlist_read",
            "aws_lambda_function.watchlist_series",
            "aws_lambda_layer_version.mysql_layer",
            "aws_lambda_layer_version.requests_layer",
            "aws_secretsmanager_secret.db",
            "aws_secretsmanager_secret.scraper",
            "aws_security_group.lambda",
            "aws_sqs_queue.dlq",
            "aws_sqs_queue.main",
            "aws_subnet.private_a",
            "aws_subnet.private_b",
            "aws_vpc.main",
            "data.archive_file.delete_watchlist_zip",
            "data.archive_file.enqueue_zip",
            "data.archive_file.mysql_layer_zip",
            "data.archive_file.requests_layer_zip",
            "data.archive_file.watchlist_series_zip",
            "data.archive_file.watchlist_zip",
            "data.aws_iam_role.labrole"
          ]
        },
        {
          "index_key": "GET /watchlist/series",
          "schema_version": 0,
          "attributes": {
            "api_id": "sa0cp2a3r8",
            "api_key_required": false,
            "authorization_scopes": null,
            "authorization_type": "JWT",
            "authorizer_id": "0wm6xv",
            "id": "ubuv5gp",
            "model_selection_expression": "",
            "operation_name": "",
            "request_models": null,
            "request_parameter": [],
            "route_key": "GET /watchlist/series",
            "route_response_selection_expression": "",
            "target": "integrations/4d4iss5"
          },
          "sensitive_attributes": [],
          "identity_schema_version": 0,
          "private": "bnVsbA==",
          "dependencies": [
            "aws_apigatewayv2_api.http",
            "aws_apigatewayv2_authorizer.jwt",
            "aws_apigatewayv2_integration.delete_watchlist",
            "aws_apigatewayv2_integration.enqueue",
            "aws_apigatewayv2_integration.watchlist",
            "aws_apigatewayv2_integration.watchlist_series",
            "aws_cognito_user_pool.main",
            "aws_cognito_user_pool_client.spa",
            "aws_dynamodb_table.conns",
            "aws_lambda_function.delete_watchlist",
            "aws_lambda_function.enqueue",
            "aws_lambda_function.watchlist_read",
            "aws_lambda_function.watchlist_series",
            "aws_lambda_layer_version.mysql_layer",
            "aws_lambda_layer_version.requests_layer",
            "aws_secretsmanager_secret.db",
            "aws_secretsmanager_secret.scraper",
            "aws_security_group.lambda",
            "aws_sqs_queue.dlq",
            "aws_sqs_queue.main",
            "aws_subnet.private_a",
            "aws_subnet.private_b",
            "aws_vpc.main",
            "data.archive_file.delete_watchlist_zip",
            "data.archive_file.enqueue_zip",
            "data.archive_file.mysql_layer_zip",
            "data.archive_file.requests_layer_zip",
            "data.archive_file.watchlist_series_zip",
            "data.archive_file.watchlist_zip",
            "data.aws_iam_role.labrole"
          ]
        },
        {
          "index_key": "POST /enqueue",
          "schema_version": 0,
          "attributes": {
            "api_id": "sa0cp2a3r8",
            "api_key_required": false,
            "authorization_scopes": [],
            "authorization_type": "JWT",
            "authorizer_id": "0wm6xv",
            "id": "ko6g60c",
            "model_selection_expression": "",
            "operation_name": "",
            "request_models": {},
            "request_parameter": [],
            "route_key": "POST /enqueue",
            "route_response_selection_expression": "",
            "target": "integrations/dx7gzag"
          },
          "sensitive_attributes": [],
          "identity_schema_version": 0,
          "private": "bnVsbA==",
          "dependencies": [
            "aws_apigatewayv2_api.http",
            "aws_apigatewayv2_authorizer.jwt",
            "aws_apigatewayv2_integration.delete_watchlist",
            "aws_apigatewayv2_integration.enqueue",
            "aws_apigatewayv2_integration.watchlist",
            "aws_apigatewayv2_integration.watchlist_series",
            "aws_cognito_user_pool.main",
            "aws_cognito_user_pool_client.spa",
            "aws_dynamodb_table.conns",
            "aws_lambda_function.delete_watchlist",
            "aws_lambda_function.enqueue",
            "aws_lambda_function.watchlist_read",
            "aws_lambda_function.watchlist_series",
            "aws_lambda_layer_version.mysql_layer",
            "aws_lambda_layer_version.requests_layer",
            "aws_secretsmanager_secret.db",
            "aws_secretsmanager_secret.scraper",
            "aws_security_group.lambda",
            "aws_sqs_queue.dlq",
            "aws_sqs_queue.main",
            "aws_subnet.private_a",
            "aws_subnet.private_b",
            "aws_vpc.main",
            "data.archive_file.delete_watchlist_zip",
            "data.archive_file.enqueue_zip",
            "data.archive_file.mysql_layer_zip",
            "data.archive_file.requests_layer_zip",
            "data.archive_file.watchlist_series_zip",
            "data.archive_file.watchlist_zip",
            "data.aws_iam_role.labrole"
          ]
        }
      ]
    },
    {
      "mode": "managed",
      "type": "aws_apigatewayv2_route",
      "name": "public",
      "provider": "provider[\"registry.terraform.io/hashicorp/aws\"]",
      "instances": []
    },
    {
      "mode": "managed",
      "type": "aws_apigatewayv2_route",
      "name": "r_connect",
      "provider": "provider[\"registry.terraform.io/hashicorp/aws\"]",
      "instances": [
        {
          "schema_version": 0,
          "attributes": {
            "api_id": "sdzrplzis6",
            "api_key_required": false,
            "authorization_scopes": [],
            "authorization_type": "NONE",
            "authorizer_id": "",
            "id": "zzh3x2a",
            "model_selection_expression": "",
            "operation_name": "",
            "request_models": {},
            "request_parameter": [],
            "route_key": "$connect",
            "route_response_selection_expression": "",
            "target": "integrations/yt4apei"
          },
          "sensitive_attributes": [],
          "identity_schema_version": 0,
          "private": "bnVsbA==",
          "dependencies": [
            "aws_apigatewayv2_api.ws",
            "aws_apigatewayv2_integration.ws_connect",
            "aws_dynamodb_table.conns",
            "aws_lambda_function.connect",
            "aws_secretsmanager_secret.db",
            "aws_secretsmanager_secret.scraper",
            "aws_security_group.lambda",
            "aws_sqs_queue.dlq",
            "aws_sqs_queue.main",
            "aws_subnet.private_a",
            "aws_subnet.private_b",
            "aws_vpc.main",
            "data.archive_file.connect_zip",
            "data.aws_iam_role.labrole"
          ]
        }
      ]
    },
    {
      "mode": "managed",
      "type": "aws_apigatewayv2_route",
      "name": "r_disconnect",
      "provider": "provider[\"registry.terraform.io/hashicorp/aws\"]",
      "instances": [
        {
          "schema_version": 0,
          "attributes": {
            "api_id": "sdzrplzis6",
            "api_key_required": false,
            "authorization_scopes": [],
            "authorization_type": "NONE",
            "authorizer_id": "",
            "id": "fu3yfrt",
            "model_selection_expression": "",
            "operation_name": "",
            "request_models": {},
            "request_parameter": [],
            "route_key": "$disconnect",
            "route_response_selection_expression": "",
            "target": "integrations/528p4p2"
          },
          "sensitive_attributes": [],
          "identity_schema_version": 0,
          "private": "bnVsbA==",
          "dependencies": [
            "aws_apigatewayv2_api.ws",
            "aws_apigatewayv2_integration.ws_disconnect",
            "aws_dynamodb_table.conns",
            "aws_lambda_function.disconnect",
            "aws_secretsmanager_secret.db",
            "aws_secretsmanager_secret.scraper",
            "aws_security_group.lambda",
            "aws_sqs_queue.dlq",
            "aws_sqs_queue.main",
            "aws_subnet.private_a",
            "aws_subnet.private_b",
            "aws_vpc.main",
            "data.archive_file.disconnect_zip",
            "data.aws_iam_role.labrole"
          ]
        }
      ]
    },
    {
      "mode": "managed",
      "type": "aws_apigatewayv2_stage",
      "name": "default",
      "provider": "provider[\"registry.terraform.io/hashicorp/aws\"]",
      "instances": [
        {
          "schema_version": 0,
          "attributes": {
            "access_log_settings": [],
            "api_id": "sa0cp2a3r8",
            "arn": "arn:aws:apigateway:us-east-1::/apis/sa0cp2a3r8/stages/$default",
            "auto_deploy": true,
            "client_certificate_id": "",
            "default_route_settings": [
              {
                "data_trace_enabled": false,
                "detailed_metrics_enabled": false,
                "logging_level": "",
                "throttling_burst_limit": 0,
                "throttling_rate_limit": 0
              }
            ],
            "deployment_id": "33xnu1",
            "description": "",
            "execution_arn": "arn:aws:execute-api:us-east-1:063331379930:sa0cp2a3r8/$default",
            "id": "$default",
            "invoke_url": "https://sa0cp2a3r8.execute-api.us-east-1.amazonaws.com/",
            "name": "$default",
            "route_settings": [],
            "stage_variables": {},
            "tags": {},
            "tags_all": {}
          },
          "sensitive_attributes": [],
          "identity_schema_version": 0,
          "private": "bnVsbA==",
          "dependencies": [
            "aws_apigatewayv2_api.http"
          ]
        }
      ]
    },
    {
      "mode": "managed",
      "type": "aws_apigatewayv2_stage",
      "name": "ws_prod",
      "provider": "provider[\"registry.terraform.io/hashicorp/aws\"]",
      "instances": [
        {
          "schema_version": 0,
          "attributes": {
            "access_log_settings": [],
            "api_id": "sdzrplzis6",
            "arn": "arn:aws:apigateway:us-east-1::/apis/sdzrplzis6/stages/production",
            "auto_deploy": true,
            "client_certificate_id": "",
            "default_route_settings": [
              {
                "data_trace_enabled": false,
                "detailed_metrics_enabled": false,
                "logging_level": "OFF",
                "throttling_burst_limit": 0,
                "throttling_rate_limit": 0
              }
            ],
            "deployment_id": "4st5j5",
            "description": "",
            "execution_arn": "arn:aws:execute-api:us-east-1:063331379930:sdzrplzis6/production",
            "id": "production",
            "invoke_url": "wss://sdzrplzis6.execute-api.us-east-1.amazonaws.com/production",
            "name": "production",
            "route_settings": [],
            "stage_variables": {},
            "tags": {},
            "tags_all": {}
          },
          "sensitive_attributes": [],
          "identity_schema_version": 0,
          "private": "bnVsbA==",
          "dependencies": [
            "aws_apigatewayv2_api.ws"
          ]
        }
      ]
    },
    {
      "mode": "managed",
      "type": "aws_autoscaling_group",
      "name": "app",
      "provider": "provider[\"registry.terraform.io/hashicorp/aws\"]",
      "instances": [
        {
          "schema_version": 1,
          "attributes": {
            "arn": "arn:aws:autoscaling:us-east-1:063331379930:autoScalingGroup:704921a2-ca42-413b-aedf-3ca5f0d7d449:autoScalingGroupName/spirulina-dev-asg",
            "availability_zone_distribution": [
              {
                "capacity_distribution_strategy": "balanced-best-effort"
              }
            ],
            "availability_zones": [
              "us-east-1a",
              "us-east-1b"
            ],
            "capacity_rebalance": true,
            "capacity_reservation_specification": [
              {
                "capacity_reservation_preference": "default",
                "capacity_reservation_target": []
              }
            ],
            "context": "",
            "default_cooldown": 300,
            "default_instance_warmup": 0,
            "desired_capacity": 2,
            "desired_capacity_type": "",
            "enabled_metrics": [],
            "force_delete": false,
            "force_delete_warm_pool": false,
            "health_check_grace_period": 120,
            "health_check_type": "ELB",
            "id": "spirulina-dev-asg",
            "ignore_failed_scaling_activities": false,
            "initial_lifecycle_hook": [],
            "instance_maintenance_policy": [],
            "instance_refresh": [
              {
                "preferences": [
                  {
                    "alarm_specification": [],
                    "auto_rollback": false,
                    "checkpoint_delay": "",
                    "checkpoint_percentages": [],
                    "instance_warmup": "60",
                    "max_healthy_percentage": 100,
                    "min_healthy_percentage": 75,
                    "scale_in_protected_instances": "Ignore",
                    "skip_matching": false,
                    "standby_instances": "Ignore"
                  }
                ],
                "strategy": "Rolling",
                "triggers": []
              }
            ],
            "launch_configuration": "",
            "launch_template": [
              {
                "id": "lt-09ed444bf1f899ff4",
                "name": "spirulina-dev-app-20250930065207105500000005",
                "version": "$Latest"
              }
            ],
            "load_balancers": [],
            "max_instance_lifetime": 0,
            "max_size": 4,
            "metrics_granularity": "1Minute",
            "min_elb_capacity": null,
            "min_size": 2,
            "mixed_instances_policy": [],
            "name": "spirulina-dev-asg",
            "name_prefix": "",
            "placement_group": "",
            "predicted_capacity": 0,
            "protect_from_scale_in": false,
            "service_linked_role_arn": "arn:aws:iam::063331379930:role/aws-service-role/autoscaling.amazonaws.com/AWSServiceRoleForAutoScaling",
            "suspended_processes": [],
            "tag": [
              {
                "key": "Name",
                "propagate_at_launch": true,
                "value": "spirulina-dev-app"
              }
            ],
            "target_group_arns": [
              "arn:aws:elasticloadbalancing:us-east-1:063331379930:targetgroup/spirulina-dev-tg/bac9c8a0f537ceac"
            ],
            "termination_policies": [],
            "timeouts": null,
            "traffic_source": [
              {
                "identifier": "arn:aws:elasticloadbalancing:us-east-1:063331379930:targetgroup/spirulina-dev-tg/bac9c8a0f537ceac",
                "type": "elbv2"
              }
            ],
            "vpc_zone_identifier": [
              "subnet-0af43a4539acfddcb",
              "subnet-0f4c643307c8f2687"
            ],
            "wait_for_capacity_timeout": "10m",
            "wait_for_elb_capacity": null,
            "warm_pool": [],
            "warm_pool_size": 0
          },
          "sensitive_attributes": [],
          "identity_schema_version": 0,
          "private": "eyJlMmJmYjczMC1lY2FhLTExZTYtOGY4OC0zNDM2M2JjN2M0YzAiOnsiZGVsZXRlIjo2MDAwMDAwMDAwMDAsInVwZGF0ZSI6NjAwMDAwMDAwMDAwfSwic2NoZW1hX3ZlcnNpb24iOiIxIn0=",
          "dependencies": [
            "aws_launch_template.app",
            "aws_lb.app",
            "aws_lb_listener.http",
            "aws_lb_target_group.app",
            "aws_security_group.alb",
            "aws_security_group.app",
            "aws_subnet.private_a",
            "aws_subnet.private_b",
            "aws_subnet.public_a",
            "aws_subnet.public_b",
            "aws_vpc.main",
            "data.aws_ami.al2023"
          ],
          "create_before_destroy": true
        }
      ]
    },
    {
      "mode": "managed",
      "type": "aws_autoscaling_policy",
      "name": "tt_alb_rps",
      "provider": "provider[\"registry.terraform.io/hashicorp/aws\"]",
      "instances": [
        {
          "schema_version": 0,
          "attributes": {
            "adjustment_type": "",
            "arn": "arn:aws:autoscaling:us-east-1:063331379930:scalingPolicy:12e9a81d-065b-4b70-a534-27195f802ff6:autoScalingGroupName/spirulina-dev-asg:policyName/spirulina-dev-tt-alb-rps",
            "autoscaling_group_name": "spirulina-dev-asg",
            "cooldown": 0,
            "enabled": true,
            "estimated_instance_warmup": 0,
            "id": "spirulina-dev-tt-alb-rps",
            "metric_aggregation_type": "",
            "min_adjustment_magnitude": 0,
            "name": "spirulina-dev-tt-alb-rps",
            "policy_type": "TargetTrackingScaling",
            "predictive_scaling_configuration": [],
            "scaling_adjustment": 0,
            "step_adjustment": [],
            "target_tracking_configuration": [
              {
                "customized_metric_specification": [],
                "disable_scale_in": false,
                "predefined_metric_specification": [
                  {
                    "predefined_metric_type": "ALBRequestCountPerTarget",
                    "resource_label": "app/spirulina-dev-alb/5d2b629d3202c536/targetgroup/spirulina-dev-tg/bac9c8a0f537ceac"
                  }
                ],
                "target_value": 100
              }
            ]
          },
          "sensitive_attributes": [],
          "identity_schema_version": 0,
          "private": "bnVsbA==",
          "dependencies": [
            "aws_autoscaling_group.app",
            "aws_launch_template.app",
            "aws_lb.app",
            "aws_lb_listener.http",
            "aws_lb_target_group.app",
            "aws_security_group.alb",
            "aws_security_group.app",
            "aws_subnet.private_a",
            "aws_subnet.private_b",
            "aws_subnet.public_a",
            "aws_subnet.public_b",
            "aws_vpc.main",
            "data.aws_ami.al2023"
          ]
        }
      ]
    },
    {
      "mode": "managed",
      "type": "aws_autoscaling_policy",
      "name": "tt_cpu",
      "provider": "provider[\"registry.terraform.io/hashicorp/aws\"]",
      "instances": [
        {
          "schema_version": 0,
          "attributes": {
            "adjustment_type": "",
            "arn": "arn:aws:autoscaling:us-east-1:063331379930:scalingPolicy:9963285b-73f0-4cf7-979c-3c1246c4362c:autoScalingGroupName/spirulina-dev-asg:policyName/spirulina-dev-tt-cpu",
            "autoscaling_group_name": "spirulina-dev-asg",
            "cooldown": 0,
            "enabled": true,
            "estimated_instance_warmup": 0,
            "id": "spirulina-dev-tt-cpu",
            "metric_aggregation_type": "",
            "min_adjustment_magnitude": 0,
            "name": "spirulina-dev-tt-cpu",
            "policy_type": "TargetTrackingScaling",
            "predictive_scaling_configuration": [],
            "scaling_adjustment": 0,
            "step_adjustment": [],
            "target_tracking_configuration": [
              {
                "customized_metric_specification": [],
                "disable_scale_in": false,
                "predefined_metric_specification": [
                  {
                    "predefined_metric_type": "ASGAverageCPUUtilization",
                    "resource_label": ""
                  }
                ],
                "target_value": 40
              }
            ]
          },
          "sensitive_attributes": [],
          "identity_schema_version": 0,
          "private": "bnVsbA==",
          "dependencies": [
            "aws_autoscaling_group.app",
            "aws_launch_template.app",
            "aws_lb.app",
            "aws_lb_listener.http",
            "aws_lb_target_group.app",
            "aws_security_group.alb",
            "aws_security_group.app",
            "aws_subnet.private_a",
            "aws_subnet.private_b",
            "aws_subnet.public_a",
            "aws_subnet.public_b",
            "aws_vpc.main",
            "data.aws_ami.al2023"
          ]
        }
      ]
    },
    {
      "mode": "managed",
      "type": "aws_cloudwatch_event_rule",
      "name": "every_4h",
      "provider": "provider[\"registry.terraform.io/hashicorp/aws\"]",
      "instances": [
        {
          "schema_version": 1,
          "attributes": {
            "arn": "arn:aws:events:us-east-1:063331379930:rule/spirulina-dev-every-4h",
            "description": "Run schedule-enqueue lambda to enqueue DISTINCT watchlist URLs",
            "event_bus_name": "default",
            "event_pattern": null,
            "force_destroy": false,
            "id": "spirulina-dev-every-4h",
            "is_enabled": true,
            "name": "spirulina-dev-every-4h",
            "name_prefix": "",
            "role_arn": "",
            "schedule_expression": "rate(4 hours)",
            "state": "ENABLED",
            "tags": {},
            "tags_all": {}
          },
          "sensitive_attributes": [],
          "identity_schema_version": 0,
          "private": "eyJzY2hlbWFfdmVyc2lvbiI6IjEifQ=="
        }
      ]
    },
    {
      "mode": "managed",
      "type": "aws_cloudwatch_event_target",
      "name": "every_4h_to_lambda",
      "provider": "provider[\"registry.terraform.io/hashicorp/aws\"]",
      "instances": [
        {
          "schema_version": 1,
          "attributes": {
            "appsync_target": [],
            "arn": "arn:aws:lambda:us-east-1:063331379930:function:spirulina-dev-schedule-enqueue",
            "batch_target": [],
            "dead_letter_config": [],
            "ecs_target": [],
            "event_bus_name": "default",
            "force_destroy": false,
            "http_target": [],
            "id": "spirulina-dev-every-4h-schedule-enqueue",
            "input": "",
            "input_path": "",
            "input_transformer": [],
            "kinesis_target": [],
            "redshift_target": [],
            "retry_policy": [],
            "role_arn": "",
            "rule": "spirulina-dev-every-4h",
            "run_command_targets": [],
            "sagemaker_pipeline_target": [],
            "sqs_target": [],
            "target_id": "schedule-enqueue"
          },
          "sensitive_attributes": [],
          "identity_schema_version": 0,
          "private": "eyJzY2hlbWFfdmVyc2lvbiI6IjEifQ==",
          "dependencies": [
            "aws_cloudwatch_event_rule.every_4h",
            "aws_dynamodb_table.conns",
            "aws_lambda_function.schedule_enqueue",
            "aws_lambda_layer_version.mysql_layer",
            "aws_lambda_layer_version.requests_layer",
            "aws_secretsmanager_secret.db",
            "aws_secretsmanager_secret.scraper",
            "aws_security_group.lambda",
            "aws_sqs_queue.dlq",
            "aws_sqs_queue.main",
            "aws_subnet.private_a",
            "aws_subnet.private_b",
            "aws_vpc.main",
            "data.archive_file.mysql_layer_zip",
            "data.archive_file.requests_layer_zip",
            "data.archive_file.schedule_enqueue_zip",
            "data.aws_iam_role.labrole"
          ]
        }
      ]
    },
    {
      "mode": "managed",
      "type": "aws_cloudwatch_metric_alarm",
      "name": "alb_5xx",
      "provider": "provider[\"registry.terraform.io/hashicorp/aws\"]",
      "instances": [
        {
          "schema_version": 1,
          "attributes": {
            "actions_enabled": true,
            "alarm_actions": [
              "arn:aws:sns:us-east-1:063331379930:spirulina-dev-alerts"
            ],
            "alarm_description": "ALB 5xx count over threshold in 5 minutes",
            "alarm_name": "spirulina-dev-alb-5xx",
            "arn": "arn:aws:cloudwatch:us-east-1:063331379930:alarm:spirulina-dev-alb-5xx",
            "comparison_operator": "GreaterThanThreshold",
            "datapoints_to_alarm": 0,
            "dimensions": {
              "LoadBalancer": "app/spirulina-dev-alb/5d2b629d3202c536"
            },
            "evaluate_low_sample_count_percentiles": "",
            "evaluation_periods": 1,
            "extended_statistic": "",
            "id": "spirulina-dev-alb-5xx",
            "insufficient_data_actions": [],
            "metric_name": "HTTPCode_ELB_5XX_Count",
            "metric_query": [],
            "namespace": "AWS/ApplicationELB",
            "ok_actions": [
              "arn:aws:sns:us-east-1:063331379930:spirulina-dev-alerts"
            ],
            "period": 300,
            "statistic": "Sum",
            "tags": {
              "Env": "dev",
              "Project": "spirulina"
            },
            "tags_all": {
              "Env": "dev",
              "Project": "spirulina"
            },
            "threshold": 10,
            "threshold_metric_id": "",
            "treat_missing_data": "notBreaching",
            "unit": ""
          },
          "sensitive_attributes": [],
          "identity_schema_version": 0,
          "private": "eyJzY2hlbWFfdmVyc2lvbiI6IjEifQ==",
          "dependencies": [
            "aws_lb.app",
            "aws_security_group.alb",
            "aws_sns_topic.alerts",
            "aws_subnet.public_a",
            "aws_subnet.public_b",
            "aws_vpc.main"
          ]
        }
      ]
    },
    {
      "mode": "managed",
      "type": "aws_cloudwatch_metric_alarm",
      "name": "asg_capacity_shortfall",
      "provider": "provider[\"registry.terraform.io/hashicorp/aws\"]",
      "instances": [
        {
          "schema_version": 1,
          "attributes": {
            "actions_enabled": true,
            "alarm_actions": [
              "arn:aws:sns:us-east-1:063331379930:spirulina-dev-alerts"
            ],
            "alarm_description": "InService \u003c Desired for 2 periods",
            "alarm_name": "spirulina-dev-asg-capacity-shortfall",
            "arn": "arn:aws:cloudwatch:us-east-1:063331379930:alarm:spirulina-dev-asg-capacity-shortfall",
            "comparison_operator": "LessThanThreshold",
            "datapoints_to_alarm": 0,
            "dimensions": {
              "AutoScalingGroupName": "spirulina-dev-asg"
            },
            "evaluate_low_sample_count_percentiles": "",
            "evaluation_periods": 2,
            "extended_statistic": "",
            "id": "spirulina-dev-asg-capacity-shortfall",
            "insufficient_data_actions": null,
            "metric_name": "GroupInServiceInstances",
            "metric_query": [],
            "namespace": "AWS/AutoScaling",
            "ok_actions": [
              "arn:aws:sns:us-east-1:063331379930:spirulina-dev-alerts"
            ],
            "period": 60,
            "statistic": "Average",
            "tags": {
              "Env": "dev",
              "Project": "spirulina"
            },
            "tags_all": {
              "Env": "dev",
              "Project": "spirulina"
            },
            "threshold": 0,
            "threshold_metric_id": "",
            "treat_missing_data": "breaching",
            "unit": ""
          },
          "sensitive_attributes": [],
          "identity_schema_version": 0,
          "private": "eyJzY2hlbWFfdmVyc2lvbiI6IjEifQ==",
          "dependencies": [
            "aws_autoscaling_group.app",
            "aws_launch_template.app",
            "aws_lb.app",
            "aws_lb_listener.http",
            "aws_lb_target_group.app",
            "aws_security_group.alb",
            "aws_security_group.app",
            "aws_sns_topic.alerts",
            "aws_subnet.private_a",
            "aws_subnet.private_b",
            "aws_subnet.public_a",
            "aws_subnet.public_b",
            "aws_vpc.main",
            "data.aws_ami.al2023"
          ]
        }
      ]
    },
    {
      "mode": "managed",
      "type": "aws_cloudwatch_metric_alarm",
      "name": "high_rps",
      "provider": "provider[\"registry.terraform.io/hashicorp/aws\"]",
      "instances": [
        {
          "schema_version": 1,
          "attributes": {
            "actions_enabled": true,
            "alarm_actions": [],
            "alarm_description": "Scale out when ALB RPS per target \u003e 100",
            "alarm_name": "spirulina-dev-scale-out",
            "arn": "arn:aws:cloudwatch:us-east-1:063331379930:alarm:spirulina-dev-scale-out",
            "comparison_operator": "GreaterThanThreshold",
            "datapoints_to_alarm": 0,
            "dimensions": {
              "LoadBalancer": "app/spirulina-dev-alb/5d2b629d3202c536",
              "TargetGroup": "targetgroup/spirulina-dev-tg/bac9c8a0f537ceac"
            },
            "evaluate_low_sample_count_percentiles": "",
            "evaluation_periods": 2,
            "extended_statistic": "",
            "id": "spirulina-dev-scale-out",
            "insufficient_data_actions": [],
            "metric_name": "RequestCountPerTarget",
            "metric_query": [],
            "namespace": "AWS/ApplicationELB",
            "ok_actions": [],
            "period": 60,
            "statistic": "Average",
            "tags": {},
            "tags_all": {},
            "threshold": 100,
            "threshold_metric_id": "",
            "treat_missing_data": "missing",
            "unit": ""
          },
          "sensitive_attributes": [],
          "identity_schema_version": 0,
          "private": "eyJzY2hlbWFfdmVyc2lvbiI6IjEifQ==",
          "dependencies": [
            "aws_lb.app",
            "aws_lb_target_group.app",
            "aws_security_group.alb",
            "aws_subnet.public_a",
            "aws_subnet.public_b",
            "aws_vpc.main"
          ]
        }
      ]
    },
    {
      "mode": "managed",
      "type": "aws_cloudwatch_metric_alarm",
      "name": "tg_5xx",
      "provider": "provider[\"registry.terraform.io/hashicorp/aws\"]",
      "instances": [
        {
          "schema_version": 1,
          "attributes": {
            "actions_enabled": true,
            "alarm_actions": [
              "arn:aws:sns:us-east-1:063331379930:spirulina-dev-alerts"
            ],
            "alarm_description": "Target 5xx responses elevated",
            "alarm_name": "spirulina-dev-tg-5xx",
            "arn": "arn:aws:cloudwatch:us-east-1:063331379930:alarm:spirulina-dev-tg-5xx",
            "comparison_operator": "GreaterThanThreshold",
            "datapoints_to_alarm": 0,
            "dimensions": {
              "LoadBalancer": "app/spirulina-dev-alb/5d2b629d3202c536",
              "TargetGroup": "targetgroup/spirulina-dev-tg/bac9c8a0f537ceac"
            },
            "evaluate_low_sample_count_percentiles": "",
            "evaluation_periods": 1,
            "extended_statistic": "",
            "id": "spirulina-dev-tg-5xx",
            "insufficient_data_actions": [],
            "metric_name": "HTTPCode_Target_5XX_Count",
            "metric_query": [],
            "namespace": "AWS/ApplicationELB",
            "ok_actions": [
              "arn:aws:sns:us-east-1:063331379930:spirulina-dev-alerts"
            ],
            "period": 300,
            "statistic": "Sum",
            "tags": {
              "Env": "dev",
              "Project": "spirulina"
            },
            "tags_all": {
              "Env": "dev",
              "Project": "spirulina"
            },
            "threshold": 10,
            "threshold_metric_id": "",
            "treat_missing_data": "notBreaching",
            "unit": ""
          },
          "sensitive_attributes": [],
          "identity_schema_version": 0,
          "private": "eyJzY2hlbWFfdmVyc2lvbiI6IjEifQ==",
          "dependencies": [
            "aws_lb.app",
            "aws_lb_target_group.app",
            "aws_security_group.alb",
            "aws_sns_topic.alerts",
            "aws_subnet.public_a",
            "aws_subnet.public_b",
            "aws_vpc.main"
          ]
        }
      ]
    },
    {
      "mode": "managed",
      "type": "aws_cloudwatch_metric_alarm",
      "name": "tg_latency_p90",
      "provider": "provider[\"registry.terraform.io/hashicorp/aws\"]",
      "instances": [
        {
          "schema_version": 1,
          "attributes": {
            "actions_enabled": true,
            "alarm_actions": [
              "arn:aws:sns:us-east-1:063331379930:spirulina-dev-alerts"
            ],
            "alarm_description": "P90 target response time \u003e threshold",
            "alarm_name": "spirulina-dev-tg-latency-p90",
            "arn": "arn:aws:cloudwatch:us-east-1:063331379930:alarm:spirulina-dev-tg-latency-p90",
            "comparison_operator": "GreaterThanThreshold",
            "datapoints_to_alarm": 0,
            "dimensions": {
              "LoadBalancer": "app/spirulina-dev-alb/5d2b629d3202c536",
              "TargetGroup": "targetgroup/spirulina-dev-tg/bac9c8a0f537ceac"
            },
            "evaluate_low_sample_count_percentiles": "",
            "evaluation_periods": 2,
            "extended_statistic": "p90",
            "id": "spirulina-dev-tg-latency-p90",
            "insufficient_data_actions": [],
            "metric_name": "TargetResponseTime",
            "metric_query": [],
            "namespace": "AWS/ApplicationELB",
            "ok_actions": [
              "arn:aws:sns:us-east-1:063331379930:spirulina-dev-alerts"
            ],
            "period": 60,
            "statistic": "",
            "tags": {
              "Env": "dev",
              "Project": "spirulina"
            },
            "tags_all": {
              "Env": "dev",
              "Project": "spirulina"
            },
            "threshold": 1.5,
            "threshold_metric_id": "",
            "treat_missing_data": "notBreaching",
            "unit": ""
          },
          "sensitive_attributes": [],
          "identity_schema_version": 0,
          "private": "eyJzY2hlbWFfdmVyc2lvbiI6IjEifQ==",
          "dependencies": [
            "aws_lb.app",
            "aws_lb_target_group.app",
            "aws_security_group.alb",
            "aws_sns_topic.alerts",
            "aws_subnet.public_a",
            "aws_subnet.public_b",
            "aws_vpc.main"
          ]
        }
      ]
    },
    {
      "mode": "managed",
      "type": "aws_cloudwatch_metric_alarm",
      "name": "tg_unhealthy",
      "provider": "provider[\"registry.terraform.io/hashicorp/aws\"]",
      "instances": [
        {
          "schema_version": 1,
          "attributes": {
            "actions_enabled": true,
            "alarm_actions": [
              "arn:aws:sns:us-east-1:063331379930:spirulina-dev-alerts"
            ],
            "alarm_description": "Unhealthy targets detected",
            "alarm_name": "spirulina-dev-tg-unhealthy",
            "arn": "arn:aws:cloudwatch:us-east-1:063331379930:alarm:spirulina-dev-tg-unhealthy",
            "comparison_operator": "GreaterThanThreshold",
            "datapoints_to_alarm": 0,
            "dimensions": {
              "LoadBalancer": "app/spirulina-dev-alb/5d2b629d3202c536",
              "TargetGroup": "targetgroup/spirulina-dev-tg/bac9c8a0f537ceac"
            },
            "evaluate_low_sample_count_percentiles": "",
            "evaluation_periods": 2,
            "extended_statistic": "",
            "id": "spirulina-dev-tg-unhealthy",
            "insufficient_data_actions": [],
            "metric_name": "UnhealthyHostCount",
            "metric_query": [],
            "namespace": "AWS/ApplicationELB",
            "ok_actions": [
              "arn:aws:sns:us-east-1:063331379930:spirulina-dev-alerts"
            ],
            "period": 60,
            "statistic": "Average",
            "tags": {
              "Env": "dev",
              "Project": "spirulina"
            },
            "tags_all": {
              "Env": "dev",
              "Project": "spirulina"
            },
            "threshold": 0,
            "threshold_metric_id": "",
            "treat_missing_data": "notBreaching",
            "unit": ""
          },
          "sensitive_attributes": [],
          "identity_schema_version": 0,
          "private": "eyJzY2hlbWFfdmVyc2lvbiI6IjEifQ==",
          "dependencies": [
            "aws_lb.app",
            "aws_lb_target_group.app",
            "aws_security_group.alb",
            "aws_sns_topic.alerts",
            "aws_subnet.public_a",
            "aws_subnet.public_b",
            "aws_vpc.main"
          ]
        }
      ]
    },
    {
      "mode": "managed",
      "type": "aws_cloudwatch_metric_alarm",
      "name": "waf_regional_blocked",
      "provider": "provider[\"registry.terraform.io/hashicorp/aws\"]",
      "instances": [
        {
          "schema_version": 1,
          "attributes": {
            "actions_enabled": true,
            "alarm_actions": [
              "arn:aws:sns:us-east-1:063331379930:spirulina-dev-alerts"
            ],
            "alarm_description": "REGIONAL WAF blocked \u003e threshold in 5 minutes",
            "alarm_name": "spirulina-dev-waf-regional-blocked",
            "arn": "arn:aws:cloudwatch:us-east-1:063331379930:alarm:spirulina-dev-waf-regional-blocked",
            "comparison_operator": "GreaterThanThreshold",
            "datapoints_to_alarm": 0,
            "dimensions": {
              "Region": "us-east-1",
              "Rule": "ALL",
              "WebACL": "spirulina-dev-regional-waf"
            },
            "evaluate_low_sample_count_percentiles": "",
            "evaluation_periods": 1,
            "extended_statistic": "",
            "id": "spirulina-dev-waf-regional-blocked",
            "insufficient_data_actions": null,
            "metric_name": "BlockedRequests",
            "metric_query": [],
            "namespace": "AWS/WAFV2",
            "ok_actions": [
              "arn:aws:sns:us-east-1:063331379930:spirulina-dev-alerts"
            ],
            "period": 300,
            "statistic": "Sum",
            "tags": {
              "Env": "dev",
              "Project": "spirulina"
            },
            "tags_all": {
              "Env": "dev",
              "Project": "spirulina"
            },
            "threshold": 200,
            "threshold_metric_id": "",
            "treat_missing_data": "notBreaching",
            "unit": ""
          },
          "sensitive_attributes": [],
          "identity_schema_version": 0,
          "private": "eyJzY2hlbWFfdmVyc2lvbiI6IjEifQ==",
          "dependencies": [
            "aws_sns_topic.alerts",
            "aws_wafv2_web_acl.regional",
            "data.aws_region.current"
          ]
        }
      ]
    },
    {
      "mode": "managed",
      "type": "aws_cognito_user_pool",
      "name": "main",
      "provider": "provider[\"registry.terraform.io/hashicorp/aws\"]",
      "instances": [
        {
          "schema_version": 0,
          "attributes": {
            "account_recovery_setting": [
              {
                "recovery_mechanism": [
                  {
                    "name": "verified_email",
                    "priority": 1
                  },
                  {
                    "name": "verified_phone_number",
                    "priority": 2
                  }
                ]
              }
            ],
            "admin_create_user_config": [
              {
                "allow_admin_create_user_only": false,
                "invite_message_template": []
              }
            ],
            "alias_attributes": null,
            "arn": "arn:aws:cognito-idp:us-east-1:063331379930:userpool/us-east-1_8waOkdoUR",
            "auto_verified_attributes": [
              "email"
            ],
            "creation_date": "2025-09-30T06:51:38Z",
            "custom_domain": "",
            "deletion_protection": "INACTIVE",
            "device_configuration": [],
            "domain": "spirulina",
            "email_configuration": [
              {
                "configuration_set": "",
                "email_sending_account": "COGNITO_DEFAULT",
                "from_email_address": "",
                "reply_to_email_address": "",
                "source_arn": ""
              }
            ],
            "email_mfa_configuration": [],
            "email_verification_message": "",
            "email_verification_subject": "",
            "endpoint": "cognito-idp.us-east-1.amazonaws.com/us-east-1_8waOkdoUR",
            "estimated_number_of_users": 1,
            "id": "us-east-1_8waOkdoUR",
            "lambda_config": [],
            "last_modified_date": "2025-09-30T06:51:38Z",
            "mfa_configuration": "OFF",
            "name": "spirulina-user-pool",
            "password_policy": [
              {
                "minimum_length": 8,
                "password_history_size": 0,
                "require_lowercase": true,
                "require_numbers": true,
                "require_symbols": false,
                "require_uppercase": true,
                "temporary_password_validity_days": 7
              }
            ],
            "schema": [
              {
                "attribute_data_type": "String",
                "developer_only_attribute": false,
                "mutable": true,
                "name": "email",
                "number_attribute_constraints": [],
                "required": true,
                "string_attribute_constraints": [
                  {
                    "max_length": "2048",
                    "min_length": "5"
                  }
                ]
              }
            ],
            "sign_in_policy": [
              {
                "allowed_first_auth_factors": [
                  "PASSWORD"
                ]
              }
            ],
            "sms_authentication_message": "",
            "sms_configuration": [],
            "sms_verification_message": "",
            "software_token_mfa_configuration": [],
            "tags": {},
            "tags_all": {},
            "user_attribute_update_settings": [],
            "user_pool_add_ons": [],
            "user_pool_tier": "ESSENTIALS",
            "username_attributes": [
              "email"
            ],
            "username_configuration": [],
            "verification_message_template": [
              {
                "default_email_option": "CONFIRM_WITH_CODE",
                "email_message": "",
                "email_message_by_link": "",
                "email_subject": "",
                "email_subject_by_link": "",
                "sms_message": ""
              }
            ],
            "web_authn_configuration": []
          },
          "sensitive_attributes": [],
          "identity_schema_version": 0,
          "private": "bnVsbA=="
        }
      ]
    },
    {
      "mode": "managed",
      "type": "aws_cognito_user_pool_client",
      "name": "spa",
      "provider": "provider[\"registry.terraform.io/hashicorp/aws\"]",
      "instances": [
        {
          "schema_version": 0,
          "attributes": {
            "access_token_validity": 0,
            "allowed_oauth_flows": [
              "implicit"
            ],
            "allowed_oauth_flows_user_pool_client": true,
            "allowed_oauth_scopes": [
              "email",
              "openid",
              "phone"
            ],
            "analytics_configuration": [],
            "auth_session_validity": 3,
            "callback_urls": [
              "http://localhost:5173/",
              "https://d84l1y8p4kdic.cloudfront.net/"
            ],
            "client_secret": "",
            "default_redirect_uri": "",
            "enable_propagate_additional_user_context_data": false,
            "enable_token_revocation": true,
            "explicit_auth_flows": [
              "ALLOW_REFRESH_TOKEN_AUTH",
              "ALLOW_USER_PASSWORD_AUTH",
              "ALLOW_USER_SRP_AUTH"
            ],
            "generate_secret": false,
            "id": "oh2vf9imle1l56nkk6fmkte0i",
            "id_token_validity": 0,
            "logout_urls": [
              "http://localhost:5173/",
              "https://d84l1y8p4kdic.cloudfront.net/"
            ],
            "name": "spirulina-spa",
            "prevent_user_existence_errors": "",
            "read_attributes": [],
            "refresh_token_rotation": [],
            "refresh_token_validity": 30,
            "supported_identity_providers": [
              "COGNITO"
            ],
            "token_validity_units": [],
            "user_pool_id": "us-east-1_8waOkdoUR",
            "write_attributes": []
          },
          "sensitive_attributes": [
            [
              {
                "type": "get_attr",
                "value": "client_secret"
              }
            ]
          ],
          "identity_schema_version": 0,
          "dependencies": [
            "aws_cognito_user_pool.main"
          ]
        }
      ]
    },
    {
      "mode": "managed",
      "type": "aws_db_instance",
      "name": "mysql",
      "provider": "provider[\"registry.terraform.io/hashicorp/aws\"]",
      "instances": [
        {
          "schema_version": 2,
          "attributes": {
            "address": "spirulina-mysql.cuvaky8ia00r.us-east-1.rds.amazonaws.com",
            "allocated_storage": 20,
            "allow_major_version_upgrade": null,
            "apply_immediately": false,
            "arn": "arn:aws:rds:us-east-1:063331379930:db:spirulina-mysql",
            "auto_minor_version_upgrade": true,
            "availability_zone": "us-east-1a",
            "backup_retention_period": 0,
            "backup_target": "region",
            "backup_window": "05:36-06:06",
            "blue_green_update": [],
            "ca_cert_identifier": "rds-ca-rsa2048-g1",
            "character_set_name": "",
            "copy_tags_to_snapshot": false,
            "custom_iam_instance_profile": "",
            "customer_owned_ip_enabled": false,
            "database_insights_mode": "standard",
            "db_name": "spirulinadb",
            "db_subnet_group_name": "spirulina-dev-rds-subnets",
            "dedicated_log_volume": false,
            "delete_automated_backups": true,
            "deletion_protection": false,
            "domain": "",
            "domain_auth_secret_arn": "",
            "domain_dns_ips": [],
            "domain_fqdn": "",
            "domain_iam_role_name": "",
            "domain_ou": "",
            "enabled_cloudwatch_logs_exports": [],
            "endpoint": "spirulina-mysql.cuvaky8ia00r.us-east-1.rds.amazonaws.com:3306",
            "engine": "mysql",
            "engine_lifecycle_support": "open-source-rds-extended-support",
            "engine_version": "8.0",
            "engine_version_actual": "8.0.42",
            "final_snapshot_identifier": null,
            "hosted_zone_id": "Z2R2ITUGPM61AM",
            "iam_database_authentication_enabled": false,
            "id": "db-75CFAMKZEE5YUXPUZ4KOFSIKFY",
            "identifier": "spirulina-mysql",
            "identifier_prefix": "",
            "instance_class": "db.t3.micro",
            "iops": 0,
            "kms_key_id": "",
            "latest_restorable_time": "",
            "license_model": "general-public-license",
            "listener_endpoint": [],
            "maintenance_window": "mon:09:13-mon:09:43",
            "manage_master_user_password": null,
            "master_user_secret": [],
            "master_user_secret_kms_key_id": null,
            "max_allocated_storage": 0,
            "monitoring_interval": 0,
            "monitoring_role_arn": "",
            "multi_az": true,
            "nchar_character_set_name": "",
            "network_type": "IPV4",
            "option_group_name": "default:mysql-8-0",
            "parameter_group_name": "default.mysql8.0",
            "password": "8Wifmxqj3oWhQkxNUQbI",
            "password_wo": null,
            "password_wo_version": null,
            "performance_insights_enabled": false,
            "performance_insights_kms_key_id": "",
            "performance_insights_retention_period": 0,
            "port": 3306,
            "publicly_accessible": false,
            "replica_mode": "",
            "replicas": [],
            "replicate_source_db": "",
            "resource_id": "db-75CFAMKZEE5YUXPUZ4KOFSIKFY",
            "restore_to_point_in_time": [],
            "s3_import": [],
            "skip_final_snapshot": true,
            "snapshot_identifier": null,
            "status": "available",
            "storage_encrypted": false,
            "storage_throughput": 0,
            "storage_type": "gp2",
            "tags": {},
            "tags_all": {},
            "timeouts": null,
            "timezone": "",
            "upgrade_storage_config": null,
            "username": "spirulina_app",
            "vpc_security_group_ids": [
              "sg-09d533702f1641fcc"
            ]
          },
          "sensitive_attributes": [
            [
              {
                "type": "get_attr",
                "value": "password"
              }
            ],
            [
              {
                "type": "get_attr",
                "value": "password_wo"
              }
            ]
          ],
          "identity_schema_version": 0,
          "private": "eyJlMmJmYjczMC1lY2FhLTExZTYtOGY4OC0zNDM2M2JjN2M0YzAiOnsiY3JlYXRlIjozMDAwMDAwMDAwMDAwLCJkZWxldGUiOjM2MDAwMDAwMDAwMDAsInVwZGF0ZSI6NDgwMDAwMDAwMDAwMH0sInNjaGVtYV92ZXJzaW9uIjoiMiJ9",
          "dependencies": [
            "aws_db_subnet_group.rds",
            "aws_security_group.rds",
            "aws_subnet.private_a",
            "aws_subnet.private_b",
            "aws_vpc.main",
            "random_password.db"
          ]
        }
      ]
    },
    {
      "mode": "managed",
      "type": "aws_db_subnet_group",
      "name": "rds",
      "provider": "provider[\"registry.terraform.io/hashicorp/aws\"]",
      "instances": [
        {
          "schema_version": 0,
          "attributes": {
            "arn": "arn:aws:rds:us-east-1:063331379930:subgrp:spirulina-dev-rds-subnets",
            "description": "Managed by Terraform",
            "id": "spirulina-dev-rds-subnets",
            "name": "spirulina-dev-rds-subnets",
            "name_prefix": "",
            "subnet_ids": [
              "subnet-0af43a4539acfddcb",
              "subnet-0f4c643307c8f2687"
            ],
            "supported_network_types": [
              "IPV4"
            ],
            "tags": {
              "Name": "spirulina-dev-rds-subnets"
            },
            "tags_all": {
              "Name": "spirulina-dev-rds-subnets"
            },
            "vpc_id": "vpc-001c13fe47f9e6141"
          },
          "sensitive_attributes": [],
          "identity_schema_version": 0,
          "private": "bnVsbA==",
          "dependencies": [
            "aws_subnet.private_a",
            "aws_subnet.private_b",
            "aws_vpc.main"
          ]
        }
      ]
    },
    {
      "mode": "managed",
      "type": "aws_dynamodb_table",
      "name": "conns",
      "provider": "provider[\"registry.terraform.io/hashicorp/aws\"]",
      "instances": [
        {
          "schema_version": 1,
          "attributes": {
            "arn": "arn:aws:dynamodb:us-east-1:063331379930:table/spirulina-pubsub",
            "attribute": [
              {
                "name": "connectionId",
                "type": "S"
              },
              {
                "name": "pk",
                "type": "S"
              },
              {
                "name": "sk",
                "type": "S"
              }
            ],
            "billing_mode": "PAY_PER_REQUEST",
            "deletion_protection_enabled": false,
            "global_secondary_index": [
              {
                "hash_key": "connectionId",
                "name": "gsi_conn",
                "non_key_attributes": [
                  "pk",
                  "sk"
                ],
                "on_demand_throughput": [],
                "projection_type": "INCLUDE",
                "range_key": "",
                "read_capacity": 0,
                "write_capacity": 0
              }
            ],
            "hash_key": "pk",
            "id": "spirulina-pubsub",
            "import_table": [],
            "local_secondary_index": [],
            "name": "spirulina-pubsub",
            "on_demand_throughput": [],
            "point_in_time_recovery": [
              {
                "enabled": false,
                "recovery_period_in_days": 0
              }
            ],
            "range_key": "sk",
            "read_capacity": 0,
            "replica": [],
            "restore_date_time": null,
            "restore_source_name": null,
            "restore_source_table_arn": null,
            "restore_to_latest_time": null,
            "server_side_encryption": [],
            "stream_arn": "",
            "stream_enabled": false,
            "stream_label": "",
            "stream_view_type": "",
            "table_class": "STANDARD",
            "tags": {
              "Name": "spirulina-dev-conns"
            },
            "tags_all": {
              "Name": "spirulina-dev-conns"
            },
            "timeouts": null,
            "ttl": [
              {
                "attribute_name": "ttl",
                "enabled": true
              }
            ],
            "write_capacity": 0
          },
          "sensitive_attributes": [],
          "identity_schema_version": 0,
          "private": "eyJlMmJmYjczMC1lY2FhLTExZTYtOGY4OC0zNDM2M2JjN2M0YzAiOnsiY3JlYXRlIjoxODAwMDAwMDAwMDAwLCJkZWxldGUiOjYwMDAwMDAwMDAwMCwidXBkYXRlIjozNjAwMDAwMDAwMDAwfSwic2NoZW1hX3ZlcnNpb24iOiIxIn0="
        }
      ]
    },
    {
      "mode": "managed",
      "type": "aws_eip",
      "name": "nat",
      "provider": "provider[\"registry.terraform.io/hashicorp/aws\"]",
      "instances": [
        {
          "schema_version": 0,
          "attributes": {
            "address": null,
            "allocation_id": "eipalloc-063761f3258539302",
            "arn": "arn:aws:ec2:us-east-1:063331379930:elastic-ip/eipalloc-063761f3258539302",
            "associate_with_private_ip": null,
            "association_id": "eipassoc-0808c06fa72f4be1b",
            "carrier_ip": "",
            "customer_owned_ip": "",
            "customer_owned_ipv4_pool": "",
            "domain": "vpc",
            "id": "eipalloc-063761f3258539302",
            "instance": "",
            "ipam_pool_id": null,
            "network_border_group": "us-east-1",
            "network_interface": "eni-0eabe8edd4fd33dda",
            "private_dns": "ip-10-20-1-133.ec2.internal",
            "private_ip": "10.20.1.133",
            "ptr_record": "",
            "public_dns": "ec2-34-205-218-128.compute-1.amazonaws.com",
            "public_ip": "34.205.218.128",
            "public_ipv4_pool": "amazon",
            "tags": {
              "Name": "spirulina-dev-nat-eip"
            },
            "tags_all": {
              "Name": "spirulina-dev-nat-eip"
            },
            "timeouts": null,
            "vpc": true
          },
          "sensitive_attributes": [],
          "identity_schema_version": 0,
          "private": "eyJlMmJmYjczMC1lY2FhLTExZTYtOGY4OC0zNDM2M2JjN2M0YzAiOnsiZGVsZXRlIjoxODAwMDAwMDAwMDAsInJlYWQiOjkwMDAwMDAwMDAwMCwidXBkYXRlIjozMDAwMDAwMDAwMDB9fQ=="
        }
      ]
    },
    {
      "mode": "managed",
      "type": "aws_instance",
      "name": "bastion",
      "provider": "provider[\"registry.terraform.io/hashicorp/aws\"]",
      "instances": [
        {
          "schema_version": 1,
          "attributes": {
            "ami": "ami-0b9755dd9758b73ce",
            "arn": "arn:aws:ec2:us-east-1:063331379930:instance/i-07994dde27228d8d1",
            "associate_public_ip_address": true,
            "availability_zone": "us-east-1a",
            "capacity_reservation_specification": [
              {
                "capacity_reservation_preference": "open",
                "capacity_reservation_target": []
              }
            ],
            "cpu_core_count": 1,
            "cpu_options": [
              {
                "amd_sev_snp": "",
                "core_count": 1,
                "threads_per_core": 2
              }
            ],
            "cpu_threads_per_core": 2,
            "credit_specification": [
              {
                "cpu_credits": "unlimited"
              }
            ],
            "disable_api_stop": false,
            "disable_api_termination": false,
            "ebs_block_device": [],
            "ebs_optimized": false,
            "enable_primary_ipv6": null,
            "enclave_options": [
              {
                "enabled": false
              }
            ],
            "ephemeral_block_device": [],
            "get_password_data": false,
            "hibernation": false,
            "host_id": "",
            "host_resource_group_arn": null,
            "iam_instance_profile": "",
            "id": "i-07994dde27228d8d1",
            "instance_initiated_shutdown_behavior": "stop",
            "instance_lifecycle": "",
            "instance_market_options": [],
            "instance_state": "running",
            "instance_type": "t3.micro",
            "ipv6_address_count": 0,
            "ipv6_addresses": [],
            "key_name": "spirulina-bastion-key",
            "launch_template": [],
            "maintenance_options": [
              {
                "auto_recovery": "default"
              }
            ],
            "metadata_options": [
              {
                "http_endpoint": "enabled",
                "http_protocol_ipv6": "disabled",
                "http_put_response_hop_limit": 2,
                "http_tokens": "required",
                "instance_metadata_tags": "disabled"
              }
            ],
            "monitoring": false,
            "network_interface": [],
            "outpost_arn": "",
            "password_data": "",
            "placement_group": "",
            "placement_partition_number": 0,
            "primary_network_interface_id": "eni-02ed4355e5fc23afe",
            "private_dns": "ip-10-20-1-126.ec2.internal",
            "private_dns_name_options": [
              {
                "enable_resource_name_dns_a_record": false,
                "enable_resource_name_dns_aaaa_record": false,
                "hostname_type": "ip-name"
              }
            ],
            "private_ip": "10.20.1.126",
            "public_dns": "ec2-34-207-193-57.compute-1.amazonaws.com",
            "public_ip": "34.207.193.57",
            "root_block_device": [
              {
                "delete_on_termination": true,
                "device_name": "/dev/xvda",
                "encrypted": false,
                "iops": 3000,
                "kms_key_id": "",
                "tags": {},
                "tags_all": {},
                "throughput": 125,
                "volume_id": "vol-0053bfe2a32299f8d",
                "volume_size": 30,
                "volume_type": "gp3"
              }
            ],
            "secondary_private_ips": [],
            "security_groups": [],
            "source_dest_check": true,
            "spot_instance_request_id": "",
            "subnet_id": "subnet-07b147239129a03aa",
            "tags": {
              "Name": "spirulina-bastion"
            },
            "tags_all": {
              "Name": "spirulina-bastion"
            },
            "tenancy": "default",
            "timeouts": null,
            "user_data": "28c67638155d2afd347f9f0a83c69b501577cbb5",
            "user_data_base64": null,
            "user_data_replace_on_change": false,
            "volume_tags": null,
            "vpc_security_group_ids": [
              "sg-0f4f40a889ff309a3"
            ]
          },
          "sensitive_attributes": [],
          "identity_schema_version": 0,
          "private": "eyJlMmJmYjczMC1lY2FhLTExZTYtOGY4OC0zNDM2M2JjN2M0YzAiOnsiY3JlYXRlIjo2MDAwMDAwMDAwMDAsImRlbGV0ZSI6MTIwMDAwMDAwMDAwMCwicmVhZCI6OTAwMDAwMDAwMDAwLCJ1cGRhdGUiOjYwMDAwMDAwMDAwMH0sInNjaGVtYV92ZXJzaW9uIjoiMSJ9",
          "dependencies": [
            "aws_key_pair.bastion",
            "aws_security_group.bastion",
            "aws_subnet.public_a",
            "aws_vpc.main",
            "data.aws_ami.al2023"
          ]
        }
      ]
    },
    {
      "mode": "managed",
      "type": "aws_internet_gateway",
      "name": "igw",
      "provider": "provider[\"registry.terraform.io/hashicorp/aws\"]",
      "instances": [
        {
          "schema_version": 0,
          "attributes": {
            "arn": "arn:aws:ec2:us-east-1:063331379930:internet-gateway/igw-013099255a8ebc312",
            "id": "igw-013099255a8ebc312",
            "owner_id": "063331379930",
            "tags": {
              "Name": "spirulina-dev-igw"
            },
            "tags_all": {
              "Name": "spirulina-dev-igw"
            },
            "timeouts": null,
            "vpc_id": "vpc-001c13fe47f9e6141"
          },
          "sensitive_attributes": [],
          "identity_schema_version": 0,
          "private": "eyJlMmJmYjczMC1lY2FhLTExZTYtOGY4OC0zNDM2M2JjN2M0YzAiOnsiY3JlYXRlIjoxMjAwMDAwMDAwMDAwLCJkZWxldGUiOjEyMDAwMDAwMDAwMDAsInVwZGF0ZSI6MTIwMDAwMDAwMDAwMH19",
          "dependencies": [
            "aws_vpc.main"
          ]
        }
      ]
    },
    {
      "mode": "managed",
      "type": "aws_key_pair",
      "name": "bastion",
      "provider": "provider[\"registry.terraform.io/hashicorp/aws\"]",
      "instances": [
        {
          "schema_version": 1,
          "attributes": {
            "arn": "arn:aws:ec2:us-east-1:063331379930:key-pair/spirulina-bastion-key",
            "fingerprint": "9rsipJJOK3GbnOVpyPxerEwx0V46h4kmlpdClrYzp+g=",
            "id": "spirulina-bastion-key",
            "key_name": "spirulina-bastion-key",
            "key_name_prefix": "",
            "key_pair_id": "key-0ad3b6670588cf918",
            "key_type": "ed25519",
            "public_key": "ssh-ed25519 AAAAC3NzaC1lZDI1NTE5AAAAIE3bTMVJc9oEZygz6PuQOOXqeiK0l9XmHgQMu33GibtP Elton@laptop",
            "tags": {},
            "tags_all": {}
          },
          "sensitive_attributes": [],
          "identity_schema_version": 0,
          "private": "eyJzY2hlbWFfdmVyc2lvbiI6IjEifQ=="
        }
      ]
    },
    {
      "mode": "managed",
      "type": "aws_lambda_event_source_mapping",
      "name": "sqs_to_worker",
      "provider": "provider[\"registry.terraform.io/hashicorp/aws\"]",
      "instances": [
        {
          "schema_version": 0,
          "attributes": {
            "amazon_managed_kafka_event_source_config": [],
            "arn": "arn:aws:lambda:us-east-1:063331379930:event-source-mapping:f232f7b6-6074-4d89-a74e-eb3ca6ce82f1",
            "batch_size": 5,
            "bisect_batch_on_function_error": false,
            "destination_config": [],
            "document_db_event_source_config": [],
            "enabled": true,
            "event_source_arn": "arn:aws:sqs:us-east-1:063331379930:spirulina-snapshot-queue",
            "filter_criteria": [],
            "function_arn": "arn:aws:lambda:us-east-1:063331379930:function:spirulina-dev-worker",
            "function_name": "arn:aws:lambda:us-east-1:063331379930:function:spirulina-dev-worker",
            "function_response_types": [],
            "id": "f232f7b6-6074-4d89-a74e-eb3ca6ce82f1",
            "kms_key_arn": "",
            "last_modified": "2025-09-30T09:31:40Z",
            "last_processing_result": "",
            "maximum_batching_window_in_seconds": 0,
            "maximum_record_age_in_seconds": 0,
            "maximum_retry_attempts": 0,
            "metrics_config": [],
            "parallelization_factor": 0,
            "provisioned_poller_config": [],
            "queues": [],
            "scaling_config": [],
            "self_managed_event_source": [],
            "self_managed_kafka_event_source_config": [],
            "source_access_configuration": [],
            "starting_position": "",
            "starting_position_timestamp": "",
            "state": "Enabled",
            "state_transition_reason": "USER_INITIATED",
            "tags": {},
            "tags_all": {},
            "topics": [],
            "tumbling_window_in_seconds": 0,
            "uuid": "f232f7b6-6074-4d89-a74e-eb3ca6ce82f1"
          },
          "sensitive_attributes": [],
          "identity_schema_version": 0,
          "private": "bnVsbA==",
          "dependencies": [
            "aws_apigatewayv2_api.ws",
            "aws_apigatewayv2_stage.ws_prod",
            "aws_dynamodb_table.conns",
            "aws_lambda_function.worker",
            "aws_lambda_layer_version.bs4",
            "aws_lambda_layer_version.mysql_layer",
            "aws_lambda_layer_version.requests_layer",
            "aws_secretsmanager_secret.db",
            "aws_secretsmanager_secret.scraper",
            "aws_security_group.lambda",
            "aws_sqs_queue.dlq",
            "aws_sqs_queue.main",
            "aws_subnet.private_a",
            "aws_subnet.private_b",
            "aws_vpc.main",
            "data.archive_file.mysql_layer_zip",
            "data.archive_file.requests_layer_zip",
            "data.archive_file.worker_zip",
            "data.aws_iam_role.labrole"
          ]
        }
      ]
    },
    {
      "mode": "managed",
      "type": "aws_lambda_function",
      "name": "connect",
      "provider": "provider[\"registry.terraform.io/hashicorp/aws\"]",
      "instances": [
        {
          "schema_version": 0,
          "attributes": {
            "architectures": [
              "x86_64"
            ],
            "arn": "arn:aws:lambda:us-east-1:063331379930:function:spirulina-dev-connect",
            "code_sha256": "l4ycXUdfu8Hf5K/ndtWs5i2heRWrjkSbPZrzAfyy0I8=",
            "code_signing_config_arn": "",
            "dead_letter_config": [],
            "description": "",
            "environment": [
              {
                "variables": {
                  "CONN_TABLE": "spirulina-pubsub",
                  "REGION": "us-east-1",
                  "TTL_DAYS": "1"
                }
              }
            ],
            "ephemeral_storage": [
              {
                "size": 512
              }
            ],
            "file_system_config": [],
            "filename": "./dist/connect.zip",
            "function_name": "spirulina-dev-connect",
            "handler": "handler.lambda_handler",
            "id": "spirulina-dev-connect",
            "image_config": [],
            "image_uri": "",
            "invoke_arn": "arn:aws:apigateway:us-east-1:lambda:path/2015-03-31/functions/arn:aws:lambda:us-east-1:063331379930:function:spirulina-dev-connect/invocations",
            "kms_key_arn": "",
            "last_modified": "2025-09-30T09:27:36.175+0000",
            "layers": [],
            "logging_config": [
              {
                "application_log_level": "",
                "log_format": "Text",
                "log_group": "/aws/lambda/spirulina-dev-connect",
                "system_log_level": ""
              }
            ],
            "memory_size": 128,
            "package_type": "Zip",
            "publish": false,
            "qualified_arn": "arn:aws:lambda:us-east-1:063331379930:function:spirulina-dev-connect:$LATEST",
            "qualified_invoke_arn": "arn:aws:apigateway:us-east-1:lambda:path/2015-03-31/functions/arn:aws:lambda:us-east-1:063331379930:function:spirulina-dev-connect:$LATEST/invocations",
            "replace_security_groups_on_destroy": null,
            "replacement_security_group_ids": null,
            "reserved_concurrent_executions": -1,
            "role": "arn:aws:iam::063331379930:role/LabRole",
            "runtime": "python3.12",
            "s3_bucket": null,
            "s3_key": null,
            "s3_object_version": null,
            "signing_job_arn": "",
            "signing_profile_version_arn": "",
            "skip_destroy": false,
            "snap_start": [],
            "source_code_hash": "",
            "source_code_size": 828,
            "tags": {},
            "tags_all": {},
            "timeout": 10,
            "timeouts": null,
            "tracing_config": [
              {
                "mode": "PassThrough"
              }
            ],
            "version": "$LATEST",
            "vpc_config": [
              {
                "ipv6_allowed_for_dual_stack": false,
                "security_group_ids": [
                  "sg-0b9b0b16700e6e65f"
                ],
                "subnet_ids": [
                  "subnet-0af43a4539acfddcb",
                  "subnet-0f4c643307c8f2687"
                ],
                "vpc_id": "vpc-001c13fe47f9e6141"
              }
            ]
          },
          "sensitive_attributes": [],
          "identity_schema_version": 0,
          "private": "eyJlMmJmYjczMC1lY2FhLTExZTYtOGY4OC0zNDM2M2JjN2M0YzAiOnsiY3JlYXRlIjo2MDAwMDAwMDAwMDAsImRlbGV0ZSI6NjAwMDAwMDAwMDAwLCJ1cGRhdGUiOjYwMDAwMDAwMDAwMH19",
          "dependencies": [
            "aws_dynamodb_table.conns",
            "aws_secretsmanager_secret.db",
            "aws_secretsmanager_secret.scraper",
            "aws_security_group.lambda",
            "aws_sqs_queue.dlq",
            "aws_sqs_queue.main",
            "aws_subnet.private_a",
            "aws_subnet.private_b",
            "aws_vpc.main",
            "data.archive_file.connect_zip",
            "data.aws_iam_role.labrole"
          ]
        }
      ]
    },
    {
      "mode": "managed",
      "type": "aws_lambda_function",
      "name": "delete_watchlist",
      "provider": "provider[\"registry.terraform.io/hashicorp/aws\"]",
      "instances": [
        {
          "schema_version": 0,
          "attributes": {
            "architectures": [
              "x86_64"
            ],
            "arn": "arn:aws:lambda:us-east-1:063331379930:function:spirulina-dev-delete-watchlist",
            "code_sha256": "iLHBv9khuuEyFwdfKz7oXx8d/pAVGyl53/DR9/hKyig=",
            "code_signing_config_arn": "",
            "dead_letter_config": [],
            "description": "",
            "environment": [
              {
                "variables": {
                  "DB_SECRET_ARN": "arn:aws:secretsmanager:us-east-1:063331379930:secret:spirulina/db-FPuMQT",
                  "REGION": "us-east-1"
                }
              }
            ],
            "ephemeral_storage": [
              {
                "size": 512
              }
            ],
            "file_system_config": [],
            "filename": "./delete_watchlist.zip",
            "function_name": "spirulina-dev-delete-watchlist",
            "handler": "handler.lambda_handler",
            "id": "spirulina-dev-delete-watchlist",
            "image_config": [],
            "image_uri": "",
            "invoke_arn": "arn:aws:apigateway:us-east-1:lambda:path/2015-03-31/functions/arn:aws:lambda:us-east-1:063331379930:function:spirulina-dev-delete-watchlist/invocations",
            "kms_key_arn": "",
            "last_modified": "2025-09-30T09:31:56.452+0000",
            "layers": [
              "arn:aws:lambda:us-east-1:063331379930:layer:spirulina-mysql:3",
              "arn:aws:lambda:us-east-1:063331379930:layer:spirulina-requests:3"
            ],
            "logging_config": [
              {
                "application_log_level": "",
                "log_format": "Text",
                "log_group": "/aws/lambda/spirulina-dev-delete-watchlist",
                "system_log_level": ""
              }
            ],
            "memory_size": 256,
            "package_type": "Zip",
            "publish": false,
            "qualified_arn": "arn:aws:lambda:us-east-1:063331379930:function:spirulina-dev-delete-watchlist:$LATEST",
            "qualified_invoke_arn": "arn:aws:apigateway:us-east-1:lambda:path/2015-03-31/functions/arn:aws:lambda:us-east-1:063331379930:function:spirulina-dev-delete-watchlist:$LATEST/invocations",
            "replace_security_groups_on_destroy": null,
            "replacement_security_group_ids": null,
            "reserved_concurrent_executions": -1,
            "role": "arn:aws:iam::063331379930:role/LabRole",
            "runtime": "python3.12",
            "s3_bucket": null,
            "s3_key": null,
            "s3_object_version": null,
            "signing_job_arn": "",
            "signing_profile_version_arn": "",
            "skip_destroy": false,
            "snap_start": [],
            "source_code_hash": "",
            "source_code_size": 2026,
            "tags": {},
            "tags_all": {},
            "timeout": 15,
            "timeouts": null,
            "tracing_config": [
              {
                "mode": "PassThrough"
              }
            ],
            "version": "$LATEST",
            "vpc_config": [
              {
                "ipv6_allowed_for_dual_stack": false,
                "security_group_ids": [
                  "sg-0b9b0b16700e6e65f"
                ],
                "subnet_ids": [
                  "subnet-0af43a4539acfddcb",
                  "subnet-0f4c643307c8f2687"
                ],
                "vpc_id": "vpc-001c13fe47f9e6141"
              }
            ]
          },
          "sensitive_attributes": [],
          "identity_schema_version": 0,
          "private": "eyJlMmJmYjczMC1lY2FhLTExZTYtOGY4OC0zNDM2M2JjN2M0YzAiOnsiY3JlYXRlIjo2MDAwMDAwMDAwMDAsImRlbGV0ZSI6NjAwMDAwMDAwMDAwLCJ1cGRhdGUiOjYwMDAwMDAwMDAwMH19",
          "dependencies": [
            "aws_dynamodb_table.conns",
            "aws_lambda_layer_version.mysql_layer",
            "aws_lambda_layer_version.requests_layer",
            "aws_secretsmanager_secret.db",
            "aws_secretsmanager_secret.scraper",
            "aws_security_group.lambda",
            "aws_sqs_queue.dlq",
            "aws_sqs_queue.main",
            "aws_subnet.private_a",
            "aws_subnet.private_b",
            "aws_vpc.main",
            "data.archive_file.delete_watchlist_zip",
            "data.archive_file.mysql_layer_zip",
            "data.archive_file.requests_layer_zip",
            "data.aws_iam_role.labrole"
          ]
        }
      ]
    },
    {
      "mode": "managed",
      "type": "aws_lambda_function",
      "name": "disconnect",
      "provider": "provider[\"registry.terraform.io/hashicorp/aws\"]",
      "instances": [
        {
          "schema_version": 0,
          "attributes": {
            "architectures": [
              "x86_64"
            ],
            "arn": "arn:aws:lambda:us-east-1:063331379930:function:spirulina-dev-disconnect",
            "code_sha256": "ltjxFestk/FlFz6DU30JGZakrNRogtnKUyThfCI/+Us=",
            "code_signing_config_arn": "",
            "dead_letter_config": [],
            "description": "",
            "environment": [
              {
                "variables": {
                  "CONN_GSI": "gsi_conn",
                  "CONN_TABLE": "spirulina-pubsub",
                  "REGION": "us-east-1"
                }
              }
            ],
            "ephemeral_storage": [
              {
                "size": 512
              }
            ],
            "file_system_config": [],
            "filename": "./dist/disconnect.zip",
            "function_name": "spirulina-dev-disconnect",
            "handler": "handler.lambda_handler",
            "id": "spirulina-dev-disconnect",
            "image_config": [],
            "image_uri": "",
            "invoke_arn": "arn:aws:apigateway:us-east-1:lambda:path/2015-03-31/functions/arn:aws:lambda:us-east-1:063331379930:function:spirulina-dev-disconnect/invocations",
            "kms_key_arn": "",
            "last_modified": "2025-09-30T09:31:48.694+0000",
            "layers": [],
            "logging_config": [
              {
                "application_log_level": "",
                "log_format": "Text",
                "log_group": "/aws/lambda/spirulina-dev-disconnect",
                "system_log_level": ""
              }
            ],
            "memory_size": 128,
            "package_type": "Zip",
            "publish": false,
            "qualified_arn": "arn:aws:lambda:us-east-1:063331379930:function:spirulina-dev-disconnect:$LATEST",
            "qualified_invoke_arn": "arn:aws:apigateway:us-east-1:lambda:path/2015-03-31/functions/arn:aws:lambda:us-east-1:063331379930:function:spirulina-dev-disconnect:$LATEST/invocations",
            "replace_security_groups_on_destroy": null,
            "replacement_security_group_ids": null,
            "reserved_concurrent_executions": -1,
            "role": "arn:aws:iam::063331379930:role/LabRole",
            "runtime": "python3.12",
            "s3_bucket": null,
            "s3_key": null,
            "s3_object_version": null,
            "signing_job_arn": "",
            "signing_profile_version_arn": "",
            "skip_destroy": false,
            "snap_start": [],
            "source_code_hash": "",
            "source_code_size": 1190,
            "tags": {},
            "tags_all": {},
            "timeout": 10,
            "timeouts": null,
            "tracing_config": [
              {
                "mode": "PassThrough"
              }
            ],
            "version": "$LATEST",
            "vpc_config": [
              {
                "ipv6_allowed_for_dual_stack": false,
                "security_group_ids": [
                  "sg-0b9b0b16700e6e65f"
                ],
                "subnet_ids": [
                  "subnet-0af43a4539acfddcb",
                  "subnet-0f4c643307c8f2687"
                ],
                "vpc_id": "vpc-001c13fe47f9e6141"
              }
            ]
          },
          "sensitive_attributes": [],
          "identity_schema_version": 0,
          "private": "eyJlMmJmYjczMC1lY2FhLTExZTYtOGY4OC0zNDM2M2JjN2M0YzAiOnsiY3JlYXRlIjo2MDAwMDAwMDAwMDAsImRlbGV0ZSI6NjAwMDAwMDAwMDAwLCJ1cGRhdGUiOjYwMDAwMDAwMDAwMH19",
          "dependencies": [
            "aws_dynamodb_table.conns",
            "aws_secretsmanager_secret.db",
            "aws_secretsmanager_secret.scraper",
            "aws_security_group.lambda",
            "aws_sqs_queue.dlq",
            "aws_sqs_queue.main",
            "aws_subnet.private_a",
            "aws_subnet.private_b",
            "aws_vpc.main",
            "data.archive_file.disconnect_zip",
            "data.aws_iam_role.labrole"
          ]
        }
      ]
    },
    {
      "mode": "managed",
      "type": "aws_lambda_function",
      "name": "enqueue",
      "provider": "provider[\"registry.terraform.io/hashicorp/aws\"]",
      "instances": [
        {
          "schema_version": 0,
          "attributes": {
            "architectures": [
              "x86_64"
            ],
            "arn": "arn:aws:lambda:us-east-1:063331379930:function:spirulina-dev-enqueue",
            "code_sha256": "/Buhlb18JdlsAoOSjX0MmFadeOivFoqhEtkWiebyyzA=",
            "code_signing_config_arn": "",
            "dead_letter_config": [],
            "description": "",
            "environment": [
              {
                "variables": {
                  "QUEUE_URL": "https://sqs.us-east-1.amazonaws.com/063331379930/spirulina-snapshot-queue",
                  "REGION": "us-east-1"
                }
              }
            ],
            "ephemeral_storage": [
              {
                "size": 512
              }
            ],
            "file_system_config": [],
            "filename": "./dist/enqueue.zip",
            "function_name": "spirulina-dev-enqueue",
            "handler": "handler.lambda_handler",
            "id": "spirulina-dev-enqueue",
            "image_config": [],
            "image_uri": "",
            "invoke_arn": "arn:aws:apigateway:us-east-1:lambda:path/2015-03-31/functions/arn:aws:lambda:us-east-1:063331379930:function:spirulina-dev-enqueue/invocations",
            "kms_key_arn": "",
            "last_modified": "2025-09-30T09:31:24.962+0000",
            "layers": [],
            "logging_config": [
              {
                "application_log_level": "",
                "log_format": "Text",
                "log_group": "/aws/lambda/spirulina-dev-enqueue",
                "system_log_level": ""
              }
            ],
            "memory_size": 128,
            "package_type": "Zip",
            "publish": false,
            "qualified_arn": "arn:aws:lambda:us-east-1:063331379930:function:spirulina-dev-enqueue:$LATEST",
            "qualified_invoke_arn": "arn:aws:apigateway:us-east-1:lambda:path/2015-03-31/functions/arn:aws:lambda:us-east-1:063331379930:function:spirulina-dev-enqueue:$LATEST/invocations",
            "replace_security_groups_on_destroy": null,
            "replacement_security_group_ids": null,
            "reserved_concurrent_executions": -1,
            "role": "arn:aws:iam::063331379930:role/LabRole",
            "runtime": "python3.12",
            "s3_bucket": null,
            "s3_key": null,
            "s3_object_version": null,
            "signing_job_arn": "",
            "signing_profile_version_arn": "",
            "skip_destroy": false,
            "snap_start": [],
            "source_code_hash": "",
            "source_code_size": 1330,
            "tags": {},
            "tags_all": {},
            "timeout": 10,
            "timeouts": null,
            "tracing_config": [
              {
                "mode": "PassThrough"
              }
            ],
            "version": "$LATEST",
            "vpc_config": [
              {
                "ipv6_allowed_for_dual_stack": false,
                "security_group_ids": [
                  "sg-0b9b0b16700e6e65f"
                ],
                "subnet_ids": [
                  "subnet-0af43a4539acfddcb",
                  "subnet-0f4c643307c8f2687"
                ],
                "vpc_id": "vpc-001c13fe47f9e6141"
              }
            ]
          },
          "sensitive_attributes": [],
          "identity_schema_version": 0,
          "private": "eyJlMmJmYjczMC1lY2FhLTExZTYtOGY4OC0zNDM2M2JjN2M0YzAiOnsiY3JlYXRlIjo2MDAwMDAwMDAwMDAsImRlbGV0ZSI6NjAwMDAwMDAwMDAwLCJ1cGRhdGUiOjYwMDAwMDAwMDAwMH19",
          "dependencies": [
            "aws_dynamodb_table.conns",
            "aws_secretsmanager_secret.db",
            "aws_secretsmanager_secret.scraper",
            "aws_security_group.lambda",
            "aws_sqs_queue.dlq",
            "aws_sqs_queue.main",
            "aws_subnet.private_a",
            "aws_subnet.private_b",
            "aws_vpc.main",
            "data.archive_file.enqueue_zip",
            "data.aws_iam_role.labrole"
          ]
        }
      ]
    },
    {
      "mode": "managed",
      "type": "aws_lambda_function",
      "name": "schedule_enqueue",
      "provider": "provider[\"registry.terraform.io/hashicorp/aws\"]",
      "instances": [
        {
          "schema_version": 0,
          "attributes": {
            "architectures": [
              "x86_64"
            ],
            "arn": "arn:aws:lambda:us-east-1:063331379930:function:spirulina-dev-schedule-enqueue",
            "code_sha256": "9D7LhfZaV5CT44KIJOn2RBkji+KjS0NIZ3X4JMy5ZAA=",
            "code_signing_config_arn": "",
            "dead_letter_config": [],
            "description": "",
            "environment": [
              {
                "variables": {
                  "DB_SECRET_ARN": "arn:aws:secretsmanager:us-east-1:063331379930:secret:spirulina/db-FPuMQT",
                  "QUEUE_URL": "https://sqs.us-east-1.amazonaws.com/063331379930/spirulina-snapshot-queue",
                  "REGION": "us-east-1"
                }
              }
            ],
            "ephemeral_storage": [
              {
                "size": 512
              }
            ],
            "file_system_config": [],
            "filename": "./dist/schedule_enqueue.zip",
            "function_name": "spirulina-dev-schedule-enqueue",
            "handler": "handler.lambda_handler",
            "id": "spirulina-dev-schedule-enqueue",
            "image_config": [],
            "image_uri": "",
            "invoke_arn": "arn:aws:apigateway:us-east-1:lambda:path/2015-03-31/functions/arn:aws:lambda:us-east-1:063331379930:function:spirulina-dev-schedule-enqueue/invocations",
            "kms_key_arn": "",
            "last_modified": "2025-09-30T09:32:04.357+0000",
            "layers": [
              "arn:aws:lambda:us-east-1:063331379930:layer:spirulina-mysql:3",
              "arn:aws:lambda:us-east-1:063331379930:layer:spirulina-requests:3"
            ],
            "logging_config": [
              {
                "application_log_level": "",
                "log_format": "Text",
                "log_group": "/aws/lambda/spirulina-dev-schedule-enqueue",
                "system_log_level": ""
              }
            ],
            "memory_size": 256,
            "package_type": "Zip",
            "publish": false,
            "qualified_arn": "arn:aws:lambda:us-east-1:063331379930:function:spirulina-dev-schedule-enqueue:$LATEST",
            "qualified_invoke_arn": "arn:aws:apigateway:us-east-1:lambda:path/2015-03-31/functions/arn:aws:lambda:us-east-1:063331379930:function:spirulina-dev-schedule-enqueue:$LATEST/invocations",
            "replace_security_groups_on_destroy": null,
            "replacement_security_group_ids": null,
            "reserved_concurrent_executions": -1,
            "role": "arn:aws:iam::063331379930:role/LabRole",
            "runtime": "python3.12",
            "s3_bucket": null,
            "s3_key": null,
            "s3_object_version": null,
            "signing_job_arn": "",
            "signing_profile_version_arn": "",
            "skip_destroy": false,
            "snap_start": [],
            "source_code_hash": "",
            "source_code_size": 2565,
            "tags": {},
            "tags_all": {},
            "timeout": 30,
            "timeouts": null,
            "tracing_config": [
              {
                "mode": "PassThrough"
              }
            ],
            "version": "$LATEST",
            "vpc_config": [
              {
                "ipv6_allowed_for_dual_stack": false,
                "security_group_ids": [
                  "sg-0b9b0b16700e6e65f"
                ],
                "subnet_ids": [
                  "subnet-0af43a4539acfddcb",
                  "subnet-0f4c643307c8f2687"
                ],
                "vpc_id": "vpc-001c13fe47f9e6141"
              }
            ]
          },
          "sensitive_attributes": [],
          "identity_schema_version": 0,
          "private": "eyJlMmJmYjczMC1lY2FhLTExZTYtOGY4OC0zNDM2M2JjN2M0YzAiOnsiY3JlYXRlIjo2MDAwMDAwMDAwMDAsImRlbGV0ZSI6NjAwMDAwMDAwMDAwLCJ1cGRhdGUiOjYwMDAwMDAwMDAwMH19",
          "dependencies": [
            "aws_dynamodb_table.conns",
            "aws_lambda_layer_version.mysql_layer",
            "aws_lambda_layer_version.requests_layer",
            "aws_secretsmanager_secret.db",
            "aws_secretsmanager_secret.scraper",
            "aws_security_group.lambda",
            "aws_sqs_queue.dlq",
            "aws_sqs_queue.main",
            "aws_subnet.private_a",
            "aws_subnet.private_b",
            "aws_vpc.main",
            "data.archive_file.mysql_layer_zip",
            "data.archive_file.requests_layer_zip",
            "data.archive_file.schedule_enqueue_zip",
            "data.aws_iam_role.labrole"
          ]
        }
      ]
    },
    {
      "mode": "managed",
      "type": "aws_lambda_function",
      "name": "watchlist_read",
      "provider": "provider[\"registry.terraform.io/hashicorp/aws\"]",
      "instances": [
        {
          "schema_version": 0,
          "attributes": {
            "architectures": [
              "x86_64"
            ],
            "arn": "arn:aws:lambda:us-east-1:063331379930:function:spirulina-dev-watchlist-read",
            "code_sha256": "79gbqwgC6ZQMO5KxLdZWV1cp7aTN6Jz5U2c2+cuycP8=",
            "code_signing_config_arn": "",
            "dead_letter_config": [],
            "description": "",
            "environment": [
              {
                "variables": {
                  "DB_SECRET_ARN": "arn:aws:secretsmanager:us-east-1:063331379930:secret:spirulina/db-FPuMQT"
                }
              }
            ],
            "ephemeral_storage": [
              {
                "size": 512
              }
            ],
            "file_system_config": [],
            "filename": "./dist/watchlist.zip",
            "function_name": "spirulina-dev-watchlist-read",
            "handler": "handler.lambda_handler",
            "id": "spirulina-dev-watchlist-read",
            "image_config": [],
            "image_uri": "",
            "invoke_arn": "arn:aws:apigateway:us-east-1:lambda:path/2015-03-31/functions/arn:aws:lambda:us-east-1:063331379930:function:spirulina-dev-watchlist-read/invocations",
            "kms_key_arn": "",
            "last_modified": "2025-09-30T09:31:40.895+0000",
            "layers": [
              "arn:aws:lambda:us-east-1:063331379930:layer:spirulina-mysql:3"
            ],
            "logging_config": [
              {
                "application_log_level": "",
                "log_format": "Text",
                "log_group": "/aws/lambda/spirulina-dev-watchlist-read",
                "system_log_level": ""
              }
            ],
            "memory_size": 128,
            "package_type": "Zip",
            "publish": false,
            "qualified_arn": "arn:aws:lambda:us-east-1:063331379930:function:spirulina-dev-watchlist-read:$LATEST",
            "qualified_invoke_arn": "arn:aws:apigateway:us-east-1:lambda:path/2015-03-31/functions/arn:aws:lambda:us-east-1:063331379930:function:spirulina-dev-watchlist-read:$LATEST/invocations",
            "replace_security_groups_on_destroy": null,
            "replacement_security_group_ids": null,
            "reserved_concurrent_executions": -1,
            "role": "arn:aws:iam::063331379930:role/LabRole",
            "runtime": "python3.12",
            "s3_bucket": null,
            "s3_key": null,
            "s3_object_version": null,
            "signing_job_arn": "",
            "signing_profile_version_arn": "",
            "skip_destroy": false,
            "snap_start": [],
            "source_code_hash": "",
            "source_code_size": 1062,
            "tags": {},
            "tags_all": {},
            "timeout": 10,
            "timeouts": null,
            "tracing_config": [
              {
                "mode": "PassThrough"
              }
            ],
            "version": "$LATEST",
            "vpc_config": [
              {
                "ipv6_allowed_for_dual_stack": false,
                "security_group_ids": [
                  "sg-0b9b0b16700e6e65f"
                ],
                "subnet_ids": [
                  "subnet-0af43a4539acfddcb",
                  "subnet-0f4c643307c8f2687"
                ],
                "vpc_id": "vpc-001c13fe47f9e6141"
              }
            ]
          },
          "sensitive_attributes": [],
          "identity_schema_version": 0,
          "private": "eyJlMmJmYjczMC1lY2FhLTExZTYtOGY4OC0zNDM2M2JjN2M0YzAiOnsiY3JlYXRlIjo2MDAwMDAwMDAwMDAsImRlbGV0ZSI6NjAwMDAwMDAwMDAwLCJ1cGRhdGUiOjYwMDAwMDAwMDAwMH19",
          "dependencies": [
            "aws_dynamodb_table.conns",
            "aws_lambda_layer_version.mysql_layer",
            "aws_secretsmanager_secret.db",
            "aws_secretsmanager_secret.scraper",
            "aws_security_group.lambda",
            "aws_sqs_queue.dlq",
            "aws_sqs_queue.main",
            "aws_subnet.private_a",
            "aws_subnet.private_b",
            "aws_vpc.main",
            "data.archive_file.mysql_layer_zip",
            "data.archive_file.watchlist_zip",
            "data.aws_iam_role.labrole"
          ]
        }
      ]
    },
    {
      "mode": "managed",
      "type": "aws_lambda_function",
      "name": "watchlist_series",
      "provider": "provider[\"registry.terraform.io/hashicorp/aws\"]",
      "instances": [
        {
          "schema_version": 0,
          "attributes": {
            "architectures": [
              "x86_64"
            ],
            "arn": "arn:aws:lambda:us-east-1:063331379930:function:spirulina-dev-watchlist-series",
            "code_sha256": "S1jyFPO2L24+iJn50xuRneL9YWn0FRHJAvXnwjMBo1Y=",
            "code_signing_config_arn": "",
            "dead_letter_config": [],
            "description": "",
            "environment": [
              {
                "variables": {
                  "DB_SECRET_ARN": "arn:aws:secretsmanager:us-east-1:063331379930:secret:spirulina/db-FPuMQT",
                  "REGION": "us-east-1"
                }
              }
            ],
            "ephemeral_storage": [
              {
                "size": 512
              }
            ],
            "file_system_config": [],
            "filename": "./dist/watchlist_series.zip",
            "function_name": "spirulina-dev-watchlist-series",
            "handler": "handler.lambda_handler",
            "id": "spirulina-dev-watchlist-series",
            "image_config": [],
            "image_uri": "",
            "invoke_arn": "arn:aws:apigateway:us-east-1:lambda:path/2015-03-31/functions/arn:aws:lambda:us-east-1:063331379930:function:spirulina-dev-watchlist-series/invocations",
            "kms_key_arn": "",
            "last_modified": "2025-10-01T04:58:36.689+0000",
            "layers": [
              "arn:aws:lambda:us-east-1:063331379930:layer:spirulina-mysql:3"
            ],
            "logging_config": [
              {
                "application_log_level": "",
                "log_format": "Text",
                "log_group": "/aws/lambda/spirulina-dev-watchlist-series",
                "system_log_level": ""
              }
            ],
            "memory_size": 256,
            "package_type": "Zip",
            "publish": false,
            "qualified_arn": "arn:aws:lambda:us-east-1:063331379930:function:spirulina-dev-watchlist-series:$LATEST",
            "qualified_invoke_arn": "arn:aws:apigateway:us-east-1:lambda:path/2015-03-31/functions/arn:aws:lambda:us-east-1:063331379930:function:spirulina-dev-watchlist-series:$LATEST/invocations",
            "replace_security_groups_on_destroy": null,
            "replacement_security_group_ids": null,
            "reserved_concurrent_executions": -1,
            "role": "arn:aws:iam::063331379930:role/LabRole",
            "runtime": "python3.12",
            "s3_bucket": null,
            "s3_key": null,
            "s3_object_version": null,
            "signing_job_arn": "",
            "signing_profile_version_arn": "",
            "skip_destroy": false,
            "snap_start": [],
            "source_code_hash": "S1jyFPO2L24+iJn50xuRneL9YWn0FRHJAvXnwjMBo1Y=",
            "source_code_size": 1504,
            "tags": {},
            "tags_all": {},
            "timeout": 15,
            "timeouts": null,
            "tracing_config": [
              {
                "mode": "PassThrough"
              }
            ],
            "version": "$LATEST",
            "vpc_config": [
              {
                "ipv6_allowed_for_dual_stack": false,
                "security_group_ids": [
                  "sg-0b9b0b16700e6e65f"
                ],
                "subnet_ids": [
                  "subnet-0af43a4539acfddcb",
                  "subnet-0f4c643307c8f2687"
                ],
                "vpc_id": "vpc-001c13fe47f9e6141"
              }
            ]
          },
          "sensitive_attributes": [],
          "identity_schema_version": 0,
          "private": "eyJlMmJmYjczMC1lY2FhLTExZTYtOGY4OC0zNDM2M2JjN2M0YzAiOnsiY3JlYXRlIjo2MDAwMDAwMDAwMDAsImRlbGV0ZSI6NjAwMDAwMDAwMDAwLCJ1cGRhdGUiOjYwMDAwMDAwMDAwMH19",
          "dependencies": [
            "aws_dynamodb_table.conns",
            "aws_lambda_layer_version.mysql_layer",
            "aws_secretsmanager_secret.db",
            "aws_secretsmanager_secret.scraper",
            "aws_security_group.lambda",
            "aws_sqs_queue.dlq",
            "aws_sqs_queue.main",
            "aws_subnet.private_a",
            "aws_subnet.private_b",
            "aws_vpc.main",
            "data.archive_file.mysql_layer_zip",
            "data.archive_file.watchlist_series_zip",
            "data.aws_iam_role.labrole"
          ]
        }
      ]
    },
    {
      "mode": "managed",
      "type": "aws_lambda_function",
      "name": "worker",
      "provider": "provider[\"registry.terraform.io/hashicorp/aws\"]",
      "instances": [
        {
          "schema_version": 0,
          "attributes": {
            "architectures": [
              "x86_64"
            ],
            "arn": "arn:aws:lambda:us-east-1:063331379930:function:spirulina-dev-worker",
            "code_sha256": "kYv50VAgkwmfZATNHdHqyOFfP9VDfMZVYJ97v3uc9r4=",
            "code_signing_config_arn": "",
            "dead_letter_config": [],
            "description": "",
            "environment": [
              {
                "variables": {
                  "CONN_TABLE": "spirulina-pubsub",
                  "DB_SECRET_ARN": "arn:aws:secretsmanager:us-east-1:063331379930:secret:spirulina/db-FPuMQT",
                  "REGION": "us-east-1",
                  "SCRAPER_SECRET_ARN": "arn:aws:secretsmanager:us-east-1:063331379930:secret:spirulina/scraper-A6sSO1",
                  "WS_ENDPOINT": "https://sdzrplzis6.execute-api.us-east-1.amazonaws.com/production"
                }
              }
            ],
            "ephemeral_storage": [
              {
                "size": 512
              }
            ],
            "file_system_config": [],
            "filename": "./dist/worker.zip",
            "function_name": "spirulina-dev-worker",
            "handler": "handler.lambda_handler",
            "id": "spirulina-dev-worker",
            "image_config": [],
            "image_uri": "",
            "invoke_arn": "arn:aws:apigateway:us-east-1:lambda:path/2015-03-31/functions/arn:aws:lambda:us-east-1:063331379930:function:spirulina-dev-worker/invocations",
            "kms_key_arn": "",
            "last_modified": "2025-09-30T09:31:32.918+0000",
            "layers": [
              "arn:aws:lambda:us-east-1:063331379930:layer:spirulina-mysql:3",
              "arn:aws:lambda:us-east-1:063331379930:layer:spirulina-requests:3",
              "arn:aws:lambda:us-east-1:063331379930:layer:beautifulsoup4:3"
            ],
            "logging_config": [
              {
                "application_log_level": "",
                "log_format": "Text",
                "log_group": "/aws/lambda/spirulina-dev-worker",
                "system_log_level": ""
              }
            ],
            "memory_size": 1024,
            "package_type": "Zip",
            "publish": false,
            "qualified_arn": "arn:aws:lambda:us-east-1:063331379930:function:spirulina-dev-worker:$LATEST",
            "qualified_invoke_arn": "arn:aws:apigateway:us-east-1:lambda:path/2015-03-31/functions/arn:aws:lambda:us-east-1:063331379930:function:spirulina-dev-worker:$LATEST/invocations",
            "replace_security_groups_on_destroy": null,
            "replacement_security_group_ids": null,
            "reserved_concurrent_executions": -1,
            "role": "arn:aws:iam::063331379930:role/LabRole",
            "runtime": "python3.12",
            "s3_bucket": null,
            "s3_key": null,
            "s3_object_version": null,
            "signing_job_arn": "",
            "signing_profile_version_arn": "",
            "skip_destroy": false,
            "snap_start": [],
            "source_code_hash": "",
            "source_code_size": 6914,
            "tags": {},
            "tags_all": {},
            "timeout": 180,
            "timeouts": null,
            "tracing_config": [
              {
                "mode": "PassThrough"
              }
            ],
            "version": "$LATEST",
            "vpc_config": [
              {
                "ipv6_allowed_for_dual_stack": false,
                "security_group_ids": [
                  "sg-0b9b0b16700e6e65f"
                ],
                "subnet_ids": [
                  "subnet-0af43a4539acfddcb",
                  "subnet-0f4c643307c8f2687"
                ],
                "vpc_id": "vpc-001c13fe47f9e6141"
              }
            ]
          },
          "sensitive_attributes": [],
          "identity_schema_version": 0,
          "private": "eyJlMmJmYjczMC1lY2FhLTExZTYtOGY4OC0zNDM2M2JjN2M0YzAiOnsiY3JlYXRlIjo2MDAwMDAwMDAwMDAsImRlbGV0ZSI6NjAwMDAwMDAwMDAwLCJ1cGRhdGUiOjYwMDAwMDAwMDAwMH19",
          "dependencies": [
            "aws_apigatewayv2_api.ws",
            "aws_apigatewayv2_stage.ws_prod",
            "aws_dynamodb_table.conns",
            "aws_lambda_layer_version.bs4",
            "aws_lambda_layer_version.mysql_layer",
            "aws_lambda_layer_version.requests_layer",
            "aws_secretsmanager_secret.db",
            "aws_secretsmanager_secret.scraper",
            "aws_security_group.lambda",
            "aws_sqs_queue.dlq",
            "aws_sqs_queue.main",
            "aws_subnet.private_a",
            "aws_subnet.private_b",
            "aws_vpc.main",
            "data.archive_file.mysql_layer_zip",
            "data.archive_file.requests_layer_zip",
            "data.archive_file.worker_zip",
            "data.aws_iam_role.labrole"
          ]
        }
      ]
    },
    {
      "mode": "managed",
      "type": "aws_lambda_layer_version",
      "name": "bs4",
      "provider": "provider[\"registry.terraform.io/hashicorp/aws\"]",
      "instances": [
        {
          "schema_version": 0,
          "attributes": {
            "arn": "arn:aws:lambda:us-east-1:063331379930:layer:beautifulsoup4:3",
            "code_sha256": "IxV3o49s/LETVWoeGsui0aXELy/40AUwkkvz5vvGIPs=",
            "compatible_architectures": [],
            "compatible_runtimes": [
              "python3.12"
            ],
            "created_date": "2025-09-30T09:26:46.327+0000",
            "description": "BeautifulSoup4 + soupsieve for Python Lambda",
            "filename": "./layers/bs4_layer.zip",
            "id": "arn:aws:lambda:us-east-1:063331379930:layer:beautifulsoup4:3",
            "layer_arn": "arn:aws:lambda:us-east-1:063331379930:layer:beautifulsoup4",
            "layer_name": "beautifulsoup4",
            "license_info": "",
            "s3_bucket": null,
            "s3_key": null,
            "s3_object_version": null,
            "signing_job_arn": "",
            "signing_profile_version_arn": "",
            "skip_destroy": false,
            "source_code_hash": "",
            "source_code_size": 491950,
            "version": "3"
          },
          "sensitive_attributes": [],
          "identity_schema_version": 0,
          "private": "bnVsbA=="
        }
      ]
    },
    {
      "mode": "managed",
      "type": "aws_lambda_layer_version",
      "name": "mysql_layer",
      "provider": "provider[\"registry.terraform.io/hashicorp/aws\"]",
      "instances": [
        {
          "schema_version": 0,
          "attributes": {
            "arn": "arn:aws:lambda:us-east-1:063331379930:layer:spirulina-mysql:3",
            "code_sha256": "3exoJMVz0lyl+BTc0TE+OBQ3585HlogGN4eHQ1b0cLM=",
            "compatible_architectures": [],
            "compatible_runtimes": [
              "python3.12"
            ],
            "created_date": "2025-09-30T09:26:52.345+0000",
            "description": "",
            "filename": "./mysql_layer.zip",
            "id": "arn:aws:lambda:us-east-1:063331379930:layer:spirulina-mysql:3",
            "layer_arn": "arn:aws:lambda:us-east-1:063331379930:layer:spirulina-mysql",
            "layer_name": "spirulina-mysql",
            "license_info": "",
            "s3_bucket": null,
            "s3_key": null,
            "s3_object_version": null,
            "signing_job_arn": "",
            "signing_profile_version_arn": "",
            "skip_destroy": false,
            "source_code_hash": "",
            "source_code_size": 137731,
            "version": "3"
          },
          "sensitive_attributes": [],
          "identity_schema_version": 0,
          "private": "bnVsbA==",
          "dependencies": [
            "data.archive_file.mysql_layer_zip"
          ]
        }
      ]
    },
    {
      "mode": "managed",
      "type": "aws_lambda_layer_version",
      "name": "requests_layer",
      "provider": "provider[\"registry.terraform.io/hashicorp/aws\"]",
      "instances": [
        {
          "schema_version": 0,
          "attributes": {
            "arn": "arn:aws:lambda:us-east-1:063331379930:layer:spirulina-requests:3",
            "code_sha256": "SA/8hGLywJcT/m/D2QuCXIiWGYsdVjZabWLFox1M6EI=",
            "compatible_architectures": [],
            "compatible_runtimes": [
              "python3.12"
            ],
            "created_date": "2025-09-30T09:26:56.963+0000",
            "description": "",
            "filename": "./requests_layer.zip",
            "id": "arn:aws:lambda:us-east-1:063331379930:layer:spirulina-requests:3",
            "layer_arn": "arn:aws:lambda:us-east-1:063331379930:layer:spirulina-requests",
            "layer_name": "spirulina-requests",
            "license_info": "",
            "s3_bucket": null,
            "s3_key": null,
            "s3_object_version": null,
            "signing_job_arn": "",
            "signing_profile_version_arn": "",
            "skip_destroy": false,
            "source_code_hash": "",
            "source_code_size": 1077941,
            "version": "3"
          },
          "sensitive_attributes": [],
          "identity_schema_version": 0,
          "private": "bnVsbA==",
          "dependencies": [
            "data.archive_file.requests_layer_zip"
          ]
        }
      ]
    },
    {
      "mode": "managed",
      "type": "aws_lambda_permission",
      "name": "allow_events_invoke_schedule_enqueue",
      "provider": "provider[\"registry.terraform.io/hashicorp/aws\"]",
      "instances": [
        {
          "schema_version": 0,
          "attributes": {
            "action": "lambda:InvokeFunction",
            "event_source_token": null,
            "function_name": "spirulina-dev-schedule-enqueue",
            "function_url_auth_type": null,
            "id": "AllowExecutionFromEventBridgeEvery4h",
            "principal": "events.amazonaws.com",
            "principal_org_id": null,
            "qualifier": "",
            "source_account": null,
            "source_arn": "arn:aws:events:us-east-1:063331379930:rule/spirulina-dev-every-4h",
            "statement_id": "AllowExecutionFromEventBridgeEvery4h",
            "statement_id_prefix": ""
          },
          "sensitive_attributes": [],
          "identity_schema_version": 0,
          "private": "bnVsbA==",
          "dependencies": [
            "aws_cloudwatch_event_rule.every_4h",
            "aws_dynamodb_table.conns",
            "aws_lambda_function.schedule_enqueue",
            "aws_lambda_layer_version.mysql_layer",
            "aws_lambda_layer_version.requests_layer",
            "aws_secretsmanager_secret.db",
            "aws_secretsmanager_secret.scraper",
            "aws_security_group.lambda",
            "aws_sqs_queue.dlq",
            "aws_sqs_queue.main",
            "aws_subnet.private_a",
            "aws_subnet.private_b",
            "aws_vpc.main",
            "data.archive_file.mysql_layer_zip",
            "data.archive_file.requests_layer_zip",
            "data.archive_file.schedule_enqueue_zip",
            "data.aws_iam_role.labrole"
          ]
        }
      ]
    },
    {
      "mode": "managed",
      "type": "aws_lambda_permission",
      "name": "api_invoke",
      "provider": "provider[\"registry.terraform.io/hashicorp/aws\"]",
      "instances": [
        {
          "index_key": "delete_watchlist",
          "schema_version": 0,
          "attributes": {
            "action": "lambda:InvokeFunction",
            "event_source_token": null,
            "function_name": "spirulina-dev-delete-watchlist",
            "function_url_auth_type": null,
            "id": "AllowAPIGInvoke-delete_watchlist",
            "principal": "apigateway.amazonaws.com",
            "principal_org_id": null,
            "qualifier": "",
            "source_account": null,
            "source_arn": "arn:aws:execute-api:us-east-1:063331379930:sa0cp2a3r8/*/*",
            "statement_id": "AllowAPIGInvoke-delete_watchlist",
            "statement_id_prefix": ""
          },
          "sensitive_attributes": [],
          "identity_schema_version": 0,
          "private": "bnVsbA==",
          "dependencies": [
            "aws_apigatewayv2_api.http",
            "aws_dynamodb_table.conns",
            "aws_lambda_function.delete_watchlist",
            "aws_lambda_function.enqueue",
            "aws_lambda_function.watchlist_read",
            "aws_lambda_function.watchlist_series",
            "aws_lambda_layer_version.mysql_layer",
            "aws_lambda_layer_version.requests_layer",
            "aws_secretsmanager_secret.db",
            "aws_secretsmanager_secret.scraper",
            "aws_security_group.lambda",
            "aws_sqs_queue.dlq",
            "aws_sqs_queue.main",
            "aws_subnet.private_a",
            "aws_subnet.private_b",
            "aws_vpc.main",
            "data.archive_file.delete_watchlist_zip",
            "data.archive_file.enqueue_zip",
            "data.archive_file.mysql_layer_zip",
            "data.archive_file.requests_layer_zip",
            "data.archive_file.watchlist_series_zip",
            "data.archive_file.watchlist_zip",
            "data.aws_iam_role.labrole"
          ]
        },
        {
          "index_key": "enqueue",
          "schema_version": 0,
          "attributes": {
            "action": "lambda:InvokeFunction",
            "event_source_token": null,
            "function_name": "spirulina-dev-enqueue",
            "function_url_auth_type": null,
            "id": "AllowAPIGInvoke-enqueue",
            "principal": "apigateway.amazonaws.com",
            "principal_org_id": null,
            "qualifier": "",
            "source_account": null,
            "source_arn": "arn:aws:execute-api:us-east-1:063331379930:sa0cp2a3r8/*/*",
            "statement_id": "AllowAPIGInvoke-enqueue",
            "statement_id_prefix": ""
          },
          "sensitive_attributes": [],
          "identity_schema_version": 0,
          "private": "bnVsbA==",
          "dependencies": [
            "aws_apigatewayv2_api.http",
            "aws_dynamodb_table.conns",
            "aws_lambda_function.delete_watchlist",
            "aws_lambda_function.enqueue",
            "aws_lambda_function.watchlist_read",
            "aws_lambda_function.watchlist_series",
            "aws_lambda_layer_version.mysql_layer",
            "aws_lambda_layer_version.requests_layer",
            "aws_secretsmanager_secret.db",
            "aws_secretsmanager_secret.scraper",
            "aws_security_group.lambda",
            "aws_sqs_queue.dlq",
            "aws_sqs_queue.main",
            "aws_subnet.private_a",
            "aws_subnet.private_b",
            "aws_vpc.main",
            "data.archive_file.delete_watchlist_zip",
            "data.archive_file.enqueue_zip",
            "data.archive_file.mysql_layer_zip",
            "data.archive_file.requests_layer_zip",
            "data.archive_file.watchlist_series_zip",
            "data.archive_file.watchlist_zip",
            "data.aws_iam_role.labrole"
          ]
        },
        {
          "index_key": "watchlist_read",
          "schema_version": 0,
          "attributes": {
            "action": "lambda:InvokeFunction",
            "event_source_token": null,
            "function_name": "spirulina-dev-watchlist-read",
            "function_url_auth_type": null,
            "id": "AllowAPIGInvoke-watchlist_read",
            "principal": "apigateway.amazonaws.com",
            "principal_org_id": null,
            "qualifier": "",
            "source_account": null,
            "source_arn": "arn:aws:execute-api:us-east-1:063331379930:sa0cp2a3r8/*/*",
            "statement_id": "AllowAPIGInvoke-watchlist_read",
            "statement_id_prefix": ""
          },
          "sensitive_attributes": [],
          "identity_schema_version": 0,
          "private": "bnVsbA==",
          "dependencies": [
            "aws_apigatewayv2_api.http",
            "aws_dynamodb_table.conns",
            "aws_lambda_function.delete_watchlist",
            "aws_lambda_function.enqueue",
            "aws_lambda_function.watchlist_read",
            "aws_lambda_function.watchlist_series",
            "aws_lambda_layer_version.mysql_layer",
            "aws_lambda_layer_version.requests_layer",
            "aws_secretsmanager_secret.db",
            "aws_secretsmanager_secret.scraper",
            "aws_security_group.lambda",
            "aws_sqs_queue.dlq",
            "aws_sqs_queue.main",
            "aws_subnet.private_a",
            "aws_subnet.private_b",
            "aws_vpc.main",
            "data.archive_file.delete_watchlist_zip",
            "data.archive_file.enqueue_zip",
            "data.archive_file.mysql_layer_zip",
            "data.archive_file.requests_layer_zip",
            "data.archive_file.watchlist_series_zip",
            "data.archive_file.watchlist_zip",
            "data.aws_iam_role.labrole"
          ]
        },
        {
          "index_key": "watchlist_series",
          "schema_version": 0,
          "attributes": {
            "action": "lambda:InvokeFunction",
            "event_source_token": null,
            "function_name": "spirulina-dev-watchlist-series",
            "function_url_auth_type": null,
            "id": "AllowAPIGInvoke-watchlist_series",
            "principal": "apigateway.amazonaws.com",
            "principal_org_id": null,
            "qualifier": "",
            "source_account": null,
            "source_arn": "arn:aws:execute-api:us-east-1:063331379930:sa0cp2a3r8/*/*",
            "statement_id": "AllowAPIGInvoke-watchlist_series",
            "statement_id_prefix": ""
          },
          "sensitive_attributes": [],
          "identity_schema_version": 0,
          "private": "bnVsbA==",
          "dependencies": [
            "aws_apigatewayv2_api.http",
            "aws_dynamodb_table.conns",
            "aws_lambda_function.delete_watchlist",
            "aws_lambda_function.enqueue",
            "aws_lambda_function.watchlist_read",
            "aws_lambda_function.watchlist_series",
            "aws_lambda_layer_version.mysql_layer",
            "aws_lambda_layer_version.requests_layer",
            "aws_secretsmanager_secret.db",
            "aws_secretsmanager_secret.scraper",
            "aws_security_group.lambda",
            "aws_sqs_queue.dlq",
            "aws_sqs_queue.main",
            "aws_subnet.private_a",
            "aws_subnet.private_b",
            "aws_vpc.main",
            "data.archive_file.delete_watchlist_zip",
            "data.archive_file.enqueue_zip",
            "data.archive_file.mysql_layer_zip",
            "data.archive_file.requests_layer_zip",
            "data.archive_file.watchlist_series_zip",
            "data.archive_file.watchlist_zip",
            "data.aws_iam_role.labrole"
          ]
        }
      ]
    },
    {
      "mode": "managed",
      "type": "aws_lambda_permission",
      "name": "ws_connect",
      "provider": "provider[\"registry.terraform.io/hashicorp/aws\"]",
      "instances": [
        {
          "schema_version": 0,
          "attributes": {
            "action": "lambda:InvokeFunction",
            "event_source_token": null,
            "function_name": "spirulina-dev-connect",
            "function_url_auth_type": null,
            "id": "AllowWSConnectInvoke",
            "principal": "apigateway.amazonaws.com",
            "principal_org_id": null,
            "qualifier": "",
            "source_account": null,
            "source_arn": "arn:aws:execute-api:us-east-1:063331379930:sdzrplzis6/*",
            "statement_id": "AllowWSConnectInvoke",
            "statement_id_prefix": ""
          },
          "sensitive_attributes": [],
          "identity_schema_version": 0,
          "private": "bnVsbA==",
          "dependencies": [
            "aws_apigatewayv2_api.ws",
            "aws_dynamodb_table.conns",
            "aws_lambda_function.connect",
            "aws_secretsmanager_secret.db",
            "aws_secretsmanager_secret.scraper",
            "aws_security_group.lambda",
            "aws_sqs_queue.dlq",
            "aws_sqs_queue.main",
            "aws_subnet.private_a",
            "aws_subnet.private_b",
            "aws_vpc.main",
            "data.archive_file.connect_zip",
            "data.aws_iam_role.labrole"
          ]
        }
      ]
    },
    {
      "mode": "managed",
      "type": "aws_lambda_permission",
      "name": "ws_disconnect",
      "provider": "provider[\"registry.terraform.io/hashicorp/aws\"]",
      "instances": [
        {
          "schema_version": 0,
          "attributes": {
            "action": "lambda:InvokeFunction",
            "event_source_token": null,
            "function_name": "spirulina-dev-disconnect",
            "function_url_auth_type": null,
            "id": "AllowWSDisconnectInvoke",
            "principal": "apigateway.amazonaws.com",
            "principal_org_id": null,
            "qualifier": "",
            "source_account": null,
            "source_arn": "arn:aws:execute-api:us-east-1:063331379930:sdzrplzis6/*",
            "statement_id": "AllowWSDisconnectInvoke",
            "statement_id_prefix": ""
          },
          "sensitive_attributes": [],
          "identity_schema_version": 0,
          "private": "bnVsbA==",
          "dependencies": [
            "aws_apigatewayv2_api.ws",
            "aws_dynamodb_table.conns",
            "aws_lambda_function.disconnect",
            "aws_secretsmanager_secret.db",
            "aws_secretsmanager_secret.scraper",
            "aws_security_group.lambda",
            "aws_sqs_queue.dlq",
            "aws_sqs_queue.main",
            "aws_subnet.private_a",
            "aws_subnet.private_b",
            "aws_vpc.main",
            "data.archive_file.disconnect_zip",
            "data.aws_iam_role.labrole"
          ]
        }
      ]
    },
    {
      "mode": "managed",
      "type": "aws_launch_template",
      "name": "app",
      "provider": "provider[\"registry.terraform.io/hashicorp/aws\"]",
      "instances": [
        {
          "schema_version": 0,
          "attributes": {
            "arn": "arn:aws:ec2:us-east-1:063331379930:launch-template/lt-09ed444bf1f899ff4",
            "block_device_mappings": [],
            "capacity_reservation_specification": [],
            "cpu_options": [],
            "credit_specification": [],
            "default_version": 1,
            "description": "",
            "disable_api_stop": false,
            "disable_api_termination": false,
            "ebs_optimized": "",
            "elastic_gpu_specifications": [],
            "elastic_inference_accelerator": [],
            "enclave_options": [],
            "hibernation_options": [],
            "iam_instance_profile": [],
            "id": "lt-09ed444bf1f899ff4",
            "image_id": "ami-0b9755dd9758b73ce",
            "instance_initiated_shutdown_behavior": "",
            "instance_market_options": [],
            "instance_requirements": [],
            "instance_type": "t3.micro",
            "kernel_id": "",
            "key_name": "",
            "latest_version": 2,
            "license_specification": [],
            "maintenance_options": [],
            "metadata_options": [],
            "monitoring": [],
            "name": "spirulina-dev-app-20250930065207105500000005",
            "name_prefix": "spirulina-dev-app-",
            "network_interfaces": [
              {
                "associate_carrier_ip_address": "",
                "associate_public_ip_address": "false",
                "connection_tracking_specification": [],
                "delete_on_termination": "",
                "description": "",
                "device_index": 0,
                "ena_srd_specification": [],
                "interface_type": "",
                "ipv4_address_count": 0,
                "ipv4_addresses": [],
                "ipv4_prefix_count": 0,
                "ipv4_prefixes": [],
                "ipv6_address_count": 0,
                "ipv6_addresses": [],
                "ipv6_prefix_count": 0,
                "ipv6_prefixes": [],
                "network_card_index": 0,
                "network_interface_id": "",
                "primary_ipv6": "",
                "private_ip_address": "",
                "security_groups": [
                  "sg-00713ddb4c3ae1ef2"
                ],
                "subnet_id": ""
              }
            ],
            "placement": [],
            "private_dns_name_options": [],
            "ram_disk_id": "",
            "security_group_names": [],
            "tag_specifications": [
              {
                "resource_type": "instance",
                "tags": {
                  "Env": "dev",
                  "Name": "spirulina-dev-app",
                  "Project": "spirulina"
                }
              }
            ],
            "tags": {},
            "tags_all": {},
            "update_default_version": null,
            "user_data": "IyEvYmluL2Jhc2gNCmRuZiAteSB1cGRhdGUNCmRuZiAteSBpbnN0YWxsIG5naW54DQplY2hvICI8aDE+c3BpcnVsaW5hIGRldiBhcHAgc2VydmVyPC9oMT4iID4gL3Vzci9zaGFyZS9uZ2lueC9odG1sL2luZGV4Lmh0bWwNCnN5c3RlbWN0bCBlbmFibGUgLS1ub3cgbmdpbngNCg==",
            "vpc_security_group_ids": []
          },
          "sensitive_attributes": [],
          "identity_schema_version": 0,
          "private": "bnVsbA==",
          "dependencies": [
            "aws_security_group.alb",
            "aws_security_group.app",
            "aws_vpc.main",
            "data.aws_ami.al2023"
          ],
          "create_before_destroy": true
        }
      ]
    },
    {
      "mode": "managed",
      "type": "aws_lb",
      "name": "app",
      "provider": "provider[\"registry.terraform.io/hashicorp/aws\"]",
      "instances": [
        {
          "schema_version": 0,
          "attributes": {
            "access_logs": [
              {
                "bucket": "",
                "enabled": false,
                "prefix": ""
              }
            ],
            "arn": "arn:aws:elasticloadbalancing:us-east-1:063331379930:loadbalancer/app/spirulina-dev-alb/5d2b629d3202c536",
            "arn_suffix": "app/spirulina-dev-alb/5d2b629d3202c536",
            "client_keep_alive": 3600,
            "connection_logs": [
              {
                "bucket": "",
                "enabled": false,
                "prefix": ""
              }
            ],
            "customer_owned_ipv4_pool": "",
            "desync_mitigation_mode": "defensive",
            "dns_name": "spirulina-dev-alb-120107372.us-east-1.elb.amazonaws.com",
            "dns_record_client_routing_policy": null,
            "drop_invalid_header_fields": false,
            "enable_cross_zone_load_balancing": true,
            "enable_deletion_protection": false,
            "enable_http2": true,
            "enable_tls_version_and_cipher_suite_headers": false,
            "enable_waf_fail_open": false,
            "enable_xff_client_port": false,
            "enable_zonal_shift": false,
            "enforce_security_group_inbound_rules_on_private_link_traffic": "",
            "id": "arn:aws:elasticloadbalancing:us-east-1:063331379930:loadbalancer/app/spirulina-dev-alb/5d2b629d3202c536",
            "idle_timeout": 60,
            "internal": false,
            "ip_address_type": "ipv4",
            "ipam_pools": [],
            "load_balancer_type": "application",
            "minimum_load_balancer_capacity": [],
            "name": "spirulina-dev-alb",
            "name_prefix": "",
            "preserve_host_header": false,
            "security_groups": [
              "sg-007ee92a0c4155bde"
            ],
            "subnet_mapping": [
              {
                "allocation_id": "",
                "ipv6_address": "",
                "outpost_id": "",
                "private_ipv4_address": "",
                "subnet_id": "subnet-073fa6598db34af72"
              },
              {
                "allocation_id": "",
                "ipv6_address": "",
                "outpost_id": "",
                "private_ipv4_address": "",
                "subnet_id": "subnet-07b147239129a03aa"
              }
            ],
            "subnets": [
              "subnet-073fa6598db34af72",
              "subnet-07b147239129a03aa"
            ],
            "tags": {
              "Env": "dev",
              "Name": "spirulina-dev-alb",
              "Project": "spirulina"
            },
            "tags_all": {
              "Env": "dev",
              "Name": "spirulina-dev-alb",
              "Project": "spirulina"
            },
            "timeouts": null,
            "vpc_id": "vpc-001c13fe47f9e6141",
            "xff_header_processing_mode": "append",
            "zone_id": "Z35SXDOTRQ7X7K"
          },
          "sensitive_attributes": [],
          "identity_schema_version": 0,
          "private": "eyJlMmJmYjczMC1lY2FhLTExZTYtOGY4OC0zNDM2M2JjN2M0YzAiOnsiY3JlYXRlIjo2MDAwMDAwMDAwMDAsImRlbGV0ZSI6NjAwMDAwMDAwMDAwLCJ1cGRhdGUiOjYwMDAwMDAwMDAwMH19",
          "dependencies": [
            "aws_security_group.alb",
            "aws_subnet.public_a",
            "aws_subnet.public_b",
            "aws_vpc.main"
          ],
          "create_before_destroy": true
        }
      ]
    },
    {
      "mode": "managed",
      "type": "aws_lb_listener",
      "name": "http",
      "provider": "provider[\"registry.terraform.io/hashicorp/aws\"]",
      "instances": [
        {
          "schema_version": 0,
          "attributes": {
            "alpn_policy": null,
            "arn": "arn:aws:elasticloadbalancing:us-east-1:063331379930:listener/app/spirulina-dev-alb/5d2b629d3202c536/1bcfa4555d17b7fe",
            "certificate_arn": null,
            "default_action": [
              {
                "authenticate_cognito": [],
                "authenticate_oidc": [],
                "fixed_response": [],
                "forward": [],
                "order": 1,
                "redirect": [],
                "target_group_arn": "arn:aws:elasticloadbalancing:us-east-1:063331379930:targetgroup/spirulina-dev-tg/bac9c8a0f537ceac",
                "type": "forward"
              }
            ],
            "id": "arn:aws:elasticloadbalancing:us-east-1:063331379930:listener/app/spirulina-dev-alb/5d2b629d3202c536/1bcfa4555d17b7fe",
            "load_balancer_arn": "arn:aws:elasticloadbalancing:us-east-1:063331379930:loadbalancer/app/spirulina-dev-alb/5d2b629d3202c536",
            "mutual_authentication": [],
            "port": 80,
            "protocol": "HTTP",
            "routing_http_request_x_amzn_mtls_clientcert_header_name": null,
            "routing_http_request_x_amzn_mtls_clientcert_issuer_header_name": null,
            "routing_http_request_x_amzn_mtls_clientcert_leaf_header_name": null,
            "routing_http_request_x_amzn_mtls_clientcert_serial_number_header_name": null,
            "routing_http_request_x_amzn_mtls_clientcert_subject_header_name": null,
            "routing_http_request_x_amzn_mtls_clientcert_validity_header_name": null,
            "routing_http_request_x_amzn_tls_cipher_suite_header_name": null,
            "routing_http_request_x_amzn_tls_version_header_name": null,
            "routing_http_response_access_control_allow_credentials_header_value": "",
            "routing_http_response_access_control_allow_headers_header_value": "",
            "routing_http_response_access_control_allow_methods_header_value": "",
            "routing_http_response_access_control_allow_origin_header_value": "",
            "routing_http_response_access_control_expose_headers_header_value": "",
            "routing_http_response_access_control_max_age_header_value": "",
            "routing_http_response_content_security_policy_header_value": "",
            "routing_http_response_server_enabled": true,
            "routing_http_response_strict_transport_security_header_value": "",
            "routing_http_response_x_content_type_options_header_value": "",
            "routing_http_response_x_frame_options_header_value": "",
            "ssl_policy": "",
            "tags": {},
            "tags_all": {},
            "tcp_idle_timeout_seconds": null,
            "timeouts": null
          },
          "sensitive_attributes": [],
          "identity_schema_version": 0,
          "private": "eyJlMmJmYjczMC1lY2FhLTExZTYtOGY4OC0zNDM2M2JjN2M0YzAiOnsiY3JlYXRlIjozMDAwMDAwMDAwMDAsInVwZGF0ZSI6MzAwMDAwMDAwMDAwfX0=",
          "dependencies": [
            "aws_lb.app",
            "aws_lb_target_group.app",
            "aws_security_group.alb",
            "aws_subnet.public_a",
            "aws_subnet.public_b",
            "aws_vpc.main"
          ],
          "create_before_destroy": true
        }
      ]
    },
    {
      "mode": "managed",
      "type": "aws_lb_target_group",
      "name": "app",
      "provider": "provider[\"registry.terraform.io/hashicorp/aws\"]",
      "instances": [
        {
          "schema_version": 0,
          "attributes": {
            "arn": "arn:aws:elasticloadbalancing:us-east-1:063331379930:targetgroup/spirulina-dev-tg/bac9c8a0f537ceac",
            "arn_suffix": "targetgroup/spirulina-dev-tg/bac9c8a0f537ceac",
            "connection_termination": null,
            "deregistration_delay": "300",
            "health_check": [
              {
                "enabled": true,
                "healthy_threshold": 2,
                "interval": 30,
                "matcher": "200-399",
                "path": "/",
                "port": "traffic-port",
                "protocol": "HTTP",
                "timeout": 5,
                "unhealthy_threshold": 5
              }
            ],
            "id": "arn:aws:elasticloadbalancing:us-east-1:063331379930:targetgroup/spirulina-dev-tg/bac9c8a0f537ceac",
            "ip_address_type": "ipv4",
            "lambda_multi_value_headers_enabled": false,
            "load_balancer_arns": [
              "arn:aws:elasticloadbalancing:us-east-1:063331379930:loadbalancer/app/spirulina-dev-alb/5d2b629d3202c536"
            ],
            "load_balancing_algorithm_type": "round_robin",
            "load_balancing_anomaly_mitigation": "off",
            "load_balancing_cross_zone_enabled": "use_load_balancer_configuration",
            "name": "spirulina-dev-tg",
            "name_prefix": "",
            "port": 80,
            "preserve_client_ip": null,
            "protocol": "HTTP",
            "protocol_version": "HTTP1",
            "proxy_protocol_v2": false,
            "slow_start": 0,
            "stickiness": [
              {
                "cookie_duration": 86400,
                "cookie_name": "",
                "enabled": false,
                "type": "lb_cookie"
              }
            ],
            "tags": {
              "Env": "dev",
              "Name": "spirulina-dev-tg",
              "Project": "spirulina"
            },
            "tags_all": {
              "Env": "dev",
              "Name": "spirulina-dev-tg",
              "Project": "spirulina"
            },
            "target_failover": [
              {
                "on_deregistration": null,
                "on_unhealthy": null
              }
            ],
            "target_group_health": [
              {
                "dns_failover": [
                  {
                    "minimum_healthy_targets_count": "1",
                    "minimum_healthy_targets_percentage": "off"
                  }
                ],
                "unhealthy_state_routing": [
                  {
                    "minimum_healthy_targets_count": 1,
                    "minimum_healthy_targets_percentage": "off"
                  }
                ]
              }
            ],
            "target_health_state": [
              {
                "enable_unhealthy_connection_termination": null,
                "unhealthy_draining_interval": null
              }
            ],
            "target_type": "instance",
            "vpc_id": "vpc-001c13fe47f9e6141"
          },
          "sensitive_attributes": [],
          "identity_schema_version": 0,
          "private": "bnVsbA==",
          "dependencies": [
            "aws_vpc.main"
          ],
          "create_before_destroy": true
        }
      ]
    },
    {
      "mode": "managed",
      "type": "aws_nat_gateway",
      "name": "nat_a",
      "provider": "provider[\"registry.terraform.io/hashicorp/aws\"]",
      "instances": [
        {
          "schema_version": 0,
          "attributes": {
            "allocation_id": "eipalloc-063761f3258539302",
            "association_id": "eipassoc-0808c06fa72f4be1b",
            "connectivity_type": "public",
            "id": "nat-02ea4c6e26f61bc50",
            "network_interface_id": "eni-0eabe8edd4fd33dda",
            "private_ip": "10.20.1.133",
            "public_ip": "34.205.218.128",
            "secondary_allocation_ids": [],
            "secondary_private_ip_address_count": 0,
            "secondary_private_ip_addresses": [],
            "subnet_id": "subnet-07b147239129a03aa",
            "tags": {
              "Name": "spirulina-dev-nat-a"
            },
            "tags_all": {
              "Name": "spirulina-dev-nat-a"
            },
            "timeouts": null
          },
          "sensitive_attributes": [],
          "identity_schema_version": 0,
          "private": "eyJlMmJmYjczMC1lY2FhLTExZTYtOGY4OC0zNDM2M2JjN2M0YzAiOnsiY3JlYXRlIjo2MDAwMDAwMDAwMDAsImRlbGV0ZSI6MTgwMDAwMDAwMDAwMCwidXBkYXRlIjo2MDAwMDAwMDAwMDB9fQ==",
          "dependencies": [
            "aws_eip.nat",
            "aws_internet_gateway.igw",
            "aws_subnet.public_a",
            "aws_vpc.main"
          ]
        }
      ]
    },
    {
      "mode": "managed",
      "type": "aws_route",
      "name": "private_default_via_nat",
      "provider": "provider[\"registry.terraform.io/hashicorp/aws\"]",
      "instances": [
        {
          "schema_version": 0,
          "attributes": {
            "carrier_gateway_id": "",
            "core_network_arn": "",
            "destination_cidr_block": "0.0.0.0/0",
            "destination_ipv6_cidr_block": "",
            "destination_prefix_list_id": "",
            "egress_only_gateway_id": "",
            "gateway_id": "",
            "id": "r-rtb-0078d71709c1620d41080289494",
            "instance_id": "",
            "instance_owner_id": "",
            "local_gateway_id": "",
            "nat_gateway_id": "nat-02ea4c6e26f61bc50",
            "network_interface_id": "",
            "origin": "CreateRoute",
            "route_table_id": "rtb-0078d71709c1620d4",
            "state": "active",
            "timeouts": null,
            "transit_gateway_id": "",
            "vpc_endpoint_id": "",
            "vpc_peering_connection_id": ""
          },
          "sensitive_attributes": [],
          "identity_schema_version": 0,
          "private": "eyJlMmJmYjczMC1lY2FhLTExZTYtOGY4OC0zNDM2M2JjN2M0YzAiOnsiY3JlYXRlIjozMDAwMDAwMDAwMDAsImRlbGV0ZSI6MzAwMDAwMDAwMDAwLCJ1cGRhdGUiOjEyMDAwMDAwMDAwMH19",
          "dependencies": [
            "aws_eip.nat",
            "aws_internet_gateway.igw",
            "aws_nat_gateway.nat_a",
            "aws_route_table.private",
            "aws_subnet.public_a",
            "aws_vpc.main"
          ]
        }
      ]
    },
    {
      "mode": "managed",
      "type": "aws_route",
      "name": "public_internet",
      "provider": "provider[\"registry.terraform.io/hashicorp/aws\"]",
      "instances": [
        {
          "schema_version": 0,
          "attributes": {
            "carrier_gateway_id": "",
            "core_network_arn": "",
            "destination_cidr_block": "0.0.0.0/0",
            "destination_ipv6_cidr_block": "",
            "destination_prefix_list_id": "",
            "egress_only_gateway_id": "",
            "gateway_id": "igw-013099255a8ebc312",
            "id": "r-rtb-07c83ffed899788431080289494",
            "instance_id": "",
            "instance_owner_id": "",
            "local_gateway_id": "",
            "nat_gateway_id": "",
            "network_interface_id": "",
            "origin": "CreateRoute",
            "route_table_id": "rtb-07c83ffed89978843",
            "state": "active",
            "timeouts": null,
            "transit_gateway_id": "",
            "vpc_endpoint_id": "",
            "vpc_peering_connection_id": ""
          },
          "sensitive_attributes": [],
          "identity_schema_version": 0,
          "private": "eyJlMmJmYjczMC1lY2FhLTExZTYtOGY4OC0zNDM2M2JjN2M0YzAiOnsiY3JlYXRlIjozMDAwMDAwMDAwMDAsImRlbGV0ZSI6MzAwMDAwMDAwMDAwLCJ1cGRhdGUiOjEyMDAwMDAwMDAwMH19",
          "dependencies": [
            "aws_internet_gateway.igw",
            "aws_route_table.public",
            "aws_vpc.main"
          ]
        }
      ]
    },
    {
      "mode": "managed",
      "type": "aws_route_table",
      "name": "private",
      "provider": "provider[\"registry.terraform.io/hashicorp/aws\"]",
      "instances": [
        {
          "schema_version": 0,
          "attributes": {
            "arn": "arn:aws:ec2:us-east-1:063331379930:route-table/rtb-0078d71709c1620d4",
            "id": "rtb-0078d71709c1620d4",
            "owner_id": "063331379930",
            "propagating_vgws": [],
            "route": [
              {
                "carrier_gateway_id": "",
                "cidr_block": "0.0.0.0/0",
                "core_network_arn": "",
                "destination_prefix_list_id": "",
                "egress_only_gateway_id": "",
                "gateway_id": "",
                "ipv6_cidr_block": "",
                "local_gateway_id": "",
                "nat_gateway_id": "nat-02ea4c6e26f61bc50",
                "network_interface_id": "",
                "transit_gateway_id": "",
                "vpc_endpoint_id": "",
                "vpc_peering_connection_id": ""
              }
            ],
            "tags": {
              "Name": "spirulina-dev-private-rt"
            },
            "tags_all": {
              "Name": "spirulina-dev-private-rt"
            },
            "timeouts": null,
            "vpc_id": "vpc-001c13fe47f9e6141"
          },
          "sensitive_attributes": [],
          "identity_schema_version": 0,
          "private": "eyJlMmJmYjczMC1lY2FhLTExZTYtOGY4OC0zNDM2M2JjN2M0YzAiOnsiY3JlYXRlIjozMDAwMDAwMDAwMDAsImRlbGV0ZSI6MzAwMDAwMDAwMDAwLCJ1cGRhdGUiOjEyMDAwMDAwMDAwMH19",
          "dependencies": [
            "aws_vpc.main"
          ]
        }
      ]
    },
    {
      "mode": "managed",
      "type": "aws_route_table",
      "name": "public",
      "provider": "provider[\"registry.terraform.io/hashicorp/aws\"]",
      "instances": [
        {
          "schema_version": 0,
          "attributes": {
            "arn": "arn:aws:ec2:us-east-1:063331379930:route-table/rtb-07c83ffed89978843",
            "id": "rtb-07c83ffed89978843",
            "owner_id": "063331379930",
            "propagating_vgws": [],
            "route": [
              {
                "carrier_gateway_id": "",
                "cidr_block": "0.0.0.0/0",
                "core_network_arn": "",
                "destination_prefix_list_id": "",
                "egress_only_gateway_id": "",
                "gateway_id": "igw-013099255a8ebc312",
                "ipv6_cidr_block": "",
                "local_gateway_id": "",
                "nat_gateway_id": "",
                "network_interface_id": "",
                "transit_gateway_id": "",
                "vpc_endpoint_id": "",
                "vpc_peering_connection_id": ""
              }
            ],
            "tags": {
              "Name": "spirulina-dev-public-rt"
            },
            "tags_all": {
              "Name": "spirulina-dev-public-rt"
            },
            "timeouts": null,
            "vpc_id": "vpc-001c13fe47f9e6141"
          },
          "sensitive_attributes": [],
          "identity_schema_version": 0,
          "private": "eyJlMmJmYjczMC1lY2FhLTExZTYtOGY4OC0zNDM2M2JjN2M0YzAiOnsiY3JlYXRlIjozMDAwMDAwMDAwMDAsImRlbGV0ZSI6MzAwMDAwMDAwMDAwLCJ1cGRhdGUiOjEyMDAwMDAwMDAwMH19",
          "dependencies": [
            "aws_vpc.main"
          ]
        }
      ]
    },
    {
      "mode": "managed",
      "type": "aws_route_table_association",
      "name": "private_a",
      "provider": "provider[\"registry.terraform.io/hashicorp/aws\"]",
      "instances": [
        {
          "schema_version": 0,
          "attributes": {
            "gateway_id": "",
            "id": "rtbassoc-008f9a9de1394518c",
            "route_table_id": "rtb-0078d71709c1620d4",
            "subnet_id": "subnet-0f4c643307c8f2687",
            "timeouts": null
          },
          "sensitive_attributes": [],
          "identity_schema_version": 0,
          "private": "eyJlMmJmYjczMC1lY2FhLTExZTYtOGY4OC0zNDM2M2JjN2M0YzAiOnsiY3JlYXRlIjozMDAwMDAwMDAwMDAsImRlbGV0ZSI6MzAwMDAwMDAwMDAwLCJ1cGRhdGUiOjEyMDAwMDAwMDAwMH19",
          "dependencies": [
            "aws_route_table.private",
            "aws_subnet.private_a",
            "aws_vpc.main"
          ]
        }
      ]
    },
    {
      "mode": "managed",
      "type": "aws_route_table_association",
      "name": "private_b",
      "provider": "provider[\"registry.terraform.io/hashicorp/aws\"]",
      "instances": [
        {
          "schema_version": 0,
          "attributes": {
            "gateway_id": "",
            "id": "rtbassoc-00e5f72f6c6820103",
            "route_table_id": "rtb-0078d71709c1620d4",
            "subnet_id": "subnet-0af43a4539acfddcb",
            "timeouts": null
          },
          "sensitive_attributes": [],
          "identity_schema_version": 0,
          "private": "eyJlMmJmYjczMC1lY2FhLTExZTYtOGY4OC0zNDM2M2JjN2M0YzAiOnsiY3JlYXRlIjozMDAwMDAwMDAwMDAsImRlbGV0ZSI6MzAwMDAwMDAwMDAwLCJ1cGRhdGUiOjEyMDAwMDAwMDAwMH19",
          "dependencies": [
            "aws_route_table.private",
            "aws_subnet.private_b",
            "aws_vpc.main"
          ]
        }
      ]
    },
    {
      "mode": "managed",
      "type": "aws_route_table_association",
      "name": "public_a",
      "provider": "provider[\"registry.terraform.io/hashicorp/aws\"]",
      "instances": [
        {
          "schema_version": 0,
          "attributes": {
            "gateway_id": "",
            "id": "rtbassoc-07c28d7d290611346",
            "route_table_id": "rtb-07c83ffed89978843",
            "subnet_id": "subnet-07b147239129a03aa",
            "timeouts": null
          },
          "sensitive_attributes": [],
          "identity_schema_version": 0,
          "private": "eyJlMmJmYjczMC1lY2FhLTExZTYtOGY4OC0zNDM2M2JjN2M0YzAiOnsiY3JlYXRlIjozMDAwMDAwMDAwMDAsImRlbGV0ZSI6MzAwMDAwMDAwMDAwLCJ1cGRhdGUiOjEyMDAwMDAwMDAwMH19",
          "dependencies": [
            "aws_route_table.public",
            "aws_subnet.public_a",
            "aws_vpc.main"
          ]
        }
      ]
    },
    {
      "mode": "managed",
      "type": "aws_route_table_association",
      "name": "public_b",
      "provider": "provider[\"registry.terraform.io/hashicorp/aws\"]",
      "instances": [
        {
          "schema_version": 0,
          "attributes": {
            "gateway_id": "",
            "id": "rtbassoc-061c1056ccfd714f8",
            "route_table_id": "rtb-07c83ffed89978843",
            "subnet_id": "subnet-073fa6598db34af72",
            "timeouts": null
          },
          "sensitive_attributes": [],
          "identity_schema_version": 0,
          "private": "eyJlMmJmYjczMC1lY2FhLTExZTYtOGY4OC0zNDM2M2JjN2M0YzAiOnsiY3JlYXRlIjozMDAwMDAwMDAwMDAsImRlbGV0ZSI6MzAwMDAwMDAwMDAwLCJ1cGRhdGUiOjEyMDAwMDAwMDAwMH19",
          "dependencies": [
            "aws_route_table.public",
            "aws_subnet.public_b",
            "aws_vpc.main"
          ]
        }
      ]
    },
    {
      "mode": "managed",
      "type": "aws_secretsmanager_secret",
      "name": "db",
      "provider": "provider[\"registry.terraform.io/hashicorp/aws\"]",
      "instances": [
        {
          "schema_version": 0,
          "attributes": {
            "arn": "arn:aws:secretsmanager:us-east-1:063331379930:secret:spirulina/db-FPuMQT",
            "description": "",
            "force_overwrite_replica_secret": false,
            "id": "arn:aws:secretsmanager:us-east-1:063331379930:secret:spirulina/db-FPuMQT",
            "kms_key_id": "",
            "name": "spirulina/db",
            "name_prefix": "",
            "policy": "",
            "recovery_window_in_days": 30,
            "replica": [],
            "tags": {},
            "tags_all": {}
          },
          "sensitive_attributes": [],
          "identity_schema_version": 0,
          "private": "bnVsbA=="
        }
      ]
    },
    {
      "mode": "managed",
      "type": "aws_secretsmanager_secret",
      "name": "scraper",
      "provider": "provider[\"registry.terraform.io/hashicorp/aws\"]",
      "instances": [
        {
          "schema_version": 0,
          "attributes": {
            "arn": "arn:aws:secretsmanager:us-east-1:063331379930:secret:spirulina/scraper-A6sSO1",
            "description": "",
            "force_overwrite_replica_secret": false,
            "id": "arn:aws:secretsmanager:us-east-1:063331379930:secret:spirulina/scraper-A6sSO1",
            "kms_key_id": "",
            "name": "spirulina/scraper",
            "name_prefix": "",
            "policy": "",
            "recovery_window_in_days": 30,
            "replica": [],
            "tags": {},
            "tags_all": {}
          },
          "sensitive_attributes": [],
          "identity_schema_version": 0,
          "private": "bnVsbA=="
        }
      ]
    },
    {
      "mode": "managed",
      "type": "aws_secretsmanager_secret_version",
      "name": "db",
      "provider": "provider[\"registry.terraform.io/hashicorp/aws\"]",
      "instances": [
        {
          "schema_version": 0,
          "attributes": {
            "arn": "arn:aws:secretsmanager:us-east-1:063331379930:secret:spirulina/db-FPuMQT",
            "has_secret_string_wo": null,
            "id": "arn:aws:secretsmanager:us-east-1:063331379930:secret:spirulina/db-FPuMQT|terraform-20251001050724343600000001",
            "secret_binary": "",
            "secret_id": "arn:aws:secretsmanager:us-east-1:063331379930:secret:spirulina/db-FPuMQT",
            "secret_string": "{\"database\":\"spirulinadb\",\"host\":\"spirulina-mysql.cuvaky8ia00r.us-east-1.rds.amazonaws.com\",\"password\":\"8Wifmxqj3oWhQkxNUQbI\",\"port\":3306,\"username\":\"spirulina_app\"}",
            "secret_string_wo": null,
            "secret_string_wo_version": null,
            "version_id": "terraform-20251001050724343600000001",
            "version_stages": [
              "AWSCURRENT"
            ]
          },
          "sensitive_attributes": [
            [
              {
                "type": "get_attr",
                "value": "secret_binary"
              }
            ],
            [
              {
                "type": "get_attr",
                "value": "secret_string"
              }
            ],
            [
              {
                "type": "get_attr",
                "value": "secret_string_wo"
              }
            ]
          ],
          "identity_schema_version": 0,
          "private": "bnVsbA==",
          "dependencies": [
            "aws_db_instance.mysql",
            "aws_db_subnet_group.rds",
            "aws_secretsmanager_secret.db",
            "aws_security_group.rds",
            "aws_subnet.private_a",
            "aws_subnet.private_b",
            "aws_vpc.main",
            "random_password.db"
          ]
        }
      ]
    },
    {
      "mode": "managed",
      "type": "aws_secretsmanager_secret_version",
      "name": "scraper",
      "provider": "provider[\"registry.terraform.io/hashicorp/aws\"]",
      "instances": [
        {
          "schema_version": 0,
          "attributes": {
            "arn": "arn:aws:secretsmanager:us-east-1:063331379930:secret:spirulina/scraper-A6sSO1",
            "has_secret_string_wo": null,
            "id": "arn:aws:secretsmanager:us-east-1:063331379930:secret:spirulina/scraper-A6sSO1|terraform-20250930075510662000000001",
            "secret_binary": "",
            "secret_id": "arn:aws:secretsmanager:us-east-1:063331379930:secret:spirulina/scraper-A6sSO1",
            "secret_string": "{\"Scrapper-API\":\"REPLACE_SECRET_IN_SECRET_MANAGER_LATER\"}",
            "secret_string_wo": null,
            "secret_string_wo_version": null,
            "version_id": "terraform-20250930075510662000000001",
            "version_stages": [
              "AWSPREVIOUS"
            ]
          },
          "sensitive_attributes": [
            [
              {
                "type": "get_attr",
                "value": "secret_binary"
              }
            ],
            [
              {
                "type": "get_attr",
                "value": "secret_string"
              }
            ],
            [
              {
                "type": "get_attr",
                "value": "secret_string_wo"
              }
            ]
          ],
          "identity_schema_version": 0,
          "private": "bnVsbA==",
          "dependencies": [
            "aws_secretsmanager_secret.scraper"
          ]
        }
      ]
    },
    {
      "mode": "managed",
      "type": "aws_security_group",
      "name": "alb",
      "provider": "provider[\"registry.terraform.io/hashicorp/aws\"]",
      "instances": [
        {
          "schema_version": 1,
          "attributes": {
            "arn": "arn:aws:ec2:us-east-1:063331379930:security-group/sg-007ee92a0c4155bde",
            "description": "ALB ingress from internet",
            "egress": [
              {
                "cidr_blocks": [
                  "0.0.0.0/0"
                ],
                "description": "All egress",
                "from_port": 0,
                "ipv6_cidr_blocks": [],
                "prefix_list_ids": [],
                "protocol": "-1",
                "security_groups": [],
                "self": false,
                "to_port": 0
              }
            ],
            "id": "sg-007ee92a0c4155bde",
            "ingress": [
              {
                "cidr_blocks": [
                  "0.0.0.0/0"
                ],
                "description": "HTTP from anywhere",
                "from_port": 80,
                "ipv6_cidr_blocks": [],
                "prefix_list_ids": [],
                "protocol": "tcp",
                "security_groups": [],
                "self": false,
                "to_port": 80
              }
            ],
            "name": "spirulina-dev-alb-sg",
            "name_prefix": "",
            "owner_id": "063331379930",
            "revoke_rules_on_delete": false,
            "tags": {
              "Name": "spirulina-dev-alb-sg"
            },
            "tags_all": {
              "Name": "spirulina-dev-alb-sg"
            },
            "timeouts": null,
            "vpc_id": "vpc-001c13fe47f9e6141"
          },
          "sensitive_attributes": [],
          "identity_schema_version": 0,
          "private": "eyJlMmJmYjczMC1lY2FhLTExZTYtOGY4OC0zNDM2M2JjN2M0YzAiOnsiY3JlYXRlIjo2MDAwMDAwMDAwMDAsImRlbGV0ZSI6OTAwMDAwMDAwMDAwfSwic2NoZW1hX3ZlcnNpb24iOiIxIn0=",
          "dependencies": [
            "aws_vpc.main"
          ],
          "create_before_destroy": true
        }
      ]
    },
    {
      "mode": "managed",
      "type": "aws_security_group",
      "name": "app",
      "provider": "provider[\"registry.terraform.io/hashicorp/aws\"]",
      "instances": [
        {
          "schema_version": 1,
          "attributes": {
            "arn": "arn:aws:ec2:us-east-1:063331379930:security-group/sg-00713ddb4c3ae1ef2",
            "description": "App instances behind ALB",
            "egress": [
              {
                "cidr_blocks": [
                  "0.0.0.0/0"
                ],
                "description": "All egress",
                "from_port": 0,
                "ipv6_cidr_blocks": [],
                "prefix_list_ids": [],
                "protocol": "-1",
                "security_groups": [],
                "self": false,
                "to_port": 0
              }
            ],
            "id": "sg-00713ddb4c3ae1ef2",
            "ingress": [
              {
                "cidr_blocks": [],
                "description": "Traffic from ALB",
                "from_port": 80,
                "ipv6_cidr_blocks": [],
                "prefix_list_ids": [],
                "protocol": "tcp",
                "security_groups": [
                  "sg-007ee92a0c4155bde"
                ],
                "self": false,
                "to_port": 80
              }
            ],
            "name": "spirulina-dev-app-sg",
            "name_prefix": "",
            "owner_id": "063331379930",
            "revoke_rules_on_delete": false,
            "tags": {
              "Name": "spirulina-dev-app-sg"
            },
            "tags_all": {
              "Name": "spirulina-dev-app-sg"
            },
            "timeouts": null,
            "vpc_id": "vpc-001c13fe47f9e6141"
          },
          "sensitive_attributes": [],
          "identity_schema_version": 0,
          "private": "eyJlMmJmYjczMC1lY2FhLTExZTYtOGY4OC0zNDM2M2JjN2M0YzAiOnsiY3JlYXRlIjo2MDAwMDAwMDAwMDAsImRlbGV0ZSI6OTAwMDAwMDAwMDAwfSwic2NoZW1hX3ZlcnNpb24iOiIxIn0=",
          "dependencies": [
            "aws_security_group.alb",
            "aws_vpc.main"
          ],
          "create_before_destroy": true
        }
      ]
    },
    {
      "mode": "managed",
      "type": "aws_security_group",
      "name": "bastion",
      "provider": "provider[\"registry.terraform.io/hashicorp/aws\"]",
      "instances": [
        {
          "schema_version": 1,
          "attributes": {
            "arn": "arn:aws:ec2:us-east-1:063331379930:security-group/sg-0f4f40a889ff309a3",
            "description": "Managed by Terraform",
            "egress": [
              {
                "cidr_blocks": [
                  "0.0.0.0/0"
                ],
                "description": "",
                "from_port": 0,
                "ipv6_cidr_blocks": [],
                "prefix_list_ids": [],
                "protocol": "-1",
                "security_groups": [],
                "self": false,
                "to_port": 0
              }
            ],
            "id": "sg-0f4f40a889ff309a3",
            "ingress": [
              {
                "cidr_blocks": [
                  "0.0.0.0/0"
                ],
                "description": "SSH from workstation",
                "from_port": 22,
                "ipv6_cidr_blocks": [],
                "prefix_list_ids": [],
                "protocol": "tcp",
                "security_groups": [],
                "self": false,
                "to_port": 22
              }
            ],
            "name": "spirulina-bastion-sg",
            "name_prefix": "",
            "owner_id": "063331379930",
            "revoke_rules_on_delete": false,
            "tags": {
              "Name": "spirulina-bastion-sg"
            },
            "tags_all": {
              "Name": "spirulina-bastion-sg"
            },
            "timeouts": null,
            "vpc_id": "vpc-001c13fe47f9e6141"
          },
          "sensitive_attributes": [],
          "identity_schema_version": 0,
          "private": "eyJlMmJmYjczMC1lY2FhLTExZTYtOGY4OC0zNDM2M2JjN2M0YzAiOnsiY3JlYXRlIjo2MDAwMDAwMDAwMDAsImRlbGV0ZSI6OTAwMDAwMDAwMDAwfSwic2NoZW1hX3ZlcnNpb24iOiIxIn0=",
          "dependencies": [
            "aws_vpc.main"
          ]
        }
      ]
    },
    {
      "mode": "managed",
      "type": "aws_security_group",
      "name": "lambda",
      "provider": "provider[\"registry.terraform.io/hashicorp/aws\"]",
      "instances": [
        {
          "schema_version": 1,
          "attributes": {
            "arn": "arn:aws:ec2:us-east-1:063331379930:security-group/sg-0b9b0b16700e6e65f",
            "description": "Managed by Terraform",
            "egress": [
              {
                "cidr_blocks": [
                  "0.0.0.0/0"
                ],
                "description": "",
                "from_port": 0,
                "ipv6_cidr_blocks": [],
                "prefix_list_ids": [],
                "protocol": "-1",
                "security_groups": [],
                "self": false,
                "to_port": 0
              }
            ],
            "id": "sg-0b9b0b16700e6e65f",
            "ingress": [],
            "name": "spirulina-lambda-sg",
            "name_prefix": "",
            "owner_id": "063331379930",
            "revoke_rules_on_delete": false,
            "tags": {},
            "tags_all": {},
            "timeouts": null,
            "vpc_id": "vpc-001c13fe47f9e6141"
          },
          "sensitive_attributes": [],
          "identity_schema_version": 0,
          "private": "eyJlMmJmYjczMC1lY2FhLTExZTYtOGY4OC0zNDM2M2JjN2M0YzAiOnsiY3JlYXRlIjo2MDAwMDAwMDAwMDAsImRlbGV0ZSI6OTAwMDAwMDAwMDAwfSwic2NoZW1hX3ZlcnNpb24iOiIxIn0=",
          "dependencies": [
            "aws_vpc.main"
          ]
        }
      ]
    },
    {
      "mode": "managed",
      "type": "aws_security_group",
      "name": "rds",
      "provider": "provider[\"registry.terraform.io/hashicorp/aws\"]",
      "instances": [
        {
          "schema_version": 1,
          "attributes": {
            "arn": "arn:aws:ec2:us-east-1:063331379930:security-group/sg-09d533702f1641fcc",
            "description": "Managed by Terraform",
            "egress": [
              {
                "cidr_blocks": [
                  "0.0.0.0/0"
                ],
                "description": "",
                "from_port": 0,
                "ipv6_cidr_blocks": [],
                "prefix_list_ids": [],
                "protocol": "-1",
                "security_groups": [],
                "self": false,
                "to_port": 0
              }
            ],
            "id": "sg-09d533702f1641fcc",
            "ingress": [
              {
                "cidr_blocks": [],
                "description": "",
                "from_port": 3306,
                "ipv6_cidr_blocks": [],
                "prefix_list_ids": [],
                "protocol": "tcp",
                "security_groups": [
                  "sg-0b9b0b16700e6e65f",
                  "sg-0f4f40a889ff309a3"
                ],
                "self": false,
                "to_port": 3306
              }
            ],
            "name": "spirulina-rds-sg",
            "name_prefix": "",
            "owner_id": "063331379930",
            "revoke_rules_on_delete": false,
            "tags": {},
            "tags_all": {},
            "timeouts": null,
            "vpc_id": "vpc-001c13fe47f9e6141"
          },
          "sensitive_attributes": [],
          "identity_schema_version": 0,
          "private": "eyJlMmJmYjczMC1lY2FhLTExZTYtOGY4OC0zNDM2M2JjN2M0YzAiOnsiY3JlYXRlIjo2MDAwMDAwMDAwMDAsImRlbGV0ZSI6OTAwMDAwMDAwMDAwfSwic2NoZW1hX3ZlcnNpb24iOiIxIn0=",
          "dependencies": [
            "aws_vpc.main"
          ]
        }
      ]
    },
    {
      "mode": "managed",
      "type": "aws_security_group_rule",
      "name": "rds_from_bastion",
      "provider": "provider[\"registry.terraform.io/hashicorp/aws\"]",
      "instances": [
        {
          "schema_version": 2,
          "attributes": {
            "cidr_blocks": null,
            "description": null,
            "from_port": 3306,
            "id": "sgrule-4279968760",
            "ipv6_cidr_blocks": null,
            "prefix_list_ids": null,
            "protocol": "tcp",
            "security_group_id": "sg-09d533702f1641fcc",
            "security_group_rule_id": "sgr-02e1bceecbbdce733",
            "self": false,
            "source_security_group_id": "sg-0f4f40a889ff309a3",
            "timeouts": null,
            "to_port": 3306,
            "type": "ingress"
          },
          "sensitive_attributes": [],
          "identity_schema_version": 0,
          "private": "eyJlMmJmYjczMC1lY2FhLTExZTYtOGY4OC0zNDM2M2JjN2M0YzAiOnsiY3JlYXRlIjozMDAwMDAwMDAwMDB9LCJzY2hlbWFfdmVyc2lvbiI6IjIifQ==",
          "dependencies": [
            "aws_security_group.bastion",
            "aws_security_group.rds",
            "aws_vpc.main"
          ]
        }
      ]
    },
    {
      "mode": "managed",
      "type": "aws_security_group_rule",
      "name": "rds_from_lambda",
      "provider": "provider[\"registry.terraform.io/hashicorp/aws\"]",
      "instances": [
        {
          "schema_version": 2,
          "attributes": {
            "cidr_blocks": null,
            "description": null,
            "from_port": 3306,
            "id": "sgrule-3699843288",
            "ipv6_cidr_blocks": null,
            "prefix_list_ids": null,
            "protocol": "tcp",
            "security_group_id": "sg-09d533702f1641fcc",
            "security_group_rule_id": "sgr-07811f10e7dcd922d",
            "self": false,
            "source_security_group_id": "sg-0b9b0b16700e6e65f",
            "timeouts": null,
            "to_port": 3306,
            "type": "ingress"
          },
          "sensitive_attributes": [],
          "identity_schema_version": 0,
          "private": "eyJlMmJmYjczMC1lY2FhLTExZTYtOGY4OC0zNDM2M2JjN2M0YzAiOnsiY3JlYXRlIjozMDAwMDAwMDAwMDB9LCJzY2hlbWFfdmVyc2lvbiI6IjIifQ==",
          "dependencies": [
            "aws_security_group.lambda",
            "aws_security_group.rds",
            "aws_vpc.main"
          ]
        }
      ]
    },
    {
      "mode": "managed",
      "type": "aws_sns_topic",
      "name": "alerts",
      "provider": "provider[\"registry.terraform.io/hashicorp/aws\"]",
      "instances": [
        {
          "schema_version": 0,
          "attributes": {
            "application_failure_feedback_role_arn": "",
            "application_success_feedback_role_arn": "",
            "application_success_feedback_sample_rate": 0,
            "archive_policy": "",
            "arn": "arn:aws:sns:us-east-1:063331379930:spirulina-dev-alerts",
            "beginning_archive_time": "",
            "content_based_deduplication": false,
            "delivery_policy": "",
            "display_name": "",
            "fifo_throughput_scope": "",
            "fifo_topic": false,
            "firehose_failure_feedback_role_arn": "",
            "firehose_success_feedback_role_arn": "",
            "firehose_success_feedback_sample_rate": 0,
            "http_failure_feedback_role_arn": "",
            "http_success_feedback_role_arn": "",
            "http_success_feedback_sample_rate": 0,
            "id": "arn:aws:sns:us-east-1:063331379930:spirulina-dev-alerts",
            "kms_master_key_id": "",
            "lambda_failure_feedback_role_arn": "",
            "lambda_success_feedback_role_arn": "",
            "lambda_success_feedback_sample_rate": 0,
            "name": "spirulina-dev-alerts",
            "name_prefix": "",
            "owner": "063331379930",
            "policy": "{\"Id\":\"__default_policy_ID\",\"Statement\":[{\"Action\":[\"SNS:GetTopicAttributes\",\"SNS:SetTopicAttributes\",\"SNS:AddPermission\",\"SNS:RemovePermission\",\"SNS:DeleteTopic\",\"SNS:Subscribe\",\"SNS:ListSubscriptionsByTopic\",\"SNS:Publish\"],\"Condition\":{\"StringEquals\":{\"AWS:SourceOwner\":\"063331379930\"}},\"Effect\":\"Allow\",\"Principal\":{\"AWS\":\"*\"},\"Resource\":\"arn:aws:sns:us-east-1:063331379930:spirulina-dev-alerts\",\"Sid\":\"__default_statement_ID\"}],\"Version\":\"2008-10-17\"}",
            "signature_version": 0,
            "sqs_failure_feedback_role_arn": "",
            "sqs_success_feedback_role_arn": "",
            "sqs_success_feedback_sample_rate": 0,
            "tags": {},
            "tags_all": {},
            "tracing_config": ""
          },
          "sensitive_attributes": [],
          "identity_schema_version": 0,
          "private": "bnVsbA=="
        }
      ]
    },
    {
      "mode": "managed",
      "type": "aws_sns_topic_subscription",
      "name": "emails",
      "provider": "provider[\"registry.terraform.io/hashicorp/aws\"]",
      "instances": []
    },
    {
      "mode": "managed",
      "type": "aws_sqs_queue",
      "name": "dlq",
      "provider": "provider[\"registry.terraform.io/hashicorp/aws\"]",
      "instances": [
        {
          "schema_version": 0,
          "attributes": {
            "arn": "arn:aws:sqs:us-east-1:063331379930:spirulina-dlq",
            "content_based_deduplication": false,
            "deduplication_scope": "",
            "delay_seconds": 0,
            "fifo_queue": false,
            "fifo_throughput_limit": "",
            "id": "https://sqs.us-east-1.amazonaws.com/063331379930/spirulina-dlq",
            "kms_data_key_reuse_period_seconds": 300,
            "kms_master_key_id": "",
            "max_message_size": 262144,
            "message_retention_seconds": 1209600,
            "name": "spirulina-dlq",
            "name_prefix": "",
            "policy": "",
            "receive_wait_time_seconds": 0,
            "redrive_allow_policy": "",
            "redrive_policy": "",
            "sqs_managed_sse_enabled": true,
            "tags": {},
            "tags_all": {},
            "timeouts": null,
            "url": "https://sqs.us-east-1.amazonaws.com/063331379930/spirulina-dlq",
            "visibility_timeout_seconds": 30
          },
          "sensitive_attributes": [],
          "identity_schema_version": 0,
          "private": "eyJlMmJmYjczMC1lY2FhLTExZTYtOGY4OC0zNDM2M2JjN2M0YzAiOnsiY3JlYXRlIjoxODAwMDAwMDAwMDAsImRlbGV0ZSI6MTgwMDAwMDAwMDAwLCJ1cGRhdGUiOjE4MDAwMDAwMDAwMH19"
        }
      ]
    },
    {
      "mode": "managed",
      "type": "aws_sqs_queue",
      "name": "main",
      "provider": "provider[\"registry.terraform.io/hashicorp/aws\"]",
      "instances": [
        {
          "schema_version": 0,
          "attributes": {
            "arn": "arn:aws:sqs:us-east-1:063331379930:spirulina-snapshot-queue",
            "content_based_deduplication": false,
            "deduplication_scope": "",
            "delay_seconds": 0,
            "fifo_queue": false,
            "fifo_throughput_limit": "",
            "id": "https://sqs.us-east-1.amazonaws.com/063331379930/spirulina-snapshot-queue",
            "kms_data_key_reuse_period_seconds": 300,
            "kms_master_key_id": "",
            "max_message_size": 262144,
            "message_retention_seconds": 345600,
            "name": "spirulina-snapshot-queue",
            "name_prefix": "",
            "policy": "",
            "receive_wait_time_seconds": 0,
            "redrive_allow_policy": "",
            "redrive_policy": "{\"deadLetterTargetArn\":\"arn:aws:sqs:us-east-1:063331379930:spirulina-dlq\",\"maxReceiveCount\":2}",
            "sqs_managed_sse_enabled": true,
            "tags": {},
            "tags_all": {},
            "timeouts": null,
            "url": "https://sqs.us-east-1.amazonaws.com/063331379930/spirulina-snapshot-queue",
            "visibility_timeout_seconds": 180
          },
          "sensitive_attributes": [],
          "identity_schema_version": 0,
          "private": "eyJlMmJmYjczMC1lY2FhLTExZTYtOGY4OC0zNDM2M2JjN2M0YzAiOnsiY3JlYXRlIjoxODAwMDAwMDAwMDAsImRlbGV0ZSI6MTgwMDAwMDAwMDAwLCJ1cGRhdGUiOjE4MDAwMDAwMDAwMH19",
          "dependencies": [
            "aws_sqs_queue.dlq"
          ]
        }
      ]
    },
    {
      "mode": "managed",
      "type": "aws_subnet",
      "name": "private_a",
      "provider": "provider[\"registry.terraform.io/hashicorp/aws\"]",
      "instances": [
        {
          "schema_version": 1,
          "attributes": {
            "arn": "arn:aws:ec2:us-east-1:063331379930:subnet/subnet-0f4c643307c8f2687",
            "assign_ipv6_address_on_creation": false,
            "availability_zone": "us-east-1a",
            "availability_zone_id": "use1-az2",
            "cidr_block": "10.20.11.0/24",
            "customer_owned_ipv4_pool": "",
            "enable_dns64": false,
            "enable_lni_at_device_index": 0,
            "enable_resource_name_dns_a_record_on_launch": false,
            "enable_resource_name_dns_aaaa_record_on_launch": false,
            "id": "subnet-0f4c643307c8f2687",
            "ipv6_cidr_block": "",
            "ipv6_cidr_block_association_id": "",
            "ipv6_native": false,
            "map_customer_owned_ip_on_launch": false,
            "map_public_ip_on_launch": false,
            "outpost_arn": "",
            "owner_id": "063331379930",
            "private_dns_hostname_type_on_launch": "ip-name",
            "tags": {
              "Name": "spirulina-dev-private-a"
            },
            "tags_all": {
              "Name": "spirulina-dev-private-a"
            },
            "timeouts": null,
            "vpc_id": "vpc-001c13fe47f9e6141"
          },
          "sensitive_attributes": [],
          "identity_schema_version": 0,
          "private": "eyJlMmJmYjczMC1lY2FhLTExZTYtOGY4OC0zNDM2M2JjN2M0YzAiOnsiY3JlYXRlIjo2MDAwMDAwMDAwMDAsImRlbGV0ZSI6MTIwMDAwMDAwMDAwMH0sInNjaGVtYV92ZXJzaW9uIjoiMSJ9",
          "dependencies": [
            "aws_vpc.main"
          ],
          "create_before_destroy": true
        }
      ]
    },
    {
      "mode": "managed",
      "type": "aws_subnet",
      "name": "private_b",
      "provider": "provider[\"registry.terraform.io/hashicorp/aws\"]",
      "instances": [
        {
          "schema_version": 1,
          "attributes": {
            "arn": "arn:aws:ec2:us-east-1:063331379930:subnet/subnet-0af43a4539acfddcb",
            "assign_ipv6_address_on_creation": false,
            "availability_zone": "us-east-1b",
            "availability_zone_id": "use1-az4",
            "cidr_block": "10.20.12.0/24",
            "customer_owned_ipv4_pool": "",
            "enable_dns64": false,
            "enable_lni_at_device_index": 0,
            "enable_resource_name_dns_a_record_on_launch": false,
            "enable_resource_name_dns_aaaa_record_on_launch": false,
            "id": "subnet-0af43a4539acfddcb",
            "ipv6_cidr_block": "",
            "ipv6_cidr_block_association_id": "",
            "ipv6_native": false,
            "map_customer_owned_ip_on_launch": false,
            "map_public_ip_on_launch": false,
            "outpost_arn": "",
            "owner_id": "063331379930",
            "private_dns_hostname_type_on_launch": "ip-name",
            "tags": {
              "Name": "spirulina-dev-private-b"
            },
            "tags_all": {
              "Name": "spirulina-dev-private-b"
            },
            "timeouts": null,
            "vpc_id": "vpc-001c13fe47f9e6141"
          },
          "sensitive_attributes": [],
          "identity_schema_version": 0,
          "private": "eyJlMmJmYjczMC1lY2FhLTExZTYtOGY4OC0zNDM2M2JjN2M0YzAiOnsiY3JlYXRlIjo2MDAwMDAwMDAwMDAsImRlbGV0ZSI6MTIwMDAwMDAwMDAwMH0sInNjaGVtYV92ZXJzaW9uIjoiMSJ9",
          "dependencies": [
            "aws_vpc.main"
          ],
          "create_before_destroy": true
        }
      ]
    },
    {
      "mode": "managed",
      "type": "aws_subnet",
      "name": "public_a",
      "provider": "provider[\"registry.terraform.io/hashicorp/aws\"]",
      "instances": [
        {
          "schema_version": 1,
          "attributes": {
            "arn": "arn:aws:ec2:us-east-1:063331379930:subnet/subnet-07b147239129a03aa",
            "assign_ipv6_address_on_creation": false,
            "availability_zone": "us-east-1a",
            "availability_zone_id": "use1-az2",
            "cidr_block": "10.20.1.0/24",
            "customer_owned_ipv4_pool": "",
            "enable_dns64": false,
            "enable_lni_at_device_index": 0,
            "enable_resource_name_dns_a_record_on_launch": false,
            "enable_resource_name_dns_aaaa_record_on_launch": false,
            "id": "subnet-07b147239129a03aa",
            "ipv6_cidr_block": "",
            "ipv6_cidr_block_association_id": "",
            "ipv6_native": false,
            "map_customer_owned_ip_on_launch": false,
            "map_public_ip_on_launch": true,
            "outpost_arn": "",
            "owner_id": "063331379930",
            "private_dns_hostname_type_on_launch": "ip-name",
            "tags": {
              "Name": "spirulina-dev-public-a"
            },
            "tags_all": {
              "Name": "spirulina-dev-public-a"
            },
            "timeouts": null,
            "vpc_id": "vpc-001c13fe47f9e6141"
          },
          "sensitive_attributes": [],
          "identity_schema_version": 0,
          "private": "eyJlMmJmYjczMC1lY2FhLTExZTYtOGY4OC0zNDM2M2JjN2M0YzAiOnsiY3JlYXRlIjo2MDAwMDAwMDAwMDAsImRlbGV0ZSI6MTIwMDAwMDAwMDAwMH0sInNjaGVtYV92ZXJzaW9uIjoiMSJ9",
          "dependencies": [
            "aws_vpc.main"
          ],
          "create_before_destroy": true
        }
      ]
    },
    {
      "mode": "managed",
      "type": "aws_subnet",
      "name": "public_b",
      "provider": "provider[\"registry.terraform.io/hashicorp/aws\"]",
      "instances": [
        {
          "schema_version": 1,
          "attributes": {
            "arn": "arn:aws:ec2:us-east-1:063331379930:subnet/subnet-073fa6598db34af72",
            "assign_ipv6_address_on_creation": false,
            "availability_zone": "us-east-1b",
            "availability_zone_id": "use1-az4",
            "cidr_block": "10.20.2.0/24",
            "customer_owned_ipv4_pool": "",
            "enable_dns64": false,
            "enable_lni_at_device_index": 0,
            "enable_resource_name_dns_a_record_on_launch": false,
            "enable_resource_name_dns_aaaa_record_on_launch": false,
            "id": "subnet-073fa6598db34af72",
            "ipv6_cidr_block": "",
            "ipv6_cidr_block_association_id": "",
            "ipv6_native": false,
            "map_customer_owned_ip_on_launch": false,
            "map_public_ip_on_launch": true,
            "outpost_arn": "",
            "owner_id": "063331379930",
            "private_dns_hostname_type_on_launch": "ip-name",
            "tags": {
              "Name": "spirulina-dev-public-b"
            },
            "tags_all": {
              "Name": "spirulina-dev-public-b"
            },
            "timeouts": null,
            "vpc_id": "vpc-001c13fe47f9e6141"
          },
          "sensitive_attributes": [],
          "identity_schema_version": 0,
          "private": "eyJlMmJmYjczMC1lY2FhLTExZTYtOGY4OC0zNDM2M2JjN2M0YzAiOnsiY3JlYXRlIjo2MDAwMDAwMDAwMDAsImRlbGV0ZSI6MTIwMDAwMDAwMDAwMH0sInNjaGVtYV92ZXJzaW9uIjoiMSJ9",
          "dependencies": [
            "aws_vpc.main"
          ],
          "create_before_destroy": true
        }
      ]
    },
    {
      "mode": "managed",
      "type": "aws_vpc",
      "name": "main",
      "provider": "provider[\"registry.terraform.io/hashicorp/aws\"]",
      "instances": [
        {
          "schema_version": 1,
          "attributes": {
            "arn": "arn:aws:ec2:us-east-1:063331379930:vpc/vpc-001c13fe47f9e6141",
            "assign_generated_ipv6_cidr_block": false,
            "cidr_block": "10.20.0.0/16",
            "default_network_acl_id": "acl-0d03afe9863ccb438",
            "default_route_table_id": "rtb-08565ce8a8fc99197",
            "default_security_group_id": "sg-08a3777efdd2076b7",
            "dhcp_options_id": "dopt-06bb251eb76f5209e",
            "enable_dns_hostnames": true,
            "enable_dns_support": true,
            "enable_network_address_usage_metrics": false,
            "id": "vpc-001c13fe47f9e6141",
            "instance_tenancy": "default",
            "ipv4_ipam_pool_id": null,
            "ipv4_netmask_length": null,
            "ipv6_association_id": "",
            "ipv6_cidr_block": "",
            "ipv6_cidr_block_network_border_group": "",
            "ipv6_ipam_pool_id": "",
            "ipv6_netmask_length": 0,
            "main_route_table_id": "rtb-08565ce8a8fc99197",
            "owner_id": "063331379930",
            "tags": {
              "Name": "spirulina-dev-vpc"
            },
            "tags_all": {
              "Name": "spirulina-dev-vpc"
            }
          },
          "sensitive_attributes": [],
          "identity_schema_version": 0,
          "private": "eyJzY2hlbWFfdmVyc2lvbiI6IjEifQ==",
          "create_before_destroy": true
        }
      ]
    },
    {
      "mode": "managed",
      "type": "aws_wafv2_web_acl",
      "name": "regional",
      "provider": "provider[\"registry.terraform.io/hashicorp/aws\"]",
      "instances": [
        {
          "schema_version": 0,
          "attributes": {
            "application_integration_url": "",
            "arn": "arn:aws:wafv2:us-east-1:063331379930:regional/webacl/spirulina-dev-regional-waf/7e8874b1-76fc-499b-97a6-bf03b419d281",
            "association_config": [],
            "capacity": 702,
            "captcha_config": [],
            "challenge_config": [],
            "custom_response_body": [],
            "data_protection_config": [],
            "default_action": [
              {
                "allow": [
                  {
                    "custom_request_handling": []
                  }
                ],
                "block": []
              }
            ],
            "description": "",
            "id": "7e8874b1-76fc-499b-97a6-bf03b419d281",
            "lock_token": "4e2c5c33-db38-4b7a-aaac-ffdc30896ee9",
            "name": "spirulina-dev-regional-waf",
            "name_prefix": "",
            "rule": [
              {
                "action": [
                  {
                    "allow": [],
                    "block": [
                      {
                        "custom_response": []
                      }
                    ],
                    "captcha": [],
                    "challenge": [],
                    "count": []
                  }
                ],
                "captcha_config": [],
                "challenge_config": [],
                "name": "RateLimit1000Per5Min",
                "override_action": [],
                "priority": 10,
                "rule_label": [],
                "statement": [
                  {
                    "and_statement": [],
                    "asn_match_statement": [],
                    "byte_match_statement": [],
                    "geo_match_statement": [],
                    "ip_set_reference_statement": [],
                    "label_match_statement": [],
                    "managed_rule_group_statement": [],
                    "not_statement": [],
                    "or_statement": [],
                    "rate_based_statement": [
                      {
                        "aggregate_key_type": "IP",
                        "custom_key": [],
                        "evaluation_window_sec": 300,
                        "forwarded_ip_config": [],
                        "limit": 1000,
                        "scope_down_statement": []
                      }
                    ],
                    "regex_match_statement": [],
                    "regex_pattern_set_reference_statement": [],
                    "rule_group_reference_statement": [],
                    "size_constraint_statement": [],
                    "sqli_match_statement": [],
                    "xss_match_statement": []
                  }
                ],
                "visibility_config": [
                  {
                    "cloudwatch_metrics_enabled": true,
                    "metric_name": "RateLimit",
                    "sampled_requests_enabled": true
                  }
                ]
              },
              {
                "action": [],
                "captcha_config": [],
                "challenge_config": [],
                "name": "AWSManagedRulesCommonRuleSet",
                "override_action": [
                  {
                    "count": [],
                    "none": [
                      {}
                    ]
                  }
                ],
                "priority": 1,
                "rule_label": [],
                "statement": [
                  {
                    "and_statement": [],
                    "asn_match_statement": [],
                    "byte_match_statement": [],
                    "geo_match_statement": [],
                    "ip_set_reference_statement": [],
                    "label_match_statement": [],
                    "managed_rule_group_statement": [
                      {
                        "managed_rule_group_configs": [],
                        "name": "AWSManagedRulesCommonRuleSet",
                        "rule_action_override": [],
                        "scope_down_statement": [],
                        "vendor_name": "AWS",
                        "version": ""
                      }
                    ],
                    "not_statement": [],
                    "or_statement": [],
                    "rate_based_statement": [],
                    "regex_match_statement": [],
                    "regex_pattern_set_reference_statement": [],
                    "rule_group_reference_statement": [],
                    "size_constraint_statement": [],
                    "sqli_match_statement": [],
                    "xss_match_statement": []
                  }
                ],
                "visibility_config": [
                  {
                    "cloudwatch_metrics_enabled": true,
                    "metric_name": "Common",
                    "sampled_requests_enabled": true
                  }
                ]
              }
            ],
            "rule_json": null,
            "scope": "REGIONAL",
            "tags": null,
            "tags_all": {},
            "token_domains": null,
            "visibility_config": [
              {
                "cloudwatch_metrics_enabled": true,
                "metric_name": "spirulina-dev-regional-waf",
                "sampled_requests_enabled": true
              }
            ]
          },
          "sensitive_attributes": [],
          "identity_schema_version": 0,
          "private": "bnVsbA=="
        }
      ]
    },
    {
      "mode": "managed",
      "type": "aws_wafv2_web_acl_association",
      "name": "alb_assoc",
      "provider": "provider[\"registry.terraform.io/hashicorp/aws\"]",
      "instances": [
        {
          "schema_version": 0,
          "attributes": {
            "id": "arn:aws:wafv2:us-east-1:063331379930:regional/webacl/spirulina-dev-regional-waf/7e8874b1-76fc-499b-97a6-bf03b419d281,arn:aws:elasticloadbalancing:us-east-1:063331379930:loadbalancer/app/spirulina-dev-alb/5d2b629d3202c536",
            "resource_arn": "arn:aws:elasticloadbalancing:us-east-1:063331379930:loadbalancer/app/spirulina-dev-alb/5d2b629d3202c536",
            "timeouts": null,
            "web_acl_arn": "arn:aws:wafv2:us-east-1:063331379930:regional/webacl/spirulina-dev-regional-waf/7e8874b1-76fc-499b-97a6-bf03b419d281"
          },
          "sensitive_attributes": [],
          "identity_schema_version": 0,
          "private": "eyJlMmJmYjczMC1lY2FhLTExZTYtOGY4OC0zNDM2M2JjN2M0YzAiOnsiY3JlYXRlIjo2MDAwMDAwMDAwMDB9fQ==",
          "dependencies": [
            "aws_lb.app",
            "aws_security_group.alb",
            "aws_subnet.public_a",
            "aws_subnet.public_b",
            "aws_vpc.main",
            "aws_wafv2_web_acl.regional"
          ]
        }
      ]
    },
    {
      "mode": "managed",
      "type": "random_password",
      "name": "db",
      "provider": "provider[\"registry.terraform.io/hashicorp/random\"]",
      "instances": [
        {
          "schema_version": 3,
          "attributes": {
            "bcrypt_hash": "$2a$10$vnmrZ3Rf3o/uqVAAYT0VYu5lZ3zNbnf56Q97GySG1wbbBBV/ony4W",
            "id": "none",
            "keepers": null,
            "length": 20,
            "lower": true,
            "min_lower": 0,
            "min_numeric": 0,
            "min_special": 0,
            "min_upper": 0,
            "number": true,
            "numeric": true,
            "override_special": null,
            "result": "8Wifmxqj3oWhQkxNUQbI",
            "special": false,
            "upper": true
          },
          "sensitive_attributes": [
            [
              {
                "type": "get_attr",
                "value": "bcrypt_hash"
              }
            ],
            [
              {
                "type": "get_attr",
                "value": "result"
              }
            ]
          ],
          "identity_schema_version": 0
        }
      ]
    }
  ],
  "check_results": [
    {
      "object_kind": "var",
      "config_addr": "var.app_subnets_to_use",
      "status": "pass",
      "objects": [
        {
          "object_addr": "var.app_subnets_to_use",
          "status": "pass"
        }
      ]
    }
  ]
}
