{
  "version": 4,
  "terraform_version": "1.13.3",
  "serial": 167,
  "lineage": "dd968c36-b1e1-f638-fa32-e7f7f401090d",
  "outputs": {
    "bastion_public_dns": {
      "value": "ec2-18-205-3-67.compute-1.amazonaws.com",
      "type": "string"
    },
    "bastion_public_ip": {
      "value": "18.205.3.67",
      "type": "string"
    },
    "cognito_client_id": {
      "value": "6cjk7o9n9umnrj2jq0l9gi0bc5",
      "type": "string"
    },
    "cognito_issuer": {
      "value": "https://cognito-idp.us-east-1.amazonaws.com/us-east-1_LIoJ9JWGM",
      "type": "string"
    },
    "cognito_login_url": {
      "value": "https://spirulina-dev-auth.auth.us-east-1.amazoncognito.com/login?client_id=6cjk7o9n9umnrj2jq0l9gi0bc5\u0026response_type=token\u0026scope=openid+email+phone\u0026redirect_uri=https%3A%2F%2Fd84l1y8p4kdic.cloudfront.net%2F",
      "type": "string"
    },
    "db_secret_arn": {
      "value": "arn:aws:secretsmanager:us-east-1:339713151825:secret:spirulina/db-agM8Ul",
      "type": "string"
    },
    "http_api_base_url": {
      "value": "https://gefh3e3249.execute-api.us-east-1.amazonaws.com",
      "type": "string"
    },
    "rds_endpoint": {
      "value": "spirulina-mysql.cdq864y2qo5f.us-east-1.rds.amazonaws.com",
      "type": "string"
    },
    "scraper_secret_arn": {
      "value": "arn:aws:secretsmanager:us-east-1:339713151825:secret:spirulina/scraper-yeFB0l",
      "type": "string"
    },
    "sqs_queue_url": {
      "value": "https://sqs.us-east-1.amazonaws.com/339713151825/spirulina-snapshot-queue",
      "type": "string"
    },
    "subnets_private": {
      "value": [
        "subnet-0e89eb265de1bae7f",
        "subnet-0c36852f36ae46d0e"
      ],
      "type": [
        "tuple",
        [
          "string",
          "string"
        ]
      ]
    },
    "subnets_public": {
      "value": [
        "subnet-008a3a46715f1b999",
        "subnet-0fae1571829b3fc8f"
      ],
      "type": [
        "tuple",
        [
          "string",
          "string"
        ]
      ]
    },
    "vpc_id": {
      "value": "vpc-0b8f6b65a2c81f801",
      "type": "string"
    },
    "ws_wss_url": {
      "value": "wss://ccdg38adi2.execute-api.us-east-1.amazonaws.com/production",
      "type": "string"
    }
  },
  "resources": [
    {
      "mode": "data",
      "type": "archive_file",
      "name": "connect_zip",
      "provider": "provider[\"registry.terraform.io/hashicorp/archive\"]",
      "instances": [
        {
          "schema_version": 0,
          "attributes": {
            "exclude_symlink_directories": null,
            "excludes": null,
            "id": "683542fc103bc708d269355e159763797226ef05",
            "output_base64sha256": "l4ycXUdfu8Hf5K/ndtWs5i2heRWrjkSbPZrzAfyy0I8=",
            "output_base64sha512": "IvwwiRzPx7NfM7onlDdxyuvMSx437BgNvyoKEtYEa0kwtjT5Bs7CDVrsRS6Sd137BgAEloHPxqjEJNFsFoRgtw==",
            "output_file_mode": null,
            "output_md5": "51fc6352a832aac7052a699997ffce23",
            "output_path": "./dist/connect.zip",
            "output_sha": "683542fc103bc708d269355e159763797226ef05",
            "output_sha256": "978c9c5d475fbbc1dfe4afe776d5ace62da17915ab8e449b3d9af301fcb2d08f",
            "output_sha512": "22fc30891ccfc7b35f33ba27943771caebcc4b1e37ec180dbf2a0a12d6046b4930b634f906cec20d5aec452e92775dfb0600049681cfc6a8c424d16c168460b7",
            "output_size": 828,
            "source": [],
            "source_content": null,
            "source_content_filename": null,
            "source_dir": "./connect",
            "source_file": null,
            "type": "zip"
          },
          "sensitive_attributes": [],
          "identity_schema_version": 0
        }
      ]
    },
    {
      "mode": "data",
      "type": "archive_file",
      "name": "disconnect_zip",
      "provider": "provider[\"registry.terraform.io/hashicorp/archive\"]",
      "instances": [
        {
          "schema_version": 0,
          "attributes": {
            "exclude_symlink_directories": null,
            "excludes": null,
            "id": "5eb8fd78df509f720ece3ba3a3d80d8fa142b381",
            "output_base64sha256": "ltjxFestk/FlFz6DU30JGZakrNRogtnKUyThfCI/+Us=",
            "output_base64sha512": "4GTkTLar6NxyeztNAx7QDVP62i2i+uix0ypsuWTnDd3Gcg4GnYZbe92RSzJWVL3dSuwmHsMPvyXdwoFrlv0eKg==",
            "output_file_mode": null,
            "output_md5": "9288dbd3505eb8edc620ce4d8021eaef",
            "output_path": "./dist/disconnect.zip",
            "output_sha": "5eb8fd78df509f720ece3ba3a3d80d8fa142b381",
            "output_sha256": "96d8f115eb2d93f165173e83537d091996a4acd46882d9ca5324e17c223ff94b",
            "output_sha512": "e064e44cb6abe8dc727b3b4d031ed00d53fada2da2fae8b1d32a6cb964e70dddc6720e069d865b7bdd914b325654bddd4aec261ec30fbf25ddc2816b96fd1e2a",
            "output_size": 1190,
            "source": [],
            "source_content": null,
            "source_content_filename": null,
            "source_dir": "./disconnect",
            "source_file": null,
            "type": "zip"
          },
          "sensitive_attributes": [],
          "identity_schema_version": 0
        }
      ]
    },
    {
      "mode": "data",
      "type": "archive_file",
      "name": "enqueue_zip",
      "provider": "provider[\"registry.terraform.io/hashicorp/archive\"]",
      "instances": [
        {
          "schema_version": 0,
          "attributes": {
            "exclude_symlink_directories": null,
            "excludes": null,
            "id": "10b54e266882acd12c82513586133ef0fb56b849",
            "output_base64sha256": "/Buhlb18JdlsAoOSjX0MmFadeOivFoqhEtkWiebyyzA=",
            "output_base64sha512": "cw4oe0TjYlYvWsOj5CV0AjmbYoRc4dpQNWapzn8ZwE4206Tz1T6LeISxh2jq7+/v5ll+dAppLIV8lPwKnuWQBg==",
            "output_file_mode": null,
            "output_md5": "a222c5258dfaefdcfc18076a95eca9d7",
            "output_path": "./dist/enqueue.zip",
            "output_sha": "10b54e266882acd12c82513586133ef0fb56b849",
            "output_sha256": "fc1ba195bd7c25d96c0283928d7d0c98569d78e8af168aa112d91689e6f2cb30",
            "output_sha512": "730e287b44e362562f5ac3a3e4257402399b62845ce1da503566a9ce7f19c04e36d3a4f3d53e8b7884b18768eaefefefe6597e740a692c857c94fc0a9ee59006",
            "output_size": 1330,
            "source": [],
            "source_content": null,
            "source_content_filename": null,
            "source_dir": "./enqueue",
            "source_file": null,
            "type": "zip"
          },
          "sensitive_attributes": [],
          "identity_schema_version": 0
        }
      ]
    },
    {
      "mode": "data",
      "type": "archive_file",
      "name": "mysql_layer_zip",
      "provider": "provider[\"registry.terraform.io/hashicorp/archive\"]",
      "instances": [
        {
          "schema_version": 0,
          "attributes": {
            "exclude_symlink_directories": null,
            "excludes": null,
            "id": "082d79701466a98cafb4468a6438c07fdb3e1a0b",
            "output_base64sha256": "3exoJMVz0lyl+BTc0TE+OBQ3585HlogGN4eHQ1b0cLM=",
            "output_base64sha512": "42liS6c/QnLN3Y/PbUoXobP702PlctE2HDWwx1oEBfeoiMNzjIXZ1LGTN96HRD2L+18O3jhm+Qt7nKun771+Hw==",
            "output_file_mode": null,
            "output_md5": "336b3a2503b5f4822265dae444987357",
            "output_path": "./mysql_layer.zip",
            "output_sha": "082d79701466a98cafb4468a6438c07fdb3e1a0b",
            "output_sha256": "ddec6824c573d25ca5f814dcd1313e381437e7ce479688063787874356f470b3",
            "output_sha512": "e369624ba73f4272cddd8fcf6d4a17a1b3fbd363e572d1361c35b0c75a0405f7a888c3738c85d9d4b19337de87443d8bfb5f0ede3866f90b7b9caba7efbd7e1f",
            "output_size": 137731,
            "source": [],
            "source_content": null,
            "source_content_filename": null,
            "source_dir": "./layers/mysql_layer",
            "source_file": null,
            "type": "zip"
          },
          "sensitive_attributes": [],
          "identity_schema_version": 0
        }
      ]
    },
    {
      "mode": "data",
      "type": "archive_file",
      "name": "requests_layer_zip",
      "provider": "provider[\"registry.terraform.io/hashicorp/archive\"]",
      "instances": [
        {
          "schema_version": 0,
          "attributes": {
            "exclude_symlink_directories": null,
            "excludes": null,
            "id": "f94a166e1ef62c9ebcecedfc1e8d7275fedc6766",
            "output_base64sha256": "SA/8hGLywJcT/m/D2QuCXIiWGYsdVjZabWLFox1M6EI=",
            "output_base64sha512": "BjuiYJgbslRQ1tfNdS9uBF7RBVpCQFMZoCbzLEt517YFZ2I8EkaNN3qw37HWehISoHPfJIjPC7FVZdMUcMMspQ==",
            "output_file_mode": null,
            "output_md5": "0301fc0b77a5885f38cc8c2f4c157d64",
            "output_path": "./requests_layer.zip",
            "output_sha": "f94a166e1ef62c9ebcecedfc1e8d7275fedc6766",
            "output_sha256": "480ffc8462f2c09713fe6fc3d90b825c8896198b1d56365a6d62c5a31d4ce842",
            "output_sha512": "063ba260981bb25450d6d7cd752f6e045ed1055a42405319a026f32c4b79d7b60567623c12468d377ab0dfb1d67a1212a073df2488cf0bb15565d31470c32ca5",
            "output_size": 1077941,
            "source": [],
            "source_content": null,
            "source_content_filename": null,
            "source_dir": "./layers/requests_layer",
            "source_file": null,
            "type": "zip"
          },
          "sensitive_attributes": [],
          "identity_schema_version": 0
        }
      ]
    },
    {
      "mode": "data",
      "type": "archive_file",
      "name": "watchlist_zip",
      "provider": "provider[\"registry.terraform.io/hashicorp/archive\"]",
      "instances": [
        {
          "schema_version": 0,
          "attributes": {
            "exclude_symlink_directories": null,
            "excludes": null,
            "id": "2fb9d8b9772d0ff7aeaa7b4f862f6b8b969bf2f7",
            "output_base64sha256": "79gbqwgC6ZQMO5KxLdZWV1cp7aTN6Jz5U2c2+cuycP8=",
            "output_base64sha512": "/6d3XqrjxQ1xCi/q/sDuu/KVdgcFVXzd5WXO7bq+kH5VF69ghQFxq2NF55IbI/uOBlr01nHQNLXtC51JW73haA==",
            "output_file_mode": null,
            "output_md5": "8e32f6e6a29bf4dc0f86feb35194ed5f",
            "output_path": "./dist/watchlist.zip",
            "output_sha": "2fb9d8b9772d0ff7aeaa7b4f862f6b8b969bf2f7",
            "output_sha256": "efd81bab0802e9940c3b92b12dd656575729eda4cde89cf9536736f9cbb270ff",
            "output_sha512": "ffa7775eaae3c50d710a2feafec0eebbf295760705557cdde565ceedbabe907e5517af60850171ab6345e7921b23fb8e065af4d671d034b5ed0b9d495bbde168",
            "output_size": 1062,
            "source": [],
            "source_content": null,
            "source_content_filename": null,
            "source_dir": "./watchlist",
            "source_file": null,
            "type": "zip"
          },
          "sensitive_attributes": [],
          "identity_schema_version": 0
        }
      ]
    },
    {
      "mode": "data",
      "type": "archive_file",
      "name": "worker_zip",
      "provider": "provider[\"registry.terraform.io/hashicorp/archive\"]",
      "instances": [
        {
          "schema_version": 0,
          "attributes": {
            "exclude_symlink_directories": null,
            "excludes": null,
            "id": "6ab592297391ace52c9fb8d7e0659f1327f2d756",
            "output_base64sha256": "F49GTtb5geBIkBB5EEL1O+FJO0zKsiBkbaHEQCplX90=",
            "output_base64sha512": "Xxk/m6UOHFkYS22sDFmjukTdXR2TBfp+jyQb+DFDxaERJ/AxVKaQfHTwhVOWGV7stqk4KjcnHYp6LpkmDGN/jA==",
            "output_file_mode": null,
            "output_md5": "b421ac9b30bd7f29b74174dc66591605",
            "output_path": "./dist/worker.zip",
            "output_sha": "6ab592297391ace52c9fb8d7e0659f1327f2d756",
            "output_sha256": "178f464ed6f981e0489010791042f53be1493b4ccab220646da1c4402a655fdd",
            "output_sha512": "5f193f9ba50e1c59184b6dac0c59a3ba44dd5d1d9305fa7e8f241bf83143c5a11127f03154a6907c74f0855396195eecb6a9382a37271d8a7a2e99260c637f8c",
            "output_size": 3149,
            "source": [],
            "source_content": null,
            "source_content_filename": null,
            "source_dir": "./worker",
            "source_file": null,
            "type": "zip"
          },
          "sensitive_attributes": [],
          "identity_schema_version": 0
        }
      ]
    },
    {
      "mode": "data",
      "type": "aws_ami",
      "name": "al2023",
      "provider": "provider[\"registry.terraform.io/hashicorp/aws\"]",
      "instances": [
        {
          "schema_version": 0,
          "attributes": {
            "architecture": "x86_64",
            "arn": "arn:aws:ec2:us-east-1::image/ami-0b9755dd9758b73ce",
            "block_device_mappings": [
              {
                "device_name": "/dev/xvda",
                "ebs": {
                  "delete_on_termination": "true",
                  "encrypted": "false",
                  "iops": "3000",
                  "snapshot_id": "snap-0a973e41a50cf1b1e",
                  "throughput": "125",
                  "volume_initialization_rate": "0",
                  "volume_size": "30",
                  "volume_type": "gp3"
                },
                "no_device": "",
                "virtual_name": ""
              }
            ],
            "boot_mode": "uefi-preferred",
            "creation_date": "2025-09-23T23:37:56.000Z",
            "deprecation_time": "2027-09-23T23:37:56.000Z",
            "description": "Amazon Linux AMI 2023.0.20250923 x86_64 ECS HVM EBS",
            "ena_support": true,
            "executable_users": null,
            "filter": [
              {
                "name": "architecture",
                "values": [
                  "x86_64"
                ]
              },
              {
                "name": "name",
                "values": [
                  "al2023-ami-*-kernel-6.1-*"
                ]
              }
            ],
            "hypervisor": "xen",
            "id": "ami-0b9755dd9758b73ce",
            "image_id": "ami-0b9755dd9758b73ce",
            "image_location": "amazon/al2023-ami-ecs-neuron-hvm-2023.0.20250923-kernel-6.1-x86_64",
            "image_owner_alias": "amazon",
            "image_type": "machine",
            "imds_support": "v2.0",
            "include_deprecated": false,
            "kernel_id": "",
            "last_launched_time": "",
            "most_recent": true,
            "name": "al2023-ami-ecs-neuron-hvm-2023.0.20250923-kernel-6.1-x86_64",
            "name_regex": null,
            "owner_id": "591542846629",
            "owners": [
              "amazon"
            ],
            "platform": "",
            "platform_details": "Linux/UNIX",
            "product_codes": [],
            "public": true,
            "ramdisk_id": "",
            "root_device_name": "/dev/xvda",
            "root_device_type": "ebs",
            "root_snapshot_id": "snap-0a973e41a50cf1b1e",
            "sriov_net_support": "simple",
            "state": "available",
            "state_reason": {
              "code": "UNSET",
              "message": "UNSET"
            },
            "tags": {},
            "timeouts": null,
            "tpm_support": "",
            "uefi_data": null,
            "usage_operation": "RunInstances",
            "virtualization_type": "hvm"
          },
          "sensitive_attributes": [],
          "identity_schema_version": 0
        }
      ]
    },
    {
      "mode": "data",
      "type": "aws_iam_role",
      "name": "labrole",
      "provider": "provider[\"registry.terraform.io/hashicorp/aws\"]",
      "instances": [
        {
          "schema_version": 0,
          "attributes": {
            "arn": "arn:aws:iam::339713151825:role/LabRole",
            "assume_role_policy": "{\"Version\":\"2012-10-17\",\"Statement\":[{\"Effect\":\"Allow\",\"Principal\":{\"Service\":[\"servicecatalog.amazonaws.com\",\"kinesis.amazonaws.com\",\"rds.amazonaws.com\",\"kinesisanalytics.amazonaws.com\",\"forecast.amazonaws.com\",\"cognito-idp.amazonaws.com\",\"dynamodb.amazonaws.com\",\"ecs-tasks.amazonaws.com\",\"backup.amazonaws.com\",\"eks-fargate-pods.amazonaws.com\",\"pipes.amazonaws.com\",\"databrew.amazonaws.com\",\"sagemaker.amazonaws.com\",\"batch.amazonaws.com\",\"autoscaling.amazonaws.com\",\"iotevents.amazonaws.com\",\"scheduler.amazonaws.com\",\"deepracer.amazonaws.com\",\"cloudtrail.amazonaws.com\",\"states.amazonaws.com\",\"glue.amazonaws.com\",\"elasticmapreduce.amazonaws.com\",\"logs.amazonaws.com\",\"firehose.amazonaws.com\",\"elasticbeanstalk.amazonaws.com\",\"codecommit.amazonaws.com\",\"events.amazonaws.com\",\"sqs.amazonaws.com\",\"secretsmanager.amazonaws.com\",\"codewhisperer.amazonaws.com\",\"codedeploy.amazonaws.com\",\"redshift.amazonaws.com\",\"athena.amazonaws.com\",\"ecs.amazonaws.com\",\"ssm.amazonaws.com\",\"credentials.iot.amazonaws.com\",\"cloud9.amazonaws.com\",\"kms.amazonaws.com\",\"resource-groups.amazonaws.com\",\"ec2.application-autoscaling.amazonaws.com\",\"sns.amazonaws.com\",\"s3.amazonaws.com\",\"cloudformation.amazonaws.com\",\"iotanalytics.amazonaws.com\",\"iot.amazonaws.com\",\"elasticloadbalancing.amazonaws.com\",\"lambda.amazonaws.com\",\"ec2.amazonaws.com\",\"eks.amazonaws.com\",\"application-autoscaling.amazonaws.com\",\"elasticfilesystem.amazonaws.com\",\"rekognition.amazonaws.com\",\"apigateway.amazonaws.com\"],\"AWS\":\"arn:aws:iam::339713151825:role/LabRole\"},\"Action\":\"sts:AssumeRole\"}]}",
            "create_date": "2025-09-27T17:13:21Z",
            "description": "",
            "id": "LabRole",
            "max_session_duration": 3600,
            "name": "LabRole",
            "path": "/",
            "permissions_boundary": "",
            "role_last_used": [
              {
                "last_used_date": "",
                "region": ""
              }
            ],
            "tags": {
              "cloudlab": "c176176a4552116l11541327t1w339713151825"
            },
            "unique_id": "AROAU6GD3KNI3KBTUNE4U"
          },
          "sensitive_attributes": [],
          "identity_schema_version": 0
        }
      ]
    },
    {
      "mode": "managed",
      "type": "aws_apigatewayv2_api",
      "name": "http",
      "provider": "provider[\"registry.terraform.io/hashicorp/aws\"]",
      "instances": [
        {
          "schema_version": 0,
          "attributes": {
            "api_endpoint": "https://gefh3e3249.execute-api.us-east-1.amazonaws.com",
            "api_key_selection_expression": "$request.header.x-api-key",
            "arn": "arn:aws:apigateway:us-east-1::/apis/gefh3e3249",
            "body": null,
            "cors_configuration": [
              {
                "allow_credentials": false,
                "allow_headers": [
                  "authorization",
                  "content-type"
                ],
                "allow_methods": [
                  "DELETE",
                  "GET",
                  "OPTIONS",
                  "PATCH",
                  "POST",
                  "PUT"
                ],
                "allow_origins": [
                  "http://localhost:5173",
                  "https://d84l1y8p4kdic.cloudfront.net/"
                ],
                "expose_headers": null,
                "max_age": 86400
              }
            ],
            "credentials_arn": null,
            "description": "",
            "disable_execute_api_endpoint": false,
            "execution_arn": "arn:aws:execute-api:us-east-1:339713151825:gefh3e3249",
            "fail_on_warnings": null,
            "id": "gefh3e3249",
            "ip_address_type": "ipv4",
            "name": "spirulina-dev-http",
            "protocol_type": "HTTP",
            "route_key": null,
            "route_selection_expression": "$request.method $request.path",
            "tags": null,
            "tags_all": {},
            "target": null,
            "version": ""
          },
          "sensitive_attributes": [],
          "identity_schema_version": 0,
          "private": "bnVsbA=="
        }
      ]
    },
    {
      "mode": "managed",
      "type": "aws_apigatewayv2_api",
      "name": "ws",
      "provider": "provider[\"registry.terraform.io/hashicorp/aws\"]",
      "instances": [
        {
          "schema_version": 0,
          "attributes": {
            "api_endpoint": "wss://ccdg38adi2.execute-api.us-east-1.amazonaws.com",
            "api_key_selection_expression": "$request.header.x-api-key",
            "arn": "arn:aws:apigateway:us-east-1::/apis/ccdg38adi2",
            "body": null,
            "cors_configuration": [],
            "credentials_arn": null,
            "description": "",
            "disable_execute_api_endpoint": false,
            "execution_arn": "arn:aws:execute-api:us-east-1:339713151825:ccdg38adi2",
            "fail_on_warnings": null,
            "id": "ccdg38adi2",
            "ip_address_type": "ipv4",
            "name": "spirulina-dev-ws",
            "protocol_type": "WEBSOCKET",
            "route_key": null,
            "route_selection_expression": "$request.body.action",
            "tags": null,
            "tags_all": {},
            "target": null,
            "version": ""
          },
          "sensitive_attributes": [],
          "identity_schema_version": 0,
          "private": "bnVsbA=="
        }
      ]
    },
    {
      "mode": "managed",
      "type": "aws_apigatewayv2_authorizer",
      "name": "jwt",
      "provider": "provider[\"registry.terraform.io/hashicorp/aws\"]",
      "instances": [
        {
          "schema_version": 0,
          "attributes": {
            "api_id": "gefh3e3249",
            "authorizer_credentials_arn": "",
            "authorizer_payload_format_version": "",
            "authorizer_result_ttl_in_seconds": 0,
            "authorizer_type": "JWT",
            "authorizer_uri": "",
            "enable_simple_responses": false,
            "id": "txjyot",
            "identity_sources": [
              "$request.header.Authorization"
            ],
            "jwt_configuration": [
              {
                "audience": [
                  "6cjk7o9n9umnrj2jq0l9gi0bc5"
                ],
                "issuer": "https://cognito-idp.us-east-1.amazonaws.com/us-east-1_LIoJ9JWGM"
              }
            ],
            "name": "cognito-jwt",
            "timeouts": null
          },
          "sensitive_attributes": [],
          "identity_schema_version": 0,
          "private": "eyJlMmJmYjczMC1lY2FhLTExZTYtOGY4OC0zNDM2M2JjN2M0YzAiOnsiZGVsZXRlIjoxODAwMDAwMDAwMDAwfX0=",
          "dependencies": [
            "aws_apigatewayv2_api.http",
            "aws_cognito_user_pool.main",
            "aws_cognito_user_pool_client.spa"
          ]
        }
      ]
    },
    {
      "mode": "managed",
      "type": "aws_apigatewayv2_integration",
      "name": "enqueue",
      "provider": "provider[\"registry.terraform.io/hashicorp/aws\"]",
      "instances": [
        {
          "schema_version": 0,
          "attributes": {
            "api_id": "gefh3e3249",
            "connection_id": "",
            "connection_type": "INTERNET",
            "content_handling_strategy": "",
            "credentials_arn": "",
            "description": "",
            "id": "20u8mro",
            "integration_method": "POST",
            "integration_response_selection_expression": "",
            "integration_subtype": "",
            "integration_type": "AWS_PROXY",
            "integration_uri": "arn:aws:apigateway:us-east-1:lambda:path/2015-03-31/functions/arn:aws:lambda:us-east-1:339713151825:function:spirulina-dev-enqueue/invocations",
            "passthrough_behavior": "",
            "payload_format_version": "2.0",
            "request_parameters": null,
            "request_templates": null,
            "response_parameters": [],
            "template_selection_expression": "",
            "timeout_milliseconds": 29000,
            "tls_config": []
          },
          "sensitive_attributes": [],
          "identity_schema_version": 0,
          "private": "bnVsbA==",
          "dependencies": [
            "aws_apigatewayv2_api.http",
            "aws_dynamodb_table.conns",
            "aws_lambda_function.enqueue",
            "aws_secretsmanager_secret.db",
            "aws_secretsmanager_secret.scraper",
            "aws_security_group.lambda",
            "aws_sqs_queue.dlq",
            "aws_sqs_queue.main",
            "aws_subnet.private_a",
            "aws_subnet.private_b",
            "aws_vpc.main",
            "data.archive_file.enqueue_zip",
            "data.aws_iam_role.labrole"
          ]
        }
      ]
    },
    {
      "mode": "managed",
      "type": "aws_apigatewayv2_integration",
      "name": "watchlist",
      "provider": "provider[\"registry.terraform.io/hashicorp/aws\"]",
      "instances": [
        {
          "schema_version": 0,
          "attributes": {
            "api_id": "gefh3e3249",
            "connection_id": "",
            "connection_type": "INTERNET",
            "content_handling_strategy": "",
            "credentials_arn": "",
            "description": "",
            "id": "ju5x8bc",
            "integration_method": "POST",
            "integration_response_selection_expression": "",
            "integration_subtype": "",
            "integration_type": "AWS_PROXY",
            "integration_uri": "arn:aws:apigateway:us-east-1:lambda:path/2015-03-31/functions/arn:aws:lambda:us-east-1:339713151825:function:spirulina-dev-watchlist-read/invocations",
            "passthrough_behavior": "",
            "payload_format_version": "2.0",
            "request_parameters": null,
            "request_templates": null,
            "response_parameters": [],
            "template_selection_expression": "",
            "timeout_milliseconds": 29000,
            "tls_config": []
          },
          "sensitive_attributes": [],
          "identity_schema_version": 0,
          "private": "bnVsbA==",
          "dependencies": [
            "aws_apigatewayv2_api.http",
            "aws_dynamodb_table.conns",
            "aws_lambda_function.watchlist_read",
            "aws_lambda_layer_version.mysql_layer",
            "aws_secretsmanager_secret.db",
            "aws_secretsmanager_secret.scraper",
            "aws_security_group.lambda",
            "aws_sqs_queue.dlq",
            "aws_sqs_queue.main",
            "aws_subnet.private_a",
            "aws_subnet.private_b",
            "aws_vpc.main",
            "data.archive_file.mysql_layer_zip",
            "data.archive_file.watchlist_zip",
            "data.aws_iam_role.labrole"
          ]
        }
      ]
    },
    {
      "mode": "managed",
      "type": "aws_apigatewayv2_integration",
      "name": "ws_connect",
      "provider": "provider[\"registry.terraform.io/hashicorp/aws\"]",
      "instances": [
        {
          "schema_version": 0,
          "attributes": {
            "api_id": "ccdg38adi2",
            "connection_id": "",
            "connection_type": "INTERNET",
            "content_handling_strategy": "",
            "credentials_arn": "",
            "description": "",
            "id": "g1naqbl",
            "integration_method": "POST",
            "integration_response_selection_expression": "",
            "integration_subtype": "",
            "integration_type": "AWS_PROXY",
            "integration_uri": "arn:aws:apigateway:us-east-1:lambda:path/2015-03-31/functions/arn:aws:lambda:us-east-1:339713151825:function:spirulina-dev-connect/invocations",
            "passthrough_behavior": "WHEN_NO_MATCH",
            "payload_format_version": "1.0",
            "request_parameters": null,
            "request_templates": null,
            "response_parameters": [],
            "template_selection_expression": "",
            "timeout_milliseconds": 29000,
            "tls_config": []
          },
          "sensitive_attributes": [],
          "identity_schema_version": 0,
          "private": "bnVsbA==",
          "dependencies": [
            "aws_apigatewayv2_api.ws",
            "aws_dynamodb_table.conns",
            "aws_lambda_function.connect",
            "aws_secretsmanager_secret.db",
            "aws_secretsmanager_secret.scraper",
            "aws_security_group.lambda",
            "aws_sqs_queue.dlq",
            "aws_sqs_queue.main",
            "aws_subnet.private_a",
            "aws_subnet.private_b",
            "aws_vpc.main",
            "data.archive_file.connect_zip",
            "data.aws_iam_role.labrole"
          ]
        }
      ]
    },
    {
      "mode": "managed",
      "type": "aws_apigatewayv2_integration",
      "name": "ws_disconnect",
      "provider": "provider[\"registry.terraform.io/hashicorp/aws\"]",
      "instances": [
        {
          "schema_version": 0,
          "attributes": {
            "api_id": "ccdg38adi2",
            "connection_id": "",
            "connection_type": "INTERNET",
            "content_handling_strategy": "",
            "credentials_arn": "",
            "description": "",
            "id": "z3jd7ts",
            "integration_method": "POST",
            "integration_response_selection_expression": "",
            "integration_subtype": "",
            "integration_type": "AWS_PROXY",
            "integration_uri": "arn:aws:apigateway:us-east-1:lambda:path/2015-03-31/functions/arn:aws:lambda:us-east-1:339713151825:function:spirulina-dev-disconnect/invocations",
            "passthrough_behavior": "WHEN_NO_MATCH",
            "payload_format_version": "1.0",
            "request_parameters": null,
            "request_templates": null,
            "response_parameters": [],
            "template_selection_expression": "",
            "timeout_milliseconds": 29000,
            "tls_config": []
          },
          "sensitive_attributes": [],
          "identity_schema_version": 0,
          "private": "bnVsbA==",
          "dependencies": [
            "aws_apigatewayv2_api.ws",
            "aws_dynamodb_table.conns",
            "aws_lambda_function.disconnect",
            "aws_secretsmanager_secret.db",
            "aws_secretsmanager_secret.scraper",
            "aws_security_group.lambda",
            "aws_sqs_queue.dlq",
            "aws_sqs_queue.main",
            "aws_subnet.private_a",
            "aws_subnet.private_b",
            "aws_vpc.main",
            "data.archive_file.disconnect_zip",
            "data.aws_iam_role.labrole"
          ]
        }
      ]
    },
    {
      "mode": "managed",
      "type": "aws_apigatewayv2_route",
      "name": "protected",
      "provider": "provider[\"registry.terraform.io/hashicorp/aws\"]",
      "instances": [
        {
          "index_key": "GET /watchlist",
          "schema_version": 0,
          "attributes": {
            "api_id": "gefh3e3249",
            "api_key_required": false,
            "authorization_scopes": null,
            "authorization_type": "JWT",
            "authorizer_id": "txjyot",
            "id": "a9zt9r2",
            "model_selection_expression": "",
            "operation_name": "",
            "request_models": null,
            "request_parameter": [],
            "route_key": "GET /watchlist",
            "route_response_selection_expression": "",
            "target": "integrations/ju5x8bc"
          },
          "sensitive_attributes": [],
          "identity_schema_version": 0,
          "private": "bnVsbA==",
          "dependencies": [
            "aws_apigatewayv2_api.http",
            "aws_apigatewayv2_authorizer.jwt",
            "aws_apigatewayv2_integration.enqueue",
            "aws_apigatewayv2_integration.watchlist",
            "aws_cognito_user_pool.main",
            "aws_cognito_user_pool_client.spa",
            "aws_dynamodb_table.conns",
            "aws_lambda_function.enqueue",
            "aws_lambda_function.watchlist_read",
            "aws_lambda_layer_version.mysql_layer",
            "aws_secretsmanager_secret.db",
            "aws_secretsmanager_secret.scraper",
            "aws_security_group.lambda",
            "aws_sqs_queue.dlq",
            "aws_sqs_queue.main",
            "aws_subnet.private_a",
            "aws_subnet.private_b",
            "aws_vpc.main",
            "data.archive_file.enqueue_zip",
            "data.archive_file.mysql_layer_zip",
            "data.archive_file.watchlist_zip",
            "data.aws_iam_role.labrole"
          ]
        },
        {
          "index_key": "POST /enqueue",
          "schema_version": 0,
          "attributes": {
            "api_id": "gefh3e3249",
            "api_key_required": false,
            "authorization_scopes": null,
            "authorization_type": "JWT",
            "authorizer_id": "txjyot",
            "id": "mxhyz6l",
            "model_selection_expression": "",
            "operation_name": "",
            "request_models": null,
            "request_parameter": [],
            "route_key": "POST /enqueue",
            "route_response_selection_expression": "",
            "target": "integrations/20u8mro"
          },
          "sensitive_attributes": [],
          "identity_schema_version": 0,
          "private": "bnVsbA==",
          "dependencies": [
            "aws_apigatewayv2_api.http",
            "aws_apigatewayv2_authorizer.jwt",
            "aws_apigatewayv2_integration.enqueue",
            "aws_apigatewayv2_integration.watchlist",
            "aws_cognito_user_pool.main",
            "aws_cognito_user_pool_client.spa",
            "aws_dynamodb_table.conns",
            "aws_lambda_function.enqueue",
            "aws_lambda_function.watchlist_read",
            "aws_lambda_layer_version.mysql_layer",
            "aws_secretsmanager_secret.db",
            "aws_secretsmanager_secret.scraper",
            "aws_security_group.lambda",
            "aws_sqs_queue.dlq",
            "aws_sqs_queue.main",
            "aws_subnet.private_a",
            "aws_subnet.private_b",
            "aws_vpc.main",
            "data.archive_file.enqueue_zip",
            "data.archive_file.mysql_layer_zip",
            "data.archive_file.watchlist_zip",
            "data.aws_iam_role.labrole"
          ]
        }
      ]
    },
    {
      "mode": "managed",
      "type": "aws_apigatewayv2_route",
      "name": "r_connect",
      "provider": "provider[\"registry.terraform.io/hashicorp/aws\"]",
      "instances": [
        {
          "schema_version": 0,
          "attributes": {
            "api_id": "ccdg38adi2",
            "api_key_required": false,
            "authorization_scopes": null,
            "authorization_type": "NONE",
            "authorizer_id": "",
            "id": "6whqoo7",
            "model_selection_expression": "",
            "operation_name": "",
            "request_models": null,
            "request_parameter": [],
            "route_key": "$connect",
            "route_response_selection_expression": "",
            "target": "integrations/g1naqbl"
          },
          "sensitive_attributes": [],
          "identity_schema_version": 0,
          "private": "bnVsbA==",
          "dependencies": [
            "aws_apigatewayv2_api.ws",
            "aws_apigatewayv2_integration.ws_connect",
            "aws_dynamodb_table.conns",
            "aws_lambda_function.connect",
            "aws_secretsmanager_secret.db",
            "aws_secretsmanager_secret.scraper",
            "aws_security_group.lambda",
            "aws_sqs_queue.dlq",
            "aws_sqs_queue.main",
            "aws_subnet.private_a",
            "aws_subnet.private_b",
            "aws_vpc.main",
            "data.archive_file.connect_zip",
            "data.aws_iam_role.labrole"
          ]
        }
      ]
    },
    {
      "mode": "managed",
      "type": "aws_apigatewayv2_route",
      "name": "r_disconnect",
      "provider": "provider[\"registry.terraform.io/hashicorp/aws\"]",
      "instances": [
        {
          "schema_version": 0,
          "attributes": {
            "api_id": "ccdg38adi2",
            "api_key_required": false,
            "authorization_scopes": null,
            "authorization_type": "NONE",
            "authorizer_id": "",
            "id": "pbc4jkm",
            "model_selection_expression": "",
            "operation_name": "",
            "request_models": null,
            "request_parameter": [],
            "route_key": "$disconnect",
            "route_response_selection_expression": "",
            "target": "integrations/z3jd7ts"
          },
          "sensitive_attributes": [],
          "identity_schema_version": 0,
          "private": "bnVsbA==",
          "dependencies": [
            "aws_apigatewayv2_api.ws",
            "aws_apigatewayv2_integration.ws_disconnect",
            "aws_dynamodb_table.conns",
            "aws_lambda_function.disconnect",
            "aws_secretsmanager_secret.db",
            "aws_secretsmanager_secret.scraper",
            "aws_security_group.lambda",
            "aws_sqs_queue.dlq",
            "aws_sqs_queue.main",
            "aws_subnet.private_a",
            "aws_subnet.private_b",
            "aws_vpc.main",
            "data.archive_file.disconnect_zip",
            "data.aws_iam_role.labrole"
          ]
        }
      ]
    },
    {
      "mode": "managed",
      "type": "aws_apigatewayv2_stage",
      "name": "default",
      "provider": "provider[\"registry.terraform.io/hashicorp/aws\"]",
      "instances": [
        {
          "schema_version": 0,
          "attributes": {
            "access_log_settings": [],
            "api_id": "gefh3e3249",
            "arn": "arn:aws:apigateway:us-east-1::/apis/gefh3e3249/stages/$default",
            "auto_deploy": true,
            "client_certificate_id": "",
            "default_route_settings": [
              {
                "data_trace_enabled": false,
                "detailed_metrics_enabled": false,
                "logging_level": "",
                "throttling_burst_limit": 0,
                "throttling_rate_limit": 0
              }
            ],
            "deployment_id": "",
            "description": "",
            "execution_arn": "arn:aws:execute-api:us-east-1:339713151825:gefh3e3249/$default",
            "id": "$default",
            "invoke_url": "https://gefh3e3249.execute-api.us-east-1.amazonaws.com/",
            "name": "$default",
            "route_settings": [],
            "stage_variables": null,
            "tags": null,
            "tags_all": {}
          },
          "sensitive_attributes": [],
          "identity_schema_version": 0,
          "private": "bnVsbA==",
          "dependencies": [
            "aws_apigatewayv2_api.http"
          ]
        }
      ]
    },
    {
      "mode": "managed",
      "type": "aws_apigatewayv2_stage",
      "name": "ws_prod",
      "provider": "provider[\"registry.terraform.io/hashicorp/aws\"]",
      "instances": [
        {
          "schema_version": 0,
          "attributes": {
            "access_log_settings": [],
            "api_id": "ccdg38adi2",
            "arn": "arn:aws:apigateway:us-east-1::/apis/ccdg38adi2/stages/production",
            "auto_deploy": true,
            "client_certificate_id": "",
            "default_route_settings": [
              {
                "data_trace_enabled": false,
                "detailed_metrics_enabled": false,
                "logging_level": "OFF",
                "throttling_burst_limit": 0,
                "throttling_rate_limit": 0
              }
            ],
            "deployment_id": "",
            "description": "",
            "execution_arn": "arn:aws:execute-api:us-east-1:339713151825:ccdg38adi2/production",
            "id": "production",
            "invoke_url": "wss://ccdg38adi2.execute-api.us-east-1.amazonaws.com/production",
            "name": "production",
            "route_settings": [],
            "stage_variables": null,
            "tags": null,
            "tags_all": {}
          },
          "sensitive_attributes": [],
          "identity_schema_version": 0,
          "private": "bnVsbA==",
          "dependencies": [
            "aws_apigatewayv2_api.ws"
          ]
        }
      ]
    },
    {
      "mode": "managed",
      "type": "aws_cognito_user_pool",
      "name": "main",
      "provider": "provider[\"registry.terraform.io/hashicorp/aws\"]",
      "instances": [
        {
          "schema_version": 0,
          "attributes": {
            "account_recovery_setting": [
              {
                "recovery_mechanism": [
                  {
                    "name": "verified_email",
                    "priority": 1
                  },
                  {
                    "name": "verified_phone_number",
                    "priority": 2
                  }
                ]
              }
            ],
            "admin_create_user_config": [
              {
                "allow_admin_create_user_only": false,
                "invite_message_template": []
              }
            ],
            "alias_attributes": null,
            "arn": "arn:aws:cognito-idp:us-east-1:339713151825:userpool/us-east-1_LIoJ9JWGM",
            "auto_verified_attributes": [
              "email"
            ],
            "creation_date": "2025-09-27T17:26:00Z",
            "custom_domain": "",
            "deletion_protection": "INACTIVE",
            "device_configuration": [],
            "domain": "",
            "email_configuration": [
              {
                "configuration_set": "",
                "email_sending_account": "COGNITO_DEFAULT",
                "from_email_address": "",
                "reply_to_email_address": "",
                "source_arn": ""
              }
            ],
            "email_mfa_configuration": [],
            "email_verification_message": "",
            "email_verification_subject": "",
            "endpoint": "cognito-idp.us-east-1.amazonaws.com/us-east-1_LIoJ9JWGM",
            "estimated_number_of_users": 0,
            "id": "us-east-1_LIoJ9JWGM",
            "lambda_config": [],
            "last_modified_date": "2025-09-27T17:26:00Z",
            "mfa_configuration": "OFF",
            "name": "spirulina-user-pool",
            "password_policy": [
              {
                "minimum_length": 8,
                "password_history_size": 0,
                "require_lowercase": true,
                "require_numbers": true,
                "require_symbols": false,
                "require_uppercase": true,
                "temporary_password_validity_days": 7
              }
            ],
            "schema": [
              {
                "attribute_data_type": "String",
                "developer_only_attribute": null,
                "mutable": true,
                "name": "email",
                "number_attribute_constraints": [],
                "required": true,
                "string_attribute_constraints": [
                  {
                    "max_length": "2048",
                    "min_length": "5"
                  }
                ]
              }
            ],
            "sign_in_policy": [
              {
                "allowed_first_auth_factors": [
                  "PASSWORD"
                ]
              }
            ],
            "sms_authentication_message": "",
            "sms_configuration": [],
            "sms_verification_message": "",
            "software_token_mfa_configuration": [],
            "tags": null,
            "tags_all": {},
            "user_attribute_update_settings": [],
            "user_pool_add_ons": [],
            "user_pool_tier": "ESSENTIALS",
            "username_attributes": [
              "email"
            ],
            "username_configuration": [],
            "verification_message_template": [
              {
                "default_email_option": "CONFIRM_WITH_CODE",
                "email_message": "",
                "email_message_by_link": "",
                "email_subject": "",
                "email_subject_by_link": "",
                "sms_message": ""
              }
            ],
            "web_authn_configuration": []
          },
          "sensitive_attributes": [],
          "identity_schema_version": 0,
          "private": "bnVsbA=="
        }
      ]
    },
    {
      "mode": "managed",
      "type": "aws_cognito_user_pool_client",
      "name": "spa",
      "provider": "provider[\"registry.terraform.io/hashicorp/aws\"]",
      "instances": [
        {
          "schema_version": 0,
          "attributes": {
            "access_token_validity": 0,
            "allowed_oauth_flows": [
              "implicit"
            ],
            "allowed_oauth_flows_user_pool_client": true,
            "allowed_oauth_scopes": [
              "email",
              "openid",
              "phone"
            ],
            "analytics_configuration": [],
            "auth_session_validity": 3,
            "callback_urls": [
              "http://localhost:5173/",
              "https://d84l1y8p4kdic.cloudfront.net/"
            ],
            "client_secret": "",
            "default_redirect_uri": "",
            "enable_propagate_additional_user_context_data": false,
            "enable_token_revocation": true,
            "explicit_auth_flows": [
              "ALLOW_REFRESH_TOKEN_AUTH",
              "ALLOW_USER_PASSWORD_AUTH",
              "ALLOW_USER_SRP_AUTH"
            ],
            "generate_secret": false,
            "id": "6cjk7o9n9umnrj2jq0l9gi0bc5",
            "id_token_validity": 0,
            "logout_urls": [
              "http://localhost:5173/",
              "https://d84l1y8p4kdic.cloudfront.net/"
            ],
            "name": "spirulina-spa",
            "prevent_user_existence_errors": "",
            "read_attributes": [],
            "refresh_token_rotation": [],
            "refresh_token_validity": 30,
            "supported_identity_providers": [
              "COGNITO"
            ],
            "token_validity_units": [],
            "user_pool_id": "us-east-1_LIoJ9JWGM",
            "write_attributes": []
          },
          "sensitive_attributes": [
            [
              {
                "type": "get_attr",
                "value": "client_secret"
              }
            ]
          ],
          "identity_schema_version": 0,
          "dependencies": [
            "aws_cognito_user_pool.main"
          ]
        }
      ]
    },
    {
      "mode": "managed",
      "type": "aws_cognito_user_pool_domain",
      "name": "main",
      "provider": "provider[\"registry.terraform.io/hashicorp/aws\"]",
      "instances": [
        {
          "schema_version": 0,
          "attributes": {
            "aws_account_id": "339713151825",
            "certificate_arn": "",
            "cloudfront_distribution": "d3oia8etllorh5.cloudfront.net",
            "cloudfront_distribution_arn": "d3oia8etllorh5.cloudfront.net",
            "cloudfront_distribution_zone_id": "Z2FDTNDATAQYW2",
            "domain": "spirulina-dev-auth",
            "id": "spirulina-dev-auth",
            "managed_login_version": 1,
            "s3_bucket": "aws-cognito-prod-iad-assets",
            "user_pool_id": "us-east-1_LIoJ9JWGM",
            "version": "20250927172602"
          },
          "sensitive_attributes": [],
          "identity_schema_version": 0,
          "private": "bnVsbA==",
          "dependencies": [
            "aws_cognito_user_pool.main"
          ]
        }
      ]
    },
    {
      "mode": "managed",
      "type": "aws_db_instance",
      "name": "mysql",
      "provider": "provider[\"registry.terraform.io/hashicorp/aws\"]",
      "instances": [
        {
          "schema_version": 2,
          "attributes": {
            "address": "spirulina-mysql.cdq864y2qo5f.us-east-1.rds.amazonaws.com",
            "allocated_storage": 20,
            "allow_major_version_upgrade": null,
            "apply_immediately": false,
            "arn": "arn:aws:rds:us-east-1:339713151825:db:spirulina-mysql",
            "auto_minor_version_upgrade": true,
            "availability_zone": "us-east-1a",
            "backup_retention_period": 0,
            "backup_target": "region",
            "backup_window": "04:07-04:37",
            "blue_green_update": [],
            "ca_cert_identifier": "rds-ca-rsa2048-g1",
            "character_set_name": "",
            "copy_tags_to_snapshot": false,
            "custom_iam_instance_profile": "",
            "customer_owned_ip_enabled": false,
            "database_insights_mode": "standard",
            "db_name": "spirulinadb",
            "db_subnet_group_name": "spirulina-dev-rds-subnets",
            "dedicated_log_volume": false,
            "delete_automated_backups": true,
            "deletion_protection": false,
            "domain": "",
            "domain_auth_secret_arn": "",
            "domain_dns_ips": null,
            "domain_fqdn": "",
            "domain_iam_role_name": "",
            "domain_ou": "",
            "enabled_cloudwatch_logs_exports": null,
            "endpoint": "spirulina-mysql.cdq864y2qo5f.us-east-1.rds.amazonaws.com:3306",
            "engine": "mysql",
            "engine_lifecycle_support": "open-source-rds-extended-support",
            "engine_version": "8.0",
            "engine_version_actual": "8.0.42",
            "final_snapshot_identifier": null,
            "hosted_zone_id": "Z2R2ITUGPM61AM",
            "iam_database_authentication_enabled": false,
            "id": "db-MGPSKRGOLJ3IP5NPPA5ZD4GA4Y",
            "identifier": "spirulina-mysql",
            "identifier_prefix": "",
            "instance_class": "db.t3.micro",
            "iops": 0,
            "kms_key_id": "",
            "latest_restorable_time": "",
            "license_model": "general-public-license",
            "listener_endpoint": [],
            "maintenance_window": "tue:07:34-tue:08:04",
            "manage_master_user_password": null,
            "master_user_secret": [],
            "master_user_secret_kms_key_id": null,
            "max_allocated_storage": 0,
            "monitoring_interval": 0,
            "monitoring_role_arn": "",
            "multi_az": true,
            "nchar_character_set_name": "",
            "network_type": "IPV4",
            "option_group_name": "default:mysql-8-0",
            "parameter_group_name": "default.mysql8.0",
            "password": "3aJnw0qQ7tMcSHKCkkJF",
            "password_wo": null,
            "password_wo_version": null,
            "performance_insights_enabled": false,
            "performance_insights_kms_key_id": "",
            "performance_insights_retention_period": 0,
            "port": 3306,
            "publicly_accessible": false,
            "replica_mode": "",
            "replicas": [],
            "replicate_source_db": "",
            "resource_id": "db-MGPSKRGOLJ3IP5NPPA5ZD4GA4Y",
            "restore_to_point_in_time": [],
            "s3_import": [],
            "skip_final_snapshot": true,
            "snapshot_identifier": null,
            "status": "available",
            "storage_encrypted": false,
            "storage_throughput": 0,
            "storage_type": "gp2",
            "tags": null,
            "tags_all": {},
            "timeouts": null,
            "timezone": "",
            "upgrade_storage_config": null,
            "username": "spirulina_app",
            "vpc_security_group_ids": [
              "sg-0662029fb72a9fd5d"
            ]
          },
          "sensitive_attributes": [
            [
              {
                "type": "get_attr",
                "value": "password"
              }
            ],
            [
              {
                "type": "get_attr",
                "value": "password_wo"
              }
            ]
          ],
          "identity_schema_version": 0,
          "private": "eyJlMmJmYjczMC1lY2FhLTExZTYtOGY4OC0zNDM2M2JjN2M0YzAiOnsiY3JlYXRlIjozMDAwMDAwMDAwMDAwLCJkZWxldGUiOjM2MDAwMDAwMDAwMDAsInVwZGF0ZSI6NDgwMDAwMDAwMDAwMH0sInNjaGVtYV92ZXJzaW9uIjoiMiJ9",
          "dependencies": [
            "aws_db_subnet_group.rds",
            "aws_security_group.rds",
            "aws_subnet.private_a",
            "aws_subnet.private_b",
            "aws_vpc.main",
            "random_password.db"
          ]
        }
      ]
    },
    {
      "mode": "managed",
      "type": "aws_db_subnet_group",
      "name": "rds",
      "provider": "provider[\"registry.terraform.io/hashicorp/aws\"]",
      "instances": [
        {
          "schema_version": 0,
          "attributes": {
            "arn": "arn:aws:rds:us-east-1:339713151825:subgrp:spirulina-dev-rds-subnets",
            "description": "Managed by Terraform",
            "id": "spirulina-dev-rds-subnets",
            "name": "spirulina-dev-rds-subnets",
            "name_prefix": "",
            "subnet_ids": [
              "subnet-0c36852f36ae46d0e",
              "subnet-0e89eb265de1bae7f"
            ],
            "supported_network_types": [
              "IPV4"
            ],
            "tags": {
              "Name": "spirulina-dev-rds-subnets"
            },
            "tags_all": {
              "Name": "spirulina-dev-rds-subnets"
            },
            "vpc_id": "vpc-0b8f6b65a2c81f801"
          },
          "sensitive_attributes": [],
          "identity_schema_version": 0,
          "private": "bnVsbA==",
          "dependencies": [
            "aws_subnet.private_a",
            "aws_subnet.private_b",
            "aws_vpc.main"
          ]
        }
      ]
    },
    {
      "mode": "managed",
      "type": "aws_dynamodb_table",
      "name": "conns",
      "provider": "provider[\"registry.terraform.io/hashicorp/aws\"]",
      "instances": [
        {
          "schema_version": 1,
          "attributes": {
            "arn": "arn:aws:dynamodb:us-east-1:339713151825:table/spirulina-pubsub",
            "attribute": [
              {
                "name": "connectionId",
                "type": "S"
              },
              {
                "name": "pk",
                "type": "S"
              },
              {
                "name": "sk",
                "type": "S"
              }
            ],
            "billing_mode": "PAY_PER_REQUEST",
            "deletion_protection_enabled": false,
            "global_secondary_index": [
              {
                "hash_key": "connectionId",
                "name": "gsi_conn",
                "non_key_attributes": [
                  "pk",
                  "sk"
                ],
                "on_demand_throughput": [],
                "projection_type": "INCLUDE",
                "range_key": "",
                "read_capacity": 0,
                "write_capacity": 0
              }
            ],
            "hash_key": "pk",
            "id": "spirulina-pubsub",
            "import_table": [],
            "local_secondary_index": [],
            "name": "spirulina-pubsub",
            "on_demand_throughput": [],
            "point_in_time_recovery": [
              {
                "enabled": false,
                "recovery_period_in_days": 0
              }
            ],
            "range_key": "sk",
            "read_capacity": 0,
            "replica": [],
            "restore_date_time": null,
            "restore_source_name": null,
            "restore_source_table_arn": null,
            "restore_to_latest_time": null,
            "server_side_encryption": [],
            "stream_arn": "",
            "stream_enabled": false,
            "stream_label": "",
            "stream_view_type": "",
            "table_class": "STANDARD",
            "tags": {
              "Name": "spirulina-dev-conns"
            },
            "tags_all": {
              "Name": "spirulina-dev-conns"
            },
            "timeouts": null,
            "ttl": [
              {
                "attribute_name": "ttl",
                "enabled": true
              }
            ],
            "write_capacity": 0
          },
          "sensitive_attributes": [],
          "identity_schema_version": 0,
          "private": "eyJlMmJmYjczMC1lY2FhLTExZTYtOGY4OC0zNDM2M2JjN2M0YzAiOnsiY3JlYXRlIjoxODAwMDAwMDAwMDAwLCJkZWxldGUiOjYwMDAwMDAwMDAwMCwidXBkYXRlIjozNjAwMDAwMDAwMDAwfSwic2NoZW1hX3ZlcnNpb24iOiIxIn0="
        }
      ]
    },
    {
      "mode": "managed",
      "type": "aws_eip",
      "name": "nat",
      "provider": "provider[\"registry.terraform.io/hashicorp/aws\"]",
      "instances": [
        {
          "schema_version": 0,
          "attributes": {
            "address": null,
            "allocation_id": "eipalloc-0fde85ee9e32c7112",
            "arn": "arn:aws:ec2:us-east-1:339713151825:elastic-ip/eipalloc-0fde85ee9e32c7112",
            "associate_with_private_ip": null,
            "association_id": "",
            "carrier_ip": "",
            "customer_owned_ip": "",
            "customer_owned_ipv4_pool": "",
            "domain": "vpc",
            "id": "eipalloc-0fde85ee9e32c7112",
            "instance": "",
            "ipam_pool_id": null,
            "network_border_group": "us-east-1",
            "network_interface": "",
            "private_dns": null,
            "private_ip": "",
            "ptr_record": "",
            "public_dns": "ec2-54-197-165-39.compute-1.amazonaws.com",
            "public_ip": "54.197.165.39",
            "public_ipv4_pool": "amazon",
            "tags": {
              "Name": "spirulina-dev-nat-eip"
            },
            "tags_all": {
              "Name": "spirulina-dev-nat-eip"
            },
            "timeouts": null,
            "vpc": true
          },
          "sensitive_attributes": [],
          "identity_schema_version": 0,
          "private": "eyJlMmJmYjczMC1lY2FhLTExZTYtOGY4OC0zNDM2M2JjN2M0YzAiOnsiZGVsZXRlIjoxODAwMDAwMDAwMDAsInJlYWQiOjkwMDAwMDAwMDAwMCwidXBkYXRlIjozMDAwMDAwMDAwMDB9fQ=="
        }
      ]
    },
    {
      "mode": "managed",
      "type": "aws_instance",
      "name": "bastion",
      "provider": "provider[\"registry.terraform.io/hashicorp/aws\"]",
      "instances": [
        {
          "schema_version": 1,
          "attributes": {
            "ami": "ami-0b9755dd9758b73ce",
            "arn": "arn:aws:ec2:us-east-1:339713151825:instance/i-0119f19d05e468e20",
            "associate_public_ip_address": true,
            "availability_zone": "us-east-1a",
            "capacity_reservation_specification": [
              {
                "capacity_reservation_preference": "open",
                "capacity_reservation_target": []
              }
            ],
            "cpu_core_count": 1,
            "cpu_options": [
              {
                "amd_sev_snp": "",
                "core_count": 1,
                "threads_per_core": 2
              }
            ],
            "cpu_threads_per_core": 2,
            "credit_specification": [
              {
                "cpu_credits": "unlimited"
              }
            ],
            "disable_api_stop": false,
            "disable_api_termination": false,
            "ebs_block_device": [],
            "ebs_optimized": false,
            "enable_primary_ipv6": null,
            "enclave_options": [
              {
                "enabled": false
              }
            ],
            "ephemeral_block_device": [],
            "get_password_data": false,
            "hibernation": false,
            "host_id": "",
            "host_resource_group_arn": null,
            "iam_instance_profile": "",
            "id": "i-0119f19d05e468e20",
            "instance_initiated_shutdown_behavior": "stop",
            "instance_lifecycle": "",
            "instance_market_options": [],
            "instance_state": "running",
            "instance_type": "t3.micro",
            "ipv6_address_count": 0,
            "ipv6_addresses": [],
            "key_name": "spirulina-bastion-key",
            "launch_template": [],
            "maintenance_options": [
              {
                "auto_recovery": "default"
              }
            ],
            "metadata_options": [
              {
                "http_endpoint": "enabled",
                "http_protocol_ipv6": "disabled",
                "http_put_response_hop_limit": 2,
                "http_tokens": "required",
                "instance_metadata_tags": "disabled"
              }
            ],
            "monitoring": false,
            "network_interface": [],
            "outpost_arn": "",
            "password_data": "",
            "placement_group": "",
            "placement_partition_number": 0,
            "primary_network_interface_id": "eni-0459fbc04f18f070f",
            "private_dns": "ip-10-20-1-57.ec2.internal",
            "private_dns_name_options": [
              {
                "enable_resource_name_dns_a_record": false,
                "enable_resource_name_dns_aaaa_record": false,
                "hostname_type": "ip-name"
              }
            ],
            "private_ip": "10.20.1.57",
            "public_dns": "ec2-18-205-3-67.compute-1.amazonaws.com",
            "public_ip": "18.205.3.67",
            "root_block_device": [
              {
                "delete_on_termination": true,
                "device_name": "/dev/xvda",
                "encrypted": false,
                "iops": 3000,
                "kms_key_id": "",
                "tags": {},
                "tags_all": {},
                "throughput": 125,
                "volume_id": "vol-01ac167a74f240d3c",
                "volume_size": 30,
                "volume_type": "gp3"
              }
            ],
            "secondary_private_ips": [],
            "security_groups": [],
            "source_dest_check": true,
            "spot_instance_request_id": "",
            "subnet_id": "subnet-008a3a46715f1b999",
            "tags": {
              "Name": "spirulina-bastion"
            },
            "tags_all": {
              "Name": "spirulina-bastion"
            },
            "tenancy": "default",
            "timeouts": null,
            "user_data": "28c67638155d2afd347f9f0a83c69b501577cbb5",
            "user_data_base64": null,
            "user_data_replace_on_change": false,
            "volume_tags": null,
            "vpc_security_group_ids": [
              "sg-04b33ab3279ecac01"
            ]
          },
          "sensitive_attributes": [],
          "identity_schema_version": 0,
          "private": "eyJlMmJmYjczMC1lY2FhLTExZTYtOGY4OC0zNDM2M2JjN2M0YzAiOnsiY3JlYXRlIjo2MDAwMDAwMDAwMDAsImRlbGV0ZSI6MTIwMDAwMDAwMDAwMCwicmVhZCI6OTAwMDAwMDAwMDAwLCJ1cGRhdGUiOjYwMDAwMDAwMDAwMH0sInNjaGVtYV92ZXJzaW9uIjoiMSJ9",
          "dependencies": [
            "aws_key_pair.bastion",
            "aws_security_group.bastion",
            "aws_subnet.public_a",
            "aws_vpc.main",
            "data.aws_ami.al2023"
          ]
        }
      ]
    },
    {
      "mode": "managed",
      "type": "aws_internet_gateway",
      "name": "igw",
      "provider": "provider[\"registry.terraform.io/hashicorp/aws\"]",
      "instances": [
        {
          "schema_version": 0,
          "attributes": {
            "arn": "arn:aws:ec2:us-east-1:339713151825:internet-gateway/igw-0dfde8aabe5312cf0",
            "id": "igw-0dfde8aabe5312cf0",
            "owner_id": "339713151825",
            "tags": {
              "Name": "spirulina-dev-igw"
            },
            "tags_all": {
              "Name": "spirulina-dev-igw"
            },
            "timeouts": null,
            "vpc_id": "vpc-0b8f6b65a2c81f801"
          },
          "sensitive_attributes": [],
          "identity_schema_version": 0,
          "private": "eyJlMmJmYjczMC1lY2FhLTExZTYtOGY4OC0zNDM2M2JjN2M0YzAiOnsiY3JlYXRlIjoxMjAwMDAwMDAwMDAwLCJkZWxldGUiOjEyMDAwMDAwMDAwMDAsInVwZGF0ZSI6MTIwMDAwMDAwMDAwMH19",
          "dependencies": [
            "aws_vpc.main"
          ]
        }
      ]
    },
    {
      "mode": "managed",
      "type": "aws_key_pair",
      "name": "bastion",
      "provider": "provider[\"registry.terraform.io/hashicorp/aws\"]",
      "instances": [
        {
          "schema_version": 1,
          "attributes": {
            "arn": "arn:aws:ec2:us-east-1:339713151825:key-pair/spirulina-bastion-key",
            "fingerprint": "9rsipJJOK3GbnOVpyPxerEwx0V46h4kmlpdClrYzp+g=",
            "id": "spirulina-bastion-key",
            "key_name": "spirulina-bastion-key",
            "key_name_prefix": "",
            "key_pair_id": "key-0522e6259ff6d5a35",
            "key_type": "ed25519",
            "public_key": "ssh-ed25519 AAAAC3NzaC1lZDI1NTE5AAAAIE3bTMVJc9oEZygz6PuQOOXqeiK0l9XmHgQMu33GibtP Elton@laptop",
            "tags": null,
            "tags_all": {}
          },
          "sensitive_attributes": [],
          "identity_schema_version": 0,
          "private": "eyJzY2hlbWFfdmVyc2lvbiI6IjEifQ=="
        }
      ]
    },
    {
      "mode": "managed",
      "type": "aws_lambda_event_source_mapping",
      "name": "sqs_to_worker",
      "provider": "provider[\"registry.terraform.io/hashicorp/aws\"]",
      "instances": [
        {
          "schema_version": 0,
          "attributes": {
            "amazon_managed_kafka_event_source_config": [],
            "arn": "arn:aws:lambda:us-east-1:339713151825:event-source-mapping:108d6f70-5b28-4377-8a59-ddd826ac92d2",
            "batch_size": 5,
            "bisect_batch_on_function_error": false,
            "destination_config": [],
            "document_db_event_source_config": [],
            "enabled": true,
            "event_source_arn": "arn:aws:sqs:us-east-1:339713151825:spirulina-snapshot-queue",
            "filter_criteria": [],
            "function_arn": "arn:aws:lambda:us-east-1:339713151825:function:spirulina-dev-worker",
            "function_name": "arn:aws:lambda:us-east-1:339713151825:function:spirulina-dev-worker",
            "function_response_types": null,
            "id": "108d6f70-5b28-4377-8a59-ddd826ac92d2",
            "kms_key_arn": "",
            "last_modified": "2025-09-27T17:31:09Z",
            "last_processing_result": "",
            "maximum_batching_window_in_seconds": 0,
            "maximum_record_age_in_seconds": 0,
            "maximum_retry_attempts": 0,
            "metrics_config": [],
            "parallelization_factor": 0,
            "provisioned_poller_config": [],
            "queues": null,
            "scaling_config": [],
            "self_managed_event_source": [],
            "self_managed_kafka_event_source_config": [],
            "source_access_configuration": [],
            "starting_position": "",
            "starting_position_timestamp": "",
            "state": "Enabled",
            "state_transition_reason": "USER_INITIATED",
            "tags": null,
            "tags_all": {},
            "topics": null,
            "tumbling_window_in_seconds": 0,
            "uuid": "108d6f70-5b28-4377-8a59-ddd826ac92d2"
          },
          "sensitive_attributes": [],
          "identity_schema_version": 0,
          "private": "bnVsbA==",
          "dependencies": [
            "aws_apigatewayv2_api.ws",
            "aws_apigatewayv2_stage.ws_prod",
            "aws_dynamodb_table.conns",
            "aws_lambda_function.worker",
            "aws_lambda_layer_version.mysql_layer",
            "aws_lambda_layer_version.requests_layer",
            "aws_secretsmanager_secret.db",
            "aws_secretsmanager_secret.scraper",
            "aws_security_group.lambda",
            "aws_sqs_queue.dlq",
            "aws_sqs_queue.main",
            "aws_subnet.private_a",
            "aws_subnet.private_b",
            "aws_vpc.main",
            "data.archive_file.mysql_layer_zip",
            "data.archive_file.requests_layer_zip",
            "data.archive_file.worker_zip",
            "data.aws_iam_role.labrole"
          ]
        }
      ]
    },
    {
      "mode": "managed",
      "type": "aws_lambda_function",
      "name": "connect",
      "provider": "provider[\"registry.terraform.io/hashicorp/aws\"]",
      "instances": [
        {
          "schema_version": 0,
          "attributes": {
            "architectures": [
              "x86_64"
            ],
            "arn": "arn:aws:lambda:us-east-1:339713151825:function:spirulina-dev-connect",
            "code_sha256": "l4ycXUdfu8Hf5K/ndtWs5i2heRWrjkSbPZrzAfyy0I8=",
            "code_signing_config_arn": "",
            "dead_letter_config": [],
            "description": "",
            "environment": [
              {
                "variables": {
                  "CONN_TABLE": "spirulina-pubsub",
                  "REGION": "us-east-1",
                  "TTL_DAYS": "1"
                }
              }
            ],
            "ephemeral_storage": [
              {
                "size": 512
              }
            ],
            "file_system_config": [],
            "filename": "./dist/connect.zip",
            "function_name": "spirulina-dev-connect",
            "handler": "handler.lambda_handler",
            "id": "spirulina-dev-connect",
            "image_config": [],
            "image_uri": "",
            "invoke_arn": "arn:aws:apigateway:us-east-1:lambda:path/2015-03-31/functions/arn:aws:lambda:us-east-1:339713151825:function:spirulina-dev-connect/invocations",
            "kms_key_arn": "",
            "last_modified": "2025-09-27T17:30:53.440+0000",
            "layers": null,
            "logging_config": [
              {
                "application_log_level": "",
                "log_format": "Text",
                "log_group": "/aws/lambda/spirulina-dev-connect",
                "system_log_level": ""
              }
            ],
            "memory_size": 128,
            "package_type": "Zip",
            "publish": false,
            "qualified_arn": "arn:aws:lambda:us-east-1:339713151825:function:spirulina-dev-connect:$LATEST",
            "qualified_invoke_arn": "arn:aws:apigateway:us-east-1:lambda:path/2015-03-31/functions/arn:aws:lambda:us-east-1:339713151825:function:spirulina-dev-connect:$LATEST/invocations",
            "replace_security_groups_on_destroy": null,
            "replacement_security_group_ids": null,
            "reserved_concurrent_executions": -1,
            "role": "arn:aws:iam::339713151825:role/LabRole",
            "runtime": "python3.12",
            "s3_bucket": null,
            "s3_key": null,
            "s3_object_version": null,
            "signing_job_arn": "",
            "signing_profile_version_arn": "",
            "skip_destroy": false,
            "snap_start": [],
            "source_code_hash": "",
            "source_code_size": 828,
            "tags": null,
            "tags_all": {},
            "timeout": 10,
            "timeouts": null,
            "tracing_config": [
              {
                "mode": "PassThrough"
              }
            ],
            "version": "$LATEST",
            "vpc_config": [
              {
                "ipv6_allowed_for_dual_stack": false,
                "security_group_ids": [
                  "sg-0a8ffaff60e1f0f8f"
                ],
                "subnet_ids": [
                  "subnet-0c36852f36ae46d0e",
                  "subnet-0e89eb265de1bae7f"
                ],
                "vpc_id": "vpc-0b8f6b65a2c81f801"
              }
            ]
          },
          "sensitive_attributes": [],
          "identity_schema_version": 0,
          "private": "eyJlMmJmYjczMC1lY2FhLTExZTYtOGY4OC0zNDM2M2JjN2M0YzAiOnsiY3JlYXRlIjo2MDAwMDAwMDAwMDAsImRlbGV0ZSI6NjAwMDAwMDAwMDAwLCJ1cGRhdGUiOjYwMDAwMDAwMDAwMH19",
          "dependencies": [
            "aws_dynamodb_table.conns",
            "aws_secretsmanager_secret.db",
            "aws_secretsmanager_secret.scraper",
            "aws_security_group.lambda",
            "aws_sqs_queue.dlq",
            "aws_sqs_queue.main",
            "aws_subnet.private_a",
            "aws_subnet.private_b",
            "aws_vpc.main",
            "data.archive_file.connect_zip",
            "data.aws_iam_role.labrole"
          ]
        }
      ]
    },
    {
      "mode": "managed",
      "type": "aws_lambda_function",
      "name": "disconnect",
      "provider": "provider[\"registry.terraform.io/hashicorp/aws\"]",
      "instances": [
        {
          "schema_version": 0,
          "attributes": {
            "architectures": [
              "x86_64"
            ],
            "arn": "arn:aws:lambda:us-east-1:339713151825:function:spirulina-dev-disconnect",
            "code_sha256": "ltjxFestk/FlFz6DU30JGZakrNRogtnKUyThfCI/+Us=",
            "code_signing_config_arn": "",
            "dead_letter_config": [],
            "description": "",
            "environment": [
              {
                "variables": {
                  "CONN_GSI": "gsi_conn",
                  "CONN_TABLE": "spirulina-pubsub",
                  "REGION": "us-east-1"
                }
              }
            ],
            "ephemeral_storage": [
              {
                "size": 512
              }
            ],
            "file_system_config": [],
            "filename": "./dist/disconnect.zip",
            "function_name": "spirulina-dev-disconnect",
            "handler": "handler.lambda_handler",
            "id": "spirulina-dev-disconnect",
            "image_config": [],
            "image_uri": "",
            "invoke_arn": "arn:aws:apigateway:us-east-1:lambda:path/2015-03-31/functions/arn:aws:lambda:us-east-1:339713151825:function:spirulina-dev-disconnect/invocations",
            "kms_key_arn": "",
            "last_modified": "2025-09-27T17:31:09.467+0000",
            "layers": null,
            "logging_config": [
              {
                "application_log_level": "",
                "log_format": "Text",
                "log_group": "/aws/lambda/spirulina-dev-disconnect",
                "system_log_level": ""
              }
            ],
            "memory_size": 128,
            "package_type": "Zip",
            "publish": false,
            "qualified_arn": "arn:aws:lambda:us-east-1:339713151825:function:spirulina-dev-disconnect:$LATEST",
            "qualified_invoke_arn": "arn:aws:apigateway:us-east-1:lambda:path/2015-03-31/functions/arn:aws:lambda:us-east-1:339713151825:function:spirulina-dev-disconnect:$LATEST/invocations",
            "replace_security_groups_on_destroy": null,
            "replacement_security_group_ids": null,
            "reserved_concurrent_executions": -1,
            "role": "arn:aws:iam::339713151825:role/LabRole",
            "runtime": "python3.12",
            "s3_bucket": null,
            "s3_key": null,
            "s3_object_version": null,
            "signing_job_arn": "",
            "signing_profile_version_arn": "",
            "skip_destroy": false,
            "snap_start": [],
            "source_code_hash": "",
            "source_code_size": 1190,
            "tags": null,
            "tags_all": {},
            "timeout": 10,
            "timeouts": null,
            "tracing_config": [
              {
                "mode": "PassThrough"
              }
            ],
            "version": "$LATEST",
            "vpc_config": [
              {
                "ipv6_allowed_for_dual_stack": false,
                "security_group_ids": [
                  "sg-0a8ffaff60e1f0f8f"
                ],
                "subnet_ids": [
                  "subnet-0c36852f36ae46d0e",
                  "subnet-0e89eb265de1bae7f"
                ],
                "vpc_id": "vpc-0b8f6b65a2c81f801"
              }
            ]
          },
          "sensitive_attributes": [],
          "identity_schema_version": 0,
          "private": "eyJlMmJmYjczMC1lY2FhLTExZTYtOGY4OC0zNDM2M2JjN2M0YzAiOnsiY3JlYXRlIjo2MDAwMDAwMDAwMDAsImRlbGV0ZSI6NjAwMDAwMDAwMDAwLCJ1cGRhdGUiOjYwMDAwMDAwMDAwMH19",
          "dependencies": [
            "aws_dynamodb_table.conns",
            "aws_secretsmanager_secret.db",
            "aws_secretsmanager_secret.scraper",
            "aws_security_group.lambda",
            "aws_sqs_queue.dlq",
            "aws_sqs_queue.main",
            "aws_subnet.private_a",
            "aws_subnet.private_b",
            "aws_vpc.main",
            "data.archive_file.disconnect_zip",
            "data.aws_iam_role.labrole"
          ]
        }
      ]
    },
    {
      "mode": "managed",
      "type": "aws_lambda_function",
      "name": "enqueue",
      "provider": "provider[\"registry.terraform.io/hashicorp/aws\"]",
      "instances": [
        {
          "schema_version": 0,
          "attributes": {
            "architectures": [
              "x86_64"
            ],
            "arn": "arn:aws:lambda:us-east-1:339713151825:function:spirulina-dev-enqueue",
            "code_sha256": "/Buhlb18JdlsAoOSjX0MmFadeOivFoqhEtkWiebyyzA=",
            "code_signing_config_arn": "",
            "dead_letter_config": [],
            "description": "",
            "environment": [
              {
                "variables": {
                  "QUEUE_URL": "https://sqs.us-east-1.amazonaws.com/339713151825/spirulina-snapshot-queue",
                  "REGION": "us-east-1"
                }
              }
            ],
            "ephemeral_storage": [
              {
                "size": 512
              }
            ],
            "file_system_config": [],
            "filename": "./dist/enqueue.zip",
            "function_name": "spirulina-dev-enqueue",
            "handler": "handler.lambda_handler",
            "id": "spirulina-dev-enqueue",
            "image_config": [],
            "image_uri": "",
            "invoke_arn": "arn:aws:apigateway:us-east-1:lambda:path/2015-03-31/functions/arn:aws:lambda:us-east-1:339713151825:function:spirulina-dev-enqueue/invocations",
            "kms_key_arn": "",
            "last_modified": "2025-09-27T17:26:55.849+0000",
            "layers": null,
            "logging_config": [
              {
                "application_log_level": "",
                "log_format": "Text",
                "log_group": "/aws/lambda/spirulina-dev-enqueue",
                "system_log_level": ""
              }
            ],
            "memory_size": 128,
            "package_type": "Zip",
            "publish": false,
            "qualified_arn": "arn:aws:lambda:us-east-1:339713151825:function:spirulina-dev-enqueue:$LATEST",
            "qualified_invoke_arn": "arn:aws:apigateway:us-east-1:lambda:path/2015-03-31/functions/arn:aws:lambda:us-east-1:339713151825:function:spirulina-dev-enqueue:$LATEST/invocations",
            "replace_security_groups_on_destroy": null,
            "replacement_security_group_ids": null,
            "reserved_concurrent_executions": -1,
            "role": "arn:aws:iam::339713151825:role/LabRole",
            "runtime": "python3.12",
            "s3_bucket": null,
            "s3_key": null,
            "s3_object_version": null,
            "signing_job_arn": "",
            "signing_profile_version_arn": "",
            "skip_destroy": false,
            "snap_start": [],
            "source_code_hash": "",
            "source_code_size": 1330,
            "tags": null,
            "tags_all": {},
            "timeout": 10,
            "timeouts": null,
            "tracing_config": [
              {
                "mode": "PassThrough"
              }
            ],
            "version": "$LATEST",
            "vpc_config": [
              {
                "ipv6_allowed_for_dual_stack": false,
                "security_group_ids": [
                  "sg-0a8ffaff60e1f0f8f"
                ],
                "subnet_ids": [
                  "subnet-0c36852f36ae46d0e",
                  "subnet-0e89eb265de1bae7f"
                ],
                "vpc_id": "vpc-0b8f6b65a2c81f801"
              }
            ]
          },
          "sensitive_attributes": [],
          "identity_schema_version": 0,
          "private": "eyJlMmJmYjczMC1lY2FhLTExZTYtOGY4OC0zNDM2M2JjN2M0YzAiOnsiY3JlYXRlIjo2MDAwMDAwMDAwMDAsImRlbGV0ZSI6NjAwMDAwMDAwMDAwLCJ1cGRhdGUiOjYwMDAwMDAwMDAwMH19",
          "dependencies": [
            "aws_dynamodb_table.conns",
            "aws_secretsmanager_secret.db",
            "aws_secretsmanager_secret.scraper",
            "aws_security_group.lambda",
            "aws_sqs_queue.dlq",
            "aws_sqs_queue.main",
            "aws_subnet.private_a",
            "aws_subnet.private_b",
            "aws_vpc.main",
            "data.archive_file.enqueue_zip",
            "data.aws_iam_role.labrole"
          ]
        }
      ]
    },
    {
      "mode": "managed",
      "type": "aws_lambda_function",
      "name": "watchlist_read",
      "provider": "provider[\"registry.terraform.io/hashicorp/aws\"]",
      "instances": [
        {
          "schema_version": 0,
          "attributes": {
            "architectures": [
              "x86_64"
            ],
            "arn": "arn:aws:lambda:us-east-1:339713151825:function:spirulina-dev-watchlist-read",
            "code_sha256": "79gbqwgC6ZQMO5KxLdZWV1cp7aTN6Jz5U2c2+cuycP8=",
            "code_signing_config_arn": "",
            "dead_letter_config": [],
            "description": "",
            "environment": [
              {
                "variables": {
                  "DB_SECRET_ARN": "arn:aws:secretsmanager:us-east-1:339713151825:secret:spirulina/db-agM8Ul"
                }
              }
            ],
            "ephemeral_storage": [
              {
                "size": 512
              }
            ],
            "file_system_config": [],
            "filename": "./dist/watchlist.zip",
            "function_name": "spirulina-dev-watchlist-read",
            "handler": "handler.lambda_handler",
            "id": "spirulina-dev-watchlist-read",
            "image_config": [],
            "image_uri": "",
            "invoke_arn": "arn:aws:apigateway:us-east-1:lambda:path/2015-03-31/functions/arn:aws:lambda:us-east-1:339713151825:function:spirulina-dev-watchlist-read/invocations",
            "kms_key_arn": "",
            "last_modified": "2025-09-27T17:30:45.435+0000",
            "layers": [
              "arn:aws:lambda:us-east-1:339713151825:layer:spirulina-mysql:1"
            ],
            "logging_config": [
              {
                "application_log_level": "",
                "log_format": "Text",
                "log_group": "/aws/lambda/spirulina-dev-watchlist-read",
                "system_log_level": ""
              }
            ],
            "memory_size": 128,
            "package_type": "Zip",
            "publish": false,
            "qualified_arn": "arn:aws:lambda:us-east-1:339713151825:function:spirulina-dev-watchlist-read:$LATEST",
            "qualified_invoke_arn": "arn:aws:apigateway:us-east-1:lambda:path/2015-03-31/functions/arn:aws:lambda:us-east-1:339713151825:function:spirulina-dev-watchlist-read:$LATEST/invocations",
            "replace_security_groups_on_destroy": null,
            "replacement_security_group_ids": null,
            "reserved_concurrent_executions": -1,
            "role": "arn:aws:iam::339713151825:role/LabRole",
            "runtime": "python3.12",
            "s3_bucket": null,
            "s3_key": null,
            "s3_object_version": null,
            "signing_job_arn": "",
            "signing_profile_version_arn": "",
            "skip_destroy": false,
            "snap_start": [],
            "source_code_hash": "",
            "source_code_size": 1062,
            "tags": null,
            "tags_all": {},
            "timeout": 10,
            "timeouts": null,
            "tracing_config": [
              {
                "mode": "PassThrough"
              }
            ],
            "version": "$LATEST",
            "vpc_config": [
              {
                "ipv6_allowed_for_dual_stack": false,
                "security_group_ids": [
                  "sg-0a8ffaff60e1f0f8f"
                ],
                "subnet_ids": [
                  "subnet-0c36852f36ae46d0e",
                  "subnet-0e89eb265de1bae7f"
                ],
                "vpc_id": "vpc-0b8f6b65a2c81f801"
              }
            ]
          },
          "sensitive_attributes": [],
          "identity_schema_version": 0,
          "private": "eyJlMmJmYjczMC1lY2FhLTExZTYtOGY4OC0zNDM2M2JjN2M0YzAiOnsiY3JlYXRlIjo2MDAwMDAwMDAwMDAsImRlbGV0ZSI6NjAwMDAwMDAwMDAwLCJ1cGRhdGUiOjYwMDAwMDAwMDAwMH19",
          "dependencies": [
            "aws_dynamodb_table.conns",
            "aws_lambda_layer_version.mysql_layer",
            "aws_secretsmanager_secret.db",
            "aws_secretsmanager_secret.scraper",
            "aws_security_group.lambda",
            "aws_sqs_queue.dlq",
            "aws_sqs_queue.main",
            "aws_subnet.private_a",
            "aws_subnet.private_b",
            "aws_vpc.main",
            "data.archive_file.mysql_layer_zip",
            "data.archive_file.watchlist_zip",
            "data.aws_iam_role.labrole"
          ]
        }
      ]
    },
    {
      "mode": "managed",
      "type": "aws_lambda_function",
      "name": "worker",
      "provider": "provider[\"registry.terraform.io/hashicorp/aws\"]",
      "instances": [
        {
          "schema_version": 0,
          "attributes": {
            "architectures": [
              "x86_64"
            ],
            "arn": "arn:aws:lambda:us-east-1:339713151825:function:spirulina-dev-worker",
            "code_sha256": "F49GTtb5geBIkBB5EEL1O+FJO0zKsiBkbaHEQCplX90=",
            "code_signing_config_arn": "",
            "dead_letter_config": [],
            "description": "",
            "environment": [
              {
                "variables": {
                  "CONN_TABLE": "spirulina-pubsub",
                  "DB_SECRET_ARN": "arn:aws:secretsmanager:us-east-1:339713151825:secret:spirulina/db-agM8Ul",
                  "REGION": "us-east-1",
                  "SCRAPER_SECRET_ARN": "arn:aws:secretsmanager:us-east-1:339713151825:secret:spirulina/scraper-yeFB0l",
                  "WS_ENDPOINT": "https://ccdg38adi2.execute-api.us-east-1.amazonaws.com/production"
                }
              }
            ],
            "ephemeral_storage": [
              {
                "size": 512
              }
            ],
            "file_system_config": [],
            "filename": "./dist/worker.zip",
            "function_name": "spirulina-dev-worker",
            "handler": "handler.lambda_handler",
            "id": "spirulina-dev-worker",
            "image_config": [],
            "image_uri": "",
            "invoke_arn": "arn:aws:apigateway:us-east-1:lambda:path/2015-03-31/functions/arn:aws:lambda:us-east-1:339713151825:function:spirulina-dev-worker/invocations",
            "kms_key_arn": "",
            "last_modified": "2025-09-27T17:31:01.444+0000",
            "layers": [
              "arn:aws:lambda:us-east-1:339713151825:layer:spirulina-mysql:1",
              "arn:aws:lambda:us-east-1:339713151825:layer:spirulina-requests:1"
            ],
            "logging_config": [
              {
                "application_log_level": "",
                "log_format": "Text",
                "log_group": "/aws/lambda/spirulina-dev-worker",
                "system_log_level": ""
              }
            ],
            "memory_size": 1024,
            "package_type": "Zip",
            "publish": false,
            "qualified_arn": "arn:aws:lambda:us-east-1:339713151825:function:spirulina-dev-worker:$LATEST",
            "qualified_invoke_arn": "arn:aws:apigateway:us-east-1:lambda:path/2015-03-31/functions/arn:aws:lambda:us-east-1:339713151825:function:spirulina-dev-worker:$LATEST/invocations",
            "replace_security_groups_on_destroy": null,
            "replacement_security_group_ids": null,
            "reserved_concurrent_executions": -1,
            "role": "arn:aws:iam::339713151825:role/LabRole",
            "runtime": "python3.12",
            "s3_bucket": null,
            "s3_key": null,
            "s3_object_version": null,
            "signing_job_arn": "",
            "signing_profile_version_arn": "",
            "skip_destroy": false,
            "snap_start": [],
            "source_code_hash": "",
            "source_code_size": 3149,
            "tags": null,
            "tags_all": {},
            "timeout": 180,
            "timeouts": null,
            "tracing_config": [
              {
                "mode": "PassThrough"
              }
            ],
            "version": "$LATEST",
            "vpc_config": [
              {
                "ipv6_allowed_for_dual_stack": false,
                "security_group_ids": [
                  "sg-0a8ffaff60e1f0f8f"
                ],
                "subnet_ids": [
                  "subnet-0c36852f36ae46d0e",
                  "subnet-0e89eb265de1bae7f"
                ],
                "vpc_id": "vpc-0b8f6b65a2c81f801"
              }
            ]
          },
          "sensitive_attributes": [],
          "identity_schema_version": 0,
          "private": "eyJlMmJmYjczMC1lY2FhLTExZTYtOGY4OC0zNDM2M2JjN2M0YzAiOnsiY3JlYXRlIjo2MDAwMDAwMDAwMDAsImRlbGV0ZSI6NjAwMDAwMDAwMDAwLCJ1cGRhdGUiOjYwMDAwMDAwMDAwMH19",
          "dependencies": [
            "aws_apigatewayv2_api.ws",
            "aws_apigatewayv2_stage.ws_prod",
            "aws_dynamodb_table.conns",
            "aws_lambda_layer_version.mysql_layer",
            "aws_lambda_layer_version.requests_layer",
            "aws_secretsmanager_secret.db",
            "aws_secretsmanager_secret.scraper",
            "aws_security_group.lambda",
            "aws_sqs_queue.dlq",
            "aws_sqs_queue.main",
            "aws_subnet.private_a",
            "aws_subnet.private_b",
            "aws_vpc.main",
            "data.archive_file.mysql_layer_zip",
            "data.archive_file.requests_layer_zip",
            "data.archive_file.worker_zip",
            "data.aws_iam_role.labrole"
          ]
        }
      ]
    },
    {
      "mode": "managed",
      "type": "aws_lambda_layer_version",
      "name": "mysql_layer",
      "provider": "provider[\"registry.terraform.io/hashicorp/aws\"]",
      "instances": [
        {
          "schema_version": 0,
          "attributes": {
            "arn": "arn:aws:lambda:us-east-1:339713151825:layer:spirulina-mysql:1",
            "code_sha256": "3exoJMVz0lyl+BTc0TE+OBQ3585HlogGN4eHQ1b0cLM=",
            "compatible_architectures": [],
            "compatible_runtimes": [
              "python3.12"
            ],
            "created_date": "2025-09-27T16:38:05.779+0000",
            "description": "",
            "filename": "./mysql_layer.zip",
            "id": "arn:aws:lambda:us-east-1:339713151825:layer:spirulina-mysql:1",
            "layer_arn": "arn:aws:lambda:us-east-1:339713151825:layer:spirulina-mysql",
            "layer_name": "spirulina-mysql",
            "license_info": "",
            "s3_bucket": null,
            "s3_key": null,
            "s3_object_version": null,
            "signing_job_arn": "",
            "signing_profile_version_arn": "",
            "skip_destroy": false,
            "source_code_hash": "",
            "source_code_size": 137731,
            "version": "1"
          },
          "sensitive_attributes": [],
          "identity_schema_version": 0,
          "private": "bnVsbA==",
          "dependencies": [
            "data.archive_file.mysql_layer_zip"
          ]
        }
      ]
    },
    {
      "mode": "managed",
      "type": "aws_lambda_layer_version",
      "name": "requests_layer",
      "provider": "provider[\"registry.terraform.io/hashicorp/aws\"]",
      "instances": [
        {
          "schema_version": 0,
          "attributes": {
            "arn": "arn:aws:lambda:us-east-1:339713151825:layer:spirulina-requests:1",
            "code_sha256": "SA/8hGLywJcT/m/D2QuCXIiWGYsdVjZabWLFox1M6EI=",
            "compatible_architectures": [],
            "compatible_runtimes": [
              "python3.12"
            ],
            "created_date": "2025-09-27T16:38:02.059+0000",
            "description": "",
            "filename": "./requests_layer.zip",
            "id": "arn:aws:lambda:us-east-1:339713151825:layer:spirulina-requests:1",
            "layer_arn": "arn:aws:lambda:us-east-1:339713151825:layer:spirulina-requests",
            "layer_name": "spirulina-requests",
            "license_info": "",
            "s3_bucket": null,
            "s3_key": null,
            "s3_object_version": null,
            "signing_job_arn": "",
            "signing_profile_version_arn": "",
            "skip_destroy": false,
            "source_code_hash": "",
            "source_code_size": 1077941,
            "version": "1"
          },
          "sensitive_attributes": [],
          "identity_schema_version": 0,
          "private": "bnVsbA==",
          "dependencies": [
            "data.archive_file.requests_layer_zip"
          ]
        }
      ]
    },
    {
      "mode": "managed",
      "type": "aws_lambda_permission",
      "name": "api_invoke_enqueue",
      "provider": "provider[\"registry.terraform.io/hashicorp/aws\"]",
      "instances": [
        {
          "schema_version": 0,
          "attributes": {
            "action": "lambda:InvokeFunction",
            "event_source_token": null,
            "function_name": "spirulina-dev-enqueue",
            "function_url_auth_type": null,
            "id": "AllowAPIGInvokeEnqueue",
            "principal": "apigateway.amazonaws.com",
            "principal_org_id": null,
            "qualifier": "",
            "source_account": null,
            "source_arn": "arn:aws:execute-api:us-east-1:339713151825:gefh3e3249/*/*",
            "statement_id": "AllowAPIGInvokeEnqueue",
            "statement_id_prefix": ""
          },
          "sensitive_attributes": [],
          "identity_schema_version": 0,
          "private": "bnVsbA==",
          "dependencies": [
            "aws_apigatewayv2_api.http",
            "aws_dynamodb_table.conns",
            "aws_lambda_function.enqueue",
            "aws_secretsmanager_secret.db",
            "aws_secretsmanager_secret.scraper",
            "aws_security_group.lambda",
            "aws_sqs_queue.dlq",
            "aws_sqs_queue.main",
            "aws_subnet.private_a",
            "aws_subnet.private_b",
            "aws_vpc.main",
            "data.archive_file.enqueue_zip",
            "data.aws_iam_role.labrole"
          ]
        }
      ]
    },
    {
      "mode": "managed",
      "type": "aws_lambda_permission",
      "name": "api_invoke_watchlist",
      "provider": "provider[\"registry.terraform.io/hashicorp/aws\"]",
      "instances": [
        {
          "schema_version": 0,
          "attributes": {
            "action": "lambda:InvokeFunction",
            "event_source_token": null,
            "function_name": "spirulina-dev-watchlist-read",
            "function_url_auth_type": null,
            "id": "AllowAPIGInvokeWatchlist",
            "principal": "apigateway.amazonaws.com",
            "principal_org_id": null,
            "qualifier": "",
            "source_account": null,
            "source_arn": "arn:aws:execute-api:us-east-1:339713151825:gefh3e3249/*/*",
            "statement_id": "AllowAPIGInvokeWatchlist",
            "statement_id_prefix": ""
          },
          "sensitive_attributes": [],
          "identity_schema_version": 0,
          "private": "bnVsbA==",
          "dependencies": [
            "aws_apigatewayv2_api.http",
            "aws_dynamodb_table.conns",
            "aws_lambda_function.watchlist_read",
            "aws_lambda_layer_version.mysql_layer",
            "aws_secretsmanager_secret.db",
            "aws_secretsmanager_secret.scraper",
            "aws_security_group.lambda",
            "aws_sqs_queue.dlq",
            "aws_sqs_queue.main",
            "aws_subnet.private_a",
            "aws_subnet.private_b",
            "aws_vpc.main",
            "data.archive_file.mysql_layer_zip",
            "data.archive_file.watchlist_zip",
            "data.aws_iam_role.labrole"
          ]
        }
      ]
    },
    {
      "mode": "managed",
      "type": "aws_lambda_permission",
      "name": "ws_connect",
      "provider": "provider[\"registry.terraform.io/hashicorp/aws\"]",
      "instances": [
        {
          "schema_version": 0,
          "attributes": {
            "action": "lambda:InvokeFunction",
            "event_source_token": null,
            "function_name": "spirulina-dev-connect",
            "function_url_auth_type": null,
            "id": "AllowWSConnectInvoke",
            "principal": "apigateway.amazonaws.com",
            "principal_org_id": null,
            "qualifier": "",
            "source_account": null,
            "source_arn": "arn:aws:execute-api:us-east-1:339713151825:ccdg38adi2/*",
            "statement_id": "AllowWSConnectInvoke",
            "statement_id_prefix": ""
          },
          "sensitive_attributes": [],
          "identity_schema_version": 0,
          "private": "bnVsbA==",
          "dependencies": [
            "aws_apigatewayv2_api.ws",
            "aws_dynamodb_table.conns",
            "aws_lambda_function.connect",
            "aws_secretsmanager_secret.db",
            "aws_secretsmanager_secret.scraper",
            "aws_security_group.lambda",
            "aws_sqs_queue.dlq",
            "aws_sqs_queue.main",
            "aws_subnet.private_a",
            "aws_subnet.private_b",
            "aws_vpc.main",
            "data.archive_file.connect_zip",
            "data.aws_iam_role.labrole"
          ]
        }
      ]
    },
    {
      "mode": "managed",
      "type": "aws_lambda_permission",
      "name": "ws_disconnect",
      "provider": "provider[\"registry.terraform.io/hashicorp/aws\"]",
      "instances": [
        {
          "schema_version": 0,
          "attributes": {
            "action": "lambda:InvokeFunction",
            "event_source_token": null,
            "function_name": "spirulina-dev-disconnect",
            "function_url_auth_type": null,
            "id": "AllowWSDisconnectInvoke",
            "principal": "apigateway.amazonaws.com",
            "principal_org_id": null,
            "qualifier": "",
            "source_account": null,
            "source_arn": "arn:aws:execute-api:us-east-1:339713151825:ccdg38adi2/*",
            "statement_id": "AllowWSDisconnectInvoke",
            "statement_id_prefix": ""
          },
          "sensitive_attributes": [],
          "identity_schema_version": 0,
          "private": "bnVsbA==",
          "dependencies": [
            "aws_apigatewayv2_api.ws",
            "aws_dynamodb_table.conns",
            "aws_lambda_function.disconnect",
            "aws_secretsmanager_secret.db",
            "aws_secretsmanager_secret.scraper",
            "aws_security_group.lambda",
            "aws_sqs_queue.dlq",
            "aws_sqs_queue.main",
            "aws_subnet.private_a",
            "aws_subnet.private_b",
            "aws_vpc.main",
            "data.archive_file.disconnect_zip",
            "data.aws_iam_role.labrole"
          ]
        }
      ]
    },
    {
      "mode": "managed",
      "type": "aws_nat_gateway",
      "name": "nat_a",
      "provider": "provider[\"registry.terraform.io/hashicorp/aws\"]",
      "instances": [
        {
          "schema_version": 0,
          "attributes": {
            "allocation_id": "eipalloc-0fde85ee9e32c7112",
            "association_id": "eipassoc-00fa2bb20e7273e38",
            "connectivity_type": "public",
            "id": "nat-0844f4a99929a0973",
            "network_interface_id": "eni-045a3248353981b26",
            "private_ip": "10.20.1.150",
            "public_ip": "54.197.165.39",
            "secondary_allocation_ids": null,
            "secondary_private_ip_address_count": 0,
            "secondary_private_ip_addresses": [],
            "subnet_id": "subnet-008a3a46715f1b999",
            "tags": {
              "Name": "spirulina-dev-nat-a"
            },
            "tags_all": {
              "Name": "spirulina-dev-nat-a"
            },
            "timeouts": null
          },
          "sensitive_attributes": [],
          "identity_schema_version": 0,
          "private": "eyJlMmJmYjczMC1lY2FhLTExZTYtOGY4OC0zNDM2M2JjN2M0YzAiOnsiY3JlYXRlIjo2MDAwMDAwMDAwMDAsImRlbGV0ZSI6MTgwMDAwMDAwMDAwMCwidXBkYXRlIjo2MDAwMDAwMDAwMDB9fQ==",
          "dependencies": [
            "aws_eip.nat",
            "aws_internet_gateway.igw",
            "aws_subnet.public_a",
            "aws_vpc.main"
          ]
        }
      ]
    },
    {
      "mode": "managed",
      "type": "aws_route",
      "name": "private_default_via_nat",
      "provider": "provider[\"registry.terraform.io/hashicorp/aws\"]",
      "instances": [
        {
          "schema_version": 0,
          "attributes": {
            "carrier_gateway_id": "",
            "core_network_arn": "",
            "destination_cidr_block": "0.0.0.0/0",
            "destination_ipv6_cidr_block": "",
            "destination_prefix_list_id": "",
            "egress_only_gateway_id": "",
            "gateway_id": "",
            "id": "r-rtb-041bde946753aca7a1080289494",
            "instance_id": "",
            "instance_owner_id": "",
            "local_gateway_id": "",
            "nat_gateway_id": "nat-0844f4a99929a0973",
            "network_interface_id": "",
            "origin": "CreateRoute",
            "route_table_id": "rtb-041bde946753aca7a",
            "state": "active",
            "timeouts": null,
            "transit_gateway_id": "",
            "vpc_endpoint_id": "",
            "vpc_peering_connection_id": ""
          },
          "sensitive_attributes": [],
          "identity_schema_version": 0,
          "private": "eyJlMmJmYjczMC1lY2FhLTExZTYtOGY4OC0zNDM2M2JjN2M0YzAiOnsiY3JlYXRlIjozMDAwMDAwMDAwMDAsImRlbGV0ZSI6MzAwMDAwMDAwMDAwLCJ1cGRhdGUiOjEyMDAwMDAwMDAwMH19",
          "dependencies": [
            "aws_eip.nat",
            "aws_internet_gateway.igw",
            "aws_nat_gateway.nat_a",
            "aws_route_table.private",
            "aws_subnet.public_a",
            "aws_vpc.main"
          ]
        }
      ]
    },
    {
      "mode": "managed",
      "type": "aws_route",
      "name": "public_internet",
      "provider": "provider[\"registry.terraform.io/hashicorp/aws\"]",
      "instances": [
        {
          "schema_version": 0,
          "attributes": {
            "carrier_gateway_id": "",
            "core_network_arn": "",
            "destination_cidr_block": "0.0.0.0/0",
            "destination_ipv6_cidr_block": "",
            "destination_prefix_list_id": "",
            "egress_only_gateway_id": "",
            "gateway_id": "igw-0dfde8aabe5312cf0",
            "id": "r-rtb-007d81381a1cfe9031080289494",
            "instance_id": "",
            "instance_owner_id": "",
            "local_gateway_id": "",
            "nat_gateway_id": "",
            "network_interface_id": "",
            "origin": "CreateRoute",
            "route_table_id": "rtb-007d81381a1cfe903",
            "state": "active",
            "timeouts": null,
            "transit_gateway_id": "",
            "vpc_endpoint_id": "",
            "vpc_peering_connection_id": ""
          },
          "sensitive_attributes": [],
          "identity_schema_version": 0,
          "private": "eyJlMmJmYjczMC1lY2FhLTExZTYtOGY4OC0zNDM2M2JjN2M0YzAiOnsiY3JlYXRlIjozMDAwMDAwMDAwMDAsImRlbGV0ZSI6MzAwMDAwMDAwMDAwLCJ1cGRhdGUiOjEyMDAwMDAwMDAwMH19",
          "dependencies": [
            "aws_internet_gateway.igw",
            "aws_route_table.public",
            "aws_vpc.main"
          ]
        }
      ]
    },
    {
      "mode": "managed",
      "type": "aws_route_table",
      "name": "private",
      "provider": "provider[\"registry.terraform.io/hashicorp/aws\"]",
      "instances": [
        {
          "schema_version": 0,
          "attributes": {
            "arn": "arn:aws:ec2:us-east-1:339713151825:route-table/rtb-041bde946753aca7a",
            "id": "rtb-041bde946753aca7a",
            "owner_id": "339713151825",
            "propagating_vgws": [],
            "route": [],
            "tags": {
              "Name": "spirulina-dev-private-rt"
            },
            "tags_all": {
              "Name": "spirulina-dev-private-rt"
            },
            "timeouts": null,
            "vpc_id": "vpc-0b8f6b65a2c81f801"
          },
          "sensitive_attributes": [],
          "identity_schema_version": 0,
          "private": "eyJlMmJmYjczMC1lY2FhLTExZTYtOGY4OC0zNDM2M2JjN2M0YzAiOnsiY3JlYXRlIjozMDAwMDAwMDAwMDAsImRlbGV0ZSI6MzAwMDAwMDAwMDAwLCJ1cGRhdGUiOjEyMDAwMDAwMDAwMH19",
          "dependencies": [
            "aws_vpc.main"
          ]
        }
      ]
    },
    {
      "mode": "managed",
      "type": "aws_route_table",
      "name": "public",
      "provider": "provider[\"registry.terraform.io/hashicorp/aws\"]",
      "instances": [
        {
          "schema_version": 0,
          "attributes": {
            "arn": "arn:aws:ec2:us-east-1:339713151825:route-table/rtb-007d81381a1cfe903",
            "id": "rtb-007d81381a1cfe903",
            "owner_id": "339713151825",
            "propagating_vgws": [],
            "route": [],
            "tags": {
              "Name": "spirulina-dev-public-rt"
            },
            "tags_all": {
              "Name": "spirulina-dev-public-rt"
            },
            "timeouts": null,
            "vpc_id": "vpc-0b8f6b65a2c81f801"
          },
          "sensitive_attributes": [],
          "identity_schema_version": 0,
          "private": "eyJlMmJmYjczMC1lY2FhLTExZTYtOGY4OC0zNDM2M2JjN2M0YzAiOnsiY3JlYXRlIjozMDAwMDAwMDAwMDAsImRlbGV0ZSI6MzAwMDAwMDAwMDAwLCJ1cGRhdGUiOjEyMDAwMDAwMDAwMH19",
          "dependencies": [
            "aws_vpc.main"
          ]
        }
      ]
    },
    {
      "mode": "managed",
      "type": "aws_route_table_association",
      "name": "private_a",
      "provider": "provider[\"registry.terraform.io/hashicorp/aws\"]",
      "instances": [
        {
          "schema_version": 0,
          "attributes": {
            "gateway_id": "",
            "id": "rtbassoc-0e0a7c4fdd53de352",
            "route_table_id": "rtb-041bde946753aca7a",
            "subnet_id": "subnet-0e89eb265de1bae7f",
            "timeouts": null
          },
          "sensitive_attributes": [],
          "identity_schema_version": 0,
          "private": "eyJlMmJmYjczMC1lY2FhLTExZTYtOGY4OC0zNDM2M2JjN2M0YzAiOnsiY3JlYXRlIjozMDAwMDAwMDAwMDAsImRlbGV0ZSI6MzAwMDAwMDAwMDAwLCJ1cGRhdGUiOjEyMDAwMDAwMDAwMH19",
          "dependencies": [
            "aws_route_table.private",
            "aws_subnet.private_a",
            "aws_vpc.main"
          ]
        }
      ]
    },
    {
      "mode": "managed",
      "type": "aws_route_table_association",
      "name": "private_b",
      "provider": "provider[\"registry.terraform.io/hashicorp/aws\"]",
      "instances": [
        {
          "schema_version": 0,
          "attributes": {
            "gateway_id": "",
            "id": "rtbassoc-0557b41e2165c6027",
            "route_table_id": "rtb-041bde946753aca7a",
            "subnet_id": "subnet-0c36852f36ae46d0e",
            "timeouts": null
          },
          "sensitive_attributes": [],
          "identity_schema_version": 0,
          "private": "eyJlMmJmYjczMC1lY2FhLTExZTYtOGY4OC0zNDM2M2JjN2M0YzAiOnsiY3JlYXRlIjozMDAwMDAwMDAwMDAsImRlbGV0ZSI6MzAwMDAwMDAwMDAwLCJ1cGRhdGUiOjEyMDAwMDAwMDAwMH19",
          "dependencies": [
            "aws_route_table.private",
            "aws_subnet.private_b",
            "aws_vpc.main"
          ]
        }
      ]
    },
    {
      "mode": "managed",
      "type": "aws_route_table_association",
      "name": "public_a",
      "provider": "provider[\"registry.terraform.io/hashicorp/aws\"]",
      "instances": [
        {
          "schema_version": 0,
          "attributes": {
            "gateway_id": "",
            "id": "rtbassoc-0d478269038862731",
            "route_table_id": "rtb-007d81381a1cfe903",
            "subnet_id": "subnet-008a3a46715f1b999",
            "timeouts": null
          },
          "sensitive_attributes": [],
          "identity_schema_version": 0,
          "private": "eyJlMmJmYjczMC1lY2FhLTExZTYtOGY4OC0zNDM2M2JjN2M0YzAiOnsiY3JlYXRlIjozMDAwMDAwMDAwMDAsImRlbGV0ZSI6MzAwMDAwMDAwMDAwLCJ1cGRhdGUiOjEyMDAwMDAwMDAwMH19",
          "dependencies": [
            "aws_route_table.public",
            "aws_subnet.public_a",
            "aws_vpc.main"
          ]
        }
      ]
    },
    {
      "mode": "managed",
      "type": "aws_route_table_association",
      "name": "public_b",
      "provider": "provider[\"registry.terraform.io/hashicorp/aws\"]",
      "instances": [
        {
          "schema_version": 0,
          "attributes": {
            "gateway_id": "",
            "id": "rtbassoc-0e07e2490e0b4f34b",
            "route_table_id": "rtb-007d81381a1cfe903",
            "subnet_id": "subnet-0fae1571829b3fc8f",
            "timeouts": null
          },
          "sensitive_attributes": [],
          "identity_schema_version": 0,
          "private": "eyJlMmJmYjczMC1lY2FhLTExZTYtOGY4OC0zNDM2M2JjN2M0YzAiOnsiY3JlYXRlIjozMDAwMDAwMDAwMDAsImRlbGV0ZSI6MzAwMDAwMDAwMDAwLCJ1cGRhdGUiOjEyMDAwMDAwMDAwMH19",
          "dependencies": [
            "aws_route_table.public",
            "aws_subnet.public_b",
            "aws_vpc.main"
          ]
        }
      ]
    },
    {
      "mode": "managed",
      "type": "aws_secretsmanager_secret",
      "name": "db",
      "provider": "provider[\"registry.terraform.io/hashicorp/aws\"]",
      "instances": [
        {
          "schema_version": 0,
          "attributes": {
            "arn": "arn:aws:secretsmanager:us-east-1:339713151825:secret:spirulina/db-agM8Ul",
            "description": "",
            "force_overwrite_replica_secret": false,
            "id": "arn:aws:secretsmanager:us-east-1:339713151825:secret:spirulina/db-agM8Ul",
            "kms_key_id": "",
            "name": "spirulina/db",
            "name_prefix": "",
            "policy": "",
            "recovery_window_in_days": 30,
            "replica": [],
            "tags": null,
            "tags_all": {}
          },
          "sensitive_attributes": [],
          "identity_schema_version": 0,
          "private": "bnVsbA=="
        }
      ]
    },
    {
      "mode": "managed",
      "type": "aws_secretsmanager_secret",
      "name": "scraper",
      "provider": "provider[\"registry.terraform.io/hashicorp/aws\"]",
      "instances": [
        {
          "schema_version": 0,
          "attributes": {
            "arn": "arn:aws:secretsmanager:us-east-1:339713151825:secret:spirulina/scraper-yeFB0l",
            "description": "",
            "force_overwrite_replica_secret": false,
            "id": "arn:aws:secretsmanager:us-east-1:339713151825:secret:spirulina/scraper-yeFB0l",
            "kms_key_id": "",
            "name": "spirulina/scraper",
            "name_prefix": "",
            "policy": "",
            "recovery_window_in_days": 30,
            "replica": [],
            "tags": null,
            "tags_all": {}
          },
          "sensitive_attributes": [],
          "identity_schema_version": 0,
          "private": "bnVsbA=="
        }
      ]
    },
    {
      "mode": "managed",
      "type": "aws_secretsmanager_secret_version",
      "name": "db",
      "provider": "provider[\"registry.terraform.io/hashicorp/aws\"]",
      "instances": [
        {
          "schema_version": 0,
          "attributes": {
            "arn": "arn:aws:secretsmanager:us-east-1:339713151825:secret:spirulina/db-agM8Ul",
            "has_secret_string_wo": null,
            "id": "arn:aws:secretsmanager:us-east-1:339713151825:secret:spirulina/db-agM8Ul|terraform-20250927173726563600000008",
            "secret_binary": "",
            "secret_id": "arn:aws:secretsmanager:us-east-1:339713151825:secret:spirulina/db-agM8Ul",
            "secret_string": "{\"database\":\"spirulinadb\",\"host\":\"spirulina-mysql.cdq864y2qo5f.us-east-1.rds.amazonaws.com\",\"password\":\"3aJnw0qQ7tMcSHKCkkJF\",\"port\":3306,\"username\":\"spirulina_app\"}",
            "secret_string_wo": null,
            "secret_string_wo_version": null,
            "version_id": "terraform-20250927173726563600000008",
            "version_stages": [
              "AWSCURRENT"
            ]
          },
          "sensitive_attributes": [
            [
              {
                "type": "get_attr",
                "value": "secret_binary"
              }
            ],
            [
              {
                "type": "get_attr",
                "value": "secret_string"
              }
            ],
            [
              {
                "type": "get_attr",
                "value": "secret_string_wo"
              }
            ]
          ],
          "identity_schema_version": 0,
          "private": "bnVsbA==",
          "dependencies": [
            "aws_db_instance.mysql",
            "aws_db_subnet_group.rds",
            "aws_secretsmanager_secret.db",
            "aws_security_group.rds",
            "aws_subnet.private_a",
            "aws_subnet.private_b",
            "aws_vpc.main",
            "random_password.db"
          ]
        }
      ]
    },
    {
      "mode": "managed",
      "type": "aws_secretsmanager_secret_version",
      "name": "scraper",
      "provider": "provider[\"registry.terraform.io/hashicorp/aws\"]",
      "instances": [
        {
          "schema_version": 0,
          "attributes": {
            "arn": "arn:aws:secretsmanager:us-east-1:339713151825:secret:spirulina/scraper-yeFB0l",
            "has_secret_string_wo": null,
            "id": "arn:aws:secretsmanager:us-east-1:339713151825:secret:spirulina/scraper-yeFB0l|terraform-20250927172601539700000003",
            "secret_binary": "",
            "secret_id": "arn:aws:secretsmanager:us-east-1:339713151825:secret:spirulina/scraper-yeFB0l",
            "secret_string": "{\"Scrapper-API\":\"GCJD0IS3DKINHBQDTKIOST84RI19TLWO1TSQYBMQNQ7G9YL2F0YLJB5II8769Q6NLZ8AT63FBFAP89FZ\"}",
            "secret_string_wo": null,
            "secret_string_wo_version": null,
            "version_id": "terraform-20250927172601539700000003",
            "version_stages": [
              "AWSCURRENT"
            ]
          },
          "sensitive_attributes": [
            [
              {
                "type": "get_attr",
                "value": "secret_binary"
              }
            ],
            [
              {
                "type": "get_attr",
                "value": "secret_string"
              }
            ],
            [
              {
                "type": "get_attr",
                "value": "secret_string_wo"
              }
            ]
          ],
          "identity_schema_version": 0,
          "private": "bnVsbA==",
          "dependencies": [
            "aws_secretsmanager_secret.scraper"
          ]
        }
      ]
    },
    {
      "mode": "managed",
      "type": "aws_security_group",
      "name": "bastion",
      "provider": "provider[\"registry.terraform.io/hashicorp/aws\"]",
      "instances": [
        {
          "schema_version": 1,
          "attributes": {
            "arn": "arn:aws:ec2:us-east-1:339713151825:security-group/sg-04b33ab3279ecac01",
            "description": "Managed by Terraform",
            "egress": [
              {
                "cidr_blocks": [
                  "0.0.0.0/0"
                ],
                "description": "",
                "from_port": 0,
                "ipv6_cidr_blocks": [],
                "prefix_list_ids": [],
                "protocol": "-1",
                "security_groups": [],
                "self": false,
                "to_port": 0
              }
            ],
            "id": "sg-04b33ab3279ecac01",
            "ingress": [
              {
                "cidr_blocks": [
                  "0.0.0.0/0"
                ],
                "description": "SSH from workstation",
                "from_port": 22,
                "ipv6_cidr_blocks": [],
                "prefix_list_ids": [],
                "protocol": "tcp",
                "security_groups": [],
                "self": false,
                "to_port": 22
              }
            ],
            "name": "spirulina-bastion-sg",
            "name_prefix": "",
            "owner_id": "339713151825",
            "revoke_rules_on_delete": false,
            "tags": {
              "Name": "spirulina-bastion-sg"
            },
            "tags_all": {
              "Name": "spirulina-bastion-sg"
            },
            "timeouts": null,
            "vpc_id": "vpc-0b8f6b65a2c81f801"
          },
          "sensitive_attributes": [],
          "identity_schema_version": 0,
          "private": "eyJlMmJmYjczMC1lY2FhLTExZTYtOGY4OC0zNDM2M2JjN2M0YzAiOnsiY3JlYXRlIjo2MDAwMDAwMDAwMDAsImRlbGV0ZSI6OTAwMDAwMDAwMDAwfSwic2NoZW1hX3ZlcnNpb24iOiIxIn0=",
          "dependencies": [
            "aws_vpc.main"
          ]
        }
      ]
    },
    {
      "mode": "managed",
      "type": "aws_security_group",
      "name": "lambda",
      "provider": "provider[\"registry.terraform.io/hashicorp/aws\"]",
      "instances": [
        {
          "schema_version": 1,
          "attributes": {
            "arn": "arn:aws:ec2:us-east-1:339713151825:security-group/sg-0a8ffaff60e1f0f8f",
            "description": "Managed by Terraform",
            "egress": [
              {
                "cidr_blocks": [
                  "0.0.0.0/0"
                ],
                "description": "",
                "from_port": 0,
                "ipv6_cidr_blocks": [],
                "prefix_list_ids": [],
                "protocol": "-1",
                "security_groups": [],
                "self": false,
                "to_port": 0
              }
            ],
            "id": "sg-0a8ffaff60e1f0f8f",
            "ingress": [],
            "name": "spirulina-lambda-sg",
            "name_prefix": "",
            "owner_id": "339713151825",
            "revoke_rules_on_delete": false,
            "tags": null,
            "tags_all": {},
            "timeouts": null,
            "vpc_id": "vpc-0b8f6b65a2c81f801"
          },
          "sensitive_attributes": [],
          "identity_schema_version": 0,
          "private": "eyJlMmJmYjczMC1lY2FhLTExZTYtOGY4OC0zNDM2M2JjN2M0YzAiOnsiY3JlYXRlIjo2MDAwMDAwMDAwMDAsImRlbGV0ZSI6OTAwMDAwMDAwMDAwfSwic2NoZW1hX3ZlcnNpb24iOiIxIn0=",
          "dependencies": [
            "aws_vpc.main"
          ]
        }
      ]
    },
    {
      "mode": "managed",
      "type": "aws_security_group",
      "name": "rds",
      "provider": "provider[\"registry.terraform.io/hashicorp/aws\"]",
      "instances": [
        {
          "schema_version": 1,
          "attributes": {
            "arn": "arn:aws:ec2:us-east-1:339713151825:security-group/sg-0662029fb72a9fd5d",
            "description": "Managed by Terraform",
            "egress": [
              {
                "cidr_blocks": [
                  "0.0.0.0/0"
                ],
                "description": "",
                "from_port": 0,
                "ipv6_cidr_blocks": [],
                "prefix_list_ids": [],
                "protocol": "-1",
                "security_groups": [],
                "self": false,
                "to_port": 0
              }
            ],
            "id": "sg-0662029fb72a9fd5d",
            "ingress": [],
            "name": "spirulina-rds-sg",
            "name_prefix": "",
            "owner_id": "339713151825",
            "revoke_rules_on_delete": false,
            "tags": null,
            "tags_all": {},
            "timeouts": null,
            "vpc_id": "vpc-0b8f6b65a2c81f801"
          },
          "sensitive_attributes": [],
          "identity_schema_version": 0,
          "private": "eyJlMmJmYjczMC1lY2FhLTExZTYtOGY4OC0zNDM2M2JjN2M0YzAiOnsiY3JlYXRlIjo2MDAwMDAwMDAwMDAsImRlbGV0ZSI6OTAwMDAwMDAwMDAwfSwic2NoZW1hX3ZlcnNpb24iOiIxIn0=",
          "dependencies": [
            "aws_vpc.main"
          ]
        }
      ]
    },
    {
      "mode": "managed",
      "type": "aws_security_group_rule",
      "name": "rds_from_bastion",
      "provider": "provider[\"registry.terraform.io/hashicorp/aws\"]",
      "instances": [
        {
          "schema_version": 2,
          "attributes": {
            "cidr_blocks": null,
            "description": null,
            "from_port": 3306,
            "id": "sgrule-3148096882",
            "ipv6_cidr_blocks": null,
            "prefix_list_ids": null,
            "protocol": "tcp",
            "security_group_id": "sg-0662029fb72a9fd5d",
            "security_group_rule_id": "sgr-0b6e936d4b22c1a74",
            "self": false,
            "source_security_group_id": "sg-04b33ab3279ecac01",
            "timeouts": null,
            "to_port": 3306,
            "type": "ingress"
          },
          "sensitive_attributes": [],
          "identity_schema_version": 0,
          "private": "eyJlMmJmYjczMC1lY2FhLTExZTYtOGY4OC0zNDM2M2JjN2M0YzAiOnsiY3JlYXRlIjozMDAwMDAwMDAwMDB9LCJzY2hlbWFfdmVyc2lvbiI6IjIifQ==",
          "dependencies": [
            "aws_security_group.bastion",
            "aws_security_group.rds",
            "aws_vpc.main"
          ]
        }
      ]
    },
    {
      "mode": "managed",
      "type": "aws_security_group_rule",
      "name": "rds_from_lambda",
      "provider": "provider[\"registry.terraform.io/hashicorp/aws\"]",
      "instances": [
        {
          "schema_version": 2,
          "attributes": {
            "cidr_blocks": null,
            "description": null,
            "from_port": 3306,
            "id": "sgrule-1047924614",
            "ipv6_cidr_blocks": null,
            "prefix_list_ids": null,
            "protocol": "tcp",
            "security_group_id": "sg-0662029fb72a9fd5d",
            "security_group_rule_id": "sgr-0b1b86694081408f4",
            "self": false,
            "source_security_group_id": "sg-0a8ffaff60e1f0f8f",
            "timeouts": null,
            "to_port": 3306,
            "type": "ingress"
          },
          "sensitive_attributes": [],
          "identity_schema_version": 0,
          "private": "eyJlMmJmYjczMC1lY2FhLTExZTYtOGY4OC0zNDM2M2JjN2M0YzAiOnsiY3JlYXRlIjozMDAwMDAwMDAwMDB9LCJzY2hlbWFfdmVyc2lvbiI6IjIifQ==",
          "dependencies": [
            "aws_security_group.lambda",
            "aws_security_group.rds",
            "aws_vpc.main"
          ]
        }
      ]
    },
    {
      "mode": "managed",
      "type": "aws_sqs_queue",
      "name": "dlq",
      "provider": "provider[\"registry.terraform.io/hashicorp/aws\"]",
      "instances": [
        {
          "schema_version": 0,
          "attributes": {
            "arn": "arn:aws:sqs:us-east-1:339713151825:spirulina-dlq",
            "content_based_deduplication": false,
            "deduplication_scope": "",
            "delay_seconds": 0,
            "fifo_queue": false,
            "fifo_throughput_limit": "",
            "id": "https://sqs.us-east-1.amazonaws.com/339713151825/spirulina-dlq",
            "kms_data_key_reuse_period_seconds": 300,
            "kms_master_key_id": "",
            "max_message_size": 262144,
            "message_retention_seconds": 1209600,
            "name": "spirulina-dlq",
            "name_prefix": "",
            "policy": "",
            "receive_wait_time_seconds": 0,
            "redrive_allow_policy": "",
            "redrive_policy": "",
            "sqs_managed_sse_enabled": true,
            "tags": null,
            "tags_all": {},
            "timeouts": null,
            "url": "https://sqs.us-east-1.amazonaws.com/339713151825/spirulina-dlq",
            "visibility_timeout_seconds": 30
          },
          "sensitive_attributes": [],
          "identity_schema_version": 0,
          "private": "eyJlMmJmYjczMC1lY2FhLTExZTYtOGY4OC0zNDM2M2JjN2M0YzAiOnsiY3JlYXRlIjoxODAwMDAwMDAwMDAsImRlbGV0ZSI6MTgwMDAwMDAwMDAwLCJ1cGRhdGUiOjE4MDAwMDAwMDAwMH19"
        }
      ]
    },
    {
      "mode": "managed",
      "type": "aws_sqs_queue",
      "name": "main",
      "provider": "provider[\"registry.terraform.io/hashicorp/aws\"]",
      "instances": [
        {
          "schema_version": 0,
          "attributes": {
            "arn": "arn:aws:sqs:us-east-1:339713151825:spirulina-snapshot-queue",
            "content_based_deduplication": false,
            "deduplication_scope": "",
            "delay_seconds": 0,
            "fifo_queue": false,
            "fifo_throughput_limit": "",
            "id": "https://sqs.us-east-1.amazonaws.com/339713151825/spirulina-snapshot-queue",
            "kms_data_key_reuse_period_seconds": 300,
            "kms_master_key_id": "",
            "max_message_size": 262144,
            "message_retention_seconds": 345600,
            "name": "spirulina-snapshot-queue",
            "name_prefix": "",
            "policy": "",
            "receive_wait_time_seconds": 0,
            "redrive_allow_policy": "",
            "redrive_policy": "{\"deadLetterTargetArn\":\"arn:aws:sqs:us-east-1:339713151825:spirulina-dlq\",\"maxReceiveCount\":2}",
            "sqs_managed_sse_enabled": true,
            "tags": null,
            "tags_all": {},
            "timeouts": null,
            "url": "https://sqs.us-east-1.amazonaws.com/339713151825/spirulina-snapshot-queue",
            "visibility_timeout_seconds": 180
          },
          "sensitive_attributes": [],
          "identity_schema_version": 0,
          "private": "eyJlMmJmYjczMC1lY2FhLTExZTYtOGY4OC0zNDM2M2JjN2M0YzAiOnsiY3JlYXRlIjoxODAwMDAwMDAwMDAsImRlbGV0ZSI6MTgwMDAwMDAwMDAwLCJ1cGRhdGUiOjE4MDAwMDAwMDAwMH19",
          "dependencies": [
            "aws_sqs_queue.dlq"
          ]
        }
      ]
    },
    {
      "mode": "managed",
      "type": "aws_subnet",
      "name": "private_a",
      "provider": "provider[\"registry.terraform.io/hashicorp/aws\"]",
      "instances": [
        {
          "schema_version": 1,
          "attributes": {
            "arn": "arn:aws:ec2:us-east-1:339713151825:subnet/subnet-0e89eb265de1bae7f",
            "assign_ipv6_address_on_creation": false,
            "availability_zone": "us-east-1a",
            "availability_zone_id": "use1-az1",
            "cidr_block": "10.20.11.0/24",
            "customer_owned_ipv4_pool": "",
            "enable_dns64": false,
            "enable_lni_at_device_index": 0,
            "enable_resource_name_dns_a_record_on_launch": false,
            "enable_resource_name_dns_aaaa_record_on_launch": false,
            "id": "subnet-0e89eb265de1bae7f",
            "ipv6_cidr_block": "",
            "ipv6_cidr_block_association_id": "",
            "ipv6_native": false,
            "map_customer_owned_ip_on_launch": false,
            "map_public_ip_on_launch": false,
            "outpost_arn": "",
            "owner_id": "339713151825",
            "private_dns_hostname_type_on_launch": "ip-name",
            "tags": {
              "Name": "spirulina-dev-private-a"
            },
            "tags_all": {
              "Name": "spirulina-dev-private-a"
            },
            "timeouts": null,
            "vpc_id": "vpc-0b8f6b65a2c81f801"
          },
          "sensitive_attributes": [],
          "identity_schema_version": 0,
          "private": "eyJlMmJmYjczMC1lY2FhLTExZTYtOGY4OC0zNDM2M2JjN2M0YzAiOnsiY3JlYXRlIjo2MDAwMDAwMDAwMDAsImRlbGV0ZSI6MTIwMDAwMDAwMDAwMH0sInNjaGVtYV92ZXJzaW9uIjoiMSJ9",
          "dependencies": [
            "aws_vpc.main"
          ]
        }
      ]
    },
    {
      "mode": "managed",
      "type": "aws_subnet",
      "name": "private_b",
      "provider": "provider[\"registry.terraform.io/hashicorp/aws\"]",
      "instances": [
        {
          "schema_version": 1,
          "attributes": {
            "arn": "arn:aws:ec2:us-east-1:339713151825:subnet/subnet-0c36852f36ae46d0e",
            "assign_ipv6_address_on_creation": false,
            "availability_zone": "us-east-1b",
            "availability_zone_id": "use1-az2",
            "cidr_block": "10.20.12.0/24",
            "customer_owned_ipv4_pool": "",
            "enable_dns64": false,
            "enable_lni_at_device_index": 0,
            "enable_resource_name_dns_a_record_on_launch": false,
            "enable_resource_name_dns_aaaa_record_on_launch": false,
            "id": "subnet-0c36852f36ae46d0e",
            "ipv6_cidr_block": "",
            "ipv6_cidr_block_association_id": "",
            "ipv6_native": false,
            "map_customer_owned_ip_on_launch": false,
            "map_public_ip_on_launch": false,
            "outpost_arn": "",
            "owner_id": "339713151825",
            "private_dns_hostname_type_on_launch": "ip-name",
            "tags": {
              "Name": "spirulina-dev-private-b"
            },
            "tags_all": {
              "Name": "spirulina-dev-private-b"
            },
            "timeouts": null,
            "vpc_id": "vpc-0b8f6b65a2c81f801"
          },
          "sensitive_attributes": [],
          "identity_schema_version": 0,
          "private": "eyJlMmJmYjczMC1lY2FhLTExZTYtOGY4OC0zNDM2M2JjN2M0YzAiOnsiY3JlYXRlIjo2MDAwMDAwMDAwMDAsImRlbGV0ZSI6MTIwMDAwMDAwMDAwMH0sInNjaGVtYV92ZXJzaW9uIjoiMSJ9",
          "dependencies": [
            "aws_vpc.main"
          ]
        }
      ]
    },
    {
      "mode": "managed",
      "type": "aws_subnet",
      "name": "public_a",
      "provider": "provider[\"registry.terraform.io/hashicorp/aws\"]",
      "instances": [
        {
          "schema_version": 1,
          "attributes": {
            "arn": "arn:aws:ec2:us-east-1:339713151825:subnet/subnet-008a3a46715f1b999",
            "assign_ipv6_address_on_creation": false,
            "availability_zone": "us-east-1a",
            "availability_zone_id": "use1-az1",
            "cidr_block": "10.20.1.0/24",
            "customer_owned_ipv4_pool": "",
            "enable_dns64": false,
            "enable_lni_at_device_index": 0,
            "enable_resource_name_dns_a_record_on_launch": false,
            "enable_resource_name_dns_aaaa_record_on_launch": false,
            "id": "subnet-008a3a46715f1b999",
            "ipv6_cidr_block": "",
            "ipv6_cidr_block_association_id": "",
            "ipv6_native": false,
            "map_customer_owned_ip_on_launch": false,
            "map_public_ip_on_launch": true,
            "outpost_arn": "",
            "owner_id": "339713151825",
            "private_dns_hostname_type_on_launch": "ip-name",
            "tags": {
              "Name": "spirulina-dev-public-a"
            },
            "tags_all": {
              "Name": "spirulina-dev-public-a"
            },
            "timeouts": null,
            "vpc_id": "vpc-0b8f6b65a2c81f801"
          },
          "sensitive_attributes": [],
          "identity_schema_version": 0,
          "private": "eyJlMmJmYjczMC1lY2FhLTExZTYtOGY4OC0zNDM2M2JjN2M0YzAiOnsiY3JlYXRlIjo2MDAwMDAwMDAwMDAsImRlbGV0ZSI6MTIwMDAwMDAwMDAwMH0sInNjaGVtYV92ZXJzaW9uIjoiMSJ9",
          "dependencies": [
            "aws_vpc.main"
          ]
        }
      ]
    },
    {
      "mode": "managed",
      "type": "aws_subnet",
      "name": "public_b",
      "provider": "provider[\"registry.terraform.io/hashicorp/aws\"]",
      "instances": [
        {
          "schema_version": 1,
          "attributes": {
            "arn": "arn:aws:ec2:us-east-1:339713151825:subnet/subnet-0fae1571829b3fc8f",
            "assign_ipv6_address_on_creation": false,
            "availability_zone": "us-east-1b",
            "availability_zone_id": "use1-az2",
            "cidr_block": "10.20.2.0/24",
            "customer_owned_ipv4_pool": "",
            "enable_dns64": false,
            "enable_lni_at_device_index": 0,
            "enable_resource_name_dns_a_record_on_launch": false,
            "enable_resource_name_dns_aaaa_record_on_launch": false,
            "id": "subnet-0fae1571829b3fc8f",
            "ipv6_cidr_block": "",
            "ipv6_cidr_block_association_id": "",
            "ipv6_native": false,
            "map_customer_owned_ip_on_launch": false,
            "map_public_ip_on_launch": true,
            "outpost_arn": "",
            "owner_id": "339713151825",
            "private_dns_hostname_type_on_launch": "ip-name",
            "tags": {
              "Name": "spirulina-dev-public-b"
            },
            "tags_all": {
              "Name": "spirulina-dev-public-b"
            },
            "timeouts": null,
            "vpc_id": "vpc-0b8f6b65a2c81f801"
          },
          "sensitive_attributes": [],
          "identity_schema_version": 0,
          "private": "eyJlMmJmYjczMC1lY2FhLTExZTYtOGY4OC0zNDM2M2JjN2M0YzAiOnsiY3JlYXRlIjo2MDAwMDAwMDAwMDAsImRlbGV0ZSI6MTIwMDAwMDAwMDAwMH0sInNjaGVtYV92ZXJzaW9uIjoiMSJ9",
          "dependencies": [
            "aws_vpc.main"
          ]
        }
      ]
    },
    {
      "mode": "managed",
      "type": "aws_vpc",
      "name": "main",
      "provider": "provider[\"registry.terraform.io/hashicorp/aws\"]",
      "instances": [
        {
          "schema_version": 1,
          "attributes": {
            "arn": "arn:aws:ec2:us-east-1:339713151825:vpc/vpc-0b8f6b65a2c81f801",
            "assign_generated_ipv6_cidr_block": false,
            "cidr_block": "10.20.0.0/16",
            "default_network_acl_id": "acl-0c401d74bd9ee24d7",
            "default_route_table_id": "rtb-0e99c6a90d5b2594c",
            "default_security_group_id": "sg-03f3414ecb1826a18",
            "dhcp_options_id": "dopt-0c8d1b73c80cd4ff1",
            "enable_dns_hostnames": true,
            "enable_dns_support": true,
            "enable_network_address_usage_metrics": false,
            "id": "vpc-0b8f6b65a2c81f801",
            "instance_tenancy": "default",
            "ipv4_ipam_pool_id": null,
            "ipv4_netmask_length": null,
            "ipv6_association_id": "",
            "ipv6_cidr_block": "",
            "ipv6_cidr_block_network_border_group": "",
            "ipv6_ipam_pool_id": "",
            "ipv6_netmask_length": 0,
            "main_route_table_id": "rtb-0e99c6a90d5b2594c",
            "owner_id": "339713151825",
            "tags": {
              "Name": "spirulina-dev-vpc"
            },
            "tags_all": {
              "Name": "spirulina-dev-vpc"
            }
          },
          "sensitive_attributes": [],
          "identity_schema_version": 0,
          "private": "eyJzY2hlbWFfdmVyc2lvbiI6IjEifQ=="
        }
      ]
    },
    {
      "mode": "managed",
      "type": "random_password",
      "name": "db",
      "provider": "provider[\"registry.terraform.io/hashicorp/random\"]",
      "instances": [
        {
          "schema_version": 3,
          "attributes": {
            "bcrypt_hash": "$2a$10$19dIBlldlD1r1txL4/BfDuKJFdKUJMGX..PqoAmnVnUPP1tTSMYQK",
            "id": "none",
            "keepers": null,
            "length": 20,
            "lower": true,
            "min_lower": 0,
            "min_numeric": 0,
            "min_special": 0,
            "min_upper": 0,
            "number": true,
            "numeric": true,
            "override_special": null,
            "result": "3aJnw0qQ7tMcSHKCkkJF",
            "special": false,
            "upper": true
          },
          "sensitive_attributes": [
            [
              {
                "type": "get_attr",
                "value": "bcrypt_hash"
              }
            ],
            [
              {
                "type": "get_attr",
                "value": "result"
              }
            ]
          ],
          "identity_schema_version": 0
        }
      ]
    }
  ],
  "check_results": null
}
