{
  "version": 4,
  "terraform_version": "1.13.3",
  "serial": 319,
  "lineage": "0e9a7e6b-0fb3-a728-8fba-9a0515c8b00b",
  "outputs": {
    "alb_dns_name": {
      "value": "spirulina-dev-alb-120107372.us-east-1.elb.amazonaws.com",
      "type": "string"
    },
    "api_stage_arn": {
      "value": null,
      "type": "string"
    },
    "app_asg_name": {
      "value": "spirulina-dev-asg",
      "type": "string"
    },
    "bastion_public_dns": {
      "value": "ec2-34-207-193-57.compute-1.amazonaws.com",
      "type": "string"
    },
    "bastion_public_ip": {
      "value": "34.207.193.57",
      "type": "string"
    },
    "cloudfront_domain_name": {
      "value": null,
      "type": "string"
    },
    "cognito_client_id": {
      "value": "oh2vf9imle1l56nkk6fmkte0i",
      "type": "string"
    },
    "cognito_issuer": {
      "value": "https://cognito-idp.us-east-1.amazonaws.com/us-east-1_8waOkdoUR",
      "type": "string"
    },
    "cognito_login_url": {
      "value": null,
      "type": "string"
    },
    "db_secret_arn": {
      "value": "arn:aws:secretsmanager:us-east-1:063331379930:secret:spirulina/db-FPuMQT",
      "type": "string"
    },
    "http_api_base_url": {
      "value": "https://sa0cp2a3r8.execute-api.us-east-1.amazonaws.com",
      "type": "string"
    },
    "rds_endpoint": {
      "value": "spirulina-mysql.cuvaky8ia00r.us-east-1.rds.amazonaws.com",
      "type": "string"
    },
    "regional_waf_arn": {
      "value": "arn:aws:wafv2:us-east-1:063331379930:regional/webacl/spirulina-dev-regional-waf/7e8874b1-76fc-499b-97a6-bf03b419d281",
      "type": "string"
    },
    "scraper_secret_arn": {
      "value": "arn:aws:secretsmanager:us-east-1:063331379930:secret:spirulina/scraper-A6sSO1",
      "type": "string"
    },
    "sqs_queue_url": {
      "value": "https://sqs.us-east-1.amazonaws.com/063331379930/spirulina-snapshot-queue",
      "type": "string"
    },
    "subnets_private": {
      "value": [
        "subnet-0f4c643307c8f2687",
        "subnet-0af43a4539acfddcb"
      ],
      "type": [
        "tuple",
        [
          "string",
          "string"
        ]
      ]
    },
    "subnets_public": {
      "value": [
        "subnet-07b147239129a03aa",
        "subnet-073fa6598db34af72"
      ],
      "type": [
        "tuple",
        [
          "string",
          "string"
        ]
      ]
    },
    "vpc_id": {
      "value": "vpc-001c13fe47f9e6141",
      "type": "string"
    },
    "ws_wss_url": {
      "value": "wss://sdzrplzis6.execute-api.us-east-1.amazonaws.com/production",
      "type": "string"
    }
  },
  "resources": [
    {
      "mode": "data",
      "type": "archive_file",
      "name": "connect_zip",
      "provider": "provider[\"registry.terraform.io/hashicorp/archive\"]",
      "instances": [
        {
          "schema_version": 0,
          "attributes": {
            "exclude_symlink_directories": null,
            "excludes": null,
            "id": "683542fc103bc708d269355e159763797226ef05",
            "output_base64sha256": "l4ycXUdfu8Hf5K/ndtWs5i2heRWrjkSbPZrzAfyy0I8=",
            "output_base64sha512": "IvwwiRzPx7NfM7onlDdxyuvMSx437BgNvyoKEtYEa0kwtjT5Bs7CDVrsRS6Sd137BgAEloHPxqjEJNFsFoRgtw==",
            "output_file_mode": null,
            "output_md5": "51fc6352a832aac7052a699997ffce23",
            "output_path": "C:/Users/ethan/Cloud_Project/INF2006-Cloud_Proj/terraform/dist/connect.zip",
            "output_sha": "683542fc103bc708d269355e159763797226ef05",
            "output_sha256": "978c9c5d475fbbc1dfe4afe776d5ace62da17915ab8e449b3d9af301fcb2d08f",
            "output_sha512": "22fc30891ccfc7b35f33ba27943771caebcc4b1e37ec180dbf2a0a12d6046b4930b634f906cec20d5aec452e92775dfb0600049681cfc6a8c424d16c168460b7",
            "output_size": 828,
            "source": [],
            "source_content": null,
            "source_content_filename": null,
            "source_dir": "C:/Users/ethan/Cloud_Project/INF2006-Cloud_Proj/terraform/connect",
            "source_file": null,
            "type": "zip"
          },
          "sensitive_attributes": [],
          "identity_schema_version": 0
        }
      ]
    },
    {
      "mode": "data",
      "type": "archive_file",
      "name": "delete_watchlist_zip",
      "provider": "provider[\"registry.terraform.io/hashicorp/archive\"]",
      "instances": [
        {
          "schema_version": 0,
          "attributes": {
            "exclude_symlink_directories": null,
            "excludes": null,
            "id": "10fcdc89e328a9f49d9fb102c6e647fda5c821d1",
            "output_base64sha256": "iLHBv9khuuEyFwdfKz7oXx8d/pAVGyl53/DR9/hKyig=",
            "output_base64sha512": "Nkl2oAM5ioOJyI4+fslC8FxcAFMMruzv/lNmm06b11NmrnVEhusVutS9eXIh1ibxyN5GXItxqH0elIa5dnGHbA==",
            "output_file_mode": null,
            "output_md5": "565fe0ef34fd9d71b58c4162ab7781bf",
            "output_path": "C:/Users/ethan/Cloud_Project/INF2006-Cloud_Proj/terraform/delete_watchlist.zip",
            "output_sha": "10fcdc89e328a9f49d9fb102c6e647fda5c821d1",
            "output_sha256": "88b1c1bfd921bae13217075f2b3ee85f1f1dfe90151b2979dff0d1f7f84aca28",
            "output_sha512": "364976a003398a8389c88e3e7ec942f05c5c00530caeeceffe53669b4e9bd75366ae754486eb15bad4bd797221d626f1c8de465c8b71a87d1e9486b97671876c",
            "output_size": 2026,
            "source": [],
            "source_content": null,
            "source_content_filename": null,
            "source_dir": "C:/Users/ethan/Cloud_Project/INF2006-Cloud_Proj/terraform/delete_watchlist",
            "source_file": null,
            "type": "zip"
          },
          "sensitive_attributes": [],
          "identity_schema_version": 0
        }
      ]
    },
    {
      "mode": "data",
      "type": "archive_file",
      "name": "disconnect_zip",
      "provider": "provider[\"registry.terraform.io/hashicorp/archive\"]",
      "instances": [
        {
          "schema_version": 0,
          "attributes": {
            "exclude_symlink_directories": null,
            "excludes": null,
            "id": "5eb8fd78df509f720ece3ba3a3d80d8fa142b381",
            "output_base64sha256": "ltjxFestk/FlFz6DU30JGZakrNRogtnKUyThfCI/+Us=",
            "output_base64sha512": "4GTkTLar6NxyeztNAx7QDVP62i2i+uix0ypsuWTnDd3Gcg4GnYZbe92RSzJWVL3dSuwmHsMPvyXdwoFrlv0eKg==",
            "output_file_mode": null,
            "output_md5": "9288dbd3505eb8edc620ce4d8021eaef",
            "output_path": "C:/Users/ethan/Cloud_Project/INF2006-Cloud_Proj/terraform/dist/disconnect.zip",
            "output_sha": "5eb8fd78df509f720ece3ba3a3d80d8fa142b381",
            "output_sha256": "96d8f115eb2d93f165173e83537d091996a4acd46882d9ca5324e17c223ff94b",
            "output_sha512": "e064e44cb6abe8dc727b3b4d031ed00d53fada2da2fae8b1d32a6cb964e70dddc6720e069d865b7bdd914b325654bddd4aec261ec30fbf25ddc2816b96fd1e2a",
            "output_size": 1190,
            "source": [],
            "source_content": null,
            "source_content_filename": null,
            "source_dir": "C:/Users/ethan/Cloud_Project/INF2006-Cloud_Proj/terraform/disconnect",
            "source_file": null,
            "type": "zip"
          },
          "sensitive_attributes": [],
          "identity_schema_version": 0
        }
      ]
    },
    {
      "mode": "data",
      "type": "archive_file",
      "name": "enqueue_zip",
      "provider": "provider[\"registry.terraform.io/hashicorp/archive\"]",
      "instances": [
        {
          "schema_version": 0,
          "attributes": {
            "exclude_symlink_directories": null,
            "excludes": null,
            "id": "10b54e266882acd12c82513586133ef0fb56b849",
            "output_base64sha256": "/Buhlb18JdlsAoOSjX0MmFadeOivFoqhEtkWiebyyzA=",
            "output_base64sha512": "cw4oe0TjYlYvWsOj5CV0AjmbYoRc4dpQNWapzn8ZwE4206Tz1T6LeISxh2jq7+/v5ll+dAppLIV8lPwKnuWQBg==",
            "output_file_mode": null,
            "output_md5": "a222c5258dfaefdcfc18076a95eca9d7",
            "output_path": "C:/Users/ethan/Cloud_Project/INF2006-Cloud_Proj/terraform/dist/enqueue.zip",
            "output_sha": "10b54e266882acd12c82513586133ef0fb56b849",
            "output_sha256": "fc1ba195bd7c25d96c0283928d7d0c98569d78e8af168aa112d91689e6f2cb30",
            "output_sha512": "730e287b44e362562f5ac3a3e4257402399b62845ce1da503566a9ce7f19c04e36d3a4f3d53e8b7884b18768eaefefefe6597e740a692c857c94fc0a9ee59006",
            "output_size": 1330,
            "source": [],
            "source_content": null,
            "source_content_filename": null,
            "source_dir": "C:/Users/ethan/Cloud_Project/INF2006-Cloud_Proj/terraform/enqueue",
            "source_file": null,
            "type": "zip"
          },
          "sensitive_attributes": [],
          "identity_schema_version": 0
        }
      ]
    },
    {
      "mode": "data",
      "type": "archive_file",
      "name": "mysql_layer_zip",
      "provider": "provider[\"registry.terraform.io/hashicorp/archive\"]",
      "instances": [
        {
          "schema_version": 0,
          "attributes": {
            "exclude_symlink_directories": null,
            "excludes": null,
            "id": "9d7919fbd57dba4df36fe2e225b349da3f49d3a2",
            "output_base64sha256": "Il8D6s8p/1OrHLS0LtnIHeVro4QdD91L3Q18KF9YMaA=",
            "output_base64sha512": "FlnC8oV6ynJ5KJylrLjeYC4ZMn1GoGytv+YJbwXSsdEYkc3mqtI50DLf5n/FmOkClRvqgrCVq7L6MPZgHxw90g==",
            "output_file_mode": null,
            "output_md5": "fb8d50200815ea289e43d18ca4af83a3",
            "output_path": "./mysql_layer.zip",
            "output_sha": "9d7919fbd57dba4df36fe2e225b349da3f49d3a2",
            "output_sha256": "225f03eacf29ff53ab1cb4b42ed9c81de56ba3841d0fdd4bdd0d7c285f5831a0",
            "output_sha512": "1659c2f2857aca7279289ca5acb8de602e19327d46a06cadbfe6096f05d2b1d11891cde6aad239d032dfe67fc598e902951bea82b095abb2fa30f6601f1c3dd2",
            "output_size": 138292,
            "source": [],
            "source_content": null,
            "source_content_filename": null,
            "source_dir": "./layers/mysql_layer",
            "source_file": null,
            "type": "zip"
          },
          "sensitive_attributes": [],
          "identity_schema_version": 0
        }
      ]
    },
    {
      "mode": "data",
      "type": "archive_file",
      "name": "numpy_layer_zip",
      "provider": "provider[\"registry.terraform.io/hashicorp/archive\"]",
      "instances": [
        {
          "schema_version": 0,
          "attributes": {
            "exclude_symlink_directories": null,
            "excludes": null,
            "id": "d4d914840b9a2a4cc98c26f590c05c9de8b63ea0",
            "output_base64sha256": "7RXLwVYi5UgA1JJwpAtpScFCnClvnaaOt+MDtyL17c8=",
            "output_base64sha512": "RNH7OKnah3TN4hJeUjm76wwuEDQtpadDufRsLnmO/Hm8FbiXupOHXD5mI55pw1miTHG2w5g7n+xSsUFvh88yUQ==",
            "output_file_mode": null,
            "output_md5": "9e0ad72e1a12564fc6ca052bde27d069",
            "output_path": "C:/Users/ethan/Cloud_Project/INF2006-Cloud_Proj/terraform/numpy_layer.zip",
            "output_sha": "d4d914840b9a2a4cc98c26f590c05c9de8b63ea0",
            "output_sha256": "ed15cbc15622e54800d49270a40b6949c1429c296f9da68eb7e303b722f5edcf",
            "output_sha512": "44d1fb38a9da8774cde2125e5239bbeb0c2e10342da5a743b9f46c2e798efc79bc15b897ba93875c3e66239e69c359a24c71b6c3983b9fec52b1416f87cf3251",
            "output_size": 53212180,
            "source": [],
            "source_content": null,
            "source_content_filename": null,
            "source_dir": "C:/Users/ethan/Cloud_Project/INF2006-Cloud_Proj/terraform/layers/numpy_layer",
            "source_file": null,
            "type": "zip"
          },
          "sensitive_attributes": [],
          "identity_schema_version": 0
        }
      ]
    },
    {
      "mode": "data",
      "type": "archive_file",
      "name": "pandas_layer_zip",
      "provider": "provider[\"registry.terraform.io/hashicorp/archive\"]",
      "instances": [
        {
          "schema_version": 0,
          "attributes": {
            "exclude_symlink_directories": null,
            "excludes": null,
            "id": "c981884521a1f527395133ced709e6719727a054",
            "output_base64sha256": "AxxGpoR5BCpObjAgBsLCJ1FDjavzCKjTJPoiVkXfS9g=",
            "output_base64sha512": "d9/sEd4Ge34HHoGcPmkGM/ECx8lWMhNQtJkXythen9xMps/qOa2qgMmGI5LDcRvINlgIhOvdYUMFDVNzxXrEjg==",
            "output_file_mode": null,
            "output_md5": "eb6c2fe53fa5a09da9c2026a717127e9",
            "output_path": "C:/Users/ethan/Cloud_Project/INF2006-Cloud_Proj/terraform/pandas_layer.zip",
            "output_sha": "c981884521a1f527395133ced709e6719727a054",
            "output_sha256": "031c46a68479042a4e6e302006c2c22751438dabf308a8d324fa225645df4bd8",
            "output_sha512": "77dfec11de067b7e071e819c3e690633f102c7c956321350b49917cad85e9fdc4ca6cfea39adaa80c9862392c3711bc836580884ebdd6143050d5373c57ac48e",
            "output_size": 20630967,
            "source": [],
            "source_content": null,
            "source_content_filename": null,
            "source_dir": "C:/Users/ethan/Cloud_Project/INF2006-Cloud_Proj/terraform/layers/pandas_layer",
            "source_file": null,
            "type": "zip"
          },
          "sensitive_attributes": [],
          "identity_schema_version": 0
        }
      ]
    },
    {
      "mode": "data",
      "type": "archive_file",
      "name": "pytrends_layer_zip",
      "provider": "provider[\"registry.terraform.io/hashicorp/archive\"]",
      "instances": [
        {
          "schema_version": 0,
          "attributes": {
            "exclude_symlink_directories": null,
            "excludes": null,
            "id": "61c231b5a20fd6725318cc1ecc3771eec4138e7e",
            "output_base64sha256": "uKAw4+4K18KUyOB8kO4Uf8ow7vIWonb0hSrIxlfg1Ko=",
            "output_base64sha512": "7vFkeh+3HOeDpUD1lvb+GHaUsIh9Nf5Eu50wgcKSjIhlO5epTxeL7m5iDyU1+JYJntomDyTOhdA+KC2g/QFcIw==",
            "output_file_mode": null,
            "output_md5": "a5ff101d540e3b6df014b74a7d393add",
            "output_path": "C:/Users/ethan/Cloud_Project/INF2006-Cloud_Proj/terraform/pytrends_layer.zip",
            "output_sha": "61c231b5a20fd6725318cc1ecc3771eec4138e7e",
            "output_sha256": "b8a030e3ee0ad7c294c8e07c90ee147fca30eef216a276f4852ac8c657e0d4aa",
            "output_sha512": "eef1647a1fb71ce783a540f596f6fe187694b0887d35fe44bb9d3081c2928c88653b97a94f178bee6e620f2535f896099eda260f24ce85d03e282da0fd015c23",
            "output_size": 34504,
            "source": [],
            "source_content": null,
            "source_content_filename": null,
            "source_dir": "C:/Users/ethan/Cloud_Project/INF2006-Cloud_Proj/terraform/layers/pytrends_layer",
            "source_file": null,
            "type": "zip"
          },
          "sensitive_attributes": [],
          "identity_schema_version": 0
        }
      ]
    },
    {
      "mode": "data",
      "type": "archive_file",
      "name": "rapidfuzz_layer_zip",
      "provider": "provider[\"registry.terraform.io/hashicorp/archive\"]",
      "instances": [
        {
          "schema_version": 0,
          "attributes": {
            "exclude_symlink_directories": null,
            "excludes": null,
            "id": "1389a22781fe6caa3f10f864c6cf90a7ae5256e1",
            "output_base64sha256": "2kyD8I8GF0TH28gpoLd+4lKGX3chJm6YueA9k5/lT9g=",
            "output_base64sha512": "gtUxsUJmibk0sRFSojyjahn4DrmYZKYl2VQFK8ByDDgVY3R7vPLWVtQAsEEgDVmtEr9LvArq1qJJb2PaLXqS2Q==",
            "output_file_mode": null,
            "output_md5": "8a482afacdb74f18bcf73f2107182d94",
            "output_path": "./rapidfuzz_layer.zip",
            "output_sha": "1389a22781fe6caa3f10f864c6cf90a7ae5256e1",
            "output_sha256": "da4c83f08f061744c7dbc829a0b77ee252865f7721266e98b9e03d939fe54fd8",
            "output_sha512": "82d531b1426689b934b11152a23ca36a19f80eb99864a625d954052bc0720c381563747bbcf2d656d400b041200d59ad12bf4bbc0aead6a2496f63da2d7a92d9",
            "output_size": 1700469,
            "source": [],
            "source_content": null,
            "source_content_filename": null,
            "source_dir": "./layers/rapidfuzz_layer",
            "source_file": null,
            "type": "zip"
          },
          "sensitive_attributes": [],
          "identity_schema_version": 0
        }
      ]
    },
    {
      "mode": "data",
      "type": "archive_file",
      "name": "requests_layer_zip",
      "provider": "provider[\"registry.terraform.io/hashicorp/archive\"]",
      "instances": [
        {
          "schema_version": 0,
          "attributes": {
            "exclude_symlink_directories": null,
            "excludes": null,
            "id": "266591010f0f49f646797ba29fca7f087acc49db",
            "output_base64sha256": "OXV9OZOGlKC+M+xUWpGCvWL3eWN9uNyr90JKSze3bqA=",
            "output_base64sha512": "h+D8MJhQP/U9Dd1kKWlRihk7lAzXGKkx9orpdKRFJRlhhB+wvvi4RJ8sQFdIJWacjaf/564gP9BTLyrumkzhsQ==",
            "output_file_mode": null,
            "output_md5": "4e31dac2a1fd146eadd65a63cb6b1cfa",
            "output_path": "./requests_layer.zip",
            "output_sha": "266591010f0f49f646797ba29fca7f087acc49db",
            "output_sha256": "39757d39938694a0be33ec545a9182bd62f779637db8dcabf7424a4b37b76ea0",
            "output_sha512": "87e0fc3098503ff53d0ddd642969518a193b940cd718a931f68ae974a445251961841fb0bef8b8449f2c40574825669c8da7ffe7ae203fd0532f2aee9a4ce1b1",
            "output_size": 1083291,
            "source": [],
            "source_content": null,
            "source_content_filename": null,
            "source_dir": "./layers/requests_layer",
            "source_file": null,
            "type": "zip"
          },
          "sensitive_attributes": [],
          "identity_schema_version": 0
        }
      ]
    },
    {
      "mode": "data",
      "type": "archive_file",
      "name": "schedule_enqueue_zip",
      "provider": "provider[\"registry.terraform.io/hashicorp/archive\"]",
      "instances": [
        {
          "schema_version": 0,
          "attributes": {
            "exclude_symlink_directories": null,
            "excludes": null,
            "id": "d69680b93465daa9db88da0a1aad57470827981e",
            "output_base64sha256": "9D7LhfZaV5CT44KIJOn2RBkji+KjS0NIZ3X4JMy5ZAA=",
            "output_base64sha512": "BpaoO8RWxxFgwOR+t6MVoCw4Mb94Obkvouq20azgeljyxaLVx2Ozb6+fd3cWSt93RW5U+IwkH8Q2PYu5+gZjjw==",
            "output_file_mode": null,
            "output_md5": "c0d3a60ad61d795dd168353154caa7fb",
            "output_path": "C:/Users/ethan/Cloud_Project/INF2006-Cloud_Proj/terraform/dist/schedule_enqueue.zip",
            "output_sha": "d69680b93465daa9db88da0a1aad57470827981e",
            "output_sha256": "f43ecb85f65a579093e3828824e9f64419238be2a34b43486775f824ccb96400",
            "output_sha512": "0696a83bc456c71160c0e47eb7a315a02c3831bf7839b92fa2eab6d1ace07a58f2c5a2d5c763b36faf9f7777164adf77456e54f88c241fc4363d8bb9fa06638f",
            "output_size": 2565,
            "source": [],
            "source_content": null,
            "source_content_filename": null,
            "source_dir": "C:/Users/ethan/Cloud_Project/INF2006-Cloud_Proj/terraform/schedule_enqueue",
            "source_file": null,
            "type": "zip"
          },
          "sensitive_attributes": [],
          "identity_schema_version": 0
        }
      ]
    },
    {
      "mode": "data",
      "type": "archive_file",
      "name": "scipy_layer_zip",
      "provider": "provider[\"registry.terraform.io/hashicorp/archive\"]",
      "instances": [
        {
          "schema_version": 0,
          "attributes": {
            "exclude_symlink_directories": null,
            "excludes": null,
            "id": "dec19d7a27e95e4b284eaee52daa47a2adc52f65",
            "output_base64sha256": "q4HX+9cbK60UmHjIMjoBrL7Epeh07cXuF2eCYfCU9nM=",
            "output_base64sha512": "o5NRDp7Ogudd6TCIfypnp0N5rF3KF9XWX1FaJcpfajsD6XfPm9O/4DALwihx2Ib06S3n+bUq8flYTL6DH5LIFg==",
            "output_file_mode": null,
            "output_md5": "13cdde40486e863d5032a2db7e69afdb",
            "output_path": "./scipy_layer.zip",
            "output_sha": "dec19d7a27e95e4b284eaee52daa47a2adc52f65",
            "output_sha256": "ab81d7fbd71b2bad149878c8323a01acbec4a5e874edc5ee17678261f094f673",
            "output_sha512": "a393510e9ece82e75de930887f2a67a74379ac5dca17d5d65f515a25ca5f6a3b03e977cf9bd3bfe0300bc22871d886f4e92de7f9b52af1f9584cbe831f92c816",
            "output_size": 49313881,
            "source": [],
            "source_content": null,
            "source_content_filename": null,
            "source_dir": "./layers/scipy_layer",
            "source_file": null,
            "type": "zip"
          },
          "sensitive_attributes": [],
          "identity_schema_version": 0
        }
      ]
    },
    {
      "mode": "data",
      "type": "archive_file",
      "name": "sklearn_layer_zip",
      "provider": "provider[\"registry.terraform.io/hashicorp/archive\"]",
      "instances": [
        {
          "schema_version": 0,
          "attributes": {
            "exclude_symlink_directories": null,
            "excludes": null,
            "id": "7147bf62aa98adc4891ef6935d015f0120e8489f",
            "output_base64sha256": "wEE/Cxc36NUVppBBXFg7/fO8tkIAdicI7w5NzUoprCQ=",
            "output_base64sha512": "7lrFU6iINVbD2zl5B81IrcRXS3aOGOVP9vRDoAVjBYs+qtw41vOjVBozbf0ODCSf0nc1yWtnY2n+j+k3fKU1zw==",
            "output_file_mode": null,
            "output_md5": "092cf91edf1a8ff57a4507a86d43e6dc",
            "output_path": "./sklearn_layer.zip",
            "output_sha": "7147bf62aa98adc4891ef6935d015f0120e8489f",
            "output_sha256": "c0413f0b1737e8d515a690415c583bfdf3bcb64200762708ef0e4dcd4a29ac24",
            "output_sha512": "ee5ac553a8883556c3db397907cd48adc4574b768e18e54ff6f443a00563058b3eaadc38d6f3a3541a336dfd0e0c249fd27735c96b676369fe8fe9377ca535cf",
            "output_size": 15802557,
            "source": [],
            "source_content": null,
            "source_content_filename": null,
            "source_dir": "./layers/sklearn_layer",
            "source_file": null,
            "type": "zip"
          },
          "sensitive_attributes": [],
          "identity_schema_version": 0
        }
      ]
    },
    {
      "mode": "data",
      "type": "archive_file",
      "name": "social_brands_zip",
      "provider": "provider[\"registry.terraform.io/hashicorp/archive\"]",
      "instances": [
        {
          "schema_version": 0,
          "attributes": {
            "exclude_symlink_directories": null,
            "excludes": null,
            "id": "251df6b5aedc041129376edea5b227402759af8a",
            "output_base64sha256": "pCPeucqMuyqU8qVZaM6CTZahw8fVLcWQo8Nh5FqMtpk=",
            "output_base64sha512": "cH2DyfA5l/NiOb1Rp7yFgPJclfE00/xGx7/IZurf0AnHOfRq0F/ufTO2QlBhqz/PfmXuu8ZMQVvIdvmaV+CFzg==",
            "output_file_mode": null,
            "output_md5": "5317aa9b96aba4fab1734b1a0261bde3",
            "output_path": "./dist/social_brands.zip",
            "output_sha": "251df6b5aedc041129376edea5b227402759af8a",
            "output_sha256": "a423deb9ca8cbb2a94f2a55968ce824d96a1c3c7d52dc590a3c361e45a8cb699",
            "output_sha512": "707d83c9f03997f36239bd51a7bc8580f25c95f134d3fc46c7bfc866eadfd009c739f46ad05fee7d33b6425061ab3fcf7e65eebbc64c415bc876f99a57e085ce",
            "output_size": 6369,
            "source": [],
            "source_content": null,
            "source_content_filename": null,
            "source_dir": "./social_brands",
            "source_file": null,
            "type": "zip"
          },
          "sensitive_attributes": [],
          "identity_schema_version": 0
        }
      ]
    },
    {
      "mode": "data",
      "type": "archive_file",
      "name": "social_hashtags_zip",
      "provider": "provider[\"registry.terraform.io/hashicorp/archive\"]",
      "instances": [
        {
          "schema_version": 0,
          "attributes": {
            "exclude_symlink_directories": null,
            "excludes": null,
            "id": "ffb7513e1aadd55eb7eab2521d663e6860e08df1",
            "output_base64sha256": "4y5jhuCrsm1QFu8UH+J00rx89zYivOGyb5SIm+Wp1pY=",
            "output_base64sha512": "qfVp3cSzNRvUuDmn5IXGumFIKVzjdhYPiw6ES45jhj9yW5YBjcqgSk8yiBKKK9xs8XFOv4TYe6zkPYT4em9kKQ==",
            "output_file_mode": null,
            "output_md5": "50982fcdadd66849c2a198890d0c4df6",
            "output_path": "./dist/social_hashtags.zip",
            "output_sha": "ffb7513e1aadd55eb7eab2521d663e6860e08df1",
            "output_sha256": "e32e6386e0abb26d5016ef141fe274d2bc7cf73622bce1b26f94889be5a9d696",
            "output_sha512": "a9f569ddc4b3351bd4b839a7e485c6ba6148295ce376160f8b0e844b8e63863f725b96018dcaa04a4f3288128a2bdc6cf1714ebf84d87bace43d84f87a6f6429",
            "output_size": 6115,
            "source": [],
            "source_content": null,
            "source_content_filename": null,
            "source_dir": "./social_hashtags",
            "source_file": null,
            "type": "zip"
          },
          "sensitive_attributes": [],
          "identity_schema_version": 0
        }
      ]
    },
    {
      "mode": "data",
      "type": "archive_file",
      "name": "social_influencers_zip",
      "provider": "provider[\"registry.terraform.io/hashicorp/archive\"]",
      "instances": [
        {
          "schema_version": 0,
          "attributes": {
            "exclude_symlink_directories": null,
            "excludes": null,
            "id": "c851c987b5fe763758ce29e56f2cf49e31bf256f",
            "output_base64sha256": "syXvuPx1fHev5toNj/KJuPLUqpSPjtCl3wB7T1n5uDk=",
            "output_base64sha512": "bMi9f7UzT9mQjzOKe3VI0+Szk1EODcGT5nxmld5Dy/cQLlpiNaHD2RQJ5EsxBDTnExsPK3Hzcqqs48t02ScgUg==",
            "output_file_mode": null,
            "output_md5": "109f8ee1fe73e73741b9cd24d6677106",
            "output_path": "./dist/social_influencers.zip",
            "output_sha": "c851c987b5fe763758ce29e56f2cf49e31bf256f",
            "output_sha256": "b325efb8fc757c77afe6da0d8ff289b8f2d4aa948f8ed0a5df007b4f59f9b839",
            "output_sha512": "6cc8bd7fb5334fd9908f338a7b7548d3e4b393510e0dc193e67c6695de43cbf7102e5a6235a1c3d91409e44b310434e7131b0f2b71f372aaace3cb74d9272052",
            "output_size": 6432,
            "source": [],
            "source_content": null,
            "source_content_filename": null,
            "source_dir": "./social_influencers",
            "source_file": null,
            "type": "zip"
          },
          "sensitive_attributes": [],
          "identity_schema_version": 0
        }
      ]
    },
    {
      "mode": "data",
      "type": "archive_file",
      "name": "social_scrape_zip",
      "provider": "provider[\"registry.terraform.io/hashicorp/archive\"]",
      "instances": [
        {
          "schema_version": 0,
          "attributes": {
            "exclude_symlink_directories": null,
            "excludes": null,
            "id": "253a7fb1b091b0c898e73abb64f2cdd39eff4959",
            "output_base64sha256": "/pMh1q8kP1oSz03Af5bqK6eskMOlucTeI2SRaGaRgx4=",
            "output_base64sha512": "Rd2X5/6ErpmunC5rOavLol9HA/vF9FSEkKLd29E5dEgYBIE8L+ebxwkwCAltuQzeNWyXjgHBybPapG1KusQteA==",
            "output_file_mode": null,
            "output_md5": "b463bc2565933d31783877af6c92c98c",
            "output_path": "./dist/social_scrape.zip",
            "output_sha": "253a7fb1b091b0c898e73abb64f2cdd39eff4959",
            "output_sha256": "fe9321d6af243f5a12cf4dc07f96ea2ba7ac90c3a5b9c4de236491686691831e",
            "output_sha512": "45dd97e7fe84ae99ae9c2e6b39abcba25f4703fbc5f4548490a2dddbd13974481804813c2fe79bc7093008096db90cde356c978e01c1c9b3daa46d4abac42d78",
            "output_size": 35639,
            "source": [],
            "source_content": null,
            "source_content_filename": null,
            "source_dir": "./social_scrape",
            "source_file": null,
            "type": "zip"
          },
          "sensitive_attributes": [],
          "identity_schema_version": 0
        }
      ]
    },
    {
      "mode": "data",
      "type": "archive_file",
      "name": "social_sentiment_zip",
      "provider": "provider[\"registry.terraform.io/hashicorp/archive\"]",
      "instances": [
        {
          "schema_version": 0,
          "attributes": {
            "exclude_symlink_directories": null,
            "excludes": null,
            "id": "eb38627d83aca8a6f5a8b024b4408f117c479601",
            "output_base64sha256": "zevMeyA3nHJ4WUjx2FpWXgk7DLIuumtdPTPcf641Ucw=",
            "output_base64sha512": "fnvxHvA3+R1+qEiNy+QoLJuSljgLQlfjbWfMNCrXQhNFQsGoUZr6yEhAhGjVGh3dO7wKBroMCSdgWFpCcllT9w==",
            "output_file_mode": null,
            "output_md5": "7924c07d72c381a824d490040f6f4cff",
            "output_path": "./dist/social_sentiment.zip",
            "output_sha": "eb38627d83aca8a6f5a8b024b4408f117c479601",
            "output_sha256": "cdebcc7b20379c72785948f1d85a565e093b0cb22eba6b5d3d33dc7fae3551cc",
            "output_sha512": "7e7bf11ef037f91d7ea8488dcbe4282c9b9296380b4257e36d67cc342ad742134542c1a8519afac848408468d51a1ddd3bbc0a06ba0c092760585a42725953f7",
            "output_size": 4116,
            "source": [],
            "source_content": null,
            "source_content_filename": null,
            "source_dir": "./social_sentiment",
            "source_file": null,
            "type": "zip"
          },
          "sensitive_attributes": [],
          "identity_schema_version": 0
        }
      ]
    },
    {
      "mode": "data",
      "type": "archive_file",
      "name": "spacy_base_layer_zip",
      "provider": "provider[\"registry.terraform.io/hashicorp/archive\"]",
      "instances": [
        {
          "schema_version": 0,
          "attributes": {
            "exclude_symlink_directories": null,
            "excludes": null,
            "id": "c8951101773a5bf0b1d406e0b245bfeff7cfe079",
            "output_base64sha256": "Ie25Vo70BJrZrXY3Rk5QSAnrK9R9G8ZgOdDawl9+7uM=",
            "output_base64sha512": "m5x8UN1ri6iuV/n9Kz2r6W3ZRRDYUS6Ir7tKeHUaN1AVMQUgrOJX7YH2bKYcEH7kIVFv1bCGLhk+eeuUCs5nqg==",
            "output_file_mode": null,
            "output_md5": "320e698005635d923ead20e2b854b26d",
            "output_path": "./spacy_base_layer.zip",
            "output_sha": "c8951101773a5bf0b1d406e0b245bfeff7cfe079",
            "output_sha256": "21edb9568ef4049ad9ad7637464e504809eb2bd47d1bc66039d0dac25f7eeee3",
            "output_sha512": "9b9c7c50dd6b8ba8ae57f9fd2b3dabe96dd94510d8512e88afbb4a78751a375015310520ace257ed81f66ca61c107ee421516fd5b0862e193e79eb940ace67aa",
            "output_size": 67009237,
            "source": [],
            "source_content": null,
            "source_content_filename": null,
            "source_dir": "./layers/spacy_base_layer",
            "source_file": null,
            "type": "zip"
          },
          "sensitive_attributes": [],
          "identity_schema_version": 0
        }
      ]
    },
    {
      "mode": "data",
      "type": "archive_file",
      "name": "spacy_model_layer_zip",
      "provider": "provider[\"registry.terraform.io/hashicorp/archive\"]",
      "instances": [
        {
          "schema_version": 0,
          "attributes": {
            "exclude_symlink_directories": null,
            "excludes": null,
            "id": "8ed42e0ad37fcf9609fab14da5dba8e0b4cd940e",
            "output_base64sha256": "2gBSPgPQWB0jOLP78rMq75hmlgQcT+EhGJRskZj4L18=",
            "output_base64sha512": "lb+3LJxaqkfGoAqNrLH3afgWgqqWSdpKUbT/W+JfeIJZv5PS/395ZQ0LNeHc1MGKVdtB3BKJQyY8RN4HCiTtRA==",
            "output_file_mode": null,
            "output_md5": "81b89f4df1e4018838648023146903ae",
            "output_path": "./spacy_model_layer.zip",
            "output_sha": "8ed42e0ad37fcf9609fab14da5dba8e0b4cd940e",
            "output_sha256": "da00523e03d0581d2338b3fbf2b32aef986696041c4fe12118946c9198f82f5f",
            "output_sha512": "95bfb72c9c5aaa47c6a00a8dacb1f769f81682aa9649da4a51b4ff5be25f788259bf93d2ff7f79650d0b35e1dcd4c18a55db41dc128943263c44de070a24ed44",
            "output_size": 12793351,
            "source": [],
            "source_content": null,
            "source_content_filename": null,
            "source_dir": "./layers/spacy_model_layer",
            "source_file": null,
            "type": "zip"
          },
          "sensitive_attributes": [],
          "identity_schema_version": 0
        }
      ]
    },
    {
      "mode": "data",
      "type": "archive_file",
      "name": "textblob_layer_zip",
      "provider": "provider[\"registry.terraform.io/hashicorp/archive\"]",
      "instances": [
        {
          "schema_version": 0,
          "attributes": {
            "exclude_symlink_directories": null,
            "excludes": null,
            "id": "44d5cba67c5f170400e6d357e1a55a9d8b7c310f",
            "output_base64sha256": "dasjuAhFEfFBdBdy6lbJ+qjJqpE6GiXtl+jMqm6hXFk=",
            "output_base64sha512": "AH2M728Sfb0WS7Hlsu7uzpMrN6dTWMYdAu4sOHEkLE5ryfFqpqDrpGJEvQdcH5EswexSBM8+2PtW/hJE5NCQaA==",
            "output_file_mode": null,
            "output_md5": "c1018ee99e972d90046cd891385b7c20",
            "output_path": "C:/Users/ethan/Cloud_Project/INF2006-Cloud_Proj/terraform/textblob_layer.zip",
            "output_sha": "44d5cba67c5f170400e6d357e1a55a9d8b7c310f",
            "output_sha256": "75ab23b8084511f141741772ea56c9faa8c9aa913a1a25ed97e8ccaa6ea15c59",
            "output_sha512": "007d8cef6f127dbd164bb1e5b2eeeece932b37a75358c61d02ee2c3871242c4e6bc9f16aa6a0eba46244bd075c1f912cc1ec5204cf3ed8fb56fe1244e4d09068",
            "output_size": 6762630,
            "source": [],
            "source_content": null,
            "source_content_filename": null,
            "source_dir": "C:/Users/ethan/Cloud_Project/INF2006-Cloud_Proj/terraform/layers/textblob_layer",
            "source_file": null,
            "type": "zip"
          },
          "sensitive_attributes": [],
          "identity_schema_version": 0
        }
      ]
    },
    {
      "mode": "data",
      "type": "archive_file",
      "name": "trends_daily_zip",
      "provider": "provider[\"registry.terraform.io/hashicorp/archive\"]",
      "instances": [
        {
          "schema_version": 0,
          "attributes": {
            "exclude_symlink_directories": null,
            "excludes": null,
            "id": "500294ae7d99529b4426834801f9ae6cbd5a24c9",
            "output_base64sha256": "Pu370Hf1MoIOr9F1DneM5mENDjQZnK4/SNDTLTd9l10=",
            "output_base64sha512": "39hfPo6kqWEp76Uq/WN81TRV4F5by04PrxyBh4Qix5i/xOHzkb4Zrh2ePOJrXcKzL5UhbbLtBedm2QsuQeGNkA==",
            "output_file_mode": null,
            "output_md5": "a5b3be1645597bf4342324d19f5eba8c",
            "output_path": "C:/Users/ethan/Cloud_Project/INF2006-Cloud_Proj/terraform/dist/trends_daily.zip",
            "output_sha": "500294ae7d99529b4426834801f9ae6cbd5a24c9",
            "output_sha256": "3eedfbd077f532820eafd1750e778ce6610d0e34199cae3f48d0d32d377d975d",
            "output_sha512": "dfd85f3e8ea4a96129efa52afd637cd53455e05e5bcb4e0faf1c81878422c798bfc4e1f391be19ae1d9e3ce26b5dc2b32f95216db2ed05e766d90b2e41e18d90",
            "output_size": 5500,
            "source": [],
            "source_content": null,
            "source_content_filename": null,
            "source_dir": "C:/Users/ethan/Cloud_Project/INF2006-Cloud_Proj/terraform/trends_daily",
            "source_file": null,
            "type": "zip"
          },
          "sensitive_attributes": [],
          "identity_schema_version": 0
        }
      ]
    },
    {
      "mode": "data",
      "type": "archive_file",
      "name": "trends_forecast_zip",
      "provider": "provider[\"registry.terraform.io/hashicorp/archive\"]",
      "instances": [
        {
          "schema_version": 0,
          "attributes": {
            "exclude_symlink_directories": null,
            "excludes": null,
            "id": "e34729761339ab2a0a9040d46adc5cafd59ea7e3",
            "output_base64sha256": "pI4aJ88u2jxN0mFCQwDkaJ07DIiIygsCh3ruzA9GUXY=",
            "output_base64sha512": "7XGzZuHYC/jrUbmE1WmV/ZGHmxWqQiZ7zJNa06ro04gFdgnUjXQIXFhUdCof3R3+sfs3l6xHzy1eAV7dC5ysWg==",
            "output_file_mode": null,
            "output_md5": "cba4caff0283ecc26a8d3ea355d6f4a5",
            "output_path": "C:/Users/ethan/Cloud_Project/INF2006-Cloud_Proj/terraform/dist/trends_forecast.zip",
            "output_sha": "e34729761339ab2a0a9040d46adc5cafd59ea7e3",
            "output_sha256": "a48e1a27cf2eda3c4dd261424300e4689d3b0c8888ca0b02877aeecc0f465176",
            "output_sha512": "ed71b366e1d80bf8eb51b984d56995fd91879b15aa42267bcc935ad3aae8d388057609d48d74085c5854742a1fdd1dfeb1fb3797ac47cf2d5e015edd0b9cac5a",
            "output_size": 5525,
            "source": [],
            "source_content": null,
            "source_content_filename": null,
            "source_dir": "C:/Users/ethan/Cloud_Project/INF2006-Cloud_Proj/terraform/trends_forecast",
            "source_file": null,
            "type": "zip"
          },
          "sensitive_attributes": [],
          "identity_schema_version": 0
        }
      ]
    },
    {
      "mode": "data",
      "type": "archive_file",
      "name": "trends_keywords_read_zip",
      "provider": "provider[\"registry.terraform.io/hashicorp/archive\"]",
      "instances": [
        {
          "schema_version": 0,
          "attributes": {
            "exclude_symlink_directories": null,
            "excludes": null,
            "id": "2b7559bb83270e548d154ab98e721531020b1274",
            "output_base64sha256": "KVYslWgNulPoXSQDunaVPcf/sEemfseXsRPXLDiscoQ=",
            "output_base64sha512": "LcYDulb6gLVVaHo4ejMuG5ea7rzVuXvGREmADEk7VkBo6EeQ13e/ngq3aytUzhNfPDC1O3h4Y7lu7LOCnx/fpA==",
            "output_file_mode": null,
            "output_md5": "579f9d47af9b9e99332e7ac18c78c1be",
            "output_path": "C:/Users/ethan/Cloud_Project/INF2006-Cloud_Proj/terraform/dist/trends_keywords_read.zip",
            "output_sha": "2b7559bb83270e548d154ab98e721531020b1274",
            "output_sha256": "29562c95680dba53e85d2403ba76953dc7ffb047a67ec797b113d72c38ac7284",
            "output_sha512": "2dc603ba56fa80b555687a387a332e1b979aeebcd5b97bc64449800c493b564068e84790d777bf9e0ab76b2b54ce135f3c30b53b787863b96eecb3829f1fdfa4",
            "output_size": 1238,
            "source": [],
            "source_content": null,
            "source_content_filename": null,
            "source_dir": "C:/Users/ethan/Cloud_Project/INF2006-Cloud_Proj/terraform/trends_keywords_read",
            "source_file": null,
            "type": "zip"
          },
          "sensitive_attributes": [],
          "identity_schema_version": 0
        }
      ]
    },
    {
      "mode": "data",
      "type": "archive_file",
      "name": "trends_keywords_write_zip",
      "provider": "provider[\"registry.terraform.io/hashicorp/archive\"]",
      "instances": [
        {
          "schema_version": 0,
          "attributes": {
            "exclude_symlink_directories": null,
            "excludes": null,
            "id": "3942eeda597e5a70da84bf85d187f4c3f713d29b",
            "output_base64sha256": "HU4h5vSIRusRd5emPSzcOKRp+LniuHoh6OznzcqSG5U=",
            "output_base64sha512": "D0jYThNIjUkBGHlqadGTVnP90+MazLFmJhFnTp+smLdJicBt9qqD4SDzUEYlp8mOCOzPZmyLHq0pN9JvpElnhg==",
            "output_file_mode": null,
            "output_md5": "c2e28d0ad303d9427f669c4be37266df",
            "output_path": "C:/Users/ethan/Cloud_Project/INF2006-Cloud_Proj/terraform/dist/trends_keywords_write.zip",
            "output_sha": "3942eeda597e5a70da84bf85d187f4c3f713d29b",
            "output_sha256": "1d4e21e6f48846eb117797a63d2cdc38a469f8b9e2b87a21e8ece7cdca921b95",
            "output_sha512": "0f48d84e13488d490118796a69d1935673fdd3e31accb1662611674e9fac98b74989c06df6aa83e120f3504625a7c98e08eccf666c8b1ead2937d26fa4496786",
            "output_size": 1416,
            "source": [],
            "source_content": null,
            "source_content_filename": null,
            "source_dir": "C:/Users/ethan/Cloud_Project/INF2006-Cloud_Proj/terraform/trends_keywords_write",
            "source_file": null,
            "type": "zip"
          },
          "sensitive_attributes": [],
          "identity_schema_version": 0
        }
      ]
    },
    {
      "mode": "data",
      "type": "archive_file",
      "name": "trends_read_zip",
      "provider": "provider[\"registry.terraform.io/hashicorp/archive\"]",
      "instances": [
        {
          "schema_version": 0,
          "attributes": {
            "exclude_symlink_directories": null,
            "excludes": null,
            "id": "255faa8a7b7fd123af46e4d63f54c26518d2fc51",
            "output_base64sha256": "1RdkUI8SZg3IK2b0xqDy87yxUn3oMDtKhUOiRqxR/9k=",
            "output_base64sha512": "tly4EZ5vWwXLo1u0qegWurLcsBlWY1rukQWe9aTT2m613ENzv0Le3VQNQ2GSusi0QiKxhHVdFPrxymxPsWJA+g==",
            "output_file_mode": null,
            "output_md5": "2ab4a5070f8630199a9b0b3ea151f550",
            "output_path": "C:/Users/ethan/Cloud_Project/INF2006-Cloud_Proj/terraform/dist/trends_read.zip",
            "output_sha": "255faa8a7b7fd123af46e4d63f54c26518d2fc51",
            "output_sha256": "d51764508f12660dc82b66f4c6a0f2f3bcb1527de8303b4a8543a246ac51ffd9",
            "output_sha512": "b65cb8119e6f5b05cba35bb4a9e816bab2dcb01956635aee91059ef5a4d3da6eb5dc4373bf42dedd540d436192bac8b44222b184755d14faf1ca6c4fb16240fa",
            "output_size": 2411,
            "source": [],
            "source_content": null,
            "source_content_filename": null,
            "source_dir": "C:/Users/ethan/Cloud_Project/INF2006-Cloud_Proj/terraform/trends_read",
            "source_file": null,
            "type": "zip"
          },
          "sensitive_attributes": [],
          "identity_schema_version": 0
        }
      ]
    },
    {
      "mode": "data",
      "type": "archive_file",
      "name": "watchlist_series_zip",
      "provider": "provider[\"registry.terraform.io/hashicorp/archive\"]",
      "instances": [
        {
          "schema_version": 0,
          "attributes": {
            "exclude_symlink_directories": null,
            "excludes": null,
            "id": "fb0be476902370cafc96f8fd6ecd63533d0d3402",
            "output_base64sha256": "UTdthW2poM3DYW56kXTTN+Axpw1LC5b0L0V4ANtkfb4=",
            "output_base64sha512": "uMCfttCm0mLY9lpMV7kdv7qJwjO63r9D1Mbep5lIlVMzasHjl5uggqiKzgO7QKlya9F1EQRV+kNcnYKcz8rBCQ==",
            "output_file_mode": null,
            "output_md5": "0ca23e6566aa8134f999b048c2139410",
            "output_path": "C:/Users/ethan/Cloud_Project/INF2006-Cloud_Proj/terraform/dist/watchlist_series.zip",
            "output_sha": "fb0be476902370cafc96f8fd6ecd63533d0d3402",
            "output_sha256": "51376d856da9a0cdc3616e7a9174d337e031a70d4b0b96f42f457800db647dbe",
            "output_sha512": "b8c09fb6d0a6d262d8f65a4c57b91dbfba89c233badebf43d4c6dea799489553336ac1e3979ba082a88ace03bb40a9726bd175110455fa435c9d829ccfcac109",
            "output_size": 1405,
            "source": [],
            "source_content": null,
            "source_content_filename": null,
            "source_dir": "C:/Users/ethan/Cloud_Project/INF2006-Cloud_Proj/terraform/watchlist_series",
            "source_file": null,
            "type": "zip"
          },
          "sensitive_attributes": [],
          "identity_schema_version": 0
        }
      ]
    },
    {
      "mode": "data",
      "type": "archive_file",
      "name": "watchlist_zip",
      "provider": "provider[\"registry.terraform.io/hashicorp/archive\"]",
      "instances": [
        {
          "schema_version": 0,
          "attributes": {
            "exclude_symlink_directories": null,
            "excludes": null,
            "id": "2fb9d8b9772d0ff7aeaa7b4f862f6b8b969bf2f7",
            "output_base64sha256": "79gbqwgC6ZQMO5KxLdZWV1cp7aTN6Jz5U2c2+cuycP8=",
            "output_base64sha512": "/6d3XqrjxQ1xCi/q/sDuu/KVdgcFVXzd5WXO7bq+kH5VF69ghQFxq2NF55IbI/uOBlr01nHQNLXtC51JW73haA==",
            "output_file_mode": null,
            "output_md5": "8e32f6e6a29bf4dc0f86feb35194ed5f",
            "output_path": "C:/Users/ethan/Cloud_Project/INF2006-Cloud_Proj/terraform/dist/watchlist.zip",
            "output_sha": "2fb9d8b9772d0ff7aeaa7b4f862f6b8b969bf2f7",
            "output_sha256": "efd81bab0802e9940c3b92b12dd656575729eda4cde89cf9536736f9cbb270ff",
            "output_sha512": "ffa7775eaae3c50d710a2feafec0eebbf295760705557cdde565ceedbabe907e5517af60850171ab6345e7921b23fb8e065af4d671d034b5ed0b9d495bbde168",
            "output_size": 1062,
            "source": [],
            "source_content": null,
            "source_content_filename": null,
            "source_dir": "C:/Users/ethan/Cloud_Project/INF2006-Cloud_Proj/terraform/watchlist",
            "source_file": null,
            "type": "zip"
          },
          "sensitive_attributes": [],
          "identity_schema_version": 0
        }
      ]
    },
    {
      "mode": "data",
      "type": "archive_file",
      "name": "worker_zip",
      "provider": "provider[\"registry.terraform.io/hashicorp/archive\"]",
      "instances": [
        {
          "schema_version": 0,
          "attributes": {
            "exclude_symlink_directories": null,
            "excludes": null,
            "id": "05f2132e5aa189e10e9b15a6608aeb12a3739eb2",
            "output_base64sha256": "kYv50VAgkwmfZATNHdHqyOFfP9VDfMZVYJ97v3uc9r4=",
            "output_base64sha512": "PjGTeq20exue/NA3ZhmijuJ15k3jaARGdDaW2vzAQ9/TEKlg8ORxASUBj/OeHawA68G95pWBI2sA7eSCq8dIUQ==",
            "output_file_mode": null,
            "output_md5": "a17f24ec7975ddacdf14f43a96b070fb",
            "output_path": "C:/Users/ethan/Cloud_Project/INF2006-Cloud_Proj/terraform/dist/worker.zip",
            "output_sha": "05f2132e5aa189e10e9b15a6608aeb12a3739eb2",
            "output_sha256": "918bf9d1502093099f6404cd1dd1eac8e15f3fd5437cc655609f7bbf7b9cf6be",
            "output_sha512": "3e31937aadb47b1b9efcd0376619a28ee275e64de3680446743696dafcc043dfd310a960f0e4710125018ff39e1dac00ebc1bde69581236b00ede482abc74851",
            "output_size": 6914,
            "source": [],
            "source_content": null,
            "source_content_filename": null,
            "source_dir": "C:/Users/ethan/Cloud_Project/INF2006-Cloud_Proj/terraform/worker",
            "source_file": null,
            "type": "zip"
          },
          "sensitive_attributes": [],
          "identity_schema_version": 0
        }
      ]
    },
    {
      "mode": "data",
      "type": "aws_ami",
      "name": "al2023",
      "provider": "provider[\"registry.terraform.io/hashicorp/aws\"]",
      "instances": [
        {
          "schema_version": 0,
          "attributes": {
            "architecture": "x86_64",
            "arn": "arn:aws:ec2:us-east-1::image/ami-04ceb4adfa0af1012",
            "block_device_mappings": [
              {
                "device_name": "/dev/xvda",
                "ebs": {
                  "delete_on_termination": "true",
                  "encrypted": "false",
                  "iops": "3000",
                  "snapshot_id": "snap-0bfa085f6ddaf720a",
                  "throughput": "125",
                  "volume_initialization_rate": "0",
                  "volume_size": "2",
                  "volume_type": "gp3"
                },
                "no_device": "",
                "virtual_name": ""
              }
            ],
            "boot_mode": "uefi-preferred",
            "creation_date": "2025-10-09T16:47:50.000Z",
            "deprecation_time": "2026-01-07T00:00:00.000Z",
            "description": "Amazon Linux 2023 AMI 2023.9.20251014.0 x86_64 Minimal HVM kernel-6.1",
            "ena_support": true,
            "executable_users": null,
            "filter": [
              {
                "name": "architecture",
                "values": [
                  "x86_64"
                ]
              },
              {
                "name": "name",
                "values": [
                  "al2023-ami-*-kernel-6.1-*"
                ]
              }
            ],
            "hypervisor": "xen",
            "id": "ami-04ceb4adfa0af1012",
            "image_id": "ami-04ceb4adfa0af1012",
            "image_location": "amazon/al2023-ami-minimal-2023.9.20251014.0-kernel-6.1-x86_64",
            "image_owner_alias": "amazon",
            "image_type": "machine",
            "imds_support": "v2.0",
            "include_deprecated": false,
            "kernel_id": "",
            "last_launched_time": "",
            "most_recent": true,
            "name": "al2023-ami-minimal-2023.9.20251014.0-kernel-6.1-x86_64",
            "name_regex": null,
            "owner_id": "137112412989",
            "owners": [
              "amazon"
            ],
            "platform": "",
            "platform_details": "Linux/UNIX",
            "product_codes": [],
            "public": true,
            "ramdisk_id": "",
            "root_device_name": "/dev/xvda",
            "root_device_type": "ebs",
            "root_snapshot_id": "snap-0bfa085f6ddaf720a",
            "sriov_net_support": "simple",
            "state": "available",
            "state_reason": {
              "code": "UNSET",
              "message": "UNSET"
            },
            "tags": {},
            "timeouts": null,
            "tpm_support": "",
            "uefi_data": null,
            "usage_operation": "RunInstances",
            "virtualization_type": "hvm"
          },
          "sensitive_attributes": [],
          "identity_schema_version": 0
        }
      ]
    },
    {
      "mode": "data",
      "type": "aws_iam_role",
      "name": "labrole",
      "provider": "provider[\"registry.terraform.io/hashicorp/aws\"]",
      "instances": [
        {
          "schema_version": 0,
          "attributes": {
            "arn": "arn:aws:iam::063331379930:role/LabRole",
            "assume_role_policy": "{\"Version\":\"2012-10-17\",\"Statement\":[{\"Sid\":\"AllowLambdaAssume\",\"Effect\":\"Allow\",\"Principal\":{\"Service\":\"lambda.amazonaws.com\"},\"Action\":\"sts:AssumeRole\"},{\"Sid\":\"AllowUserAssumeWithMFA\",\"Effect\":\"Allow\",\"Principal\":{\"AWS\":\"arn:aws:iam::063331379930:user/Elton-admin\"},\"Action\":\"sts:AssumeRole\",\"Condition\":{\"Bool\":{\"aws:MultiFactorAuthPresent\":\"true\"}}}]}",
            "create_date": "2025-09-30T04:09:07Z",
            "description": "",
            "id": "LabRole",
            "max_session_duration": 14400,
            "name": "LabRole",
            "path": "/",
            "permissions_boundary": "",
            "role_last_used": [
              {
                "last_used_date": "2025-11-23T01:51:35Z",
                "region": "us-east-1"
              }
            ],
            "tags": {},
            "unique_id": "AROAQ5PWYFLNKVPPZUTZZ"
          },
          "sensitive_attributes": [],
          "identity_schema_version": 0
        }
      ]
    },
    {
      "mode": "data",
      "type": "aws_region",
      "name": "current",
      "provider": "provider[\"registry.terraform.io/hashicorp/aws\"]",
      "instances": [
        {
          "schema_version": 0,
          "attributes": {
            "description": "US East (N. Virginia)",
            "endpoint": "ec2.us-east-1.amazonaws.com",
            "id": "us-east-1",
            "name": "us-east-1"
          },
          "sensitive_attributes": [],
          "identity_schema_version": 0
        }
      ]
    },
    {
      "mode": "managed",
      "type": "aws_apigatewayv2_api",
      "name": "http",
      "provider": "provider[\"registry.terraform.io/hashicorp/aws\"]",
      "instances": [
        {
          "schema_version": 0,
          "attributes": {
            "api_endpoint": "https://sa0cp2a3r8.execute-api.us-east-1.amazonaws.com",
            "api_key_selection_expression": "$request.header.x-api-key",
            "arn": "arn:aws:apigateway:us-east-1::/apis/sa0cp2a3r8",
            "body": null,
            "cors_configuration": [
              {
                "allow_credentials": false,
                "allow_headers": [
                  "authorization",
                  "content-type"
                ],
                "allow_methods": [
                  "DELETE",
                  "GET",
                  "OPTIONS",
                  "PATCH",
                  "POST",
                  "PUT"
                ],
                "allow_origins": [
                  "*",
                  "http://localhost:5173",
                  "https://dfp7iv1t22kle.cloudfront.net/"
                ],
                "expose_headers": [],
                "max_age": 86400
              }
            ],
            "credentials_arn": null,
            "description": "",
            "disable_execute_api_endpoint": false,
            "execution_arn": "arn:aws:execute-api:us-east-1:063331379930:sa0cp2a3r8",
            "fail_on_warnings": null,
            "id": "sa0cp2a3r8",
            "ip_address_type": "ipv4",
            "name": "spirulina-dev-http",
            "protocol_type": "HTTP",
            "route_key": null,
            "route_selection_expression": "$request.method $request.path",
            "tags": {},
            "tags_all": {},
            "target": null,
            "version": ""
          },
          "sensitive_attributes": [],
          "identity_schema_version": 0,
          "private": "bnVsbA=="
        }
      ]
    },
    {
      "mode": "managed",
      "type": "aws_apigatewayv2_api",
      "name": "ws",
      "provider": "provider[\"registry.terraform.io/hashicorp/aws\"]",
      "instances": [
        {
          "schema_version": 0,
          "attributes": {
            "api_endpoint": "wss://sdzrplzis6.execute-api.us-east-1.amazonaws.com",
            "api_key_selection_expression": "$request.header.x-api-key",
            "arn": "arn:aws:apigateway:us-east-1::/apis/sdzrplzis6",
            "body": null,
            "cors_configuration": [],
            "credentials_arn": null,
            "description": "",
            "disable_execute_api_endpoint": false,
            "execution_arn": "arn:aws:execute-api:us-east-1:063331379930:sdzrplzis6",
            "fail_on_warnings": null,
            "id": "sdzrplzis6",
            "ip_address_type": "ipv4",
            "name": "spirulina-dev-ws",
            "protocol_type": "WEBSOCKET",
            "route_key": null,
            "route_selection_expression": "$request.body.action",
            "tags": {},
            "tags_all": {},
            "target": null,
            "version": ""
          },
          "sensitive_attributes": [],
          "identity_schema_version": 0,
          "private": "bnVsbA=="
        }
      ]
    },
    {
      "mode": "managed",
      "type": "aws_apigatewayv2_authorizer",
      "name": "jwt",
      "provider": "provider[\"registry.terraform.io/hashicorp/aws\"]",
      "instances": [
        {
          "schema_version": 0,
          "attributes": {
            "api_id": "sa0cp2a3r8",
            "authorizer_credentials_arn": "",
            "authorizer_payload_format_version": "",
            "authorizer_result_ttl_in_seconds": 0,
            "authorizer_type": "JWT",
            "authorizer_uri": "",
            "enable_simple_responses": false,
            "id": "0wm6xv",
            "identity_sources": [
              "$request.header.Authorization"
            ],
            "jwt_configuration": [
              {
                "audience": [
                  "oh2vf9imle1l56nkk6fmkte0i"
                ],
                "issuer": "https://cognito-idp.us-east-1.amazonaws.com/us-east-1_8waOkdoUR"
              }
            ],
            "name": "cognito-jwt",
            "timeouts": null
          },
          "sensitive_attributes": [],
          "identity_schema_version": 0,
          "private": "eyJlMmJmYjczMC1lY2FhLTExZTYtOGY4OC0zNDM2M2JjN2M0YzAiOnsiZGVsZXRlIjoxODAwMDAwMDAwMDAwfX0=",
          "dependencies": [
            "aws_apigatewayv2_api.http",
            "aws_cognito_user_pool.main",
            "aws_cognito_user_pool_client.spa"
          ]
        }
      ]
    },
    {
      "mode": "managed",
      "type": "aws_apigatewayv2_integration",
      "name": "delete_watchlist",
      "provider": "provider[\"registry.terraform.io/hashicorp/aws\"]",
      "instances": [
        {
          "schema_version": 0,
          "attributes": {
            "api_id": "sa0cp2a3r8",
            "connection_id": "",
            "connection_type": "INTERNET",
            "content_handling_strategy": "",
            "credentials_arn": "",
            "description": "",
            "id": "u2w9eo4",
            "integration_method": "POST",
            "integration_response_selection_expression": "",
            "integration_subtype": "",
            "integration_type": "AWS_PROXY",
            "integration_uri": "arn:aws:apigateway:us-east-1:lambda:path/2015-03-31/functions/arn:aws:lambda:us-east-1:063331379930:function:spirulina-dev-delete-watchlist/invocations",
            "passthrough_behavior": "",
            "payload_format_version": "2.0",
            "request_parameters": {},
            "request_templates": {},
            "response_parameters": [],
            "template_selection_expression": "",
            "timeout_milliseconds": 29000,
            "tls_config": []
          },
          "sensitive_attributes": [],
          "identity_schema_version": 0,
          "private": "bnVsbA==",
          "dependencies": [
            "aws_apigatewayv2_api.http",
            "aws_dynamodb_table.conns",
            "aws_lambda_function.delete_watchlist",
            "aws_lambda_layer_version.mysql_layer",
            "aws_lambda_layer_version.requests_layer",
            "aws_secretsmanager_secret.db",
            "aws_secretsmanager_secret.scraper",
            "aws_security_group.lambda",
            "aws_sqs_queue.dlq",
            "aws_sqs_queue.main",
            "aws_subnet.private_a",
            "aws_subnet.private_b",
            "aws_vpc.main",
            "data.archive_file.delete_watchlist_zip",
            "data.archive_file.mysql_layer_zip",
            "data.archive_file.requests_layer_zip",
            "data.aws_iam_role.labrole"
          ]
        }
      ]
    },
    {
      "mode": "managed",
      "type": "aws_apigatewayv2_integration",
      "name": "enqueue",
      "provider": "provider[\"registry.terraform.io/hashicorp/aws\"]",
      "instances": [
        {
          "schema_version": 0,
          "attributes": {
            "api_id": "sa0cp2a3r8",
            "connection_id": "",
            "connection_type": "INTERNET",
            "content_handling_strategy": "",
            "credentials_arn": "",
            "description": "",
            "id": "dx7gzag",
            "integration_method": "POST",
            "integration_response_selection_expression": "",
            "integration_subtype": "",
            "integration_type": "AWS_PROXY",
            "integration_uri": "arn:aws:apigateway:us-east-1:lambda:path/2015-03-31/functions/arn:aws:lambda:us-east-1:063331379930:function:spirulina-dev-enqueue/invocations",
            "passthrough_behavior": "",
            "payload_format_version": "2.0",
            "request_parameters": {},
            "request_templates": {},
            "response_parameters": [],
            "template_selection_expression": "",
            "timeout_milliseconds": 29000,
            "tls_config": []
          },
          "sensitive_attributes": [],
          "identity_schema_version": 0,
          "private": "bnVsbA==",
          "dependencies": [
            "aws_apigatewayv2_api.http",
            "aws_dynamodb_table.conns",
            "aws_lambda_function.enqueue",
            "aws_secretsmanager_secret.db",
            "aws_secretsmanager_secret.scraper",
            "aws_security_group.lambda",
            "aws_sqs_queue.dlq",
            "aws_sqs_queue.main",
            "aws_subnet.private_a",
            "aws_subnet.private_b",
            "aws_vpc.main",
            "data.archive_file.enqueue_zip",
            "data.aws_iam_role.labrole"
          ]
        }
      ]
    },
    {
      "mode": "managed",
      "type": "aws_apigatewayv2_integration",
      "name": "social_brands",
      "provider": "provider[\"registry.terraform.io/hashicorp/aws\"]",
      "instances": [
        {
          "schema_version": 0,
          "attributes": {
            "api_id": "sa0cp2a3r8",
            "connection_id": "",
            "connection_type": "INTERNET",
            "content_handling_strategy": "",
            "credentials_arn": "",
            "description": "",
            "id": "5vdue6f",
            "integration_method": "POST",
            "integration_response_selection_expression": "",
            "integration_subtype": "",
            "integration_type": "AWS_PROXY",
            "integration_uri": "arn:aws:apigateway:us-east-1:lambda:path/2015-03-31/functions/arn:aws:lambda:us-east-1:063331379930:function:spirulina-dev-social-brands/invocations",
            "passthrough_behavior": "",
            "payload_format_version": "2.0",
            "request_parameters": {},
            "request_templates": {},
            "response_parameters": [],
            "template_selection_expression": "",
            "timeout_milliseconds": 29000,
            "tls_config": []
          },
          "sensitive_attributes": [],
          "identity_schema_version": 0,
          "private": "bnVsbA==",
          "dependencies": [
            "aws_apigatewayv2_api.http",
            "aws_dynamodb_table.conns",
            "aws_lambda_function.social_brands",
            "aws_lambda_layer_version.mysql_layer",
            "aws_secretsmanager_secret.db",
            "aws_secretsmanager_secret.scraper",
            "aws_security_group.lambda",
            "aws_sqs_queue.dlq",
            "aws_sqs_queue.main",
            "aws_subnet.private_a",
            "aws_subnet.private_b",
            "aws_vpc.main",
            "data.archive_file.mysql_layer_zip",
            "data.aws_iam_role.labrole"
          ]
        }
      ]
    },
    {
      "mode": "managed",
      "type": "aws_apigatewayv2_integration",
      "name": "social_hashtags",
      "provider": "provider[\"registry.terraform.io/hashicorp/aws\"]",
      "instances": [
        {
          "schema_version": 0,
          "attributes": {
            "api_id": "sa0cp2a3r8",
            "connection_id": "",
            "connection_type": "INTERNET",
            "content_handling_strategy": "",
            "credentials_arn": "",
            "description": "",
            "id": "q28u9o6",
            "integration_method": "POST",
            "integration_response_selection_expression": "",
            "integration_subtype": "",
            "integration_type": "AWS_PROXY",
            "integration_uri": "arn:aws:apigateway:us-east-1:lambda:path/2015-03-31/functions/arn:aws:lambda:us-east-1:063331379930:function:spirulina-dev-social-hashtags/invocations",
            "passthrough_behavior": "",
            "payload_format_version": "2.0",
            "request_parameters": {},
            "request_templates": {},
            "response_parameters": [],
            "template_selection_expression": "",
            "timeout_milliseconds": 29000,
            "tls_config": []
          },
          "sensitive_attributes": [],
          "identity_schema_version": 0,
          "private": "bnVsbA==",
          "dependencies": [
            "aws_apigatewayv2_api.http",
            "aws_dynamodb_table.conns",
            "aws_lambda_function.social_hashtags",
            "aws_lambda_layer_version.mysql_layer",
            "aws_secretsmanager_secret.db",
            "aws_secretsmanager_secret.scraper",
            "aws_security_group.lambda",
            "aws_sqs_queue.dlq",
            "aws_sqs_queue.main",
            "aws_subnet.private_a",
            "aws_subnet.private_b",
            "aws_vpc.main",
            "data.archive_file.mysql_layer_zip",
            "data.aws_iam_role.labrole"
          ]
        }
      ]
    },
    {
      "mode": "managed",
      "type": "aws_apigatewayv2_integration",
      "name": "social_influencers",
      "provider": "provider[\"registry.terraform.io/hashicorp/aws\"]",
      "instances": [
        {
          "schema_version": 0,
          "attributes": {
            "api_id": "sa0cp2a3r8",
            "connection_id": "",
            "connection_type": "INTERNET",
            "content_handling_strategy": "",
            "credentials_arn": "",
            "description": "",
            "id": "yslibkb",
            "integration_method": "POST",
            "integration_response_selection_expression": "",
            "integration_subtype": "",
            "integration_type": "AWS_PROXY",
            "integration_uri": "arn:aws:apigateway:us-east-1:lambda:path/2015-03-31/functions/arn:aws:lambda:us-east-1:063331379930:function:spirulina-dev-social-influencers/invocations",
            "passthrough_behavior": "",
            "payload_format_version": "2.0",
            "request_parameters": {},
            "request_templates": {},
            "response_parameters": [],
            "template_selection_expression": "",
            "timeout_milliseconds": 29000,
            "tls_config": []
          },
          "sensitive_attributes": [],
          "identity_schema_version": 0,
          "private": "bnVsbA==",
          "dependencies": [
            "aws_apigatewayv2_api.http",
            "aws_dynamodb_table.conns",
            "aws_lambda_function.social_influencers",
            "aws_lambda_layer_version.mysql_layer",
            "aws_secretsmanager_secret.db",
            "aws_secretsmanager_secret.scraper",
            "aws_security_group.lambda",
            "aws_sqs_queue.dlq",
            "aws_sqs_queue.main",
            "aws_subnet.private_a",
            "aws_subnet.private_b",
            "aws_vpc.main",
            "data.archive_file.mysql_layer_zip",
            "data.aws_iam_role.labrole"
          ]
        }
      ]
    },
    {
      "mode": "managed",
      "type": "aws_apigatewayv2_integration",
      "name": "social_sentiment",
      "provider": "provider[\"registry.terraform.io/hashicorp/aws\"]",
      "instances": [
        {
          "schema_version": 0,
          "attributes": {
            "api_id": "sa0cp2a3r8",
            "connection_id": "",
            "connection_type": "INTERNET",
            "content_handling_strategy": "",
            "credentials_arn": "",
            "description": "",
            "id": "fb5kaah",
            "integration_method": "POST",
            "integration_response_selection_expression": "",
            "integration_subtype": "",
            "integration_type": "AWS_PROXY",
            "integration_uri": "arn:aws:apigateway:us-east-1:lambda:path/2015-03-31/functions/arn:aws:lambda:us-east-1:063331379930:function:spirulina-dev-social-sentiment/invocations",
            "passthrough_behavior": "",
            "payload_format_version": "2.0",
            "request_parameters": {},
            "request_templates": {},
            "response_parameters": [],
            "template_selection_expression": "",
            "timeout_milliseconds": 29000,
            "tls_config": []
          },
          "sensitive_attributes": [],
          "identity_schema_version": 0,
          "private": "bnVsbA==",
          "dependencies": [
            "aws_apigatewayv2_api.http",
            "aws_dynamodb_table.conns",
            "aws_lambda_function.social_sentiment",
            "aws_lambda_layer_version.mysql_layer",
            "aws_secretsmanager_secret.db",
            "aws_secretsmanager_secret.scraper",
            "aws_security_group.lambda",
            "aws_sqs_queue.dlq",
            "aws_sqs_queue.main",
            "aws_subnet.private_a",
            "aws_subnet.private_b",
            "aws_vpc.main",
            "data.archive_file.mysql_layer_zip",
            "data.aws_iam_role.labrole"
          ]
        }
      ]
    },
    {
      "mode": "managed",
      "type": "aws_apigatewayv2_integration",
      "name": "trends_daily",
      "provider": "provider[\"registry.terraform.io/hashicorp/aws\"]",
      "instances": [
        {
          "schema_version": 0,
          "attributes": {
            "api_id": "sa0cp2a3r8",
            "connection_id": "",
            "connection_type": "INTERNET",
            "content_handling_strategy": "",
            "credentials_arn": "",
            "description": "",
            "id": "9uuwuai",
            "integration_method": "POST",
            "integration_response_selection_expression": "",
            "integration_subtype": "",
            "integration_type": "AWS_PROXY",
            "integration_uri": "arn:aws:apigateway:us-east-1:lambda:path/2015-03-31/functions/arn:aws:lambda:us-east-1:063331379930:function:spirulina-dev-trends-read/invocations",
            "passthrough_behavior": "",
            "payload_format_version": "2.0",
            "request_parameters": {},
            "request_templates": {},
            "response_parameters": [],
            "template_selection_expression": "",
            "timeout_milliseconds": 29000,
            "tls_config": []
          },
          "sensitive_attributes": [],
          "identity_schema_version": 0,
          "private": "bnVsbA==",
          "dependencies": [
            "aws_apigatewayv2_api.http",
            "aws_dynamodb_table.conns",
            "aws_lambda_function.trends_read",
            "aws_lambda_layer_version.mysql_layer",
            "aws_secretsmanager_secret.db",
            "aws_secretsmanager_secret.scraper",
            "aws_security_group.lambda",
            "aws_sqs_queue.dlq",
            "aws_sqs_queue.main",
            "aws_subnet.private_a",
            "aws_subnet.private_b",
            "aws_vpc.main",
            "data.archive_file.mysql_layer_zip",
            "data.archive_file.trends_read_zip",
            "data.aws_iam_role.labrole"
          ]
        }
      ]
    },
    {
      "mode": "managed",
      "type": "aws_apigatewayv2_integration",
      "name": "trends_keywords_read",
      "provider": "provider[\"registry.terraform.io/hashicorp/aws\"]",
      "instances": [
        {
          "schema_version": 0,
          "attributes": {
            "api_id": "sa0cp2a3r8",
            "connection_id": "",
            "connection_type": "INTERNET",
            "content_handling_strategy": "",
            "credentials_arn": "",
            "description": "",
            "id": "nl7jpq8",
            "integration_method": "POST",
            "integration_response_selection_expression": "",
            "integration_subtype": "",
            "integration_type": "AWS_PROXY",
            "integration_uri": "arn:aws:apigateway:us-east-1:lambda:path/2015-03-31/functions/arn:aws:lambda:us-east-1:063331379930:function:spirulina-dev-trends-keywords-read/invocations",
            "passthrough_behavior": "",
            "payload_format_version": "2.0",
            "request_parameters": {},
            "request_templates": {},
            "response_parameters": [],
            "template_selection_expression": "",
            "timeout_milliseconds": 29000,
            "tls_config": []
          },
          "sensitive_attributes": [],
          "identity_schema_version": 0,
          "private": "bnVsbA==",
          "dependencies": [
            "aws_apigatewayv2_api.http",
            "aws_dynamodb_table.conns",
            "aws_lambda_function.trends_keywords_read",
            "aws_lambda_layer_version.mysql_layer",
            "aws_secretsmanager_secret.db",
            "aws_secretsmanager_secret.scraper",
            "aws_security_group.lambda",
            "aws_sqs_queue.dlq",
            "aws_sqs_queue.main",
            "aws_subnet.private_a",
            "aws_subnet.private_b",
            "aws_vpc.main",
            "data.archive_file.mysql_layer_zip",
            "data.archive_file.trends_keywords_read_zip",
            "data.aws_iam_role.labrole"
          ]
        }
      ]
    },
    {
      "mode": "managed",
      "type": "aws_apigatewayv2_integration",
      "name": "trends_keywords_write",
      "provider": "provider[\"registry.terraform.io/hashicorp/aws\"]",
      "instances": [
        {
          "schema_version": 0,
          "attributes": {
            "api_id": "sa0cp2a3r8",
            "connection_id": "",
            "connection_type": "INTERNET",
            "content_handling_strategy": "",
            "credentials_arn": "",
            "description": "",
            "id": "9uradjv",
            "integration_method": "POST",
            "integration_response_selection_expression": "",
            "integration_subtype": "",
            "integration_type": "AWS_PROXY",
            "integration_uri": "arn:aws:apigateway:us-east-1:lambda:path/2015-03-31/functions/arn:aws:lambda:us-east-1:063331379930:function:spirulina-dev-trends-keywords-write/invocations",
            "passthrough_behavior": "",
            "payload_format_version": "2.0",
            "request_parameters": {},
            "request_templates": {},
            "response_parameters": [],
            "template_selection_expression": "",
            "timeout_milliseconds": 29000,
            "tls_config": []
          },
          "sensitive_attributes": [],
          "identity_schema_version": 0,
          "private": "bnVsbA==",
          "dependencies": [
            "aws_apigatewayv2_api.http",
            "aws_dynamodb_table.conns",
            "aws_lambda_function.trends_keywords_write",
            "aws_lambda_layer_version.mysql_layer",
            "aws_secretsmanager_secret.db",
            "aws_secretsmanager_secret.scraper",
            "aws_security_group.lambda",
            "aws_sqs_queue.dlq",
            "aws_sqs_queue.main",
            "aws_subnet.private_a",
            "aws_subnet.private_b",
            "aws_vpc.main",
            "data.archive_file.mysql_layer_zip",
            "data.archive_file.trends_keywords_write_zip",
            "data.aws_iam_role.labrole"
          ]
        }
      ]
    },
    {
      "mode": "managed",
      "type": "aws_apigatewayv2_integration",
      "name": "watchlist",
      "provider": "provider[\"registry.terraform.io/hashicorp/aws\"]",
      "instances": [
        {
          "schema_version": 0,
          "attributes": {
            "api_id": "sa0cp2a3r8",
            "connection_id": "",
            "connection_type": "INTERNET",
            "content_handling_strategy": "",
            "credentials_arn": "",
            "description": "",
            "id": "akgvtl9",
            "integration_method": "POST",
            "integration_response_selection_expression": "",
            "integration_subtype": "",
            "integration_type": "AWS_PROXY",
            "integration_uri": "arn:aws:apigateway:us-east-1:lambda:path/2015-03-31/functions/arn:aws:lambda:us-east-1:063331379930:function:spirulina-dev-watchlist-read/invocations",
            "passthrough_behavior": "",
            "payload_format_version": "2.0",
            "request_parameters": {},
            "request_templates": {},
            "response_parameters": [],
            "template_selection_expression": "",
            "timeout_milliseconds": 29000,
            "tls_config": []
          },
          "sensitive_attributes": [],
          "identity_schema_version": 0,
          "private": "bnVsbA==",
          "dependencies": [
            "aws_apigatewayv2_api.http",
            "aws_dynamodb_table.conns",
            "aws_lambda_function.watchlist_read",
            "aws_lambda_layer_version.mysql_layer",
            "aws_secretsmanager_secret.db",
            "aws_secretsmanager_secret.scraper",
            "aws_security_group.lambda",
            "aws_sqs_queue.dlq",
            "aws_sqs_queue.main",
            "aws_subnet.private_a",
            "aws_subnet.private_b",
            "aws_vpc.main",
            "data.archive_file.mysql_layer_zip",
            "data.archive_file.watchlist_zip",
            "data.aws_iam_role.labrole"
          ]
        }
      ]
    },
    {
      "mode": "managed",
      "type": "aws_apigatewayv2_integration",
      "name": "watchlist_series",
      "provider": "provider[\"registry.terraform.io/hashicorp/aws\"]",
      "instances": [
        {
          "schema_version": 0,
          "attributes": {
            "api_id": "sa0cp2a3r8",
            "connection_id": "",
            "connection_type": "INTERNET",
            "content_handling_strategy": "",
            "credentials_arn": "",
            "description": "",
            "id": "4d4iss5",
            "integration_method": "POST",
            "integration_response_selection_expression": "",
            "integration_subtype": "",
            "integration_type": "AWS_PROXY",
            "integration_uri": "arn:aws:apigateway:us-east-1:lambda:path/2015-03-31/functions/arn:aws:lambda:us-east-1:063331379930:function:spirulina-dev-watchlist-series/invocations",
            "passthrough_behavior": "",
            "payload_format_version": "2.0",
            "request_parameters": {},
            "request_templates": {},
            "response_parameters": [],
            "template_selection_expression": "",
            "timeout_milliseconds": 29000,
            "tls_config": []
          },
          "sensitive_attributes": [],
          "identity_schema_version": 0,
          "private": "bnVsbA==",
          "dependencies": [
            "aws_apigatewayv2_api.http",
            "aws_dynamodb_table.conns",
            "aws_lambda_function.watchlist_series",
            "aws_lambda_layer_version.mysql_layer",
            "aws_secretsmanager_secret.db",
            "aws_secretsmanager_secret.scraper",
            "aws_security_group.lambda",
            "aws_sqs_queue.dlq",
            "aws_sqs_queue.main",
            "aws_subnet.private_a",
            "aws_subnet.private_b",
            "aws_vpc.main",
            "data.archive_file.mysql_layer_zip",
            "data.archive_file.watchlist_series_zip",
            "data.aws_iam_role.labrole"
          ]
        }
      ]
    },
    {
      "mode": "managed",
      "type": "aws_apigatewayv2_integration",
      "name": "ws_connect",
      "provider": "provider[\"registry.terraform.io/hashicorp/aws\"]",
      "instances": [
        {
          "schema_version": 0,
          "attributes": {
            "api_id": "sdzrplzis6",
            "connection_id": "",
            "connection_type": "INTERNET",
            "content_handling_strategy": "",
            "credentials_arn": "",
            "description": "",
            "id": "yt4apei",
            "integration_method": "POST",
            "integration_response_selection_expression": "",
            "integration_subtype": "",
            "integration_type": "AWS_PROXY",
            "integration_uri": "arn:aws:apigateway:us-east-1:lambda:path/2015-03-31/functions/arn:aws:lambda:us-east-1:063331379930:function:spirulina-dev-connect/invocations",
            "passthrough_behavior": "WHEN_NO_MATCH",
            "payload_format_version": "1.0",
            "request_parameters": {},
            "request_templates": {},
            "response_parameters": [],
            "template_selection_expression": "",
            "timeout_milliseconds": 29000,
            "tls_config": []
          },
          "sensitive_attributes": [],
          "identity_schema_version": 0,
          "private": "bnVsbA==",
          "dependencies": [
            "aws_apigatewayv2_api.ws",
            "aws_dynamodb_table.conns",
            "aws_lambda_function.connect",
            "aws_secretsmanager_secret.db",
            "aws_secretsmanager_secret.scraper",
            "aws_security_group.lambda",
            "aws_sqs_queue.dlq",
            "aws_sqs_queue.main",
            "aws_subnet.private_a",
            "aws_subnet.private_b",
            "aws_vpc.main",
            "data.archive_file.connect_zip",
            "data.aws_iam_role.labrole"
          ]
        }
      ]
    },
    {
      "mode": "managed",
      "type": "aws_apigatewayv2_integration",
      "name": "ws_disconnect",
      "provider": "provider[\"registry.terraform.io/hashicorp/aws\"]",
      "instances": [
        {
          "schema_version": 0,
          "attributes": {
            "api_id": "sdzrplzis6",
            "connection_id": "",
            "connection_type": "INTERNET",
            "content_handling_strategy": "",
            "credentials_arn": "",
            "description": "",
            "id": "528p4p2",
            "integration_method": "POST",
            "integration_response_selection_expression": "",
            "integration_subtype": "",
            "integration_type": "AWS_PROXY",
            "integration_uri": "arn:aws:apigateway:us-east-1:lambda:path/2015-03-31/functions/arn:aws:lambda:us-east-1:063331379930:function:spirulina-dev-disconnect/invocations",
            "passthrough_behavior": "WHEN_NO_MATCH",
            "payload_format_version": "1.0",
            "request_parameters": {},
            "request_templates": {},
            "response_parameters": [],
            "template_selection_expression": "",
            "timeout_milliseconds": 29000,
            "tls_config": []
          },
          "sensitive_attributes": [],
          "identity_schema_version": 0,
          "private": "bnVsbA==",
          "dependencies": [
            "aws_apigatewayv2_api.ws",
            "aws_dynamodb_table.conns",
            "aws_lambda_function.disconnect",
            "aws_secretsmanager_secret.db",
            "aws_secretsmanager_secret.scraper",
            "aws_security_group.lambda",
            "aws_sqs_queue.dlq",
            "aws_sqs_queue.main",
            "aws_subnet.private_a",
            "aws_subnet.private_b",
            "aws_vpc.main",
            "data.archive_file.disconnect_zip",
            "data.aws_iam_role.labrole"
          ]
        }
      ]
    },
    {
      "mode": "managed",
      "type": "aws_apigatewayv2_route",
      "name": "protected",
      "provider": "provider[\"registry.terraform.io/hashicorp/aws\"]",
      "instances": [
        {
          "index_key": "DELETE /watchlist",
          "schema_version": 0,
          "attributes": {
            "api_id": "sa0cp2a3r8",
            "api_key_required": false,
            "authorization_scopes": [],
            "authorization_type": "JWT",
            "authorizer_id": "0wm6xv",
            "id": "t588dt7",
            "model_selection_expression": "",
            "operation_name": "",
            "request_models": {},
            "request_parameter": [],
            "route_key": "DELETE /watchlist",
            "route_response_selection_expression": "",
            "target": "integrations/u2w9eo4"
          },
          "sensitive_attributes": [],
          "identity_schema_version": 0,
          "private": "bnVsbA==",
          "dependencies": [
            "aws_apigatewayv2_api.http",
            "aws_apigatewayv2_authorizer.jwt",
            "aws_apigatewayv2_integration.delete_watchlist",
            "aws_apigatewayv2_integration.enqueue",
            "aws_apigatewayv2_integration.social_brands",
            "aws_apigatewayv2_integration.social_hashtags",
            "aws_apigatewayv2_integration.social_influencers",
            "aws_apigatewayv2_integration.social_sentiment",
            "aws_apigatewayv2_integration.watchlist",
            "aws_apigatewayv2_integration.watchlist_series",
            "aws_cognito_user_pool.main",
            "aws_cognito_user_pool_client.spa",
            "aws_dynamodb_table.conns",
            "aws_lambda_function.delete_watchlist",
            "aws_lambda_function.enqueue",
            "aws_lambda_function.social_brands",
            "aws_lambda_function.social_hashtags",
            "aws_lambda_function.social_influencers",
            "aws_lambda_function.social_sentiment",
            "aws_lambda_function.watchlist_read",
            "aws_lambda_function.watchlist_series",
            "aws_lambda_layer_version.mysql_layer",
            "aws_lambda_layer_version.requests_layer",
            "aws_secretsmanager_secret.db",
            "aws_secretsmanager_secret.scraper",
            "aws_security_group.lambda",
            "aws_sqs_queue.dlq",
            "aws_sqs_queue.main",
            "aws_subnet.private_a",
            "aws_subnet.private_b",
            "aws_vpc.main",
            "data.archive_file.delete_watchlist_zip",
            "data.archive_file.enqueue_zip",
            "data.archive_file.mysql_layer_zip",
            "data.archive_file.requests_layer_zip",
            "data.archive_file.watchlist_series_zip",
            "data.archive_file.watchlist_zip",
            "data.aws_iam_role.labrole"
          ]
        },
        {
          "index_key": "GET /social/brands",
          "schema_version": 0,
          "attributes": {
            "api_id": "sa0cp2a3r8",
            "api_key_required": false,
            "authorization_scopes": [],
            "authorization_type": "JWT",
            "authorizer_id": "0wm6xv",
            "id": "b9s63tj",
            "model_selection_expression": "",
            "operation_name": "",
            "request_models": {},
            "request_parameter": [],
            "route_key": "GET /social/brands",
            "route_response_selection_expression": "",
            "target": "integrations/5vdue6f"
          },
          "sensitive_attributes": [],
          "identity_schema_version": 0,
          "private": "bnVsbA==",
          "dependencies": [
            "aws_apigatewayv2_api.http",
            "aws_apigatewayv2_authorizer.jwt",
            "aws_apigatewayv2_integration.delete_watchlist",
            "aws_apigatewayv2_integration.enqueue",
            "aws_apigatewayv2_integration.social_brands",
            "aws_apigatewayv2_integration.social_hashtags",
            "aws_apigatewayv2_integration.social_influencers",
            "aws_apigatewayv2_integration.social_sentiment",
            "aws_apigatewayv2_integration.watchlist",
            "aws_apigatewayv2_integration.watchlist_series",
            "aws_cognito_user_pool.main",
            "aws_cognito_user_pool_client.spa",
            "aws_dynamodb_table.conns",
            "aws_lambda_function.delete_watchlist",
            "aws_lambda_function.enqueue",
            "aws_lambda_function.social_brands",
            "aws_lambda_function.social_hashtags",
            "aws_lambda_function.social_influencers",
            "aws_lambda_function.social_sentiment",
            "aws_lambda_function.watchlist_read",
            "aws_lambda_function.watchlist_series",
            "aws_lambda_layer_version.mysql_layer",
            "aws_lambda_layer_version.requests_layer",
            "aws_secretsmanager_secret.db",
            "aws_secretsmanager_secret.scraper",
            "aws_security_group.lambda",
            "aws_sqs_queue.dlq",
            "aws_sqs_queue.main",
            "aws_subnet.private_a",
            "aws_subnet.private_b",
            "aws_vpc.main",
            "data.archive_file.delete_watchlist_zip",
            "data.archive_file.enqueue_zip",
            "data.archive_file.mysql_layer_zip",
            "data.archive_file.requests_layer_zip",
            "data.archive_file.watchlist_series_zip",
            "data.archive_file.watchlist_zip",
            "data.aws_iam_role.labrole"
          ]
        },
        {
          "index_key": "GET /social/hashtags",
          "schema_version": 0,
          "attributes": {
            "api_id": "sa0cp2a3r8",
            "api_key_required": false,
            "authorization_scopes": [],
            "authorization_type": "JWT",
            "authorizer_id": "0wm6xv",
            "id": "tz3nc44",
            "model_selection_expression": "",
            "operation_name": "",
            "request_models": {},
            "request_parameter": [],
            "route_key": "GET /social/hashtags",
            "route_response_selection_expression": "",
            "target": "integrations/q28u9o6"
          },
          "sensitive_attributes": [],
          "identity_schema_version": 0,
          "private": "bnVsbA==",
          "dependencies": [
            "aws_apigatewayv2_api.http",
            "aws_apigatewayv2_authorizer.jwt",
            "aws_apigatewayv2_integration.delete_watchlist",
            "aws_apigatewayv2_integration.enqueue",
            "aws_apigatewayv2_integration.social_brands",
            "aws_apigatewayv2_integration.social_hashtags",
            "aws_apigatewayv2_integration.social_influencers",
            "aws_apigatewayv2_integration.social_sentiment",
            "aws_apigatewayv2_integration.watchlist",
            "aws_apigatewayv2_integration.watchlist_series",
            "aws_cognito_user_pool.main",
            "aws_cognito_user_pool_client.spa",
            "aws_dynamodb_table.conns",
            "aws_lambda_function.delete_watchlist",
            "aws_lambda_function.enqueue",
            "aws_lambda_function.social_brands",
            "aws_lambda_function.social_hashtags",
            "aws_lambda_function.social_influencers",
            "aws_lambda_function.social_sentiment",
            "aws_lambda_function.watchlist_read",
            "aws_lambda_function.watchlist_series",
            "aws_lambda_layer_version.mysql_layer",
            "aws_lambda_layer_version.requests_layer",
            "aws_secretsmanager_secret.db",
            "aws_secretsmanager_secret.scraper",
            "aws_security_group.lambda",
            "aws_sqs_queue.dlq",
            "aws_sqs_queue.main",
            "aws_subnet.private_a",
            "aws_subnet.private_b",
            "aws_vpc.main",
            "data.archive_file.delete_watchlist_zip",
            "data.archive_file.enqueue_zip",
            "data.archive_file.mysql_layer_zip",
            "data.archive_file.requests_layer_zip",
            "data.archive_file.watchlist_series_zip",
            "data.archive_file.watchlist_zip",
            "data.aws_iam_role.labrole"
          ]
        },
        {
          "index_key": "GET /social/influencers",
          "schema_version": 0,
          "attributes": {
            "api_id": "sa0cp2a3r8",
            "api_key_required": false,
            "authorization_scopes": [],
            "authorization_type": "JWT",
            "authorizer_id": "0wm6xv",
            "id": "o6kiwsa",
            "model_selection_expression": "",
            "operation_name": "",
            "request_models": {},
            "request_parameter": [],
            "route_key": "GET /social/influencers",
            "route_response_selection_expression": "",
            "target": "integrations/yslibkb"
          },
          "sensitive_attributes": [],
          "identity_schema_version": 0,
          "private": "bnVsbA==",
          "dependencies": [
            "aws_apigatewayv2_api.http",
            "aws_apigatewayv2_authorizer.jwt",
            "aws_apigatewayv2_integration.delete_watchlist",
            "aws_apigatewayv2_integration.enqueue",
            "aws_apigatewayv2_integration.social_brands",
            "aws_apigatewayv2_integration.social_hashtags",
            "aws_apigatewayv2_integration.social_influencers",
            "aws_apigatewayv2_integration.social_sentiment",
            "aws_apigatewayv2_integration.watchlist",
            "aws_apigatewayv2_integration.watchlist_series",
            "aws_cognito_user_pool.main",
            "aws_cognito_user_pool_client.spa",
            "aws_dynamodb_table.conns",
            "aws_lambda_function.delete_watchlist",
            "aws_lambda_function.enqueue",
            "aws_lambda_function.social_brands",
            "aws_lambda_function.social_hashtags",
            "aws_lambda_function.social_influencers",
            "aws_lambda_function.social_sentiment",
            "aws_lambda_function.watchlist_read",
            "aws_lambda_function.watchlist_series",
            "aws_lambda_layer_version.mysql_layer",
            "aws_lambda_layer_version.requests_layer",
            "aws_secretsmanager_secret.db",
            "aws_secretsmanager_secret.scraper",
            "aws_security_group.lambda",
            "aws_sqs_queue.dlq",
            "aws_sqs_queue.main",
            "aws_subnet.private_a",
            "aws_subnet.private_b",
            "aws_vpc.main",
            "data.archive_file.delete_watchlist_zip",
            "data.archive_file.enqueue_zip",
            "data.archive_file.mysql_layer_zip",
            "data.archive_file.requests_layer_zip",
            "data.archive_file.watchlist_series_zip",
            "data.archive_file.watchlist_zip",
            "data.aws_iam_role.labrole"
          ]
        },
        {
          "index_key": "GET /social/sentiment",
          "schema_version": 0,
          "attributes": {
            "api_id": "sa0cp2a3r8",
            "api_key_required": false,
            "authorization_scopes": [],
            "authorization_type": "JWT",
            "authorizer_id": "0wm6xv",
            "id": "xvmp02f",
            "model_selection_expression": "",
            "operation_name": "",
            "request_models": {},
            "request_parameter": [],
            "route_key": "GET /social/sentiment",
            "route_response_selection_expression": "",
            "target": "integrations/fb5kaah"
          },
          "sensitive_attributes": [],
          "identity_schema_version": 0,
          "private": "bnVsbA==",
          "dependencies": [
            "aws_apigatewayv2_api.http",
            "aws_apigatewayv2_authorizer.jwt",
            "aws_apigatewayv2_integration.delete_watchlist",
            "aws_apigatewayv2_integration.enqueue",
            "aws_apigatewayv2_integration.social_brands",
            "aws_apigatewayv2_integration.social_hashtags",
            "aws_apigatewayv2_integration.social_influencers",
            "aws_apigatewayv2_integration.social_sentiment",
            "aws_apigatewayv2_integration.watchlist",
            "aws_apigatewayv2_integration.watchlist_series",
            "aws_cognito_user_pool.main",
            "aws_cognito_user_pool_client.spa",
            "aws_dynamodb_table.conns",
            "aws_lambda_function.delete_watchlist",
            "aws_lambda_function.enqueue",
            "aws_lambda_function.social_brands",
            "aws_lambda_function.social_hashtags",
            "aws_lambda_function.social_influencers",
            "aws_lambda_function.social_sentiment",
            "aws_lambda_function.watchlist_read",
            "aws_lambda_function.watchlist_series",
            "aws_lambda_layer_version.mysql_layer",
            "aws_lambda_layer_version.requests_layer",
            "aws_secretsmanager_secret.db",
            "aws_secretsmanager_secret.scraper",
            "aws_security_group.lambda",
            "aws_sqs_queue.dlq",
            "aws_sqs_queue.main",
            "aws_subnet.private_a",
            "aws_subnet.private_b",
            "aws_vpc.main",
            "data.archive_file.delete_watchlist_zip",
            "data.archive_file.enqueue_zip",
            "data.archive_file.mysql_layer_zip",
            "data.archive_file.requests_layer_zip",
            "data.archive_file.watchlist_series_zip",
            "data.archive_file.watchlist_zip",
            "data.aws_iam_role.labrole"
          ]
        },
        {
          "index_key": "GET /watchlist",
          "schema_version": 0,
          "attributes": {
            "api_id": "sa0cp2a3r8",
            "api_key_required": false,
            "authorization_scopes": [],
            "authorization_type": "JWT",
            "authorizer_id": "0wm6xv",
            "id": "govuvy9",
            "model_selection_expression": "",
            "operation_name": "",
            "request_models": {},
            "request_parameter": [],
            "route_key": "GET /watchlist",
            "route_response_selection_expression": "",
            "target": "integrations/akgvtl9"
          },
          "sensitive_attributes": [],
          "identity_schema_version": 0,
          "private": "bnVsbA==",
          "dependencies": [
            "aws_apigatewayv2_api.http",
            "aws_apigatewayv2_authorizer.jwt",
            "aws_apigatewayv2_integration.delete_watchlist",
            "aws_apigatewayv2_integration.enqueue",
            "aws_apigatewayv2_integration.social_brands",
            "aws_apigatewayv2_integration.social_hashtags",
            "aws_apigatewayv2_integration.social_influencers",
            "aws_apigatewayv2_integration.social_sentiment",
            "aws_apigatewayv2_integration.watchlist",
            "aws_apigatewayv2_integration.watchlist_series",
            "aws_cognito_user_pool.main",
            "aws_cognito_user_pool_client.spa",
            "aws_dynamodb_table.conns",
            "aws_lambda_function.delete_watchlist",
            "aws_lambda_function.enqueue",
            "aws_lambda_function.social_brands",
            "aws_lambda_function.social_hashtags",
            "aws_lambda_function.social_influencers",
            "aws_lambda_function.social_sentiment",
            "aws_lambda_function.watchlist_read",
            "aws_lambda_function.watchlist_series",
            "aws_lambda_layer_version.mysql_layer",
            "aws_lambda_layer_version.requests_layer",
            "aws_secretsmanager_secret.db",
            "aws_secretsmanager_secret.scraper",
            "aws_security_group.lambda",
            "aws_sqs_queue.dlq",
            "aws_sqs_queue.main",
            "aws_subnet.private_a",
            "aws_subnet.private_b",
            "aws_vpc.main",
            "data.archive_file.delete_watchlist_zip",
            "data.archive_file.enqueue_zip",
            "data.archive_file.mysql_layer_zip",
            "data.archive_file.requests_layer_zip",
            "data.archive_file.watchlist_series_zip",
            "data.archive_file.watchlist_zip",
            "data.aws_iam_role.labrole"
          ]
        },
        {
          "index_key": "GET /watchlist/series",
          "schema_version": 0,
          "attributes": {
            "api_id": "sa0cp2a3r8",
            "api_key_required": false,
            "authorization_scopes": [],
            "authorization_type": "JWT",
            "authorizer_id": "0wm6xv",
            "id": "ubuv5gp",
            "model_selection_expression": "",
            "operation_name": "",
            "request_models": {},
            "request_parameter": [],
            "route_key": "GET /watchlist/series",
            "route_response_selection_expression": "",
            "target": "integrations/4d4iss5"
          },
          "sensitive_attributes": [],
          "identity_schema_version": 0,
          "private": "bnVsbA==",
          "dependencies": [
            "aws_apigatewayv2_api.http",
            "aws_apigatewayv2_authorizer.jwt",
            "aws_apigatewayv2_integration.delete_watchlist",
            "aws_apigatewayv2_integration.enqueue",
            "aws_apigatewayv2_integration.social_brands",
            "aws_apigatewayv2_integration.social_hashtags",
            "aws_apigatewayv2_integration.social_influencers",
            "aws_apigatewayv2_integration.social_sentiment",
            "aws_apigatewayv2_integration.watchlist",
            "aws_apigatewayv2_integration.watchlist_series",
            "aws_cognito_user_pool.main",
            "aws_cognito_user_pool_client.spa",
            "aws_dynamodb_table.conns",
            "aws_lambda_function.delete_watchlist",
            "aws_lambda_function.enqueue",
            "aws_lambda_function.social_brands",
            "aws_lambda_function.social_hashtags",
            "aws_lambda_function.social_influencers",
            "aws_lambda_function.social_sentiment",
            "aws_lambda_function.watchlist_read",
            "aws_lambda_function.watchlist_series",
            "aws_lambda_layer_version.mysql_layer",
            "aws_lambda_layer_version.requests_layer",
            "aws_secretsmanager_secret.db",
            "aws_secretsmanager_secret.scraper",
            "aws_security_group.lambda",
            "aws_sqs_queue.dlq",
            "aws_sqs_queue.main",
            "aws_subnet.private_a",
            "aws_subnet.private_b",
            "aws_vpc.main",
            "data.archive_file.delete_watchlist_zip",
            "data.archive_file.enqueue_zip",
            "data.archive_file.mysql_layer_zip",
            "data.archive_file.requests_layer_zip",
            "data.archive_file.watchlist_series_zip",
            "data.archive_file.watchlist_zip",
            "data.aws_iam_role.labrole"
          ]
        },
        {
          "index_key": "POST /enqueue",
          "schema_version": 0,
          "attributes": {
            "api_id": "sa0cp2a3r8",
            "api_key_required": false,
            "authorization_scopes": [],
            "authorization_type": "JWT",
            "authorizer_id": "0wm6xv",
            "id": "ko6g60c",
            "model_selection_expression": "",
            "operation_name": "",
            "request_models": {},
            "request_parameter": [],
            "route_key": "POST /enqueue",
            "route_response_selection_expression": "",
            "target": "integrations/dx7gzag"
          },
          "sensitive_attributes": [],
          "identity_schema_version": 0,
          "private": "bnVsbA==",
          "dependencies": [
            "aws_apigatewayv2_api.http",
            "aws_apigatewayv2_authorizer.jwt",
            "aws_apigatewayv2_integration.delete_watchlist",
            "aws_apigatewayv2_integration.enqueue",
            "aws_apigatewayv2_integration.social_brands",
            "aws_apigatewayv2_integration.social_hashtags",
            "aws_apigatewayv2_integration.social_influencers",
            "aws_apigatewayv2_integration.social_sentiment",
            "aws_apigatewayv2_integration.watchlist",
            "aws_apigatewayv2_integration.watchlist_series",
            "aws_cognito_user_pool.main",
            "aws_cognito_user_pool_client.spa",
            "aws_dynamodb_table.conns",
            "aws_lambda_function.delete_watchlist",
            "aws_lambda_function.enqueue",
            "aws_lambda_function.social_brands",
            "aws_lambda_function.social_hashtags",
            "aws_lambda_function.social_influencers",
            "aws_lambda_function.social_sentiment",
            "aws_lambda_function.watchlist_read",
            "aws_lambda_function.watchlist_series",
            "aws_lambda_layer_version.mysql_layer",
            "aws_lambda_layer_version.requests_layer",
            "aws_secretsmanager_secret.db",
            "aws_secretsmanager_secret.scraper",
            "aws_security_group.lambda",
            "aws_sqs_queue.dlq",
            "aws_sqs_queue.main",
            "aws_subnet.private_a",
            "aws_subnet.private_b",
            "aws_vpc.main",
            "data.archive_file.delete_watchlist_zip",
            "data.archive_file.enqueue_zip",
            "data.archive_file.mysql_layer_zip",
            "data.archive_file.requests_layer_zip",
            "data.archive_file.watchlist_series_zip",
            "data.archive_file.watchlist_zip",
            "data.aws_iam_role.labrole"
          ]
        }
      ]
    },
    {
      "mode": "managed",
      "type": "aws_apigatewayv2_route",
      "name": "r_connect",
      "provider": "provider[\"registry.terraform.io/hashicorp/aws\"]",
      "instances": [
        {
          "schema_version": 0,
          "attributes": {
            "api_id": "sdzrplzis6",
            "api_key_required": false,
            "authorization_scopes": [],
            "authorization_type": "NONE",
            "authorizer_id": "",
            "id": "zzh3x2a",
            "model_selection_expression": "",
            "operation_name": "",
            "request_models": {},
            "request_parameter": [],
            "route_key": "$connect",
            "route_response_selection_expression": "",
            "target": "integrations/yt4apei"
          },
          "sensitive_attributes": [],
          "identity_schema_version": 0,
          "private": "bnVsbA==",
          "dependencies": [
            "aws_apigatewayv2_api.ws",
            "aws_apigatewayv2_integration.ws_connect",
            "aws_dynamodb_table.conns",
            "aws_lambda_function.connect",
            "aws_secretsmanager_secret.db",
            "aws_secretsmanager_secret.scraper",
            "aws_security_group.lambda",
            "aws_sqs_queue.dlq",
            "aws_sqs_queue.main",
            "aws_subnet.private_a",
            "aws_subnet.private_b",
            "aws_vpc.main",
            "data.archive_file.connect_zip",
            "data.aws_iam_role.labrole"
          ]
        }
      ]
    },
    {
      "mode": "managed",
      "type": "aws_apigatewayv2_route",
      "name": "r_disconnect",
      "provider": "provider[\"registry.terraform.io/hashicorp/aws\"]",
      "instances": [
        {
          "schema_version": 0,
          "attributes": {
            "api_id": "sdzrplzis6",
            "api_key_required": false,
            "authorization_scopes": [],
            "authorization_type": "NONE",
            "authorizer_id": "",
            "id": "fu3yfrt",
            "model_selection_expression": "",
            "operation_name": "",
            "request_models": {},
            "request_parameter": [],
            "route_key": "$disconnect",
            "route_response_selection_expression": "",
            "target": "integrations/528p4p2"
          },
          "sensitive_attributes": [],
          "identity_schema_version": 0,
          "private": "bnVsbA==",
          "dependencies": [
            "aws_apigatewayv2_api.ws",
            "aws_apigatewayv2_integration.ws_disconnect",
            "aws_dynamodb_table.conns",
            "aws_lambda_function.disconnect",
            "aws_secretsmanager_secret.db",
            "aws_secretsmanager_secret.scraper",
            "aws_security_group.lambda",
            "aws_sqs_queue.dlq",
            "aws_sqs_queue.main",
            "aws_subnet.private_a",
            "aws_subnet.private_b",
            "aws_vpc.main",
            "data.archive_file.disconnect_zip",
            "data.aws_iam_role.labrole"
          ]
        }
      ]
    },
    {
      "mode": "managed",
      "type": "aws_apigatewayv2_stage",
      "name": "default",
      "provider": "provider[\"registry.terraform.io/hashicorp/aws\"]",
      "instances": [
        {
          "schema_version": 0,
          "attributes": {
            "access_log_settings": [],
            "api_id": "sa0cp2a3r8",
            "arn": "arn:aws:apigateway:us-east-1::/apis/sa0cp2a3r8/stages/$default",
            "auto_deploy": true,
            "client_certificate_id": "",
            "default_route_settings": [
              {
                "data_trace_enabled": false,
                "detailed_metrics_enabled": false,
                "logging_level": "",
                "throttling_burst_limit": 0,
                "throttling_rate_limit": 0
              }
            ],
            "deployment_id": "33xnu1",
            "description": "",
            "execution_arn": "arn:aws:execute-api:us-east-1:063331379930:sa0cp2a3r8/$default",
            "id": "$default",
            "invoke_url": "https://sa0cp2a3r8.execute-api.us-east-1.amazonaws.com/",
            "name": "$default",
            "route_settings": [],
            "stage_variables": {},
            "tags": {},
            "tags_all": {}
          },
          "sensitive_attributes": [],
          "identity_schema_version": 0,
          "private": "bnVsbA==",
          "dependencies": [
            "aws_apigatewayv2_api.http"
          ]
        }
      ]
    },
    {
      "mode": "managed",
      "type": "aws_apigatewayv2_stage",
      "name": "ws_prod",
      "provider": "provider[\"registry.terraform.io/hashicorp/aws\"]",
      "instances": [
        {
          "schema_version": 0,
          "attributes": {
            "access_log_settings": [],
            "api_id": "sdzrplzis6",
            "arn": "arn:aws:apigateway:us-east-1::/apis/sdzrplzis6/stages/production",
            "auto_deploy": true,
            "client_certificate_id": "",
            "default_route_settings": [
              {
                "data_trace_enabled": false,
                "detailed_metrics_enabled": false,
                "logging_level": "OFF",
                "throttling_burst_limit": 0,
                "throttling_rate_limit": 0
              }
            ],
            "deployment_id": "4st5j5",
            "description": "",
            "execution_arn": "arn:aws:execute-api:us-east-1:063331379930:sdzrplzis6/production",
            "id": "production",
            "invoke_url": "wss://sdzrplzis6.execute-api.us-east-1.amazonaws.com/production",
            "name": "production",
            "route_settings": [],
            "stage_variables": {},
            "tags": {},
            "tags_all": {}
          },
          "sensitive_attributes": [],
          "identity_schema_version": 0,
          "private": "bnVsbA==",
          "dependencies": [
            "aws_apigatewayv2_api.ws"
          ]
        }
      ]
    },
    {
      "mode": "managed",
      "type": "aws_autoscaling_group",
      "name": "app",
      "provider": "provider[\"registry.terraform.io/hashicorp/aws\"]",
      "instances": [
        {
          "schema_version": 1,
          "attributes": {
            "arn": "arn:aws:autoscaling:us-east-1:063331379930:autoScalingGroup:704921a2-ca42-413b-aedf-3ca5f0d7d449:autoScalingGroupName/spirulina-dev-asg",
            "availability_zone_distribution": [
              {
                "capacity_distribution_strategy": "balanced-best-effort"
              }
            ],
            "availability_zones": [
              "us-east-1a",
              "us-east-1b"
            ],
            "capacity_rebalance": true,
            "capacity_reservation_specification": [
              {
                "capacity_reservation_preference": "default",
                "capacity_reservation_target": []
              }
            ],
            "context": "",
            "default_cooldown": 300,
            "default_instance_warmup": 0,
            "desired_capacity": 2,
            "desired_capacity_type": "",
            "enabled_metrics": [],
            "force_delete": false,
            "force_delete_warm_pool": false,
            "health_check_grace_period": 120,
            "health_check_type": "ELB",
            "id": "spirulina-dev-asg",
            "ignore_failed_scaling_activities": false,
            "initial_lifecycle_hook": [],
            "instance_maintenance_policy": [],
            "instance_refresh": [
              {
                "preferences": [
                  {
                    "alarm_specification": [],
                    "auto_rollback": false,
                    "checkpoint_delay": "",
                    "checkpoint_percentages": [],
                    "instance_warmup": "60",
                    "max_healthy_percentage": 100,
                    "min_healthy_percentage": 75,
                    "scale_in_protected_instances": "Ignore",
                    "skip_matching": false,
                    "standby_instances": "Ignore"
                  }
                ],
                "strategy": "Rolling",
                "triggers": []
              }
            ],
            "launch_configuration": "",
            "launch_template": [
              {
                "id": "lt-09ed444bf1f899ff4",
                "name": "spirulina-dev-app-20250930065207105500000005",
                "version": "$Latest"
              }
            ],
            "load_balancers": [],
            "max_instance_lifetime": 0,
            "max_size": 4,
            "metrics_granularity": "1Minute",
            "min_elb_capacity": null,
            "min_size": 2,
            "mixed_instances_policy": [],
            "name": "spirulina-dev-asg",
            "name_prefix": "",
            "placement_group": "",
            "predicted_capacity": 0,
            "protect_from_scale_in": false,
            "service_linked_role_arn": "arn:aws:iam::063331379930:role/aws-service-role/autoscaling.amazonaws.com/AWSServiceRoleForAutoScaling",
            "suspended_processes": [],
            "tag": [
              {
                "key": "Name",
                "propagate_at_launch": true,
                "value": "spirulina-dev-app"
              }
            ],
            "target_group_arns": [
              "arn:aws:elasticloadbalancing:us-east-1:063331379930:targetgroup/spirulina-dev-tg/bac9c8a0f537ceac"
            ],
            "termination_policies": [],
            "timeouts": null,
            "traffic_source": [
              {
                "identifier": "arn:aws:elasticloadbalancing:us-east-1:063331379930:targetgroup/spirulina-dev-tg/bac9c8a0f537ceac",
                "type": "elbv2"
              }
            ],
            "vpc_zone_identifier": [
              "subnet-0af43a4539acfddcb",
              "subnet-0f4c643307c8f2687"
            ],
            "wait_for_capacity_timeout": "10m",
            "wait_for_elb_capacity": null,
            "warm_pool": [],
            "warm_pool_size": 0
          },
          "sensitive_attributes": [],
          "identity_schema_version": 0,
          "private": "eyJlMmJmYjczMC1lY2FhLTExZTYtOGY4OC0zNDM2M2JjN2M0YzAiOnsiZGVsZXRlIjo2MDAwMDAwMDAwMDAsInVwZGF0ZSI6NjAwMDAwMDAwMDAwfSwic2NoZW1hX3ZlcnNpb24iOiIxIn0=",
          "dependencies": [
            "aws_launch_template.app",
            "aws_lb.app",
            "aws_lb_listener.http",
            "aws_lb_target_group.app",
            "aws_security_group.alb",
            "aws_security_group.app",
            "aws_subnet.private_a",
            "aws_subnet.private_b",
            "aws_subnet.public_a",
            "aws_subnet.public_b",
            "aws_vpc.main",
            "data.aws_ami.al2023"
          ],
          "create_before_destroy": true
        }
      ]
    },
    {
      "mode": "managed",
      "type": "aws_autoscaling_policy",
      "name": "tt_alb_rps",
      "provider": "provider[\"registry.terraform.io/hashicorp/aws\"]",
      "instances": [
        {
          "schema_version": 0,
          "attributes": {
            "adjustment_type": "",
            "arn": "arn:aws:autoscaling:us-east-1:063331379930:scalingPolicy:12e9a81d-065b-4b70-a534-27195f802ff6:autoScalingGroupName/spirulina-dev-asg:policyName/spirulina-dev-tt-alb-rps",
            "autoscaling_group_name": "spirulina-dev-asg",
            "cooldown": 0,
            "enabled": true,
            "estimated_instance_warmup": 0,
            "id": "spirulina-dev-tt-alb-rps",
            "metric_aggregation_type": "",
            "min_adjustment_magnitude": 0,
            "name": "spirulina-dev-tt-alb-rps",
            "policy_type": "TargetTrackingScaling",
            "predictive_scaling_configuration": [],
            "scaling_adjustment": 0,
            "step_adjustment": [],
            "target_tracking_configuration": [
              {
                "customized_metric_specification": [],
                "disable_scale_in": false,
                "predefined_metric_specification": [
                  {
                    "predefined_metric_type": "ALBRequestCountPerTarget",
                    "resource_label": "app/spirulina-dev-alb/5d2b629d3202c536/targetgroup/spirulina-dev-tg/bac9c8a0f537ceac"
                  }
                ],
                "target_value": 100
              }
            ]
          },
          "sensitive_attributes": [],
          "identity_schema_version": 0,
          "private": "bnVsbA==",
          "dependencies": [
            "aws_autoscaling_group.app",
            "aws_launch_template.app",
            "aws_lb.app",
            "aws_lb_listener.http",
            "aws_lb_target_group.app",
            "aws_security_group.alb",
            "aws_security_group.app",
            "aws_subnet.private_a",
            "aws_subnet.private_b",
            "aws_subnet.public_a",
            "aws_subnet.public_b",
            "aws_vpc.main",
            "data.aws_ami.al2023"
          ]
        }
      ]
    },
    {
      "mode": "managed",
      "type": "aws_autoscaling_policy",
      "name": "tt_cpu",
      "provider": "provider[\"registry.terraform.io/hashicorp/aws\"]",
      "instances": [
        {
          "schema_version": 0,
          "attributes": {
            "adjustment_type": "",
            "arn": "arn:aws:autoscaling:us-east-1:063331379930:scalingPolicy:9963285b-73f0-4cf7-979c-3c1246c4362c:autoScalingGroupName/spirulina-dev-asg:policyName/spirulina-dev-tt-cpu",
            "autoscaling_group_name": "spirulina-dev-asg",
            "cooldown": 0,
            "enabled": true,
            "estimated_instance_warmup": 0,
            "id": "spirulina-dev-tt-cpu",
            "metric_aggregation_type": "",
            "min_adjustment_magnitude": 0,
            "name": "spirulina-dev-tt-cpu",
            "policy_type": "TargetTrackingScaling",
            "predictive_scaling_configuration": [],
            "scaling_adjustment": 0,
            "step_adjustment": [],
            "target_tracking_configuration": [
              {
                "customized_metric_specification": [],
                "disable_scale_in": false,
                "predefined_metric_specification": [
                  {
                    "predefined_metric_type": "ASGAverageCPUUtilization",
                    "resource_label": ""
                  }
                ],
                "target_value": 40
              }
            ]
          },
          "sensitive_attributes": [],
          "identity_schema_version": 0,
          "private": "bnVsbA==",
          "dependencies": [
            "aws_autoscaling_group.app",
            "aws_launch_template.app",
            "aws_lb.app",
            "aws_lb_listener.http",
            "aws_lb_target_group.app",
            "aws_security_group.alb",
            "aws_security_group.app",
            "aws_subnet.private_a",
            "aws_subnet.private_b",
            "aws_subnet.public_a",
            "aws_subnet.public_b",
            "aws_vpc.main",
            "data.aws_ami.al2023"
          ]
        }
      ]
    },
    {
      "mode": "managed",
      "type": "aws_cloudwatch_event_rule",
      "name": "every_4h",
      "provider": "provider[\"registry.terraform.io/hashicorp/aws\"]",
      "instances": [
        {
          "schema_version": 1,
          "attributes": {
            "arn": "arn:aws:events:us-east-1:063331379930:rule/spirulina-dev-every-4h",
            "description": "Run schedule-enqueue lambda to enqueue DISTINCT watchlist URLs",
            "event_bus_name": "default",
            "event_pattern": null,
            "force_destroy": false,
            "id": "spirulina-dev-every-4h",
            "is_enabled": true,
            "name": "spirulina-dev-every-4h",
            "name_prefix": "",
            "role_arn": "",
            "schedule_expression": "rate(4 hours)",
            "state": "ENABLED",
            "tags": {},
            "tags_all": {}
          },
          "sensitive_attributes": [],
          "identity_schema_version": 0,
          "private": "eyJzY2hlbWFfdmVyc2lvbiI6IjEifQ=="
        }
      ]
    },
    {
      "mode": "managed",
      "type": "aws_cloudwatch_event_target",
      "name": "every_4h_to_lambda",
      "provider": "provider[\"registry.terraform.io/hashicorp/aws\"]",
      "instances": [
        {
          "schema_version": 1,
          "attributes": {
            "appsync_target": [],
            "arn": "arn:aws:lambda:us-east-1:063331379930:function:spirulina-dev-schedule-enqueue",
            "batch_target": [],
            "dead_letter_config": [],
            "ecs_target": [],
            "event_bus_name": "default",
            "force_destroy": false,
            "http_target": [],
            "id": "spirulina-dev-every-4h-schedule-enqueue",
            "input": "",
            "input_path": "",
            "input_transformer": [],
            "kinesis_target": [],
            "redshift_target": [],
            "retry_policy": [],
            "role_arn": "",
            "rule": "spirulina-dev-every-4h",
            "run_command_targets": [],
            "sagemaker_pipeline_target": [],
            "sqs_target": [],
            "target_id": "schedule-enqueue"
          },
          "sensitive_attributes": [],
          "identity_schema_version": 0,
          "private": "eyJzY2hlbWFfdmVyc2lvbiI6IjEifQ==",
          "dependencies": [
            "aws_cloudwatch_event_rule.every_4h",
            "aws_dynamodb_table.conns",
            "aws_lambda_function.schedule_enqueue",
            "aws_lambda_layer_version.mysql_layer",
            "aws_lambda_layer_version.requests_layer",
            "aws_secretsmanager_secret.db",
            "aws_secretsmanager_secret.scraper",
            "aws_security_group.lambda",
            "aws_sqs_queue.dlq",
            "aws_sqs_queue.main",
            "aws_subnet.private_a",
            "aws_subnet.private_b",
            "aws_vpc.main",
            "data.archive_file.mysql_layer_zip",
            "data.archive_file.requests_layer_zip",
            "data.archive_file.schedule_enqueue_zip",
            "data.aws_iam_role.labrole"
          ]
        }
      ]
    },
    {
      "mode": "managed",
      "type": "aws_cloudwatch_metric_alarm",
      "name": "alb_5xx",
      "provider": "provider[\"registry.terraform.io/hashicorp/aws\"]",
      "instances": [
        {
          "schema_version": 1,
          "attributes": {
            "actions_enabled": true,
            "alarm_actions": [
              "arn:aws:sns:us-east-1:063331379930:spirulina-dev-alerts"
            ],
            "alarm_description": "ALB 5xx count over threshold in 5 minutes",
            "alarm_name": "spirulina-dev-alb-5xx",
            "arn": "arn:aws:cloudwatch:us-east-1:063331379930:alarm:spirulina-dev-alb-5xx",
            "comparison_operator": "GreaterThanThreshold",
            "datapoints_to_alarm": 0,
            "dimensions": {
              "LoadBalancer": "app/spirulina-dev-alb/5d2b629d3202c536"
            },
            "evaluate_low_sample_count_percentiles": "",
            "evaluation_periods": 1,
            "extended_statistic": "",
            "id": "spirulina-dev-alb-5xx",
            "insufficient_data_actions": [],
            "metric_name": "HTTPCode_ELB_5XX_Count",
            "metric_query": [],
            "namespace": "AWS/ApplicationELB",
            "ok_actions": [
              "arn:aws:sns:us-east-1:063331379930:spirulina-dev-alerts"
            ],
            "period": 300,
            "statistic": "Sum",
            "tags": {
              "Env": "dev",
              "Project": "spirulina"
            },
            "tags_all": {
              "Env": "dev",
              "Project": "spirulina"
            },
            "threshold": 10,
            "threshold_metric_id": "",
            "treat_missing_data": "notBreaching",
            "unit": ""
          },
          "sensitive_attributes": [],
          "identity_schema_version": 0,
          "private": "eyJzY2hlbWFfdmVyc2lvbiI6IjEifQ==",
          "dependencies": [
            "aws_lb.app",
            "aws_security_group.alb",
            "aws_sns_topic.alerts",
            "aws_subnet.public_a",
            "aws_subnet.public_b",
            "aws_vpc.main"
          ]
        }
      ]
    },
    {
      "mode": "managed",
      "type": "aws_cloudwatch_metric_alarm",
      "name": "api_5xx",
      "provider": "provider[\"registry.terraform.io/hashicorp/aws\"]",
      "instances": [
        {
          "index_key": 0,
          "schema_version": 1,
          "attributes": {
            "actions_enabled": true,
            "alarm_actions": [
              "arn:aws:sns:us-east-1:063331379930:spirulina-dev-alerts"
            ],
            "alarm_description": "HTTP API 5xx errors elevated",
            "alarm_name": "spirulina-dev-api-5xx",
            "arn": "arn:aws:cloudwatch:us-east-1:063331379930:alarm:spirulina-dev-api-5xx",
            "comparison_operator": "GreaterThanThreshold",
            "datapoints_to_alarm": 0,
            "dimensions": {
              "ApiId": "sa0cp2a3r8",
              "Stage": "dev"
            },
            "evaluate_low_sample_count_percentiles": "",
            "evaluation_periods": 1,
            "extended_statistic": "",
            "id": "spirulina-dev-api-5xx",
            "insufficient_data_actions": null,
            "metric_name": "5XXError",
            "metric_query": [],
            "namespace": "AWS/ApiGateway",
            "ok_actions": [
              "arn:aws:sns:us-east-1:063331379930:spirulina-dev-alerts"
            ],
            "period": 300,
            "statistic": "Sum",
            "tags": {
              "Env": "dev",
              "Project": "spirulina"
            },
            "tags_all": {
              "Env": "dev",
              "Project": "spirulina"
            },
            "threshold": 5,
            "threshold_metric_id": "",
            "treat_missing_data": "notBreaching",
            "unit": ""
          },
          "sensitive_attributes": [],
          "identity_schema_version": 0,
          "private": "eyJzY2hlbWFfdmVyc2lvbiI6IjEifQ==",
          "dependencies": [
            "aws_sns_topic.alerts"
          ]
        }
      ]
    },
    {
      "mode": "managed",
      "type": "aws_cloudwatch_metric_alarm",
      "name": "api_latency_p95",
      "provider": "provider[\"registry.terraform.io/hashicorp/aws\"]",
      "instances": [
        {
          "index_key": 0,
          "schema_version": 1,
          "attributes": {
            "actions_enabled": true,
            "alarm_actions": [
              "arn:aws:sns:us-east-1:063331379930:spirulina-dev-alerts"
            ],
            "alarm_description": "HTTP API p95 latency too high",
            "alarm_name": "spirulina-dev-api-latency-p95",
            "arn": "arn:aws:cloudwatch:us-east-1:063331379930:alarm:spirulina-dev-api-latency-p95",
            "comparison_operator": "GreaterThanThreshold",
            "datapoints_to_alarm": 0,
            "dimensions": {
              "ApiId": "sa0cp2a3r8",
              "Stage": "dev"
            },
            "evaluate_low_sample_count_percentiles": "",
            "evaluation_periods": 2,
            "extended_statistic": "p95",
            "id": "spirulina-dev-api-latency-p95",
            "insufficient_data_actions": null,
            "metric_name": "Latency",
            "metric_query": [],
            "namespace": "AWS/ApiGateway",
            "ok_actions": [
              "arn:aws:sns:us-east-1:063331379930:spirulina-dev-alerts"
            ],
            "period": 60,
            "statistic": "",
            "tags": {
              "Env": "dev",
              "Project": "spirulina"
            },
            "tags_all": {
              "Env": "dev",
              "Project": "spirulina"
            },
            "threshold": 1500,
            "threshold_metric_id": "",
            "treat_missing_data": "notBreaching",
            "unit": ""
          },
          "sensitive_attributes": [],
          "identity_schema_version": 0,
          "private": "eyJzY2hlbWFfdmVyc2lvbiI6IjEifQ==",
          "dependencies": [
            "aws_sns_topic.alerts"
          ]
        }
      ]
    },
    {
      "mode": "managed",
      "type": "aws_cloudwatch_metric_alarm",
      "name": "asg_capacity_shortfall",
      "provider": "provider[\"registry.terraform.io/hashicorp/aws\"]",
      "instances": [
        {
          "schema_version": 1,
          "attributes": {
            "actions_enabled": true,
            "alarm_actions": [
              "arn:aws:sns:us-east-1:063331379930:spirulina-dev-alerts"
            ],
            "alarm_description": "InService \u003c Desired for 2 periods",
            "alarm_name": "spirulina-dev-asg-capacity-shortfall",
            "arn": "arn:aws:cloudwatch:us-east-1:063331379930:alarm:spirulina-dev-asg-capacity-shortfall",
            "comparison_operator": "LessThanThreshold",
            "datapoints_to_alarm": 0,
            "dimensions": {
              "AutoScalingGroupName": "spirulina-dev-asg"
            },
            "evaluate_low_sample_count_percentiles": "",
            "evaluation_periods": 2,
            "extended_statistic": "",
            "id": "spirulina-dev-asg-capacity-shortfall",
            "insufficient_data_actions": null,
            "metric_name": "GroupInServiceInstances",
            "metric_query": [],
            "namespace": "AWS/AutoScaling",
            "ok_actions": [
              "arn:aws:sns:us-east-1:063331379930:spirulina-dev-alerts"
            ],
            "period": 60,
            "statistic": "Average",
            "tags": {
              "Env": "dev",
              "Project": "spirulina"
            },
            "tags_all": {
              "Env": "dev",
              "Project": "spirulina"
            },
            "threshold": 0,
            "threshold_metric_id": "",
            "treat_missing_data": "breaching",
            "unit": ""
          },
          "sensitive_attributes": [],
          "identity_schema_version": 0,
          "private": "eyJzY2hlbWFfdmVyc2lvbiI6IjEifQ==",
          "dependencies": [
            "aws_autoscaling_group.app",
            "aws_launch_template.app",
            "aws_lb.app",
            "aws_lb_listener.http",
            "aws_lb_target_group.app",
            "aws_security_group.alb",
            "aws_security_group.app",
            "aws_sns_topic.alerts",
            "aws_subnet.private_a",
            "aws_subnet.private_b",
            "aws_subnet.public_a",
            "aws_subnet.public_b",
            "aws_vpc.main",
            "data.aws_ami.al2023"
          ]
        }
      ]
    },
    {
      "mode": "managed",
      "type": "aws_cloudwatch_metric_alarm",
      "name": "cf_5xx_rate",
      "provider": "provider[\"registry.terraform.io/hashicorp/aws\"]",
      "instances": [
        {
          "index_key": 0,
          "schema_version": 1,
          "attributes": {
            "actions_enabled": true,
            "alarm_actions": [
              "arn:aws:sns:us-east-1:063331379930:spirulina-dev-alerts"
            ],
            "alarm_description": "CloudFront 5xx error rate too high",
            "alarm_name": "spirulina-dev-cf-5xx-rate",
            "arn": "arn:aws:cloudwatch:us-east-1:063331379930:alarm:spirulina-dev-cf-5xx-rate",
            "comparison_operator": "GreaterThanThreshold",
            "datapoints_to_alarm": 0,
            "dimensions": {
              "DistributionId": "E1ZAVK5SPV7779",
              "Region": "Global"
            },
            "evaluate_low_sample_count_percentiles": "",
            "evaluation_periods": 1,
            "extended_statistic": "",
            "id": "spirulina-dev-cf-5xx-rate",
            "insufficient_data_actions": null,
            "metric_name": "5xxErrorRate",
            "metric_query": [],
            "namespace": "AWS/CloudFront",
            "ok_actions": [
              "arn:aws:sns:us-east-1:063331379930:spirulina-dev-alerts"
            ],
            "period": 300,
            "statistic": "Average",
            "tags": {
              "Env": "dev",
              "Project": "spirulina"
            },
            "tags_all": {
              "Env": "dev",
              "Project": "spirulina"
            },
            "threshold": 1,
            "threshold_metric_id": "",
            "treat_missing_data": "notBreaching",
            "unit": ""
          },
          "sensitive_attributes": [],
          "identity_schema_version": 0,
          "private": "eyJzY2hlbWFfdmVyc2lvbiI6IjEifQ==",
          "dependencies": [
            "aws_sns_topic.alerts"
          ]
        }
      ]
    },
    {
      "mode": "managed",
      "type": "aws_cloudwatch_metric_alarm",
      "name": "cf_latency_p90",
      "provider": "provider[\"registry.terraform.io/hashicorp/aws\"]",
      "instances": [
        {
          "index_key": 0,
          "schema_version": 1,
          "attributes": {
            "actions_enabled": true,
            "alarm_actions": [
              "arn:aws:sns:us-east-1:063331379930:spirulina-dev-alerts"
            ],
            "alarm_description": "CloudFront TotalLatency p90 too high",
            "alarm_name": "spirulina-dev-cf-latency-p90",
            "arn": "arn:aws:cloudwatch:us-east-1:063331379930:alarm:spirulina-dev-cf-latency-p90",
            "comparison_operator": "GreaterThanThreshold",
            "datapoints_to_alarm": 0,
            "dimensions": {
              "DistributionId": "E1ZAVK5SPV7779",
              "Region": "Global"
            },
            "evaluate_low_sample_count_percentiles": "",
            "evaluation_periods": 2,
            "extended_statistic": "p90",
            "id": "spirulina-dev-cf-latency-p90",
            "insufficient_data_actions": null,
            "metric_name": "TotalLatency",
            "metric_query": [],
            "namespace": "AWS/CloudFront",
            "ok_actions": [
              "arn:aws:sns:us-east-1:063331379930:spirulina-dev-alerts"
            ],
            "period": 60,
            "statistic": "",
            "tags": {
              "Env": "dev",
              "Project": "spirulina"
            },
            "tags_all": {
              "Env": "dev",
              "Project": "spirulina"
            },
            "threshold": 800,
            "threshold_metric_id": "",
            "treat_missing_data": "notBreaching",
            "unit": ""
          },
          "sensitive_attributes": [],
          "identity_schema_version": 0,
          "private": "eyJzY2hlbWFfdmVyc2lvbiI6IjEifQ==",
          "dependencies": [
            "aws_sns_topic.alerts"
          ]
        }
      ]
    },
    {
      "mode": "managed",
      "type": "aws_cloudwatch_metric_alarm",
      "name": "events_failed_invocations",
      "provider": "provider[\"registry.terraform.io/hashicorp/aws\"]",
      "instances": [
        {
          "index_key": "spirulina-dev-every-4h",
          "schema_version": 1,
          "attributes": {
            "actions_enabled": true,
            "alarm_actions": [
              "arn:aws:sns:us-east-1:063331379930:spirulina-dev-alerts"
            ],
            "alarm_description": "EventBridge FailedInvocations \u003e 0",
            "alarm_name": "spirulina-dev-events-spirulina-dev-every-4h-failed",
            "arn": "arn:aws:cloudwatch:us-east-1:063331379930:alarm:spirulina-dev-events-spirulina-dev-every-4h-failed",
            "comparison_operator": "GreaterThanThreshold",
            "datapoints_to_alarm": 0,
            "dimensions": {
              "RuleName": "spirulina-dev-every-4h"
            },
            "evaluate_low_sample_count_percentiles": "",
            "evaluation_periods": 1,
            "extended_statistic": "",
            "id": "spirulina-dev-events-spirulina-dev-every-4h-failed",
            "insufficient_data_actions": null,
            "metric_name": "FailedInvocations",
            "metric_query": [],
            "namespace": "AWS/Events",
            "ok_actions": [
              "arn:aws:sns:us-east-1:063331379930:spirulina-dev-alerts"
            ],
            "period": 300,
            "statistic": "Sum",
            "tags": {
              "Env": "dev",
              "Project": "spirulina"
            },
            "tags_all": {
              "Env": "dev",
              "Project": "spirulina"
            },
            "threshold": 0,
            "threshold_metric_id": "",
            "treat_missing_data": "notBreaching",
            "unit": ""
          },
          "sensitive_attributes": [],
          "identity_schema_version": 0,
          "private": "eyJzY2hlbWFfdmVyc2lvbiI6IjEifQ==",
          "dependencies": [
            "aws_sns_topic.alerts"
          ]
        },
        {
          "index_key": "spirulina-train-daily",
          "schema_version": 1,
          "attributes": {
            "actions_enabled": true,
            "alarm_actions": [
              "arn:aws:sns:us-east-1:063331379930:spirulina-dev-alerts"
            ],
            "alarm_description": "EventBridge FailedInvocations \u003e 0",
            "alarm_name": "spirulina-dev-events-spirulina-train-daily-failed",
            "arn": "arn:aws:cloudwatch:us-east-1:063331379930:alarm:spirulina-dev-events-spirulina-train-daily-failed",
            "comparison_operator": "GreaterThanThreshold",
            "datapoints_to_alarm": 0,
            "dimensions": {
              "RuleName": "spirulina-train-daily"
            },
            "evaluate_low_sample_count_percentiles": "",
            "evaluation_periods": 1,
            "extended_statistic": "",
            "id": "spirulina-dev-events-spirulina-train-daily-failed",
            "insufficient_data_actions": null,
            "metric_name": "FailedInvocations",
            "metric_query": [],
            "namespace": "AWS/Events",
            "ok_actions": [
              "arn:aws:sns:us-east-1:063331379930:spirulina-dev-alerts"
            ],
            "period": 300,
            "statistic": "Sum",
            "tags": {
              "Env": "dev",
              "Project": "spirulina"
            },
            "tags_all": {
              "Env": "dev",
              "Project": "spirulina"
            },
            "threshold": 0,
            "threshold_metric_id": "",
            "treat_missing_data": "notBreaching",
            "unit": ""
          },
          "sensitive_attributes": [],
          "identity_schema_version": 0,
          "private": "eyJzY2hlbWFfdmVyc2lvbiI6IjEifQ==",
          "dependencies": [
            "aws_sns_topic.alerts"
          ]
        },
        {
          "index_key": "spirulina-trend-daily",
          "schema_version": 1,
          "attributes": {
            "actions_enabled": true,
            "alarm_actions": [
              "arn:aws:sns:us-east-1:063331379930:spirulina-dev-alerts"
            ],
            "alarm_description": "EventBridge FailedInvocations \u003e 0",
            "alarm_name": "spirulina-dev-events-spirulina-trend-daily-failed",
            "arn": "arn:aws:cloudwatch:us-east-1:063331379930:alarm:spirulina-dev-events-spirulina-trend-daily-failed",
            "comparison_operator": "GreaterThanThreshold",
            "datapoints_to_alarm": 0,
            "dimensions": {
              "RuleName": "spirulina-trend-daily"
            },
            "evaluate_low_sample_count_percentiles": "",
            "evaluation_periods": 1,
            "extended_statistic": "",
            "id": "spirulina-dev-events-spirulina-trend-daily-failed",
            "insufficient_data_actions": null,
            "metric_name": "FailedInvocations",
            "metric_query": [],
            "namespace": "AWS/Events",
            "ok_actions": [
              "arn:aws:sns:us-east-1:063331379930:spirulina-dev-alerts"
            ],
            "period": 300,
            "statistic": "Sum",
            "tags": {
              "Env": "dev",
              "Project": "spirulina"
            },
            "tags_all": {
              "Env": "dev",
              "Project": "spirulina"
            },
            "threshold": 0,
            "threshold_metric_id": "",
            "treat_missing_data": "notBreaching",
            "unit": ""
          },
          "sensitive_attributes": [],
          "identity_schema_version": 0,
          "private": "eyJzY2hlbWFfdmVyc2lvbiI6IjEifQ==",
          "dependencies": [
            "aws_sns_topic.alerts"
          ]
        }
      ]
    },
    {
      "mode": "managed",
      "type": "aws_cloudwatch_metric_alarm",
      "name": "high_rps",
      "provider": "provider[\"registry.terraform.io/hashicorp/aws\"]",
      "instances": [
        {
          "schema_version": 1,
          "attributes": {
            "actions_enabled": true,
            "alarm_actions": [],
            "alarm_description": "Scale out when ALB RPS per target \u003e 100",
            "alarm_name": "spirulina-dev-scale-out",
            "arn": "arn:aws:cloudwatch:us-east-1:063331379930:alarm:spirulina-dev-scale-out",
            "comparison_operator": "GreaterThanThreshold",
            "datapoints_to_alarm": 0,
            "dimensions": {
              "LoadBalancer": "app/spirulina-dev-alb/5d2b629d3202c536",
              "TargetGroup": "targetgroup/spirulina-dev-tg/bac9c8a0f537ceac"
            },
            "evaluate_low_sample_count_percentiles": "",
            "evaluation_periods": 2,
            "extended_statistic": "",
            "id": "spirulina-dev-scale-out",
            "insufficient_data_actions": [],
            "metric_name": "RequestCountPerTarget",
            "metric_query": [],
            "namespace": "AWS/ApplicationELB",
            "ok_actions": [],
            "period": 60,
            "statistic": "Average",
            "tags": {},
            "tags_all": {},
            "threshold": 100,
            "threshold_metric_id": "",
            "treat_missing_data": "missing",
            "unit": ""
          },
          "sensitive_attributes": [],
          "identity_schema_version": 0,
          "private": "eyJzY2hlbWFfdmVyc2lvbiI6IjEifQ==",
          "dependencies": [
            "aws_lb.app",
            "aws_lb_target_group.app",
            "aws_security_group.alb",
            "aws_subnet.public_a",
            "aws_subnet.public_b",
            "aws_vpc.main"
          ]
        }
      ]
    },
    {
      "mode": "managed",
      "type": "aws_cloudwatch_metric_alarm",
      "name": "lambda_duration_p95",
      "provider": "provider[\"registry.terraform.io/hashicorp/aws\"]",
      "instances": [
        {
          "index_key": "spirulina-dev-connect",
          "schema_version": 1,
          "attributes": {
            "actions_enabled": true,
            "alarm_actions": [
              "arn:aws:sns:us-east-1:063331379930:spirulina-dev-alerts"
            ],
            "alarm_description": "Lambda Duration p95 \u003e 2000ms",
            "alarm_name": "spirulina-dev-lambda-spirulina-dev-connect-duration-p95",
            "arn": "arn:aws:cloudwatch:us-east-1:063331379930:alarm:spirulina-dev-lambda-spirulina-dev-connect-duration-p95",
            "comparison_operator": "GreaterThanThreshold",
            "datapoints_to_alarm": 0,
            "dimensions": {
              "FunctionName": "spirulina-dev-connect"
            },
            "evaluate_low_sample_count_percentiles": "",
            "evaluation_periods": 2,
            "extended_statistic": "p95",
            "id": "spirulina-dev-lambda-spirulina-dev-connect-duration-p95",
            "insufficient_data_actions": null,
            "metric_name": "Duration",
            "metric_query": [],
            "namespace": "AWS/Lambda",
            "ok_actions": [
              "arn:aws:sns:us-east-1:063331379930:spirulina-dev-alerts"
            ],
            "period": 60,
            "statistic": "",
            "tags": {
              "Env": "dev",
              "Project": "spirulina"
            },
            "tags_all": {
              "Env": "dev",
              "Project": "spirulina"
            },
            "threshold": 2000,
            "threshold_metric_id": "",
            "treat_missing_data": "notBreaching",
            "unit": ""
          },
          "sensitive_attributes": [],
          "identity_schema_version": 0,
          "private": "eyJzY2hlbWFfdmVyc2lvbiI6IjEifQ==",
          "dependencies": [
            "aws_sns_topic.alerts"
          ]
        },
        {
          "index_key": "spirulina-dev-delete-watchlist",
          "schema_version": 1,
          "attributes": {
            "actions_enabled": true,
            "alarm_actions": [
              "arn:aws:sns:us-east-1:063331379930:spirulina-dev-alerts"
            ],
            "alarm_description": "Lambda Duration p95 \u003e 2000ms",
            "alarm_name": "spirulina-dev-lambda-spirulina-dev-delete-watchlist-duration-p95",
            "arn": "arn:aws:cloudwatch:us-east-1:063331379930:alarm:spirulina-dev-lambda-spirulina-dev-delete-watchlist-duration-p95",
            "comparison_operator": "GreaterThanThreshold",
            "datapoints_to_alarm": 0,
            "dimensions": {
              "FunctionName": "spirulina-dev-delete-watchlist"
            },
            "evaluate_low_sample_count_percentiles": "",
            "evaluation_periods": 2,
            "extended_statistic": "p95",
            "id": "spirulina-dev-lambda-spirulina-dev-delete-watchlist-duration-p95",
            "insufficient_data_actions": null,
            "metric_name": "Duration",
            "metric_query": [],
            "namespace": "AWS/Lambda",
            "ok_actions": [
              "arn:aws:sns:us-east-1:063331379930:spirulina-dev-alerts"
            ],
            "period": 60,
            "statistic": "",
            "tags": {
              "Env": "dev",
              "Project": "spirulina"
            },
            "tags_all": {
              "Env": "dev",
              "Project": "spirulina"
            },
            "threshold": 2000,
            "threshold_metric_id": "",
            "treat_missing_data": "notBreaching",
            "unit": ""
          },
          "sensitive_attributes": [],
          "identity_schema_version": 0,
          "private": "eyJzY2hlbWFfdmVyc2lvbiI6IjEifQ==",
          "dependencies": [
            "aws_sns_topic.alerts"
          ]
        },
        {
          "index_key": "spirulina-dev-disconnect",
          "schema_version": 1,
          "attributes": {
            "actions_enabled": true,
            "alarm_actions": [
              "arn:aws:sns:us-east-1:063331379930:spirulina-dev-alerts"
            ],
            "alarm_description": "Lambda Duration p95 \u003e 2000ms",
            "alarm_name": "spirulina-dev-lambda-spirulina-dev-disconnect-duration-p95",
            "arn": "arn:aws:cloudwatch:us-east-1:063331379930:alarm:spirulina-dev-lambda-spirulina-dev-disconnect-duration-p95",
            "comparison_operator": "GreaterThanThreshold",
            "datapoints_to_alarm": 0,
            "dimensions": {
              "FunctionName": "spirulina-dev-disconnect"
            },
            "evaluate_low_sample_count_percentiles": "",
            "evaluation_periods": 2,
            "extended_statistic": "p95",
            "id": "spirulina-dev-lambda-spirulina-dev-disconnect-duration-p95",
            "insufficient_data_actions": null,
            "metric_name": "Duration",
            "metric_query": [],
            "namespace": "AWS/Lambda",
            "ok_actions": [
              "arn:aws:sns:us-east-1:063331379930:spirulina-dev-alerts"
            ],
            "period": 60,
            "statistic": "",
            "tags": {
              "Env": "dev",
              "Project": "spirulina"
            },
            "tags_all": {
              "Env": "dev",
              "Project": "spirulina"
            },
            "threshold": 2000,
            "threshold_metric_id": "",
            "treat_missing_data": "notBreaching",
            "unit": ""
          },
          "sensitive_attributes": [],
          "identity_schema_version": 0,
          "private": "eyJzY2hlbWFfdmVyc2lvbiI6IjEifQ==",
          "dependencies": [
            "aws_sns_topic.alerts"
          ]
        },
        {
          "index_key": "spirulina-dev-enqueue",
          "schema_version": 1,
          "attributes": {
            "actions_enabled": true,
            "alarm_actions": [
              "arn:aws:sns:us-east-1:063331379930:spirulina-dev-alerts"
            ],
            "alarm_description": "Lambda Duration p95 \u003e 2000ms",
            "alarm_name": "spirulina-dev-lambda-spirulina-dev-enqueue-duration-p95",
            "arn": "arn:aws:cloudwatch:us-east-1:063331379930:alarm:spirulina-dev-lambda-spirulina-dev-enqueue-duration-p95",
            "comparison_operator": "GreaterThanThreshold",
            "datapoints_to_alarm": 0,
            "dimensions": {
              "FunctionName": "spirulina-dev-enqueue"
            },
            "evaluate_low_sample_count_percentiles": "",
            "evaluation_periods": 2,
            "extended_statistic": "p95",
            "id": "spirulina-dev-lambda-spirulina-dev-enqueue-duration-p95",
            "insufficient_data_actions": null,
            "metric_name": "Duration",
            "metric_query": [],
            "namespace": "AWS/Lambda",
            "ok_actions": [
              "arn:aws:sns:us-east-1:063331379930:spirulina-dev-alerts"
            ],
            "period": 60,
            "statistic": "",
            "tags": {
              "Env": "dev",
              "Project": "spirulina"
            },
            "tags_all": {
              "Env": "dev",
              "Project": "spirulina"
            },
            "threshold": 2000,
            "threshold_metric_id": "",
            "treat_missing_data": "notBreaching",
            "unit": ""
          },
          "sensitive_attributes": [],
          "identity_schema_version": 0,
          "private": "eyJzY2hlbWFfdmVyc2lvbiI6IjEifQ==",
          "dependencies": [
            "aws_sns_topic.alerts"
          ]
        },
        {
          "index_key": "spirulina-dev-schedule-enqueue",
          "schema_version": 1,
          "attributes": {
            "actions_enabled": true,
            "alarm_actions": [
              "arn:aws:sns:us-east-1:063331379930:spirulina-dev-alerts"
            ],
            "alarm_description": "Lambda Duration p95 \u003e 2000ms",
            "alarm_name": "spirulina-dev-lambda-spirulina-dev-schedule-enqueue-duration-p95",
            "arn": "arn:aws:cloudwatch:us-east-1:063331379930:alarm:spirulina-dev-lambda-spirulina-dev-schedule-enqueue-duration-p95",
            "comparison_operator": "GreaterThanThreshold",
            "datapoints_to_alarm": 0,
            "dimensions": {
              "FunctionName": "spirulina-dev-schedule-enqueue"
            },
            "evaluate_low_sample_count_percentiles": "",
            "evaluation_periods": 2,
            "extended_statistic": "p95",
            "id": "spirulina-dev-lambda-spirulina-dev-schedule-enqueue-duration-p95",
            "insufficient_data_actions": null,
            "metric_name": "Duration",
            "metric_query": [],
            "namespace": "AWS/Lambda",
            "ok_actions": [
              "arn:aws:sns:us-east-1:063331379930:spirulina-dev-alerts"
            ],
            "period": 60,
            "statistic": "",
            "tags": {
              "Env": "dev",
              "Project": "spirulina"
            },
            "tags_all": {
              "Env": "dev",
              "Project": "spirulina"
            },
            "threshold": 2000,
            "threshold_metric_id": "",
            "treat_missing_data": "notBreaching",
            "unit": ""
          },
          "sensitive_attributes": [],
          "identity_schema_version": 0,
          "private": "eyJzY2hlbWFfdmVyc2lvbiI6IjEifQ==",
          "dependencies": [
            "aws_sns_topic.alerts"
          ]
        },
        {
          "index_key": "spirulina-dev-trends-daily",
          "schema_version": 1,
          "attributes": {
            "actions_enabled": true,
            "alarm_actions": [
              "arn:aws:sns:us-east-1:063331379930:spirulina-dev-alerts"
            ],
            "alarm_description": "Lambda Duration p95 \u003e 2000ms",
            "alarm_name": "spirulina-dev-lambda-spirulina-dev-trends-daily-duration-p95",
            "arn": "arn:aws:cloudwatch:us-east-1:063331379930:alarm:spirulina-dev-lambda-spirulina-dev-trends-daily-duration-p95",
            "comparison_operator": "GreaterThanThreshold",
            "datapoints_to_alarm": 0,
            "dimensions": {
              "FunctionName": "spirulina-dev-trends-daily"
            },
            "evaluate_low_sample_count_percentiles": "",
            "evaluation_periods": 2,
            "extended_statistic": "p95",
            "id": "spirulina-dev-lambda-spirulina-dev-trends-daily-duration-p95",
            "insufficient_data_actions": null,
            "metric_name": "Duration",
            "metric_query": [],
            "namespace": "AWS/Lambda",
            "ok_actions": [
              "arn:aws:sns:us-east-1:063331379930:spirulina-dev-alerts"
            ],
            "period": 60,
            "statistic": "",
            "tags": {
              "Env": "dev",
              "Project": "spirulina"
            },
            "tags_all": {
              "Env": "dev",
              "Project": "spirulina"
            },
            "threshold": 2000,
            "threshold_metric_id": "",
            "treat_missing_data": "notBreaching",
            "unit": ""
          },
          "sensitive_attributes": [],
          "identity_schema_version": 0,
          "private": "eyJzY2hlbWFfdmVyc2lvbiI6IjEifQ==",
          "dependencies": [
            "aws_sns_topic.alerts"
          ]
        },
        {
          "index_key": "spirulina-dev-trends-forecast",
          "schema_version": 1,
          "attributes": {
            "actions_enabled": true,
            "alarm_actions": [
              "arn:aws:sns:us-east-1:063331379930:spirulina-dev-alerts"
            ],
            "alarm_description": "Lambda Duration p95 \u003e 2000ms",
            "alarm_name": "spirulina-dev-lambda-spirulina-dev-trends-forecast-duration-p95",
            "arn": "arn:aws:cloudwatch:us-east-1:063331379930:alarm:spirulina-dev-lambda-spirulina-dev-trends-forecast-duration-p95",
            "comparison_operator": "GreaterThanThreshold",
            "datapoints_to_alarm": 0,
            "dimensions": {
              "FunctionName": "spirulina-dev-trends-forecast"
            },
            "evaluate_low_sample_count_percentiles": "",
            "evaluation_periods": 2,
            "extended_statistic": "p95",
            "id": "spirulina-dev-lambda-spirulina-dev-trends-forecast-duration-p95",
            "insufficient_data_actions": null,
            "metric_name": "Duration",
            "metric_query": [],
            "namespace": "AWS/Lambda",
            "ok_actions": [
              "arn:aws:sns:us-east-1:063331379930:spirulina-dev-alerts"
            ],
            "period": 60,
            "statistic": "",
            "tags": {
              "Env": "dev",
              "Project": "spirulina"
            },
            "tags_all": {
              "Env": "dev",
              "Project": "spirulina"
            },
            "threshold": 2000,
            "threshold_metric_id": "",
            "treat_missing_data": "notBreaching",
            "unit": ""
          },
          "sensitive_attributes": [],
          "identity_schema_version": 0,
          "private": "eyJzY2hlbWFfdmVyc2lvbiI6IjEifQ==",
          "dependencies": [
            "aws_sns_topic.alerts"
          ]
        },
        {
          "index_key": "spirulina-dev-trends-keywords-read",
          "schema_version": 1,
          "attributes": {
            "actions_enabled": true,
            "alarm_actions": [
              "arn:aws:sns:us-east-1:063331379930:spirulina-dev-alerts"
            ],
            "alarm_description": "Lambda Duration p95 \u003e 2000ms",
            "alarm_name": "spirulina-dev-lambda-spirulina-dev-trends-keywords-read-duration-p95",
            "arn": "arn:aws:cloudwatch:us-east-1:063331379930:alarm:spirulina-dev-lambda-spirulina-dev-trends-keywords-read-duration-p95",
            "comparison_operator": "GreaterThanThreshold",
            "datapoints_to_alarm": 0,
            "dimensions": {
              "FunctionName": "spirulina-dev-trends-keywords-read"
            },
            "evaluate_low_sample_count_percentiles": "",
            "evaluation_periods": 2,
            "extended_statistic": "p95",
            "id": "spirulina-dev-lambda-spirulina-dev-trends-keywords-read-duration-p95",
            "insufficient_data_actions": null,
            "metric_name": "Duration",
            "metric_query": [],
            "namespace": "AWS/Lambda",
            "ok_actions": [
              "arn:aws:sns:us-east-1:063331379930:spirulina-dev-alerts"
            ],
            "period": 60,
            "statistic": "",
            "tags": {
              "Env": "dev",
              "Project": "spirulina"
            },
            "tags_all": {
              "Env": "dev",
              "Project": "spirulina"
            },
            "threshold": 2000,
            "threshold_metric_id": "",
            "treat_missing_data": "notBreaching",
            "unit": ""
          },
          "sensitive_attributes": [],
          "identity_schema_version": 0,
          "private": "eyJzY2hlbWFfdmVyc2lvbiI6IjEifQ==",
          "dependencies": [
            "aws_sns_topic.alerts"
          ]
        },
        {
          "index_key": "spirulina-dev-trends-keywords-write",
          "schema_version": 1,
          "attributes": {
            "actions_enabled": true,
            "alarm_actions": [
              "arn:aws:sns:us-east-1:063331379930:spirulina-dev-alerts"
            ],
            "alarm_description": "Lambda Duration p95 \u003e 2000ms",
            "alarm_name": "spirulina-dev-lambda-spirulina-dev-trends-keywords-write-duration-p95",
            "arn": "arn:aws:cloudwatch:us-east-1:063331379930:alarm:spirulina-dev-lambda-spirulina-dev-trends-keywords-write-duration-p95",
            "comparison_operator": "GreaterThanThreshold",
            "datapoints_to_alarm": 0,
            "dimensions": {
              "FunctionName": "spirulina-dev-trends-keywords-write"
            },
            "evaluate_low_sample_count_percentiles": "",
            "evaluation_periods": 2,
            "extended_statistic": "p95",
            "id": "spirulina-dev-lambda-spirulina-dev-trends-keywords-write-duration-p95",
            "insufficient_data_actions": null,
            "metric_name": "Duration",
            "metric_query": [],
            "namespace": "AWS/Lambda",
            "ok_actions": [
              "arn:aws:sns:us-east-1:063331379930:spirulina-dev-alerts"
            ],
            "period": 60,
            "statistic": "",
            "tags": {
              "Env": "dev",
              "Project": "spirulina"
            },
            "tags_all": {
              "Env": "dev",
              "Project": "spirulina"
            },
            "threshold": 2000,
            "threshold_metric_id": "",
            "treat_missing_data": "notBreaching",
            "unit": ""
          },
          "sensitive_attributes": [],
          "identity_schema_version": 0,
          "private": "eyJzY2hlbWFfdmVyc2lvbiI6IjEifQ==",
          "dependencies": [
            "aws_sns_topic.alerts"
          ]
        },
        {
          "index_key": "spirulina-dev-watchlist-read",
          "schema_version": 1,
          "attributes": {
            "actions_enabled": true,
            "alarm_actions": [
              "arn:aws:sns:us-east-1:063331379930:spirulina-dev-alerts"
            ],
            "alarm_description": "Lambda Duration p95 \u003e 2000ms",
            "alarm_name": "spirulina-dev-lambda-spirulina-dev-watchlist-read-duration-p95",
            "arn": "arn:aws:cloudwatch:us-east-1:063331379930:alarm:spirulina-dev-lambda-spirulina-dev-watchlist-read-duration-p95",
            "comparison_operator": "GreaterThanThreshold",
            "datapoints_to_alarm": 0,
            "dimensions": {
              "FunctionName": "spirulina-dev-watchlist-read"
            },
            "evaluate_low_sample_count_percentiles": "",
            "evaluation_periods": 2,
            "extended_statistic": "p95",
            "id": "spirulina-dev-lambda-spirulina-dev-watchlist-read-duration-p95",
            "insufficient_data_actions": null,
            "metric_name": "Duration",
            "metric_query": [],
            "namespace": "AWS/Lambda",
            "ok_actions": [
              "arn:aws:sns:us-east-1:063331379930:spirulina-dev-alerts"
            ],
            "period": 60,
            "statistic": "",
            "tags": {
              "Env": "dev",
              "Project": "spirulina"
            },
            "tags_all": {
              "Env": "dev",
              "Project": "spirulina"
            },
            "threshold": 2000,
            "threshold_metric_id": "",
            "treat_missing_data": "notBreaching",
            "unit": ""
          },
          "sensitive_attributes": [],
          "identity_schema_version": 0,
          "private": "eyJzY2hlbWFfdmVyc2lvbiI6IjEifQ==",
          "dependencies": [
            "aws_sns_topic.alerts"
          ]
        },
        {
          "index_key": "spirulina-dev-watchlist-series",
          "schema_version": 1,
          "attributes": {
            "actions_enabled": true,
            "alarm_actions": [
              "arn:aws:sns:us-east-1:063331379930:spirulina-dev-alerts"
            ],
            "alarm_description": "Lambda Duration p95 \u003e 2000ms",
            "alarm_name": "spirulina-dev-lambda-spirulina-dev-watchlist-series-duration-p95",
            "arn": "arn:aws:cloudwatch:us-east-1:063331379930:alarm:spirulina-dev-lambda-spirulina-dev-watchlist-series-duration-p95",
            "comparison_operator": "GreaterThanThreshold",
            "datapoints_to_alarm": 0,
            "dimensions": {
              "FunctionName": "spirulina-dev-watchlist-series"
            },
            "evaluate_low_sample_count_percentiles": "",
            "evaluation_periods": 2,
            "extended_statistic": "p95",
            "id": "spirulina-dev-lambda-spirulina-dev-watchlist-series-duration-p95",
            "insufficient_data_actions": null,
            "metric_name": "Duration",
            "metric_query": [],
            "namespace": "AWS/Lambda",
            "ok_actions": [
              "arn:aws:sns:us-east-1:063331379930:spirulina-dev-alerts"
            ],
            "period": 60,
            "statistic": "",
            "tags": {
              "Env": "dev",
              "Project": "spirulina"
            },
            "tags_all": {
              "Env": "dev",
              "Project": "spirulina"
            },
            "threshold": 2000,
            "threshold_metric_id": "",
            "treat_missing_data": "notBreaching",
            "unit": ""
          },
          "sensitive_attributes": [],
          "identity_schema_version": 0,
          "private": "eyJzY2hlbWFfdmVyc2lvbiI6IjEifQ==",
          "dependencies": [
            "aws_sns_topic.alerts"
          ]
        },
        {
          "index_key": "spirulina-dev-worker",
          "schema_version": 1,
          "attributes": {
            "actions_enabled": true,
            "alarm_actions": [
              "arn:aws:sns:us-east-1:063331379930:spirulina-dev-alerts"
            ],
            "alarm_description": "Lambda Duration p95 \u003e 2000ms",
            "alarm_name": "spirulina-dev-lambda-spirulina-dev-worker-duration-p95",
            "arn": "arn:aws:cloudwatch:us-east-1:063331379930:alarm:spirulina-dev-lambda-spirulina-dev-worker-duration-p95",
            "comparison_operator": "GreaterThanThreshold",
            "datapoints_to_alarm": 0,
            "dimensions": {
              "FunctionName": "spirulina-dev-worker"
            },
            "evaluate_low_sample_count_percentiles": "",
            "evaluation_periods": 2,
            "extended_statistic": "p95",
            "id": "spirulina-dev-lambda-spirulina-dev-worker-duration-p95",
            "insufficient_data_actions": null,
            "metric_name": "Duration",
            "metric_query": [],
            "namespace": "AWS/Lambda",
            "ok_actions": [
              "arn:aws:sns:us-east-1:063331379930:spirulina-dev-alerts"
            ],
            "period": 60,
            "statistic": "",
            "tags": {
              "Env": "dev",
              "Project": "spirulina"
            },
            "tags_all": {
              "Env": "dev",
              "Project": "spirulina"
            },
            "threshold": 2000,
            "threshold_metric_id": "",
            "treat_missing_data": "notBreaching",
            "unit": ""
          },
          "sensitive_attributes": [],
          "identity_schema_version": 0,
          "private": "eyJzY2hlbWFfdmVyc2lvbiI6IjEifQ==",
          "dependencies": [
            "aws_sns_topic.alerts"
          ]
        }
      ]
    },
    {
      "mode": "managed",
      "type": "aws_cloudwatch_metric_alarm",
      "name": "lambda_errors",
      "provider": "provider[\"registry.terraform.io/hashicorp/aws\"]",
      "instances": [
        {
          "index_key": "spirulina-dev-connect",
          "schema_version": 1,
          "attributes": {
            "actions_enabled": true,
            "alarm_actions": [
              "arn:aws:sns:us-east-1:063331379930:spirulina-dev-alerts"
            ],
            "alarm_description": "Lambda Errors \u003e 0 for 5m",
            "alarm_name": "spirulina-dev-lambda-spirulina-dev-connect-errors",
            "arn": "arn:aws:cloudwatch:us-east-1:063331379930:alarm:spirulina-dev-lambda-spirulina-dev-connect-errors",
            "comparison_operator": "GreaterThanThreshold",
            "datapoints_to_alarm": 0,
            "dimensions": {
              "FunctionName": "spirulina-dev-connect"
            },
            "evaluate_low_sample_count_percentiles": "",
            "evaluation_periods": 5,
            "extended_statistic": "",
            "id": "spirulina-dev-lambda-spirulina-dev-connect-errors",
            "insufficient_data_actions": null,
            "metric_name": "Errors",
            "metric_query": [],
            "namespace": "AWS/Lambda",
            "ok_actions": [
              "arn:aws:sns:us-east-1:063331379930:spirulina-dev-alerts"
            ],
            "period": 60,
            "statistic": "Sum",
            "tags": {
              "Env": "dev",
              "Project": "spirulina"
            },
            "tags_all": {
              "Env": "dev",
              "Project": "spirulina"
            },
            "threshold": 0,
            "threshold_metric_id": "",
            "treat_missing_data": "notBreaching",
            "unit": ""
          },
          "sensitive_attributes": [],
          "identity_schema_version": 0,
          "private": "eyJzY2hlbWFfdmVyc2lvbiI6IjEifQ==",
          "dependencies": [
            "aws_sns_topic.alerts"
          ]
        },
        {
          "index_key": "spirulina-dev-delete-watchlist",
          "schema_version": 1,
          "attributes": {
            "actions_enabled": true,
            "alarm_actions": [
              "arn:aws:sns:us-east-1:063331379930:spirulina-dev-alerts"
            ],
            "alarm_description": "Lambda Errors \u003e 0 for 5m",
            "alarm_name": "spirulina-dev-lambda-spirulina-dev-delete-watchlist-errors",
            "arn": "arn:aws:cloudwatch:us-east-1:063331379930:alarm:spirulina-dev-lambda-spirulina-dev-delete-watchlist-errors",
            "comparison_operator": "GreaterThanThreshold",
            "datapoints_to_alarm": 0,
            "dimensions": {
              "FunctionName": "spirulina-dev-delete-watchlist"
            },
            "evaluate_low_sample_count_percentiles": "",
            "evaluation_periods": 5,
            "extended_statistic": "",
            "id": "spirulina-dev-lambda-spirulina-dev-delete-watchlist-errors",
            "insufficient_data_actions": null,
            "metric_name": "Errors",
            "metric_query": [],
            "namespace": "AWS/Lambda",
            "ok_actions": [
              "arn:aws:sns:us-east-1:063331379930:spirulina-dev-alerts"
            ],
            "period": 60,
            "statistic": "Sum",
            "tags": {
              "Env": "dev",
              "Project": "spirulina"
            },
            "tags_all": {
              "Env": "dev",
              "Project": "spirulina"
            },
            "threshold": 0,
            "threshold_metric_id": "",
            "treat_missing_data": "notBreaching",
            "unit": ""
          },
          "sensitive_attributes": [],
          "identity_schema_version": 0,
          "private": "eyJzY2hlbWFfdmVyc2lvbiI6IjEifQ==",
          "dependencies": [
            "aws_sns_topic.alerts"
          ]
        },
        {
          "index_key": "spirulina-dev-disconnect",
          "schema_version": 1,
          "attributes": {
            "actions_enabled": true,
            "alarm_actions": [
              "arn:aws:sns:us-east-1:063331379930:spirulina-dev-alerts"
            ],
            "alarm_description": "Lambda Errors \u003e 0 for 5m",
            "alarm_name": "spirulina-dev-lambda-spirulina-dev-disconnect-errors",
            "arn": "arn:aws:cloudwatch:us-east-1:063331379930:alarm:spirulina-dev-lambda-spirulina-dev-disconnect-errors",
            "comparison_operator": "GreaterThanThreshold",
            "datapoints_to_alarm": 0,
            "dimensions": {
              "FunctionName": "spirulina-dev-disconnect"
            },
            "evaluate_low_sample_count_percentiles": "",
            "evaluation_periods": 5,
            "extended_statistic": "",
            "id": "spirulina-dev-lambda-spirulina-dev-disconnect-errors",
            "insufficient_data_actions": null,
            "metric_name": "Errors",
            "metric_query": [],
            "namespace": "AWS/Lambda",
            "ok_actions": [
              "arn:aws:sns:us-east-1:063331379930:spirulina-dev-alerts"
            ],
            "period": 60,
            "statistic": "Sum",
            "tags": {
              "Env": "dev",
              "Project": "spirulina"
            },
            "tags_all": {
              "Env": "dev",
              "Project": "spirulina"
            },
            "threshold": 0,
            "threshold_metric_id": "",
            "treat_missing_data": "notBreaching",
            "unit": ""
          },
          "sensitive_attributes": [],
          "identity_schema_version": 0,
          "private": "eyJzY2hlbWFfdmVyc2lvbiI6IjEifQ==",
          "dependencies": [
            "aws_sns_topic.alerts"
          ]
        },
        {
          "index_key": "spirulina-dev-enqueue",
          "schema_version": 1,
          "attributes": {
            "actions_enabled": true,
            "alarm_actions": [
              "arn:aws:sns:us-east-1:063331379930:spirulina-dev-alerts"
            ],
            "alarm_description": "Lambda Errors \u003e 0 for 5m",
            "alarm_name": "spirulina-dev-lambda-spirulina-dev-enqueue-errors",
            "arn": "arn:aws:cloudwatch:us-east-1:063331379930:alarm:spirulina-dev-lambda-spirulina-dev-enqueue-errors",
            "comparison_operator": "GreaterThanThreshold",
            "datapoints_to_alarm": 0,
            "dimensions": {
              "FunctionName": "spirulina-dev-enqueue"
            },
            "evaluate_low_sample_count_percentiles": "",
            "evaluation_periods": 5,
            "extended_statistic": "",
            "id": "spirulina-dev-lambda-spirulina-dev-enqueue-errors",
            "insufficient_data_actions": null,
            "metric_name": "Errors",
            "metric_query": [],
            "namespace": "AWS/Lambda",
            "ok_actions": [
              "arn:aws:sns:us-east-1:063331379930:spirulina-dev-alerts"
            ],
            "period": 60,
            "statistic": "Sum",
            "tags": {
              "Env": "dev",
              "Project": "spirulina"
            },
            "tags_all": {
              "Env": "dev",
              "Project": "spirulina"
            },
            "threshold": 0,
            "threshold_metric_id": "",
            "treat_missing_data": "notBreaching",
            "unit": ""
          },
          "sensitive_attributes": [],
          "identity_schema_version": 0,
          "private": "eyJzY2hlbWFfdmVyc2lvbiI6IjEifQ==",
          "dependencies": [
            "aws_sns_topic.alerts"
          ]
        },
        {
          "index_key": "spirulina-dev-schedule-enqueue",
          "schema_version": 1,
          "attributes": {
            "actions_enabled": true,
            "alarm_actions": [
              "arn:aws:sns:us-east-1:063331379930:spirulina-dev-alerts"
            ],
            "alarm_description": "Lambda Errors \u003e 0 for 5m",
            "alarm_name": "spirulina-dev-lambda-spirulina-dev-schedule-enqueue-errors",
            "arn": "arn:aws:cloudwatch:us-east-1:063331379930:alarm:spirulina-dev-lambda-spirulina-dev-schedule-enqueue-errors",
            "comparison_operator": "GreaterThanThreshold",
            "datapoints_to_alarm": 0,
            "dimensions": {
              "FunctionName": "spirulina-dev-schedule-enqueue"
            },
            "evaluate_low_sample_count_percentiles": "",
            "evaluation_periods": 5,
            "extended_statistic": "",
            "id": "spirulina-dev-lambda-spirulina-dev-schedule-enqueue-errors",
            "insufficient_data_actions": null,
            "metric_name": "Errors",
            "metric_query": [],
            "namespace": "AWS/Lambda",
            "ok_actions": [
              "arn:aws:sns:us-east-1:063331379930:spirulina-dev-alerts"
            ],
            "period": 60,
            "statistic": "Sum",
            "tags": {
              "Env": "dev",
              "Project": "spirulina"
            },
            "tags_all": {
              "Env": "dev",
              "Project": "spirulina"
            },
            "threshold": 0,
            "threshold_metric_id": "",
            "treat_missing_data": "notBreaching",
            "unit": ""
          },
          "sensitive_attributes": [],
          "identity_schema_version": 0,
          "private": "eyJzY2hlbWFfdmVyc2lvbiI6IjEifQ==",
          "dependencies": [
            "aws_sns_topic.alerts"
          ]
        },
        {
          "index_key": "spirulina-dev-trends-daily",
          "schema_version": 1,
          "attributes": {
            "actions_enabled": true,
            "alarm_actions": [
              "arn:aws:sns:us-east-1:063331379930:spirulina-dev-alerts"
            ],
            "alarm_description": "Lambda Errors \u003e 0 for 5m",
            "alarm_name": "spirulina-dev-lambda-spirulina-dev-trends-daily-errors",
            "arn": "arn:aws:cloudwatch:us-east-1:063331379930:alarm:spirulina-dev-lambda-spirulina-dev-trends-daily-errors",
            "comparison_operator": "GreaterThanThreshold",
            "datapoints_to_alarm": 0,
            "dimensions": {
              "FunctionName": "spirulina-dev-trends-daily"
            },
            "evaluate_low_sample_count_percentiles": "",
            "evaluation_periods": 5,
            "extended_statistic": "",
            "id": "spirulina-dev-lambda-spirulina-dev-trends-daily-errors",
            "insufficient_data_actions": null,
            "metric_name": "Errors",
            "metric_query": [],
            "namespace": "AWS/Lambda",
            "ok_actions": [
              "arn:aws:sns:us-east-1:063331379930:spirulina-dev-alerts"
            ],
            "period": 60,
            "statistic": "Sum",
            "tags": {
              "Env": "dev",
              "Project": "spirulina"
            },
            "tags_all": {
              "Env": "dev",
              "Project": "spirulina"
            },
            "threshold": 0,
            "threshold_metric_id": "",
            "treat_missing_data": "notBreaching",
            "unit": ""
          },
          "sensitive_attributes": [],
          "identity_schema_version": 0,
          "private": "eyJzY2hlbWFfdmVyc2lvbiI6IjEifQ==",
          "dependencies": [
            "aws_sns_topic.alerts"
          ]
        },
        {
          "index_key": "spirulina-dev-trends-forecast",
          "schema_version": 1,
          "attributes": {
            "actions_enabled": true,
            "alarm_actions": [
              "arn:aws:sns:us-east-1:063331379930:spirulina-dev-alerts"
            ],
            "alarm_description": "Lambda Errors \u003e 0 for 5m",
            "alarm_name": "spirulina-dev-lambda-spirulina-dev-trends-forecast-errors",
            "arn": "arn:aws:cloudwatch:us-east-1:063331379930:alarm:spirulina-dev-lambda-spirulina-dev-trends-forecast-errors",
            "comparison_operator": "GreaterThanThreshold",
            "datapoints_to_alarm": 0,
            "dimensions": {
              "FunctionName": "spirulina-dev-trends-forecast"
            },
            "evaluate_low_sample_count_percentiles": "",
            "evaluation_periods": 5,
            "extended_statistic": "",
            "id": "spirulina-dev-lambda-spirulina-dev-trends-forecast-errors",
            "insufficient_data_actions": null,
            "metric_name": "Errors",
            "metric_query": [],
            "namespace": "AWS/Lambda",
            "ok_actions": [
              "arn:aws:sns:us-east-1:063331379930:spirulina-dev-alerts"
            ],
            "period": 60,
            "statistic": "Sum",
            "tags": {
              "Env": "dev",
              "Project": "spirulina"
            },
            "tags_all": {
              "Env": "dev",
              "Project": "spirulina"
            },
            "threshold": 0,
            "threshold_metric_id": "",
            "treat_missing_data": "notBreaching",
            "unit": ""
          },
          "sensitive_attributes": [],
          "identity_schema_version": 0,
          "private": "eyJzY2hlbWFfdmVyc2lvbiI6IjEifQ==",
          "dependencies": [
            "aws_sns_topic.alerts"
          ]
        },
        {
          "index_key": "spirulina-dev-trends-keywords-read",
          "schema_version": 1,
          "attributes": {
            "actions_enabled": true,
            "alarm_actions": [
              "arn:aws:sns:us-east-1:063331379930:spirulina-dev-alerts"
            ],
            "alarm_description": "Lambda Errors \u003e 0 for 5m",
            "alarm_name": "spirulina-dev-lambda-spirulina-dev-trends-keywords-read-errors",
            "arn": "arn:aws:cloudwatch:us-east-1:063331379930:alarm:spirulina-dev-lambda-spirulina-dev-trends-keywords-read-errors",
            "comparison_operator": "GreaterThanThreshold",
            "datapoints_to_alarm": 0,
            "dimensions": {
              "FunctionName": "spirulina-dev-trends-keywords-read"
            },
            "evaluate_low_sample_count_percentiles": "",
            "evaluation_periods": 5,
            "extended_statistic": "",
            "id": "spirulina-dev-lambda-spirulina-dev-trends-keywords-read-errors",
            "insufficient_data_actions": null,
            "metric_name": "Errors",
            "metric_query": [],
            "namespace": "AWS/Lambda",
            "ok_actions": [
              "arn:aws:sns:us-east-1:063331379930:spirulina-dev-alerts"
            ],
            "period": 60,
            "statistic": "Sum",
            "tags": {
              "Env": "dev",
              "Project": "spirulina"
            },
            "tags_all": {
              "Env": "dev",
              "Project": "spirulina"
            },
            "threshold": 0,
            "threshold_metric_id": "",
            "treat_missing_data": "notBreaching",
            "unit": ""
          },
          "sensitive_attributes": [],
          "identity_schema_version": 0,
          "private": "eyJzY2hlbWFfdmVyc2lvbiI6IjEifQ==",
          "dependencies": [
            "aws_sns_topic.alerts"
          ]
        },
        {
          "index_key": "spirulina-dev-trends-keywords-write",
          "schema_version": 1,
          "attributes": {
            "actions_enabled": true,
            "alarm_actions": [
              "arn:aws:sns:us-east-1:063331379930:spirulina-dev-alerts"
            ],
            "alarm_description": "Lambda Errors \u003e 0 for 5m",
            "alarm_name": "spirulina-dev-lambda-spirulina-dev-trends-keywords-write-errors",
            "arn": "arn:aws:cloudwatch:us-east-1:063331379930:alarm:spirulina-dev-lambda-spirulina-dev-trends-keywords-write-errors",
            "comparison_operator": "GreaterThanThreshold",
            "datapoints_to_alarm": 0,
            "dimensions": {
              "FunctionName": "spirulina-dev-trends-keywords-write"
            },
            "evaluate_low_sample_count_percentiles": "",
            "evaluation_periods": 5,
            "extended_statistic": "",
            "id": "spirulina-dev-lambda-spirulina-dev-trends-keywords-write-errors",
            "insufficient_data_actions": null,
            "metric_name": "Errors",
            "metric_query": [],
            "namespace": "AWS/Lambda",
            "ok_actions": [
              "arn:aws:sns:us-east-1:063331379930:spirulina-dev-alerts"
            ],
            "period": 60,
            "statistic": "Sum",
            "tags": {
              "Env": "dev",
              "Project": "spirulina"
            },
            "tags_all": {
              "Env": "dev",
              "Project": "spirulina"
            },
            "threshold": 0,
            "threshold_metric_id": "",
            "treat_missing_data": "notBreaching",
            "unit": ""
          },
          "sensitive_attributes": [],
          "identity_schema_version": 0,
          "private": "eyJzY2hlbWFfdmVyc2lvbiI6IjEifQ==",
          "dependencies": [
            "aws_sns_topic.alerts"
          ]
        },
        {
          "index_key": "spirulina-dev-watchlist-read",
          "schema_version": 1,
          "attributes": {
            "actions_enabled": true,
            "alarm_actions": [
              "arn:aws:sns:us-east-1:063331379930:spirulina-dev-alerts"
            ],
            "alarm_description": "Lambda Errors \u003e 0 for 5m",
            "alarm_name": "spirulina-dev-lambda-spirulina-dev-watchlist-read-errors",
            "arn": "arn:aws:cloudwatch:us-east-1:063331379930:alarm:spirulina-dev-lambda-spirulina-dev-watchlist-read-errors",
            "comparison_operator": "GreaterThanThreshold",
            "datapoints_to_alarm": 0,
            "dimensions": {
              "FunctionName": "spirulina-dev-watchlist-read"
            },
            "evaluate_low_sample_count_percentiles": "",
            "evaluation_periods": 5,
            "extended_statistic": "",
            "id": "spirulina-dev-lambda-spirulina-dev-watchlist-read-errors",
            "insufficient_data_actions": null,
            "metric_name": "Errors",
            "metric_query": [],
            "namespace": "AWS/Lambda",
            "ok_actions": [
              "arn:aws:sns:us-east-1:063331379930:spirulina-dev-alerts"
            ],
            "period": 60,
            "statistic": "Sum",
            "tags": {
              "Env": "dev",
              "Project": "spirulina"
            },
            "tags_all": {
              "Env": "dev",
              "Project": "spirulina"
            },
            "threshold": 0,
            "threshold_metric_id": "",
            "treat_missing_data": "notBreaching",
            "unit": ""
          },
          "sensitive_attributes": [],
          "identity_schema_version": 0,
          "private": "eyJzY2hlbWFfdmVyc2lvbiI6IjEifQ==",
          "dependencies": [
            "aws_sns_topic.alerts"
          ]
        },
        {
          "index_key": "spirulina-dev-watchlist-series",
          "schema_version": 1,
          "attributes": {
            "actions_enabled": true,
            "alarm_actions": [
              "arn:aws:sns:us-east-1:063331379930:spirulina-dev-alerts"
            ],
            "alarm_description": "Lambda Errors \u003e 0 for 5m",
            "alarm_name": "spirulina-dev-lambda-spirulina-dev-watchlist-series-errors",
            "arn": "arn:aws:cloudwatch:us-east-1:063331379930:alarm:spirulina-dev-lambda-spirulina-dev-watchlist-series-errors",
            "comparison_operator": "GreaterThanThreshold",
            "datapoints_to_alarm": 0,
            "dimensions": {
              "FunctionName": "spirulina-dev-watchlist-series"
            },
            "evaluate_low_sample_count_percentiles": "",
            "evaluation_periods": 5,
            "extended_statistic": "",
            "id": "spirulina-dev-lambda-spirulina-dev-watchlist-series-errors",
            "insufficient_data_actions": null,
            "metric_name": "Errors",
            "metric_query": [],
            "namespace": "AWS/Lambda",
            "ok_actions": [
              "arn:aws:sns:us-east-1:063331379930:spirulina-dev-alerts"
            ],
            "period": 60,
            "statistic": "Sum",
            "tags": {
              "Env": "dev",
              "Project": "spirulina"
            },
            "tags_all": {
              "Env": "dev",
              "Project": "spirulina"
            },
            "threshold": 0,
            "threshold_metric_id": "",
            "treat_missing_data": "notBreaching",
            "unit": ""
          },
          "sensitive_attributes": [],
          "identity_schema_version": 0,
          "private": "eyJzY2hlbWFfdmVyc2lvbiI6IjEifQ==",
          "dependencies": [
            "aws_sns_topic.alerts"
          ]
        },
        {
          "index_key": "spirulina-dev-worker",
          "schema_version": 1,
          "attributes": {
            "actions_enabled": true,
            "alarm_actions": [
              "arn:aws:sns:us-east-1:063331379930:spirulina-dev-alerts"
            ],
            "alarm_description": "Lambda Errors \u003e 0 for 5m",
            "alarm_name": "spirulina-dev-lambda-spirulina-dev-worker-errors",
            "arn": "arn:aws:cloudwatch:us-east-1:063331379930:alarm:spirulina-dev-lambda-spirulina-dev-worker-errors",
            "comparison_operator": "GreaterThanThreshold",
            "datapoints_to_alarm": 0,
            "dimensions": {
              "FunctionName": "spirulina-dev-worker"
            },
            "evaluate_low_sample_count_percentiles": "",
            "evaluation_periods": 5,
            "extended_statistic": "",
            "id": "spirulina-dev-lambda-spirulina-dev-worker-errors",
            "insufficient_data_actions": null,
            "metric_name": "Errors",
            "metric_query": [],
            "namespace": "AWS/Lambda",
            "ok_actions": [
              "arn:aws:sns:us-east-1:063331379930:spirulina-dev-alerts"
            ],
            "period": 60,
            "statistic": "Sum",
            "tags": {
              "Env": "dev",
              "Project": "spirulina"
            },
            "tags_all": {
              "Env": "dev",
              "Project": "spirulina"
            },
            "threshold": 0,
            "threshold_metric_id": "",
            "treat_missing_data": "notBreaching",
            "unit": ""
          },
          "sensitive_attributes": [],
          "identity_schema_version": 0,
          "private": "eyJzY2hlbWFfdmVyc2lvbiI6IjEifQ==",
          "dependencies": [
            "aws_sns_topic.alerts"
          ]
        }
      ]
    },
    {
      "mode": "managed",
      "type": "aws_cloudwatch_metric_alarm",
      "name": "lambda_throttles",
      "provider": "provider[\"registry.terraform.io/hashicorp/aws\"]",
      "instances": [
        {
          "index_key": "spirulina-dev-connect",
          "schema_version": 1,
          "attributes": {
            "actions_enabled": true,
            "alarm_actions": [
              "arn:aws:sns:us-east-1:063331379930:spirulina-dev-alerts"
            ],
            "alarm_description": "Lambda Throttles \u003e 0 for 5m",
            "alarm_name": "spirulina-dev-lambda-spirulina-dev-connect-throttles",
            "arn": "arn:aws:cloudwatch:us-east-1:063331379930:alarm:spirulina-dev-lambda-spirulina-dev-connect-throttles",
            "comparison_operator": "GreaterThanThreshold",
            "datapoints_to_alarm": 0,
            "dimensions": {
              "FunctionName": "spirulina-dev-connect"
            },
            "evaluate_low_sample_count_percentiles": "",
            "evaluation_periods": 5,
            "extended_statistic": "",
            "id": "spirulina-dev-lambda-spirulina-dev-connect-throttles",
            "insufficient_data_actions": null,
            "metric_name": "Throttles",
            "metric_query": [],
            "namespace": "AWS/Lambda",
            "ok_actions": [
              "arn:aws:sns:us-east-1:063331379930:spirulina-dev-alerts"
            ],
            "period": 60,
            "statistic": "Sum",
            "tags": {
              "Env": "dev",
              "Project": "spirulina"
            },
            "tags_all": {
              "Env": "dev",
              "Project": "spirulina"
            },
            "threshold": 0,
            "threshold_metric_id": "",
            "treat_missing_data": "notBreaching",
            "unit": ""
          },
          "sensitive_attributes": [],
          "identity_schema_version": 0,
          "private": "eyJzY2hlbWFfdmVyc2lvbiI6IjEifQ==",
          "dependencies": [
            "aws_sns_topic.alerts"
          ]
        },
        {
          "index_key": "spirulina-dev-delete-watchlist",
          "schema_version": 1,
          "attributes": {
            "actions_enabled": true,
            "alarm_actions": [
              "arn:aws:sns:us-east-1:063331379930:spirulina-dev-alerts"
            ],
            "alarm_description": "Lambda Throttles \u003e 0 for 5m",
            "alarm_name": "spirulina-dev-lambda-spirulina-dev-delete-watchlist-throttles",
            "arn": "arn:aws:cloudwatch:us-east-1:063331379930:alarm:spirulina-dev-lambda-spirulina-dev-delete-watchlist-throttles",
            "comparison_operator": "GreaterThanThreshold",
            "datapoints_to_alarm": 0,
            "dimensions": {
              "FunctionName": "spirulina-dev-delete-watchlist"
            },
            "evaluate_low_sample_count_percentiles": "",
            "evaluation_periods": 5,
            "extended_statistic": "",
            "id": "spirulina-dev-lambda-spirulina-dev-delete-watchlist-throttles",
            "insufficient_data_actions": null,
            "metric_name": "Throttles",
            "metric_query": [],
            "namespace": "AWS/Lambda",
            "ok_actions": [
              "arn:aws:sns:us-east-1:063331379930:spirulina-dev-alerts"
            ],
            "period": 60,
            "statistic": "Sum",
            "tags": {
              "Env": "dev",
              "Project": "spirulina"
            },
            "tags_all": {
              "Env": "dev",
              "Project": "spirulina"
            },
            "threshold": 0,
            "threshold_metric_id": "",
            "treat_missing_data": "notBreaching",
            "unit": ""
          },
          "sensitive_attributes": [],
          "identity_schema_version": 0,
          "private": "eyJzY2hlbWFfdmVyc2lvbiI6IjEifQ==",
          "dependencies": [
            "aws_sns_topic.alerts"
          ]
        },
        {
          "index_key": "spirulina-dev-disconnect",
          "schema_version": 1,
          "attributes": {
            "actions_enabled": true,
            "alarm_actions": [
              "arn:aws:sns:us-east-1:063331379930:spirulina-dev-alerts"
            ],
            "alarm_description": "Lambda Throttles \u003e 0 for 5m",
            "alarm_name": "spirulina-dev-lambda-spirulina-dev-disconnect-throttles",
            "arn": "arn:aws:cloudwatch:us-east-1:063331379930:alarm:spirulina-dev-lambda-spirulina-dev-disconnect-throttles",
            "comparison_operator": "GreaterThanThreshold",
            "datapoints_to_alarm": 0,
            "dimensions": {
              "FunctionName": "spirulina-dev-disconnect"
            },
            "evaluate_low_sample_count_percentiles": "",
            "evaluation_periods": 5,
            "extended_statistic": "",
            "id": "spirulina-dev-lambda-spirulina-dev-disconnect-throttles",
            "insufficient_data_actions": null,
            "metric_name": "Throttles",
            "metric_query": [],
            "namespace": "AWS/Lambda",
            "ok_actions": [
              "arn:aws:sns:us-east-1:063331379930:spirulina-dev-alerts"
            ],
            "period": 60,
            "statistic": "Sum",
            "tags": {
              "Env": "dev",
              "Project": "spirulina"
            },
            "tags_all": {
              "Env": "dev",
              "Project": "spirulina"
            },
            "threshold": 0,
            "threshold_metric_id": "",
            "treat_missing_data": "notBreaching",
            "unit": ""
          },
          "sensitive_attributes": [],
          "identity_schema_version": 0,
          "private": "eyJzY2hlbWFfdmVyc2lvbiI6IjEifQ==",
          "dependencies": [
            "aws_sns_topic.alerts"
          ]
        },
        {
          "index_key": "spirulina-dev-enqueue",
          "schema_version": 1,
          "attributes": {
            "actions_enabled": true,
            "alarm_actions": [
              "arn:aws:sns:us-east-1:063331379930:spirulina-dev-alerts"
            ],
            "alarm_description": "Lambda Throttles \u003e 0 for 5m",
            "alarm_name": "spirulina-dev-lambda-spirulina-dev-enqueue-throttles",
            "arn": "arn:aws:cloudwatch:us-east-1:063331379930:alarm:spirulina-dev-lambda-spirulina-dev-enqueue-throttles",
            "comparison_operator": "GreaterThanThreshold",
            "datapoints_to_alarm": 0,
            "dimensions": {
              "FunctionName": "spirulina-dev-enqueue"
            },
            "evaluate_low_sample_count_percentiles": "",
            "evaluation_periods": 5,
            "extended_statistic": "",
            "id": "spirulina-dev-lambda-spirulina-dev-enqueue-throttles",
            "insufficient_data_actions": null,
            "metric_name": "Throttles",
            "metric_query": [],
            "namespace": "AWS/Lambda",
            "ok_actions": [
              "arn:aws:sns:us-east-1:063331379930:spirulina-dev-alerts"
            ],
            "period": 60,
            "statistic": "Sum",
            "tags": {
              "Env": "dev",
              "Project": "spirulina"
            },
            "tags_all": {
              "Env": "dev",
              "Project": "spirulina"
            },
            "threshold": 0,
            "threshold_metric_id": "",
            "treat_missing_data": "notBreaching",
            "unit": ""
          },
          "sensitive_attributes": [],
          "identity_schema_version": 0,
          "private": "eyJzY2hlbWFfdmVyc2lvbiI6IjEifQ==",
          "dependencies": [
            "aws_sns_topic.alerts"
          ]
        },
        {
          "index_key": "spirulina-dev-schedule-enqueue",
          "schema_version": 1,
          "attributes": {
            "actions_enabled": true,
            "alarm_actions": [
              "arn:aws:sns:us-east-1:063331379930:spirulina-dev-alerts"
            ],
            "alarm_description": "Lambda Throttles \u003e 0 for 5m",
            "alarm_name": "spirulina-dev-lambda-spirulina-dev-schedule-enqueue-throttles",
            "arn": "arn:aws:cloudwatch:us-east-1:063331379930:alarm:spirulina-dev-lambda-spirulina-dev-schedule-enqueue-throttles",
            "comparison_operator": "GreaterThanThreshold",
            "datapoints_to_alarm": 0,
            "dimensions": {
              "FunctionName": "spirulina-dev-schedule-enqueue"
            },
            "evaluate_low_sample_count_percentiles": "",
            "evaluation_periods": 5,
            "extended_statistic": "",
            "id": "spirulina-dev-lambda-spirulina-dev-schedule-enqueue-throttles",
            "insufficient_data_actions": null,
            "metric_name": "Throttles",
            "metric_query": [],
            "namespace": "AWS/Lambda",
            "ok_actions": [
              "arn:aws:sns:us-east-1:063331379930:spirulina-dev-alerts"
            ],
            "period": 60,
            "statistic": "Sum",
            "tags": {
              "Env": "dev",
              "Project": "spirulina"
            },
            "tags_all": {
              "Env": "dev",
              "Project": "spirulina"
            },
            "threshold": 0,
            "threshold_metric_id": "",
            "treat_missing_data": "notBreaching",
            "unit": ""
          },
          "sensitive_attributes": [],
          "identity_schema_version": 0,
          "private": "eyJzY2hlbWFfdmVyc2lvbiI6IjEifQ==",
          "dependencies": [
            "aws_sns_topic.alerts"
          ]
        },
        {
          "index_key": "spirulina-dev-trends-daily",
          "schema_version": 1,
          "attributes": {
            "actions_enabled": true,
            "alarm_actions": [
              "arn:aws:sns:us-east-1:063331379930:spirulina-dev-alerts"
            ],
            "alarm_description": "Lambda Throttles \u003e 0 for 5m",
            "alarm_name": "spirulina-dev-lambda-spirulina-dev-trends-daily-throttles",
            "arn": "arn:aws:cloudwatch:us-east-1:063331379930:alarm:spirulina-dev-lambda-spirulina-dev-trends-daily-throttles",
            "comparison_operator": "GreaterThanThreshold",
            "datapoints_to_alarm": 0,
            "dimensions": {
              "FunctionName": "spirulina-dev-trends-daily"
            },
            "evaluate_low_sample_count_percentiles": "",
            "evaluation_periods": 5,
            "extended_statistic": "",
            "id": "spirulina-dev-lambda-spirulina-dev-trends-daily-throttles",
            "insufficient_data_actions": null,
            "metric_name": "Throttles",
            "metric_query": [],
            "namespace": "AWS/Lambda",
            "ok_actions": [
              "arn:aws:sns:us-east-1:063331379930:spirulina-dev-alerts"
            ],
            "period": 60,
            "statistic": "Sum",
            "tags": {
              "Env": "dev",
              "Project": "spirulina"
            },
            "tags_all": {
              "Env": "dev",
              "Project": "spirulina"
            },
            "threshold": 0,
            "threshold_metric_id": "",
            "treat_missing_data": "notBreaching",
            "unit": ""
          },
          "sensitive_attributes": [],
          "identity_schema_version": 0,
          "private": "eyJzY2hlbWFfdmVyc2lvbiI6IjEifQ==",
          "dependencies": [
            "aws_sns_topic.alerts"
          ]
        },
        {
          "index_key": "spirulina-dev-trends-forecast",
          "schema_version": 1,
          "attributes": {
            "actions_enabled": true,
            "alarm_actions": [
              "arn:aws:sns:us-east-1:063331379930:spirulina-dev-alerts"
            ],
            "alarm_description": "Lambda Throttles \u003e 0 for 5m",
            "alarm_name": "spirulina-dev-lambda-spirulina-dev-trends-forecast-throttles",
            "arn": "arn:aws:cloudwatch:us-east-1:063331379930:alarm:spirulina-dev-lambda-spirulina-dev-trends-forecast-throttles",
            "comparison_operator": "GreaterThanThreshold",
            "datapoints_to_alarm": 0,
            "dimensions": {
              "FunctionName": "spirulina-dev-trends-forecast"
            },
            "evaluate_low_sample_count_percentiles": "",
            "evaluation_periods": 5,
            "extended_statistic": "",
            "id": "spirulina-dev-lambda-spirulina-dev-trends-forecast-throttles",
            "insufficient_data_actions": null,
            "metric_name": "Throttles",
            "metric_query": [],
            "namespace": "AWS/Lambda",
            "ok_actions": [
              "arn:aws:sns:us-east-1:063331379930:spirulina-dev-alerts"
            ],
            "period": 60,
            "statistic": "Sum",
            "tags": {
              "Env": "dev",
              "Project": "spirulina"
            },
            "tags_all": {
              "Env": "dev",
              "Project": "spirulina"
            },
            "threshold": 0,
            "threshold_metric_id": "",
            "treat_missing_data": "notBreaching",
            "unit": ""
          },
          "sensitive_attributes": [],
          "identity_schema_version": 0,
          "private": "eyJzY2hlbWFfdmVyc2lvbiI6IjEifQ==",
          "dependencies": [
            "aws_sns_topic.alerts"
          ]
        },
        {
          "index_key": "spirulina-dev-trends-keywords-read",
          "schema_version": 1,
          "attributes": {
            "actions_enabled": true,
            "alarm_actions": [
              "arn:aws:sns:us-east-1:063331379930:spirulina-dev-alerts"
            ],
            "alarm_description": "Lambda Throttles \u003e 0 for 5m",
            "alarm_name": "spirulina-dev-lambda-spirulina-dev-trends-keywords-read-throttles",
            "arn": "arn:aws:cloudwatch:us-east-1:063331379930:alarm:spirulina-dev-lambda-spirulina-dev-trends-keywords-read-throttles",
            "comparison_operator": "GreaterThanThreshold",
            "datapoints_to_alarm": 0,
            "dimensions": {
              "FunctionName": "spirulina-dev-trends-keywords-read"
            },
            "evaluate_low_sample_count_percentiles": "",
            "evaluation_periods": 5,
            "extended_statistic": "",
            "id": "spirulina-dev-lambda-spirulina-dev-trends-keywords-read-throttles",
            "insufficient_data_actions": null,
            "metric_name": "Throttles",
            "metric_query": [],
            "namespace": "AWS/Lambda",
            "ok_actions": [
              "arn:aws:sns:us-east-1:063331379930:spirulina-dev-alerts"
            ],
            "period": 60,
            "statistic": "Sum",
            "tags": {
              "Env": "dev",
              "Project": "spirulina"
            },
            "tags_all": {
              "Env": "dev",
              "Project": "spirulina"
            },
            "threshold": 0,
            "threshold_metric_id": "",
            "treat_missing_data": "notBreaching",
            "unit": ""
          },
          "sensitive_attributes": [],
          "identity_schema_version": 0,
          "private": "eyJzY2hlbWFfdmVyc2lvbiI6IjEifQ==",
          "dependencies": [
            "aws_sns_topic.alerts"
          ]
        },
        {
          "index_key": "spirulina-dev-trends-keywords-write",
          "schema_version": 1,
          "attributes": {
            "actions_enabled": true,
            "alarm_actions": [
              "arn:aws:sns:us-east-1:063331379930:spirulina-dev-alerts"
            ],
            "alarm_description": "Lambda Throttles \u003e 0 for 5m",
            "alarm_name": "spirulina-dev-lambda-spirulina-dev-trends-keywords-write-throttles",
            "arn": "arn:aws:cloudwatch:us-east-1:063331379930:alarm:spirulina-dev-lambda-spirulina-dev-trends-keywords-write-throttles",
            "comparison_operator": "GreaterThanThreshold",
            "datapoints_to_alarm": 0,
            "dimensions": {
              "FunctionName": "spirulina-dev-trends-keywords-write"
            },
            "evaluate_low_sample_count_percentiles": "",
            "evaluation_periods": 5,
            "extended_statistic": "",
            "id": "spirulina-dev-lambda-spirulina-dev-trends-keywords-write-throttles",
            "insufficient_data_actions": null,
            "metric_name": "Throttles",
            "metric_query": [],
            "namespace": "AWS/Lambda",
            "ok_actions": [
              "arn:aws:sns:us-east-1:063331379930:spirulina-dev-alerts"
            ],
            "period": 60,
            "statistic": "Sum",
            "tags": {
              "Env": "dev",
              "Project": "spirulina"
            },
            "tags_all": {
              "Env": "dev",
              "Project": "spirulina"
            },
            "threshold": 0,
            "threshold_metric_id": "",
            "treat_missing_data": "notBreaching",
            "unit": ""
          },
          "sensitive_attributes": [],
          "identity_schema_version": 0,
          "private": "eyJzY2hlbWFfdmVyc2lvbiI6IjEifQ==",
          "dependencies": [
            "aws_sns_topic.alerts"
          ]
        },
        {
          "index_key": "spirulina-dev-watchlist-read",
          "schema_version": 1,
          "attributes": {
            "actions_enabled": true,
            "alarm_actions": [
              "arn:aws:sns:us-east-1:063331379930:spirulina-dev-alerts"
            ],
            "alarm_description": "Lambda Throttles \u003e 0 for 5m",
            "alarm_name": "spirulina-dev-lambda-spirulina-dev-watchlist-read-throttles",
            "arn": "arn:aws:cloudwatch:us-east-1:063331379930:alarm:spirulina-dev-lambda-spirulina-dev-watchlist-read-throttles",
            "comparison_operator": "GreaterThanThreshold",
            "datapoints_to_alarm": 0,
            "dimensions": {
              "FunctionName": "spirulina-dev-watchlist-read"
            },
            "evaluate_low_sample_count_percentiles": "",
            "evaluation_periods": 5,
            "extended_statistic": "",
            "id": "spirulina-dev-lambda-spirulina-dev-watchlist-read-throttles",
            "insufficient_data_actions": null,
            "metric_name": "Throttles",
            "metric_query": [],
            "namespace": "AWS/Lambda",
            "ok_actions": [
              "arn:aws:sns:us-east-1:063331379930:spirulina-dev-alerts"
            ],
            "period": 60,
            "statistic": "Sum",
            "tags": {
              "Env": "dev",
              "Project": "spirulina"
            },
            "tags_all": {
              "Env": "dev",
              "Project": "spirulina"
            },
            "threshold": 0,
            "threshold_metric_id": "",
            "treat_missing_data": "notBreaching",
            "unit": ""
          },
          "sensitive_attributes": [],
          "identity_schema_version": 0,
          "private": "eyJzY2hlbWFfdmVyc2lvbiI6IjEifQ==",
          "dependencies": [
            "aws_sns_topic.alerts"
          ]
        },
        {
          "index_key": "spirulina-dev-watchlist-series",
          "schema_version": 1,
          "attributes": {
            "actions_enabled": true,
            "alarm_actions": [
              "arn:aws:sns:us-east-1:063331379930:spirulina-dev-alerts"
            ],
            "alarm_description": "Lambda Throttles \u003e 0 for 5m",
            "alarm_name": "spirulina-dev-lambda-spirulina-dev-watchlist-series-throttles",
            "arn": "arn:aws:cloudwatch:us-east-1:063331379930:alarm:spirulina-dev-lambda-spirulina-dev-watchlist-series-throttles",
            "comparison_operator": "GreaterThanThreshold",
            "datapoints_to_alarm": 0,
            "dimensions": {
              "FunctionName": "spirulina-dev-watchlist-series"
            },
            "evaluate_low_sample_count_percentiles": "",
            "evaluation_periods": 5,
            "extended_statistic": "",
            "id": "spirulina-dev-lambda-spirulina-dev-watchlist-series-throttles",
            "insufficient_data_actions": null,
            "metric_name": "Throttles",
            "metric_query": [],
            "namespace": "AWS/Lambda",
            "ok_actions": [
              "arn:aws:sns:us-east-1:063331379930:spirulina-dev-alerts"
            ],
            "period": 60,
            "statistic": "Sum",
            "tags": {
              "Env": "dev",
              "Project": "spirulina"
            },
            "tags_all": {
              "Env": "dev",
              "Project": "spirulina"
            },
            "threshold": 0,
            "threshold_metric_id": "",
            "treat_missing_data": "notBreaching",
            "unit": ""
          },
          "sensitive_attributes": [],
          "identity_schema_version": 0,
          "private": "eyJzY2hlbWFfdmVyc2lvbiI6IjEifQ==",
          "dependencies": [
            "aws_sns_topic.alerts"
          ]
        },
        {
          "index_key": "spirulina-dev-worker",
          "schema_version": 1,
          "attributes": {
            "actions_enabled": true,
            "alarm_actions": [
              "arn:aws:sns:us-east-1:063331379930:spirulina-dev-alerts"
            ],
            "alarm_description": "Lambda Throttles \u003e 0 for 5m",
            "alarm_name": "spirulina-dev-lambda-spirulina-dev-worker-throttles",
            "arn": "arn:aws:cloudwatch:us-east-1:063331379930:alarm:spirulina-dev-lambda-spirulina-dev-worker-throttles",
            "comparison_operator": "GreaterThanThreshold",
            "datapoints_to_alarm": 0,
            "dimensions": {
              "FunctionName": "spirulina-dev-worker"
            },
            "evaluate_low_sample_count_percentiles": "",
            "evaluation_periods": 5,
            "extended_statistic": "",
            "id": "spirulina-dev-lambda-spirulina-dev-worker-throttles",
            "insufficient_data_actions": null,
            "metric_name": "Throttles",
            "metric_query": [],
            "namespace": "AWS/Lambda",
            "ok_actions": [
              "arn:aws:sns:us-east-1:063331379930:spirulina-dev-alerts"
            ],
            "period": 60,
            "statistic": "Sum",
            "tags": {
              "Env": "dev",
              "Project": "spirulina"
            },
            "tags_all": {
              "Env": "dev",
              "Project": "spirulina"
            },
            "threshold": 0,
            "threshold_metric_id": "",
            "treat_missing_data": "notBreaching",
            "unit": ""
          },
          "sensitive_attributes": [],
          "identity_schema_version": 0,
          "private": "eyJzY2hlbWFfdmVyc2lvbiI6IjEifQ==",
          "dependencies": [
            "aws_sns_topic.alerts"
          ]
        }
      ]
    },
    {
      "mode": "managed",
      "type": "aws_cloudwatch_metric_alarm",
      "name": "rds_conn",
      "provider": "provider[\"registry.terraform.io/hashicorp/aws\"]",
      "instances": [
        {
          "index_key": 0,
          "schema_version": 1,
          "attributes": {
            "actions_enabled": true,
            "alarm_actions": [
              "arn:aws:sns:us-east-1:063331379930:spirulina-dev-alerts"
            ],
            "alarm_description": "RDS DB connections \u003e 80",
            "alarm_name": "spirulina-dev-rds-connections-high",
            "arn": "arn:aws:cloudwatch:us-east-1:063331379930:alarm:spirulina-dev-rds-connections-high",
            "comparison_operator": "GreaterThanOrEqualToThreshold",
            "datapoints_to_alarm": 0,
            "dimensions": {
              "DBInstanceIdentifier": "spirulina-mysql"
            },
            "evaluate_low_sample_count_percentiles": "",
            "evaluation_periods": 5,
            "extended_statistic": "",
            "id": "spirulina-dev-rds-connections-high",
            "insufficient_data_actions": null,
            "metric_name": "DatabaseConnections",
            "metric_query": [],
            "namespace": "AWS/RDS",
            "ok_actions": [
              "arn:aws:sns:us-east-1:063331379930:spirulina-dev-alerts"
            ],
            "period": 60,
            "statistic": "Average",
            "tags": {
              "Env": "dev",
              "Project": "spirulina"
            },
            "tags_all": {
              "Env": "dev",
              "Project": "spirulina"
            },
            "threshold": 80,
            "threshold_metric_id": "",
            "treat_missing_data": "notBreaching",
            "unit": ""
          },
          "sensitive_attributes": [],
          "identity_schema_version": 0,
          "private": "eyJzY2hlbWFfdmVyc2lvbiI6IjEifQ==",
          "dependencies": [
            "aws_sns_topic.alerts"
          ]
        }
      ]
    },
    {
      "mode": "managed",
      "type": "aws_cloudwatch_metric_alarm",
      "name": "rds_cpu",
      "provider": "provider[\"registry.terraform.io/hashicorp/aws\"]",
      "instances": [
        {
          "index_key": 0,
          "schema_version": 1,
          "attributes": {
            "actions_enabled": true,
            "alarm_actions": [
              "arn:aws:sns:us-east-1:063331379930:spirulina-dev-alerts"
            ],
            "alarm_description": "RDS CPU \u003e= 70% for 5m",
            "alarm_name": "spirulina-dev-rds-cpu-high",
            "arn": "arn:aws:cloudwatch:us-east-1:063331379930:alarm:spirulina-dev-rds-cpu-high",
            "comparison_operator": "GreaterThanOrEqualToThreshold",
            "datapoints_to_alarm": 0,
            "dimensions": {
              "DBInstanceIdentifier": "spirulina-mysql"
            },
            "evaluate_low_sample_count_percentiles": "",
            "evaluation_periods": 5,
            "extended_statistic": "",
            "id": "spirulina-dev-rds-cpu-high",
            "insufficient_data_actions": null,
            "metric_name": "CPUUtilization",
            "metric_query": [],
            "namespace": "AWS/RDS",
            "ok_actions": [
              "arn:aws:sns:us-east-1:063331379930:spirulina-dev-alerts"
            ],
            "period": 60,
            "statistic": "Average",
            "tags": {
              "Env": "dev",
              "Project": "spirulina"
            },
            "tags_all": {
              "Env": "dev",
              "Project": "spirulina"
            },
            "threshold": 70,
            "threshold_metric_id": "",
            "treat_missing_data": "notBreaching",
            "unit": ""
          },
          "sensitive_attributes": [],
          "identity_schema_version": 0,
          "private": "eyJzY2hlbWFfdmVyc2lvbiI6IjEifQ==",
          "dependencies": [
            "aws_sns_topic.alerts"
          ]
        }
      ]
    },
    {
      "mode": "managed",
      "type": "aws_cloudwatch_metric_alarm",
      "name": "rds_free_storage",
      "provider": "provider[\"registry.terraform.io/hashicorp/aws\"]",
      "instances": [
        {
          "index_key": 0,
          "schema_version": 1,
          "attributes": {
            "actions_enabled": true,
            "alarm_actions": [
              "arn:aws:sns:us-east-1:063331379930:spirulina-dev-alerts"
            ],
            "alarm_description": "RDS free storage \u003c 2048 MB",
            "alarm_name": "spirulina-dev-rds-free-storage-low",
            "arn": "arn:aws:cloudwatch:us-east-1:063331379930:alarm:spirulina-dev-rds-free-storage-low",
            "comparison_operator": "LessThanThreshold",
            "datapoints_to_alarm": 0,
            "dimensions": {
              "DBInstanceIdentifier": "spirulina-mysql"
            },
            "evaluate_low_sample_count_percentiles": "",
            "evaluation_periods": 1,
            "extended_statistic": "",
            "id": "spirulina-dev-rds-free-storage-low",
            "insufficient_data_actions": null,
            "metric_name": "FreeStorageSpace",
            "metric_query": [],
            "namespace": "AWS/RDS",
            "ok_actions": [
              "arn:aws:sns:us-east-1:063331379930:spirulina-dev-alerts"
            ],
            "period": 300,
            "statistic": "Average",
            "tags": {
              "Env": "dev",
              "Project": "spirulina"
            },
            "tags_all": {
              "Env": "dev",
              "Project": "spirulina"
            },
            "threshold": 2147483648,
            "threshold_metric_id": "",
            "treat_missing_data": "notBreaching",
            "unit": ""
          },
          "sensitive_attributes": [],
          "identity_schema_version": 0,
          "private": "eyJzY2hlbWFfdmVyc2lvbiI6IjEifQ==",
          "dependencies": [
            "aws_sns_topic.alerts"
          ]
        }
      ]
    },
    {
      "mode": "managed",
      "type": "aws_cloudwatch_metric_alarm",
      "name": "s3_4xx_rate",
      "provider": "provider[\"registry.terraform.io/hashicorp/aws\"]",
      "instances": [
        {
          "index_key": 0,
          "schema_version": 1,
          "attributes": {
            "actions_enabled": true,
            "alarm_actions": [
              "arn:aws:sns:us-east-1:063331379930:spirulina-dev-alerts"
            ],
            "alarm_description": "S3 4xx error rate elevated (requires request metrics)",
            "alarm_name": "spirulina-dev-s3-4xx-rate",
            "arn": "arn:aws:cloudwatch:us-east-1:063331379930:alarm:spirulina-dev-s3-4xx-rate",
            "comparison_operator": "GreaterThanOrEqualToThreshold",
            "datapoints_to_alarm": 0,
            "dimensions": {
              "BucketName": "frontendspirulina",
              "FilterId": "EntireBucket"
            },
            "evaluate_low_sample_count_percentiles": "",
            "evaluation_periods": 1,
            "extended_statistic": "",
            "id": "spirulina-dev-s3-4xx-rate",
            "insufficient_data_actions": null,
            "metric_name": "4xxErrors",
            "metric_query": [],
            "namespace": "AWS/S3",
            "ok_actions": [
              "arn:aws:sns:us-east-1:063331379930:spirulina-dev-alerts"
            ],
            "period": 300,
            "statistic": "Average",
            "tags": {
              "Env": "dev",
              "Project": "spirulina"
            },
            "tags_all": {
              "Env": "dev",
              "Project": "spirulina"
            },
            "threshold": 5,
            "threshold_metric_id": "",
            "treat_missing_data": "notBreaching",
            "unit": ""
          },
          "sensitive_attributes": [],
          "identity_schema_version": 0,
          "private": "eyJzY2hlbWFfdmVyc2lvbiI6IjEifQ==",
          "dependencies": [
            "aws_sns_topic.alerts"
          ]
        }
      ]
    },
    {
      "mode": "managed",
      "type": "aws_cloudwatch_metric_alarm",
      "name": "s3_5xx",
      "provider": "provider[\"registry.terraform.io/hashicorp/aws\"]",
      "instances": [
        {
          "index_key": 0,
          "schema_version": 1,
          "attributes": {
            "actions_enabled": true,
            "alarm_actions": [
              "arn:aws:sns:us-east-1:063331379930:spirulina-dev-alerts"
            ],
            "alarm_description": "S3 5xx errors elevated (requires request metrics)",
            "alarm_name": "spirulina-dev-s3-5xx",
            "arn": "arn:aws:cloudwatch:us-east-1:063331379930:alarm:spirulina-dev-s3-5xx",
            "comparison_operator": "GreaterThanOrEqualToThreshold",
            "datapoints_to_alarm": 0,
            "dimensions": {
              "BucketName": "frontendspirulina",
              "FilterId": "EntireBucket"
            },
            "evaluate_low_sample_count_percentiles": "",
            "evaluation_periods": 1,
            "extended_statistic": "",
            "id": "spirulina-dev-s3-5xx",
            "insufficient_data_actions": null,
            "metric_name": "5xxErrors",
            "metric_query": [],
            "namespace": "AWS/S3",
            "ok_actions": [
              "arn:aws:sns:us-east-1:063331379930:spirulina-dev-alerts"
            ],
            "period": 300,
            "statistic": "Sum",
            "tags": {
              "Env": "dev",
              "Project": "spirulina"
            },
            "tags_all": {
              "Env": "dev",
              "Project": "spirulina"
            },
            "threshold": 1,
            "threshold_metric_id": "",
            "treat_missing_data": "notBreaching",
            "unit": ""
          },
          "sensitive_attributes": [],
          "identity_schema_version": 0,
          "private": "eyJzY2hlbWFfdmVyc2lvbiI6IjEifQ==",
          "dependencies": [
            "aws_sns_topic.alerts"
          ]
        }
      ]
    },
    {
      "mode": "managed",
      "type": "aws_cloudwatch_metric_alarm",
      "name": "sqs_age_oldest",
      "provider": "provider[\"registry.terraform.io/hashicorp/aws\"]",
      "instances": [
        {
          "index_key": "spirulina-dev-jobs",
          "schema_version": 1,
          "attributes": {
            "actions_enabled": true,
            "alarm_actions": [
              "arn:aws:sns:us-east-1:063331379930:spirulina-dev-alerts"
            ],
            "alarm_description": "AgeOfOldestMessage \u003e= 300s for 5m",
            "alarm_name": "spirulina-dev-sqs-spirulina-dev-jobs-age-oldest",
            "arn": "arn:aws:cloudwatch:us-east-1:063331379930:alarm:spirulina-dev-sqs-spirulina-dev-jobs-age-oldest",
            "comparison_operator": "GreaterThanOrEqualToThreshold",
            "datapoints_to_alarm": 0,
            "dimensions": {
              "QueueName": "spirulina-dev-jobs"
            },
            "evaluate_low_sample_count_percentiles": "",
            "evaluation_periods": 5,
            "extended_statistic": "",
            "id": "spirulina-dev-sqs-spirulina-dev-jobs-age-oldest",
            "insufficient_data_actions": null,
            "metric_name": "ApproximateAgeOfOldestMessage",
            "metric_query": [],
            "namespace": "AWS/SQS",
            "ok_actions": [
              "arn:aws:sns:us-east-1:063331379930:spirulina-dev-alerts"
            ],
            "period": 60,
            "statistic": "Maximum",
            "tags": {
              "Env": "dev",
              "Project": "spirulina"
            },
            "tags_all": {
              "Env": "dev",
              "Project": "spirulina"
            },
            "threshold": 300,
            "threshold_metric_id": "",
            "treat_missing_data": "notBreaching",
            "unit": ""
          },
          "sensitive_attributes": [],
          "identity_schema_version": 0,
          "private": "eyJzY2hlbWFfdmVyc2lvbiI6IjEifQ==",
          "dependencies": [
            "aws_sns_topic.alerts"
          ]
        }
      ]
    },
    {
      "mode": "managed",
      "type": "aws_cloudwatch_metric_alarm",
      "name": "sqs_depth",
      "provider": "provider[\"registry.terraform.io/hashicorp/aws\"]",
      "instances": [
        {
          "index_key": "spirulina-dev-jobs",
          "schema_version": 1,
          "attributes": {
            "actions_enabled": true,
            "alarm_actions": [
              "arn:aws:sns:us-east-1:063331379930:spirulina-dev-alerts"
            ],
            "alarm_description": "SQS visible messages \u003e= 100 for 10m",
            "alarm_name": "spirulina-dev-sqs-spirulina-dev-jobs-depth",
            "arn": "arn:aws:cloudwatch:us-east-1:063331379930:alarm:spirulina-dev-sqs-spirulina-dev-jobs-depth",
            "comparison_operator": "GreaterThanOrEqualToThreshold",
            "datapoints_to_alarm": 0,
            "dimensions": {
              "QueueName": "spirulina-dev-jobs"
            },
            "evaluate_low_sample_count_percentiles": "",
            "evaluation_periods": 10,
            "extended_statistic": "",
            "id": "spirulina-dev-sqs-spirulina-dev-jobs-depth",
            "insufficient_data_actions": null,
            "metric_name": "ApproximateNumberOfMessagesVisible",
            "metric_query": [],
            "namespace": "AWS/SQS",
            "ok_actions": [
              "arn:aws:sns:us-east-1:063331379930:spirulina-dev-alerts"
            ],
            "period": 60,
            "statistic": "Average",
            "tags": {
              "Env": "dev",
              "Project": "spirulina"
            },
            "tags_all": {
              "Env": "dev",
              "Project": "spirulina"
            },
            "threshold": 100,
            "threshold_metric_id": "",
            "treat_missing_data": "notBreaching",
            "unit": ""
          },
          "sensitive_attributes": [],
          "identity_schema_version": 0,
          "private": "eyJzY2hlbWFfdmVyc2lvbiI6IjEifQ==",
          "dependencies": [
            "aws_sns_topic.alerts"
          ]
        }
      ]
    },
    {
      "mode": "managed",
      "type": "aws_cloudwatch_metric_alarm",
      "name": "sqs_dlq_depth",
      "provider": "provider[\"registry.terraform.io/hashicorp/aws\"]",
      "instances": [
        {
          "index_key": "spirulina-dlq",
          "schema_version": 1,
          "attributes": {
            "actions_enabled": true,
            "alarm_actions": [
              "arn:aws:sns:us-east-1:063331379930:spirulina-dev-alerts"
            ],
            "alarm_description": "DLQ has visible messages",
            "alarm_name": "spirulina-dev-sqs-spirulina-dlq-dlq-depth",
            "arn": "arn:aws:cloudwatch:us-east-1:063331379930:alarm:spirulina-dev-sqs-spirulina-dlq-dlq-depth",
            "comparison_operator": "GreaterThanThreshold",
            "datapoints_to_alarm": 0,
            "dimensions": {
              "QueueName": "spirulina-dlq"
            },
            "evaluate_low_sample_count_percentiles": "",
            "evaluation_periods": 1,
            "extended_statistic": "",
            "id": "spirulina-dev-sqs-spirulina-dlq-dlq-depth",
            "insufficient_data_actions": null,
            "metric_name": "ApproximateNumberOfMessagesVisible",
            "metric_query": [],
            "namespace": "AWS/SQS",
            "ok_actions": [
              "arn:aws:sns:us-east-1:063331379930:spirulina-dev-alerts"
            ],
            "period": 60,
            "statistic": "Sum",
            "tags": {
              "Env": "dev",
              "Project": "spirulina"
            },
            "tags_all": {
              "Env": "dev",
              "Project": "spirulina"
            },
            "threshold": 0,
            "threshold_metric_id": "",
            "treat_missing_data": "notBreaching",
            "unit": ""
          },
          "sensitive_attributes": [],
          "identity_schema_version": 0,
          "private": "eyJzY2hlbWFfdmVyc2lvbiI6IjEifQ==",
          "dependencies": [
            "aws_sns_topic.alerts"
          ]
        }
      ]
    },
    {
      "mode": "managed",
      "type": "aws_cloudwatch_metric_alarm",
      "name": "tg_5xx",
      "provider": "provider[\"registry.terraform.io/hashicorp/aws\"]",
      "instances": [
        {
          "schema_version": 1,
          "attributes": {
            "actions_enabled": true,
            "alarm_actions": [
              "arn:aws:sns:us-east-1:063331379930:spirulina-dev-alerts"
            ],
            "alarm_description": "Target 5xx responses elevated",
            "alarm_name": "spirulina-dev-tg-5xx",
            "arn": "arn:aws:cloudwatch:us-east-1:063331379930:alarm:spirulina-dev-tg-5xx",
            "comparison_operator": "GreaterThanThreshold",
            "datapoints_to_alarm": 0,
            "dimensions": {
              "LoadBalancer": "app/spirulina-dev-alb/5d2b629d3202c536",
              "TargetGroup": "targetgroup/spirulina-dev-tg/bac9c8a0f537ceac"
            },
            "evaluate_low_sample_count_percentiles": "",
            "evaluation_periods": 1,
            "extended_statistic": "",
            "id": "spirulina-dev-tg-5xx",
            "insufficient_data_actions": [],
            "metric_name": "HTTPCode_Target_5XX_Count",
            "metric_query": [],
            "namespace": "AWS/ApplicationELB",
            "ok_actions": [
              "arn:aws:sns:us-east-1:063331379930:spirulina-dev-alerts"
            ],
            "period": 300,
            "statistic": "Sum",
            "tags": {
              "Env": "dev",
              "Project": "spirulina"
            },
            "tags_all": {
              "Env": "dev",
              "Project": "spirulina"
            },
            "threshold": 10,
            "threshold_metric_id": "",
            "treat_missing_data": "notBreaching",
            "unit": ""
          },
          "sensitive_attributes": [],
          "identity_schema_version": 0,
          "private": "eyJzY2hlbWFfdmVyc2lvbiI6IjEifQ==",
          "dependencies": [
            "aws_lb.app",
            "aws_lb_target_group.app",
            "aws_security_group.alb",
            "aws_sns_topic.alerts",
            "aws_subnet.public_a",
            "aws_subnet.public_b",
            "aws_vpc.main"
          ]
        }
      ]
    },
    {
      "mode": "managed",
      "type": "aws_cloudwatch_metric_alarm",
      "name": "tg_latency_p90",
      "provider": "provider[\"registry.terraform.io/hashicorp/aws\"]",
      "instances": [
        {
          "schema_version": 1,
          "attributes": {
            "actions_enabled": true,
            "alarm_actions": [
              "arn:aws:sns:us-east-1:063331379930:spirulina-dev-alerts"
            ],
            "alarm_description": "P90 target response time \u003e threshold",
            "alarm_name": "spirulina-dev-tg-latency-p90",
            "arn": "arn:aws:cloudwatch:us-east-1:063331379930:alarm:spirulina-dev-tg-latency-p90",
            "comparison_operator": "GreaterThanThreshold",
            "datapoints_to_alarm": 0,
            "dimensions": {
              "LoadBalancer": "app/spirulina-dev-alb/5d2b629d3202c536",
              "TargetGroup": "targetgroup/spirulina-dev-tg/bac9c8a0f537ceac"
            },
            "evaluate_low_sample_count_percentiles": "",
            "evaluation_periods": 2,
            "extended_statistic": "p90",
            "id": "spirulina-dev-tg-latency-p90",
            "insufficient_data_actions": [],
            "metric_name": "TargetResponseTime",
            "metric_query": [],
            "namespace": "AWS/ApplicationELB",
            "ok_actions": [
              "arn:aws:sns:us-east-1:063331379930:spirulina-dev-alerts"
            ],
            "period": 60,
            "statistic": "",
            "tags": {
              "Env": "dev",
              "Project": "spirulina"
            },
            "tags_all": {
              "Env": "dev",
              "Project": "spirulina"
            },
            "threshold": 1.5,
            "threshold_metric_id": "",
            "treat_missing_data": "notBreaching",
            "unit": ""
          },
          "sensitive_attributes": [],
          "identity_schema_version": 0,
          "private": "eyJzY2hlbWFfdmVyc2lvbiI6IjEifQ==",
          "dependencies": [
            "aws_lb.app",
            "aws_lb_target_group.app",
            "aws_security_group.alb",
            "aws_sns_topic.alerts",
            "aws_subnet.public_a",
            "aws_subnet.public_b",
            "aws_vpc.main"
          ]
        }
      ]
    },
    {
      "mode": "managed",
      "type": "aws_cloudwatch_metric_alarm",
      "name": "tg_unhealthy",
      "provider": "provider[\"registry.terraform.io/hashicorp/aws\"]",
      "instances": [
        {
          "schema_version": 1,
          "attributes": {
            "actions_enabled": true,
            "alarm_actions": [
              "arn:aws:sns:us-east-1:063331379930:spirulina-dev-alerts"
            ],
            "alarm_description": "Unhealthy targets detected",
            "alarm_name": "spirulina-dev-tg-unhealthy",
            "arn": "arn:aws:cloudwatch:us-east-1:063331379930:alarm:spirulina-dev-tg-unhealthy",
            "comparison_operator": "GreaterThanThreshold",
            "datapoints_to_alarm": 0,
            "dimensions": {
              "LoadBalancer": "app/spirulina-dev-alb/5d2b629d3202c536",
              "TargetGroup": "targetgroup/spirulina-dev-tg/bac9c8a0f537ceac"
            },
            "evaluate_low_sample_count_percentiles": "",
            "evaluation_periods": 2,
            "extended_statistic": "",
            "id": "spirulina-dev-tg-unhealthy",
            "insufficient_data_actions": [],
            "metric_name": "UnhealthyHostCount",
            "metric_query": [],
            "namespace": "AWS/ApplicationELB",
            "ok_actions": [
              "arn:aws:sns:us-east-1:063331379930:spirulina-dev-alerts"
            ],
            "period": 60,
            "statistic": "Average",
            "tags": {
              "Env": "dev",
              "Project": "spirulina"
            },
            "tags_all": {
              "Env": "dev",
              "Project": "spirulina"
            },
            "threshold": 0,
            "threshold_metric_id": "",
            "treat_missing_data": "notBreaching",
            "unit": ""
          },
          "sensitive_attributes": [],
          "identity_schema_version": 0,
          "private": "eyJzY2hlbWFfdmVyc2lvbiI6IjEifQ==",
          "dependencies": [
            "aws_lb.app",
            "aws_lb_target_group.app",
            "aws_security_group.alb",
            "aws_sns_topic.alerts",
            "aws_subnet.public_a",
            "aws_subnet.public_b",
            "aws_vpc.main"
          ]
        }
      ]
    },
    {
      "mode": "managed",
      "type": "aws_cloudwatch_metric_alarm",
      "name": "waf_cf_blocked",
      "provider": "provider[\"registry.terraform.io/hashicorp/aws\"]",
      "instances": [
        {
          "index_key": 0,
          "schema_version": 1,
          "attributes": {
            "actions_enabled": true,
            "alarm_actions": [
              "arn:aws:sns:us-east-1:063331379930:spirulina-dev-alerts"
            ],
            "alarm_description": "CloudFront WAF blocked requests \u003e threshold in 5m",
            "alarm_name": "spirulina-dev-waf-cf-blocked",
            "arn": "arn:aws:cloudwatch:us-east-1:063331379930:alarm:spirulina-dev-waf-cf-blocked",
            "comparison_operator": "GreaterThanThreshold",
            "datapoints_to_alarm": 0,
            "dimensions": {
              "Region": "Global",
              "Rule": "ALL",
              "WebACL": "spirulina-dev-cf"
            },
            "evaluate_low_sample_count_percentiles": "",
            "evaluation_periods": 1,
            "extended_statistic": "",
            "id": "spirulina-dev-waf-cf-blocked",
            "insufficient_data_actions": null,
            "metric_name": "BlockedRequests",
            "metric_query": [],
            "namespace": "AWS/WAFV2",
            "ok_actions": [
              "arn:aws:sns:us-east-1:063331379930:spirulina-dev-alerts"
            ],
            "period": 300,
            "statistic": "Sum",
            "tags": {
              "Env": "dev",
              "Project": "spirulina"
            },
            "tags_all": {
              "Env": "dev",
              "Project": "spirulina"
            },
            "threshold": 100,
            "threshold_metric_id": "",
            "treat_missing_data": "notBreaching",
            "unit": ""
          },
          "sensitive_attributes": [],
          "identity_schema_version": 0,
          "private": "eyJzY2hlbWFfdmVyc2lvbiI6IjEifQ==",
          "dependencies": [
            "aws_sns_topic.alerts"
          ]
        }
      ]
    },
    {
      "mode": "managed",
      "type": "aws_cloudwatch_metric_alarm",
      "name": "waf_regional_blocked",
      "provider": "provider[\"registry.terraform.io/hashicorp/aws\"]",
      "instances": [
        {
          "schema_version": 1,
          "attributes": {
            "actions_enabled": true,
            "alarm_actions": [
              "arn:aws:sns:us-east-1:063331379930:spirulina-dev-alerts"
            ],
            "alarm_description": "Regional WAF blocked requests \u003e threshold in 5m",
            "alarm_name": "spirulina-dev-waf-regional-blocked",
            "arn": "arn:aws:cloudwatch:us-east-1:063331379930:alarm:spirulina-dev-waf-regional-blocked",
            "comparison_operator": "GreaterThanThreshold",
            "datapoints_to_alarm": 0,
            "dimensions": {
              "Region": "us-east-1",
              "Rule": "ALL",
              "WebACL": "spirulina-dev-regional"
            },
            "evaluate_low_sample_count_percentiles": "",
            "evaluation_periods": 1,
            "extended_statistic": "",
            "id": "spirulina-dev-waf-regional-blocked",
            "insufficient_data_actions": [],
            "metric_name": "BlockedRequests",
            "metric_query": [],
            "namespace": "AWS/WAFV2",
            "ok_actions": [
              "arn:aws:sns:us-east-1:063331379930:spirulina-dev-alerts"
            ],
            "period": 300,
            "statistic": "Sum",
            "tags": {
              "Env": "dev",
              "Project": "spirulina"
            },
            "tags_all": {
              "Env": "dev",
              "Project": "spirulina"
            },
            "threshold": 100,
            "threshold_metric_id": "",
            "treat_missing_data": "notBreaching",
            "unit": ""
          },
          "sensitive_attributes": [],
          "identity_schema_version": 0,
          "private": "eyJzY2hlbWFfdmVyc2lvbiI6IjEifQ==",
          "dependencies": [
            "aws_sns_topic.alerts",
            "data.aws_region.current"
          ]
        }
      ]
    },
    {
      "mode": "managed",
      "type": "aws_cognito_user_pool",
      "name": "main",
      "provider": "provider[\"registry.terraform.io/hashicorp/aws\"]",
      "instances": [
        {
          "schema_version": 0,
          "attributes": {
            "account_recovery_setting": [
              {
                "recovery_mechanism": [
                  {
                    "name": "admin_only",
                    "priority": 1
                  }
                ]
              }
            ],
            "admin_create_user_config": [
              {
                "allow_admin_create_user_only": false,
                "invite_message_template": []
              }
            ],
            "alias_attributes": null,
            "arn": "arn:aws:cognito-idp:us-east-1:063331379930:userpool/us-east-1_8waOkdoUR",
            "auto_verified_attributes": [
              "email"
            ],
            "creation_date": "2025-09-30T06:51:38Z",
            "custom_domain": "",
            "deletion_protection": "INACTIVE",
            "device_configuration": [],
            "domain": "spirulina",
            "email_configuration": [
              {
                "configuration_set": "",
                "email_sending_account": "COGNITO_DEFAULT",
                "from_email_address": "",
                "reply_to_email_address": "",
                "source_arn": ""
              }
            ],
            "email_mfa_configuration": [],
            "email_verification_message": "",
            "email_verification_subject": "",
            "endpoint": "cognito-idp.us-east-1.amazonaws.com/us-east-1_8waOkdoUR",
            "estimated_number_of_users": 2,
            "id": "us-east-1_8waOkdoUR",
            "lambda_config": [],
            "last_modified_date": "2025-10-15T11:29:13Z",
            "mfa_configuration": "OFF",
            "name": "spirulina-user-pool",
            "password_policy": [
              {
                "minimum_length": 8,
                "password_history_size": 0,
                "require_lowercase": true,
                "require_numbers": true,
                "require_symbols": false,
                "require_uppercase": true,
                "temporary_password_validity_days": 7
              }
            ],
            "schema": [
              {
                "attribute_data_type": "String",
                "developer_only_attribute": false,
                "mutable": true,
                "name": "email",
                "number_attribute_constraints": [],
                "required": true,
                "string_attribute_constraints": [
                  {
                    "max_length": "2048",
                    "min_length": "5"
                  }
                ]
              }
            ],
            "sign_in_policy": [
              {
                "allowed_first_auth_factors": [
                  "PASSWORD"
                ]
              }
            ],
            "sms_authentication_message": "",
            "sms_configuration": [],
            "sms_verification_message": "",
            "software_token_mfa_configuration": [],
            "tags": {},
            "tags_all": {},
            "user_attribute_update_settings": [],
            "user_pool_add_ons": [],
            "user_pool_tier": "ESSENTIALS",
            "username_attributes": [
              "email"
            ],
            "username_configuration": [],
            "verification_message_template": [
              {
                "default_email_option": "CONFIRM_WITH_CODE",
                "email_message": "",
                "email_message_by_link": "",
                "email_subject": "",
                "email_subject_by_link": "",
                "sms_message": ""
              }
            ],
            "web_authn_configuration": []
          },
          "sensitive_attributes": [],
          "identity_schema_version": 0,
          "private": "bnVsbA=="
        }
      ]
    },
    {
      "mode": "managed",
      "type": "aws_cognito_user_pool_client",
      "name": "spa",
      "provider": "provider[\"registry.terraform.io/hashicorp/aws\"]",
      "instances": [
        {
          "schema_version": 0,
          "attributes": {
            "access_token_validity": 60,
            "allowed_oauth_flows": [
              "implicit"
            ],
            "allowed_oauth_flows_user_pool_client": true,
            "allowed_oauth_scopes": [
              "email",
              "openid"
            ],
            "analytics_configuration": [],
            "auth_session_validity": 3,
            "callback_urls": [
              "http://localhost:5173/",
              "https://dfp7iv1t22kle.cloudfront.net/"
            ],
            "client_secret": "",
            "default_redirect_uri": "",
            "enable_propagate_additional_user_context_data": false,
            "enable_token_revocation": true,
            "explicit_auth_flows": [
              "ALLOW_REFRESH_TOKEN_AUTH",
              "ALLOW_USER_PASSWORD_AUTH",
              "ALLOW_USER_SRP_AUTH"
            ],
            "generate_secret": false,
            "id": "oh2vf9imle1l56nkk6fmkte0i",
            "id_token_validity": 60,
            "logout_urls": [
              "http://localhost:5173/",
              "https://dfp7iv1t22kle.cloudfront.net/"
            ],
            "name": "spirulina-spa",
            "prevent_user_existence_errors": "",
            "read_attributes": [],
            "refresh_token_rotation": [],
            "refresh_token_validity": 30,
            "supported_identity_providers": [
              "COGNITO"
            ],
            "token_validity_units": [
              {
                "access_token": "minutes",
                "id_token": "minutes",
                "refresh_token": "days"
              }
            ],
            "user_pool_id": "us-east-1_8waOkdoUR",
            "write_attributes": []
          },
          "sensitive_attributes": [
            [
              {
                "type": "get_attr",
                "value": "client_secret"
              }
            ]
          ],
          "identity_schema_version": 0,
          "dependencies": [
            "aws_cognito_user_pool.main"
          ]
        }
      ]
    },
    {
      "mode": "managed",
      "type": "aws_db_instance",
      "name": "mysql",
      "provider": "provider[\"registry.terraform.io/hashicorp/aws\"]",
      "instances": [
        {
          "schema_version": 2,
          "attributes": {
            "address": "spirulina-mysql.cuvaky8ia00r.us-east-1.rds.amazonaws.com",
            "allocated_storage": 20,
            "allow_major_version_upgrade": null,
            "apply_immediately": false,
            "arn": "arn:aws:rds:us-east-1:063331379930:db:spirulina-mysql",
            "auto_minor_version_upgrade": true,
            "availability_zone": "us-east-1a",
            "backup_retention_period": 0,
            "backup_target": "region",
            "backup_window": "05:36-06:06",
            "blue_green_update": [],
            "ca_cert_identifier": "rds-ca-rsa2048-g1",
            "character_set_name": "",
            "copy_tags_to_snapshot": false,
            "custom_iam_instance_profile": "",
            "customer_owned_ip_enabled": false,
            "database_insights_mode": "standard",
            "db_name": "spirulinadb",
            "db_subnet_group_name": "spirulina-dev-rds-subnets",
            "dedicated_log_volume": false,
            "delete_automated_backups": true,
            "deletion_protection": false,
            "domain": "",
            "domain_auth_secret_arn": "",
            "domain_dns_ips": [],
            "domain_fqdn": "",
            "domain_iam_role_name": "",
            "domain_ou": "",
            "enabled_cloudwatch_logs_exports": [],
            "endpoint": "spirulina-mysql.cuvaky8ia00r.us-east-1.rds.amazonaws.com:3306",
            "engine": "mysql",
            "engine_lifecycle_support": "open-source-rds-extended-support",
            "engine_version": "8.0",
            "engine_version_actual": "8.0.42",
            "final_snapshot_identifier": null,
            "hosted_zone_id": "Z2R2ITUGPM61AM",
            "iam_database_authentication_enabled": false,
            "id": "db-75CFAMKZEE5YUXPUZ4KOFSIKFY",
            "identifier": "spirulina-mysql",
            "identifier_prefix": "",
            "instance_class": "db.t3.micro",
            "iops": 0,
            "kms_key_id": "",
            "latest_restorable_time": "",
            "license_model": "general-public-license",
            "listener_endpoint": [],
            "maintenance_window": "mon:09:13-mon:09:43",
            "manage_master_user_password": null,
            "master_user_secret": [],
            "master_user_secret_kms_key_id": null,
            "max_allocated_storage": 0,
            "monitoring_interval": 0,
            "monitoring_role_arn": "",
            "multi_az": true,
            "nchar_character_set_name": "",
            "network_type": "IPV4",
            "option_group_name": "default:mysql-8-0",
            "parameter_group_name": "default.mysql8.0",
            "password": "8Wifmxqj3oWhQkxNUQbI",
            "password_wo": null,
            "password_wo_version": null,
            "performance_insights_enabled": false,
            "performance_insights_kms_key_id": "",
            "performance_insights_retention_period": 0,
            "port": 3306,
            "publicly_accessible": false,
            "replica_mode": "",
            "replicas": [],
            "replicate_source_db": "",
            "resource_id": "db-75CFAMKZEE5YUXPUZ4KOFSIKFY",
            "restore_to_point_in_time": [],
            "s3_import": [],
            "skip_final_snapshot": true,
            "snapshot_identifier": null,
            "status": "available",
            "storage_encrypted": false,
            "storage_throughput": 0,
            "storage_type": "gp2",
            "tags": {},
            "tags_all": {},
            "timeouts": null,
            "timezone": "",
            "upgrade_storage_config": null,
            "username": "spirulina_app",
            "vpc_security_group_ids": [
              "sg-09d533702f1641fcc"
            ]
          },
          "sensitive_attributes": [
            [
              {
                "type": "get_attr",
                "value": "password"
              }
            ],
            [
              {
                "type": "get_attr",
                "value": "password_wo"
              }
            ]
          ],
          "identity_schema_version": 0,
          "private": "eyJlMmJmYjczMC1lY2FhLTExZTYtOGY4OC0zNDM2M2JjN2M0YzAiOnsiY3JlYXRlIjozMDAwMDAwMDAwMDAwLCJkZWxldGUiOjM2MDAwMDAwMDAwMDAsInVwZGF0ZSI6NDgwMDAwMDAwMDAwMH0sInNjaGVtYV92ZXJzaW9uIjoiMiJ9",
          "dependencies": [
            "aws_db_subnet_group.rds",
            "aws_security_group.rds",
            "aws_subnet.private_a",
            "aws_subnet.private_b",
            "aws_vpc.main",
            "random_password.db"
          ]
        }
      ]
    },
    {
      "mode": "managed",
      "type": "aws_db_subnet_group",
      "name": "rds",
      "provider": "provider[\"registry.terraform.io/hashicorp/aws\"]",
      "instances": [
        {
          "schema_version": 0,
          "attributes": {
            "arn": "arn:aws:rds:us-east-1:063331379930:subgrp:spirulina-dev-rds-subnets",
            "description": "Managed by Terraform",
            "id": "spirulina-dev-rds-subnets",
            "name": "spirulina-dev-rds-subnets",
            "name_prefix": "",
            "subnet_ids": [
              "subnet-0af43a4539acfddcb",
              "subnet-0f4c643307c8f2687"
            ],
            "supported_network_types": [
              "IPV4"
            ],
            "tags": {
              "Name": "spirulina-dev-rds-subnets"
            },
            "tags_all": {
              "Name": "spirulina-dev-rds-subnets"
            },
            "vpc_id": "vpc-001c13fe47f9e6141"
          },
          "sensitive_attributes": [],
          "identity_schema_version": 0,
          "private": "bnVsbA==",
          "dependencies": [
            "aws_subnet.private_a",
            "aws_subnet.private_b",
            "aws_vpc.main"
          ]
        }
      ]
    },
    {
      "mode": "managed",
      "type": "aws_dynamodb_table",
      "name": "conns",
      "provider": "provider[\"registry.terraform.io/hashicorp/aws\"]",
      "instances": [
        {
          "schema_version": 1,
          "attributes": {
            "arn": "arn:aws:dynamodb:us-east-1:063331379930:table/spirulina-pubsub",
            "attribute": [
              {
                "name": "connectionId",
                "type": "S"
              },
              {
                "name": "pk",
                "type": "S"
              },
              {
                "name": "sk",
                "type": "S"
              }
            ],
            "billing_mode": "PAY_PER_REQUEST",
            "deletion_protection_enabled": false,
            "global_secondary_index": [
              {
                "hash_key": "connectionId",
                "name": "gsi_conn",
                "non_key_attributes": [
                  "pk",
                  "sk"
                ],
                "on_demand_throughput": [],
                "projection_type": "INCLUDE",
                "range_key": "",
                "read_capacity": 0,
                "write_capacity": 0
              }
            ],
            "hash_key": "pk",
            "id": "spirulina-pubsub",
            "import_table": [],
            "local_secondary_index": [],
            "name": "spirulina-pubsub",
            "on_demand_throughput": [],
            "point_in_time_recovery": [
              {
                "enabled": false,
                "recovery_period_in_days": 0
              }
            ],
            "range_key": "sk",
            "read_capacity": 0,
            "replica": [],
            "restore_date_time": null,
            "restore_source_name": null,
            "restore_source_table_arn": null,
            "restore_to_latest_time": null,
            "server_side_encryption": [],
            "stream_arn": "",
            "stream_enabled": false,
            "stream_label": "",
            "stream_view_type": "",
            "table_class": "STANDARD",
            "tags": {
              "Name": "spirulina-dev-conns"
            },
            "tags_all": {
              "Name": "spirulina-dev-conns"
            },
            "timeouts": null,
            "ttl": [
              {
                "attribute_name": "ttl",
                "enabled": true
              }
            ],
            "write_capacity": 0
          },
          "sensitive_attributes": [],
          "identity_schema_version": 0,
          "private": "eyJlMmJmYjczMC1lY2FhLTExZTYtOGY4OC0zNDM2M2JjN2M0YzAiOnsiY3JlYXRlIjoxODAwMDAwMDAwMDAwLCJkZWxldGUiOjYwMDAwMDAwMDAwMCwidXBkYXRlIjozNjAwMDAwMDAwMDAwfSwic2NoZW1hX3ZlcnNpb24iOiIxIn0="
        }
      ]
    },
    {
      "mode": "managed",
      "type": "aws_eip",
      "name": "nat",
      "provider": "provider[\"registry.terraform.io/hashicorp/aws\"]",
      "instances": [
        {
          "schema_version": 0,
          "attributes": {
            "address": null,
            "allocation_id": "eipalloc-063761f3258539302",
            "arn": "arn:aws:ec2:us-east-1:063331379930:elastic-ip/eipalloc-063761f3258539302",
            "associate_with_private_ip": null,
            "association_id": "eipassoc-0808c06fa72f4be1b",
            "carrier_ip": "",
            "customer_owned_ip": "",
            "customer_owned_ipv4_pool": "",
            "domain": "vpc",
            "id": "eipalloc-063761f3258539302",
            "instance": "",
            "ipam_pool_id": null,
            "network_border_group": "us-east-1",
            "network_interface": "eni-0eabe8edd4fd33dda",
            "private_dns": "ip-10-20-1-133.ec2.internal",
            "private_ip": "10.20.1.133",
            "ptr_record": "",
            "public_dns": "ec2-34-205-218-128.compute-1.amazonaws.com",
            "public_ip": "34.205.218.128",
            "public_ipv4_pool": "amazon",
            "tags": {
              "Name": "spirulina-dev-nat-eip"
            },
            "tags_all": {
              "Name": "spirulina-dev-nat-eip"
            },
            "timeouts": null,
            "vpc": true
          },
          "sensitive_attributes": [],
          "identity_schema_version": 0,
          "private": "eyJlMmJmYjczMC1lY2FhLTExZTYtOGY4OC0zNDM2M2JjN2M0YzAiOnsiZGVsZXRlIjoxODAwMDAwMDAwMDAsInJlYWQiOjkwMDAwMDAwMDAwMCwidXBkYXRlIjozMDAwMDAwMDAwMDB9fQ=="
        }
      ]
    },
    {
      "mode": "managed",
      "type": "aws_instance",
      "name": "bastion",
      "provider": "provider[\"registry.terraform.io/hashicorp/aws\"]",
      "instances": [
        {
          "schema_version": 1,
          "attributes": {
            "ami": "ami-0b9755dd9758b73ce",
            "arn": "arn:aws:ec2:us-east-1:063331379930:instance/i-07994dde27228d8d1",
            "associate_public_ip_address": true,
            "availability_zone": "us-east-1a",
            "capacity_reservation_specification": [
              {
                "capacity_reservation_preference": "open",
                "capacity_reservation_target": []
              }
            ],
            "cpu_core_count": 1,
            "cpu_options": [
              {
                "amd_sev_snp": "",
                "core_count": 1,
                "threads_per_core": 2
              }
            ],
            "cpu_threads_per_core": 2,
            "credit_specification": [
              {
                "cpu_credits": "unlimited"
              }
            ],
            "disable_api_stop": false,
            "disable_api_termination": false,
            "ebs_block_device": [],
            "ebs_optimized": false,
            "enable_primary_ipv6": null,
            "enclave_options": [
              {
                "enabled": false
              }
            ],
            "ephemeral_block_device": [],
            "get_password_data": false,
            "hibernation": false,
            "host_id": "",
            "host_resource_group_arn": null,
            "iam_instance_profile": "",
            "id": "i-07994dde27228d8d1",
            "instance_initiated_shutdown_behavior": "stop",
            "instance_lifecycle": "",
            "instance_market_options": [],
            "instance_state": "running",
            "instance_type": "t3.micro",
            "ipv6_address_count": 0,
            "ipv6_addresses": [],
            "key_name": "spirulina-bastion-key",
            "launch_template": [],
            "maintenance_options": [
              {
                "auto_recovery": "default"
              }
            ],
            "metadata_options": [
              {
                "http_endpoint": "enabled",
                "http_protocol_ipv6": "disabled",
                "http_put_response_hop_limit": 2,
                "http_tokens": "required",
                "instance_metadata_tags": "disabled"
              }
            ],
            "monitoring": false,
            "network_interface": [],
            "outpost_arn": "",
            "password_data": "",
            "placement_group": "",
            "placement_partition_number": 0,
            "primary_network_interface_id": "eni-02ed4355e5fc23afe",
            "private_dns": "ip-10-20-1-126.ec2.internal",
            "private_dns_name_options": [
              {
                "enable_resource_name_dns_a_record": false,
                "enable_resource_name_dns_aaaa_record": false,
                "hostname_type": "ip-name"
              }
            ],
            "private_ip": "10.20.1.126",
            "public_dns": "ec2-34-207-193-57.compute-1.amazonaws.com",
            "public_ip": "34.207.193.57",
            "root_block_device": [
              {
                "delete_on_termination": true,
                "device_name": "/dev/xvda",
                "encrypted": false,
                "iops": 3000,
                "kms_key_id": "",
                "tags": {},
                "tags_all": {},
                "throughput": 125,
                "volume_id": "vol-0053bfe2a32299f8d",
                "volume_size": 30,
                "volume_type": "gp3"
              }
            ],
            "secondary_private_ips": [],
            "security_groups": [],
            "source_dest_check": true,
            "spot_instance_request_id": "",
            "subnet_id": "subnet-07b147239129a03aa",
            "tags": {
              "Name": "spirulina-bastion"
            },
            "tags_all": {
              "Name": "spirulina-bastion"
            },
            "tenancy": "default",
            "timeouts": null,
            "user_data": "28c67638155d2afd347f9f0a83c69b501577cbb5",
            "user_data_base64": null,
            "user_data_replace_on_change": false,
            "volume_tags": null,
            "vpc_security_group_ids": [
              "sg-0f4f40a889ff309a3"
            ]
          },
          "sensitive_attributes": [],
          "identity_schema_version": 0,
          "private": "eyJlMmJmYjczMC1lY2FhLTExZTYtOGY4OC0zNDM2M2JjN2M0YzAiOnsiY3JlYXRlIjo2MDAwMDAwMDAwMDAsImRlbGV0ZSI6MTIwMDAwMDAwMDAwMCwicmVhZCI6OTAwMDAwMDAwMDAwLCJ1cGRhdGUiOjYwMDAwMDAwMDAwMH0sInNjaGVtYV92ZXJzaW9uIjoiMSJ9",
          "dependencies": [
            "aws_key_pair.bastion",
            "aws_security_group.bastion",
            "aws_subnet.public_a",
            "aws_vpc.main",
            "data.aws_ami.al2023"
          ]
        }
      ]
    },
    {
      "mode": "managed",
      "type": "aws_internet_gateway",
      "name": "igw",
      "provider": "provider[\"registry.terraform.io/hashicorp/aws\"]",
      "instances": [
        {
          "schema_version": 0,
          "attributes": {
            "arn": "arn:aws:ec2:us-east-1:063331379930:internet-gateway/igw-013099255a8ebc312",
            "id": "igw-013099255a8ebc312",
            "owner_id": "063331379930",
            "tags": {
              "Name": "spirulina-dev-igw"
            },
            "tags_all": {
              "Name": "spirulina-dev-igw"
            },
            "timeouts": null,
            "vpc_id": "vpc-001c13fe47f9e6141"
          },
          "sensitive_attributes": [],
          "identity_schema_version": 0,
          "private": "eyJlMmJmYjczMC1lY2FhLTExZTYtOGY4OC0zNDM2M2JjN2M0YzAiOnsiY3JlYXRlIjoxMjAwMDAwMDAwMDAwLCJkZWxldGUiOjEyMDAwMDAwMDAwMDAsInVwZGF0ZSI6MTIwMDAwMDAwMDAwMH19",
          "dependencies": [
            "aws_vpc.main"
          ]
        }
      ]
    },
    {
      "mode": "managed",
      "type": "aws_key_pair",
      "name": "bastion",
      "provider": "provider[\"registry.terraform.io/hashicorp/aws\"]",
      "instances": [
        {
          "schema_version": 1,
          "attributes": {
            "arn": "arn:aws:ec2:us-east-1:063331379930:key-pair/spirulina-bastion-key",
            "fingerprint": "9rsipJJOK3GbnOVpyPxerEwx0V46h4kmlpdClrYzp+g=",
            "id": "spirulina-bastion-key",
            "key_name": "spirulina-bastion-key",
            "key_name_prefix": "",
            "key_pair_id": "key-0ad3b6670588cf918",
            "key_type": "ed25519",
            "public_key": "ssh-ed25519 AAAAC3NzaC1lZDI1NTE5AAAAIE3bTMVJc9oEZygz6PuQOOXqeiK0l9XmHgQMu33GibtP Elton@laptop",
            "tags": {},
            "tags_all": {}
          },
          "sensitive_attributes": [],
          "identity_schema_version": 0,
          "private": "eyJzY2hlbWFfdmVyc2lvbiI6IjEifQ=="
        }
      ]
    },
    {
      "mode": "managed",
      "type": "aws_lambda_event_source_mapping",
      "name": "sqs_to_worker",
      "provider": "provider[\"registry.terraform.io/hashicorp/aws\"]",
      "instances": [
        {
          "schema_version": 0,
          "attributes": {
            "amazon_managed_kafka_event_source_config": [],
            "arn": "arn:aws:lambda:us-east-1:063331379930:event-source-mapping:f232f7b6-6074-4d89-a74e-eb3ca6ce82f1",
            "batch_size": 5,
            "bisect_batch_on_function_error": false,
            "destination_config": [],
            "document_db_event_source_config": [],
            "enabled": true,
            "event_source_arn": "arn:aws:sqs:us-east-1:063331379930:spirulina-snapshot-queue",
            "filter_criteria": [],
            "function_arn": "arn:aws:lambda:us-east-1:063331379930:function:spirulina-dev-worker",
            "function_name": "arn:aws:lambda:us-east-1:063331379930:function:spirulina-dev-worker",
            "function_response_types": [],
            "id": "f232f7b6-6074-4d89-a74e-eb3ca6ce82f1",
            "kms_key_arn": "",
            "last_modified": "2025-09-30T09:31:40Z",
            "last_processing_result": "",
            "maximum_batching_window_in_seconds": 0,
            "maximum_record_age_in_seconds": 0,
            "maximum_retry_attempts": 0,
            "metrics_config": [],
            "parallelization_factor": 0,
            "provisioned_poller_config": [],
            "queues": [],
            "scaling_config": [],
            "self_managed_event_source": [],
            "self_managed_kafka_event_source_config": [],
            "source_access_configuration": [],
            "starting_position": "",
            "starting_position_timestamp": "",
            "state": "Enabled",
            "state_transition_reason": "USER_INITIATED",
            "tags": {},
            "tags_all": {},
            "topics": [],
            "tumbling_window_in_seconds": 0,
            "uuid": "f232f7b6-6074-4d89-a74e-eb3ca6ce82f1"
          },
          "sensitive_attributes": [],
          "identity_schema_version": 0,
          "private": "bnVsbA==",
          "dependencies": [
            "aws_apigatewayv2_api.ws",
            "aws_apigatewayv2_stage.ws_prod",
            "aws_dynamodb_table.conns",
            "aws_lambda_function.worker",
            "aws_lambda_layer_version.bs4",
            "aws_lambda_layer_version.mysql_layer",
            "aws_lambda_layer_version.requests_layer",
            "aws_secretsmanager_secret.db",
            "aws_secretsmanager_secret.scraper",
            "aws_security_group.lambda",
            "aws_sqs_queue.dlq",
            "aws_sqs_queue.main",
            "aws_subnet.private_a",
            "aws_subnet.private_b",
            "aws_vpc.main",
            "data.archive_file.mysql_layer_zip",
            "data.archive_file.requests_layer_zip",
            "data.archive_file.worker_zip",
            "data.aws_iam_role.labrole"
          ]
        }
      ]
    },
    {
      "mode": "managed",
      "type": "aws_lambda_function",
      "name": "connect",
      "provider": "provider[\"registry.terraform.io/hashicorp/aws\"]",
      "instances": [
        {
          "schema_version": 0,
          "attributes": {
            "architectures": [
              "x86_64"
            ],
            "arn": "arn:aws:lambda:us-east-1:063331379930:function:spirulina-dev-connect",
            "code_sha256": "l4ycXUdfu8Hf5K/ndtWs5i2heRWrjkSbPZrzAfyy0I8=",
            "code_signing_config_arn": "",
            "dead_letter_config": [],
            "description": "",
            "environment": [
              {
                "variables": {
                  "CONN_TABLE": "spirulina-pubsub",
                  "REGION": "us-east-1",
                  "TTL_DAYS": "1"
                }
              }
            ],
            "ephemeral_storage": [
              {
                "size": 512
              }
            ],
            "file_system_config": [],
            "filename": "./dist/connect.zip",
            "function_name": "spirulina-dev-connect",
            "handler": "handler.lambda_handler",
            "id": "spirulina-dev-connect",
            "image_config": [],
            "image_uri": "",
            "invoke_arn": "arn:aws:apigateway:us-east-1:lambda:path/2015-03-31/functions/arn:aws:lambda:us-east-1:063331379930:function:spirulina-dev-connect/invocations",
            "kms_key_arn": "",
            "last_modified": "2025-09-30T09:27:36.175+0000",
            "layers": [],
            "logging_config": [
              {
                "application_log_level": "",
                "log_format": "Text",
                "log_group": "/aws/lambda/spirulina-dev-connect",
                "system_log_level": ""
              }
            ],
            "memory_size": 128,
            "package_type": "Zip",
            "publish": false,
            "qualified_arn": "arn:aws:lambda:us-east-1:063331379930:function:spirulina-dev-connect:$LATEST",
            "qualified_invoke_arn": "arn:aws:apigateway:us-east-1:lambda:path/2015-03-31/functions/arn:aws:lambda:us-east-1:063331379930:function:spirulina-dev-connect:$LATEST/invocations",
            "replace_security_groups_on_destroy": null,
            "replacement_security_group_ids": null,
            "reserved_concurrent_executions": -1,
            "role": "arn:aws:iam::063331379930:role/LabRole",
            "runtime": "python3.12",
            "s3_bucket": null,
            "s3_key": null,
            "s3_object_version": null,
            "signing_job_arn": "",
            "signing_profile_version_arn": "",
            "skip_destroy": false,
            "snap_start": [],
            "source_code_hash": "",
            "source_code_size": 828,
            "tags": {},
            "tags_all": {},
            "timeout": 10,
            "timeouts": null,
            "tracing_config": [
              {
                "mode": "PassThrough"
              }
            ],
            "version": "$LATEST",
            "vpc_config": [
              {
                "ipv6_allowed_for_dual_stack": false,
                "security_group_ids": [
                  "sg-0b9b0b16700e6e65f"
                ],
                "subnet_ids": [
                  "subnet-0af43a4539acfddcb",
                  "subnet-0f4c643307c8f2687"
                ],
                "vpc_id": "vpc-001c13fe47f9e6141"
              }
            ]
          },
          "sensitive_attributes": [],
          "identity_schema_version": 0,
          "private": "eyJlMmJmYjczMC1lY2FhLTExZTYtOGY4OC0zNDM2M2JjN2M0YzAiOnsiY3JlYXRlIjo2MDAwMDAwMDAwMDAsImRlbGV0ZSI6NjAwMDAwMDAwMDAwLCJ1cGRhdGUiOjYwMDAwMDAwMDAwMH19",
          "dependencies": [
            "aws_dynamodb_table.conns",
            "aws_secretsmanager_secret.db",
            "aws_secretsmanager_secret.scraper",
            "aws_security_group.lambda",
            "aws_sqs_queue.dlq",
            "aws_sqs_queue.main",
            "aws_subnet.private_a",
            "aws_subnet.private_b",
            "aws_vpc.main",
            "data.archive_file.connect_zip",
            "data.aws_iam_role.labrole"
          ]
        }
      ]
    },
    {
      "mode": "managed",
      "type": "aws_lambda_function",
      "name": "delete_watchlist",
      "provider": "provider[\"registry.terraform.io/hashicorp/aws\"]",
      "instances": [
        {
          "schema_version": 0,
          "attributes": {
            "architectures": [
              "x86_64"
            ],
            "arn": "arn:aws:lambda:us-east-1:063331379930:function:spirulina-dev-delete-watchlist",
            "code_sha256": "iLHBv9khuuEyFwdfKz7oXx8d/pAVGyl53/DR9/hKyig=",
            "code_signing_config_arn": "",
            "dead_letter_config": [],
            "description": "",
            "environment": [
              {
                "variables": {
                  "DB_SECRET_ARN": "arn:aws:secretsmanager:us-east-1:063331379930:secret:spirulina/db-FPuMQT",
                  "REGION": "us-east-1"
                }
              }
            ],
            "ephemeral_storage": [
              {
                "size": 512
              }
            ],
            "file_system_config": [],
            "filename": "./delete_watchlist.zip",
            "function_name": "spirulina-dev-delete-watchlist",
            "handler": "handler.lambda_handler",
            "id": "spirulina-dev-delete-watchlist",
            "image_config": [],
            "image_uri": "",
            "invoke_arn": "arn:aws:apigateway:us-east-1:lambda:path/2015-03-31/functions/arn:aws:lambda:us-east-1:063331379930:function:spirulina-dev-delete-watchlist/invocations",
            "kms_key_arn": "",
            "last_modified": "2025-09-30T09:31:56.452+0000",
            "layers": [
              "arn:aws:lambda:us-east-1:063331379930:layer:spirulina-mysql:3",
              "arn:aws:lambda:us-east-1:063331379930:layer:spirulina-requests:3"
            ],
            "logging_config": [
              {
                "application_log_level": "",
                "log_format": "Text",
                "log_group": "/aws/lambda/spirulina-dev-delete-watchlist",
                "system_log_level": ""
              }
            ],
            "memory_size": 256,
            "package_type": "Zip",
            "publish": false,
            "qualified_arn": "arn:aws:lambda:us-east-1:063331379930:function:spirulina-dev-delete-watchlist:$LATEST",
            "qualified_invoke_arn": "arn:aws:apigateway:us-east-1:lambda:path/2015-03-31/functions/arn:aws:lambda:us-east-1:063331379930:function:spirulina-dev-delete-watchlist:$LATEST/invocations",
            "replace_security_groups_on_destroy": null,
            "replacement_security_group_ids": null,
            "reserved_concurrent_executions": -1,
            "role": "arn:aws:iam::063331379930:role/LabRole",
            "runtime": "python3.12",
            "s3_bucket": null,
            "s3_key": null,
            "s3_object_version": null,
            "signing_job_arn": "",
            "signing_profile_version_arn": "",
            "skip_destroy": false,
            "snap_start": [],
            "source_code_hash": "",
            "source_code_size": 2026,
            "tags": {},
            "tags_all": {},
            "timeout": 15,
            "timeouts": null,
            "tracing_config": [
              {
                "mode": "PassThrough"
              }
            ],
            "version": "$LATEST",
            "vpc_config": [
              {
                "ipv6_allowed_for_dual_stack": false,
                "security_group_ids": [
                  "sg-0b9b0b16700e6e65f"
                ],
                "subnet_ids": [
                  "subnet-0af43a4539acfddcb",
                  "subnet-0f4c643307c8f2687"
                ],
                "vpc_id": "vpc-001c13fe47f9e6141"
              }
            ]
          },
          "sensitive_attributes": [],
          "identity_schema_version": 0,
          "private": "eyJlMmJmYjczMC1lY2FhLTExZTYtOGY4OC0zNDM2M2JjN2M0YzAiOnsiY3JlYXRlIjo2MDAwMDAwMDAwMDAsImRlbGV0ZSI6NjAwMDAwMDAwMDAwLCJ1cGRhdGUiOjYwMDAwMDAwMDAwMH19",
          "dependencies": [
            "aws_dynamodb_table.conns",
            "aws_lambda_layer_version.mysql_layer",
            "aws_lambda_layer_version.requests_layer",
            "aws_secretsmanager_secret.db",
            "aws_secretsmanager_secret.scraper",
            "aws_security_group.lambda",
            "aws_sqs_queue.dlq",
            "aws_sqs_queue.main",
            "aws_subnet.private_a",
            "aws_subnet.private_b",
            "aws_vpc.main",
            "data.archive_file.delete_watchlist_zip",
            "data.archive_file.mysql_layer_zip",
            "data.archive_file.requests_layer_zip",
            "data.aws_iam_role.labrole"
          ]
        }
      ]
    },
    {
      "mode": "managed",
      "type": "aws_lambda_function",
      "name": "disconnect",
      "provider": "provider[\"registry.terraform.io/hashicorp/aws\"]",
      "instances": [
        {
          "schema_version": 0,
          "attributes": {
            "architectures": [
              "x86_64"
            ],
            "arn": "arn:aws:lambda:us-east-1:063331379930:function:spirulina-dev-disconnect",
            "code_sha256": "ltjxFestk/FlFz6DU30JGZakrNRogtnKUyThfCI/+Us=",
            "code_signing_config_arn": "",
            "dead_letter_config": [],
            "description": "",
            "environment": [
              {
                "variables": {
                  "CONN_GSI": "gsi_conn",
                  "CONN_TABLE": "spirulina-pubsub",
                  "REGION": "us-east-1"
                }
              }
            ],
            "ephemeral_storage": [
              {
                "size": 512
              }
            ],
            "file_system_config": [],
            "filename": "./dist/disconnect.zip",
            "function_name": "spirulina-dev-disconnect",
            "handler": "handler.lambda_handler",
            "id": "spirulina-dev-disconnect",
            "image_config": [],
            "image_uri": "",
            "invoke_arn": "arn:aws:apigateway:us-east-1:lambda:path/2015-03-31/functions/arn:aws:lambda:us-east-1:063331379930:function:spirulina-dev-disconnect/invocations",
            "kms_key_arn": "",
            "last_modified": "2025-09-30T09:31:48.694+0000",
            "layers": [],
            "logging_config": [
              {
                "application_log_level": "",
                "log_format": "Text",
                "log_group": "/aws/lambda/spirulina-dev-disconnect",
                "system_log_level": ""
              }
            ],
            "memory_size": 128,
            "package_type": "Zip",
            "publish": false,
            "qualified_arn": "arn:aws:lambda:us-east-1:063331379930:function:spirulina-dev-disconnect:$LATEST",
            "qualified_invoke_arn": "arn:aws:apigateway:us-east-1:lambda:path/2015-03-31/functions/arn:aws:lambda:us-east-1:063331379930:function:spirulina-dev-disconnect:$LATEST/invocations",
            "replace_security_groups_on_destroy": null,
            "replacement_security_group_ids": null,
            "reserved_concurrent_executions": -1,
            "role": "arn:aws:iam::063331379930:role/LabRole",
            "runtime": "python3.12",
            "s3_bucket": null,
            "s3_key": null,
            "s3_object_version": null,
            "signing_job_arn": "",
            "signing_profile_version_arn": "",
            "skip_destroy": false,
            "snap_start": [],
            "source_code_hash": "",
            "source_code_size": 1190,
            "tags": {},
            "tags_all": {},
            "timeout": 10,
            "timeouts": null,
            "tracing_config": [
              {
                "mode": "PassThrough"
              }
            ],
            "version": "$LATEST",
            "vpc_config": [
              {
                "ipv6_allowed_for_dual_stack": false,
                "security_group_ids": [
                  "sg-0b9b0b16700e6e65f"
                ],
                "subnet_ids": [
                  "subnet-0af43a4539acfddcb",
                  "subnet-0f4c643307c8f2687"
                ],
                "vpc_id": "vpc-001c13fe47f9e6141"
              }
            ]
          },
          "sensitive_attributes": [],
          "identity_schema_version": 0,
          "private": "eyJlMmJmYjczMC1lY2FhLTExZTYtOGY4OC0zNDM2M2JjN2M0YzAiOnsiY3JlYXRlIjo2MDAwMDAwMDAwMDAsImRlbGV0ZSI6NjAwMDAwMDAwMDAwLCJ1cGRhdGUiOjYwMDAwMDAwMDAwMH19",
          "dependencies": [
            "aws_dynamodb_table.conns",
            "aws_secretsmanager_secret.db",
            "aws_secretsmanager_secret.scraper",
            "aws_security_group.lambda",
            "aws_sqs_queue.dlq",
            "aws_sqs_queue.main",
            "aws_subnet.private_a",
            "aws_subnet.private_b",
            "aws_vpc.main",
            "data.archive_file.disconnect_zip",
            "data.aws_iam_role.labrole"
          ]
        }
      ]
    },
    {
      "mode": "managed",
      "type": "aws_lambda_function",
      "name": "enqueue",
      "provider": "provider[\"registry.terraform.io/hashicorp/aws\"]",
      "instances": [
        {
          "schema_version": 0,
          "attributes": {
            "architectures": [
              "x86_64"
            ],
            "arn": "arn:aws:lambda:us-east-1:063331379930:function:spirulina-dev-enqueue",
            "code_sha256": "/Buhlb18JdlsAoOSjX0MmFadeOivFoqhEtkWiebyyzA=",
            "code_signing_config_arn": "",
            "dead_letter_config": [],
            "description": "",
            "environment": [
              {
                "variables": {
                  "QUEUE_URL": "https://sqs.us-east-1.amazonaws.com/063331379930/spirulina-snapshot-queue",
                  "REGION": "us-east-1"
                }
              }
            ],
            "ephemeral_storage": [
              {
                "size": 512
              }
            ],
            "file_system_config": [],
            "filename": "./dist/enqueue.zip",
            "function_name": "spirulina-dev-enqueue",
            "handler": "handler.lambda_handler",
            "id": "spirulina-dev-enqueue",
            "image_config": [],
            "image_uri": "",
            "invoke_arn": "arn:aws:apigateway:us-east-1:lambda:path/2015-03-31/functions/arn:aws:lambda:us-east-1:063331379930:function:spirulina-dev-enqueue/invocations",
            "kms_key_arn": "",
            "last_modified": "2025-09-30T09:31:24.962+0000",
            "layers": [],
            "logging_config": [
              {
                "application_log_level": "",
                "log_format": "Text",
                "log_group": "/aws/lambda/spirulina-dev-enqueue",
                "system_log_level": ""
              }
            ],
            "memory_size": 128,
            "package_type": "Zip",
            "publish": false,
            "qualified_arn": "arn:aws:lambda:us-east-1:063331379930:function:spirulina-dev-enqueue:$LATEST",
            "qualified_invoke_arn": "arn:aws:apigateway:us-east-1:lambda:path/2015-03-31/functions/arn:aws:lambda:us-east-1:063331379930:function:spirulina-dev-enqueue:$LATEST/invocations",
            "replace_security_groups_on_destroy": null,
            "replacement_security_group_ids": null,
            "reserved_concurrent_executions": -1,
            "role": "arn:aws:iam::063331379930:role/LabRole",
            "runtime": "python3.12",
            "s3_bucket": null,
            "s3_key": null,
            "s3_object_version": null,
            "signing_job_arn": "",
            "signing_profile_version_arn": "",
            "skip_destroy": false,
            "snap_start": [],
            "source_code_hash": "",
            "source_code_size": 1330,
            "tags": {},
            "tags_all": {},
            "timeout": 10,
            "timeouts": null,
            "tracing_config": [
              {
                "mode": "PassThrough"
              }
            ],
            "version": "$LATEST",
            "vpc_config": [
              {
                "ipv6_allowed_for_dual_stack": false,
                "security_group_ids": [
                  "sg-0b9b0b16700e6e65f"
                ],
                "subnet_ids": [
                  "subnet-0af43a4539acfddcb",
                  "subnet-0f4c643307c8f2687"
                ],
                "vpc_id": "vpc-001c13fe47f9e6141"
              }
            ]
          },
          "sensitive_attributes": [],
          "identity_schema_version": 0,
          "private": "eyJlMmJmYjczMC1lY2FhLTExZTYtOGY4OC0zNDM2M2JjN2M0YzAiOnsiY3JlYXRlIjo2MDAwMDAwMDAwMDAsImRlbGV0ZSI6NjAwMDAwMDAwMDAwLCJ1cGRhdGUiOjYwMDAwMDAwMDAwMH19",
          "dependencies": [
            "aws_dynamodb_table.conns",
            "aws_secretsmanager_secret.db",
            "aws_secretsmanager_secret.scraper",
            "aws_security_group.lambda",
            "aws_sqs_queue.dlq",
            "aws_sqs_queue.main",
            "aws_subnet.private_a",
            "aws_subnet.private_b",
            "aws_vpc.main",
            "data.archive_file.enqueue_zip",
            "data.aws_iam_role.labrole"
          ]
        }
      ]
    },
    {
      "mode": "managed",
      "type": "aws_lambda_function",
      "name": "schedule_enqueue",
      "provider": "provider[\"registry.terraform.io/hashicorp/aws\"]",
      "instances": [
        {
          "schema_version": 0,
          "attributes": {
            "architectures": [
              "x86_64"
            ],
            "arn": "arn:aws:lambda:us-east-1:063331379930:function:spirulina-dev-schedule-enqueue",
            "code_sha256": "9D7LhfZaV5CT44KIJOn2RBkji+KjS0NIZ3X4JMy5ZAA=",
            "code_signing_config_arn": "",
            "dead_letter_config": [],
            "description": "",
            "environment": [
              {
                "variables": {
                  "DB_SECRET_ARN": "arn:aws:secretsmanager:us-east-1:063331379930:secret:spirulina/db-FPuMQT",
                  "QUEUE_URL": "https://sqs.us-east-1.amazonaws.com/063331379930/spirulina-snapshot-queue",
                  "REGION": "us-east-1"
                }
              }
            ],
            "ephemeral_storage": [
              {
                "size": 512
              }
            ],
            "file_system_config": [],
            "filename": "./dist/schedule_enqueue.zip",
            "function_name": "spirulina-dev-schedule-enqueue",
            "handler": "handler.lambda_handler",
            "id": "spirulina-dev-schedule-enqueue",
            "image_config": [],
            "image_uri": "",
            "invoke_arn": "arn:aws:apigateway:us-east-1:lambda:path/2015-03-31/functions/arn:aws:lambda:us-east-1:063331379930:function:spirulina-dev-schedule-enqueue/invocations",
            "kms_key_arn": "",
            "last_modified": "2025-09-30T09:32:04.357+0000",
            "layers": [
              "arn:aws:lambda:us-east-1:063331379930:layer:spirulina-mysql:3",
              "arn:aws:lambda:us-east-1:063331379930:layer:spirulina-requests:3"
            ],
            "logging_config": [
              {
                "application_log_level": "",
                "log_format": "Text",
                "log_group": "/aws/lambda/spirulina-dev-schedule-enqueue",
                "system_log_level": ""
              }
            ],
            "memory_size": 256,
            "package_type": "Zip",
            "publish": false,
            "qualified_arn": "arn:aws:lambda:us-east-1:063331379930:function:spirulina-dev-schedule-enqueue:$LATEST",
            "qualified_invoke_arn": "arn:aws:apigateway:us-east-1:lambda:path/2015-03-31/functions/arn:aws:lambda:us-east-1:063331379930:function:spirulina-dev-schedule-enqueue:$LATEST/invocations",
            "replace_security_groups_on_destroy": null,
            "replacement_security_group_ids": null,
            "reserved_concurrent_executions": -1,
            "role": "arn:aws:iam::063331379930:role/LabRole",
            "runtime": "python3.12",
            "s3_bucket": null,
            "s3_key": null,
            "s3_object_version": null,
            "signing_job_arn": "",
            "signing_profile_version_arn": "",
            "skip_destroy": false,
            "snap_start": [],
            "source_code_hash": "",
            "source_code_size": 2565,
            "tags": {},
            "tags_all": {},
            "timeout": 30,
            "timeouts": null,
            "tracing_config": [
              {
                "mode": "PassThrough"
              }
            ],
            "version": "$LATEST",
            "vpc_config": [
              {
                "ipv6_allowed_for_dual_stack": false,
                "security_group_ids": [
                  "sg-0b9b0b16700e6e65f"
                ],
                "subnet_ids": [
                  "subnet-0af43a4539acfddcb",
                  "subnet-0f4c643307c8f2687"
                ],
                "vpc_id": "vpc-001c13fe47f9e6141"
              }
            ]
          },
          "sensitive_attributes": [],
          "identity_schema_version": 0,
          "private": "eyJlMmJmYjczMC1lY2FhLTExZTYtOGY4OC0zNDM2M2JjN2M0YzAiOnsiY3JlYXRlIjo2MDAwMDAwMDAwMDAsImRlbGV0ZSI6NjAwMDAwMDAwMDAwLCJ1cGRhdGUiOjYwMDAwMDAwMDAwMH19",
          "dependencies": [
            "aws_dynamodb_table.conns",
            "aws_lambda_layer_version.mysql_layer",
            "aws_lambda_layer_version.requests_layer",
            "aws_secretsmanager_secret.db",
            "aws_secretsmanager_secret.scraper",
            "aws_security_group.lambda",
            "aws_sqs_queue.dlq",
            "aws_sqs_queue.main",
            "aws_subnet.private_a",
            "aws_subnet.private_b",
            "aws_vpc.main",
            "data.archive_file.mysql_layer_zip",
            "data.archive_file.requests_layer_zip",
            "data.archive_file.schedule_enqueue_zip",
            "data.aws_iam_role.labrole"
          ]
        }
      ]
    },
    {
      "mode": "managed",
      "type": "aws_lambda_function",
      "name": "social_brands",
      "provider": "provider[\"registry.terraform.io/hashicorp/aws\"]",
      "instances": [
        {
          "schema_version": 0,
          "attributes": {
            "architectures": [
              "x86_64"
            ],
            "arn": "arn:aws:lambda:us-east-1:063331379930:function:spirulina-dev-social-brands",
            "code_sha256": "pCPeucqMuyqU8qVZaM6CTZahw8fVLcWQo8Nh5FqMtpk=",
            "code_signing_config_arn": "",
            "dead_letter_config": [],
            "description": "",
            "environment": [
              {
                "variables": {
                  "DB_SECRET_ARN": "arn:aws:secretsmanager:us-east-1:063331379930:secret:spirulina/db-FPuMQT",
                  "REGION": "us-east-1"
                }
              }
            ],
            "ephemeral_storage": [
              {
                "size": 512
              }
            ],
            "file_system_config": [],
            "filename": "./dist/social_brands.zip",
            "function_name": "spirulina-dev-social-brands",
            "handler": "handler.lambda_handler",
            "id": "spirulina-dev-social-brands",
            "image_config": [],
            "image_uri": "",
            "invoke_arn": "arn:aws:apigateway:us-east-1:lambda:path/2015-03-31/functions/arn:aws:lambda:us-east-1:063331379930:function:spirulina-dev-social-brands/invocations",
            "kms_key_arn": "",
            "last_modified": "2025-11-19T09:59:02.000+0000",
            "layers": [
              "arn:aws:lambda:us-east-1:063331379930:layer:spirulina-mysql:3"
            ],
            "logging_config": [
              {
                "application_log_level": "",
                "log_format": "Text",
                "log_group": "/aws/lambda/spirulina-dev-social-brands",
                "system_log_level": ""
              }
            ],
            "memory_size": 512,
            "package_type": "Zip",
            "publish": false,
            "qualified_arn": "arn:aws:lambda:us-east-1:063331379930:function:spirulina-dev-social-brands:$LATEST",
            "qualified_invoke_arn": "arn:aws:apigateway:us-east-1:lambda:path/2015-03-31/functions/arn:aws:lambda:us-east-1:063331379930:function:spirulina-dev-social-brands:$LATEST/invocations",
            "replace_security_groups_on_destroy": null,
            "replacement_security_group_ids": null,
            "reserved_concurrent_executions": -1,
            "role": "arn:aws:iam::063331379930:role/LabRole",
            "runtime": "python3.12",
            "s3_bucket": null,
            "s3_key": null,
            "s3_object_version": null,
            "signing_job_arn": "",
            "signing_profile_version_arn": "",
            "skip_destroy": false,
            "snap_start": [],
            "source_code_hash": "pCPeucqMuyqU8qVZaM6CTZahw8fVLcWQo8Nh5FqMtpk=",
            "source_code_size": 6369,
            "tags": {},
            "tags_all": {},
            "timeout": 30,
            "timeouts": null,
            "tracing_config": [
              {
                "mode": "PassThrough"
              }
            ],
            "version": "$LATEST",
            "vpc_config": [
              {
                "ipv6_allowed_for_dual_stack": false,
                "security_group_ids": [
                  "sg-0b9b0b16700e6e65f"
                ],
                "subnet_ids": [
                  "subnet-0af43a4539acfddcb",
                  "subnet-0f4c643307c8f2687"
                ],
                "vpc_id": "vpc-001c13fe47f9e6141"
              }
            ]
          },
          "sensitive_attributes": [],
          "identity_schema_version": 0,
          "private": "eyJlMmJmYjczMC1lY2FhLTExZTYtOGY4OC0zNDM2M2JjN2M0YzAiOnsiY3JlYXRlIjo2MDAwMDAwMDAwMDAsImRlbGV0ZSI6NjAwMDAwMDAwMDAwLCJ1cGRhdGUiOjYwMDAwMDAwMDAwMH19",
          "dependencies": [
            "aws_dynamodb_table.conns",
            "aws_lambda_layer_version.mysql_layer",
            "aws_secretsmanager_secret.db",
            "aws_secretsmanager_secret.scraper",
            "aws_security_group.lambda",
            "aws_sqs_queue.dlq",
            "aws_sqs_queue.main",
            "aws_subnet.private_a",
            "aws_subnet.private_b",
            "aws_vpc.main",
            "data.archive_file.mysql_layer_zip",
            "data.archive_file.social_brands_zip",
            "data.aws_iam_role.labrole"
          ]
        }
      ]
    },
    {
      "mode": "managed",
      "type": "aws_lambda_function",
      "name": "social_hashtags",
      "provider": "provider[\"registry.terraform.io/hashicorp/aws\"]",
      "instances": [
        {
          "schema_version": 0,
          "attributes": {
            "architectures": [
              "x86_64"
            ],
            "arn": "arn:aws:lambda:us-east-1:063331379930:function:spirulina-dev-social-hashtags",
            "code_sha256": "4y5jhuCrsm1QFu8UH+J00rx89zYivOGyb5SIm+Wp1pY=",
            "code_signing_config_arn": "",
            "dead_letter_config": [],
            "description": "",
            "environment": [
              {
                "variables": {
                  "DB_SECRET_ARN": "arn:aws:secretsmanager:us-east-1:063331379930:secret:spirulina/db-FPuMQT",
                  "REGION": "us-east-1"
                }
              }
            ],
            "ephemeral_storage": [
              {
                "size": 512
              }
            ],
            "file_system_config": [],
            "filename": "./dist/social_hashtags.zip",
            "function_name": "spirulina-dev-social-hashtags",
            "handler": "handler.lambda_handler",
            "id": "spirulina-dev-social-hashtags",
            "image_config": [],
            "image_uri": "",
            "invoke_arn": "arn:aws:apigateway:us-east-1:lambda:path/2015-03-31/functions/arn:aws:lambda:us-east-1:063331379930:function:spirulina-dev-social-hashtags/invocations",
            "kms_key_arn": "",
            "last_modified": "2025-11-23T01:59:16.000+0000",
            "layers": [
              "arn:aws:lambda:us-east-1:063331379930:layer:spirulina-mysql:3"
            ],
            "logging_config": [
              {
                "application_log_level": "",
                "log_format": "Text",
                "log_group": "/aws/lambda/spirulina-dev-social-hashtags",
                "system_log_level": ""
              }
            ],
            "memory_size": 512,
            "package_type": "Zip",
            "publish": false,
            "qualified_arn": "arn:aws:lambda:us-east-1:063331379930:function:spirulina-dev-social-hashtags:$LATEST",
            "qualified_invoke_arn": "arn:aws:apigateway:us-east-1:lambda:path/2015-03-31/functions/arn:aws:lambda:us-east-1:063331379930:function:spirulina-dev-social-hashtags:$LATEST/invocations",
            "replace_security_groups_on_destroy": null,
            "replacement_security_group_ids": null,
            "reserved_concurrent_executions": -1,
            "role": "arn:aws:iam::063331379930:role/LabRole",
            "runtime": "python3.12",
            "s3_bucket": null,
            "s3_key": null,
            "s3_object_version": null,
            "signing_job_arn": "",
            "signing_profile_version_arn": "",
            "skip_destroy": false,
            "snap_start": [],
            "source_code_hash": "4y5jhuCrsm1QFu8UH+J00rx89zYivOGyb5SIm+Wp1pY=",
            "source_code_size": 6115,
            "tags": {},
            "tags_all": {},
            "timeout": 30,
            "timeouts": null,
            "tracing_config": [
              {
                "mode": "PassThrough"
              }
            ],
            "version": "$LATEST",
            "vpc_config": [
              {
                "ipv6_allowed_for_dual_stack": false,
                "security_group_ids": [
                  "sg-0b9b0b16700e6e65f"
                ],
                "subnet_ids": [
                  "subnet-0af43a4539acfddcb",
                  "subnet-0f4c643307c8f2687"
                ],
                "vpc_id": "vpc-001c13fe47f9e6141"
              }
            ]
          },
          "sensitive_attributes": [],
          "identity_schema_version": 0,
          "private": "eyJlMmJmYjczMC1lY2FhLTExZTYtOGY4OC0zNDM2M2JjN2M0YzAiOnsiY3JlYXRlIjo2MDAwMDAwMDAwMDAsImRlbGV0ZSI6NjAwMDAwMDAwMDAwLCJ1cGRhdGUiOjYwMDAwMDAwMDAwMH19",
          "dependencies": [
            "aws_dynamodb_table.conns",
            "aws_lambda_layer_version.mysql_layer",
            "aws_secretsmanager_secret.db",
            "aws_secretsmanager_secret.scraper",
            "aws_security_group.lambda",
            "aws_sqs_queue.dlq",
            "aws_sqs_queue.main",
            "aws_subnet.private_a",
            "aws_subnet.private_b",
            "aws_vpc.main",
            "data.archive_file.mysql_layer_zip",
            "data.archive_file.social_hashtags_zip",
            "data.aws_iam_role.labrole"
          ]
        }
      ]
    },
    {
      "mode": "managed",
      "type": "aws_lambda_function",
      "name": "social_influencers",
      "provider": "provider[\"registry.terraform.io/hashicorp/aws\"]",
      "instances": [
        {
          "schema_version": 0,
          "attributes": {
            "architectures": [
              "x86_64"
            ],
            "arn": "arn:aws:lambda:us-east-1:063331379930:function:spirulina-dev-social-influencers",
            "code_sha256": "Z3jjz0bqGZHpmlS6aQORQ0+0qq2n5imYylDylNYEeOQ=",
            "code_signing_config_arn": "",
            "dead_letter_config": [],
            "description": "",
            "environment": [
              {
                "variables": {
                  "DB_SECRET_ARN": "arn:aws:secretsmanager:us-east-1:063331379930:secret:spirulina/db-FPuMQT",
                  "REGION": "us-east-1"
                }
              }
            ],
            "ephemeral_storage": [
              {
                "size": 512
              }
            ],
            "file_system_config": [],
            "filename": "./dist/social_influencers.zip",
            "function_name": "spirulina-dev-social-influencers",
            "handler": "handler.lambda_handler",
            "id": "spirulina-dev-social-influencers",
            "image_config": [],
            "image_uri": "",
            "invoke_arn": "arn:aws:apigateway:us-east-1:lambda:path/2015-03-31/functions/arn:aws:lambda:us-east-1:063331379930:function:spirulina-dev-social-influencers/invocations",
            "kms_key_arn": "",
            "last_modified": "2025-11-21T14:37:04.000+0000",
            "layers": [
              "arn:aws:lambda:us-east-1:063331379930:layer:spirulina-mysql:3"
            ],
            "logging_config": [
              {
                "application_log_level": "",
                "log_format": "Text",
                "log_group": "/aws/lambda/spirulina-dev-social-influencers",
                "system_log_level": ""
              }
            ],
            "memory_size": 512,
            "package_type": "Zip",
            "publish": false,
            "qualified_arn": "arn:aws:lambda:us-east-1:063331379930:function:spirulina-dev-social-influencers:$LATEST",
            "qualified_invoke_arn": "arn:aws:apigateway:us-east-1:lambda:path/2015-03-31/functions/arn:aws:lambda:us-east-1:063331379930:function:spirulina-dev-social-influencers:$LATEST/invocations",
            "replace_security_groups_on_destroy": null,
            "replacement_security_group_ids": null,
            "reserved_concurrent_executions": -1,
            "role": "arn:aws:iam::063331379930:role/LabRole",
            "runtime": "python3.12",
            "s3_bucket": null,
            "s3_key": null,
            "s3_object_version": null,
            "signing_job_arn": "",
            "signing_profile_version_arn": "",
            "skip_destroy": false,
            "snap_start": [],
            "source_code_hash": "syXvuPx1fHev5toNj/KJuPLUqpSPjtCl3wB7T1n5uDk=",
            "source_code_size": 6278,
            "tags": {},
            "tags_all": {},
            "timeout": 30,
            "timeouts": null,
            "tracing_config": [
              {
                "mode": "PassThrough"
              }
            ],
            "version": "$LATEST",
            "vpc_config": [
              {
                "ipv6_allowed_for_dual_stack": false,
                "security_group_ids": [
                  "sg-0b9b0b16700e6e65f"
                ],
                "subnet_ids": [
                  "subnet-0af43a4539acfddcb",
                  "subnet-0f4c643307c8f2687"
                ],
                "vpc_id": "vpc-001c13fe47f9e6141"
              }
            ]
          },
          "sensitive_attributes": [],
          "identity_schema_version": 0,
          "private": "eyJlMmJmYjczMC1lY2FhLTExZTYtOGY4OC0zNDM2M2JjN2M0YzAiOnsiY3JlYXRlIjo2MDAwMDAwMDAwMDAsImRlbGV0ZSI6NjAwMDAwMDAwMDAwLCJ1cGRhdGUiOjYwMDAwMDAwMDAwMH19",
          "dependencies": [
            "aws_dynamodb_table.conns",
            "aws_lambda_layer_version.mysql_layer",
            "aws_secretsmanager_secret.db",
            "aws_secretsmanager_secret.scraper",
            "aws_security_group.lambda",
            "aws_sqs_queue.dlq",
            "aws_sqs_queue.main",
            "aws_subnet.private_a",
            "aws_subnet.private_b",
            "aws_vpc.main",
            "data.archive_file.mysql_layer_zip",
            "data.archive_file.social_influencers_zip",
            "data.aws_iam_role.labrole"
          ]
        }
      ]
    },
    {
      "mode": "managed",
      "type": "aws_lambda_function",
      "name": "social_scrape",
      "provider": "provider[\"registry.terraform.io/hashicorp/aws\"]",
      "instances": [
        {
          "schema_version": 0,
          "attributes": {
            "architectures": [
              "x86_64"
            ],
            "arn": "arn:aws:lambda:us-east-1:063331379930:function:spirulina-dev-social-scrape",
            "code_sha256": "/pMh1q8kP1oSz03Af5bqK6eskMOlucTeI2SRaGaRgx4=",
            "code_signing_config_arn": "",
            "dead_letter_config": [],
            "description": "",
            "environment": [
              {
                "variables": {
                  "DB_SECRET_ARN": "arn:aws:secretsmanager:us-east-1:063331379930:secret:spirulina/db-FPuMQT",
                  "REGION": "us-east-1",
                  "SCRAPER_SECRET_ARN": "arn:aws:secretsmanager:us-east-1:063331379930:secret:spirulina/social-scraper-AajISs"
                }
              }
            ],
            "ephemeral_storage": [
              {
                "size": 512
              }
            ],
            "file_system_config": [],
            "filename": "./dist/social_scrape.zip",
            "function_name": "spirulina-dev-social-scrape",
            "handler": "handler.lambda_handler",
            "id": "spirulina-dev-social-scrape",
            "image_config": [],
            "image_uri": "",
            "invoke_arn": "arn:aws:apigateway:us-east-1:lambda:path/2015-03-31/functions/arn:aws:lambda:us-east-1:063331379930:function:spirulina-dev-social-scrape/invocations",
            "kms_key_arn": "",
            "last_modified": "2025-11-19T09:59:25.000+0000",
            "layers": [
              "arn:aws:lambda:us-east-1:063331379930:layer:spirulina-mysql:3",
              "arn:aws:lambda:us-east-1:063331379930:layer:spirulina-requests:3",
              "arn:aws:lambda:us-east-1:063331379930:layer:spirulina-sklearn-layer:1",
              "arn:aws:lambda:us-east-1:063331379930:layer:spirulina-nltk-layer:2",
              "arn:aws:lambda:us-east-1:063331379930:layer:spirulina-rapidfuzz:1"
            ],
            "logging_config": [
              {
                "application_log_level": "",
                "log_format": "Text",
                "log_group": "/aws/lambda/spirulina-dev-social-scrape",
                "system_log_level": ""
              }
            ],
            "memory_size": 2048,
            "package_type": "Zip",
            "publish": false,
            "qualified_arn": "arn:aws:lambda:us-east-1:063331379930:function:spirulina-dev-social-scrape:$LATEST",
            "qualified_invoke_arn": "arn:aws:apigateway:us-east-1:lambda:path/2015-03-31/functions/arn:aws:lambda:us-east-1:063331379930:function:spirulina-dev-social-scrape:$LATEST/invocations",
            "replace_security_groups_on_destroy": null,
            "replacement_security_group_ids": null,
            "reserved_concurrent_executions": -1,
            "role": "arn:aws:iam::063331379930:role/LabRole",
            "runtime": "python3.12",
            "s3_bucket": null,
            "s3_key": null,
            "s3_object_version": null,
            "signing_job_arn": "",
            "signing_profile_version_arn": "",
            "skip_destroy": false,
            "snap_start": [],
            "source_code_hash": "/pMh1q8kP1oSz03Af5bqK6eskMOlucTeI2SRaGaRgx4=",
            "source_code_size": 35639,
            "tags": {},
            "tags_all": {},
            "timeout": 300,
            "timeouts": null,
            "tracing_config": [
              {
                "mode": "PassThrough"
              }
            ],
            "version": "$LATEST",
            "vpc_config": [
              {
                "ipv6_allowed_for_dual_stack": false,
                "security_group_ids": [
                  "sg-0b9b0b16700e6e65f"
                ],
                "subnet_ids": [
                  "subnet-0af43a4539acfddcb",
                  "subnet-0f4c643307c8f2687"
                ],
                "vpc_id": "vpc-001c13fe47f9e6141"
              }
            ]
          },
          "sensitive_attributes": [],
          "identity_schema_version": 0,
          "private": "eyJlMmJmYjczMC1lY2FhLTExZTYtOGY4OC0zNDM2M2JjN2M0YzAiOnsiY3JlYXRlIjo2MDAwMDAwMDAwMDAsImRlbGV0ZSI6NjAwMDAwMDAwMDAwLCJ1cGRhdGUiOjYwMDAwMDAwMDAwMH19",
          "dependencies": [
            "aws_dynamodb_table.conns",
            "aws_lambda_layer_version.mysql_layer",
            "aws_lambda_layer_version.nltk_layer",
            "aws_lambda_layer_version.rapidfuzz_layer",
            "aws_lambda_layer_version.requests_layer",
            "aws_lambda_layer_version.sklearn_layer",
            "aws_s3_bucket.lambda_layers",
            "aws_s3_object.sklearn_layer",
            "aws_secretsmanager_secret.db",
            "aws_secretsmanager_secret.scraper",
            "aws_secretsmanager_secret.social_scraper",
            "aws_security_group.lambda",
            "aws_sqs_queue.dlq",
            "aws_sqs_queue.main",
            "aws_subnet.private_a",
            "aws_subnet.private_b",
            "aws_vpc.main",
            "data.archive_file.mysql_layer_zip",
            "data.archive_file.rapidfuzz_layer_zip",
            "data.archive_file.requests_layer_zip",
            "data.archive_file.social_scrape_zip",
            "data.aws_iam_role.labrole"
          ]
        }
      ]
    },
    {
      "mode": "managed",
      "type": "aws_lambda_function",
      "name": "social_sentiment",
      "provider": "provider[\"registry.terraform.io/hashicorp/aws\"]",
      "instances": [
        {
          "schema_version": 0,
          "attributes": {
            "architectures": [
              "x86_64"
            ],
            "arn": "arn:aws:lambda:us-east-1:063331379930:function:spirulina-dev-social-sentiment",
            "code_sha256": "zevMeyA3nHJ4WUjx2FpWXgk7DLIuumtdPTPcf641Ucw=",
            "code_signing_config_arn": "",
            "dead_letter_config": [],
            "description": "",
            "environment": [
              {
                "variables": {
                  "DB_SECRET_ARN": "arn:aws:secretsmanager:us-east-1:063331379930:secret:spirulina/db-FPuMQT",
                  "REGION": "us-east-1"
                }
              }
            ],
            "ephemeral_storage": [
              {
                "size": 512
              }
            ],
            "file_system_config": [],
            "filename": "./dist/social_sentiment.zip",
            "function_name": "spirulina-dev-social-sentiment",
            "handler": "handler.lambda_handler",
            "id": "spirulina-dev-social-sentiment",
            "image_config": [],
            "image_uri": "",
            "invoke_arn": "arn:aws:apigateway:us-east-1:lambda:path/2015-03-31/functions/arn:aws:lambda:us-east-1:063331379930:function:spirulina-dev-social-sentiment/invocations",
            "kms_key_arn": "",
            "last_modified": "2025-11-19T09:58:56.000+0000",
            "layers": [
              "arn:aws:lambda:us-east-1:063331379930:layer:spirulina-mysql:3"
            ],
            "logging_config": [
              {
                "application_log_level": "",
                "log_format": "Text",
                "log_group": "/aws/lambda/spirulina-dev-social-sentiment",
                "system_log_level": ""
              }
            ],
            "memory_size": 768,
            "package_type": "Zip",
            "publish": false,
            "qualified_arn": "arn:aws:lambda:us-east-1:063331379930:function:spirulina-dev-social-sentiment:$LATEST",
            "qualified_invoke_arn": "arn:aws:apigateway:us-east-1:lambda:path/2015-03-31/functions/arn:aws:lambda:us-east-1:063331379930:function:spirulina-dev-social-sentiment:$LATEST/invocations",
            "replace_security_groups_on_destroy": null,
            "replacement_security_group_ids": null,
            "reserved_concurrent_executions": -1,
            "role": "arn:aws:iam::063331379930:role/LabRole",
            "runtime": "python3.12",
            "s3_bucket": null,
            "s3_key": null,
            "s3_object_version": null,
            "signing_job_arn": "",
            "signing_profile_version_arn": "",
            "skip_destroy": false,
            "snap_start": [],
            "source_code_hash": "pCPeucqMuyqU8qVZaM6CTZahw8fVLcWQo8Nh5FqMtpk=",
            "source_code_size": 4116,
            "tags": {},
            "tags_all": {},
            "timeout": 45,
            "timeouts": null,
            "tracing_config": [
              {
                "mode": "PassThrough"
              }
            ],
            "version": "$LATEST",
            "vpc_config": [
              {
                "ipv6_allowed_for_dual_stack": false,
                "security_group_ids": [
                  "sg-0b9b0b16700e6e65f"
                ],
                "subnet_ids": [
                  "subnet-0af43a4539acfddcb",
                  "subnet-0f4c643307c8f2687"
                ],
                "vpc_id": "vpc-001c13fe47f9e6141"
              }
            ]
          },
          "sensitive_attributes": [],
          "identity_schema_version": 0,
          "private": "eyJlMmJmYjczMC1lY2FhLTExZTYtOGY4OC0zNDM2M2JjN2M0YzAiOnsiY3JlYXRlIjo2MDAwMDAwMDAwMDAsImRlbGV0ZSI6NjAwMDAwMDAwMDAwLCJ1cGRhdGUiOjYwMDAwMDAwMDAwMH19",
          "dependencies": [
            "aws_dynamodb_table.conns",
            "aws_lambda_layer_version.mysql_layer",
            "aws_secretsmanager_secret.db",
            "aws_secretsmanager_secret.scraper",
            "aws_security_group.lambda",
            "aws_sqs_queue.dlq",
            "aws_sqs_queue.main",
            "aws_subnet.private_a",
            "aws_subnet.private_b",
            "aws_vpc.main",
            "data.archive_file.mysql_layer_zip",
            "data.archive_file.social_brands_zip",
            "data.archive_file.social_sentiment_zip",
            "data.aws_iam_role.labrole"
          ]
        }
      ]
    },
    {
      "mode": "managed",
      "type": "aws_lambda_function",
      "name": "trends_daily",
      "provider": "provider[\"registry.terraform.io/hashicorp/aws\"]",
      "instances": [
        {
          "schema_version": 0,
          "attributes": {
            "architectures": [
              "x86_64"
            ],
            "arn": "arn:aws:lambda:us-east-1:063331379930:function:spirulina-dev-trends-daily",
            "code_sha256": "2ussgjg/QkuhKeM1SenqQJ9ryO87DrLEUN8GJgjcObE=",
            "code_signing_config_arn": "",
            "dead_letter_config": [],
            "description": "",
            "environment": [
              {
                "variables": {
                  "CATEGORY": "0",
                  "DAYS_BACK": "400",
                  "DB_SECRET_ARN": "arn:aws:secretsmanager:us-east-1:063331379930:secret:spirulina/db-FPuMQT",
                  "GEO": "SG",
                  "KEYWORD_GROUPS": "antifungal|antifungal cream;spirulina;skin cream",
                  "MAX_KEYS_PER": "5",
                  "REGION": "us-east-1",
                  "SLEEP_BETWEEN": "1.2",
                  "TABLE_NAME": "google_trends_daily"
                }
              }
            ],
            "ephemeral_storage": [
              {
                "size": 512
              }
            ],
            "file_system_config": [],
            "filename": "./dist/trends_daily.zip",
            "function_name": "spirulina-dev-trends-daily",
            "handler": "handler.lambda_handler",
            "id": "spirulina-dev-trends-daily",
            "image_config": [],
            "image_uri": "",
            "invoke_arn": "arn:aws:apigateway:us-east-1:lambda:path/2015-03-31/functions/arn:aws:lambda:us-east-1:063331379930:function:spirulina-dev-trends-daily/invocations",
            "kms_key_arn": "",
            "last_modified": "2025-10-10T10:53:12.916+0000",
            "layers": [
              "arn:aws:lambda:us-east-1:063331379930:layer:spirulina-mysql:3",
              "arn:aws:lambda:us-east-1:063331379930:layer:spirulina-requests:3",
              "arn:aws:lambda:us-east-1:336392948345:layer:AWSSDKPandas-Python312:19",
              "arn:aws:lambda:us-east-1:063331379930:layer:spirulina-pytrends:1"
            ],
            "logging_config": [
              {
                "application_log_level": "",
                "log_format": "Text",
                "log_group": "/aws/lambda/spirulina-dev-trends-daily",
                "system_log_level": ""
              }
            ],
            "memory_size": 768,
            "package_type": "Zip",
            "publish": false,
            "qualified_arn": "arn:aws:lambda:us-east-1:063331379930:function:spirulina-dev-trends-daily:$LATEST",
            "qualified_invoke_arn": "arn:aws:apigateway:us-east-1:lambda:path/2015-03-31/functions/arn:aws:lambda:us-east-1:063331379930:function:spirulina-dev-trends-daily:$LATEST/invocations",
            "replace_security_groups_on_destroy": null,
            "replacement_security_group_ids": null,
            "reserved_concurrent_executions": -1,
            "role": "arn:aws:iam::063331379930:role/LabRole",
            "runtime": "python3.12",
            "s3_bucket": null,
            "s3_key": null,
            "s3_object_version": null,
            "signing_job_arn": "",
            "signing_profile_version_arn": "",
            "skip_destroy": false,
            "snap_start": [],
            "source_code_hash": "2ussgjg/QkuhKeM1SenqQJ9ryO87DrLEUN8GJgjcObE=",
            "source_code_size": 3308,
            "tags": null,
            "tags_all": {},
            "timeout": 60,
            "timeouts": null,
            "tracing_config": [
              {
                "mode": "PassThrough"
              }
            ],
            "version": "$LATEST",
            "vpc_config": [
              {
                "ipv6_allowed_for_dual_stack": false,
                "security_group_ids": [
                  "sg-0b9b0b16700e6e65f"
                ],
                "subnet_ids": [
                  "subnet-0af43a4539acfddcb",
                  "subnet-0f4c643307c8f2687"
                ],
                "vpc_id": "vpc-001c13fe47f9e6141"
              }
            ]
          },
          "sensitive_attributes": [],
          "identity_schema_version": 0,
          "private": "eyJlMmJmYjczMC1lY2FhLTExZTYtOGY4OC0zNDM2M2JjN2M0YzAiOnsiY3JlYXRlIjo2MDAwMDAwMDAwMDAsImRlbGV0ZSI6NjAwMDAwMDAwMDAwLCJ1cGRhdGUiOjYwMDAwMDAwMDAwMH19",
          "dependencies": [
            "aws_dynamodb_table.conns",
            "aws_lambda_layer_version.mysql_layer",
            "aws_lambda_layer_version.pytrends_layer",
            "aws_lambda_layer_version.requests_layer",
            "aws_secretsmanager_secret.db",
            "aws_secretsmanager_secret.scraper",
            "aws_security_group.lambda",
            "aws_sqs_queue.dlq",
            "aws_sqs_queue.main",
            "aws_subnet.private_a",
            "aws_subnet.private_b",
            "aws_vpc.main",
            "data.archive_file.mysql_layer_zip",
            "data.archive_file.pytrends_layer_zip",
            "data.archive_file.requests_layer_zip",
            "data.archive_file.trends_daily_zip",
            "data.aws_iam_role.labrole"
          ]
        }
      ]
    },
    {
      "mode": "managed",
      "type": "aws_lambda_function",
      "name": "trends_forecast",
      "provider": "provider[\"registry.terraform.io/hashicorp/aws\"]",
      "instances": [
        {
          "schema_version": 0,
          "attributes": {
            "architectures": [
              "x86_64"
            ],
            "arn": "arn:aws:lambda:us-east-1:063331379930:function:spirulina-dev-trends-forecast",
            "code_sha256": "UTYXfe5H+3fxg2gTRSnJ1hkygN1KIXx9e9vS8E+pAGk=",
            "code_signing_config_arn": "",
            "dead_letter_config": [],
            "description": "",
            "environment": [
              {
                "variables": {
                  "CV_FOLDS": "5",
                  "DB_SECRET_ARN": "arn:aws:secretsmanager:us-east-1:063331379930:secret:spirulina/db-FPuMQT",
                  "FORECAST_DAYS": "7",
                  "FORECAST_TABLE": "google_trends_forecast",
                  "GEO": "SG",
                  "HISTORY_DAYS": "420",
                  "KW_TABLE": "trend_keywords",
                  "MIN_TRAIN_DAYS": "120",
                  "REGION": "us-east-1",
                  "RIDGE_ALPHAS": "0,0.1,0.3,1,3,10",
                  "TABLE_NAME": "google_trends_daily"
                }
              }
            ],
            "ephemeral_storage": [
              {
                "size": 512
              }
            ],
            "file_system_config": [],
            "filename": "./dist/trends_forecast.zip",
            "function_name": "spirulina-dev-trends-forecast",
            "handler": "handler.lambda_handler",
            "id": "spirulina-dev-trends-forecast",
            "image_config": [],
            "image_uri": "",
            "invoke_arn": "arn:aws:apigateway:us-east-1:lambda:path/2015-03-31/functions/arn:aws:lambda:us-east-1:063331379930:function:spirulina-dev-trends-forecast/invocations",
            "kms_key_arn": "",
            "last_modified": "2025-10-11T13:18:51.766+0000",
            "layers": [
              "arn:aws:lambda:us-east-1:063331379930:layer:spirulina-mysql:3",
              "arn:aws:lambda:us-east-1:336392948345:layer:AWSSDKPandas-Python312:19"
            ],
            "logging_config": [
              {
                "application_log_level": "",
                "log_format": "Text",
                "log_group": "/aws/lambda/spirulina-dev-trends-forecast",
                "system_log_level": ""
              }
            ],
            "memory_size": 1024,
            "package_type": "Zip",
            "publish": false,
            "qualified_arn": "arn:aws:lambda:us-east-1:063331379930:function:spirulina-dev-trends-forecast:$LATEST",
            "qualified_invoke_arn": "arn:aws:apigateway:us-east-1:lambda:path/2015-03-31/functions/arn:aws:lambda:us-east-1:063331379930:function:spirulina-dev-trends-forecast:$LATEST/invocations",
            "replace_security_groups_on_destroy": null,
            "replacement_security_group_ids": null,
            "reserved_concurrent_executions": -1,
            "role": "arn:aws:iam::063331379930:role/LabRole",
            "runtime": "python3.12",
            "s3_bucket": null,
            "s3_key": null,
            "s3_object_version": null,
            "signing_job_arn": "",
            "signing_profile_version_arn": "",
            "skip_destroy": false,
            "snap_start": [],
            "source_code_hash": "UTYXfe5H+3fxg2gTRSnJ1hkygN1KIXx9e9vS8E+pAGk=",
            "source_code_size": 4096,
            "tags": null,
            "tags_all": {},
            "timeout": 120,
            "timeouts": null,
            "tracing_config": [
              {
                "mode": "PassThrough"
              }
            ],
            "version": "$LATEST",
            "vpc_config": [
              {
                "ipv6_allowed_for_dual_stack": false,
                "security_group_ids": [
                  "sg-0b9b0b16700e6e65f"
                ],
                "subnet_ids": [
                  "subnet-0af43a4539acfddcb",
                  "subnet-0f4c643307c8f2687"
                ],
                "vpc_id": "vpc-001c13fe47f9e6141"
              }
            ]
          },
          "sensitive_attributes": [],
          "identity_schema_version": 0,
          "private": "eyJlMmJmYjczMC1lY2FhLTExZTYtOGY4OC0zNDM2M2JjN2M0YzAiOnsiY3JlYXRlIjo2MDAwMDAwMDAwMDAsImRlbGV0ZSI6NjAwMDAwMDAwMDAwLCJ1cGRhdGUiOjYwMDAwMDAwMDAwMH19",
          "dependencies": [
            "aws_dynamodb_table.conns",
            "aws_lambda_layer_version.mysql_layer",
            "aws_secretsmanager_secret.db",
            "aws_secretsmanager_secret.scraper",
            "aws_security_group.lambda",
            "aws_sqs_queue.dlq",
            "aws_sqs_queue.main",
            "aws_subnet.private_a",
            "aws_subnet.private_b",
            "aws_vpc.main",
            "data.archive_file.mysql_layer_zip",
            "data.archive_file.trends_forecast_zip",
            "data.aws_iam_role.labrole"
          ]
        }
      ]
    },
    {
      "mode": "managed",
      "type": "aws_lambda_function",
      "name": "trends_keywords_read",
      "provider": "provider[\"registry.terraform.io/hashicorp/aws\"]",
      "instances": [
        {
          "schema_version": 0,
          "attributes": {
            "architectures": [
              "x86_64"
            ],
            "arn": "arn:aws:lambda:us-east-1:063331379930:function:spirulina-dev-trends-keywords-read",
            "code_sha256": "KVYslWgNulPoXSQDunaVPcf/sEemfseXsRPXLDiscoQ=",
            "code_signing_config_arn": "",
            "dead_letter_config": [],
            "description": "",
            "environment": [
              {
                "variables": {
                  "DB_SECRET_ARN": "arn:aws:secretsmanager:us-east-1:063331379930:secret:spirulina/db-FPuMQT",
                  "REGION": "us-east-1"
                }
              }
            ],
            "ephemeral_storage": [
              {
                "size": 512
              }
            ],
            "file_system_config": [],
            "filename": "./dist/trends_keywords_read.zip",
            "function_name": "spirulina-dev-trends-keywords-read",
            "handler": "handler.lambda_handler",
            "id": "spirulina-dev-trends-keywords-read",
            "image_config": [],
            "image_uri": "",
            "invoke_arn": "arn:aws:apigateway:us-east-1:lambda:path/2015-03-31/functions/arn:aws:lambda:us-east-1:063331379930:function:spirulina-dev-trends-keywords-read/invocations",
            "kms_key_arn": "",
            "last_modified": "2025-10-12T13:15:47.000+0000",
            "layers": [
              "arn:aws:lambda:us-east-1:063331379930:layer:spirulina-mysql:3"
            ],
            "logging_config": [
              {
                "application_log_level": "",
                "log_format": "Text",
                "log_group": "/aws/lambda/spirulina-dev-trends-keywords-read",
                "system_log_level": ""
              }
            ],
            "memory_size": 256,
            "package_type": "Zip",
            "publish": false,
            "qualified_arn": "arn:aws:lambda:us-east-1:063331379930:function:spirulina-dev-trends-keywords-read:$LATEST",
            "qualified_invoke_arn": "arn:aws:apigateway:us-east-1:lambda:path/2015-03-31/functions/arn:aws:lambda:us-east-1:063331379930:function:spirulina-dev-trends-keywords-read:$LATEST/invocations",
            "replace_security_groups_on_destroy": null,
            "replacement_security_group_ids": null,
            "reserved_concurrent_executions": -1,
            "role": "arn:aws:iam::063331379930:role/LabRole",
            "runtime": "python3.12",
            "s3_bucket": null,
            "s3_key": null,
            "s3_object_version": null,
            "signing_job_arn": "",
            "signing_profile_version_arn": "",
            "skip_destroy": false,
            "snap_start": [],
            "source_code_hash": "KVYslWgNulPoXSQDunaVPcf/sEemfseXsRPXLDiscoQ=",
            "source_code_size": 1238,
            "tags": {},
            "tags_all": {},
            "timeout": 10,
            "timeouts": null,
            "tracing_config": [
              {
                "mode": "PassThrough"
              }
            ],
            "version": "$LATEST",
            "vpc_config": [
              {
                "ipv6_allowed_for_dual_stack": false,
                "security_group_ids": [
                  "sg-0b9b0b16700e6e65f"
                ],
                "subnet_ids": [
                  "subnet-0af43a4539acfddcb",
                  "subnet-0f4c643307c8f2687"
                ],
                "vpc_id": "vpc-001c13fe47f9e6141"
              }
            ]
          },
          "sensitive_attributes": [],
          "identity_schema_version": 0,
          "private": "eyJlMmJmYjczMC1lY2FhLTExZTYtOGY4OC0zNDM2M2JjN2M0YzAiOnsiY3JlYXRlIjo2MDAwMDAwMDAwMDAsImRlbGV0ZSI6NjAwMDAwMDAwMDAwLCJ1cGRhdGUiOjYwMDAwMDAwMDAwMH19",
          "dependencies": [
            "aws_dynamodb_table.conns",
            "aws_lambda_layer_version.mysql_layer",
            "aws_secretsmanager_secret.db",
            "aws_secretsmanager_secret.scraper",
            "aws_security_group.lambda",
            "aws_sqs_queue.dlq",
            "aws_sqs_queue.main",
            "aws_subnet.private_a",
            "aws_subnet.private_b",
            "aws_vpc.main",
            "data.archive_file.mysql_layer_zip",
            "data.archive_file.trends_keywords_read_zip",
            "data.aws_iam_role.labrole"
          ]
        }
      ]
    },
    {
      "mode": "managed",
      "type": "aws_lambda_function",
      "name": "trends_keywords_write",
      "provider": "provider[\"registry.terraform.io/hashicorp/aws\"]",
      "instances": [
        {
          "schema_version": 0,
          "attributes": {
            "architectures": [
              "x86_64"
            ],
            "arn": "arn:aws:lambda:us-east-1:063331379930:function:spirulina-dev-trends-keywords-write",
            "code_sha256": "TrheLnGZklM8eIC5sL+qp9dPe96DN2R63spf13mJPWA=",
            "code_signing_config_arn": "",
            "dead_letter_config": [],
            "description": "",
            "environment": [
              {
                "variables": {
                  "DB_SECRET_ARN": "arn:aws:secretsmanager:us-east-1:063331379930:secret:spirulina/db-FPuMQT",
                  "DEFAULT_GEO": "sg",
                  "REGION": "us-east-1"
                }
              }
            ],
            "ephemeral_storage": [
              {
                "size": 512
              }
            ],
            "file_system_config": [],
            "filename": "./dist/trends_keywords_write.zip",
            "function_name": "spirulina-dev-trends-keywords-write",
            "handler": "handler.lambda_handler",
            "id": "spirulina-dev-trends-keywords-write",
            "image_config": [],
            "image_uri": "",
            "invoke_arn": "arn:aws:apigateway:us-east-1:lambda:path/2015-03-31/functions/arn:aws:lambda:us-east-1:063331379930:function:spirulina-dev-trends-keywords-write/invocations",
            "kms_key_arn": "",
            "last_modified": "2025-10-15T11:29:13.000+0000",
            "layers": [
              "arn:aws:lambda:us-east-1:063331379930:layer:spirulina-mysql:3"
            ],
            "logging_config": [
              {
                "application_log_level": "",
                "log_format": "Text",
                "log_group": "/aws/lambda/spirulina-dev-trends-keywords-write",
                "system_log_level": ""
              }
            ],
            "memory_size": 256,
            "package_type": "Zip",
            "publish": false,
            "qualified_arn": "arn:aws:lambda:us-east-1:063331379930:function:spirulina-dev-trends-keywords-write:$LATEST",
            "qualified_invoke_arn": "arn:aws:apigateway:us-east-1:lambda:path/2015-03-31/functions/arn:aws:lambda:us-east-1:063331379930:function:spirulina-dev-trends-keywords-write:$LATEST/invocations",
            "replace_security_groups_on_destroy": null,
            "replacement_security_group_ids": null,
            "reserved_concurrent_executions": -1,
            "role": "arn:aws:iam::063331379930:role/LabRole",
            "runtime": "python3.12",
            "s3_bucket": null,
            "s3_key": null,
            "s3_object_version": null,
            "signing_job_arn": "",
            "signing_profile_version_arn": "",
            "skip_destroy": false,
            "snap_start": [],
            "source_code_hash": "HU4h5vSIRusRd5emPSzcOKRp+LniuHoh6OznzcqSG5U=",
            "source_code_size": 1390,
            "tags": {},
            "tags_all": {},
            "timeout": 10,
            "timeouts": null,
            "tracing_config": [
              {
                "mode": "PassThrough"
              }
            ],
            "version": "$LATEST",
            "vpc_config": [
              {
                "ipv6_allowed_for_dual_stack": false,
                "security_group_ids": [
                  "sg-0b9b0b16700e6e65f"
                ],
                "subnet_ids": [
                  "subnet-0af43a4539acfddcb",
                  "subnet-0f4c643307c8f2687"
                ],
                "vpc_id": "vpc-001c13fe47f9e6141"
              }
            ]
          },
          "sensitive_attributes": [],
          "identity_schema_version": 0,
          "private": "eyJlMmJmYjczMC1lY2FhLTExZTYtOGY4OC0zNDM2M2JjN2M0YzAiOnsiY3JlYXRlIjo2MDAwMDAwMDAwMDAsImRlbGV0ZSI6NjAwMDAwMDAwMDAwLCJ1cGRhdGUiOjYwMDAwMDAwMDAwMH19",
          "dependencies": [
            "aws_dynamodb_table.conns",
            "aws_lambda_layer_version.mysql_layer",
            "aws_secretsmanager_secret.db",
            "aws_secretsmanager_secret.scraper",
            "aws_security_group.lambda",
            "aws_sqs_queue.dlq",
            "aws_sqs_queue.main",
            "aws_subnet.private_a",
            "aws_subnet.private_b",
            "aws_vpc.main",
            "data.archive_file.mysql_layer_zip",
            "data.archive_file.trends_keywords_write_zip",
            "data.aws_iam_role.labrole"
          ]
        }
      ]
    },
    {
      "mode": "managed",
      "type": "aws_lambda_function",
      "name": "trends_read",
      "provider": "provider[\"registry.terraform.io/hashicorp/aws\"]",
      "instances": [
        {
          "schema_version": 0,
          "attributes": {
            "architectures": [
              "x86_64"
            ],
            "arn": "arn:aws:lambda:us-east-1:063331379930:function:spirulina-dev-trends-read",
            "code_sha256": "UguwV/33+FJpM/2vGeq+38nykUxAWEYduhuAOP5Iyes=",
            "code_signing_config_arn": "",
            "dead_letter_config": [],
            "description": "",
            "environment": [
              {
                "variables": {
                  "DB_NAME": "spirulinadb",
                  "DB_SECRET_ARN": "arn:aws:secretsmanager:us-east-1:063331379930:secret:spirulina/db-FPuMQT",
                  "GEO": "SG",
                  "MAX_SLUGS": "20",
                  "REGION": "us-east-1",
                  "TABLE_NAME": "google_trends_daily"
                }
              }
            ],
            "ephemeral_storage": [
              {
                "size": 512
              }
            ],
            "file_system_config": [],
            "filename": "./dist/trends_read.zip",
            "function_name": "spirulina-dev-trends-read",
            "handler": "handler.lambda_handler",
            "id": "spirulina-dev-trends-read",
            "image_config": [],
            "image_uri": "",
            "invoke_arn": "arn:aws:apigateway:us-east-1:lambda:path/2015-03-31/functions/arn:aws:lambda:us-east-1:063331379930:function:spirulina-dev-trends-read/invocations",
            "kms_key_arn": "",
            "last_modified": "2025-10-13T19:06:31.000+0000",
            "layers": [
              "arn:aws:lambda:us-east-1:063331379930:layer:spirulina-mysql:3"
            ],
            "logging_config": [
              {
                "application_log_level": "",
                "log_format": "Text",
                "log_group": "/aws/lambda/spirulina-dev-trends-read",
                "system_log_level": ""
              }
            ],
            "memory_size": 256,
            "package_type": "Zip",
            "publish": false,
            "qualified_arn": "arn:aws:lambda:us-east-1:063331379930:function:spirulina-dev-trends-read:$LATEST",
            "qualified_invoke_arn": "arn:aws:apigateway:us-east-1:lambda:path/2015-03-31/functions/arn:aws:lambda:us-east-1:063331379930:function:spirulina-dev-trends-read:$LATEST/invocations",
            "replace_security_groups_on_destroy": null,
            "replacement_security_group_ids": null,
            "reserved_concurrent_executions": -1,
            "role": "arn:aws:iam::063331379930:role/LabRole",
            "runtime": "python3.12",
            "s3_bucket": null,
            "s3_key": null,
            "s3_object_version": null,
            "signing_job_arn": "",
            "signing_profile_version_arn": "",
            "skip_destroy": false,
            "snap_start": [],
            "source_code_hash": "1RdkUI8SZg3IK2b0xqDy87yxUn3oMDtKhUOiRqxR/9k=",
            "source_code_size": 3496,
            "tags": {},
            "tags_all": {},
            "timeout": 10,
            "timeouts": null,
            "tracing_config": [
              {
                "mode": "PassThrough"
              }
            ],
            "version": "$LATEST",
            "vpc_config": [
              {
                "ipv6_allowed_for_dual_stack": false,
                "security_group_ids": [
                  "sg-0b9b0b16700e6e65f"
                ],
                "subnet_ids": [
                  "subnet-0af43a4539acfddcb",
                  "subnet-0f4c643307c8f2687"
                ],
                "vpc_id": "vpc-001c13fe47f9e6141"
              }
            ]
          },
          "sensitive_attributes": [],
          "identity_schema_version": 0,
          "private": "eyJlMmJmYjczMC1lY2FhLTExZTYtOGY4OC0zNDM2M2JjN2M0YzAiOnsiY3JlYXRlIjo2MDAwMDAwMDAwMDAsImRlbGV0ZSI6NjAwMDAwMDAwMDAwLCJ1cGRhdGUiOjYwMDAwMDAwMDAwMH19",
          "dependencies": [
            "aws_dynamodb_table.conns",
            "aws_lambda_layer_version.mysql_layer",
            "aws_secretsmanager_secret.db",
            "aws_secretsmanager_secret.scraper",
            "aws_security_group.lambda",
            "aws_sqs_queue.dlq",
            "aws_sqs_queue.main",
            "aws_subnet.private_a",
            "aws_subnet.private_b",
            "aws_vpc.main",
            "data.archive_file.mysql_layer_zip",
            "data.archive_file.trends_read_zip",
            "data.aws_iam_role.labrole"
          ]
        }
      ]
    },
    {
      "mode": "managed",
      "type": "aws_lambda_function",
      "name": "watchlist_read",
      "provider": "provider[\"registry.terraform.io/hashicorp/aws\"]",
      "instances": [
        {
          "schema_version": 0,
          "attributes": {
            "architectures": [
              "x86_64"
            ],
            "arn": "arn:aws:lambda:us-east-1:063331379930:function:spirulina-dev-watchlist-read",
            "code_sha256": "VIKtRzM6BeB9FYwITCEU7odbEDNmg6urbuy6aqwrLZA=",
            "code_signing_config_arn": "",
            "dead_letter_config": [],
            "description": "",
            "environment": [
              {
                "variables": {
                  "DB_SECRET_ARN": "arn:aws:secretsmanager:us-east-1:063331379930:secret:spirulina/db-FPuMQT"
                }
              }
            ],
            "ephemeral_storage": [
              {
                "size": 512
              }
            ],
            "file_system_config": [],
            "filename": "./dist/watchlist.zip",
            "function_name": "spirulina-dev-watchlist-read",
            "handler": "handler.lambda_handler",
            "id": "spirulina-dev-watchlist-read",
            "image_config": [],
            "image_uri": "",
            "invoke_arn": "arn:aws:apigateway:us-east-1:lambda:path/2015-03-31/functions/arn:aws:lambda:us-east-1:063331379930:function:spirulina-dev-watchlist-read/invocations",
            "kms_key_arn": "",
            "last_modified": "2025-10-14T09:29:56.000+0000",
            "layers": [
              "arn:aws:lambda:us-east-1:063331379930:layer:spirulina-mysql:3"
            ],
            "logging_config": [
              {
                "application_log_level": "",
                "log_format": "Text",
                "log_group": "/aws/lambda/spirulina-dev-watchlist-read",
                "system_log_level": ""
              }
            ],
            "memory_size": 128,
            "package_type": "Zip",
            "publish": false,
            "qualified_arn": "arn:aws:lambda:us-east-1:063331379930:function:spirulina-dev-watchlist-read:$LATEST",
            "qualified_invoke_arn": "arn:aws:apigateway:us-east-1:lambda:path/2015-03-31/functions/arn:aws:lambda:us-east-1:063331379930:function:spirulina-dev-watchlist-read:$LATEST/invocations",
            "replace_security_groups_on_destroy": null,
            "replacement_security_group_ids": null,
            "reserved_concurrent_executions": -1,
            "role": "arn:aws:iam::063331379930:role/LabRole",
            "runtime": "python3.12",
            "s3_bucket": null,
            "s3_key": null,
            "s3_object_version": null,
            "signing_job_arn": "",
            "signing_profile_version_arn": "",
            "skip_destroy": false,
            "snap_start": [],
            "source_code_hash": "",
            "source_code_size": 1987,
            "tags": {},
            "tags_all": {},
            "timeout": 10,
            "timeouts": null,
            "tracing_config": [
              {
                "mode": "PassThrough"
              }
            ],
            "version": "$LATEST",
            "vpc_config": [
              {
                "ipv6_allowed_for_dual_stack": false,
                "security_group_ids": [
                  "sg-0b9b0b16700e6e65f"
                ],
                "subnet_ids": [
                  "subnet-0af43a4539acfddcb",
                  "subnet-0f4c643307c8f2687"
                ],
                "vpc_id": "vpc-001c13fe47f9e6141"
              }
            ]
          },
          "sensitive_attributes": [],
          "identity_schema_version": 0,
          "private": "eyJlMmJmYjczMC1lY2FhLTExZTYtOGY4OC0zNDM2M2JjN2M0YzAiOnsiY3JlYXRlIjo2MDAwMDAwMDAwMDAsImRlbGV0ZSI6NjAwMDAwMDAwMDAwLCJ1cGRhdGUiOjYwMDAwMDAwMDAwMH19",
          "dependencies": [
            "aws_dynamodb_table.conns",
            "aws_lambda_layer_version.mysql_layer",
            "aws_secretsmanager_secret.db",
            "aws_secretsmanager_secret.scraper",
            "aws_security_group.lambda",
            "aws_sqs_queue.dlq",
            "aws_sqs_queue.main",
            "aws_subnet.private_a",
            "aws_subnet.private_b",
            "aws_vpc.main",
            "data.archive_file.mysql_layer_zip",
            "data.archive_file.watchlist_zip",
            "data.aws_iam_role.labrole"
          ]
        }
      ]
    },
    {
      "mode": "managed",
      "type": "aws_lambda_function",
      "name": "watchlist_series",
      "provider": "provider[\"registry.terraform.io/hashicorp/aws\"]",
      "instances": [
        {
          "schema_version": 0,
          "attributes": {
            "architectures": [
              "x86_64"
            ],
            "arn": "arn:aws:lambda:us-east-1:063331379930:function:spirulina-dev-watchlist-series",
            "code_sha256": "UTdthW2poM3DYW56kXTTN+Axpw1LC5b0L0V4ANtkfb4=",
            "code_signing_config_arn": "",
            "dead_letter_config": [],
            "description": "",
            "environment": [
              {
                "variables": {
                  "DB_SECRET_ARN": "arn:aws:secretsmanager:us-east-1:063331379930:secret:spirulina/db-FPuMQT",
                  "REGION": "us-east-1"
                }
              }
            ],
            "ephemeral_storage": [
              {
                "size": 512
              }
            ],
            "file_system_config": [],
            "filename": "./dist/watchlist_series.zip",
            "function_name": "spirulina-dev-watchlist-series",
            "handler": "handler.lambda_handler",
            "id": "spirulina-dev-watchlist-series",
            "image_config": [],
            "image_uri": "",
            "invoke_arn": "arn:aws:apigateway:us-east-1:lambda:path/2015-03-31/functions/arn:aws:lambda:us-east-1:063331379930:function:spirulina-dev-watchlist-series/invocations",
            "kms_key_arn": "",
            "last_modified": "2025-10-12T13:15:47.000+0000",
            "layers": [
              "arn:aws:lambda:us-east-1:063331379930:layer:spirulina-mysql:3"
            ],
            "logging_config": [
              {
                "application_log_level": "",
                "log_format": "Text",
                "log_group": "/aws/lambda/spirulina-dev-watchlist-series",
                "system_log_level": ""
              }
            ],
            "memory_size": 256,
            "package_type": "Zip",
            "publish": false,
            "qualified_arn": "arn:aws:lambda:us-east-1:063331379930:function:spirulina-dev-watchlist-series:$LATEST",
            "qualified_invoke_arn": "arn:aws:apigateway:us-east-1:lambda:path/2015-03-31/functions/arn:aws:lambda:us-east-1:063331379930:function:spirulina-dev-watchlist-series:$LATEST/invocations",
            "replace_security_groups_on_destroy": null,
            "replacement_security_group_ids": null,
            "reserved_concurrent_executions": -1,
            "role": "arn:aws:iam::063331379930:role/LabRole",
            "runtime": "python3.12",
            "s3_bucket": null,
            "s3_key": null,
            "s3_object_version": null,
            "signing_job_arn": "",
            "signing_profile_version_arn": "",
            "skip_destroy": false,
            "snap_start": [],
            "source_code_hash": "UTdthW2poM3DYW56kXTTN+Axpw1LC5b0L0V4ANtkfb4=",
            "source_code_size": 1405,
            "tags": {},
            "tags_all": {},
            "timeout": 15,
            "timeouts": null,
            "tracing_config": [
              {
                "mode": "PassThrough"
              }
            ],
            "version": "$LATEST",
            "vpc_config": [
              {
                "ipv6_allowed_for_dual_stack": false,
                "security_group_ids": [
                  "sg-0b9b0b16700e6e65f"
                ],
                "subnet_ids": [
                  "subnet-0af43a4539acfddcb",
                  "subnet-0f4c643307c8f2687"
                ],
                "vpc_id": "vpc-001c13fe47f9e6141"
              }
            ]
          },
          "sensitive_attributes": [],
          "identity_schema_version": 0,
          "private": "eyJlMmJmYjczMC1lY2FhLTExZTYtOGY4OC0zNDM2M2JjN2M0YzAiOnsiY3JlYXRlIjo2MDAwMDAwMDAwMDAsImRlbGV0ZSI6NjAwMDAwMDAwMDAwLCJ1cGRhdGUiOjYwMDAwMDAwMDAwMH19",
          "dependencies": [
            "aws_dynamodb_table.conns",
            "aws_lambda_layer_version.mysql_layer",
            "aws_secretsmanager_secret.db",
            "aws_secretsmanager_secret.scraper",
            "aws_security_group.lambda",
            "aws_sqs_queue.dlq",
            "aws_sqs_queue.main",
            "aws_subnet.private_a",
            "aws_subnet.private_b",
            "aws_vpc.main",
            "data.archive_file.mysql_layer_zip",
            "data.archive_file.watchlist_series_zip",
            "data.aws_iam_role.labrole"
          ]
        }
      ]
    },
    {
      "mode": "managed",
      "type": "aws_lambda_function",
      "name": "worker",
      "provider": "provider[\"registry.terraform.io/hashicorp/aws\"]",
      "instances": [
        {
          "schema_version": 0,
          "attributes": {
            "architectures": [
              "x86_64"
            ],
            "arn": "arn:aws:lambda:us-east-1:063331379930:function:spirulina-dev-worker",
            "code_sha256": "kYv50VAgkwmfZATNHdHqyOFfP9VDfMZVYJ97v3uc9r4=",
            "code_signing_config_arn": "",
            "dead_letter_config": [],
            "description": "",
            "environment": [
              {
                "variables": {
                  "CONN_TABLE": "spirulina-pubsub",
                  "DB_SECRET_ARN": "arn:aws:secretsmanager:us-east-1:063331379930:secret:spirulina/db-FPuMQT",
                  "REGION": "us-east-1",
                  "SCRAPER_SECRET_ARN": "arn:aws:secretsmanager:us-east-1:063331379930:secret:spirulina/scraper-A6sSO1",
                  "WS_ENDPOINT": "https://sdzrplzis6.execute-api.us-east-1.amazonaws.com/production"
                }
              }
            ],
            "ephemeral_storage": [
              {
                "size": 512
              }
            ],
            "file_system_config": [],
            "filename": "./dist/worker.zip",
            "function_name": "spirulina-dev-worker",
            "handler": "handler.lambda_handler",
            "id": "spirulina-dev-worker",
            "image_config": [],
            "image_uri": "",
            "invoke_arn": "arn:aws:apigateway:us-east-1:lambda:path/2015-03-31/functions/arn:aws:lambda:us-east-1:063331379930:function:spirulina-dev-worker/invocations",
            "kms_key_arn": "",
            "last_modified": "2025-09-30T09:31:32.918+0000",
            "layers": [
              "arn:aws:lambda:us-east-1:063331379930:layer:spirulina-mysql:3",
              "arn:aws:lambda:us-east-1:063331379930:layer:spirulina-requests:3",
              "arn:aws:lambda:us-east-1:063331379930:layer:beautifulsoup4:3"
            ],
            "logging_config": [
              {
                "application_log_level": "",
                "log_format": "Text",
                "log_group": "/aws/lambda/spirulina-dev-worker",
                "system_log_level": ""
              }
            ],
            "memory_size": 1024,
            "package_type": "Zip",
            "publish": false,
            "qualified_arn": "arn:aws:lambda:us-east-1:063331379930:function:spirulina-dev-worker:$LATEST",
            "qualified_invoke_arn": "arn:aws:apigateway:us-east-1:lambda:path/2015-03-31/functions/arn:aws:lambda:us-east-1:063331379930:function:spirulina-dev-worker:$LATEST/invocations",
            "replace_security_groups_on_destroy": null,
            "replacement_security_group_ids": null,
            "reserved_concurrent_executions": -1,
            "role": "arn:aws:iam::063331379930:role/LabRole",
            "runtime": "python3.12",
            "s3_bucket": null,
            "s3_key": null,
            "s3_object_version": null,
            "signing_job_arn": "",
            "signing_profile_version_arn": "",
            "skip_destroy": false,
            "snap_start": [],
            "source_code_hash": "",
            "source_code_size": 6914,
            "tags": {},
            "tags_all": {},
            "timeout": 180,
            "timeouts": null,
            "tracing_config": [
              {
                "mode": "PassThrough"
              }
            ],
            "version": "$LATEST",
            "vpc_config": [
              {
                "ipv6_allowed_for_dual_stack": false,
                "security_group_ids": [
                  "sg-0b9b0b16700e6e65f"
                ],
                "subnet_ids": [
                  "subnet-0af43a4539acfddcb",
                  "subnet-0f4c643307c8f2687"
                ],
                "vpc_id": "vpc-001c13fe47f9e6141"
              }
            ]
          },
          "sensitive_attributes": [],
          "identity_schema_version": 0,
          "private": "eyJlMmJmYjczMC1lY2FhLTExZTYtOGY4OC0zNDM2M2JjN2M0YzAiOnsiY3JlYXRlIjo2MDAwMDAwMDAwMDAsImRlbGV0ZSI6NjAwMDAwMDAwMDAwLCJ1cGRhdGUiOjYwMDAwMDAwMDAwMH19",
          "dependencies": [
            "aws_apigatewayv2_api.ws",
            "aws_apigatewayv2_stage.ws_prod",
            "aws_dynamodb_table.conns",
            "aws_lambda_layer_version.bs4",
            "aws_lambda_layer_version.mysql_layer",
            "aws_lambda_layer_version.requests_layer",
            "aws_secretsmanager_secret.db",
            "aws_secretsmanager_secret.scraper",
            "aws_security_group.lambda",
            "aws_sqs_queue.dlq",
            "aws_sqs_queue.main",
            "aws_subnet.private_a",
            "aws_subnet.private_b",
            "aws_vpc.main",
            "data.archive_file.mysql_layer_zip",
            "data.archive_file.requests_layer_zip",
            "data.archive_file.worker_zip",
            "data.aws_iam_role.labrole"
          ]
        }
      ]
    },
    {
      "mode": "managed",
      "type": "aws_lambda_layer_version",
      "name": "bs4",
      "provider": "provider[\"registry.terraform.io/hashicorp/aws\"]",
      "instances": [
        {
          "schema_version": 0,
          "attributes": {
            "arn": "arn:aws:lambda:us-east-1:063331379930:layer:beautifulsoup4:3",
            "code_sha256": "IxV3o49s/LETVWoeGsui0aXELy/40AUwkkvz5vvGIPs=",
            "compatible_architectures": [],
            "compatible_runtimes": [
              "python3.12"
            ],
            "created_date": "2025-09-30T09:26:46.327+0000",
            "description": "BeautifulSoup4 + soupsieve for Python Lambda",
            "filename": "./layers/bs4_layer.zip",
            "id": "arn:aws:lambda:us-east-1:063331379930:layer:beautifulsoup4:3",
            "layer_arn": "arn:aws:lambda:us-east-1:063331379930:layer:beautifulsoup4",
            "layer_name": "beautifulsoup4",
            "license_info": "",
            "s3_bucket": null,
            "s3_key": null,
            "s3_object_version": null,
            "signing_job_arn": "",
            "signing_profile_version_arn": "",
            "skip_destroy": false,
            "source_code_hash": "",
            "source_code_size": 491950,
            "version": "3"
          },
          "sensitive_attributes": [],
          "identity_schema_version": 0,
          "private": "bnVsbA=="
        }
      ]
    },
    {
      "mode": "managed",
      "type": "aws_lambda_layer_version",
      "name": "mysql_layer",
      "provider": "provider[\"registry.terraform.io/hashicorp/aws\"]",
      "instances": [
        {
          "schema_version": 0,
          "attributes": {
            "arn": "arn:aws:lambda:us-east-1:063331379930:layer:spirulina-mysql:3",
            "code_sha256": "3exoJMVz0lyl+BTc0TE+OBQ3585HlogGN4eHQ1b0cLM=",
            "compatible_architectures": [],
            "compatible_runtimes": [
              "python3.12"
            ],
            "created_date": "2025-09-30T09:26:52.345+0000",
            "description": "",
            "filename": "./mysql_layer.zip",
            "id": "arn:aws:lambda:us-east-1:063331379930:layer:spirulina-mysql:3",
            "layer_arn": "arn:aws:lambda:us-east-1:063331379930:layer:spirulina-mysql",
            "layer_name": "spirulina-mysql",
            "license_info": "",
            "s3_bucket": null,
            "s3_key": null,
            "s3_object_version": null,
            "signing_job_arn": "",
            "signing_profile_version_arn": "",
            "skip_destroy": false,
            "source_code_hash": "",
            "source_code_size": 137731,
            "version": "3"
          },
          "sensitive_attributes": [],
          "identity_schema_version": 0,
          "private": "bnVsbA==",
          "dependencies": [
            "data.archive_file.mysql_layer_zip"
          ]
        }
      ]
    },
    {
      "mode": "managed",
      "type": "aws_lambda_layer_version",
      "name": "nltk_layer",
      "provider": "provider[\"registry.terraform.io/hashicorp/aws\"]",
      "instances": [
        {
          "schema_version": 0,
          "attributes": {
            "arn": "arn:aws:lambda:us-east-1:063331379930:layer:spirulina-nltk-layer:2",
            "code_sha256": "hzI6OPyyGgR99wVtdRawNNxfqfUd/nibyb2Rav/TKp0=",
            "compatible_architectures": [],
            "compatible_runtimes": [
              "python3.12"
            ],
            "created_date": "2025-10-16T07:48:30.687+0000",
            "description": "",
            "filename": "./nltk_layer.zip",
            "id": "arn:aws:lambda:us-east-1:063331379930:layer:spirulina-nltk-layer:2",
            "layer_arn": "arn:aws:lambda:us-east-1:063331379930:layer:spirulina-nltk-layer",
            "layer_name": "spirulina-nltk-layer",
            "license_info": "",
            "s3_bucket": null,
            "s3_key": null,
            "s3_object_version": null,
            "signing_job_arn": "",
            "signing_profile_version_arn": "",
            "skip_destroy": false,
            "source_code_hash": "hzI6OPyyGgR99wVtdRawNNxfqfUd/nibyb2Rav/TKp0=",
            "source_code_size": 6217491,
            "version": "2"
          },
          "sensitive_attributes": [],
          "identity_schema_version": 0,
          "private": "bnVsbA=="
        }
      ]
    },
    {
      "mode": "managed",
      "type": "aws_lambda_layer_version",
      "name": "numpy_layer",
      "provider": "provider[\"registry.terraform.io/hashicorp/aws\"]",
      "instances": [
        {
          "schema_version": 0,
          "attributes": {
            "arn": "arn:aws:lambda:us-east-1:063331379930:layer:spirulina-numpy:1",
            "code_sha256": "7RXLwVYi5UgA1JJwpAtpScFCnClvnaaOt+MDtyL17c8=",
            "compatible_architectures": [],
            "compatible_runtimes": [
              "python3.12"
            ],
            "created_date": "2025-10-15T11:07:32.384+0000",
            "description": "NumPy 1.26.x for Lambda",
            "filename": null,
            "id": "arn:aws:lambda:us-east-1:063331379930:layer:spirulina-numpy:1",
            "layer_arn": "arn:aws:lambda:us-east-1:063331379930:layer:spirulina-numpy",
            "layer_name": "spirulina-numpy",
            "license_info": "",
            "s3_bucket": "spirulina-lambda-layers-dev",
            "s3_key": "lambda-layers/numpy-layer.zip",
            "s3_object_version": null,
            "signing_job_arn": "",
            "signing_profile_version_arn": "",
            "skip_destroy": false,
            "source_code_hash": "",
            "source_code_size": 53212180,
            "version": "1"
          },
          "sensitive_attributes": [],
          "identity_schema_version": 0,
          "private": "bnVsbA==",
          "dependencies": [
            "aws_s3_bucket.lambda_layers",
            "aws_s3_object.numpy_layer",
            "data.archive_file.numpy_layer_zip"
          ]
        }
      ]
    },
    {
      "mode": "managed",
      "type": "aws_lambda_layer_version",
      "name": "pandas_layer",
      "provider": "provider[\"registry.terraform.io/hashicorp/aws\"]",
      "instances": [
        {
          "schema_version": 0,
          "attributes": {
            "arn": "arn:aws:lambda:us-east-1:063331379930:layer:spirulina-pandas:1",
            "code_sha256": "rdXnEZ883/cS6FQ7x0jAEiv4/ItL/vzhiadj24quQ5s=",
            "compatible_architectures": null,
            "compatible_runtimes": [
              "python3.12"
            ],
            "created_date": "2025-10-10T10:29:00.245+0000",
            "description": "Pandas 2.2.x (+dateutil+pytz) for Lambda",
            "filename": "./pandas_layer.zip",
            "id": "arn:aws:lambda:us-east-1:063331379930:layer:spirulina-pandas:1",
            "layer_arn": "arn:aws:lambda:us-east-1:063331379930:layer:spirulina-pandas",
            "layer_name": "spirulina-pandas",
            "license_info": "",
            "s3_bucket": null,
            "s3_key": null,
            "s3_object_version": null,
            "signing_job_arn": "",
            "signing_profile_version_arn": "",
            "skip_destroy": false,
            "source_code_hash": "",
            "source_code_size": 20590663,
            "version": "1"
          },
          "sensitive_attributes": [],
          "identity_schema_version": 0,
          "private": "bnVsbA==",
          "dependencies": [
            "data.archive_file.pandas_layer_zip"
          ]
        }
      ]
    },
    {
      "mode": "managed",
      "type": "aws_lambda_layer_version",
      "name": "pytrends_layer",
      "provider": "provider[\"registry.terraform.io/hashicorp/aws\"]",
      "instances": [
        {
          "schema_version": 0,
          "attributes": {
            "arn": "arn:aws:lambda:us-east-1:063331379930:layer:spirulina-pytrends:1",
            "code_sha256": "mmQzajQ5Jkg/FH5ixwtJHmYupKigNtSwkY3jw+jKmWU=",
            "compatible_architectures": [],
            "compatible_runtimes": [
              "python3.12"
            ],
            "created_date": "2025-10-10T10:29:01.758+0000",
            "description": "pytrends only",
            "filename": "./pytrends_layer.zip",
            "id": "arn:aws:lambda:us-east-1:063331379930:layer:spirulina-pytrends:1",
            "layer_arn": "arn:aws:lambda:us-east-1:063331379930:layer:spirulina-pytrends",
            "layer_name": "spirulina-pytrends",
            "license_info": "",
            "s3_bucket": null,
            "s3_key": null,
            "s3_object_version": null,
            "signing_job_arn": "",
            "signing_profile_version_arn": "",
            "skip_destroy": false,
            "source_code_hash": "",
            "source_code_size": 34388,
            "version": "1"
          },
          "sensitive_attributes": [],
          "identity_schema_version": 0,
          "private": "bnVsbA==",
          "dependencies": [
            "data.archive_file.pytrends_layer_zip"
          ]
        }
      ]
    },
    {
      "mode": "managed",
      "type": "aws_lambda_layer_version",
      "name": "rapidfuzz_layer",
      "provider": "provider[\"registry.terraform.io/hashicorp/aws\"]",
      "instances": [
        {
          "schema_version": 0,
          "attributes": {
            "arn": "arn:aws:lambda:us-east-1:063331379930:layer:spirulina-rapidfuzz:1",
            "code_sha256": "2kyD8I8GF0TH28gpoLd+4lKGX3chJm6YueA9k5/lT9g=",
            "compatible_architectures": [],
            "compatible_runtimes": [
              "python3.12"
            ],
            "created_date": "2025-11-19T07:25:09.197+0000",
            "description": "rapidfuzz for fuzzy string matching",
            "filename": "./rapidfuzz_layer.zip",
            "id": "arn:aws:lambda:us-east-1:063331379930:layer:spirulina-rapidfuzz:1",
            "layer_arn": "arn:aws:lambda:us-east-1:063331379930:layer:spirulina-rapidfuzz",
            "layer_name": "spirulina-rapidfuzz",
            "license_info": "",
            "s3_bucket": null,
            "s3_key": null,
            "s3_object_version": null,
            "signing_job_arn": "",
            "signing_profile_version_arn": "",
            "skip_destroy": false,
            "source_code_hash": "",
            "source_code_size": 1700469,
            "version": "1"
          },
          "sensitive_attributes": [],
          "identity_schema_version": 0,
          "private": "bnVsbA==",
          "dependencies": [
            "data.archive_file.rapidfuzz_layer_zip"
          ]
        }
      ]
    },
    {
      "mode": "managed",
      "type": "aws_lambda_layer_version",
      "name": "requests_layer",
      "provider": "provider[\"registry.terraform.io/hashicorp/aws\"]",
      "instances": [
        {
          "schema_version": 0,
          "attributes": {
            "arn": "arn:aws:lambda:us-east-1:063331379930:layer:spirulina-requests:3",
            "code_sha256": "SA/8hGLywJcT/m/D2QuCXIiWGYsdVjZabWLFox1M6EI=",
            "compatible_architectures": [],
            "compatible_runtimes": [
              "python3.12"
            ],
            "created_date": "2025-09-30T09:26:56.963+0000",
            "description": "",
            "filename": "./requests_layer.zip",
            "id": "arn:aws:lambda:us-east-1:063331379930:layer:spirulina-requests:3",
            "layer_arn": "arn:aws:lambda:us-east-1:063331379930:layer:spirulina-requests",
            "layer_name": "spirulina-requests",
            "license_info": "",
            "s3_bucket": null,
            "s3_key": null,
            "s3_object_version": null,
            "signing_job_arn": "",
            "signing_profile_version_arn": "",
            "skip_destroy": false,
            "source_code_hash": "",
            "source_code_size": 1077941,
            "version": "3"
          },
          "sensitive_attributes": [],
          "identity_schema_version": 0,
          "private": "bnVsbA==",
          "dependencies": [
            "data.archive_file.requests_layer_zip"
          ]
        }
      ]
    },
    {
      "mode": "managed",
      "type": "aws_lambda_layer_version",
      "name": "scipy_layer",
      "provider": "provider[\"registry.terraform.io/hashicorp/aws\"]",
      "instances": [
        {
          "schema_version": 0,
          "attributes": {
            "arn": "arn:aws:lambda:us-east-1:063331379930:layer:spirulina-scipy:2",
            "code_sha256": "q4HX+9cbK60UmHjIMjoBrL7Epeh07cXuF2eCYfCU9nM=",
            "compatible_architectures": [],
            "compatible_runtimes": [
              "python3.12"
            ],
            "created_date": "2025-10-15T10:41:49.835+0000",
            "description": "SciPy for scientific computing",
            "filename": "./scipy_layer.zip",
            "id": "arn:aws:lambda:us-east-1:063331379930:layer:spirulina-scipy:2",
            "layer_arn": "arn:aws:lambda:us-east-1:063331379930:layer:spirulina-scipy",
            "layer_name": "spirulina-scipy",
            "license_info": "",
            "s3_bucket": null,
            "s3_key": null,
            "s3_object_version": null,
            "signing_job_arn": "",
            "signing_profile_version_arn": "",
            "skip_destroy": false,
            "source_code_hash": "",
            "source_code_size": 49313881,
            "version": "2"
          },
          "sensitive_attributes": [],
          "identity_schema_version": 0,
          "private": "bnVsbA==",
          "dependencies": [
            "data.archive_file.scipy_layer_zip"
          ]
        }
      ]
    },
    {
      "mode": "managed",
      "type": "aws_lambda_layer_version",
      "name": "sklearn_layer",
      "provider": "provider[\"registry.terraform.io/hashicorp/aws\"]",
      "instances": [
        {
          "schema_version": 0,
          "attributes": {
            "arn": "arn:aws:lambda:us-east-1:063331379930:layer:spirulina-sklearn-layer:1",
            "code_sha256": "wW4g6kJo/9VoE1olmYgO73wRXSAnPyNM1IMyE1qc9YY=",
            "compatible_architectures": [],
            "compatible_runtimes": [
              "python3.12"
            ],
            "created_date": "2025-10-16T07:48:59.821+0000",
            "description": "",
            "filename": null,
            "id": "arn:aws:lambda:us-east-1:063331379930:layer:spirulina-sklearn-layer:1",
            "layer_arn": "arn:aws:lambda:us-east-1:063331379930:layer:spirulina-sklearn-layer",
            "layer_name": "spirulina-sklearn-layer",
            "license_info": "",
            "s3_bucket": "spirulina-lambda-layers-dev",
            "s3_key": "sklearn_layer_optimized.zip",
            "s3_object_version": null,
            "signing_job_arn": "",
            "signing_profile_version_arn": "",
            "skip_destroy": false,
            "source_code_hash": "wW4g6kJo/9VoE1olmYgO73wRXSAnPyNM1IMyE1qc9YY=",
            "source_code_size": 57573776,
            "version": "1"
          },
          "sensitive_attributes": [],
          "identity_schema_version": 0,
          "private": "bnVsbA==",
          "dependencies": [
            "aws_s3_bucket.lambda_layers",
            "aws_s3_object.sklearn_layer"
          ]
        }
      ]
    },
    {
      "mode": "managed",
      "type": "aws_lambda_layer_version",
      "name": "spacy_base_layer",
      "provider": "provider[\"registry.terraform.io/hashicorp/aws\"]",
      "instances": [
        {
          "schema_version": 0,
          "attributes": {
            "arn": "arn:aws:lambda:us-east-1:063331379930:layer:spirulina-spacy-base:2",
            "code_sha256": "Ie25Vo70BJrZrXY3Rk5QSAnrK9R9G8ZgOdDawl9+7uM=",
            "compatible_architectures": [],
            "compatible_runtimes": [
              "python3.12"
            ],
            "created_date": "2025-10-15T10:49:37.931+0000",
            "description": "spaCy base (no models)",
            "filename": null,
            "id": "arn:aws:lambda:us-east-1:063331379930:layer:spirulina-spacy-base:2",
            "layer_arn": "arn:aws:lambda:us-east-1:063331379930:layer:spirulina-spacy-base",
            "layer_name": "spirulina-spacy-base",
            "license_info": "",
            "s3_bucket": "spirulina-lambda-layers-dev",
            "s3_key": "lambda-layers/spacy-base-layer.zip",
            "s3_object_version": null,
            "signing_job_arn": "",
            "signing_profile_version_arn": "",
            "skip_destroy": false,
            "source_code_hash": "",
            "source_code_size": 67009237,
            "version": "2"
          },
          "sensitive_attributes": [],
          "identity_schema_version": 0,
          "private": "bnVsbA==",
          "dependencies": [
            "aws_s3_bucket.lambda_layers",
            "aws_s3_object.spacy_base_layer",
            "data.archive_file.spacy_base_layer_zip"
          ]
        }
      ]
    },
    {
      "mode": "managed",
      "type": "aws_lambda_layer_version",
      "name": "spacy_model_layer",
      "provider": "provider[\"registry.terraform.io/hashicorp/aws\"]",
      "instances": [
        {
          "schema_version": 0,
          "attributes": {
            "arn": "arn:aws:lambda:us-east-1:063331379930:layer:spirulina-spacy-model:2",
            "code_sha256": "2gBSPgPQWB0jOLP78rMq75hmlgQcT+EhGJRskZj4L18=",
            "compatible_architectures": [],
            "compatible_runtimes": [
              "python3.12"
            ],
            "created_date": "2025-10-15T10:50:06.756+0000",
            "description": "spaCy en_core_web_sm model",
            "filename": "./spacy_model_layer.zip",
            "id": "arn:aws:lambda:us-east-1:063331379930:layer:spirulina-spacy-model:2",
            "layer_arn": "arn:aws:lambda:us-east-1:063331379930:layer:spirulina-spacy-model",
            "layer_name": "spirulina-spacy-model",
            "license_info": "",
            "s3_bucket": null,
            "s3_key": null,
            "s3_object_version": null,
            "signing_job_arn": "",
            "signing_profile_version_arn": "",
            "skip_destroy": false,
            "source_code_hash": "",
            "source_code_size": 12793351,
            "version": "2"
          },
          "sensitive_attributes": [],
          "identity_schema_version": 0,
          "private": "bnVsbA==",
          "dependencies": [
            "data.archive_file.spacy_model_layer_zip"
          ]
        }
      ]
    },
    {
      "mode": "managed",
      "type": "aws_lambda_layer_version",
      "name": "textblob_layer",
      "provider": "provider[\"registry.terraform.io/hashicorp/aws\"]",
      "instances": [
        {
          "schema_version": 0,
          "attributes": {
            "arn": "arn:aws:lambda:us-east-1:063331379930:layer:spirulina-textblob:2",
            "code_sha256": "dasjuAhFEfFBdBdy6lbJ+qjJqpE6GiXtl+jMqm6hXFk=",
            "compatible_architectures": [],
            "compatible_runtimes": [
              "python3.12"
            ],
            "created_date": "2025-10-15T10:43:09.451+0000",
            "description": "TextBlob for sentiment",
            "filename": "./textblob_layer.zip",
            "id": "arn:aws:lambda:us-east-1:063331379930:layer:spirulina-textblob:2",
            "layer_arn": "arn:aws:lambda:us-east-1:063331379930:layer:spirulina-textblob",
            "layer_name": "spirulina-textblob",
            "license_info": "",
            "s3_bucket": null,
            "s3_key": null,
            "s3_object_version": null,
            "signing_job_arn": "",
            "signing_profile_version_arn": "",
            "skip_destroy": false,
            "source_code_hash": "",
            "source_code_size": 6762630,
            "version": "2"
          },
          "sensitive_attributes": [],
          "identity_schema_version": 0,
          "private": "bnVsbA==",
          "dependencies": [
            "data.archive_file.textblob_layer_zip"
          ]
        }
      ]
    },
    {
      "mode": "managed",
      "type": "aws_lambda_permission",
      "name": "allow_events_invoke_schedule_enqueue",
      "provider": "provider[\"registry.terraform.io/hashicorp/aws\"]",
      "instances": [
        {
          "schema_version": 0,
          "attributes": {
            "action": "lambda:InvokeFunction",
            "event_source_token": null,
            "function_name": "spirulina-dev-schedule-enqueue",
            "function_url_auth_type": null,
            "id": "AllowExecutionFromEventBridgeEvery4h",
            "principal": "events.amazonaws.com",
            "principal_org_id": null,
            "qualifier": "",
            "source_account": null,
            "source_arn": "arn:aws:events:us-east-1:063331379930:rule/spirulina-dev-every-4h",
            "statement_id": "AllowExecutionFromEventBridgeEvery4h",
            "statement_id_prefix": ""
          },
          "sensitive_attributes": [],
          "identity_schema_version": 0,
          "private": "bnVsbA==",
          "dependencies": [
            "aws_cloudwatch_event_rule.every_4h",
            "aws_dynamodb_table.conns",
            "aws_lambda_function.schedule_enqueue",
            "aws_lambda_layer_version.mysql_layer",
            "aws_lambda_layer_version.requests_layer",
            "aws_secretsmanager_secret.db",
            "aws_secretsmanager_secret.scraper",
            "aws_security_group.lambda",
            "aws_sqs_queue.dlq",
            "aws_sqs_queue.main",
            "aws_subnet.private_a",
            "aws_subnet.private_b",
            "aws_vpc.main",
            "data.archive_file.mysql_layer_zip",
            "data.archive_file.requests_layer_zip",
            "data.archive_file.schedule_enqueue_zip",
            "data.aws_iam_role.labrole"
          ]
        }
      ]
    },
    {
      "mode": "managed",
      "type": "aws_lambda_permission",
      "name": "api_invoke",
      "provider": "provider[\"registry.terraform.io/hashicorp/aws\"]",
      "instances": [
        {
          "index_key": "delete_watchlist",
          "schema_version": 0,
          "attributes": {
            "action": "lambda:InvokeFunction",
            "event_source_token": null,
            "function_name": "spirulina-dev-delete-watchlist",
            "function_url_auth_type": null,
            "id": "AllowAPIGInvoke-delete_watchlist",
            "principal": "apigateway.amazonaws.com",
            "principal_org_id": null,
            "qualifier": "",
            "source_account": null,
            "source_arn": "arn:aws:execute-api:us-east-1:063331379930:sa0cp2a3r8/*/*",
            "statement_id": "AllowAPIGInvoke-delete_watchlist",
            "statement_id_prefix": ""
          },
          "sensitive_attributes": [],
          "identity_schema_version": 0,
          "private": "bnVsbA==",
          "dependencies": [
            "aws_apigatewayv2_api.http",
            "aws_dynamodb_table.conns",
            "aws_lambda_function.delete_watchlist",
            "aws_lambda_function.enqueue",
            "aws_lambda_function.social_brands",
            "aws_lambda_function.social_hashtags",
            "aws_lambda_function.social_influencers",
            "aws_lambda_function.social_sentiment",
            "aws_lambda_function.trends_keywords_read",
            "aws_lambda_function.trends_keywords_write",
            "aws_lambda_function.trends_read",
            "aws_lambda_function.watchlist_read",
            "aws_lambda_function.watchlist_series",
            "aws_lambda_layer_version.mysql_layer",
            "aws_lambda_layer_version.requests_layer",
            "aws_secretsmanager_secret.db",
            "aws_secretsmanager_secret.scraper",
            "aws_security_group.lambda",
            "aws_sqs_queue.dlq",
            "aws_sqs_queue.main",
            "aws_subnet.private_a",
            "aws_subnet.private_b",
            "aws_vpc.main",
            "data.archive_file.delete_watchlist_zip",
            "data.archive_file.enqueue_zip",
            "data.archive_file.mysql_layer_zip",
            "data.archive_file.requests_layer_zip",
            "data.archive_file.trends_keywords_read_zip",
            "data.archive_file.trends_keywords_write_zip",
            "data.archive_file.trends_read_zip",
            "data.archive_file.watchlist_series_zip",
            "data.archive_file.watchlist_zip",
            "data.aws_iam_role.labrole"
          ]
        },
        {
          "index_key": "enqueue",
          "schema_version": 0,
          "attributes": {
            "action": "lambda:InvokeFunction",
            "event_source_token": null,
            "function_name": "spirulina-dev-enqueue",
            "function_url_auth_type": null,
            "id": "AllowAPIGInvoke-enqueue",
            "principal": "apigateway.amazonaws.com",
            "principal_org_id": null,
            "qualifier": "",
            "source_account": null,
            "source_arn": "arn:aws:execute-api:us-east-1:063331379930:sa0cp2a3r8/*/*",
            "statement_id": "AllowAPIGInvoke-enqueue",
            "statement_id_prefix": ""
          },
          "sensitive_attributes": [],
          "identity_schema_version": 0,
          "private": "bnVsbA==",
          "dependencies": [
            "aws_apigatewayv2_api.http",
            "aws_dynamodb_table.conns",
            "aws_lambda_function.delete_watchlist",
            "aws_lambda_function.enqueue",
            "aws_lambda_function.social_brands",
            "aws_lambda_function.social_hashtags",
            "aws_lambda_function.social_influencers",
            "aws_lambda_function.social_sentiment",
            "aws_lambda_function.trends_keywords_read",
            "aws_lambda_function.trends_keywords_write",
            "aws_lambda_function.trends_read",
            "aws_lambda_function.watchlist_read",
            "aws_lambda_function.watchlist_series",
            "aws_lambda_layer_version.mysql_layer",
            "aws_lambda_layer_version.requests_layer",
            "aws_secretsmanager_secret.db",
            "aws_secretsmanager_secret.scraper",
            "aws_security_group.lambda",
            "aws_sqs_queue.dlq",
            "aws_sqs_queue.main",
            "aws_subnet.private_a",
            "aws_subnet.private_b",
            "aws_vpc.main",
            "data.archive_file.delete_watchlist_zip",
            "data.archive_file.enqueue_zip",
            "data.archive_file.mysql_layer_zip",
            "data.archive_file.requests_layer_zip",
            "data.archive_file.trends_keywords_read_zip",
            "data.archive_file.trends_keywords_write_zip",
            "data.archive_file.trends_read_zip",
            "data.archive_file.watchlist_series_zip",
            "data.archive_file.watchlist_zip",
            "data.aws_iam_role.labrole"
          ]
        },
        {
          "index_key": "social_brands",
          "schema_version": 0,
          "attributes": {
            "action": "lambda:InvokeFunction",
            "event_source_token": null,
            "function_name": "spirulina-dev-social-brands",
            "function_url_auth_type": null,
            "id": "AllowAPIGInvoke-social_brands",
            "principal": "apigateway.amazonaws.com",
            "principal_org_id": null,
            "qualifier": "",
            "source_account": null,
            "source_arn": "arn:aws:execute-api:us-east-1:063331379930:sa0cp2a3r8/*/*",
            "statement_id": "AllowAPIGInvoke-social_brands",
            "statement_id_prefix": ""
          },
          "sensitive_attributes": [],
          "identity_schema_version": 0,
          "private": "bnVsbA==",
          "dependencies": [
            "aws_apigatewayv2_api.http",
            "aws_dynamodb_table.conns",
            "aws_lambda_function.delete_watchlist",
            "aws_lambda_function.enqueue",
            "aws_lambda_function.social_brands",
            "aws_lambda_function.social_hashtags",
            "aws_lambda_function.social_influencers",
            "aws_lambda_function.social_sentiment",
            "aws_lambda_function.trends_keywords_read",
            "aws_lambda_function.trends_keywords_write",
            "aws_lambda_function.trends_read",
            "aws_lambda_function.watchlist_read",
            "aws_lambda_function.watchlist_series",
            "aws_lambda_layer_version.mysql_layer",
            "aws_lambda_layer_version.requests_layer",
            "aws_secretsmanager_secret.db",
            "aws_secretsmanager_secret.scraper",
            "aws_security_group.lambda",
            "aws_sqs_queue.dlq",
            "aws_sqs_queue.main",
            "aws_subnet.private_a",
            "aws_subnet.private_b",
            "aws_vpc.main",
            "data.archive_file.delete_watchlist_zip",
            "data.archive_file.enqueue_zip",
            "data.archive_file.mysql_layer_zip",
            "data.archive_file.requests_layer_zip",
            "data.archive_file.trends_keywords_read_zip",
            "data.archive_file.trends_keywords_write_zip",
            "data.archive_file.trends_read_zip",
            "data.archive_file.watchlist_series_zip",
            "data.archive_file.watchlist_zip",
            "data.aws_iam_role.labrole"
          ]
        },
        {
          "index_key": "social_hashtags",
          "schema_version": 0,
          "attributes": {
            "action": "lambda:InvokeFunction",
            "event_source_token": null,
            "function_name": "spirulina-dev-social-hashtags",
            "function_url_auth_type": null,
            "id": "AllowAPIGInvoke-social_hashtags",
            "principal": "apigateway.amazonaws.com",
            "principal_org_id": null,
            "qualifier": "",
            "source_account": null,
            "source_arn": "arn:aws:execute-api:us-east-1:063331379930:sa0cp2a3r8/*/*",
            "statement_id": "AllowAPIGInvoke-social_hashtags",
            "statement_id_prefix": ""
          },
          "sensitive_attributes": [],
          "identity_schema_version": 0,
          "private": "bnVsbA==",
          "dependencies": [
            "aws_apigatewayv2_api.http",
            "aws_dynamodb_table.conns",
            "aws_lambda_function.delete_watchlist",
            "aws_lambda_function.enqueue",
            "aws_lambda_function.social_brands",
            "aws_lambda_function.social_hashtags",
            "aws_lambda_function.social_influencers",
            "aws_lambda_function.social_sentiment",
            "aws_lambda_function.trends_keywords_read",
            "aws_lambda_function.trends_keywords_write",
            "aws_lambda_function.trends_read",
            "aws_lambda_function.watchlist_read",
            "aws_lambda_function.watchlist_series",
            "aws_lambda_layer_version.mysql_layer",
            "aws_lambda_layer_version.requests_layer",
            "aws_secretsmanager_secret.db",
            "aws_secretsmanager_secret.scraper",
            "aws_security_group.lambda",
            "aws_sqs_queue.dlq",
            "aws_sqs_queue.main",
            "aws_subnet.private_a",
            "aws_subnet.private_b",
            "aws_vpc.main",
            "data.archive_file.delete_watchlist_zip",
            "data.archive_file.enqueue_zip",
            "data.archive_file.mysql_layer_zip",
            "data.archive_file.requests_layer_zip",
            "data.archive_file.trends_keywords_read_zip",
            "data.archive_file.trends_keywords_write_zip",
            "data.archive_file.trends_read_zip",
            "data.archive_file.watchlist_series_zip",
            "data.archive_file.watchlist_zip",
            "data.aws_iam_role.labrole"
          ]
        },
        {
          "index_key": "social_influencers",
          "schema_version": 0,
          "attributes": {
            "action": "lambda:InvokeFunction",
            "event_source_token": null,
            "function_name": "spirulina-dev-social-influencers",
            "function_url_auth_type": null,
            "id": "AllowAPIGInvoke-social_influencers",
            "principal": "apigateway.amazonaws.com",
            "principal_org_id": null,
            "qualifier": "",
            "source_account": null,
            "source_arn": "arn:aws:execute-api:us-east-1:063331379930:sa0cp2a3r8/*/*",
            "statement_id": "AllowAPIGInvoke-social_influencers",
            "statement_id_prefix": ""
          },
          "sensitive_attributes": [],
          "identity_schema_version": 0,
          "private": "bnVsbA==",
          "dependencies": [
            "aws_apigatewayv2_api.http",
            "aws_dynamodb_table.conns",
            "aws_lambda_function.delete_watchlist",
            "aws_lambda_function.enqueue",
            "aws_lambda_function.social_brands",
            "aws_lambda_function.social_hashtags",
            "aws_lambda_function.social_influencers",
            "aws_lambda_function.social_sentiment",
            "aws_lambda_function.trends_keywords_read",
            "aws_lambda_function.trends_keywords_write",
            "aws_lambda_function.trends_read",
            "aws_lambda_function.watchlist_read",
            "aws_lambda_function.watchlist_series",
            "aws_lambda_layer_version.mysql_layer",
            "aws_lambda_layer_version.requests_layer",
            "aws_secretsmanager_secret.db",
            "aws_secretsmanager_secret.scraper",
            "aws_security_group.lambda",
            "aws_sqs_queue.dlq",
            "aws_sqs_queue.main",
            "aws_subnet.private_a",
            "aws_subnet.private_b",
            "aws_vpc.main",
            "data.archive_file.delete_watchlist_zip",
            "data.archive_file.enqueue_zip",
            "data.archive_file.mysql_layer_zip",
            "data.archive_file.requests_layer_zip",
            "data.archive_file.trends_keywords_read_zip",
            "data.archive_file.trends_keywords_write_zip",
            "data.archive_file.trends_read_zip",
            "data.archive_file.watchlist_series_zip",
            "data.archive_file.watchlist_zip",
            "data.aws_iam_role.labrole"
          ]
        },
        {
          "index_key": "social_sentiment",
          "schema_version": 0,
          "attributes": {
            "action": "lambda:InvokeFunction",
            "event_source_token": null,
            "function_name": "spirulina-dev-social-sentiment",
            "function_url_auth_type": null,
            "id": "AllowAPIGInvoke-social_sentiment",
            "principal": "apigateway.amazonaws.com",
            "principal_org_id": null,
            "qualifier": "",
            "source_account": null,
            "source_arn": "arn:aws:execute-api:us-east-1:063331379930:sa0cp2a3r8/*/*",
            "statement_id": "AllowAPIGInvoke-social_sentiment",
            "statement_id_prefix": ""
          },
          "sensitive_attributes": [],
          "identity_schema_version": 0,
          "private": "bnVsbA==",
          "dependencies": [
            "aws_apigatewayv2_api.http",
            "aws_dynamodb_table.conns",
            "aws_lambda_function.delete_watchlist",
            "aws_lambda_function.enqueue",
            "aws_lambda_function.social_brands",
            "aws_lambda_function.social_hashtags",
            "aws_lambda_function.social_influencers",
            "aws_lambda_function.social_sentiment",
            "aws_lambda_function.trends_keywords_read",
            "aws_lambda_function.trends_keywords_write",
            "aws_lambda_function.trends_read",
            "aws_lambda_function.watchlist_read",
            "aws_lambda_function.watchlist_series",
            "aws_lambda_layer_version.mysql_layer",
            "aws_lambda_layer_version.requests_layer",
            "aws_secretsmanager_secret.db",
            "aws_secretsmanager_secret.scraper",
            "aws_security_group.lambda",
            "aws_sqs_queue.dlq",
            "aws_sqs_queue.main",
            "aws_subnet.private_a",
            "aws_subnet.private_b",
            "aws_vpc.main",
            "data.archive_file.delete_watchlist_zip",
            "data.archive_file.enqueue_zip",
            "data.archive_file.mysql_layer_zip",
            "data.archive_file.requests_layer_zip",
            "data.archive_file.trends_keywords_read_zip",
            "data.archive_file.trends_keywords_write_zip",
            "data.archive_file.trends_read_zip",
            "data.archive_file.watchlist_series_zip",
            "data.archive_file.watchlist_zip",
            "data.aws_iam_role.labrole"
          ]
        },
        {
          "index_key": "trends_keywords_read",
          "schema_version": 0,
          "attributes": {
            "action": "lambda:InvokeFunction",
            "event_source_token": null,
            "function_name": "spirulina-dev-trends-keywords-read",
            "function_url_auth_type": null,
            "id": "AllowAPIGInvoke-trends_keywords_read",
            "principal": "apigateway.amazonaws.com",
            "principal_org_id": null,
            "qualifier": "",
            "source_account": null,
            "source_arn": "arn:aws:execute-api:us-east-1:063331379930:sa0cp2a3r8/*/*",
            "statement_id": "AllowAPIGInvoke-trends_keywords_read",
            "statement_id_prefix": ""
          },
          "sensitive_attributes": [],
          "identity_schema_version": 0,
          "private": "bnVsbA==",
          "dependencies": [
            "aws_apigatewayv2_api.http",
            "aws_dynamodb_table.conns",
            "aws_lambda_function.delete_watchlist",
            "aws_lambda_function.enqueue",
            "aws_lambda_function.social_brands",
            "aws_lambda_function.social_hashtags",
            "aws_lambda_function.social_influencers",
            "aws_lambda_function.social_sentiment",
            "aws_lambda_function.trends_keywords_read",
            "aws_lambda_function.trends_keywords_write",
            "aws_lambda_function.trends_read",
            "aws_lambda_function.watchlist_read",
            "aws_lambda_function.watchlist_series",
            "aws_lambda_layer_version.mysql_layer",
            "aws_lambda_layer_version.requests_layer",
            "aws_secretsmanager_secret.db",
            "aws_secretsmanager_secret.scraper",
            "aws_security_group.lambda",
            "aws_sqs_queue.dlq",
            "aws_sqs_queue.main",
            "aws_subnet.private_a",
            "aws_subnet.private_b",
            "aws_vpc.main",
            "data.archive_file.delete_watchlist_zip",
            "data.archive_file.enqueue_zip",
            "data.archive_file.mysql_layer_zip",
            "data.archive_file.requests_layer_zip",
            "data.archive_file.trends_keywords_read_zip",
            "data.archive_file.trends_keywords_write_zip",
            "data.archive_file.trends_read_zip",
            "data.archive_file.watchlist_series_zip",
            "data.archive_file.watchlist_zip",
            "data.aws_iam_role.labrole"
          ]
        },
        {
          "index_key": "trends_keywords_write",
          "schema_version": 0,
          "attributes": {
            "action": "lambda:InvokeFunction",
            "event_source_token": null,
            "function_name": "spirulina-dev-trends-keywords-write",
            "function_url_auth_type": null,
            "id": "AllowAPIGInvoke-trends_keywords_write",
            "principal": "apigateway.amazonaws.com",
            "principal_org_id": null,
            "qualifier": "",
            "source_account": null,
            "source_arn": "arn:aws:execute-api:us-east-1:063331379930:sa0cp2a3r8/*/*",
            "statement_id": "AllowAPIGInvoke-trends_keywords_write",
            "statement_id_prefix": ""
          },
          "sensitive_attributes": [],
          "identity_schema_version": 0,
          "private": "bnVsbA==",
          "dependencies": [
            "aws_apigatewayv2_api.http",
            "aws_dynamodb_table.conns",
            "aws_lambda_function.delete_watchlist",
            "aws_lambda_function.enqueue",
            "aws_lambda_function.social_brands",
            "aws_lambda_function.social_hashtags",
            "aws_lambda_function.social_influencers",
            "aws_lambda_function.social_sentiment",
            "aws_lambda_function.trends_keywords_read",
            "aws_lambda_function.trends_keywords_write",
            "aws_lambda_function.trends_read",
            "aws_lambda_function.watchlist_read",
            "aws_lambda_function.watchlist_series",
            "aws_lambda_layer_version.mysql_layer",
            "aws_lambda_layer_version.requests_layer",
            "aws_secretsmanager_secret.db",
            "aws_secretsmanager_secret.scraper",
            "aws_security_group.lambda",
            "aws_sqs_queue.dlq",
            "aws_sqs_queue.main",
            "aws_subnet.private_a",
            "aws_subnet.private_b",
            "aws_vpc.main",
            "data.archive_file.delete_watchlist_zip",
            "data.archive_file.enqueue_zip",
            "data.archive_file.mysql_layer_zip",
            "data.archive_file.requests_layer_zip",
            "data.archive_file.trends_keywords_read_zip",
            "data.archive_file.trends_keywords_write_zip",
            "data.archive_file.trends_read_zip",
            "data.archive_file.watchlist_series_zip",
            "data.archive_file.watchlist_zip",
            "data.aws_iam_role.labrole"
          ]
        },
        {
          "index_key": "trends_read",
          "schema_version": 0,
          "attributes": {
            "action": "lambda:InvokeFunction",
            "event_source_token": null,
            "function_name": "spirulina-dev-trends-read",
            "function_url_auth_type": null,
            "id": "AllowAPIGInvoke-trends_read",
            "principal": "apigateway.amazonaws.com",
            "principal_org_id": null,
            "qualifier": "",
            "source_account": null,
            "source_arn": "arn:aws:execute-api:us-east-1:063331379930:sa0cp2a3r8/*/*",
            "statement_id": "AllowAPIGInvoke-trends_read",
            "statement_id_prefix": ""
          },
          "sensitive_attributes": [],
          "identity_schema_version": 0,
          "private": "bnVsbA==",
          "dependencies": [
            "aws_apigatewayv2_api.http",
            "aws_dynamodb_table.conns",
            "aws_lambda_function.delete_watchlist",
            "aws_lambda_function.enqueue",
            "aws_lambda_function.social_brands",
            "aws_lambda_function.social_hashtags",
            "aws_lambda_function.social_influencers",
            "aws_lambda_function.social_sentiment",
            "aws_lambda_function.trends_keywords_read",
            "aws_lambda_function.trends_keywords_write",
            "aws_lambda_function.trends_read",
            "aws_lambda_function.watchlist_read",
            "aws_lambda_function.watchlist_series",
            "aws_lambda_layer_version.mysql_layer",
            "aws_lambda_layer_version.requests_layer",
            "aws_secretsmanager_secret.db",
            "aws_secretsmanager_secret.scraper",
            "aws_security_group.lambda",
            "aws_sqs_queue.dlq",
            "aws_sqs_queue.main",
            "aws_subnet.private_a",
            "aws_subnet.private_b",
            "aws_vpc.main",
            "data.archive_file.delete_watchlist_zip",
            "data.archive_file.enqueue_zip",
            "data.archive_file.mysql_layer_zip",
            "data.archive_file.requests_layer_zip",
            "data.archive_file.trends_keywords_read_zip",
            "data.archive_file.trends_keywords_write_zip",
            "data.archive_file.trends_read_zip",
            "data.archive_file.watchlist_series_zip",
            "data.archive_file.watchlist_zip",
            "data.aws_iam_role.labrole"
          ]
        },
        {
          "index_key": "watchlist_read",
          "schema_version": 0,
          "attributes": {
            "action": "lambda:InvokeFunction",
            "event_source_token": null,
            "function_name": "spirulina-dev-watchlist-read",
            "function_url_auth_type": null,
            "id": "AllowAPIGInvoke-watchlist_read",
            "principal": "apigateway.amazonaws.com",
            "principal_org_id": null,
            "qualifier": "",
            "source_account": null,
            "source_arn": "arn:aws:execute-api:us-east-1:063331379930:sa0cp2a3r8/*/*",
            "statement_id": "AllowAPIGInvoke-watchlist_read",
            "statement_id_prefix": ""
          },
          "sensitive_attributes": [],
          "identity_schema_version": 0,
          "private": "bnVsbA==",
          "dependencies": [
            "aws_apigatewayv2_api.http",
            "aws_dynamodb_table.conns",
            "aws_lambda_function.delete_watchlist",
            "aws_lambda_function.enqueue",
            "aws_lambda_function.social_brands",
            "aws_lambda_function.social_hashtags",
            "aws_lambda_function.social_influencers",
            "aws_lambda_function.social_sentiment",
            "aws_lambda_function.trends_keywords_read",
            "aws_lambda_function.trends_keywords_write",
            "aws_lambda_function.trends_read",
            "aws_lambda_function.watchlist_read",
            "aws_lambda_function.watchlist_series",
            "aws_lambda_layer_version.mysql_layer",
            "aws_lambda_layer_version.requests_layer",
            "aws_secretsmanager_secret.db",
            "aws_secretsmanager_secret.scraper",
            "aws_security_group.lambda",
            "aws_sqs_queue.dlq",
            "aws_sqs_queue.main",
            "aws_subnet.private_a",
            "aws_subnet.private_b",
            "aws_vpc.main",
            "data.archive_file.delete_watchlist_zip",
            "data.archive_file.enqueue_zip",
            "data.archive_file.mysql_layer_zip",
            "data.archive_file.requests_layer_zip",
            "data.archive_file.trends_keywords_read_zip",
            "data.archive_file.trends_keywords_write_zip",
            "data.archive_file.trends_read_zip",
            "data.archive_file.watchlist_series_zip",
            "data.archive_file.watchlist_zip",
            "data.aws_iam_role.labrole"
          ]
        },
        {
          "index_key": "watchlist_series",
          "schema_version": 0,
          "attributes": {
            "action": "lambda:InvokeFunction",
            "event_source_token": null,
            "function_name": "spirulina-dev-watchlist-series",
            "function_url_auth_type": null,
            "id": "AllowAPIGInvoke-watchlist_series",
            "principal": "apigateway.amazonaws.com",
            "principal_org_id": null,
            "qualifier": "",
            "source_account": null,
            "source_arn": "arn:aws:execute-api:us-east-1:063331379930:sa0cp2a3r8/*/*",
            "statement_id": "AllowAPIGInvoke-watchlist_series",
            "statement_id_prefix": ""
          },
          "sensitive_attributes": [],
          "identity_schema_version": 0,
          "private": "bnVsbA==",
          "dependencies": [
            "aws_apigatewayv2_api.http",
            "aws_dynamodb_table.conns",
            "aws_lambda_function.delete_watchlist",
            "aws_lambda_function.enqueue",
            "aws_lambda_function.social_brands",
            "aws_lambda_function.social_hashtags",
            "aws_lambda_function.social_influencers",
            "aws_lambda_function.social_sentiment",
            "aws_lambda_function.trends_keywords_read",
            "aws_lambda_function.trends_keywords_write",
            "aws_lambda_function.trends_read",
            "aws_lambda_function.watchlist_read",
            "aws_lambda_function.watchlist_series",
            "aws_lambda_layer_version.mysql_layer",
            "aws_lambda_layer_version.requests_layer",
            "aws_secretsmanager_secret.db",
            "aws_secretsmanager_secret.scraper",
            "aws_security_group.lambda",
            "aws_sqs_queue.dlq",
            "aws_sqs_queue.main",
            "aws_subnet.private_a",
            "aws_subnet.private_b",
            "aws_vpc.main",
            "data.archive_file.delete_watchlist_zip",
            "data.archive_file.enqueue_zip",
            "data.archive_file.mysql_layer_zip",
            "data.archive_file.requests_layer_zip",
            "data.archive_file.trends_keywords_read_zip",
            "data.archive_file.trends_keywords_write_zip",
            "data.archive_file.trends_read_zip",
            "data.archive_file.watchlist_series_zip",
            "data.archive_file.watchlist_zip",
            "data.aws_iam_role.labrole"
          ]
        }
      ]
    },
    {
      "mode": "managed",
      "type": "aws_lambda_permission",
      "name": "ws_connect",
      "provider": "provider[\"registry.terraform.io/hashicorp/aws\"]",
      "instances": [
        {
          "schema_version": 0,
          "attributes": {
            "action": "lambda:InvokeFunction",
            "event_source_token": null,
            "function_name": "spirulina-dev-connect",
            "function_url_auth_type": null,
            "id": "AllowWSConnectInvoke",
            "principal": "apigateway.amazonaws.com",
            "principal_org_id": null,
            "qualifier": "",
            "source_account": null,
            "source_arn": "arn:aws:execute-api:us-east-1:063331379930:sdzrplzis6/*",
            "statement_id": "AllowWSConnectInvoke",
            "statement_id_prefix": ""
          },
          "sensitive_attributes": [],
          "identity_schema_version": 0,
          "private": "bnVsbA==",
          "dependencies": [
            "aws_apigatewayv2_api.ws",
            "aws_dynamodb_table.conns",
            "aws_lambda_function.connect",
            "aws_secretsmanager_secret.db",
            "aws_secretsmanager_secret.scraper",
            "aws_security_group.lambda",
            "aws_sqs_queue.dlq",
            "aws_sqs_queue.main",
            "aws_subnet.private_a",
            "aws_subnet.private_b",
            "aws_vpc.main",
            "data.archive_file.connect_zip",
            "data.aws_iam_role.labrole"
          ]
        }
      ]
    },
    {
      "mode": "managed",
      "type": "aws_lambda_permission",
      "name": "ws_disconnect",
      "provider": "provider[\"registry.terraform.io/hashicorp/aws\"]",
      "instances": [
        {
          "schema_version": 0,
          "attributes": {
            "action": "lambda:InvokeFunction",
            "event_source_token": null,
            "function_name": "spirulina-dev-disconnect",
            "function_url_auth_type": null,
            "id": "AllowWSDisconnectInvoke",
            "principal": "apigateway.amazonaws.com",
            "principal_org_id": null,
            "qualifier": "",
            "source_account": null,
            "source_arn": "arn:aws:execute-api:us-east-1:063331379930:sdzrplzis6/*",
            "statement_id": "AllowWSDisconnectInvoke",
            "statement_id_prefix": ""
          },
          "sensitive_attributes": [],
          "identity_schema_version": 0,
          "private": "bnVsbA==",
          "dependencies": [
            "aws_apigatewayv2_api.ws",
            "aws_dynamodb_table.conns",
            "aws_lambda_function.disconnect",
            "aws_secretsmanager_secret.db",
            "aws_secretsmanager_secret.scraper",
            "aws_security_group.lambda",
            "aws_sqs_queue.dlq",
            "aws_sqs_queue.main",
            "aws_subnet.private_a",
            "aws_subnet.private_b",
            "aws_vpc.main",
            "data.archive_file.disconnect_zip",
            "data.aws_iam_role.labrole"
          ]
        }
      ]
    },
    {
      "mode": "managed",
      "type": "aws_launch_template",
      "name": "app",
      "provider": "provider[\"registry.terraform.io/hashicorp/aws\"]",
      "instances": [
        {
          "schema_version": 0,
          "attributes": {
            "arn": "arn:aws:ec2:us-east-1:063331379930:launch-template/lt-09ed444bf1f899ff4",
            "block_device_mappings": [],
            "capacity_reservation_specification": [],
            "cpu_options": [],
            "credit_specification": [],
            "default_version": 1,
            "description": "",
            "disable_api_stop": false,
            "disable_api_termination": false,
            "ebs_optimized": "",
            "elastic_gpu_specifications": [],
            "elastic_inference_accelerator": [],
            "enclave_options": [],
            "hibernation_options": [],
            "iam_instance_profile": [],
            "id": "lt-09ed444bf1f899ff4",
            "image_id": "ami-0b9755dd9758b73ce",
            "instance_initiated_shutdown_behavior": "",
            "instance_market_options": [],
            "instance_requirements": [],
            "instance_type": "t3.micro",
            "kernel_id": "",
            "key_name": "",
            "latest_version": 2,
            "license_specification": [],
            "maintenance_options": [],
            "metadata_options": [],
            "monitoring": [],
            "name": "spirulina-dev-app-20250930065207105500000005",
            "name_prefix": "spirulina-dev-app-",
            "network_interfaces": [
              {
                "associate_carrier_ip_address": "",
                "associate_public_ip_address": "false",
                "connection_tracking_specification": [],
                "delete_on_termination": "",
                "description": "",
                "device_index": 0,
                "ena_srd_specification": [],
                "interface_type": "",
                "ipv4_address_count": 0,
                "ipv4_addresses": [],
                "ipv4_prefix_count": 0,
                "ipv4_prefixes": [],
                "ipv6_address_count": 0,
                "ipv6_addresses": [],
                "ipv6_prefix_count": 0,
                "ipv6_prefixes": [],
                "network_card_index": 0,
                "network_interface_id": "",
                "primary_ipv6": "",
                "private_ip_address": "",
                "security_groups": [
                  "sg-00713ddb4c3ae1ef2"
                ],
                "subnet_id": ""
              }
            ],
            "placement": [],
            "private_dns_name_options": [],
            "ram_disk_id": "",
            "security_group_names": [],
            "tag_specifications": [
              {
                "resource_type": "instance",
                "tags": {
                  "Env": "dev",
                  "Name": "spirulina-dev-app",
                  "Project": "spirulina"
                }
              }
            ],
            "tags": {},
            "tags_all": {},
            "update_default_version": null,
            "user_data": "IyEvYmluL2Jhc2gNCmRuZiAteSB1cGRhdGUNCmRuZiAteSBpbnN0YWxsIG5naW54DQplY2hvICI8aDE+c3BpcnVsaW5hIGRldiBhcHAgc2VydmVyPC9oMT4iID4gL3Vzci9zaGFyZS9uZ2lueC9odG1sL2luZGV4Lmh0bWwNCnN5c3RlbWN0bCBlbmFibGUgLS1ub3cgbmdpbngNCg==",
            "vpc_security_group_ids": []
          },
          "sensitive_attributes": [],
          "identity_schema_version": 0,
          "private": "bnVsbA==",
          "dependencies": [
            "aws_security_group.alb",
            "aws_security_group.app",
            "aws_vpc.main",
            "data.aws_ami.al2023"
          ],
          "create_before_destroy": true
        }
      ]
    },
    {
      "mode": "managed",
      "type": "aws_lb",
      "name": "app",
      "provider": "provider[\"registry.terraform.io/hashicorp/aws\"]",
      "instances": [
        {
          "schema_version": 0,
          "attributes": {
            "access_logs": [
              {
                "bucket": "",
                "enabled": false,
                "prefix": ""
              }
            ],
            "arn": "arn:aws:elasticloadbalancing:us-east-1:063331379930:loadbalancer/app/spirulina-dev-alb/5d2b629d3202c536",
            "arn_suffix": "app/spirulina-dev-alb/5d2b629d3202c536",
            "client_keep_alive": 3600,
            "connection_logs": [
              {
                "bucket": "",
                "enabled": false,
                "prefix": ""
              }
            ],
            "customer_owned_ipv4_pool": "",
            "desync_mitigation_mode": "defensive",
            "dns_name": "spirulina-dev-alb-120107372.us-east-1.elb.amazonaws.com",
            "dns_record_client_routing_policy": null,
            "drop_invalid_header_fields": false,
            "enable_cross_zone_load_balancing": true,
            "enable_deletion_protection": false,
            "enable_http2": true,
            "enable_tls_version_and_cipher_suite_headers": false,
            "enable_waf_fail_open": false,
            "enable_xff_client_port": false,
            "enable_zonal_shift": false,
            "enforce_security_group_inbound_rules_on_private_link_traffic": "",
            "id": "arn:aws:elasticloadbalancing:us-east-1:063331379930:loadbalancer/app/spirulina-dev-alb/5d2b629d3202c536",
            "idle_timeout": 60,
            "internal": false,
            "ip_address_type": "ipv4",
            "ipam_pools": [],
            "load_balancer_type": "application",
            "minimum_load_balancer_capacity": [],
            "name": "spirulina-dev-alb",
            "name_prefix": "",
            "preserve_host_header": false,
            "security_groups": [
              "sg-007ee92a0c4155bde"
            ],
            "subnet_mapping": [
              {
                "allocation_id": "",
                "ipv6_address": "",
                "outpost_id": "",
                "private_ipv4_address": "",
                "subnet_id": "subnet-073fa6598db34af72"
              },
              {
                "allocation_id": "",
                "ipv6_address": "",
                "outpost_id": "",
                "private_ipv4_address": "",
                "subnet_id": "subnet-07b147239129a03aa"
              }
            ],
            "subnets": [
              "subnet-073fa6598db34af72",
              "subnet-07b147239129a03aa"
            ],
            "tags": {
              "Env": "dev",
              "Name": "spirulina-dev-alb",
              "Project": "spirulina"
            },
            "tags_all": {
              "Env": "dev",
              "Name": "spirulina-dev-alb",
              "Project": "spirulina"
            },
            "timeouts": null,
            "vpc_id": "vpc-001c13fe47f9e6141",
            "xff_header_processing_mode": "append",
            "zone_id": "Z35SXDOTRQ7X7K"
          },
          "sensitive_attributes": [],
          "identity_schema_version": 0,
          "private": "eyJlMmJmYjczMC1lY2FhLTExZTYtOGY4OC0zNDM2M2JjN2M0YzAiOnsiY3JlYXRlIjo2MDAwMDAwMDAwMDAsImRlbGV0ZSI6NjAwMDAwMDAwMDAwLCJ1cGRhdGUiOjYwMDAwMDAwMDAwMH19",
          "dependencies": [
            "aws_security_group.alb",
            "aws_subnet.public_a",
            "aws_subnet.public_b",
            "aws_vpc.main"
          ],
          "create_before_destroy": true
        }
      ]
    },
    {
      "mode": "managed",
      "type": "aws_lb_listener",
      "name": "http",
      "provider": "provider[\"registry.terraform.io/hashicorp/aws\"]",
      "instances": [
        {
          "schema_version": 0,
          "attributes": {
            "alpn_policy": null,
            "arn": "arn:aws:elasticloadbalancing:us-east-1:063331379930:listener/app/spirulina-dev-alb/5d2b629d3202c536/1bcfa4555d17b7fe",
            "certificate_arn": null,
            "default_action": [
              {
                "authenticate_cognito": [],
                "authenticate_oidc": [],
                "fixed_response": [],
                "forward": [],
                "order": 1,
                "redirect": [],
                "target_group_arn": "arn:aws:elasticloadbalancing:us-east-1:063331379930:targetgroup/spirulina-dev-tg/bac9c8a0f537ceac",
                "type": "forward"
              }
            ],
            "id": "arn:aws:elasticloadbalancing:us-east-1:063331379930:listener/app/spirulina-dev-alb/5d2b629d3202c536/1bcfa4555d17b7fe",
            "load_balancer_arn": "arn:aws:elasticloadbalancing:us-east-1:063331379930:loadbalancer/app/spirulina-dev-alb/5d2b629d3202c536",
            "mutual_authentication": [],
            "port": 80,
            "protocol": "HTTP",
            "routing_http_request_x_amzn_mtls_clientcert_header_name": null,
            "routing_http_request_x_amzn_mtls_clientcert_issuer_header_name": null,
            "routing_http_request_x_amzn_mtls_clientcert_leaf_header_name": null,
            "routing_http_request_x_amzn_mtls_clientcert_serial_number_header_name": null,
            "routing_http_request_x_amzn_mtls_clientcert_subject_header_name": null,
            "routing_http_request_x_amzn_mtls_clientcert_validity_header_name": null,
            "routing_http_request_x_amzn_tls_cipher_suite_header_name": null,
            "routing_http_request_x_amzn_tls_version_header_name": null,
            "routing_http_response_access_control_allow_credentials_header_value": "",
            "routing_http_response_access_control_allow_headers_header_value": "",
            "routing_http_response_access_control_allow_methods_header_value": "",
            "routing_http_response_access_control_allow_origin_header_value": "",
            "routing_http_response_access_control_expose_headers_header_value": "",
            "routing_http_response_access_control_max_age_header_value": "",
            "routing_http_response_content_security_policy_header_value": "",
            "routing_http_response_server_enabled": true,
            "routing_http_response_strict_transport_security_header_value": "",
            "routing_http_response_x_content_type_options_header_value": "",
            "routing_http_response_x_frame_options_header_value": "",
            "ssl_policy": "",
            "tags": {},
            "tags_all": {},
            "tcp_idle_timeout_seconds": null,
            "timeouts": null
          },
          "sensitive_attributes": [],
          "identity_schema_version": 0,
          "private": "eyJlMmJmYjczMC1lY2FhLTExZTYtOGY4OC0zNDM2M2JjN2M0YzAiOnsiY3JlYXRlIjozMDAwMDAwMDAwMDAsInVwZGF0ZSI6MzAwMDAwMDAwMDAwfX0=",
          "dependencies": [
            "aws_lb.app",
            "aws_lb_target_group.app",
            "aws_security_group.alb",
            "aws_subnet.public_a",
            "aws_subnet.public_b",
            "aws_vpc.main"
          ],
          "create_before_destroy": true
        }
      ]
    },
    {
      "mode": "managed",
      "type": "aws_lb_target_group",
      "name": "app",
      "provider": "provider[\"registry.terraform.io/hashicorp/aws\"]",
      "instances": [
        {
          "schema_version": 0,
          "attributes": {
            "arn": "arn:aws:elasticloadbalancing:us-east-1:063331379930:targetgroup/spirulina-dev-tg/bac9c8a0f537ceac",
            "arn_suffix": "targetgroup/spirulina-dev-tg/bac9c8a0f537ceac",
            "connection_termination": null,
            "deregistration_delay": "300",
            "health_check": [
              {
                "enabled": true,
                "healthy_threshold": 2,
                "interval": 30,
                "matcher": "200-399",
                "path": "/",
                "port": "traffic-port",
                "protocol": "HTTP",
                "timeout": 5,
                "unhealthy_threshold": 5
              }
            ],
            "id": "arn:aws:elasticloadbalancing:us-east-1:063331379930:targetgroup/spirulina-dev-tg/bac9c8a0f537ceac",
            "ip_address_type": "ipv4",
            "lambda_multi_value_headers_enabled": false,
            "load_balancer_arns": [
              "arn:aws:elasticloadbalancing:us-east-1:063331379930:loadbalancer/app/spirulina-dev-alb/5d2b629d3202c536"
            ],
            "load_balancing_algorithm_type": "round_robin",
            "load_balancing_anomaly_mitigation": "off",
            "load_balancing_cross_zone_enabled": "use_load_balancer_configuration",
            "name": "spirulina-dev-tg",
            "name_prefix": "",
            "port": 80,
            "preserve_client_ip": null,
            "protocol": "HTTP",
            "protocol_version": "HTTP1",
            "proxy_protocol_v2": false,
            "slow_start": 0,
            "stickiness": [
              {
                "cookie_duration": 86400,
                "cookie_name": "",
                "enabled": false,
                "type": "lb_cookie"
              }
            ],
            "tags": {
              "Env": "dev",
              "Name": "spirulina-dev-tg",
              "Project": "spirulina"
            },
            "tags_all": {
              "Env": "dev",
              "Name": "spirulina-dev-tg",
              "Project": "spirulina"
            },
            "target_failover": [
              {
                "on_deregistration": null,
                "on_unhealthy": null
              }
            ],
            "target_group_health": [
              {
                "dns_failover": [
                  {
                    "minimum_healthy_targets_count": "1",
                    "minimum_healthy_targets_percentage": "off"
                  }
                ],
                "unhealthy_state_routing": [
                  {
                    "minimum_healthy_targets_count": 1,
                    "minimum_healthy_targets_percentage": "off"
                  }
                ]
              }
            ],
            "target_health_state": [
              {
                "enable_unhealthy_connection_termination": null,
                "unhealthy_draining_interval": null
              }
            ],
            "target_type": "instance",
            "vpc_id": "vpc-001c13fe47f9e6141"
          },
          "sensitive_attributes": [],
          "identity_schema_version": 0,
          "private": "bnVsbA==",
          "dependencies": [
            "aws_vpc.main"
          ],
          "create_before_destroy": true
        }
      ]
    },
    {
      "mode": "managed",
      "type": "aws_nat_gateway",
      "name": "nat_a",
      "provider": "provider[\"registry.terraform.io/hashicorp/aws\"]",
      "instances": [
        {
          "schema_version": 0,
          "attributes": {
            "allocation_id": "eipalloc-063761f3258539302",
            "association_id": "eipassoc-0808c06fa72f4be1b",
            "connectivity_type": "public",
            "id": "nat-02ea4c6e26f61bc50",
            "network_interface_id": "eni-0eabe8edd4fd33dda",
            "private_ip": "10.20.1.133",
            "public_ip": "34.205.218.128",
            "secondary_allocation_ids": [],
            "secondary_private_ip_address_count": 0,
            "secondary_private_ip_addresses": [],
            "subnet_id": "subnet-07b147239129a03aa",
            "tags": {
              "Name": "spirulina-dev-nat-a"
            },
            "tags_all": {
              "Name": "spirulina-dev-nat-a"
            },
            "timeouts": null
          },
          "sensitive_attributes": [],
          "identity_schema_version": 0,
          "private": "eyJlMmJmYjczMC1lY2FhLTExZTYtOGY4OC0zNDM2M2JjN2M0YzAiOnsiY3JlYXRlIjo2MDAwMDAwMDAwMDAsImRlbGV0ZSI6MTgwMDAwMDAwMDAwMCwidXBkYXRlIjo2MDAwMDAwMDAwMDB9fQ==",
          "dependencies": [
            "aws_eip.nat",
            "aws_internet_gateway.igw",
            "aws_subnet.public_a",
            "aws_vpc.main"
          ]
        }
      ]
    },
    {
      "mode": "managed",
      "type": "aws_route",
      "name": "private_default_via_nat",
      "provider": "provider[\"registry.terraform.io/hashicorp/aws\"]",
      "instances": [
        {
          "schema_version": 0,
          "attributes": {
            "carrier_gateway_id": "",
            "core_network_arn": "",
            "destination_cidr_block": "0.0.0.0/0",
            "destination_ipv6_cidr_block": "",
            "destination_prefix_list_id": "",
            "egress_only_gateway_id": "",
            "gateway_id": "",
            "id": "r-rtb-0078d71709c1620d41080289494",
            "instance_id": "",
            "instance_owner_id": "",
            "local_gateway_id": "",
            "nat_gateway_id": "nat-02ea4c6e26f61bc50",
            "network_interface_id": "",
            "origin": "CreateRoute",
            "route_table_id": "rtb-0078d71709c1620d4",
            "state": "active",
            "timeouts": null,
            "transit_gateway_id": "",
            "vpc_endpoint_id": "",
            "vpc_peering_connection_id": ""
          },
          "sensitive_attributes": [],
          "identity_schema_version": 0,
          "private": "eyJlMmJmYjczMC1lY2FhLTExZTYtOGY4OC0zNDM2M2JjN2M0YzAiOnsiY3JlYXRlIjozMDAwMDAwMDAwMDAsImRlbGV0ZSI6MzAwMDAwMDAwMDAwLCJ1cGRhdGUiOjEyMDAwMDAwMDAwMH19",
          "dependencies": [
            "aws_eip.nat",
            "aws_internet_gateway.igw",
            "aws_nat_gateway.nat_a",
            "aws_route_table.private",
            "aws_subnet.public_a",
            "aws_vpc.main"
          ]
        }
      ]
    },
    {
      "mode": "managed",
      "type": "aws_route",
      "name": "public_internet",
      "provider": "provider[\"registry.terraform.io/hashicorp/aws\"]",
      "instances": [
        {
          "schema_version": 0,
          "attributes": {
            "carrier_gateway_id": "",
            "core_network_arn": "",
            "destination_cidr_block": "0.0.0.0/0",
            "destination_ipv6_cidr_block": "",
            "destination_prefix_list_id": "",
            "egress_only_gateway_id": "",
            "gateway_id": "igw-013099255a8ebc312",
            "id": "r-rtb-07c83ffed899788431080289494",
            "instance_id": "",
            "instance_owner_id": "",
            "local_gateway_id": "",
            "nat_gateway_id": "",
            "network_interface_id": "",
            "origin": "CreateRoute",
            "route_table_id": "rtb-07c83ffed89978843",
            "state": "active",
            "timeouts": null,
            "transit_gateway_id": "",
            "vpc_endpoint_id": "",
            "vpc_peering_connection_id": ""
          },
          "sensitive_attributes": [],
          "identity_schema_version": 0,
          "private": "eyJlMmJmYjczMC1lY2FhLTExZTYtOGY4OC0zNDM2M2JjN2M0YzAiOnsiY3JlYXRlIjozMDAwMDAwMDAwMDAsImRlbGV0ZSI6MzAwMDAwMDAwMDAwLCJ1cGRhdGUiOjEyMDAwMDAwMDAwMH19",
          "dependencies": [
            "aws_internet_gateway.igw",
            "aws_route_table.public",
            "aws_vpc.main"
          ]
        }
      ]
    },
    {
      "mode": "managed",
      "type": "aws_route_table",
      "name": "private",
      "provider": "provider[\"registry.terraform.io/hashicorp/aws\"]",
      "instances": [
        {
          "schema_version": 0,
          "attributes": {
            "arn": "arn:aws:ec2:us-east-1:063331379930:route-table/rtb-0078d71709c1620d4",
            "id": "rtb-0078d71709c1620d4",
            "owner_id": "063331379930",
            "propagating_vgws": [],
            "route": [
              {
                "carrier_gateway_id": "",
                "cidr_block": "0.0.0.0/0",
                "core_network_arn": "",
                "destination_prefix_list_id": "",
                "egress_only_gateway_id": "",
                "gateway_id": "",
                "ipv6_cidr_block": "",
                "local_gateway_id": "",
                "nat_gateway_id": "nat-02ea4c6e26f61bc50",
                "network_interface_id": "",
                "transit_gateway_id": "",
                "vpc_endpoint_id": "",
                "vpc_peering_connection_id": ""
              }
            ],
            "tags": {
              "Name": "spirulina-dev-private-rt"
            },
            "tags_all": {
              "Name": "spirulina-dev-private-rt"
            },
            "timeouts": null,
            "vpc_id": "vpc-001c13fe47f9e6141"
          },
          "sensitive_attributes": [],
          "identity_schema_version": 0,
          "private": "eyJlMmJmYjczMC1lY2FhLTExZTYtOGY4OC0zNDM2M2JjN2M0YzAiOnsiY3JlYXRlIjozMDAwMDAwMDAwMDAsImRlbGV0ZSI6MzAwMDAwMDAwMDAwLCJ1cGRhdGUiOjEyMDAwMDAwMDAwMH19",
          "dependencies": [
            "aws_vpc.main"
          ]
        }
      ]
    },
    {
      "mode": "managed",
      "type": "aws_route_table",
      "name": "public",
      "provider": "provider[\"registry.terraform.io/hashicorp/aws\"]",
      "instances": [
        {
          "schema_version": 0,
          "attributes": {
            "arn": "arn:aws:ec2:us-east-1:063331379930:route-table/rtb-07c83ffed89978843",
            "id": "rtb-07c83ffed89978843",
            "owner_id": "063331379930",
            "propagating_vgws": [],
            "route": [
              {
                "carrier_gateway_id": "",
                "cidr_block": "0.0.0.0/0",
                "core_network_arn": "",
                "destination_prefix_list_id": "",
                "egress_only_gateway_id": "",
                "gateway_id": "igw-013099255a8ebc312",
                "ipv6_cidr_block": "",
                "local_gateway_id": "",
                "nat_gateway_id": "",
                "network_interface_id": "",
                "transit_gateway_id": "",
                "vpc_endpoint_id": "",
                "vpc_peering_connection_id": ""
              }
            ],
            "tags": {
              "Name": "spirulina-dev-public-rt"
            },
            "tags_all": {
              "Name": "spirulina-dev-public-rt"
            },
            "timeouts": null,
            "vpc_id": "vpc-001c13fe47f9e6141"
          },
          "sensitive_attributes": [],
          "identity_schema_version": 0,
          "private": "eyJlMmJmYjczMC1lY2FhLTExZTYtOGY4OC0zNDM2M2JjN2M0YzAiOnsiY3JlYXRlIjozMDAwMDAwMDAwMDAsImRlbGV0ZSI6MzAwMDAwMDAwMDAwLCJ1cGRhdGUiOjEyMDAwMDAwMDAwMH19",
          "dependencies": [
            "aws_vpc.main"
          ]
        }
      ]
    },
    {
      "mode": "managed",
      "type": "aws_route_table_association",
      "name": "private_a",
      "provider": "provider[\"registry.terraform.io/hashicorp/aws\"]",
      "instances": [
        {
          "schema_version": 0,
          "attributes": {
            "gateway_id": "",
            "id": "rtbassoc-008f9a9de1394518c",
            "route_table_id": "rtb-0078d71709c1620d4",
            "subnet_id": "subnet-0f4c643307c8f2687",
            "timeouts": null
          },
          "sensitive_attributes": [],
          "identity_schema_version": 0,
          "private": "eyJlMmJmYjczMC1lY2FhLTExZTYtOGY4OC0zNDM2M2JjN2M0YzAiOnsiY3JlYXRlIjozMDAwMDAwMDAwMDAsImRlbGV0ZSI6MzAwMDAwMDAwMDAwLCJ1cGRhdGUiOjEyMDAwMDAwMDAwMH19",
          "dependencies": [
            "aws_route_table.private",
            "aws_subnet.private_a",
            "aws_vpc.main"
          ]
        }
      ]
    },
    {
      "mode": "managed",
      "type": "aws_route_table_association",
      "name": "private_b",
      "provider": "provider[\"registry.terraform.io/hashicorp/aws\"]",
      "instances": [
        {
          "schema_version": 0,
          "attributes": {
            "gateway_id": "",
            "id": "rtbassoc-00e5f72f6c6820103",
            "route_table_id": "rtb-0078d71709c1620d4",
            "subnet_id": "subnet-0af43a4539acfddcb",
            "timeouts": null
          },
          "sensitive_attributes": [],
          "identity_schema_version": 0,
          "private": "eyJlMmJmYjczMC1lY2FhLTExZTYtOGY4OC0zNDM2M2JjN2M0YzAiOnsiY3JlYXRlIjozMDAwMDAwMDAwMDAsImRlbGV0ZSI6MzAwMDAwMDAwMDAwLCJ1cGRhdGUiOjEyMDAwMDAwMDAwMH19",
          "dependencies": [
            "aws_route_table.private",
            "aws_subnet.private_b",
            "aws_vpc.main"
          ]
        }
      ]
    },
    {
      "mode": "managed",
      "type": "aws_route_table_association",
      "name": "public_a",
      "provider": "provider[\"registry.terraform.io/hashicorp/aws\"]",
      "instances": [
        {
          "schema_version": 0,
          "attributes": {
            "gateway_id": "",
            "id": "rtbassoc-07c28d7d290611346",
            "route_table_id": "rtb-07c83ffed89978843",
            "subnet_id": "subnet-07b147239129a03aa",
            "timeouts": null
          },
          "sensitive_attributes": [],
          "identity_schema_version": 0,
          "private": "eyJlMmJmYjczMC1lY2FhLTExZTYtOGY4OC0zNDM2M2JjN2M0YzAiOnsiY3JlYXRlIjozMDAwMDAwMDAwMDAsImRlbGV0ZSI6MzAwMDAwMDAwMDAwLCJ1cGRhdGUiOjEyMDAwMDAwMDAwMH19",
          "dependencies": [
            "aws_route_table.public",
            "aws_subnet.public_a",
            "aws_vpc.main"
          ]
        }
      ]
    },
    {
      "mode": "managed",
      "type": "aws_route_table_association",
      "name": "public_b",
      "provider": "provider[\"registry.terraform.io/hashicorp/aws\"]",
      "instances": [
        {
          "schema_version": 0,
          "attributes": {
            "gateway_id": "",
            "id": "rtbassoc-061c1056ccfd714f8",
            "route_table_id": "rtb-07c83ffed89978843",
            "subnet_id": "subnet-073fa6598db34af72",
            "timeouts": null
          },
          "sensitive_attributes": [],
          "identity_schema_version": 0,
          "private": "eyJlMmJmYjczMC1lY2FhLTExZTYtOGY4OC0zNDM2M2JjN2M0YzAiOnsiY3JlYXRlIjozMDAwMDAwMDAwMDAsImRlbGV0ZSI6MzAwMDAwMDAwMDAwLCJ1cGRhdGUiOjEyMDAwMDAwMDAwMH19",
          "dependencies": [
            "aws_route_table.public",
            "aws_subnet.public_b",
            "aws_vpc.main"
          ]
        }
      ]
    },
    {
      "mode": "managed",
      "type": "aws_s3_bucket",
      "name": "lambda_layers",
      "provider": "provider[\"registry.terraform.io/hashicorp/aws\"]",
      "instances": [
        {
          "schema_version": 0,
          "attributes": {
            "acceleration_status": "",
            "acl": null,
            "arn": "arn:aws:s3:::spirulina-lambda-layers-dev",
            "bucket": "spirulina-lambda-layers-dev",
            "bucket_domain_name": "spirulina-lambda-layers-dev.s3.amazonaws.com",
            "bucket_prefix": "",
            "bucket_regional_domain_name": "spirulina-lambda-layers-dev.s3.us-east-1.amazonaws.com",
            "cors_rule": [],
            "force_destroy": null,
            "grant": [
              {
                "id": "baeef7d6e86325f79ff6eb19eeba663c0cf116c8013e15d253a548b5fe57a7ab",
                "permissions": [
                  "FULL_CONTROL"
                ],
                "type": "CanonicalUser",
                "uri": ""
              }
            ],
            "hosted_zone_id": "Z3AQBSTGFYJSTF",
            "id": "spirulina-lambda-layers-dev",
            "lifecycle_rule": [],
            "logging": [],
            "object_lock_configuration": [],
            "object_lock_enabled": false,
            "policy": "",
            "region": "us-east-1",
            "replication_configuration": [],
            "request_payer": "BucketOwner",
            "server_side_encryption_configuration": [
              {
                "rule": [
                  {
                    "apply_server_side_encryption_by_default": [
                      {
                        "kms_master_key_id": "",
                        "sse_algorithm": "AES256"
                      }
                    ],
                    "bucket_key_enabled": false
                  }
                ]
              }
            ],
            "tags": {
              "Environment": "dev",
              "Name": "Lambda Layers Storage"
            },
            "tags_all": {
              "Environment": "dev",
              "Name": "Lambda Layers Storage"
            },
            "timeouts": null,
            "versioning": [
              {
                "enabled": true,
                "mfa_delete": false
              }
            ],
            "website": [],
            "website_domain": null,
            "website_endpoint": null
          },
          "sensitive_attributes": [],
          "identity_schema_version": 0,
          "private": "eyJlMmJmYjczMC1lY2FhLTExZTYtOGY4OC0zNDM2M2JjN2M0YzAiOnsiY3JlYXRlIjoxMjAwMDAwMDAwMDAwLCJkZWxldGUiOjM2MDAwMDAwMDAwMDAsInJlYWQiOjEyMDAwMDAwMDAwMDAsInVwZGF0ZSI6MTIwMDAwMDAwMDAwMH0sInNjaGVtYV92ZXJzaW9uIjoiMCJ9"
        }
      ]
    },
    {
      "mode": "managed",
      "type": "aws_s3_bucket_public_access_block",
      "name": "lambda_layers",
      "provider": "provider[\"registry.terraform.io/hashicorp/aws\"]",
      "instances": [
        {
          "schema_version": 0,
          "attributes": {
            "block_public_acls": true,
            "block_public_policy": true,
            "bucket": "spirulina-lambda-layers-dev",
            "id": "spirulina-lambda-layers-dev",
            "ignore_public_acls": true,
            "restrict_public_buckets": true
          },
          "sensitive_attributes": [],
          "identity_schema_version": 0,
          "private": "eyJzY2hlbWFfdmVyc2lvbiI6IjAifQ=="
        }
      ]
    },
    {
      "mode": "managed",
      "type": "aws_s3_bucket_server_side_encryption_configuration",
      "name": "lambda_layers",
      "provider": "provider[\"registry.terraform.io/hashicorp/aws\"]",
      "instances": [
        {
          "schema_version": 0,
          "attributes": {
            "bucket": "spirulina-lambda-layers-dev",
            "expected_bucket_owner": "",
            "id": "spirulina-lambda-layers-dev",
            "rule": [
              {
                "apply_server_side_encryption_by_default": [
                  {
                    "kms_master_key_id": "",
                    "sse_algorithm": "AES256"
                  }
                ],
                "bucket_key_enabled": false
              }
            ]
          },
          "sensitive_attributes": [],
          "identity_schema_version": 0,
          "private": "eyJzY2hlbWFfdmVyc2lvbiI6IjAifQ=="
        }
      ]
    },
    {
      "mode": "managed",
      "type": "aws_s3_bucket_versioning",
      "name": "lambda_layers",
      "provider": "provider[\"registry.terraform.io/hashicorp/aws\"]",
      "instances": [
        {
          "schema_version": 0,
          "attributes": {
            "bucket": "spirulina-lambda-layers-dev",
            "expected_bucket_owner": "",
            "id": "spirulina-lambda-layers-dev",
            "mfa": null,
            "versioning_configuration": [
              {
                "mfa_delete": "",
                "status": "Enabled"
              }
            ]
          },
          "sensitive_attributes": [],
          "identity_schema_version": 0,
          "private": "eyJzY2hlbWFfdmVyc2lvbiI6IjAifQ=="
        }
      ]
    },
    {
      "mode": "managed",
      "type": "aws_s3_object",
      "name": "numpy_layer",
      "provider": "provider[\"registry.terraform.io/hashicorp/aws\"]",
      "instances": [
        {
          "schema_version": 0,
          "attributes": {
            "acl": null,
            "arn": "arn:aws:s3:::spirulina-lambda-layers-dev/lambda-layers/numpy-layer.zip",
            "bucket": "spirulina-lambda-layers-dev",
            "bucket_key_enabled": false,
            "cache_control": "",
            "checksum_algorithm": null,
            "checksum_crc32": "",
            "checksum_crc32c": "",
            "checksum_crc64nvme": "",
            "checksum_sha1": "",
            "checksum_sha256": "",
            "content": null,
            "content_base64": null,
            "content_disposition": "",
            "content_encoding": "",
            "content_language": "",
            "content_type": "binary/octet-stream",
            "etag": "be40dfe4c2b63d4b0a334963ed7d5863-11",
            "force_destroy": false,
            "id": "lambda-layers/numpy-layer.zip",
            "key": "lambda-layers/numpy-layer.zip",
            "kms_key_id": null,
            "metadata": {},
            "object_lock_legal_hold_status": "",
            "object_lock_mode": "",
            "object_lock_retain_until_date": "",
            "override_provider": [],
            "server_side_encryption": "AES256",
            "source": "./numpy_layer.zip",
            "source_hash": null,
            "storage_class": "STANDARD",
            "tags": {},
            "tags_all": {},
            "version_id": "eP0NVM9UNTceAtgBIXZ_Sv3UGR6U9tIs",
            "website_redirect": ""
          },
          "sensitive_attributes": [],
          "identity_schema_version": 0,
          "private": "bnVsbA==",
          "dependencies": [
            "aws_s3_bucket.lambda_layers",
            "data.archive_file.numpy_layer_zip"
          ]
        }
      ]
    },
    {
      "mode": "managed",
      "type": "aws_s3_object",
      "name": "sklearn_layer",
      "provider": "provider[\"registry.terraform.io/hashicorp/aws\"]",
      "instances": [
        {
          "schema_version": 0,
          "attributes": {
            "acl": null,
            "arn": "arn:aws:s3:::spirulina-lambda-layers-dev/sklearn_layer_optimized.zip",
            "bucket": "spirulina-lambda-layers-dev",
            "bucket_key_enabled": false,
            "cache_control": "",
            "checksum_algorithm": null,
            "checksum_crc32": "",
            "checksum_crc32c": "",
            "checksum_crc64nvme": "",
            "checksum_sha1": "",
            "checksum_sha256": "",
            "content": null,
            "content_base64": null,
            "content_disposition": "",
            "content_encoding": "",
            "content_language": "",
            "content_type": "binary/octet-stream",
            "etag": "6eb65fa035e40140f3f0c944997c8db4-11",
            "force_destroy": false,
            "id": "sklearn_layer_optimized.zip",
            "key": "sklearn_layer_optimized.zip",
            "kms_key_id": null,
            "metadata": {},
            "object_lock_legal_hold_status": "",
            "object_lock_mode": "",
            "object_lock_retain_until_date": "",
            "override_provider": [],
            "server_side_encryption": "AES256",
            "source": "./sklearn_layer_optimized.zip",
            "source_hash": null,
            "storage_class": "STANDARD",
            "tags": {},
            "tags_all": {},
            "version_id": "2AVn04LzaPDJyc19xsgHEg3bat6vXkdC",
            "website_redirect": ""
          },
          "sensitive_attributes": [],
          "identity_schema_version": 0,
          "private": "bnVsbA==",
          "dependencies": [
            "aws_s3_bucket.lambda_layers"
          ]
        }
      ]
    },
    {
      "mode": "managed",
      "type": "aws_s3_object",
      "name": "spacy_base_layer",
      "provider": "provider[\"registry.terraform.io/hashicorp/aws\"]",
      "instances": [
        {
          "schema_version": 0,
          "attributes": {
            "acl": null,
            "arn": "arn:aws:s3:::spirulina-lambda-layers-dev/lambda-layers/spacy-base-layer.zip",
            "bucket": "spirulina-lambda-layers-dev",
            "bucket_key_enabled": false,
            "cache_control": "",
            "checksum_algorithm": null,
            "checksum_crc32": "",
            "checksum_crc32c": "",
            "checksum_crc64nvme": "",
            "checksum_sha1": "",
            "checksum_sha256": "",
            "content": null,
            "content_base64": null,
            "content_disposition": "",
            "content_encoding": "",
            "content_language": "",
            "content_type": "binary/octet-stream",
            "etag": "175d87101383f43b027ec04b4bb89d7e-13",
            "force_destroy": false,
            "id": "lambda-layers/spacy-base-layer.zip",
            "key": "lambda-layers/spacy-base-layer.zip",
            "kms_key_id": null,
            "metadata": {},
            "object_lock_legal_hold_status": "",
            "object_lock_mode": "",
            "object_lock_retain_until_date": "",
            "override_provider": [],
            "server_side_encryption": "AES256",
            "source": "./spacy_base_layer.zip",
            "source_hash": null,
            "storage_class": "STANDARD",
            "tags": {},
            "tags_all": {},
            "version_id": "TzUWGTwBmUFEqKL_14gS0FTkxLLBCWou",
            "website_redirect": ""
          },
          "sensitive_attributes": [],
          "identity_schema_version": 0,
          "private": "bnVsbA==",
          "dependencies": [
            "aws_s3_bucket.lambda_layers",
            "data.archive_file.spacy_base_layer_zip"
          ]
        }
      ]
    },
    {
      "mode": "managed",
      "type": "aws_secretsmanager_secret",
      "name": "db",
      "provider": "provider[\"registry.terraform.io/hashicorp/aws\"]",
      "instances": [
        {
          "schema_version": 0,
          "attributes": {
            "arn": "arn:aws:secretsmanager:us-east-1:063331379930:secret:spirulina/db-FPuMQT",
            "description": "",
            "force_overwrite_replica_secret": false,
            "id": "arn:aws:secretsmanager:us-east-1:063331379930:secret:spirulina/db-FPuMQT",
            "kms_key_id": "",
            "name": "spirulina/db",
            "name_prefix": "",
            "policy": "",
            "recovery_window_in_days": 30,
            "replica": [],
            "tags": {},
            "tags_all": {}
          },
          "sensitive_attributes": [],
          "identity_schema_version": 0,
          "private": "bnVsbA=="
        }
      ]
    },
    {
      "mode": "managed",
      "type": "aws_secretsmanager_secret",
      "name": "scraper",
      "provider": "provider[\"registry.terraform.io/hashicorp/aws\"]",
      "instances": [
        {
          "schema_version": 0,
          "attributes": {
            "arn": "arn:aws:secretsmanager:us-east-1:063331379930:secret:spirulina/scraper-A6sSO1",
            "description": "",
            "force_overwrite_replica_secret": false,
            "id": "arn:aws:secretsmanager:us-east-1:063331379930:secret:spirulina/scraper-A6sSO1",
            "kms_key_id": "",
            "name": "spirulina/scraper",
            "name_prefix": "",
            "policy": "",
            "recovery_window_in_days": 30,
            "replica": [],
            "tags": {},
            "tags_all": {}
          },
          "sensitive_attributes": [],
          "identity_schema_version": 0,
          "private": "bnVsbA=="
        }
      ]
    },
    {
      "mode": "managed",
      "type": "aws_secretsmanager_secret",
      "name": "social_scraper",
      "provider": "provider[\"registry.terraform.io/hashicorp/aws\"]",
      "instances": [
        {
          "schema_version": 0,
          "attributes": {
            "arn": "arn:aws:secretsmanager:us-east-1:063331379930:secret:spirulina/social-scraper-AajISs",
            "description": "",
            "force_overwrite_replica_secret": false,
            "id": "spirulina/social-scraper",
            "kms_key_id": "",
            "name": "spirulina/social-scraper",
            "name_prefix": "",
            "policy": "",
            "recovery_window_in_days": 30,
            "replica": [],
            "tags": {},
            "tags_all": {}
          },
          "sensitive_attributes": [],
          "identity_schema_version": 0,
          "private": "bnVsbA=="
        }
      ]
    },
    {
      "mode": "managed",
      "type": "aws_secretsmanager_secret_version",
      "name": "db",
      "provider": "provider[\"registry.terraform.io/hashicorp/aws\"]",
      "instances": [
        {
          "schema_version": 0,
          "attributes": {
            "arn": "arn:aws:secretsmanager:us-east-1:063331379930:secret:spirulina/db-FPuMQT",
            "has_secret_string_wo": null,
            "id": "arn:aws:secretsmanager:us-east-1:063331379930:secret:spirulina/db-FPuMQT|terraform-20251001050724343600000001",
            "secret_binary": "",
            "secret_id": "arn:aws:secretsmanager:us-east-1:063331379930:secret:spirulina/db-FPuMQT",
            "secret_string": "{\"database\":\"spirulinadb\",\"host\":\"spirulina-mysql.cuvaky8ia00r.us-east-1.rds.amazonaws.com\",\"password\":\"8Wifmxqj3oWhQkxNUQbI\",\"port\":3306,\"username\":\"spirulina_app\"}",
            "secret_string_wo": null,
            "secret_string_wo_version": null,
            "version_id": "terraform-20251001050724343600000001",
            "version_stages": [
              "AWSCURRENT"
            ]
          },
          "sensitive_attributes": [
            [
              {
                "type": "get_attr",
                "value": "secret_binary"
              }
            ],
            [
              {
                "type": "get_attr",
                "value": "secret_string"
              }
            ],
            [
              {
                "type": "get_attr",
                "value": "secret_string_wo"
              }
            ]
          ],
          "identity_schema_version": 0,
          "private": "bnVsbA==",
          "dependencies": [
            "aws_db_instance.mysql",
            "aws_db_subnet_group.rds",
            "aws_secretsmanager_secret.db",
            "aws_security_group.rds",
            "aws_subnet.private_a",
            "aws_subnet.private_b",
            "aws_vpc.main",
            "random_password.db"
          ]
        }
      ]
    },
    {
      "mode": "managed",
      "type": "aws_secretsmanager_secret_version",
      "name": "scraper",
      "provider": "provider[\"registry.terraform.io/hashicorp/aws\"]",
      "instances": [
        {
          "schema_version": 0,
          "attributes": {
            "arn": "arn:aws:secretsmanager:us-east-1:063331379930:secret:spirulina/scraper-A6sSO1",
            "has_secret_string_wo": null,
            "id": "arn:aws:secretsmanager:us-east-1:063331379930:secret:spirulina/scraper-A6sSO1|terraform-20250930075510662000000001",
            "secret_binary": "",
            "secret_id": "arn:aws:secretsmanager:us-east-1:063331379930:secret:spirulina/scraper-A6sSO1",
            "secret_string": "{\"Scrapper-API\":\"REPLACE_SECRET_IN_SECRET_MANAGER_LATER\"}",
            "secret_string_wo": null,
            "secret_string_wo_version": null,
            "version_id": "terraform-20250930075510662000000001",
            "version_stages": [
              "AWSPREVIOUS"
            ]
          },
          "sensitive_attributes": [
            [
              {
                "type": "get_attr",
                "value": "secret_binary"
              }
            ],
            [
              {
                "type": "get_attr",
                "value": "secret_string"
              }
            ],
            [
              {
                "type": "get_attr",
                "value": "secret_string_wo"
              }
            ]
          ],
          "identity_schema_version": 0,
          "private": "bnVsbA==",
          "dependencies": [
            "aws_secretsmanager_secret.scraper"
          ]
        }
      ]
    },
    {
      "mode": "managed",
      "type": "aws_security_group",
      "name": "alb",
      "provider": "provider[\"registry.terraform.io/hashicorp/aws\"]",
      "instances": [
        {
          "schema_version": 1,
          "attributes": {
            "arn": "arn:aws:ec2:us-east-1:063331379930:security-group/sg-007ee92a0c4155bde",
            "description": "ALB ingress from internet",
            "egress": [
              {
                "cidr_blocks": [
                  "0.0.0.0/0"
                ],
                "description": "All egress",
                "from_port": 0,
                "ipv6_cidr_blocks": [],
                "prefix_list_ids": [],
                "protocol": "-1",
                "security_groups": [],
                "self": false,
                "to_port": 0
              }
            ],
            "id": "sg-007ee92a0c4155bde",
            "ingress": [
              {
                "cidr_blocks": [
                  "0.0.0.0/0"
                ],
                "description": "HTTP from anywhere",
                "from_port": 80,
                "ipv6_cidr_blocks": [],
                "prefix_list_ids": [],
                "protocol": "tcp",
                "security_groups": [],
                "self": false,
                "to_port": 80
              }
            ],
            "name": "spirulina-dev-alb-sg",
            "name_prefix": "",
            "owner_id": "063331379930",
            "revoke_rules_on_delete": false,
            "tags": {
              "Name": "spirulina-dev-alb-sg"
            },
            "tags_all": {
              "Name": "spirulina-dev-alb-sg"
            },
            "timeouts": null,
            "vpc_id": "vpc-001c13fe47f9e6141"
          },
          "sensitive_attributes": [],
          "identity_schema_version": 0,
          "private": "eyJlMmJmYjczMC1lY2FhLTExZTYtOGY4OC0zNDM2M2JjN2M0YzAiOnsiY3JlYXRlIjo2MDAwMDAwMDAwMDAsImRlbGV0ZSI6OTAwMDAwMDAwMDAwfSwic2NoZW1hX3ZlcnNpb24iOiIxIn0=",
          "dependencies": [
            "aws_vpc.main"
          ],
          "create_before_destroy": true
        }
      ]
    },
    {
      "mode": "managed",
      "type": "aws_security_group",
      "name": "app",
      "provider": "provider[\"registry.terraform.io/hashicorp/aws\"]",
      "instances": [
        {
          "schema_version": 1,
          "attributes": {
            "arn": "arn:aws:ec2:us-east-1:063331379930:security-group/sg-00713ddb4c3ae1ef2",
            "description": "App instances behind ALB",
            "egress": [
              {
                "cidr_blocks": [
                  "0.0.0.0/0"
                ],
                "description": "All egress",
                "from_port": 0,
                "ipv6_cidr_blocks": [],
                "prefix_list_ids": [],
                "protocol": "-1",
                "security_groups": [],
                "self": false,
                "to_port": 0
              }
            ],
            "id": "sg-00713ddb4c3ae1ef2",
            "ingress": [
              {
                "cidr_blocks": [],
                "description": "Traffic from ALB",
                "from_port": 80,
                "ipv6_cidr_blocks": [],
                "prefix_list_ids": [],
                "protocol": "tcp",
                "security_groups": [
                  "sg-007ee92a0c4155bde"
                ],
                "self": false,
                "to_port": 80
              }
            ],
            "name": "spirulina-dev-app-sg",
            "name_prefix": "",
            "owner_id": "063331379930",
            "revoke_rules_on_delete": false,
            "tags": {
              "Name": "spirulina-dev-app-sg"
            },
            "tags_all": {
              "Name": "spirulina-dev-app-sg"
            },
            "timeouts": null,
            "vpc_id": "vpc-001c13fe47f9e6141"
          },
          "sensitive_attributes": [],
          "identity_schema_version": 0,
          "private": "eyJlMmJmYjczMC1lY2FhLTExZTYtOGY4OC0zNDM2M2JjN2M0YzAiOnsiY3JlYXRlIjo2MDAwMDAwMDAwMDAsImRlbGV0ZSI6OTAwMDAwMDAwMDAwfSwic2NoZW1hX3ZlcnNpb24iOiIxIn0=",
          "dependencies": [
            "aws_security_group.alb",
            "aws_vpc.main"
          ],
          "create_before_destroy": true
        }
      ]
    },
    {
      "mode": "managed",
      "type": "aws_security_group",
      "name": "bastion",
      "provider": "provider[\"registry.terraform.io/hashicorp/aws\"]",
      "instances": [
        {
          "schema_version": 1,
          "attributes": {
            "arn": "arn:aws:ec2:us-east-1:063331379930:security-group/sg-0f4f40a889ff309a3",
            "description": "Managed by Terraform",
            "egress": [
              {
                "cidr_blocks": [
                  "0.0.0.0/0"
                ],
                "description": "",
                "from_port": 0,
                "ipv6_cidr_blocks": [],
                "prefix_list_ids": [],
                "protocol": "-1",
                "security_groups": [],
                "self": false,
                "to_port": 0
              }
            ],
            "id": "sg-0f4f40a889ff309a3",
            "ingress": [
              {
                "cidr_blocks": [
                  "0.0.0.0/0"
                ],
                "description": "SSH from workstation",
                "from_port": 22,
                "ipv6_cidr_blocks": [],
                "prefix_list_ids": [],
                "protocol": "tcp",
                "security_groups": [],
                "self": false,
                "to_port": 22
              }
            ],
            "name": "spirulina-bastion-sg",
            "name_prefix": "",
            "owner_id": "063331379930",
            "revoke_rules_on_delete": false,
            "tags": {
              "Name": "spirulina-bastion-sg"
            },
            "tags_all": {
              "Name": "spirulina-bastion-sg"
            },
            "timeouts": null,
            "vpc_id": "vpc-001c13fe47f9e6141"
          },
          "sensitive_attributes": [],
          "identity_schema_version": 0,
          "private": "eyJlMmJmYjczMC1lY2FhLTExZTYtOGY4OC0zNDM2M2JjN2M0YzAiOnsiY3JlYXRlIjo2MDAwMDAwMDAwMDAsImRlbGV0ZSI6OTAwMDAwMDAwMDAwfSwic2NoZW1hX3ZlcnNpb24iOiIxIn0=",
          "dependencies": [
            "aws_vpc.main"
          ]
        }
      ]
    },
    {
      "mode": "managed",
      "type": "aws_security_group",
      "name": "lambda",
      "provider": "provider[\"registry.terraform.io/hashicorp/aws\"]",
      "instances": [
        {
          "schema_version": 1,
          "attributes": {
            "arn": "arn:aws:ec2:us-east-1:063331379930:security-group/sg-0b9b0b16700e6e65f",
            "description": "Managed by Terraform",
            "egress": [
              {
                "cidr_blocks": [
                  "0.0.0.0/0"
                ],
                "description": "",
                "from_port": 0,
                "ipv6_cidr_blocks": [],
                "prefix_list_ids": [],
                "protocol": "-1",
                "security_groups": [],
                "self": false,
                "to_port": 0
              }
            ],
            "id": "sg-0b9b0b16700e6e65f",
            "ingress": [],
            "name": "spirulina-lambda-sg",
            "name_prefix": "",
            "owner_id": "063331379930",
            "revoke_rules_on_delete": false,
            "tags": {},
            "tags_all": {},
            "timeouts": null,
            "vpc_id": "vpc-001c13fe47f9e6141"
          },
          "sensitive_attributes": [],
          "identity_schema_version": 0,
          "private": "eyJlMmJmYjczMC1lY2FhLTExZTYtOGY4OC0zNDM2M2JjN2M0YzAiOnsiY3JlYXRlIjo2MDAwMDAwMDAwMDAsImRlbGV0ZSI6OTAwMDAwMDAwMDAwfSwic2NoZW1hX3ZlcnNpb24iOiIxIn0=",
          "dependencies": [
            "aws_vpc.main"
          ]
        }
      ]
    },
    {
      "mode": "managed",
      "type": "aws_security_group",
      "name": "rds",
      "provider": "provider[\"registry.terraform.io/hashicorp/aws\"]",
      "instances": [
        {
          "schema_version": 1,
          "attributes": {
            "arn": "arn:aws:ec2:us-east-1:063331379930:security-group/sg-09d533702f1641fcc",
            "description": "Managed by Terraform",
            "egress": [
              {
                "cidr_blocks": [
                  "0.0.0.0/0"
                ],
                "description": "",
                "from_port": 0,
                "ipv6_cidr_blocks": [],
                "prefix_list_ids": [],
                "protocol": "-1",
                "security_groups": [],
                "self": false,
                "to_port": 0
              }
            ],
            "id": "sg-09d533702f1641fcc",
            "ingress": [
              {
                "cidr_blocks": [],
                "description": "",
                "from_port": 3306,
                "ipv6_cidr_blocks": [],
                "prefix_list_ids": [],
                "protocol": "tcp",
                "security_groups": [
                  "sg-0b9b0b16700e6e65f",
                  "sg-0f4f40a889ff309a3"
                ],
                "self": false,
                "to_port": 3306
              }
            ],
            "name": "spirulina-rds-sg",
            "name_prefix": "",
            "owner_id": "063331379930",
            "revoke_rules_on_delete": false,
            "tags": {},
            "tags_all": {},
            "timeouts": null,
            "vpc_id": "vpc-001c13fe47f9e6141"
          },
          "sensitive_attributes": [],
          "identity_schema_version": 0,
          "private": "eyJlMmJmYjczMC1lY2FhLTExZTYtOGY4OC0zNDM2M2JjN2M0YzAiOnsiY3JlYXRlIjo2MDAwMDAwMDAwMDAsImRlbGV0ZSI6OTAwMDAwMDAwMDAwfSwic2NoZW1hX3ZlcnNpb24iOiIxIn0=",
          "dependencies": [
            "aws_vpc.main"
          ]
        }
      ]
    },
    {
      "mode": "managed",
      "type": "aws_security_group_rule",
      "name": "rds_from_bastion",
      "provider": "provider[\"registry.terraform.io/hashicorp/aws\"]",
      "instances": [
        {
          "schema_version": 2,
          "attributes": {
            "cidr_blocks": null,
            "description": null,
            "from_port": 3306,
            "id": "sgrule-4279968760",
            "ipv6_cidr_blocks": null,
            "prefix_list_ids": null,
            "protocol": "tcp",
            "security_group_id": "sg-09d533702f1641fcc",
            "security_group_rule_id": "sgr-02e1bceecbbdce733",
            "self": false,
            "source_security_group_id": "sg-0f4f40a889ff309a3",
            "timeouts": null,
            "to_port": 3306,
            "type": "ingress"
          },
          "sensitive_attributes": [],
          "identity_schema_version": 0,
          "private": "eyJlMmJmYjczMC1lY2FhLTExZTYtOGY4OC0zNDM2M2JjN2M0YzAiOnsiY3JlYXRlIjozMDAwMDAwMDAwMDB9LCJzY2hlbWFfdmVyc2lvbiI6IjIifQ==",
          "dependencies": [
            "aws_security_group.bastion",
            "aws_security_group.rds",
            "aws_vpc.main"
          ]
        }
      ]
    },
    {
      "mode": "managed",
      "type": "aws_security_group_rule",
      "name": "rds_from_lambda",
      "provider": "provider[\"registry.terraform.io/hashicorp/aws\"]",
      "instances": [
        {
          "schema_version": 2,
          "attributes": {
            "cidr_blocks": null,
            "description": null,
            "from_port": 3306,
            "id": "sgrule-3699843288",
            "ipv6_cidr_blocks": null,
            "prefix_list_ids": null,
            "protocol": "tcp",
            "security_group_id": "sg-09d533702f1641fcc",
            "security_group_rule_id": "sgr-07811f10e7dcd922d",
            "self": false,
            "source_security_group_id": "sg-0b9b0b16700e6e65f",
            "timeouts": null,
            "to_port": 3306,
            "type": "ingress"
          },
          "sensitive_attributes": [],
          "identity_schema_version": 0,
          "private": "eyJlMmJmYjczMC1lY2FhLTExZTYtOGY4OC0zNDM2M2JjN2M0YzAiOnsiY3JlYXRlIjozMDAwMDAwMDAwMDB9LCJzY2hlbWFfdmVyc2lvbiI6IjIifQ==",
          "dependencies": [
            "aws_security_group.lambda",
            "aws_security_group.rds",
            "aws_vpc.main"
          ]
        }
      ]
    },
    {
      "mode": "managed",
      "type": "aws_sns_topic",
      "name": "alerts",
      "provider": "provider[\"registry.terraform.io/hashicorp/aws\"]",
      "instances": [
        {
          "schema_version": 0,
          "attributes": {
            "application_failure_feedback_role_arn": "",
            "application_success_feedback_role_arn": "",
            "application_success_feedback_sample_rate": 0,
            "archive_policy": "",
            "arn": "arn:aws:sns:us-east-1:063331379930:spirulina-dev-alerts",
            "beginning_archive_time": "",
            "content_based_deduplication": false,
            "delivery_policy": "",
            "display_name": "",
            "fifo_throughput_scope": "",
            "fifo_topic": false,
            "firehose_failure_feedback_role_arn": "",
            "firehose_success_feedback_role_arn": "",
            "firehose_success_feedback_sample_rate": 0,
            "http_failure_feedback_role_arn": "",
            "http_success_feedback_role_arn": "",
            "http_success_feedback_sample_rate": 0,
            "id": "arn:aws:sns:us-east-1:063331379930:spirulina-dev-alerts",
            "kms_master_key_id": "",
            "lambda_failure_feedback_role_arn": "",
            "lambda_success_feedback_role_arn": "",
            "lambda_success_feedback_sample_rate": 0,
            "name": "spirulina-dev-alerts",
            "name_prefix": "",
            "owner": "063331379930",
            "policy": "{\"Id\":\"__default_policy_ID\",\"Statement\":[{\"Action\":[\"SNS:GetTopicAttributes\",\"SNS:SetTopicAttributes\",\"SNS:AddPermission\",\"SNS:RemovePermission\",\"SNS:DeleteTopic\",\"SNS:Subscribe\",\"SNS:ListSubscriptionsByTopic\",\"SNS:Publish\"],\"Condition\":{\"StringEquals\":{\"AWS:SourceOwner\":\"063331379930\"}},\"Effect\":\"Allow\",\"Principal\":{\"AWS\":\"*\"},\"Resource\":\"arn:aws:sns:us-east-1:063331379930:spirulina-dev-alerts\",\"Sid\":\"__default_statement_ID\"}],\"Version\":\"2008-10-17\"}",
            "signature_version": 0,
            "sqs_failure_feedback_role_arn": "",
            "sqs_success_feedback_role_arn": "",
            "sqs_success_feedback_sample_rate": 0,
            "tags": {
              "Env": "dev",
              "Project": "spirulina"
            },
            "tags_all": {
              "Env": "dev",
              "Project": "spirulina"
            },
            "tracing_config": ""
          },
          "sensitive_attributes": [],
          "identity_schema_version": 0,
          "private": "bnVsbA=="
        }
      ]
    },
    {
      "mode": "managed",
      "type": "aws_sns_topic_subscription",
      "name": "emails",
      "provider": "provider[\"registry.terraform.io/hashicorp/aws\"]",
      "instances": [
        {
          "index_key": "2401545@sit.singaporetech.edu.sg",
          "schema_version": 0,
          "attributes": {
            "arn": "arn:aws:sns:us-east-1:063331379930:spirulina-dev-alerts:a5aaa067-0400-4e7e-ade4-2f3504bc0005",
            "confirmation_timeout_in_minutes": 1,
            "confirmation_was_authenticated": false,
            "delivery_policy": "",
            "endpoint": "2401545@sit.singaporetech.edu.sg",
            "endpoint_auto_confirms": false,
            "filter_policy": "",
            "filter_policy_scope": "",
            "id": "arn:aws:sns:us-east-1:063331379930:spirulina-dev-alerts:a5aaa067-0400-4e7e-ade4-2f3504bc0005",
            "owner_id": "063331379930",
            "pending_confirmation": true,
            "protocol": "email",
            "raw_message_delivery": false,
            "redrive_policy": "",
            "replay_policy": "",
            "subscription_role_arn": "",
            "topic_arn": "arn:aws:sns:us-east-1:063331379930:spirulina-dev-alerts"
          },
          "sensitive_attributes": [],
          "identity_schema_version": 0,
          "private": "bnVsbA==",
          "dependencies": [
            "aws_sns_topic.alerts"
          ]
        }
      ]
    },
    {
      "mode": "managed",
      "type": "aws_sqs_queue",
      "name": "dlq",
      "provider": "provider[\"registry.terraform.io/hashicorp/aws\"]",
      "instances": [
        {
          "schema_version": 0,
          "attributes": {
            "arn": "arn:aws:sqs:us-east-1:063331379930:spirulina-dlq",
            "content_based_deduplication": false,
            "deduplication_scope": "",
            "delay_seconds": 0,
            "fifo_queue": false,
            "fifo_throughput_limit": "",
            "id": "https://sqs.us-east-1.amazonaws.com/063331379930/spirulina-dlq",
            "kms_data_key_reuse_period_seconds": 300,
            "kms_master_key_id": "",
            "max_message_size": 262144,
            "message_retention_seconds": 1209600,
            "name": "spirulina-dlq",
            "name_prefix": "",
            "policy": "{\"Id\":\"arn:aws:sqs:us-east-1:063331379930:spirulina-dlq/SQSDefaultPolicy\",\"Statement\":[{\"Action\":\"sqs:SendMessage\",\"Condition\":{\"ArnEquals\":{\"aws:SourceArn\":\"arn:aws:events:us-east-1:063331379930:rule/spirulina-trend-daily\"}},\"Effect\":\"Allow\",\"Principal\":{\"Service\":\"events.amazonaws.com\"},\"Resource\":\"arn:aws:sqs:us-east-1:063331379930:spirulina-dlq\",\"Sid\":\"AWSEvents_spirulina-trend-daily_dlq_Idc27694b6-b934-437d-a811-02d79ea22da5\"},{\"Action\":\"sqs:SendMessage\",\"Condition\":{\"ArnEquals\":{\"aws:SourceArn\":\"arn:aws:events:us-east-1:063331379930:rule/spirulina-train-daily\"}},\"Effect\":\"Allow\",\"Principal\":{\"Service\":\"events.amazonaws.com\"},\"Resource\":\"arn:aws:sqs:us-east-1:063331379930:spirulina-dlq\",\"Sid\":\"AWSEvents_spirulina-train-daily_dlq_Id2b33530a-bb4f-48be-99bf-b93bdba44307\"}],\"Version\":\"2012-10-17\"}",
            "receive_wait_time_seconds": 0,
            "redrive_allow_policy": "",
            "redrive_policy": "",
            "sqs_managed_sse_enabled": true,
            "tags": {},
            "tags_all": {},
            "timeouts": null,
            "url": "https://sqs.us-east-1.amazonaws.com/063331379930/spirulina-dlq",
            "visibility_timeout_seconds": 30
          },
          "sensitive_attributes": [],
          "identity_schema_version": 0,
          "private": "eyJlMmJmYjczMC1lY2FhLTExZTYtOGY4OC0zNDM2M2JjN2M0YzAiOnsiY3JlYXRlIjoxODAwMDAwMDAwMDAsImRlbGV0ZSI6MTgwMDAwMDAwMDAwLCJ1cGRhdGUiOjE4MDAwMDAwMDAwMH19"
        }
      ]
    },
    {
      "mode": "managed",
      "type": "aws_sqs_queue",
      "name": "main",
      "provider": "provider[\"registry.terraform.io/hashicorp/aws\"]",
      "instances": [
        {
          "schema_version": 0,
          "attributes": {
            "arn": "arn:aws:sqs:us-east-1:063331379930:spirulina-snapshot-queue",
            "content_based_deduplication": false,
            "deduplication_scope": "",
            "delay_seconds": 0,
            "fifo_queue": false,
            "fifo_throughput_limit": "",
            "id": "https://sqs.us-east-1.amazonaws.com/063331379930/spirulina-snapshot-queue",
            "kms_data_key_reuse_period_seconds": 300,
            "kms_master_key_id": "",
            "max_message_size": 262144,
            "message_retention_seconds": 345600,
            "name": "spirulina-snapshot-queue",
            "name_prefix": "",
            "policy": "",
            "receive_wait_time_seconds": 0,
            "redrive_allow_policy": "",
            "redrive_policy": "{\"deadLetterTargetArn\":\"arn:aws:sqs:us-east-1:063331379930:spirulina-dlq\",\"maxReceiveCount\":2}",
            "sqs_managed_sse_enabled": true,
            "tags": {},
            "tags_all": {},
            "timeouts": null,
            "url": "https://sqs.us-east-1.amazonaws.com/063331379930/spirulina-snapshot-queue",
            "visibility_timeout_seconds": 180
          },
          "sensitive_attributes": [],
          "identity_schema_version": 0,
          "private": "eyJlMmJmYjczMC1lY2FhLTExZTYtOGY4OC0zNDM2M2JjN2M0YzAiOnsiY3JlYXRlIjoxODAwMDAwMDAwMDAsImRlbGV0ZSI6MTgwMDAwMDAwMDAwLCJ1cGRhdGUiOjE4MDAwMDAwMDAwMH19",
          "dependencies": [
            "aws_sqs_queue.dlq"
          ]
        }
      ]
    },
    {
      "mode": "managed",
      "type": "aws_subnet",
      "name": "private_a",
      "provider": "provider[\"registry.terraform.io/hashicorp/aws\"]",
      "instances": [
        {
          "schema_version": 1,
          "attributes": {
            "arn": "arn:aws:ec2:us-east-1:063331379930:subnet/subnet-0f4c643307c8f2687",
            "assign_ipv6_address_on_creation": false,
            "availability_zone": "us-east-1a",
            "availability_zone_id": "use1-az2",
            "cidr_block": "10.20.11.0/24",
            "customer_owned_ipv4_pool": "",
            "enable_dns64": false,
            "enable_lni_at_device_index": 0,
            "enable_resource_name_dns_a_record_on_launch": false,
            "enable_resource_name_dns_aaaa_record_on_launch": false,
            "id": "subnet-0f4c643307c8f2687",
            "ipv6_cidr_block": "",
            "ipv6_cidr_block_association_id": "",
            "ipv6_native": false,
            "map_customer_owned_ip_on_launch": false,
            "map_public_ip_on_launch": false,
            "outpost_arn": "",
            "owner_id": "063331379930",
            "private_dns_hostname_type_on_launch": "ip-name",
            "tags": {
              "Name": "spirulina-dev-private-a"
            },
            "tags_all": {
              "Name": "spirulina-dev-private-a"
            },
            "timeouts": null,
            "vpc_id": "vpc-001c13fe47f9e6141"
          },
          "sensitive_attributes": [],
          "identity_schema_version": 0,
          "private": "eyJlMmJmYjczMC1lY2FhLTExZTYtOGY4OC0zNDM2M2JjN2M0YzAiOnsiY3JlYXRlIjo2MDAwMDAwMDAwMDAsImRlbGV0ZSI6MTIwMDAwMDAwMDAwMH0sInNjaGVtYV92ZXJzaW9uIjoiMSJ9",
          "dependencies": [
            "aws_vpc.main"
          ]
        }
      ]
    },
    {
      "mode": "managed",
      "type": "aws_subnet",
      "name": "private_b",
      "provider": "provider[\"registry.terraform.io/hashicorp/aws\"]",
      "instances": [
        {
          "schema_version": 1,
          "attributes": {
            "arn": "arn:aws:ec2:us-east-1:063331379930:subnet/subnet-0af43a4539acfddcb",
            "assign_ipv6_address_on_creation": false,
            "availability_zone": "us-east-1b",
            "availability_zone_id": "use1-az4",
            "cidr_block": "10.20.12.0/24",
            "customer_owned_ipv4_pool": "",
            "enable_dns64": false,
            "enable_lni_at_device_index": 0,
            "enable_resource_name_dns_a_record_on_launch": false,
            "enable_resource_name_dns_aaaa_record_on_launch": false,
            "id": "subnet-0af43a4539acfddcb",
            "ipv6_cidr_block": "",
            "ipv6_cidr_block_association_id": "",
            "ipv6_native": false,
            "map_customer_owned_ip_on_launch": false,
            "map_public_ip_on_launch": false,
            "outpost_arn": "",
            "owner_id": "063331379930",
            "private_dns_hostname_type_on_launch": "ip-name",
            "tags": {
              "Name": "spirulina-dev-private-b"
            },
            "tags_all": {
              "Name": "spirulina-dev-private-b"
            },
            "timeouts": null,
            "vpc_id": "vpc-001c13fe47f9e6141"
          },
          "sensitive_attributes": [],
          "identity_schema_version": 0,
          "private": "eyJlMmJmYjczMC1lY2FhLTExZTYtOGY4OC0zNDM2M2JjN2M0YzAiOnsiY3JlYXRlIjo2MDAwMDAwMDAwMDAsImRlbGV0ZSI6MTIwMDAwMDAwMDAwMH0sInNjaGVtYV92ZXJzaW9uIjoiMSJ9",
          "dependencies": [
            "aws_vpc.main"
          ]
        }
      ]
    },
    {
      "mode": "managed",
      "type": "aws_subnet",
      "name": "public_a",
      "provider": "provider[\"registry.terraform.io/hashicorp/aws\"]",
      "instances": [
        {
          "schema_version": 1,
          "attributes": {
            "arn": "arn:aws:ec2:us-east-1:063331379930:subnet/subnet-07b147239129a03aa",
            "assign_ipv6_address_on_creation": false,
            "availability_zone": "us-east-1a",
            "availability_zone_id": "use1-az2",
            "cidr_block": "10.20.1.0/24",
            "customer_owned_ipv4_pool": "",
            "enable_dns64": false,
            "enable_lni_at_device_index": 0,
            "enable_resource_name_dns_a_record_on_launch": false,
            "enable_resource_name_dns_aaaa_record_on_launch": false,
            "id": "subnet-07b147239129a03aa",
            "ipv6_cidr_block": "",
            "ipv6_cidr_block_association_id": "",
            "ipv6_native": false,
            "map_customer_owned_ip_on_launch": false,
            "map_public_ip_on_launch": true,
            "outpost_arn": "",
            "owner_id": "063331379930",
            "private_dns_hostname_type_on_launch": "ip-name",
            "tags": {
              "Name": "spirulina-dev-public-a"
            },
            "tags_all": {
              "Name": "spirulina-dev-public-a"
            },
            "timeouts": null,
            "vpc_id": "vpc-001c13fe47f9e6141"
          },
          "sensitive_attributes": [],
          "identity_schema_version": 0,
          "private": "eyJlMmJmYjczMC1lY2FhLTExZTYtOGY4OC0zNDM2M2JjN2M0YzAiOnsiY3JlYXRlIjo2MDAwMDAwMDAwMDAsImRlbGV0ZSI6MTIwMDAwMDAwMDAwMH0sInNjaGVtYV92ZXJzaW9uIjoiMSJ9",
          "dependencies": [
            "aws_vpc.main"
          ],
          "create_before_destroy": true
        }
      ]
    },
    {
      "mode": "managed",
      "type": "aws_subnet",
      "name": "public_b",
      "provider": "provider[\"registry.terraform.io/hashicorp/aws\"]",
      "instances": [
        {
          "schema_version": 1,
          "attributes": {
            "arn": "arn:aws:ec2:us-east-1:063331379930:subnet/subnet-073fa6598db34af72",
            "assign_ipv6_address_on_creation": false,
            "availability_zone": "us-east-1b",
            "availability_zone_id": "use1-az4",
            "cidr_block": "10.20.2.0/24",
            "customer_owned_ipv4_pool": "",
            "enable_dns64": false,
            "enable_lni_at_device_index": 0,
            "enable_resource_name_dns_a_record_on_launch": false,
            "enable_resource_name_dns_aaaa_record_on_launch": false,
            "id": "subnet-073fa6598db34af72",
            "ipv6_cidr_block": "",
            "ipv6_cidr_block_association_id": "",
            "ipv6_native": false,
            "map_customer_owned_ip_on_launch": false,
            "map_public_ip_on_launch": true,
            "outpost_arn": "",
            "owner_id": "063331379930",
            "private_dns_hostname_type_on_launch": "ip-name",
            "tags": {
              "Name": "spirulina-dev-public-b"
            },
            "tags_all": {
              "Name": "spirulina-dev-public-b"
            },
            "timeouts": null,
            "vpc_id": "vpc-001c13fe47f9e6141"
          },
          "sensitive_attributes": [],
          "identity_schema_version": 0,
          "private": "eyJlMmJmYjczMC1lY2FhLTExZTYtOGY4OC0zNDM2M2JjN2M0YzAiOnsiY3JlYXRlIjo2MDAwMDAwMDAwMDAsImRlbGV0ZSI6MTIwMDAwMDAwMDAwMH0sInNjaGVtYV92ZXJzaW9uIjoiMSJ9",
          "dependencies": [
            "aws_vpc.main"
          ],
          "create_before_destroy": true
        }
      ]
    },
    {
      "mode": "managed",
      "type": "aws_vpc",
      "name": "main",
      "provider": "provider[\"registry.terraform.io/hashicorp/aws\"]",
      "instances": [
        {
          "schema_version": 1,
          "attributes": {
            "arn": "arn:aws:ec2:us-east-1:063331379930:vpc/vpc-001c13fe47f9e6141",
            "assign_generated_ipv6_cidr_block": false,
            "cidr_block": "10.20.0.0/16",
            "default_network_acl_id": "acl-0d03afe9863ccb438",
            "default_route_table_id": "rtb-08565ce8a8fc99197",
            "default_security_group_id": "sg-08a3777efdd2076b7",
            "dhcp_options_id": "dopt-06bb251eb76f5209e",
            "enable_dns_hostnames": true,
            "enable_dns_support": true,
            "enable_network_address_usage_metrics": false,
            "id": "vpc-001c13fe47f9e6141",
            "instance_tenancy": "default",
            "ipv4_ipam_pool_id": null,
            "ipv4_netmask_length": null,
            "ipv6_association_id": "",
            "ipv6_cidr_block": "",
            "ipv6_cidr_block_network_border_group": "",
            "ipv6_ipam_pool_id": "",
            "ipv6_netmask_length": 0,
            "main_route_table_id": "rtb-08565ce8a8fc99197",
            "owner_id": "063331379930",
            "tags": {
              "Name": "spirulina-dev-vpc"
            },
            "tags_all": {
              "Name": "spirulina-dev-vpc"
            }
          },
          "sensitive_attributes": [],
          "identity_schema_version": 0,
          "private": "eyJzY2hlbWFfdmVyc2lvbiI6IjEifQ=="
        }
      ]
    },
    {
      "mode": "managed",
      "type": "aws_wafv2_web_acl",
      "name": "regional",
      "provider": "provider[\"registry.terraform.io/hashicorp/aws\"]",
      "instances": [
        {
          "schema_version": 0,
          "attributes": {
            "application_integration_url": "",
            "arn": "arn:aws:wafv2:us-east-1:063331379930:regional/webacl/spirulina-dev-regional-waf/7e8874b1-76fc-499b-97a6-bf03b419d281",
            "association_config": [],
            "capacity": 702,
            "captcha_config": [],
            "challenge_config": [],
            "custom_response_body": [],
            "data_protection_config": [],
            "default_action": [
              {
                "allow": [
                  {
                    "custom_request_handling": []
                  }
                ],
                "block": []
              }
            ],
            "description": "",
            "id": "7e8874b1-76fc-499b-97a6-bf03b419d281",
            "lock_token": "4e2c5c33-db38-4b7a-aaac-ffdc30896ee9",
            "name": "spirulina-dev-regional-waf",
            "name_prefix": "",
            "rule": [
              {
                "action": [
                  {
                    "allow": [],
                    "block": [
                      {
                        "custom_response": []
                      }
                    ],
                    "captcha": [],
                    "challenge": [],
                    "count": []
                  }
                ],
                "captcha_config": [],
                "challenge_config": [],
                "name": "RateLimit1000Per5Min",
                "override_action": [],
                "priority": 10,
                "rule_label": [],
                "statement": [
                  {
                    "and_statement": [],
                    "asn_match_statement": [],
                    "byte_match_statement": [],
                    "geo_match_statement": [],
                    "ip_set_reference_statement": [],
                    "label_match_statement": [],
                    "managed_rule_group_statement": [],
                    "not_statement": [],
                    "or_statement": [],
                    "rate_based_statement": [
                      {
                        "aggregate_key_type": "IP",
                        "custom_key": [],
                        "evaluation_window_sec": 300,
                        "forwarded_ip_config": [],
                        "limit": 1000,
                        "scope_down_statement": []
                      }
                    ],
                    "regex_match_statement": [],
                    "regex_pattern_set_reference_statement": [],
                    "rule_group_reference_statement": [],
                    "size_constraint_statement": [],
                    "sqli_match_statement": [],
                    "xss_match_statement": []
                  }
                ],
                "visibility_config": [
                  {
                    "cloudwatch_metrics_enabled": true,
                    "metric_name": "RateLimit",
                    "sampled_requests_enabled": true
                  }
                ]
              },
              {
                "action": [],
                "captcha_config": [],
                "challenge_config": [],
                "name": "AWSManagedRulesCommonRuleSet",
                "override_action": [
                  {
                    "count": [],
                    "none": [
                      {}
                    ]
                  }
                ],
                "priority": 1,
                "rule_label": [],
                "statement": [
                  {
                    "and_statement": [],
                    "asn_match_statement": [],
                    "byte_match_statement": [],
                    "geo_match_statement": [],
                    "ip_set_reference_statement": [],
                    "label_match_statement": [],
                    "managed_rule_group_statement": [
                      {
                        "managed_rule_group_configs": [],
                        "name": "AWSManagedRulesCommonRuleSet",
                        "rule_action_override": [],
                        "scope_down_statement": [],
                        "vendor_name": "AWS",
                        "version": ""
                      }
                    ],
                    "not_statement": [],
                    "or_statement": [],
                    "rate_based_statement": [],
                    "regex_match_statement": [],
                    "regex_pattern_set_reference_statement": [],
                    "rule_group_reference_statement": [],
                    "size_constraint_statement": [],
                    "sqli_match_statement": [],
                    "xss_match_statement": []
                  }
                ],
                "visibility_config": [
                  {
                    "cloudwatch_metrics_enabled": true,
                    "metric_name": "Common",
                    "sampled_requests_enabled": true
                  }
                ]
              }
            ],
            "rule_json": null,
            "scope": "REGIONAL",
            "tags": null,
            "tags_all": {},
            "token_domains": null,
            "visibility_config": [
              {
                "cloudwatch_metrics_enabled": true,
                "metric_name": "spirulina-dev-regional-waf",
                "sampled_requests_enabled": true
              }
            ]
          },
          "sensitive_attributes": [],
          "identity_schema_version": 0,
          "private": "bnVsbA=="
        }
      ]
    },
    {
      "mode": "managed",
      "type": "aws_wafv2_web_acl_association",
      "name": "alb_assoc",
      "provider": "provider[\"registry.terraform.io/hashicorp/aws\"]",
      "instances": [
        {
          "schema_version": 0,
          "attributes": {
            "id": "arn:aws:wafv2:us-east-1:063331379930:regional/webacl/spirulina-dev-regional-waf/7e8874b1-76fc-499b-97a6-bf03b419d281,arn:aws:elasticloadbalancing:us-east-1:063331379930:loadbalancer/app/spirulina-dev-alb/5d2b629d3202c536",
            "resource_arn": "arn:aws:elasticloadbalancing:us-east-1:063331379930:loadbalancer/app/spirulina-dev-alb/5d2b629d3202c536",
            "timeouts": null,
            "web_acl_arn": "arn:aws:wafv2:us-east-1:063331379930:regional/webacl/spirulina-dev-regional-waf/7e8874b1-76fc-499b-97a6-bf03b419d281"
          },
          "sensitive_attributes": [],
          "identity_schema_version": 0,
          "private": "eyJlMmJmYjczMC1lY2FhLTExZTYtOGY4OC0zNDM2M2JjN2M0YzAiOnsiY3JlYXRlIjo2MDAwMDAwMDAwMDB9fQ==",
          "dependencies": [
            "aws_lb.app",
            "aws_security_group.alb",
            "aws_subnet.public_a",
            "aws_subnet.public_b",
            "aws_vpc.main",
            "aws_wafv2_web_acl.regional"
          ]
        }
      ]
    },
    {
      "mode": "managed",
      "type": "random_password",
      "name": "db",
      "provider": "provider[\"registry.terraform.io/hashicorp/random\"]",
      "instances": [
        {
          "schema_version": 3,
          "attributes": {
            "bcrypt_hash": "$2a$10$vnmrZ3Rf3o/uqVAAYT0VYu5lZ3zNbnf56Q97GySG1wbbBBV/ony4W",
            "id": "none",
            "keepers": null,
            "length": 20,
            "lower": true,
            "min_lower": 0,
            "min_numeric": 0,
            "min_special": 0,
            "min_upper": 0,
            "number": true,
            "numeric": true,
            "override_special": null,
            "result": "8Wifmxqj3oWhQkxNUQbI",
            "special": false,
            "upper": true
          },
          "sensitive_attributes": [
            [
              {
                "type": "get_attr",
                "value": "bcrypt_hash"
              }
            ],
            [
              {
                "type": "get_attr",
                "value": "result"
              }
            ]
          ],
          "identity_schema_version": 0
        }
      ]
    }
  ],
  "check_results": [
    {
      "object_kind": "var",
      "config_addr": "var.app_subnets_to_use",
      "status": "unknown",
      "objects": null
    }
  ]
}
